{
  "version": 4,
  "terraform_version": "1.12.0",
  "serial": 13,
  "lineage": "ce55a528-a3fb-2b6d-dcf7-e4145a3621ec",
  "outputs": {
    "ami": {
      "value": [
        "ami-017fafe0a29b431d4"
      ],
      "type": [
        "tuple",
        [
          "string"
        ]
      ]
    },
    "ec2_key": {
      "value": [
        "private"
      ],
      "type": [
        "tuple",
        [
          "string"
        ]
      ]
    },
    "instance_id": {
      "value": [
        "i-0d385a7c418f93ae5"
      ],
      "type": [
        "tuple",
        [
          "string"
        ]
      ]
    },
    "jenkins_url": {
      "value": "http://35.178.207.55:8080",
      "type": "string"
    },
    "private_key_pem": {
      "value": "-----BEGIN RSA PRIVATE KEY-----\nMIIJKQIBAAKCAgEA2tjROWYgrjN3LvVsqkSF2tF1m/7G854OwiANxr9CZKsf1vD7\nMqNrj343zSOkWm+FycSYlrlb0JIYs7j145ftvp8xc1dc/ZDbzyn9pKsTl5RhVkao\nH5HOCSs2VGFRrRQvrsL1dyPOM3xy/2hZb+P1a7g7Zs2a44tUFY+ff0B5fAPuY3nJ\nYD4GK+1o/WbX5tJZe9vXrkI0mh3ifCuUT2DkCogrby/ttab+3emOKQrI+m1GkgRD\nadkLOcwjDJW7fEwlFVhcOqwlw8haGEQOODn4Hvv1pDYBLBBbXz4q99oWzLY6XcRh\nvC4mQfdXZnTG2n1K8af9CCzPQVnUVU8dQvSXdP8MNeqDc+sltQogqkdR4/gKDEHB\ndKPfyvDeuQP9D/jlid58ZA4XRjDUnT8SPMJEtdxK/WetZRchRWlTlkhTzb9VaolK\nC9txm11Lu9BwLdf8C+f+MG+eARebqx3eWovVZOv3McWFKosdX08UVQekmZ2bE4Kx\nL49+NcAGUKcNR+C3m3Juuo+Bnc1lpVcNcNDNtYUbM/54aandulqlEZ0Kq3pXZI28\njANGmLuI1JDxJ8elfT/dG/pYetcr/Me3xsVr3K+BVM74PACCd3FZRCfml0OGyPyW\ncMBdFmFlY9kN8gn7m1aWwR1sxJI1Hi+uiiQwv6Vw2XZzYy8yPnEKr5u/VN0CAwEA\nAQKCAgEAz5SG6C3x46pXa0hJuTtjx8mUB9JjPeL3VrT2vETgIgKbIdLUQhT2SlZL\ncZ5UH5/WxCphHd5Vs4FQQvC28xlB3eS8EA6W2sETbe4Dc7T90XJh3WcJw2AWkWXW\nk7T3tvcFv3uXP1nMFdP+dDqzUslkGbfXSEzPlPOsXwMrI5WxZauI6/wxwcMzMWlw\ng6OQOJXfYPeHHfgYUvLzyBnCBIT/6Ol+YWmRzRLIfw8w08cyGS+bl5bJptXDqx/x\nQtenzV+gcR2t5c0xyQH6SzgKUNTTf/g36Hl9JSGiubWLJitMIwLaW+SRW+BeU4Xb\n9gfgMpBTjOJtxNpUAEXHfN+c/sxn90Uz/6zE4y0d46QEeutKCfpcRiRDqyWwPjc2\nCgzphPH9b4l0LRZZQCjjSJ4Yn/ub8tDvbMswyUKjp+u+IpXMEKrCnZqp1C1tMh74\nipM/azc0nQuNglX8r1FV6uraZid6TLA32McTc1xEujEEVjYd1/jM7Dn/cUZI2jM2\nYH6F0LkCK81UF575NMyXH6s+P8AiVk4r+aZPZzoz80RkfV6/WtdOqXSlZTmd11lw\nmNBdcyjJc2uBS+3G7Dh7kWf5hLEDHklnHB9jfpP0cEGdHZ1L6B5h5zuzeD3Rzc4f\nu127MEiQcwmNoIm9MF0RzjdnERMtOo5TUXe2qBEQexFUrxXBkcECggEBAPYCgJzW\nUhIbsvx88+hMk/m7AvgmxCjvSmkWzr9bk3kK/aK+JVmtj5MxyJiVvBm/s8NyRuUE\n/ExqvghZr323lxaC2a+KcIv7Jc09AG3j13flyoRnLMBnjK9zYbkld8imJP8cwOKv\nJrSNKsu3szvwzHB8m+NOisQwNxdkO5OJqqViRnR1P8vpmlnQ03R7pPfm8OjxkIy+\nAO1ai6OcUMkdrECPn3aLpJsgB1zzLaHw65er3VwZW5oItMhsWgFkVXHykI4atS8n\nSKziHLqkYMFVgklUfCtl64jNv1beRLmxQUIXC3Ns1N7Q+i7Z3fpMb89zklw9p9FV\nlWl1kJq0JrgQHXECggEBAOO77qq3ctQDvblySCX6yyFVQb7y/YBmCkhRfazii9u1\nbaCYVapqqqsUhiS3cSb7UHJGyAS5kF21ZN3aL5XKotl8dwpnPSeiT85rwYBY+SYh\n05jT6Sckm/l4rVjsGHwkxsP2H6FNU2pWJRALuY1A76Wnuyc74txaf+/pq5jYBzTO\ncOMCSu9Xmw5KTuALnv19x+HDZo89L0S4qebE8Z+b9euB9pHOnYFumogEn9NjI8+O\noftgIE0gIVHKKqLdSNVssLlGR/ZM04UZK1ViNdMoVF4f6OUHNO9/1zMxYOaT9f8c\nXpepdpkpKO/aOexctcztc5w5OD8QCqpT/3LRiRsYqC0CggEBAO4u5g7zgmp93wGO\niSg0XGDBq9JO1kU7yTOOHYYwR8w90+wpZUg6PnQpEyqIbqIPdSCaGAHMnenuvyae\njsaNZf8pmVHYG7er5aGcmjnLCubO2RDwQ+fVWeTVNZxoplziX5eQY0AWjMbqlrC+\nnw49yfJu8w9VEA17ERvYs8XY2Btf1w8SJj5rYkHraY+x1rseIcmneGiL3aHwtJon\n0h+mVwv7Ak1oTmrSy842s8vC0pb6k0uEUagFHeOe5FXMqt20GDk9qoaI5lhcY6xh\nUjxdadNNtRrfhvfhHIwijy+qaqBuZ2vNxxwkANYzojOgpfCY2O/t0flff1WnueXO\n3l3/XEECggEAPwRnE7h1vvNWEbXs/w16HjwwWD13JouV9tMN+sQpvV9j+ZeNxP2F\nQpgIUqqsVgQfC7BIcv5CU5v5UGaq2kFbdOE7M5bD1m7UtKMexXxZXVLo8ZZaIym/\nO3ZISZ3zXI70rY8yy3jRR1CVKu6DpvG8HtPeNwocSauFUYcQo9fLjrI9jKO6xqYw\nUvD/CIJOuYiPwgpHHAXrSZHr+d6vmeIXV9b7uvc4oHNRsafN7jm11B589klwRsdI\nURCnYa/oEp7j/DDVgvNZaLBBTHxDtq2nQvCDirTG0itHCnR0gvmYjcJ07nTHS7SX\nDmANvTkeWZmvbyBqTxEKUn2x5zzSOrxE9QKCAQBJPrUDV/4jGNpnrVEZMOu4qrX/\nE3765DKZau66YGwzk9auaY4imdUFUyuOG5lzuK45mQqu7aXrTKxv99fb3VlqC4KX\nM+e5RZXYiq3hEskQARpK7fRBd/N9yDv2/engZBEtHbkTU4q4rxGnv8cKvSIsBaqe\n9XgQ87jlzsNoxTkuxLklTPGsk+QRhAHm5rrQ7agOa8rIy7UaPlB9MZB7xjbYTGJC\np67xbKPqTSfIB0gu0m9X9klgFV+6cgAjCuVgnnlG+TDQz9S5VQzzcGd46ivU0gS8\nfBdh/9V3HthoBcMzH/pnMwxd47i0sI2BK4+SogLnrvmnJxHr31n28fgwKPc1\n-----END RSA PRIVATE KEY-----\n",
      "type": "string",
      "sensitive": true
    },
    "public_ip": {
      "value": [
        "35.178.207.55"
      ],
      "type": [
        "tuple",
        [
          "string"
        ]
      ]
    },
    "subnet_id": {
      "value": "subnet-08e5ab6f438586cf0",
      "type": "string"
    },
    "vpc_id": {
      "value": "vpc-0267f3d92647bd9bf",
      "type": "string"
    }
  },
  "resources": [
    {
      "mode": "managed",
      "type": "aws_instance",
      "name": "my_instance",
      "provider": "provider[\"registry.terraform.io/hashicorp/aws\"]",
      "instances": [
        {
          "index_key": 0,
          "schema_version": 1,
          "attributes": {
            "ami": "ami-017fafe0a29b431d4",
            "arn": "arn:aws:ec2:eu-west-2:011528279681:instance/i-0d385a7c418f93ae5",
            "associate_public_ip_address": true,
            "availability_zone": "eu-west-2a",
            "capacity_reservation_specification": [
              {
                "capacity_reservation_preference": "open",
                "capacity_reservation_target": []
              }
            ],
            "cpu_core_count": 8,
            "cpu_options": [
              {
                "amd_sev_snp": "",
                "core_count": 8,
                "threads_per_core": 2
              }
            ],
            "cpu_threads_per_core": 2,
            "credit_specification": [],
            "disable_api_stop": false,
            "disable_api_termination": false,
            "ebs_block_device": [
              {
                "delete_on_termination": true,
                "device_name": "/dev/sda1",
                "encrypted": false,
                "iops": 3000,
                "kms_key_id": "",
                "snapshot_id": "",
                "tags": {},
                "tags_all": {
                  "hashicorp-learn": "refresh"
                },
                "throughput": 125,
                "volume_id": "vol-0e5e44d8bbd1fdd65",
                "volume_size": 30,
                "volume_type": "gp3"
              }
            ],
            "ebs_optimized": false,
            "enclave_options": [
              {
                "enabled": false
              }
            ],
            "ephemeral_block_device": [],
            "get_password_data": false,
            "hibernation": false,
            "host_id": "",
            "host_resource_group_arn": null,
            "iam_instance_profile": "",
            "id": "i-0d385a7c418f93ae5",
            "instance_initiated_shutdown_behavior": "stop",
            "instance_lifecycle": "",
            "instance_market_options": [],
            "instance_state": "running",
            "instance_type": "c5.4xlarge",
            "ipv6_address_count": 0,
            "ipv6_addresses": [],
            "key_name": "private",
            "launch_template": [],
            "maintenance_options": [
              {
                "auto_recovery": "default"
              }
            ],
            "metadata_options": [
              {
                "http_endpoint": "enabled",
                "http_protocol_ipv6": "disabled",
                "http_put_response_hop_limit": 2,
                "http_tokens": "required",
                "instance_metadata_tags": "disabled"
              }
            ],
            "monitoring": false,
            "network_interface": [],
            "outpost_arn": "",
            "password_data": "",
            "placement_group": "",
            "placement_partition_number": 0,
            "primary_network_interface_id": "eni-0432be1a1d235033a",
            "private_dns": "ip-10-0-1-127.eu-west-2.compute.internal",
            "private_dns_name_options": [
              {
                "enable_resource_name_dns_a_record": false,
                "enable_resource_name_dns_aaaa_record": false,
                "hostname_type": "ip-name"
              }
            ],
            "private_ip": "10.0.1.127",
            "public_dns": "ec2-35-178-207-55.eu-west-2.compute.amazonaws.com",
            "public_ip": "35.178.207.55",
            "root_block_device": [
              {
                "delete_on_termination": true,
                "device_name": "/dev/sda1",
                "encrypted": false,
                "iops": 3000,
                "kms_key_id": "",
                "tags": {},
                "tags_all": {
                  "hashicorp-learn": "refresh"
                },
                "throughput": 125,
                "volume_id": "vol-0e5e44d8bbd1fdd65",
                "volume_size": 30,
                "volume_type": "gp3"
              }
            ],
            "secondary_private_ips": [],
            "security_groups": [],
            "source_dest_check": true,
            "spot_instance_request_id": "",
            "subnet_id": "subnet-08e5ab6f438586cf0",
            "tags": {
              "Name": "win-server"
            },
            "tags_all": {
              "Name": "win-server",
              "hashicorp-learn": "refresh"
            },
            "tenancy": "default",
            "timeouts": null,
            "user_data": "e3e0ab49cb024f2f882c7b496192597453f89c01",
            "user_data_base64": null,
            "user_data_replace_on_change": false,
            "volume_tags": null,
            "vpc_security_group_ids": [
              "sg-001857f414f1625fb"
            ]
          },
          "sensitive_attributes": [],
          "identity_schema_version": 0,
          "private": "eyJlMmJmYjczMC1lY2FhLTExZTYtOGY4OC0zNDM2M2JjN2M0YzAiOnsiY3JlYXRlIjo2MDAwMDAwMDAwMDAsImRlbGV0ZSI6MTIwMDAwMDAwMDAwMCwicmVhZCI6OTAwMDAwMDAwMDAwLCJ1cGRhdGUiOjYwMDAwMDAwMDAwMH0sInNjaGVtYV92ZXJzaW9uIjoiMSJ9",
          "dependencies": [
            "aws_key_pair.deployer",
            "aws_security_group.my_security_group",
            "aws_subnet.public_subnet",
            "aws_vpc.my_vpc",
            "tls_private_key.example"
          ]
        }
      ]
    },
    {
      "mode": "managed",
      "type": "aws_internet_gateway",
      "name": "my_igw",
      "provider": "provider[\"registry.terraform.io/hashicorp/aws\"]",
      "instances": [
        {
          "schema_version": 0,
          "attributes": {
            "arn": "arn:aws:ec2:eu-west-2:011528279681:internet-gateway/igw-053b9fd3d4744d380",
            "id": "igw-053b9fd3d4744d380",
            "owner_id": "011528279681",
            "tags": null,
            "tags_all": {
              "hashicorp-learn": "refresh"
            },
            "timeouts": null,
            "vpc_id": "vpc-0267f3d92647bd9bf"
          },
          "sensitive_attributes": [],
          "identity_schema_version": 0,
          "private": "eyJlMmJmYjczMC1lY2FhLTExZTYtOGY4OC0zNDM2M2JjN2M0YzAiOnsiY3JlYXRlIjoxMjAwMDAwMDAwMDAwLCJkZWxldGUiOjEyMDAwMDAwMDAwMDAsInVwZGF0ZSI6MTIwMDAwMDAwMDAwMH19",
          "dependencies": [
            "aws_vpc.my_vpc"
          ]
        }
      ]
    },
    {
      "mode": "managed",
      "type": "aws_key_pair",
      "name": "deployer",
      "provider": "provider[\"registry.terraform.io/hashicorp/aws\"]",
      "instances": [
        {
          "schema_version": 1,
          "attributes": {
            "arn": "arn:aws:ec2:eu-west-2:011528279681:key-pair/private",
            "fingerprint": "b1:60:f1:60:68:11:d9:84:4b:d9:ca:61:06:46:bf:dd",
            "id": "private",
            "key_name": "private",
            "key_name_prefix": "",
            "key_pair_id": "key-08bbcbbf0782feff2",
            "key_type": "rsa",
            "public_key": "ssh-rsa AAAAB3NzaC1yc2EAAAADAQABAAACAQDa2NE5ZiCuM3cu9WyqRIXa0XWb/sbzng7CIA3Gv0Jkqx/W8Psyo2uPfjfNI6Rab4XJxJiWuVvQkhizuPXjl+2+nzFzV1z9kNvPKf2kqxOXlGFWRqgfkc4JKzZUYVGtFC+uwvV3I84zfHL/aFlv4/VruDtmzZrji1QVj59/QHl8A+5jeclgPgYr7Wj9Ztfm0ll729euQjSaHeJ8K5RPYOQKiCtvL+21pv7d6Y4pCsj6bUaSBENp2Qs5zCMMlbt8TCUVWFw6rCXDyFoYRA44Ofge+/WkNgEsEFtfPir32hbMtjpdxGG8LiZB91dmdMbafUrxp/0ILM9BWdRVTx1C9Jd0/ww16oNz6yW1CiCqR1Hj+AoMQcF0o9/K8N65A/0P+OWJ3nxkDhdGMNSdPxI8wkS13Er9Z61lFyFFaVOWSFPNv1VqiUoL23GbXUu70HAt1/wL5/4wb54BF5urHd5ai9Vk6/cxxYUqix1fTxRVB6SZnZsTgrEvj341wAZQpw1H4Lebcm66j4GdzWWlVw1w0M21hRsz/nhpqd26WqURnQqreldkjbyMA0aYu4jUkPEnx6V9P90b+lh61yv8x7fGxWvcr4FUzvg8AIJ3cVlEJ+aXQ4bI/JZwwF0WYWVj2Q3yCfubVpbBHWzEkjUeL66KJDC/pXDZdnNjLzI+cQqvm79U3Q==",
            "tags": null,
            "tags_all": {
              "hashicorp-learn": "refresh"
            }
          },
          "sensitive_attributes": [],
          "identity_schema_version": 0,
          "private": "eyJzY2hlbWFfdmVyc2lvbiI6IjEifQ==",
          "dependencies": [
            "tls_private_key.example"
          ]
        }
      ]
    },
    {
      "mode": "managed",
      "type": "aws_route_table",
      "name": "my_route_table",
      "provider": "provider[\"registry.terraform.io/hashicorp/aws\"]",
      "instances": [
        {
          "schema_version": 0,
          "attributes": {
            "arn": "arn:aws:ec2:eu-west-2:011528279681:route-table/rtb-02e049d94a0224de8",
            "id": "rtb-02e049d94a0224de8",
            "owner_id": "011528279681",
            "propagating_vgws": [],
            "route": [
              {
                "carrier_gateway_id": "",
                "cidr_block": "0.0.0.0/0",
                "core_network_arn": "",
                "destination_prefix_list_id": "",
                "egress_only_gateway_id": "",
                "gateway_id": "igw-053b9fd3d4744d380",
                "ipv6_cidr_block": "",
                "local_gateway_id": "",
                "nat_gateway_id": "",
                "network_interface_id": "",
                "transit_gateway_id": "",
                "vpc_endpoint_id": "",
                "vpc_peering_connection_id": ""
              }
            ],
            "tags": {
              "Name": "MyRouteTable"
            },
            "tags_all": {
              "Name": "MyRouteTable",
              "hashicorp-learn": "refresh"
            },
            "timeouts": null,
            "vpc_id": "vpc-0267f3d92647bd9bf"
          },
          "sensitive_attributes": [],
          "identity_schema_version": 0,
          "private": "eyJlMmJmYjczMC1lY2FhLTExZTYtOGY4OC0zNDM2M2JjN2M0YzAiOnsiY3JlYXRlIjozMDAwMDAwMDAwMDAsImRlbGV0ZSI6MzAwMDAwMDAwMDAwLCJ1cGRhdGUiOjEyMDAwMDAwMDAwMH19",
          "dependencies": [
            "aws_internet_gateway.my_igw",
            "aws_vpc.my_vpc"
          ]
        }
      ]
    },
    {
      "mode": "managed",
      "type": "aws_route_table_association",
      "name": "public_subnet_association",
      "provider": "provider[\"registry.terraform.io/hashicorp/aws\"]",
      "instances": [
        {
          "schema_version": 0,
          "attributes": {
            "gateway_id": "",
            "id": "rtbassoc-0eaccc95ff3e5359f",
            "route_table_id": "rtb-02e049d94a0224de8",
            "subnet_id": "subnet-08e5ab6f438586cf0",
            "timeouts": null
          },
          "sensitive_attributes": [],
          "identity_schema_version": 0,
          "private": "eyJlMmJmYjczMC1lY2FhLTExZTYtOGY4OC0zNDM2M2JjN2M0YzAiOnsiY3JlYXRlIjozMDAwMDAwMDAwMDAsImRlbGV0ZSI6MzAwMDAwMDAwMDAwLCJ1cGRhdGUiOjEyMDAwMDAwMDAwMH19",
          "dependencies": [
            "aws_internet_gateway.my_igw",
            "aws_route_table.my_route_table",
            "aws_subnet.public_subnet",
            "aws_vpc.my_vpc"
          ]
        }
      ]
    },
    {
      "mode": "managed",
      "type": "aws_s3_bucket",
      "name": "my_bucket",
      "provider": "provider[\"registry.terraform.io/hashicorp/aws\"]",
      "instances": [
        {
          "schema_version": 0,
          "attributes": {
            "acceleration_status": "",
            "acl": null,
            "arn": "arn:aws:s3:::sdeepak21june",
            "bucket": "sdeepak21june",
            "bucket_domain_name": "sdeepak21june.s3.amazonaws.com",
            "bucket_prefix": "",
            "bucket_regional_domain_name": "sdeepak21june.s3.eu-west-2.amazonaws.com",
            "cors_rule": [],
            "force_destroy": false,
            "grant": [
              {
                "id": "8a66fa119948524c3f0b095fbbca0e59ea759847ae1be191069130023405bcf1",
                "permissions": [
                  "FULL_CONTROL"
                ],
                "type": "CanonicalUser",
                "uri": ""
              }
            ],
            "hosted_zone_id": "Z3GKZC51ZF0DB4",
            "id": "sdeepak21june",
            "lifecycle_rule": [],
            "logging": [],
            "object_lock_configuration": [],
            "object_lock_enabled": false,
            "policy": "",
            "region": "eu-west-2",
            "replication_configuration": [],
            "request_payer": "BucketOwner",
            "server_side_encryption_configuration": [
              {
                "rule": [
                  {
                    "apply_server_side_encryption_by_default": [
                      {
                        "kms_master_key_id": "",
                        "sse_algorithm": "AES256"
                      }
                    ],
                    "bucket_key_enabled": false
                  }
                ]
              }
            ],
            "tags": null,
            "tags_all": {
              "hashicorp-learn": "refresh"
            },
            "timeouts": null,
            "versioning": [
              {
                "enabled": false,
                "mfa_delete": false
              }
            ],
            "website": [],
            "website_domain": null,
            "website_endpoint": null
          },
          "sensitive_attributes": [],
          "identity_schema_version": 0,
          "private": "eyJlMmJmYjczMC1lY2FhLTExZTYtOGY4OC0zNDM2M2JjN2M0YzAiOnsiY3JlYXRlIjoxMjAwMDAwMDAwMDAwLCJkZWxldGUiOjM2MDAwMDAwMDAwMDAsInJlYWQiOjEyMDAwMDAwMDAwMDAsInVwZGF0ZSI6MTIwMDAwMDAwMDAwMH19"
        }
      ]
    },
    {
      "mode": "managed",
      "type": "aws_s3_bucket_public_access_block",
      "name": "my_bucket_public_access_block",
      "provider": "provider[\"registry.terraform.io/hashicorp/aws\"]",
      "instances": [
        {
          "schema_version": 0,
          "attributes": {
            "block_public_acls": false,
            "block_public_policy": false,
            "bucket": "sdeepak21june",
            "id": "sdeepak21june",
            "ignore_public_acls": false,
            "restrict_public_buckets": false
          },
          "sensitive_attributes": [],
          "identity_schema_version": 0,
          "private": "bnVsbA==",
          "dependencies": [
            "aws_s3_bucket.my_bucket"
          ]
        }
      ]
    },
    {
      "mode": "managed",
      "type": "aws_security_group",
      "name": "my_security_group",
      "provider": "provider[\"registry.terraform.io/hashicorp/aws\"]",
      "instances": [
        {
          "schema_version": 1,
          "attributes": {
            "arn": "arn:aws:ec2:eu-west-2:011528279681:security-group/sg-001857f414f1625fb",
            "description": "My security group created by Terraform",
            "egress": [
              {
                "cidr_blocks": [
                  "0.0.0.0/0"
                ],
                "description": "",
                "from_port": 0,
                "ipv6_cidr_blocks": [],
                "prefix_list_ids": [],
                "protocol": "-1",
                "security_groups": [],
                "self": false,
                "to_port": 0
              }
            ],
            "id": "sg-001857f414f1625fb",
            "ingress": [
              {
                "cidr_blocks": [
                  "0.0.0.0/0"
                ],
                "description": "ingress rule for my_sql",
                "from_port": 3306,
                "ipv6_cidr_blocks": [],
                "prefix_list_ids": [],
                "protocol": "tcp",
                "security_groups": [],
                "self": false,
                "to_port": 3306
              },
              {
                "cidr_blocks": [
                  "0.0.0.0/0"
                ],
                "description": "ingress rule for port 22",
                "from_port": 22,
                "ipv6_cidr_blocks": [],
                "prefix_list_ids": [],
                "protocol": "tcp",
                "security_groups": [],
                "self": false,
                "to_port": 22
              },
              {
                "cidr_blocks": [
                  "0.0.0.0/0"
                ],
                "description": "ingress rule for port 443",
                "from_port": 443,
                "ipv6_cidr_blocks": [],
                "prefix_list_ids": [],
                "protocol": "tcp",
                "security_groups": [],
                "self": false,
                "to_port": 443
              },
              {
                "cidr_blocks": [
                  "0.0.0.0/0"
                ],
                "description": "ingress rule for port 8080 using jenkins",
                "from_port": 8080,
                "ipv6_cidr_blocks": [],
                "prefix_list_ids": [],
                "protocol": "tcp",
                "security_groups": [],
                "self": false,
                "to_port": 8080
              },
              {
                "cidr_blocks": [
                  "0.0.0.0/0"
                ],
                "description": "port enable for nginx",
                "from_port": 80,
                "ipv6_cidr_blocks": [],
                "prefix_list_ids": [],
                "protocol": "tcp",
                "security_groups": [],
                "self": false,
                "to_port": 80
              }
            ],
            "name": "my-security-group",
            "name_prefix": "",
            "owner_id": "011528279681",
            "revoke_rules_on_delete": false,
            "tags": null,
            "tags_all": {
              "hashicorp-learn": "refresh"
            },
            "timeouts": null,
            "vpc_id": "vpc-0267f3d92647bd9bf"
          },
          "sensitive_attributes": [],
          "identity_schema_version": 0,
          "private": "eyJlMmJmYjczMC1lY2FhLTExZTYtOGY4OC0zNDM2M2JjN2M0YzAiOnsiY3JlYXRlIjo2MDAwMDAwMDAwMDAsImRlbGV0ZSI6OTAwMDAwMDAwMDAwfSwic2NoZW1hX3ZlcnNpb24iOiIxIn0=",
          "dependencies": [
            "aws_vpc.my_vpc"
          ]
        }
      ]
    },
    {
      "mode": "managed",
      "type": "aws_subnet",
      "name": "public_subnet",
      "provider": "provider[\"registry.terraform.io/hashicorp/aws\"]",
      "instances": [
        {
          "schema_version": 1,
          "attributes": {
            "arn": "arn:aws:ec2:eu-west-2:011528279681:subnet/subnet-08e5ab6f438586cf0",
            "assign_ipv6_address_on_creation": false,
            "availability_zone": "eu-west-2a",
            "availability_zone_id": "euw2-az2",
            "cidr_block": "10.0.1.0/24",
            "customer_owned_ipv4_pool": "",
            "enable_dns64": false,
            "enable_lni_at_device_index": 0,
            "enable_resource_name_dns_a_record_on_launch": false,
            "enable_resource_name_dns_aaaa_record_on_launch": false,
            "id": "subnet-08e5ab6f438586cf0",
            "ipv6_cidr_block": "",
            "ipv6_cidr_block_association_id": "",
            "ipv6_native": false,
            "map_customer_owned_ip_on_launch": false,
            "map_public_ip_on_launch": true,
            "outpost_arn": "",
            "owner_id": "011528279681",
            "private_dns_hostname_type_on_launch": "ip-name",
            "tags": {
              "Name": "PublicSubnet"
            },
            "tags_all": {
              "Name": "PublicSubnet",
              "hashicorp-learn": "refresh"
            },
            "timeouts": null,
            "vpc_id": "vpc-0267f3d92647bd9bf"
          },
          "sensitive_attributes": [],
          "identity_schema_version": 0,
          "private": "eyJlMmJmYjczMC1lY2FhLTExZTYtOGY4OC0zNDM2M2JjN2M0YzAiOnsiY3JlYXRlIjo2MDAwMDAwMDAwMDAsImRlbGV0ZSI6MTIwMDAwMDAwMDAwMH0sInNjaGVtYV92ZXJzaW9uIjoiMSJ9",
          "dependencies": [
            "aws_vpc.my_vpc"
          ]
        }
      ]
    },
    {
      "mode": "managed",
      "type": "aws_vpc",
      "name": "my_vpc",
      "provider": "provider[\"registry.terraform.io/hashicorp/aws\"]",
      "instances": [
        {
          "schema_version": 1,
          "attributes": {
            "arn": "arn:aws:ec2:eu-west-2:011528279681:vpc/vpc-0267f3d92647bd9bf",
            "assign_generated_ipv6_cidr_block": false,
            "cidr_block": "10.0.0.0/16",
            "default_network_acl_id": "acl-0a6065c9e64880cbd",
            "default_route_table_id": "rtb-02763aa12f0f8e54f",
            "default_security_group_id": "sg-057657e03e96930c9",
            "dhcp_options_id": "dopt-044e0f5f6789a1e8f",
            "enable_dns_hostnames": true,
            "enable_dns_support": true,
            "enable_network_address_usage_metrics": false,
            "id": "vpc-0267f3d92647bd9bf",
            "instance_tenancy": "default",
            "ipv4_ipam_pool_id": null,
            "ipv4_netmask_length": null,
            "ipv6_association_id": "",
            "ipv6_cidr_block": "",
            "ipv6_cidr_block_network_border_group": "",
            "ipv6_ipam_pool_id": "",
            "ipv6_netmask_length": 0,
            "main_route_table_id": "rtb-02763aa12f0f8e54f",
            "owner_id": "011528279681",
            "tags": {
              "Name": "vpc-1"
            },
            "tags_all": {
              "Name": "vpc-1",
              "hashicorp-learn": "refresh"
            }
          },
          "sensitive_attributes": [],
          "identity_schema_version": 0,
          "private": "eyJzY2hlbWFfdmVyc2lvbiI6IjEifQ=="
        }
      ]
    },
    {
      "mode": "managed",
      "type": "null_resource",
      "name": "my_instance",
      "provider": "provider[\"registry.terraform.io/hashicorp/null\"]",
      "instances": [
        {
          "schema_version": 0,
          "attributes": {
            "id": "1775108503566346216",
            "triggers": {
              "id": "igw-053b9fd3d4744d380"
            }
          },
          "sensitive_attributes": [],
          "identity_schema_version": 0,
          "dependencies": [
            "aws_internet_gateway.my_igw",
            "aws_vpc.my_vpc"
          ]
        }
      ]
    },
    {
      "mode": "managed",
      "type": "tls_private_key",
      "name": "example",
      "provider": "provider[\"registry.terraform.io/hashicorp/tls\"]",
      "instances": [
        {
          "schema_version": 1,
          "attributes": {
            "algorithm": "RSA",
            "ecdsa_curve": "P224",
            "id": "eb8ddc9e7eab1d59063c95e51b232d094b2d918e",
            "private_key_openssh": "-----BEGIN OPENSSH PRIVATE KEY-----\nb3BlbnNzaC1rZXktdjEAAAAABG5vbmUAAAAEbm9uZQAAAAAAAAABAAACFwAAAAdz\nc2gtcnNhAAAAAwEAAQAAAgEA2tjROWYgrjN3LvVsqkSF2tF1m/7G854OwiANxr9C\nZKsf1vD7MqNrj343zSOkWm+FycSYlrlb0JIYs7j145ftvp8xc1dc/ZDbzyn9pKsT\nl5RhVkaoH5HOCSs2VGFRrRQvrsL1dyPOM3xy/2hZb+P1a7g7Zs2a44tUFY+ff0B5\nfAPuY3nJYD4GK+1o/WbX5tJZe9vXrkI0mh3ifCuUT2DkCogrby/ttab+3emOKQrI\n+m1GkgRDadkLOcwjDJW7fEwlFVhcOqwlw8haGEQOODn4Hvv1pDYBLBBbXz4q99oW\nzLY6XcRhvC4mQfdXZnTG2n1K8af9CCzPQVnUVU8dQvSXdP8MNeqDc+sltQogqkdR\n4/gKDEHBdKPfyvDeuQP9D/jlid58ZA4XRjDUnT8SPMJEtdxK/WetZRchRWlTlkhT\nzb9VaolKC9txm11Lu9BwLdf8C+f+MG+eARebqx3eWovVZOv3McWFKosdX08UVQek\nmZ2bE4KxL49+NcAGUKcNR+C3m3Juuo+Bnc1lpVcNcNDNtYUbM/54aandulqlEZ0K\nq3pXZI28jANGmLuI1JDxJ8elfT/dG/pYetcr/Me3xsVr3K+BVM74PACCd3FZRCfm\nl0OGyPyWcMBdFmFlY9kN8gn7m1aWwR1sxJI1Hi+uiiQwv6Vw2XZzYy8yPnEKr5u/\nVN0AAAc4ivSBmYr0gZkAAAAHc3NoLXJzYQAAAgEA2tjROWYgrjN3LvVsqkSF2tF1\nm/7G854OwiANxr9CZKsf1vD7MqNrj343zSOkWm+FycSYlrlb0JIYs7j145ftvp8x\nc1dc/ZDbzyn9pKsTl5RhVkaoH5HOCSs2VGFRrRQvrsL1dyPOM3xy/2hZb+P1a7g7\nZs2a44tUFY+ff0B5fAPuY3nJYD4GK+1o/WbX5tJZe9vXrkI0mh3ifCuUT2DkCogr\nby/ttab+3emOKQrI+m1GkgRDadkLOcwjDJW7fEwlFVhcOqwlw8haGEQOODn4Hvv1\npDYBLBBbXz4q99oWzLY6XcRhvC4mQfdXZnTG2n1K8af9CCzPQVnUVU8dQvSXdP8M\nNeqDc+sltQogqkdR4/gKDEHBdKPfyvDeuQP9D/jlid58ZA4XRjDUnT8SPMJEtdxK\n/WetZRchRWlTlkhTzb9VaolKC9txm11Lu9BwLdf8C+f+MG+eARebqx3eWovVZOv3\nMcWFKosdX08UVQekmZ2bE4KxL49+NcAGUKcNR+C3m3Juuo+Bnc1lpVcNcNDNtYUb\nM/54aandulqlEZ0Kq3pXZI28jANGmLuI1JDxJ8elfT/dG/pYetcr/Me3xsVr3K+B\nVM74PACCd3FZRCfml0OGyPyWcMBdFmFlY9kN8gn7m1aWwR1sxJI1Hi+uiiQwv6Vw\n2XZzYy8yPnEKr5u/VN0AAAADAQABAAACAQDPlIboLfHjqldrSEm5O2PHyZQH0mM9\n4vdWtPa8ROAiApsh0tRCFPZKVktxnlQfn9bEKmEd3lWzgVBC8LbzGUHd5LwQDpba\nwRNt7gNztP3RcmHdZwnDYBaRZdaTtPe29wW/e5c/WcwV0/50OrNSyWQZt9dITM+U\n86xfAysjlbFlq4jr/DHBwzMxaXCDo5A4ld9g94cd+BhS8vPIGcIEhP/o6X5haZHN\nEsh/DzDTxzIZL5uXlsmm1cOrH/FC16fNX6BxHa3lzTHJAfpLOApQ1NN/+DfoeX0l\nIaK5tYsmK0wjAtpb5JFb4F5Thdv2B+AykFOM4m3E2lQARcd835z+zGf3RTP/rMTj\nLR3jpAR660oJ+lxGJEOrJbA+NzYKDOmE8f1viXQtFllAKONInhif+5vy0O9syzDJ\nQqOn674ilcwQqsKdmqnULW0yHviKkz9rNzSdC42CVfyvUVXq6tpmJ3pMsDfYxxNz\nXES6MQRWNh3X+MzsOf9xRkjaMzZgfoXQuQIrzVQXnvk0zJcfqz4/wCJWTiv5pk9n\nOjPzRGR9Xr9a106pdKVlOZ3XWXCY0F1zKMlza4FL7cbsOHuRZ/mEsQMeSWccH2N+\nk/RwQZ0dnUvoHmHnO7N4PdHNzh+7XbswSJBzCY2gib0wXRHON2cREy06jlNRd7ao\nERB7EVSvFcGRwQAAAQBJPrUDV/4jGNpnrVEZMOu4qrX/E3765DKZau66YGwzk9au\naY4imdUFUyuOG5lzuK45mQqu7aXrTKxv99fb3VlqC4KXM+e5RZXYiq3hEskQARpK\n7fRBd/N9yDv2/engZBEtHbkTU4q4rxGnv8cKvSIsBaqe9XgQ87jlzsNoxTkuxLkl\nTPGsk+QRhAHm5rrQ7agOa8rIy7UaPlB9MZB7xjbYTGJCp67xbKPqTSfIB0gu0m9X\n9klgFV+6cgAjCuVgnnlG+TDQz9S5VQzzcGd46ivU0gS8fBdh/9V3HthoBcMzH/pn\nMwxd47i0sI2BK4+SogLnrvmnJxHr31n28fgwKPc1AAABAQD2AoCc1lISG7L8fPPo\nTJP5uwL4JsQo70ppFs6/W5N5Cv2iviVZrY+TMciYlbwZv7PDckblBPxMar4IWa99\nt5cWgtmvinCL+yXNPQBt49d35cqEZyzAZ4yvc2G5JXfIpiT/HMDirya0jSrLt7M7\n8MxwfJvjTorEMDcXZDuTiaqlYkZ0dT/L6ZpZ0NN0e6T35vDo8ZCMvgDtWoujnFDJ\nHaxAj592i6SbIAdc8y2h8OuXq91cGVuaCLTIbFoBZFVx8pCOGrUvJ0is4hy6pGDB\nVYJJVHwrZeuIzb9W3kS5sUFCFwtzbNTe0Pou2d36TG/Pc5JcPafRVZVpdZCatCa4\nEB1xAAABAQDju+6qt3LUA725ckgl+sshVUG+8v2AZgpIUX2s4ovbtW2gmFWqaqqr\nFIYkt3Em+1ByRsgEuZBdtWTd2i+VyqLZfHcKZz0nok/Oa8GAWPkmIdOY0+knJJv5\neK1Y7Bh8JMbD9h+hTVNqViUQC7mNQO+lp7snO+LcWn/v6auY2Ac0znDjAkrvV5sO\nSk7gC579fcfhw2aPPS9EuKnmxPGfm/XrgfaRzp2BbpqIBJ/TYyPPjqH7YCBNICFR\nyiqi3UjVbLC5Rkf2TNOFGStVYjXTKFReH+jlBzTvf9czMWDmk/X/HF6XqXaZKSjv\n2jnsXLXM7XOcOTg/EAqqU/9y0YkbGKgtAAAAAAEC\n-----END OPENSSH PRIVATE KEY-----\n",
            "private_key_pem": "-----BEGIN RSA PRIVATE KEY-----\nMIIJKQIBAAKCAgEA2tjROWYgrjN3LvVsqkSF2tF1m/7G854OwiANxr9CZKsf1vD7\nMqNrj343zSOkWm+FycSYlrlb0JIYs7j145ftvp8xc1dc/ZDbzyn9pKsTl5RhVkao\nH5HOCSs2VGFRrRQvrsL1dyPOM3xy/2hZb+P1a7g7Zs2a44tUFY+ff0B5fAPuY3nJ\nYD4GK+1o/WbX5tJZe9vXrkI0mh3ifCuUT2DkCogrby/ttab+3emOKQrI+m1GkgRD\nadkLOcwjDJW7fEwlFVhcOqwlw8haGEQOODn4Hvv1pDYBLBBbXz4q99oWzLY6XcRh\nvC4mQfdXZnTG2n1K8af9CCzPQVnUVU8dQvSXdP8MNeqDc+sltQogqkdR4/gKDEHB\ndKPfyvDeuQP9D/jlid58ZA4XRjDUnT8SPMJEtdxK/WetZRchRWlTlkhTzb9VaolK\nC9txm11Lu9BwLdf8C+f+MG+eARebqx3eWovVZOv3McWFKosdX08UVQekmZ2bE4Kx\nL49+NcAGUKcNR+C3m3Juuo+Bnc1lpVcNcNDNtYUbM/54aandulqlEZ0Kq3pXZI28\njANGmLuI1JDxJ8elfT/dG/pYetcr/Me3xsVr3K+BVM74PACCd3FZRCfml0OGyPyW\ncMBdFmFlY9kN8gn7m1aWwR1sxJI1Hi+uiiQwv6Vw2XZzYy8yPnEKr5u/VN0CAwEA\nAQKCAgEAz5SG6C3x46pXa0hJuTtjx8mUB9JjPeL3VrT2vETgIgKbIdLUQhT2SlZL\ncZ5UH5/WxCphHd5Vs4FQQvC28xlB3eS8EA6W2sETbe4Dc7T90XJh3WcJw2AWkWXW\nk7T3tvcFv3uXP1nMFdP+dDqzUslkGbfXSEzPlPOsXwMrI5WxZauI6/wxwcMzMWlw\ng6OQOJXfYPeHHfgYUvLzyBnCBIT/6Ol+YWmRzRLIfw8w08cyGS+bl5bJptXDqx/x\nQtenzV+gcR2t5c0xyQH6SzgKUNTTf/g36Hl9JSGiubWLJitMIwLaW+SRW+BeU4Xb\n9gfgMpBTjOJtxNpUAEXHfN+c/sxn90Uz/6zE4y0d46QEeutKCfpcRiRDqyWwPjc2\nCgzphPH9b4l0LRZZQCjjSJ4Yn/ub8tDvbMswyUKjp+u+IpXMEKrCnZqp1C1tMh74\nipM/azc0nQuNglX8r1FV6uraZid6TLA32McTc1xEujEEVjYd1/jM7Dn/cUZI2jM2\nYH6F0LkCK81UF575NMyXH6s+P8AiVk4r+aZPZzoz80RkfV6/WtdOqXSlZTmd11lw\nmNBdcyjJc2uBS+3G7Dh7kWf5hLEDHklnHB9jfpP0cEGdHZ1L6B5h5zuzeD3Rzc4f\nu127MEiQcwmNoIm9MF0RzjdnERMtOo5TUXe2qBEQexFUrxXBkcECggEBAPYCgJzW\nUhIbsvx88+hMk/m7AvgmxCjvSmkWzr9bk3kK/aK+JVmtj5MxyJiVvBm/s8NyRuUE\n/ExqvghZr323lxaC2a+KcIv7Jc09AG3j13flyoRnLMBnjK9zYbkld8imJP8cwOKv\nJrSNKsu3szvwzHB8m+NOisQwNxdkO5OJqqViRnR1P8vpmlnQ03R7pPfm8OjxkIy+\nAO1ai6OcUMkdrECPn3aLpJsgB1zzLaHw65er3VwZW5oItMhsWgFkVXHykI4atS8n\nSKziHLqkYMFVgklUfCtl64jNv1beRLmxQUIXC3Ns1N7Q+i7Z3fpMb89zklw9p9FV\nlWl1kJq0JrgQHXECggEBAOO77qq3ctQDvblySCX6yyFVQb7y/YBmCkhRfazii9u1\nbaCYVapqqqsUhiS3cSb7UHJGyAS5kF21ZN3aL5XKotl8dwpnPSeiT85rwYBY+SYh\n05jT6Sckm/l4rVjsGHwkxsP2H6FNU2pWJRALuY1A76Wnuyc74txaf+/pq5jYBzTO\ncOMCSu9Xmw5KTuALnv19x+HDZo89L0S4qebE8Z+b9euB9pHOnYFumogEn9NjI8+O\noftgIE0gIVHKKqLdSNVssLlGR/ZM04UZK1ViNdMoVF4f6OUHNO9/1zMxYOaT9f8c\nXpepdpkpKO/aOexctcztc5w5OD8QCqpT/3LRiRsYqC0CggEBAO4u5g7zgmp93wGO\niSg0XGDBq9JO1kU7yTOOHYYwR8w90+wpZUg6PnQpEyqIbqIPdSCaGAHMnenuvyae\njsaNZf8pmVHYG7er5aGcmjnLCubO2RDwQ+fVWeTVNZxoplziX5eQY0AWjMbqlrC+\nnw49yfJu8w9VEA17ERvYs8XY2Btf1w8SJj5rYkHraY+x1rseIcmneGiL3aHwtJon\n0h+mVwv7Ak1oTmrSy842s8vC0pb6k0uEUagFHeOe5FXMqt20GDk9qoaI5lhcY6xh\nUjxdadNNtRrfhvfhHIwijy+qaqBuZ2vNxxwkANYzojOgpfCY2O/t0flff1WnueXO\n3l3/XEECggEAPwRnE7h1vvNWEbXs/w16HjwwWD13JouV9tMN+sQpvV9j+ZeNxP2F\nQpgIUqqsVgQfC7BIcv5CU5v5UGaq2kFbdOE7M5bD1m7UtKMexXxZXVLo8ZZaIym/\nO3ZISZ3zXI70rY8yy3jRR1CVKu6DpvG8HtPeNwocSauFUYcQo9fLjrI9jKO6xqYw\nUvD/CIJOuYiPwgpHHAXrSZHr+d6vmeIXV9b7uvc4oHNRsafN7jm11B589klwRsdI\nURCnYa/oEp7j/DDVgvNZaLBBTHxDtq2nQvCDirTG0itHCnR0gvmYjcJ07nTHS7SX\nDmANvTkeWZmvbyBqTxEKUn2x5zzSOrxE9QKCAQBJPrUDV/4jGNpnrVEZMOu4qrX/\nE3765DKZau66YGwzk9auaY4imdUFUyuOG5lzuK45mQqu7aXrTKxv99fb3VlqC4KX\nM+e5RZXYiq3hEskQARpK7fRBd/N9yDv2/engZBEtHbkTU4q4rxGnv8cKvSIsBaqe\n9XgQ87jlzsNoxTkuxLklTPGsk+QRhAHm5rrQ7agOa8rIy7UaPlB9MZB7xjbYTGJC\np67xbKPqTSfIB0gu0m9X9klgFV+6cgAjCuVgnnlG+TDQz9S5VQzzcGd46ivU0gS8\nfBdh/9V3HthoBcMzH/pnMwxd47i0sI2BK4+SogLnrvmnJxHr31n28fgwKPc1\n-----END RSA PRIVATE KEY-----\n",
            "private_key_pem_pkcs8": "-----BEGIN PRIVATE KEY-----\nMIIJQwIBADANBgkqhkiG9w0BAQEFAASCCS0wggkpAgEAAoICAQDa2NE5ZiCuM3cu\n9WyqRIXa0XWb/sbzng7CIA3Gv0Jkqx/W8Psyo2uPfjfNI6Rab4XJxJiWuVvQkhiz\nuPXjl+2+nzFzV1z9kNvPKf2kqxOXlGFWRqgfkc4JKzZUYVGtFC+uwvV3I84zfHL/\naFlv4/VruDtmzZrji1QVj59/QHl8A+5jeclgPgYr7Wj9Ztfm0ll729euQjSaHeJ8\nK5RPYOQKiCtvL+21pv7d6Y4pCsj6bUaSBENp2Qs5zCMMlbt8TCUVWFw6rCXDyFoY\nRA44Ofge+/WkNgEsEFtfPir32hbMtjpdxGG8LiZB91dmdMbafUrxp/0ILM9BWdRV\nTx1C9Jd0/ww16oNz6yW1CiCqR1Hj+AoMQcF0o9/K8N65A/0P+OWJ3nxkDhdGMNSd\nPxI8wkS13Er9Z61lFyFFaVOWSFPNv1VqiUoL23GbXUu70HAt1/wL5/4wb54BF5ur\nHd5ai9Vk6/cxxYUqix1fTxRVB6SZnZsTgrEvj341wAZQpw1H4Lebcm66j4GdzWWl\nVw1w0M21hRsz/nhpqd26WqURnQqreldkjbyMA0aYu4jUkPEnx6V9P90b+lh61yv8\nx7fGxWvcr4FUzvg8AIJ3cVlEJ+aXQ4bI/JZwwF0WYWVj2Q3yCfubVpbBHWzEkjUe\nL66KJDC/pXDZdnNjLzI+cQqvm79U3QIDAQABAoICAQDPlIboLfHjqldrSEm5O2PH\nyZQH0mM94vdWtPa8ROAiApsh0tRCFPZKVktxnlQfn9bEKmEd3lWzgVBC8LbzGUHd\n5LwQDpbawRNt7gNztP3RcmHdZwnDYBaRZdaTtPe29wW/e5c/WcwV0/50OrNSyWQZ\nt9dITM+U86xfAysjlbFlq4jr/DHBwzMxaXCDo5A4ld9g94cd+BhS8vPIGcIEhP/o\n6X5haZHNEsh/DzDTxzIZL5uXlsmm1cOrH/FC16fNX6BxHa3lzTHJAfpLOApQ1NN/\n+DfoeX0lIaK5tYsmK0wjAtpb5JFb4F5Thdv2B+AykFOM4m3E2lQARcd835z+zGf3\nRTP/rMTjLR3jpAR660oJ+lxGJEOrJbA+NzYKDOmE8f1viXQtFllAKONInhif+5vy\n0O9syzDJQqOn674ilcwQqsKdmqnULW0yHviKkz9rNzSdC42CVfyvUVXq6tpmJ3pM\nsDfYxxNzXES6MQRWNh3X+MzsOf9xRkjaMzZgfoXQuQIrzVQXnvk0zJcfqz4/wCJW\nTiv5pk9nOjPzRGR9Xr9a106pdKVlOZ3XWXCY0F1zKMlza4FL7cbsOHuRZ/mEsQMe\nSWccH2N+k/RwQZ0dnUvoHmHnO7N4PdHNzh+7XbswSJBzCY2gib0wXRHON2cREy06\njlNRd7aoERB7EVSvFcGRwQKCAQEA9gKAnNZSEhuy/Hzz6EyT+bsC+CbEKO9KaRbO\nv1uTeQr9or4lWa2PkzHImJW8Gb+zw3JG5QT8TGq+CFmvfbeXFoLZr4pwi/slzT0A\nbePXd+XKhGcswGeMr3NhuSV3yKYk/xzA4q8mtI0qy7ezO/DMcHyb406KxDA3F2Q7\nk4mqpWJGdHU/y+maWdDTdHuk9+bw6PGQjL4A7VqLo5xQyR2sQI+fdoukmyAHXPMt\nofDrl6vdXBlbmgi0yGxaAWRVcfKQjhq1LydIrOIcuqRgwVWCSVR8K2XriM2/Vt5E\nubFBQhcLc2zU3tD6Ltnd+kxvz3OSXD2n0VWVaXWQmrQmuBAdcQKCAQEA47vuqrdy\n1AO9uXJIJfrLIVVBvvL9gGYKSFF9rOKL27VtoJhVqmqqqxSGJLdxJvtQckbIBLmQ\nXbVk3dovlcqi2Xx3Cmc9J6JPzmvBgFj5JiHTmNPpJySb+XitWOwYfCTGw/YfoU1T\nalYlEAu5jUDvpae7Jzvi3Fp/7+mrmNgHNM5w4wJK71ebDkpO4Aue/X3H4cNmjz0v\nRLip5sTxn5v164H2kc6dgW6aiASf02Mjz46h+2AgTSAhUcoqot1I1WywuUZH9kzT\nhRkrVWI10yhUXh/o5Qc073/XMzFg5pP1/xxel6l2mSko79o57Fy1zO1znDk4PxAK\nqlP/ctGJGxioLQKCAQEA7i7mDvOCan3fAY6JKDRcYMGr0k7WRTvJM44dhjBHzD3T\n7CllSDo+dCkTKohuog91IJoYAcyd6e6/Jp6Oxo1l/ymZUdgbt6vloZyaOcsK5s7Z\nEPBD59VZ5NU1nGimXOJfl5BjQBaMxuqWsL6fDj3J8m7zD1UQDXsRG9izxdjYG1/X\nDxImPmtiQetpj7HWux4hyad4aIvdofC0mifSH6ZXC/sCTWhOatLLzjazy8LSlvqT\nS4RRqAUd457kVcyq3bQYOT2qhojmWFxjrGFSPF1p0021Gt+G9+EcjCKPL6pqoG5n\na83HHCQA1jOiM6Cl8JjY7+3R+V9/Vae55c7eXf9cQQKCAQA/BGcTuHW+81YRtez/\nDXoePDBYPXcmi5X20w36xCm9X2P5l43E/YVCmAhSqqxWBB8LsEhy/kJTm/lQZqra\nQVt04TszlsPWbtS0ox7FfFldUujxllojKb87dkhJnfNcjvStjzLLeNFHUJUq7oOm\n8bwe0943ChxJq4VRhxCj18uOsj2Mo7rGpjBS8P8Igk65iI/CCkccBetJkev53q+Z\n4hdX1vu69zigc1Gxp83uObXUHnz2SXBGx0hREKdhr+gSnuP8MNWC81losEFMfEO2\nradC8IOKtMbSK0cKdHSC+ZiNwnTudMdLtJcOYA29OR5Zma9vIGpPEQpSfbHnPNI6\nvET1AoIBAEk+tQNX/iMY2metURkw67iqtf8TfvrkMplq7rpgbDOT1q5pjiKZ1QVT\nK44bmXO4rjmZCq7tpetMrG/319vdWWoLgpcz57lFldiKreESyRABGkrt9EF3833I\nO/b96eBkES0duRNTirivEae/xwq9IiwFqp71eBDzuOXOw2jFOS7EuSVM8ayT5BGE\nAebmutDtqA5rysjLtRo+UH0xkHvGNthMYkKnrvFso+pNJ8gHSC7Sb1f2SWAVX7py\nACMK5WCeeUb5MNDP1LlVDPNwZ3jqK9TSBLx8F2H/1Xce2GgFwzMf+mczDF3juLSw\njYErj5KiAueu+acnEevfWfbx+DAo9zU=\n-----END PRIVATE KEY-----\n",
            "public_key_fingerprint_md5": "dc:dd:b8:75:e0:a9:43:b0:a1:a8:96:10:97:23:4d:e5",
            "public_key_fingerprint_sha256": "SHA256:Q/Id4+R1xfVUexpxMvUc9p8jmv8rCZKkZQGECDJSwj8",
            "public_key_openssh": "ssh-rsa AAAAB3NzaC1yc2EAAAADAQABAAACAQDa2NE5ZiCuM3cu9WyqRIXa0XWb/sbzng7CIA3Gv0Jkqx/W8Psyo2uPfjfNI6Rab4XJxJiWuVvQkhizuPXjl+2+nzFzV1z9kNvPKf2kqxOXlGFWRqgfkc4JKzZUYVGtFC+uwvV3I84zfHL/aFlv4/VruDtmzZrji1QVj59/QHl8A+5jeclgPgYr7Wj9Ztfm0ll729euQjSaHeJ8K5RPYOQKiCtvL+21pv7d6Y4pCsj6bUaSBENp2Qs5zCMMlbt8TCUVWFw6rCXDyFoYRA44Ofge+/WkNgEsEFtfPir32hbMtjpdxGG8LiZB91dmdMbafUrxp/0ILM9BWdRVTx1C9Jd0/ww16oNz6yW1CiCqR1Hj+AoMQcF0o9/K8N65A/0P+OWJ3nxkDhdGMNSdPxI8wkS13Er9Z61lFyFFaVOWSFPNv1VqiUoL23GbXUu70HAt1/wL5/4wb54BF5urHd5ai9Vk6/cxxYUqix1fTxRVB6SZnZsTgrEvj341wAZQpw1H4Lebcm66j4GdzWWlVw1w0M21hRsz/nhpqd26WqURnQqreldkjbyMA0aYu4jUkPEnx6V9P90b+lh61yv8x7fGxWvcr4FUzvg8AIJ3cVlEJ+aXQ4bI/JZwwF0WYWVj2Q3yCfubVpbBHWzEkjUeL66KJDC/pXDZdnNjLzI+cQqvm79U3Q==\n",
            "public_key_pem": "-----BEGIN PUBLIC KEY-----\nMIICIjANBgkqhkiG9w0BAQEFAAOCAg8AMIICCgKCAgEA2tjROWYgrjN3LvVsqkSF\n2tF1m/7G854OwiANxr9CZKsf1vD7MqNrj343zSOkWm+FycSYlrlb0JIYs7j145ft\nvp8xc1dc/ZDbzyn9pKsTl5RhVkaoH5HOCSs2VGFRrRQvrsL1dyPOM3xy/2hZb+P1\na7g7Zs2a44tUFY+ff0B5fAPuY3nJYD4GK+1o/WbX5tJZe9vXrkI0mh3ifCuUT2Dk\nCogrby/ttab+3emOKQrI+m1GkgRDadkLOcwjDJW7fEwlFVhcOqwlw8haGEQOODn4\nHvv1pDYBLBBbXz4q99oWzLY6XcRhvC4mQfdXZnTG2n1K8af9CCzPQVnUVU8dQvSX\ndP8MNeqDc+sltQogqkdR4/gKDEHBdKPfyvDeuQP9D/jlid58ZA4XRjDUnT8SPMJE\ntdxK/WetZRchRWlTlkhTzb9VaolKC9txm11Lu9BwLdf8C+f+MG+eARebqx3eWovV\nZOv3McWFKosdX08UVQekmZ2bE4KxL49+NcAGUKcNR+C3m3Juuo+Bnc1lpVcNcNDN\ntYUbM/54aandulqlEZ0Kq3pXZI28jANGmLuI1JDxJ8elfT/dG/pYetcr/Me3xsVr\n3K+BVM74PACCd3FZRCfml0OGyPyWcMBdFmFlY9kN8gn7m1aWwR1sxJI1Hi+uiiQw\nv6Vw2XZzYy8yPnEKr5u/VN0CAwEAAQ==\n-----END PUBLIC KEY-----\n",
            "rsa_bits": 4096
          },
          "sensitive_attributes": [
            [
              {
                "type": "get_attr",
                "value": "private_key_openssh"
              }
            ],
            [
              {
                "type": "get_attr",
                "value": "private_key_pem"
              }
            ],
            [
              {
                "type": "get_attr",
                "value": "private_key_pem_pkcs8"
              }
            ]
          ],
          "identity_schema_version": 0
        }
      ]
    }
  ],
  "check_results": null
}
