{
  "version": 4,
  "terraform_version": "1.9.2",
  "serial": 1291,
  "lineage": "8047b918-143c-30ca-8822-32d947294593",
  "outputs": {
    "ami": {
      "value": [
        "ami-07c1b39b7b3d2525d"
      ],
      "type": [
        "tuple",
        [
          "string"
        ]
      ]
    },
    "ec2_key": {
      "value": [
        "private"
      ],
      "type": [
        "tuple",
        [
          "string"
        ]
      ]
    },
    "instance_id": {
      "value": [
        "i-04013da1f55dd6a25"
      ],
      "type": [
        "tuple",
        [
          "string"
        ]
      ]
    },
    "jenkins_url": {
      "value": "http://35.176.93.113:8080",
      "type": "string"
    },
    "private_key_pem": {
      "value": "-----BEGIN RSA PRIVATE KEY-----\nMIIJKAIBAAKCAgEAy5nHWrjL7YsUKwC0w3apXMRJ9IzlzgQrpcPjX6/YuRmgzXxx\nhULmTX+5S3QTB8LPGNne+hA/byxiT1g9rghND5VLgIy7yHOljXeYXOXoya/2pN3s\ntBCWzsNmdFYYf71a/AovBjtbALAjzKn//YiLEK36tnePDEr5yCrexpPQ3FA7rJ5l\nSCgvAGfR3yyvz7Wfz5IqAo02TzG2syjRwbZEbgMb1zDJOoeP5ceYT5q6UjaK+Rnk\nD3wgW2Jxk5tLSMDdses3eLd9ZG1W+ayQ//L5csafUu0OuuB/Q9kzFzY12oGk/U1B\n4Sld2x5MHxEBFADGCuMqsDoXu7moUv+H6e19m3PT5uQxFVAkB4rvh6nqys9ukQYL\n017sOzANb8C64wl564Vimuw2EUM6liPGzDk0dExixX0rTYSAIoakqtpDneObXDeb\nrlozAM5qBE7qx10nUsVJNxCQhYGiwvCzgcHczhWrqBqZgZ9cOlRHijkrnGb+AEni\n0f1jynDxzaBOzQ6Sooc+K1gBBjEyHaAdEESj9nHxLHcmYBpSXqw8YCPcYFgsZK8F\nqIrCjJbbhBM7C+UF508ozy23XLyUyx8rmjDsU+bE7iV1wx5NOUzqUCLIKzU9dSgl\nsEMhQv4HKIpKBUjL91KcguyHqZCqQZi4WzsRAVbJoqZjyyCkcOQ2lEfn7bECAwEA\nAQKCAgBTBBbXFPaBmu3UQutxr5aK7rZA8ppZEDZD1sWFJIw3nQ2F+7HF5mtFOkjx\nTRjdVz9eIKfcSney+uPy+kXcCiJxsiwg9EE1EIJ2VkdXyZ7LbeYhfyOeoAz9rYq+\n8MP4gdrxXa2i2tzWQPu33bE1TVF2sZnCgKlhF8kVJvXC/k5xJn3Oep9NdqUDg1F9\nsBjXlnTdC/n5JF76l4ipMIGmfI0WVkopygiixteTl3ixLKPAFeFAhKAK+E+xM0ig\nKPffaFR80S3DGP4Vzsdh8k0FL6sqc3ZPN72D0TnTDmLYmhAHUklVxwSPrHBKgeYD\n3MkVwOL/WXT0ehtnPeI2RV7DsUQ/PUxVh8xmGJot/RBlVdf3P3+NY+aoOlcSCsdV\nU5LwkZ/ACjFN/CUh0CxMOYpKVpDI4kzv3oBqDkcFQM+lv+M++HdJvqBbl47JK0Xz\nhskkX7mNblApgyOHjjrMuSznLBa+MuKnbL3TRGFde/Ou6FutyPT7k1qPp8RGPMsv\nZ6NauX3RDxbxvgdatqeI6n1FDg8yVnrXsQ17LdAbLzbfmBUyhDnmnrSPw/RqA5ph\n2M74Q/3kVwomzncY6xxfrEpKn7p66byun6AwmXOY539MGI2ObVMlAEQnnGAcFIHr\n9nV/xD5/8MyqH1W080h2D/DWXrPqSHKaFwZQDKgaj3iJoEk8SQKCAQEAz5xaqt7M\nUAVbOZ4tAI8Ys2aSTyR4oy+9hw/kNi0SwlIsZ/BiRwmyHKn5ihDW5Uc0VOyBhEZp\nCWqqt03wW+97+Bz0QygKYfnik8064M/NaM1O4iEqTxoUi5JPEoU5WIn/bhEQi8Pw\nwoNI38cf4x7pbgah9MDXNxon1lmkna4VTPleLFLUsyyAQhiC6prYyvQreGSPGuKW\nr03irPsWUmoYIDsYx6FR3nhWvfPxA5Kv8965Z3RSoBM9UCFi2+DfMeQpsJJeI4i5\nfJURgseYzFBW2Ak0W9EvxwoQXLgFQzj+QbuvwyVxAmybEhCCyvWG9IULQuqooiW7\nncCfLmcX0ee7TwKCAQEA+w4nWA4dMMjAv+0am0g37gUS+NpTAJENCaQCHYKuHB5I\n28pRgFYuAuMwRR0FvW5z4WkGL5MhYnPgAUMB2cVcftpL7J08PKQGeD1+yzymI6ix\n+oRFDiHI3uVo2dqqCuIpUxRyvN1EqRIF2R66bPDDGW9/g85HKc5+BEmtjY0rvoci\n2rfT53pny3qPLKBIkpycEtlBBzhsLAGes+qZg/4971wMnJ4Lcegq7P/4gNRSVWD2\no1YpgcM+sO+xN/zavprF3hB0LxQuCiQLGKIY7BznoX7NcKMi/zALU5hdHmT8R/nX\nU5B8nizfdz+o/twxw0b0rOofa8LoTNZgTgcxkyeG/wKCAQAIvKW8JyAmBfOu2w89\nxMffVOO3XOuOwoWRV4PdG8x8TQT9Yspf/vJ17llIDClfAL4dDM7uiCAHe2uvxyHk\nXJG1AVLuOJMnSGLWoX5m05frXyiAr7CeH5TZwtB9EQo2xafwM9ukZhyNswSwFisr\nXbOpI7JRIIRuFzWx+ZfJ4veWg7AI4Xt+BtNm9K0dvmJ9OAVUTbcQBJUez4JIkVCB\nK2HUiWgjjpBpclsEJ23vHo81DhxzVBveDLE53A3S/wWljdqLSb2YdTqJGaThAhFW\nF9NvyANiEc2W7L9/h2cBSza4AXQGHF9DINrtybAXZnnFdIvixwlNuZTJsL+CLmh8\nNupVAoIBAQCLmZEzG5YLvHXBwzxaQEwpZFTqX6xr0jxnsfUjJ7ldFVH6NYQgUst+\n+4mpxLueXD6/hsDTz4Ju1nQm/3WV/HK0bvps9fm61pJqZfeNV4oipflhjg9ADnU9\nzF8DVN3c82l7MxGiB3/Ya5co5jdPwIkcKa3EQv27N4FHLRj+bxN1/HrbGAES5DO3\nJ81ZST9RlxgKOxg3xZ4Q0k3HSZpXlRYndQ3mQNOoYSsNYkBykp29sA81QAIQj9ra\nVE49DbMs7a89DfUtAJGhPe2Vov0svd3nJTVjfrNFJxgFQeH1tr254Cll5CAHbHhO\nPO3h2dsp9Ni1FfKm31iA8WvXt5RPeVlNAoIBABDPv1Iwn3lKxM+JBCdVz7sATeu3\ngZUQDlSHNiTsUB+Vc08LiDHL8z5xlQak4lnkXqVMv2Ub7cnyRF8xkh8qgK4Cp5E9\nc+WtIh/WvM/TTHxTMXTqodip5LqpDByl+ijv7O5OfDaf0UMZKxDmKDbuIx3TIalU\nAhurMoSgOtPDA44BTl1YhB2qjysXxdMvJb5sFxiiHZMgf9hRe1EFHUi9MI4qw9zM\nxGHXMDfP2CeZAIGsb9wnP0OR0lzRfFNNIlx6UmDcEAbjXyoUL5JZamrUzgg7IAu1\n8bxUrl+Utj8aC6MgAELLnqNrme/vVXGCVOykSXWKe2L0LYurmy159N1xVK8=\n-----END RSA PRIVATE KEY-----\n",
      "type": "string",
      "sensitive": true
    },
    "public_ip": {
      "value": [
        "35.176.93.113"
      ],
      "type": [
        "tuple",
        [
          "string"
        ]
      ]
    },
    "subnet_id": {
      "value": "subnet-0fcbc993df80e7a40",
      "type": "string"
    },
    "vpc_id": {
      "value": "vpc-0e750b26a84504185",
      "type": "string"
    }
  },
  "resources": [
    {
      "mode": "managed",
      "type": "aws_instance",
      "name": "my_instance",
      "provider": "provider[\"registry.terraform.io/hashicorp/aws\"]",
      "instances": [
        {
          "index_key": 0,
          "schema_version": 1,
          "attributes": {
            "ami": "ami-07c1b39b7b3d2525d",
            "arn": "arn:aws:ec2:eu-west-2:011528279681:instance/i-04013da1f55dd6a25",
            "associate_public_ip_address": true,
            "availability_zone": "eu-west-2a",
            "capacity_reservation_specification": [
              {
                "capacity_reservation_preference": "open",
                "capacity_reservation_target": []
              }
            ],
            "cpu_core_count": 1,
            "cpu_options": [
              {
                "amd_sev_snp": "",
                "core_count": 1,
                "threads_per_core": 1
              }
            ],
            "cpu_threads_per_core": 1,
            "credit_specification": [
              {
                "cpu_credits": "standard"
              }
            ],
            "disable_api_stop": false,
            "disable_api_termination": false,
            "ebs_block_device": [
              {
                "delete_on_termination": true,
                "device_name": "/dev/sda1",
                "encrypted": false,
                "iops": 3000,
                "kms_key_id": "",
                "snapshot_id": "",
                "tags": {},
                "tags_all": {
                  "hashicorp-learn": "refresh"
                },
                "throughput": 125,
                "volume_id": "vol-080e14ab143ad788b",
                "volume_size": 8,
                "volume_type": "gp3"
              }
            ],
            "ebs_optimized": false,
            "enclave_options": [
              {
                "enabled": false
              }
            ],
            "ephemeral_block_device": [],
            "get_password_data": false,
            "hibernation": false,
            "host_id": "",
            "host_resource_group_arn": null,
            "iam_instance_profile": "",
            "id": "i-04013da1f55dd6a25",
            "instance_initiated_shutdown_behavior": "stop",
            "instance_lifecycle": "",
            "instance_market_options": [],
            "instance_state": "running",
            "instance_type": "t2.micro",
            "ipv6_address_count": 0,
            "ipv6_addresses": [],
            "key_name": "private",
            "launch_template": [],
            "maintenance_options": [
              {
                "auto_recovery": "default"
              }
            ],
            "metadata_options": [
              {
                "http_endpoint": "enabled",
                "http_protocol_ipv6": "disabled",
                "http_put_response_hop_limit": 2,
                "http_tokens": "required",
                "instance_metadata_tags": "disabled"
              }
            ],
            "monitoring": false,
            "network_interface": [],
            "outpost_arn": "",
            "password_data": "",
            "placement_group": "",
            "placement_partition_number": 0,
            "primary_network_interface_id": "eni-0835f9d798196d764",
            "private_dns": "ip-10-0-1-137.eu-west-2.compute.internal",
            "private_dns_name_options": [
              {
                "enable_resource_name_dns_a_record": false,
                "enable_resource_name_dns_aaaa_record": false,
                "hostname_type": "ip-name"
              }
            ],
            "private_ip": "10.0.1.137",
            "public_dns": "ec2-35-176-93-113.eu-west-2.compute.amazonaws.com",
            "public_ip": "35.176.93.113",
            "root_block_device": [
              {
                "delete_on_termination": true,
                "device_name": "/dev/sda1",
                "encrypted": false,
                "iops": 3000,
                "kms_key_id": "",
                "tags": {},
                "tags_all": {
                  "hashicorp-learn": "refresh"
                },
                "throughput": 125,
                "volume_id": "vol-080e14ab143ad788b",
                "volume_size": 8,
                "volume_type": "gp3"
              }
            ],
            "secondary_private_ips": [],
            "security_groups": [],
            "source_dest_check": true,
            "spot_instance_request_id": "",
            "subnet_id": "subnet-0fcbc993df80e7a40",
            "tags": {
              "Name": "linux-server"
            },
            "tags_all": {
              "Name": "linux-server",
              "hashicorp-learn": "refresh"
            },
            "tenancy": "default",
            "timeouts": null,
            "user_data": "8bc186eb3af5ed2e5c7868e813bce94a8404f158",
            "user_data_base64": null,
            "user_data_replace_on_change": false,
            "volume_tags": null,
            "vpc_security_group_ids": [
              "sg-05cc81e290482bd58"
            ]
          },
          "sensitive_attributes": [],
          "private": "eyJlMmJmYjczMC1lY2FhLTExZTYtOGY4OC0zNDM2M2JjN2M0YzAiOnsiY3JlYXRlIjo2MDAwMDAwMDAwMDAsImRlbGV0ZSI6MTIwMDAwMDAwMDAwMCwicmVhZCI6OTAwMDAwMDAwMDAwLCJ1cGRhdGUiOjYwMDAwMDAwMDAwMH0sInNjaGVtYV92ZXJzaW9uIjoiMSJ9",
          "dependencies": [
            "aws_key_pair.deployer",
            "aws_security_group.my_security_group",
            "aws_subnet.public_subnet",
            "aws_vpc.my_vpc",
            "tls_private_key.example"
          ]
        }
      ]
    },
    {
      "mode": "managed",
      "type": "aws_internet_gateway",
      "name": "my_igw",
      "provider": "provider[\"registry.terraform.io/hashicorp/aws\"]",
      "instances": [
        {
          "schema_version": 0,
          "attributes": {
            "arn": "arn:aws:ec2:eu-west-2:011528279681:internet-gateway/igw-00903878cbcf92af2",
            "id": "igw-00903878cbcf92af2",
            "owner_id": "011528279681",
            "tags": null,
            "tags_all": {
              "hashicorp-learn": "refresh"
            },
            "timeouts": null,
            "vpc_id": "vpc-0e750b26a84504185"
          },
          "sensitive_attributes": [],
          "private": "eyJlMmJmYjczMC1lY2FhLTExZTYtOGY4OC0zNDM2M2JjN2M0YzAiOnsiY3JlYXRlIjoxMjAwMDAwMDAwMDAwLCJkZWxldGUiOjEyMDAwMDAwMDAwMDAsInVwZGF0ZSI6MTIwMDAwMDAwMDAwMH19",
          "dependencies": [
            "aws_vpc.my_vpc"
          ]
        }
      ]
    },
    {
      "mode": "managed",
      "type": "aws_key_pair",
      "name": "deployer",
      "provider": "provider[\"registry.terraform.io/hashicorp/aws\"]",
      "instances": [
        {
          "schema_version": 1,
          "attributes": {
            "arn": "arn:aws:ec2:eu-west-2:011528279681:key-pair/private",
            "fingerprint": "36:b0:48:05:5d:c4:b1:95:7a:c9:e8:fa:85:11:7d:56",
            "id": "private",
            "key_name": "private",
            "key_name_prefix": "",
            "key_pair_id": "key-0d6739ca63b1727b8",
            "key_type": "rsa",
            "public_key": "ssh-rsa AAAAB3NzaC1yc2EAAAADAQABAAACAQDLmcdauMvtixQrALTDdqlcxEn0jOXOBCulw+Nfr9i5GaDNfHGFQuZNf7lLdBMHws8Y2d76ED9vLGJPWD2uCE0PlUuAjLvIc6WNd5hc5ejJr/ak3ey0EJbOw2Z0Vhh/vVr8Ci8GO1sAsCPMqf/9iIsQrfq2d48MSvnIKt7Gk9DcUDusnmVIKC8AZ9HfLK/PtZ/PkioCjTZPMbazKNHBtkRuAxvXMMk6h4/lx5hPmrpSNor5GeQPfCBbYnGTm0tIwN2x6zd4t31kbVb5rJD/8vlyxp9S7Q664H9D2TMXNjXagaT9TUHhKV3bHkwfEQEUAMYK4yqwOhe7uahS/4fp7X2bc9Pm5DEVUCQHiu+HqerKz26RBgvTXuw7MA1vwLrjCXnrhWKa7DYRQzqWI8bMOTR0TGLFfStNhIAihqSq2kOd45tcN5uuWjMAzmoETurHXSdSxUk3EJCFgaLC8LOBwdzOFauoGpmBn1w6VEeKOSucZv4ASeLR/WPKcPHNoE7NDpKihz4rWAEGMTIdoB0QRKP2cfEsdyZgGlJerDxgI9xgWCxkrwWoisKMltuEEzsL5QXnTyjPLbdcvJTLHyuaMOxT5sTuJXXDHk05TOpQIsgrNT11KCWwQyFC/gcoikoFSMv3UpyC7IepkKpBmLhbOxEBVsmipmPLIKRw5DaUR+ftsQ==",
            "tags": null,
            "tags_all": {
              "hashicorp-learn": "refresh"
            }
          },
          "sensitive_attributes": [],
          "private": "eyJzY2hlbWFfdmVyc2lvbiI6IjEifQ==",
          "dependencies": [
            "tls_private_key.example"
          ]
        }
      ]
    },
    {
      "mode": "managed",
      "type": "aws_route_table",
      "name": "my_route_table",
      "provider": "provider[\"registry.terraform.io/hashicorp/aws\"]",
      "instances": [
        {
          "schema_version": 0,
          "attributes": {
            "arn": "arn:aws:ec2:eu-west-2:011528279681:route-table/rtb-0021e861689e92c4f",
            "id": "rtb-0021e861689e92c4f",
            "owner_id": "011528279681",
            "propagating_vgws": [],
            "route": [
              {
                "carrier_gateway_id": "",
                "cidr_block": "0.0.0.0/0",
                "core_network_arn": "",
                "destination_prefix_list_id": "",
                "egress_only_gateway_id": "",
                "gateway_id": "igw-00903878cbcf92af2",
                "ipv6_cidr_block": "",
                "local_gateway_id": "",
                "nat_gateway_id": "",
                "network_interface_id": "",
                "transit_gateway_id": "",
                "vpc_endpoint_id": "",
                "vpc_peering_connection_id": ""
              }
            ],
            "tags": {
              "Name": "MyRouteTable"
            },
            "tags_all": {
              "Name": "MyRouteTable",
              "hashicorp-learn": "refresh"
            },
            "timeouts": null,
            "vpc_id": "vpc-0e750b26a84504185"
          },
          "sensitive_attributes": [],
          "private": "eyJlMmJmYjczMC1lY2FhLTExZTYtOGY4OC0zNDM2M2JjN2M0YzAiOnsiY3JlYXRlIjozMDAwMDAwMDAwMDAsImRlbGV0ZSI6MzAwMDAwMDAwMDAwLCJ1cGRhdGUiOjEyMDAwMDAwMDAwMH19",
          "dependencies": [
            "aws_internet_gateway.my_igw",
            "aws_vpc.my_vpc"
          ]
        }
      ]
    },
    {
      "mode": "managed",
      "type": "aws_route_table_association",
      "name": "public_subnet_association",
      "provider": "provider[\"registry.terraform.io/hashicorp/aws\"]",
      "instances": [
        {
          "schema_version": 0,
          "attributes": {
            "gateway_id": "",
            "id": "rtbassoc-047ea39780d3079df",
            "route_table_id": "rtb-0021e861689e92c4f",
            "subnet_id": "subnet-0fcbc993df80e7a40",
            "timeouts": null
          },
          "sensitive_attributes": [],
          "private": "eyJlMmJmYjczMC1lY2FhLTExZTYtOGY4OC0zNDM2M2JjN2M0YzAiOnsiY3JlYXRlIjozMDAwMDAwMDAwMDAsImRlbGV0ZSI6MzAwMDAwMDAwMDAwLCJ1cGRhdGUiOjEyMDAwMDAwMDAwMH19",
          "dependencies": [
            "aws_internet_gateway.my_igw",
            "aws_route_table.my_route_table",
            "aws_subnet.public_subnet",
            "aws_vpc.my_vpc"
          ]
        }
      ]
    },
    {
      "mode": "managed",
      "type": "aws_s3_bucket",
      "name": "my_bucket",
      "provider": "provider[\"registry.terraform.io/hashicorp/aws\"]",
      "instances": [
        {
          "schema_version": 0,
          "attributes": {
            "acceleration_status": "",
            "acl": null,
            "arn": "arn:aws:s3:::sdeepak21june",
            "bucket": "sdeepak21june",
            "bucket_domain_name": "sdeepak21june.s3.amazonaws.com",
            "bucket_prefix": "",
            "bucket_regional_domain_name": "sdeepak21june.s3.eu-west-2.amazonaws.com",
            "cors_rule": [],
            "force_destroy": false,
            "grant": [
              {
                "id": "8a66fa119948524c3f0b095fbbca0e59ea759847ae1be191069130023405bcf1",
                "permissions": [
                  "FULL_CONTROL"
                ],
                "type": "CanonicalUser",
                "uri": ""
              }
            ],
            "hosted_zone_id": "Z3GKZC51ZF0DB4",
            "id": "sdeepak21june",
            "lifecycle_rule": [],
            "logging": [],
            "object_lock_configuration": [],
            "object_lock_enabled": false,
            "policy": "",
            "region": "eu-west-2",
            "replication_configuration": [],
            "request_payer": "BucketOwner",
            "server_side_encryption_configuration": [
              {
                "rule": [
                  {
                    "apply_server_side_encryption_by_default": [
                      {
                        "kms_master_key_id": "",
                        "sse_algorithm": "AES256"
                      }
                    ],
                    "bucket_key_enabled": false
                  }
                ]
              }
            ],
            "tags": null,
            "tags_all": {
              "hashicorp-learn": "refresh"
            },
            "timeouts": null,
            "versioning": [
              {
                "enabled": false,
                "mfa_delete": false
              }
            ],
            "website": [],
            "website_domain": null,
            "website_endpoint": null
          },
          "sensitive_attributes": [],
          "private": "eyJlMmJmYjczMC1lY2FhLTExZTYtOGY4OC0zNDM2M2JjN2M0YzAiOnsiY3JlYXRlIjoxMjAwMDAwMDAwMDAwLCJkZWxldGUiOjM2MDAwMDAwMDAwMDAsInJlYWQiOjEyMDAwMDAwMDAwMDAsInVwZGF0ZSI6MTIwMDAwMDAwMDAwMH19"
        }
      ]
    },
    {
      "mode": "managed",
      "type": "aws_s3_bucket_public_access_block",
      "name": "my_bucket_public_access_block",
      "provider": "provider[\"registry.terraform.io/hashicorp/aws\"]",
      "instances": [
        {
          "schema_version": 0,
          "attributes": {
            "block_public_acls": false,
            "block_public_policy": false,
            "bucket": "sdeepak21june",
            "id": "sdeepak21june",
            "ignore_public_acls": false,
            "restrict_public_buckets": false
          },
          "sensitive_attributes": [],
          "private": "bnVsbA==",
          "dependencies": [
            "aws_s3_bucket.my_bucket"
          ]
        }
      ]
    },
    {
      "mode": "managed",
      "type": "aws_security_group",
      "name": "my_security_group",
      "provider": "provider[\"registry.terraform.io/hashicorp/aws\"]",
      "instances": [
        {
          "schema_version": 1,
          "attributes": {
            "arn": "arn:aws:ec2:eu-west-2:011528279681:security-group/sg-05cc81e290482bd58",
            "description": "My security group created by Terraform",
            "egress": [
              {
                "cidr_blocks": [
                  "0.0.0.0/0"
                ],
                "description": "",
                "from_port": 0,
                "ipv6_cidr_blocks": [],
                "prefix_list_ids": [],
                "protocol": "-1",
                "security_groups": [],
                "self": false,
                "to_port": 0
              }
            ],
            "id": "sg-05cc81e290482bd58",
            "ingress": [
              {
                "cidr_blocks": [
                  "0.0.0.0/0"
                ],
                "description": "ingress rule for my_sql",
                "from_port": 3306,
                "ipv6_cidr_blocks": [],
                "prefix_list_ids": [],
                "protocol": "tcp",
                "security_groups": [],
                "self": false,
                "to_port": 3306
              },
              {
                "cidr_blocks": [
                  "0.0.0.0/0"
                ],
                "description": "ingress rule for port 22",
                "from_port": 22,
                "ipv6_cidr_blocks": [],
                "prefix_list_ids": [],
                "protocol": "tcp",
                "security_groups": [],
                "self": false,
                "to_port": 22
              },
              {
                "cidr_blocks": [
                  "0.0.0.0/0"
                ],
                "description": "ingress rule for port 443",
                "from_port": 443,
                "ipv6_cidr_blocks": [],
                "prefix_list_ids": [],
                "protocol": "tcp",
                "security_groups": [],
                "self": false,
                "to_port": 443
              },
              {
                "cidr_blocks": [
                  "0.0.0.0/0"
                ],
                "description": "ingress rule for port 8080 using jenkins",
                "from_port": 8080,
                "ipv6_cidr_blocks": [],
                "prefix_list_ids": [],
                "protocol": "tcp",
                "security_groups": [],
                "self": false,
                "to_port": 8080
              },
              {
                "cidr_blocks": [
                  "0.0.0.0/0"
                ],
                "description": "port enable for nginx",
                "from_port": 80,
                "ipv6_cidr_blocks": [],
                "prefix_list_ids": [],
                "protocol": "tcp",
                "security_groups": [],
                "self": false,
                "to_port": 80
              }
            ],
            "name": "my-security-group",
            "name_prefix": "",
            "owner_id": "011528279681",
            "revoke_rules_on_delete": false,
            "tags": null,
            "tags_all": {
              "hashicorp-learn": "refresh"
            },
            "timeouts": null,
            "vpc_id": "vpc-0e750b26a84504185"
          },
          "sensitive_attributes": [],
          "private": "eyJlMmJmYjczMC1lY2FhLTExZTYtOGY4OC0zNDM2M2JjN2M0YzAiOnsiY3JlYXRlIjo2MDAwMDAwMDAwMDAsImRlbGV0ZSI6OTAwMDAwMDAwMDAwfSwic2NoZW1hX3ZlcnNpb24iOiIxIn0=",
          "dependencies": [
            "aws_vpc.my_vpc"
          ]
        }
      ]
    },
    {
      "mode": "managed",
      "type": "aws_subnet",
      "name": "public_subnet",
      "provider": "provider[\"registry.terraform.io/hashicorp/aws\"]",
      "instances": [
        {
          "schema_version": 1,
          "attributes": {
            "arn": "arn:aws:ec2:eu-west-2:011528279681:subnet/subnet-0fcbc993df80e7a40",
            "assign_ipv6_address_on_creation": false,
            "availability_zone": "eu-west-2a",
            "availability_zone_id": "euw2-az2",
            "cidr_block": "10.0.1.0/24",
            "customer_owned_ipv4_pool": "",
            "enable_dns64": false,
            "enable_lni_at_device_index": 0,
            "enable_resource_name_dns_a_record_on_launch": false,
            "enable_resource_name_dns_aaaa_record_on_launch": false,
            "id": "subnet-0fcbc993df80e7a40",
            "ipv6_cidr_block": "",
            "ipv6_cidr_block_association_id": "",
            "ipv6_native": false,
            "map_customer_owned_ip_on_launch": false,
            "map_public_ip_on_launch": true,
            "outpost_arn": "",
            "owner_id": "011528279681",
            "private_dns_hostname_type_on_launch": "ip-name",
            "tags": {
              "Name": "PublicSubnet"
            },
            "tags_all": {
              "Name": "PublicSubnet",
              "hashicorp-learn": "refresh"
            },
            "timeouts": null,
            "vpc_id": "vpc-0e750b26a84504185"
          },
          "sensitive_attributes": [],
          "private": "eyJlMmJmYjczMC1lY2FhLTExZTYtOGY4OC0zNDM2M2JjN2M0YzAiOnsiY3JlYXRlIjo2MDAwMDAwMDAwMDAsImRlbGV0ZSI6MTIwMDAwMDAwMDAwMH0sInNjaGVtYV92ZXJzaW9uIjoiMSJ9",
          "dependencies": [
            "aws_vpc.my_vpc"
          ]
        }
      ]
    },
    {
      "mode": "managed",
      "type": "aws_vpc",
      "name": "my_vpc",
      "provider": "provider[\"registry.terraform.io/hashicorp/aws\"]",
      "instances": [
        {
          "schema_version": 1,
          "attributes": {
            "arn": "arn:aws:ec2:eu-west-2:011528279681:vpc/vpc-0e750b26a84504185",
            "assign_generated_ipv6_cidr_block": false,
            "cidr_block": "10.0.0.0/16",
            "default_network_acl_id": "acl-012a206a1a3bb7d01",
            "default_route_table_id": "rtb-0542718bceac9151f",
            "default_security_group_id": "sg-04646cdb4a0924c07",
            "dhcp_options_id": "dopt-044e0f5f6789a1e8f",
            "enable_dns_hostnames": true,
            "enable_dns_support": true,
            "enable_network_address_usage_metrics": false,
            "id": "vpc-0e750b26a84504185",
            "instance_tenancy": "default",
            "ipv4_ipam_pool_id": null,
            "ipv4_netmask_length": null,
            "ipv6_association_id": "",
            "ipv6_cidr_block": "",
            "ipv6_cidr_block_network_border_group": "",
            "ipv6_ipam_pool_id": "",
            "ipv6_netmask_length": 0,
            "main_route_table_id": "rtb-0542718bceac9151f",
            "owner_id": "011528279681",
            "tags": {
              "Name": "vpc-1"
            },
            "tags_all": {
              "Name": "vpc-1",
              "hashicorp-learn": "refresh"
            }
          },
          "sensitive_attributes": [],
          "private": "eyJzY2hlbWFfdmVyc2lvbiI6IjEifQ=="
        }
      ]
    },
    {
      "mode": "managed",
      "type": "null_resource",
      "name": "my_instance",
      "provider": "provider[\"registry.terraform.io/hashicorp/null\"]",
      "instances": [
        {
          "schema_version": 0,
          "attributes": {
            "id": "1533960593",
            "triggers": {
              "id": "igw-00903878cbcf92af2"
            }
          },
          "sensitive_attributes": [],
          "dependencies": [
            "aws_internet_gateway.my_igw",
            "aws_vpc.my_vpc"
          ]
        }
      ]
    },
    {
      "mode": "managed",
      "type": "tls_private_key",
      "name": "example",
      "provider": "provider[\"registry.terraform.io/hashicorp/tls\"]",
      "instances": [
        {
          "schema_version": 1,
          "attributes": {
            "algorithm": "RSA",
            "ecdsa_curve": "P224",
            "id": "be70002f8aa9fac97c495773549754b066bfe9ba",
            "private_key_openssh": "-----BEGIN OPENSSH PRIVATE KEY-----\nb3BlbnNzaC1rZXktdjEAAAAABG5vbmUAAAAEbm9uZQAAAAAAAAABAAACFwAAAAdz\nc2gtcnNhAAAAAwEAAQAAAgEAy5nHWrjL7YsUKwC0w3apXMRJ9IzlzgQrpcPjX6/Y\nuRmgzXxxhULmTX+5S3QTB8LPGNne+hA/byxiT1g9rghND5VLgIy7yHOljXeYXOXo\nya/2pN3stBCWzsNmdFYYf71a/AovBjtbALAjzKn//YiLEK36tnePDEr5yCrexpPQ\n3FA7rJ5lSCgvAGfR3yyvz7Wfz5IqAo02TzG2syjRwbZEbgMb1zDJOoeP5ceYT5q6\nUjaK+RnkD3wgW2Jxk5tLSMDdses3eLd9ZG1W+ayQ//L5csafUu0OuuB/Q9kzFzY1\n2oGk/U1B4Sld2x5MHxEBFADGCuMqsDoXu7moUv+H6e19m3PT5uQxFVAkB4rvh6nq\nys9ukQYL017sOzANb8C64wl564Vimuw2EUM6liPGzDk0dExixX0rTYSAIoakqtpD\nneObXDebrlozAM5qBE7qx10nUsVJNxCQhYGiwvCzgcHczhWrqBqZgZ9cOlRHijkr\nnGb+AEni0f1jynDxzaBOzQ6Sooc+K1gBBjEyHaAdEESj9nHxLHcmYBpSXqw8YCPc\nYFgsZK8FqIrCjJbbhBM7C+UF508ozy23XLyUyx8rmjDsU+bE7iV1wx5NOUzqUCLI\nKzU9dSglsEMhQv4HKIpKBUjL91KcguyHqZCqQZi4WzsRAVbJoqZjyyCkcOQ2lEfn\n7bEAAAc4Or5huDq+YbgAAAAHc3NoLXJzYQAAAgEAy5nHWrjL7YsUKwC0w3apXMRJ\n9IzlzgQrpcPjX6/YuRmgzXxxhULmTX+5S3QTB8LPGNne+hA/byxiT1g9rghND5VL\ngIy7yHOljXeYXOXoya/2pN3stBCWzsNmdFYYf71a/AovBjtbALAjzKn//YiLEK36\ntnePDEr5yCrexpPQ3FA7rJ5lSCgvAGfR3yyvz7Wfz5IqAo02TzG2syjRwbZEbgMb\n1zDJOoeP5ceYT5q6UjaK+RnkD3wgW2Jxk5tLSMDdses3eLd9ZG1W+ayQ//L5csaf\nUu0OuuB/Q9kzFzY12oGk/U1B4Sld2x5MHxEBFADGCuMqsDoXu7moUv+H6e19m3PT\n5uQxFVAkB4rvh6nqys9ukQYL017sOzANb8C64wl564Vimuw2EUM6liPGzDk0dExi\nxX0rTYSAIoakqtpDneObXDebrlozAM5qBE7qx10nUsVJNxCQhYGiwvCzgcHczhWr\nqBqZgZ9cOlRHijkrnGb+AEni0f1jynDxzaBOzQ6Sooc+K1gBBjEyHaAdEESj9nHx\nLHcmYBpSXqw8YCPcYFgsZK8FqIrCjJbbhBM7C+UF508ozy23XLyUyx8rmjDsU+bE\n7iV1wx5NOUzqUCLIKzU9dSglsEMhQv4HKIpKBUjL91KcguyHqZCqQZi4WzsRAVbJ\noqZjyyCkcOQ2lEfn7bEAAAADAQABAAACAFMEFtcU9oGa7dRC63GvlorutkDymlkQ\nNkPWxYUkjDedDYX7scXma0U6SPFNGN1XP14gp9xKd7L64/L6RdwKInGyLCD0QTUQ\ngnZWR1fJnstt5iF/I56gDP2tir7ww/iB2vFdraLa3NZA+7fdsTVNUXaxmcKAqWEX\nyRUm9cL+TnEmfc56n012pQODUX2wGNeWdN0L+fkkXvqXiKkwgaZ8jRZWSinKCKLG\n15OXeLEso8AV4UCEoAr4T7EzSKAo999oVHzRLcMY/hXOx2HyTQUvqypzdk83vYPR\nOdMOYtiaEAdSSVXHBI+scEqB5gPcyRXA4v9ZdPR6G2c94jZFXsOxRD89TFWHzGYY\nmi39EGVV1/c/f41j5qg6VxIKx1VTkvCRn8AKMU38JSHQLEw5ikpWkMjiTO/egGoO\nRwVAz6W/4z74d0m+oFuXjskrRfOGySRfuY1uUCmDI4eOOsy5LOcsFr4y4qdsvdNE\nYV17867oW63I9PuTWo+nxEY8yy9no1q5fdEPFvG+B1q2p4jqfUUODzJWetexDXst\n0BsvNt+YFTKEOeaetI/D9GoDmmHYzvhD/eRXCibOdxjrHF+sSkqfunrpvK6foDCZ\nc5jnf0wYjY5tUyUARCecYBwUgev2dX/EPn/wzKofVbTzSHYP8NZes+pIcpoXBlAM\nqBqPeImgSTxJAAABABDPv1Iwn3lKxM+JBCdVz7sATeu3gZUQDlSHNiTsUB+Vc08L\niDHL8z5xlQak4lnkXqVMv2Ub7cnyRF8xkh8qgK4Cp5E9c+WtIh/WvM/TTHxTMXTq\nodip5LqpDByl+ijv7O5OfDaf0UMZKxDmKDbuIx3TIalUAhurMoSgOtPDA44BTl1Y\nhB2qjysXxdMvJb5sFxiiHZMgf9hRe1EFHUi9MI4qw9zMxGHXMDfP2CeZAIGsb9wn\nP0OR0lzRfFNNIlx6UmDcEAbjXyoUL5JZamrUzgg7IAu18bxUrl+Utj8aC6MgAELL\nnqNrme/vVXGCVOykSXWKe2L0LYurmy159N1xVK8AAAEBAM+cWqrezFAFWzmeLQCP\nGLNmkk8keKMvvYcP5DYtEsJSLGfwYkcJshyp+YoQ1uVHNFTsgYRGaQlqqrdN8Fvv\ne/gc9EMoCmH54pPNOuDPzWjNTuIhKk8aFIuSTxKFOViJ/24REIvD8MKDSN/HH+Me\n6W4GofTA1zcaJ9ZZpJ2uFUz5XixS1LMsgEIYguqa2Mr0K3hkjxrilq9N4qz7FlJq\nGCA7GMehUd54Vr3z8QOSr/PeuWd0UqATPVAhYtvg3zHkKbCSXiOIuXyVEYLHmMxQ\nVtgJNFvRL8cKEFy4BUM4/kG7r8MlcQJsmxIQgsr1hvSFC0LqqKIlu53Any5nF9Hn\nu08AAAEBAPsOJ1gOHTDIwL/tGptIN+4FEvjaUwCRDQmkAh2CrhweSNvKUYBWLgLj\nMEUdBb1uc+FpBi+TIWJz4AFDAdnFXH7aS+ydPDykBng9fss8piOosfqERQ4hyN7l\naNnaqgriKVMUcrzdRKkSBdkeumzwwxlvf4PORynOfgRJrY2NK76HItq30+d6Z8t6\njyygSJKcnBLZQQc4bCwBnrPqmYP+Pe9cDJyeC3HoKuz/+IDUUlVg9qNWKYHDPrDv\nsTf82r6axd4QdC8ULgokCxiiGOwc56F+zXCjIv8wC1OYXR5k/Ef511OQfJ4s33c/\nqP7cMcNG9KzqH2vC6EzWYE4HMZMnhv8AAAAAAQID\n-----END OPENSSH PRIVATE KEY-----\n",
            "private_key_pem": "-----BEGIN RSA PRIVATE KEY-----\nMIIJKAIBAAKCAgEAy5nHWrjL7YsUKwC0w3apXMRJ9IzlzgQrpcPjX6/YuRmgzXxx\nhULmTX+5S3QTB8LPGNne+hA/byxiT1g9rghND5VLgIy7yHOljXeYXOXoya/2pN3s\ntBCWzsNmdFYYf71a/AovBjtbALAjzKn//YiLEK36tnePDEr5yCrexpPQ3FA7rJ5l\nSCgvAGfR3yyvz7Wfz5IqAo02TzG2syjRwbZEbgMb1zDJOoeP5ceYT5q6UjaK+Rnk\nD3wgW2Jxk5tLSMDdses3eLd9ZG1W+ayQ//L5csafUu0OuuB/Q9kzFzY12oGk/U1B\n4Sld2x5MHxEBFADGCuMqsDoXu7moUv+H6e19m3PT5uQxFVAkB4rvh6nqys9ukQYL\n017sOzANb8C64wl564Vimuw2EUM6liPGzDk0dExixX0rTYSAIoakqtpDneObXDeb\nrlozAM5qBE7qx10nUsVJNxCQhYGiwvCzgcHczhWrqBqZgZ9cOlRHijkrnGb+AEni\n0f1jynDxzaBOzQ6Sooc+K1gBBjEyHaAdEESj9nHxLHcmYBpSXqw8YCPcYFgsZK8F\nqIrCjJbbhBM7C+UF508ozy23XLyUyx8rmjDsU+bE7iV1wx5NOUzqUCLIKzU9dSgl\nsEMhQv4HKIpKBUjL91KcguyHqZCqQZi4WzsRAVbJoqZjyyCkcOQ2lEfn7bECAwEA\nAQKCAgBTBBbXFPaBmu3UQutxr5aK7rZA8ppZEDZD1sWFJIw3nQ2F+7HF5mtFOkjx\nTRjdVz9eIKfcSney+uPy+kXcCiJxsiwg9EE1EIJ2VkdXyZ7LbeYhfyOeoAz9rYq+\n8MP4gdrxXa2i2tzWQPu33bE1TVF2sZnCgKlhF8kVJvXC/k5xJn3Oep9NdqUDg1F9\nsBjXlnTdC/n5JF76l4ipMIGmfI0WVkopygiixteTl3ixLKPAFeFAhKAK+E+xM0ig\nKPffaFR80S3DGP4Vzsdh8k0FL6sqc3ZPN72D0TnTDmLYmhAHUklVxwSPrHBKgeYD\n3MkVwOL/WXT0ehtnPeI2RV7DsUQ/PUxVh8xmGJot/RBlVdf3P3+NY+aoOlcSCsdV\nU5LwkZ/ACjFN/CUh0CxMOYpKVpDI4kzv3oBqDkcFQM+lv+M++HdJvqBbl47JK0Xz\nhskkX7mNblApgyOHjjrMuSznLBa+MuKnbL3TRGFde/Ou6FutyPT7k1qPp8RGPMsv\nZ6NauX3RDxbxvgdatqeI6n1FDg8yVnrXsQ17LdAbLzbfmBUyhDnmnrSPw/RqA5ph\n2M74Q/3kVwomzncY6xxfrEpKn7p66byun6AwmXOY539MGI2ObVMlAEQnnGAcFIHr\n9nV/xD5/8MyqH1W080h2D/DWXrPqSHKaFwZQDKgaj3iJoEk8SQKCAQEAz5xaqt7M\nUAVbOZ4tAI8Ys2aSTyR4oy+9hw/kNi0SwlIsZ/BiRwmyHKn5ihDW5Uc0VOyBhEZp\nCWqqt03wW+97+Bz0QygKYfnik8064M/NaM1O4iEqTxoUi5JPEoU5WIn/bhEQi8Pw\nwoNI38cf4x7pbgah9MDXNxon1lmkna4VTPleLFLUsyyAQhiC6prYyvQreGSPGuKW\nr03irPsWUmoYIDsYx6FR3nhWvfPxA5Kv8965Z3RSoBM9UCFi2+DfMeQpsJJeI4i5\nfJURgseYzFBW2Ak0W9EvxwoQXLgFQzj+QbuvwyVxAmybEhCCyvWG9IULQuqooiW7\nncCfLmcX0ee7TwKCAQEA+w4nWA4dMMjAv+0am0g37gUS+NpTAJENCaQCHYKuHB5I\n28pRgFYuAuMwRR0FvW5z4WkGL5MhYnPgAUMB2cVcftpL7J08PKQGeD1+yzymI6ix\n+oRFDiHI3uVo2dqqCuIpUxRyvN1EqRIF2R66bPDDGW9/g85HKc5+BEmtjY0rvoci\n2rfT53pny3qPLKBIkpycEtlBBzhsLAGes+qZg/4971wMnJ4Lcegq7P/4gNRSVWD2\no1YpgcM+sO+xN/zavprF3hB0LxQuCiQLGKIY7BznoX7NcKMi/zALU5hdHmT8R/nX\nU5B8nizfdz+o/twxw0b0rOofa8LoTNZgTgcxkyeG/wKCAQAIvKW8JyAmBfOu2w89\nxMffVOO3XOuOwoWRV4PdG8x8TQT9Yspf/vJ17llIDClfAL4dDM7uiCAHe2uvxyHk\nXJG1AVLuOJMnSGLWoX5m05frXyiAr7CeH5TZwtB9EQo2xafwM9ukZhyNswSwFisr\nXbOpI7JRIIRuFzWx+ZfJ4veWg7AI4Xt+BtNm9K0dvmJ9OAVUTbcQBJUez4JIkVCB\nK2HUiWgjjpBpclsEJ23vHo81DhxzVBveDLE53A3S/wWljdqLSb2YdTqJGaThAhFW\nF9NvyANiEc2W7L9/h2cBSza4AXQGHF9DINrtybAXZnnFdIvixwlNuZTJsL+CLmh8\nNupVAoIBAQCLmZEzG5YLvHXBwzxaQEwpZFTqX6xr0jxnsfUjJ7ldFVH6NYQgUst+\n+4mpxLueXD6/hsDTz4Ju1nQm/3WV/HK0bvps9fm61pJqZfeNV4oipflhjg9ADnU9\nzF8DVN3c82l7MxGiB3/Ya5co5jdPwIkcKa3EQv27N4FHLRj+bxN1/HrbGAES5DO3\nJ81ZST9RlxgKOxg3xZ4Q0k3HSZpXlRYndQ3mQNOoYSsNYkBykp29sA81QAIQj9ra\nVE49DbMs7a89DfUtAJGhPe2Vov0svd3nJTVjfrNFJxgFQeH1tr254Cll5CAHbHhO\nPO3h2dsp9Ni1FfKm31iA8WvXt5RPeVlNAoIBABDPv1Iwn3lKxM+JBCdVz7sATeu3\ngZUQDlSHNiTsUB+Vc08LiDHL8z5xlQak4lnkXqVMv2Ub7cnyRF8xkh8qgK4Cp5E9\nc+WtIh/WvM/TTHxTMXTqodip5LqpDByl+ijv7O5OfDaf0UMZKxDmKDbuIx3TIalU\nAhurMoSgOtPDA44BTl1YhB2qjysXxdMvJb5sFxiiHZMgf9hRe1EFHUi9MI4qw9zM\nxGHXMDfP2CeZAIGsb9wnP0OR0lzRfFNNIlx6UmDcEAbjXyoUL5JZamrUzgg7IAu1\n8bxUrl+Utj8aC6MgAELLnqNrme/vVXGCVOykSXWKe2L0LYurmy159N1xVK8=\n-----END RSA PRIVATE KEY-----\n",
            "private_key_pem_pkcs8": "-----BEGIN PRIVATE KEY-----\nMIIJQgIBADANBgkqhkiG9w0BAQEFAASCCSwwggkoAgEAAoICAQDLmcdauMvtixQr\nALTDdqlcxEn0jOXOBCulw+Nfr9i5GaDNfHGFQuZNf7lLdBMHws8Y2d76ED9vLGJP\nWD2uCE0PlUuAjLvIc6WNd5hc5ejJr/ak3ey0EJbOw2Z0Vhh/vVr8Ci8GO1sAsCPM\nqf/9iIsQrfq2d48MSvnIKt7Gk9DcUDusnmVIKC8AZ9HfLK/PtZ/PkioCjTZPMbaz\nKNHBtkRuAxvXMMk6h4/lx5hPmrpSNor5GeQPfCBbYnGTm0tIwN2x6zd4t31kbVb5\nrJD/8vlyxp9S7Q664H9D2TMXNjXagaT9TUHhKV3bHkwfEQEUAMYK4yqwOhe7uahS\n/4fp7X2bc9Pm5DEVUCQHiu+HqerKz26RBgvTXuw7MA1vwLrjCXnrhWKa7DYRQzqW\nI8bMOTR0TGLFfStNhIAihqSq2kOd45tcN5uuWjMAzmoETurHXSdSxUk3EJCFgaLC\n8LOBwdzOFauoGpmBn1w6VEeKOSucZv4ASeLR/WPKcPHNoE7NDpKihz4rWAEGMTId\noB0QRKP2cfEsdyZgGlJerDxgI9xgWCxkrwWoisKMltuEEzsL5QXnTyjPLbdcvJTL\nHyuaMOxT5sTuJXXDHk05TOpQIsgrNT11KCWwQyFC/gcoikoFSMv3UpyC7IepkKpB\nmLhbOxEBVsmipmPLIKRw5DaUR+ftsQIDAQABAoICAFMEFtcU9oGa7dRC63Gvloru\ntkDymlkQNkPWxYUkjDedDYX7scXma0U6SPFNGN1XP14gp9xKd7L64/L6RdwKInGy\nLCD0QTUQgnZWR1fJnstt5iF/I56gDP2tir7ww/iB2vFdraLa3NZA+7fdsTVNUXax\nmcKAqWEXyRUm9cL+TnEmfc56n012pQODUX2wGNeWdN0L+fkkXvqXiKkwgaZ8jRZW\nSinKCKLG15OXeLEso8AV4UCEoAr4T7EzSKAo999oVHzRLcMY/hXOx2HyTQUvqypz\ndk83vYPROdMOYtiaEAdSSVXHBI+scEqB5gPcyRXA4v9ZdPR6G2c94jZFXsOxRD89\nTFWHzGYYmi39EGVV1/c/f41j5qg6VxIKx1VTkvCRn8AKMU38JSHQLEw5ikpWkMji\nTO/egGoORwVAz6W/4z74d0m+oFuXjskrRfOGySRfuY1uUCmDI4eOOsy5LOcsFr4y\n4qdsvdNEYV17867oW63I9PuTWo+nxEY8yy9no1q5fdEPFvG+B1q2p4jqfUUODzJW\netexDXst0BsvNt+YFTKEOeaetI/D9GoDmmHYzvhD/eRXCibOdxjrHF+sSkqfunrp\nvK6foDCZc5jnf0wYjY5tUyUARCecYBwUgev2dX/EPn/wzKofVbTzSHYP8NZes+pI\ncpoXBlAMqBqPeImgSTxJAoIBAQDPnFqq3sxQBVs5ni0AjxizZpJPJHijL72HD+Q2\nLRLCUixn8GJHCbIcqfmKENblRzRU7IGERmkJaqq3TfBb73v4HPRDKAph+eKTzTrg\nz81ozU7iISpPGhSLkk8ShTlYif9uERCLw/DCg0jfxx/jHuluBqH0wNc3GifWWaSd\nrhVM+V4sUtSzLIBCGILqmtjK9Ct4ZI8a4pavTeKs+xZSahggOxjHoVHeeFa98/ED\nkq/z3rlndFKgEz1QIWLb4N8x5Cmwkl4jiLl8lRGCx5jMUFbYCTRb0S/HChBcuAVD\nOP5Bu6/DJXECbJsSEILK9Yb0hQtC6qiiJbudwJ8uZxfR57tPAoIBAQD7DidYDh0w\nyMC/7RqbSDfuBRL42lMAkQ0JpAIdgq4cHkjbylGAVi4C4zBFHQW9bnPhaQYvkyFi\nc+ABQwHZxVx+2kvsnTw8pAZ4PX7LPKYjqLH6hEUOIcje5WjZ2qoK4ilTFHK83USp\nEgXZHrps8MMZb3+Dzkcpzn4ESa2NjSu+hyLat9PnemfLeo8soEiSnJwS2UEHOGws\nAZ6z6pmD/j3vXAycngtx6Crs//iA1FJVYPajVimBwz6w77E3/Nq+msXeEHQvFC4K\nJAsYohjsHOehfs1woyL/MAtTmF0eZPxH+ddTkHyeLN93P6j+3DHDRvSs6h9rwuhM\n1mBOBzGTJ4b/AoIBAAi8pbwnICYF867bDz3Ex99U47dc647ChZFXg90bzHxNBP1i\nyl/+8nXuWUgMKV8Avh0Mzu6IIAd7a6/HIeRckbUBUu44kydIYtahfmbTl+tfKICv\nsJ4flNnC0H0RCjbFp/Az26RmHI2zBLAWKytds6kjslEghG4XNbH5l8ni95aDsAjh\ne34G02b0rR2+Yn04BVRNtxAElR7PgkiRUIErYdSJaCOOkGlyWwQnbe8ejzUOHHNU\nG94MsTncDdL/BaWN2otJvZh1OokZpOECEVYX02/IA2IRzZbsv3+HZwFLNrgBdAYc\nX0Mg2u3JsBdmecV0i+LHCU25lMmwv4IuaHw26lUCggEBAIuZkTMblgu8dcHDPFpA\nTClkVOpfrGvSPGex9SMnuV0VUfo1hCBSy377ianEu55cPr+GwNPPgm7WdCb/dZX8\ncrRu+mz1+brWkmpl941XiiKl+WGOD0AOdT3MXwNU3dzzaXszEaIHf9hrlyjmN0/A\niRwprcRC/bs3gUctGP5vE3X8etsYARLkM7cnzVlJP1GXGAo7GDfFnhDSTcdJmleV\nFid1DeZA06hhKw1iQHKSnb2wDzVAAhCP2tpUTj0Nsyztrz0N9S0AkaE97ZWi/Sy9\n3eclNWN+s0UnGAVB4fW2vbngKWXkIAdseE487eHZ2yn02LUV8qbfWIDxa9e3lE95\nWU0CggEAEM+/UjCfeUrEz4kEJ1XPuwBN67eBlRAOVIc2JOxQH5VzTwuIMcvzPnGV\nBqTiWeRepUy/ZRvtyfJEXzGSHyqArgKnkT1z5a0iH9a8z9NMfFMxdOqh2KnkuqkM\nHKX6KO/s7k58Np/RQxkrEOYoNu4jHdMhqVQCG6syhKA608MDjgFOXViEHaqPKxfF\n0y8lvmwXGKIdkyB/2FF7UQUdSL0wjirD3MzEYdcwN8/YJ5kAgaxv3Cc/Q5HSXNF8\nU00iXHpSYNwQBuNfKhQvkllqatTOCDsgC7XxvFSuX5S2PxoLoyAAQsueo2uZ7+9V\ncYJU7KRJdYp7YvQti6ubLXn03XFUrw==\n-----END PRIVATE KEY-----\n",
            "public_key_fingerprint_md5": "e8:69:04:f2:65:7b:b6:30:22:7d:40:63:60:c4:79:a8",
            "public_key_fingerprint_sha256": "SHA256:4hqL5zw811SU2E5xvH1Ju29JaCWfLCJY6l5TFPk3JcQ",
            "public_key_openssh": "ssh-rsa AAAAB3NzaC1yc2EAAAADAQABAAACAQDLmcdauMvtixQrALTDdqlcxEn0jOXOBCulw+Nfr9i5GaDNfHGFQuZNf7lLdBMHws8Y2d76ED9vLGJPWD2uCE0PlUuAjLvIc6WNd5hc5ejJr/ak3ey0EJbOw2Z0Vhh/vVr8Ci8GO1sAsCPMqf/9iIsQrfq2d48MSvnIKt7Gk9DcUDusnmVIKC8AZ9HfLK/PtZ/PkioCjTZPMbazKNHBtkRuAxvXMMk6h4/lx5hPmrpSNor5GeQPfCBbYnGTm0tIwN2x6zd4t31kbVb5rJD/8vlyxp9S7Q664H9D2TMXNjXagaT9TUHhKV3bHkwfEQEUAMYK4yqwOhe7uahS/4fp7X2bc9Pm5DEVUCQHiu+HqerKz26RBgvTXuw7MA1vwLrjCXnrhWKa7DYRQzqWI8bMOTR0TGLFfStNhIAihqSq2kOd45tcN5uuWjMAzmoETurHXSdSxUk3EJCFgaLC8LOBwdzOFauoGpmBn1w6VEeKOSucZv4ASeLR/WPKcPHNoE7NDpKihz4rWAEGMTIdoB0QRKP2cfEsdyZgGlJerDxgI9xgWCxkrwWoisKMltuEEzsL5QXnTyjPLbdcvJTLHyuaMOxT5sTuJXXDHk05TOpQIsgrNT11KCWwQyFC/gcoikoFSMv3UpyC7IepkKpBmLhbOxEBVsmipmPLIKRw5DaUR+ftsQ==\n",
            "public_key_pem": "-----BEGIN PUBLIC KEY-----\nMIICIjANBgkqhkiG9w0BAQEFAAOCAg8AMIICCgKCAgEAy5nHWrjL7YsUKwC0w3ap\nXMRJ9IzlzgQrpcPjX6/YuRmgzXxxhULmTX+5S3QTB8LPGNne+hA/byxiT1g9rghN\nD5VLgIy7yHOljXeYXOXoya/2pN3stBCWzsNmdFYYf71a/AovBjtbALAjzKn//YiL\nEK36tnePDEr5yCrexpPQ3FA7rJ5lSCgvAGfR3yyvz7Wfz5IqAo02TzG2syjRwbZE\nbgMb1zDJOoeP5ceYT5q6UjaK+RnkD3wgW2Jxk5tLSMDdses3eLd9ZG1W+ayQ//L5\ncsafUu0OuuB/Q9kzFzY12oGk/U1B4Sld2x5MHxEBFADGCuMqsDoXu7moUv+H6e19\nm3PT5uQxFVAkB4rvh6nqys9ukQYL017sOzANb8C64wl564Vimuw2EUM6liPGzDk0\ndExixX0rTYSAIoakqtpDneObXDebrlozAM5qBE7qx10nUsVJNxCQhYGiwvCzgcHc\nzhWrqBqZgZ9cOlRHijkrnGb+AEni0f1jynDxzaBOzQ6Sooc+K1gBBjEyHaAdEESj\n9nHxLHcmYBpSXqw8YCPcYFgsZK8FqIrCjJbbhBM7C+UF508ozy23XLyUyx8rmjDs\nU+bE7iV1wx5NOUzqUCLIKzU9dSglsEMhQv4HKIpKBUjL91KcguyHqZCqQZi4WzsR\nAVbJoqZjyyCkcOQ2lEfn7bECAwEAAQ==\n-----END PUBLIC KEY-----\n",
            "rsa_bits": 4096
          },
          "sensitive_attributes": [
            [
              {
                "type": "get_attr",
                "value": "private_key_openssh"
              }
            ],
            [
              {
                "type": "get_attr",
                "value": "private_key_pem_pkcs8"
              }
            ],
            [
              {
                "type": "get_attr",
                "value": "private_key_pem"
              }
            ]
          ]
        }
      ]
    }
  ],
  "check_results": null
}
