{
  "version": 4,
  "terraform_version": "1.12.2",
  "serial": 576,
  "lineage": "c599caff-4fd3-a951-d3aa-7044c041c80d",
  "outputs": {
    "ami": {
      "value": [
        "ami-0d1b5a8c13042c939",
        "ami-0d1b5a8c13042c939"
      ],
      "type": [
        "tuple",
        [
          "string",
          "string"
        ]
      ]
    },
    "aws_lb": {
      "value": "subnet-01ed2a881f334c22e",
      "type": "string"
    },
    "ec2_key": {
      "value": [
        "private",
        "private"
      ],
      "type": [
        "tuple",
        [
          "string",
          "string"
        ]
      ]
    },
    "instance_id": {
      "value": [
        "i-000e02e5c34e081ee",
        "i-0370f286c69422865"
      ],
      "type": [
        "tuple",
        [
          "string",
          "string"
        ]
      ]
    },
    "jenkins_url": {
      "value": "http://18.224.58.241,18.217.181.119:8080",
      "type": "string"
    },
    "private_key_pem": {
      "value": "-----BEGIN RSA PRIVATE KEY-----\nMIIJKAIBAAKCAgEA5nWTFe4aZ5mgL7pBR53d5zlWDED8oS2VGrkPd5BBWXgHlDL/\nQ9KDvphQEGxc8NfTpwvBvmvjixnS+KCpnuAz0P2THVw/hxUfheUZcYeijUfibWga\nmbp5Ncwcpi6I6Z48o+9vBMjWko6595uxWR/FuB66tZkqYXOteqs6Ua5uMK2JO4+R\nNZBAGwwRV+3qkZKaHQnpHZPmiZD1fa1tTG5z8u6tCoj9YzMy7zT99ynEz2zAByjl\no17X1oKVOtCAuzNgacyceiRKixHcDH/R/Xm9/7bskDV4NJ2xXxMA1xE9IHxE3srj\nhpyGErNQcnEFO90O8744B/mbytwKPz699O0DRcUUFg4v94tsem8bYSOp7P/5UlvL\nxozQnjXx4jeH+Ux0wvqEp3sSBbYi2qFPYpDCC1VQ7bE6h9PUCGCgObQpf1qTG5tp\nsuXg7Mq1vQSH78hDtmg4hrLJFI6jxcaQYQ3XQKz08137zPhEF8nuYxGZhAXUlUrE\nfSZhiabGCiul9IzNgrVw+7AWyTZUYiqUlcL5tc579hD0VtXSH0Xu5UohziOWJ+Q2\npjDbUKtGD7efvX0iDCEnDFYnkqXeRvVe4ncok3J377f9iuRYKZYVEG3lAMJwl0z6\n3hagMSzSPDVYiVabH2f6mXfSd5VacYX0QcH4XUKNJJ3cllCWu2KMTnOgxF0CAwEA\nAQKCAgAZ/Ojg5eByYv+OV5mO7ZLIGqNvxFBODf7XbEZTPErc6k0ofXZi+9/sDpmm\nEHeL7TqqhrKKuk3cMhr5UIdwKWY5IK8woLtv4duT1MRBai3UHWa/jFLGQndIBW62\n9V5ubG/4KJhDWNvhhljFlE1eeIJqWITDf7R+GCEC8+t3/zc2eWCVUoOUdQzVlU8g\ntEKUYeIhI4H3L5DQCIRhGhJ44P0QSFvuaTOcYSSoQY3gtllsQ/OE8IFczTrXr2gL\n9taIGwC5+DSDuDNJFXLUB1dIbIHBeVZEjihc/pSxh59mS++xtHHBEe4FuwGKJaW3\nvLOouYKQd+3c8F03dggYc7HQvH12xOeVEvqqvPdwTb0cs9TGA1uGIkbRmsM8zPvD\n4N0QUZB7IuGp/3RN8tPbeRMuWJI3T57m8B86nW/AEMDoWp8ACVqPSCymiDJLoP0s\nY++fmwPj5y5hUw/qdabDKo+/7scVep7jjIxU5ayw8SMxRA9XyPJtJMpI+Bq7a6BK\nOsvg2PyyspiTXaNeUgasBQFemdgb2O1vpzWcZkveR03sSrW+1bSAp6xNYPIpH/Gm\nC+qcBAjXqavBcuMe728NDaHlrVcQeC8QXQjILudc5TnsxUTvic8Nfc949FcKhBV6\ndDuAzJ5u+O8rMheGQBc0jVe8o6K+R+IR6jO8ytsG/IWbO9UPPQKCAQEA82dXSkMs\nEI8cMmiGUGuiI+wpWproUnJEK72fJ6gb2xmOz/j+sy+FpnuB1mu6UnYT8hRtVKVr\nljXQNiiPdkPNq7EDLP4aE2Bf2WK1F1+3FAELp4FCQwgVpl1rgV4mXSmR78bkkt5E\n5V4/xGSO8E9TWWsIeNdYuoxvtVqrvpm1CeZNlMffnr1pvL+xIwF70wBGze9Jmv40\no16fqCLSOkgb0blp6xJXR4ZJthmWgyOpOkrl4Id4kItIyF/ovpgNv4t1+ZUjFIGW\nkAN3PXSOWNwsWUIiRt2WhN0h6eTQLwtgwshJtMLc5iDiMDU2RoFtVPuiXBuKGQ/u\nalM3KGs4VuPxJwKCAQEA8mK+YFse+YNvCAIzCxPr9wderiNCPHbGwVBZHgtPAU2l\nmWB6qNZFHHFJZzsbtN9f4OznHThsVvBMZrUCKZj6iqQLhRaxfbueF1HOMIUDsdGG\nST6rI9Cle3Oq+Ex1JNkua45CIEaZVfaZhpca1TAldpYSGFiIvHv9TnvN/3d7d02R\nUS55cBY1LXRKRqD1l8G4ZxjCm6EAnHaA+RDw36FjUFORP0EdgaXfxsOhafIlSBZm\nlXzu6QEVyEV77D64YprewQK9zzHUQ4jh/X7rTLvmu47BzVRRogr3It/NKi2fpFPB\nXYOME2sFm1010zZNlT+iUZ5sSckB34zDHS83Ys3I2wKCAQAY0wVYEZnA5pednIN2\nWEPlHgTptLrVDcpeG6zLwp10rxqdo2t2ovYikJ4hXENYfapzGho8c9KRM1PU8jYP\nfcLQK/GC+Td3mnCsHyERDTYC2Eh0AP7dD0oF+akpPIz1G3RC3CobwIeOTRp70TWy\n1KRPjlcC3BO0kvYhrOmvOsX4CIEJF4l7Cx5pnbNXOqOCVZjjD/CV2i9MKi5mW4bN\nYuVTcnGXA/va05tY8ysinNR5mYHwcGCffVUi+oUmSyO70WFq3wcA5GaSsYfLwMNz\n1KDBSbltONRNILCAxlFlOufXdc3unaEh52CqQgMTFcgszq00b6qZ+8H5HhuWB7lr\nQzwpAoIBAQCuxjSwFgRHtlYhWDSmED9daJsExbfFEYBPdDhOSak2L17xMXhAtgAv\neiCLpztbOJZSAYDEuSKlra/pfyuIAx7lSVRlKu/g0aA1AG/E3KTFW2eQ+Pc+Y/xv\nAACP+dGeOFwYggN8cmuuaJpbSim2/3iEAcIae/xcrKsCJJNtWiJU7EGUYAaApALE\nO84zD20HeFAXRutMfNOL/ocREP4ewqhyC0/4ZGN6ULkDAZ0qX8gyKrTdpbA/ouCq\nADBTMQaTU0i7s9ZZyHxeFh2eRB42vmapZ06nV91lErMRGn89opgyTZJoc6pVdh4c\n4SEmo0leDPxmDe3XZnFLWJx4NsuhGvFxAoIBAHD48o7Wnbii8XryR80mZiY3D49e\nK61IRl0XaKf/n24U5v2OLwdIpACtr8uMnuuSjrCPufSBpW/HjKa0s2oeySF7hIc4\nik89Y62HAI4zEju+10Yxc9WWc1j4hjMk/JlBNzFgL31kSFo3eRfSqdlov6DCRdkZ\n3UlrAFYUu960rbJt5DpcuY8kSQP5cuSxMRnFNaW3x5kQdz4Y2dcFMqUmG5djQihw\nNY65zdOk9d2JOFWk1h+8XR5gd4KJV5HWC8HpwfXrj+yR+NJHCSBrvS9D3QTOMoIm\nUbD/f92SwEXfJ2cUSnv57hPPtCJR6vH/BG7dP2XvWiqeP2ZFPz1DzQCvI1w=\n-----END RSA PRIVATE KEY-----\n",
      "type": "string",
      "sensitive": true
    },
    "public_ip": {
      "value": [
        "18.224.58.241",
        "18.217.181.119"
      ],
      "type": [
        "tuple",
        [
          "string",
          "string"
        ]
      ]
    },
    "subnet_id": {
      "value": "subnet-01ed2a881f334c22e",
      "type": "string"
    },
    "target_id": {
      "value": [
        "i-000e02e5c34e081ee",
        "i-0370f286c69422865"
      ],
      "type": [
        "tuple",
        [
          "string",
          "string"
        ]
      ]
    },
    "vpc_id": {
      "value": "vpc-02e1e777d2f6514c0",
      "type": "string"
    }
  },
  "resources": [
    {
      "mode": "data",
      "type": "aws_availability_zones",
      "name": "available",
      "provider": "provider[\"registry.terraform.io/hashicorp/aws\"]",
      "instances": [
        {
          "schema_version": 0,
          "attributes": {
            "all_availability_zones": null,
            "exclude_names": null,
            "exclude_zone_ids": null,
            "filter": null,
            "group_names": [
              "us-east-2-zg-1"
            ],
            "id": "us-east-2",
            "names": [
              "us-east-2a",
              "us-east-2b",
              "us-east-2c"
            ],
            "region": "us-east-2",
            "state": "available",
            "timeouts": null,
            "zone_ids": [
              "use2-az1",
              "use2-az2",
              "use2-az3"
            ]
          },
          "sensitive_attributes": [],
          "identity_schema_version": 0
        }
      ]
    },
    {
      "mode": "managed",
      "type": "aws_instance",
      "name": "my_instance",
      "provider": "provider[\"registry.terraform.io/hashicorp/aws\"]",
      "instances": [
        {
          "index_key": 0,
          "schema_version": 2,
          "attributes": {
            "ami": "ami-0d1b5a8c13042c939",
            "arn": "arn:aws:ec2:us-east-2:853463361937:instance/i-000e02e5c34e081ee",
            "associate_public_ip_address": true,
            "availability_zone": "us-east-2a",
            "capacity_reservation_specification": [
              {
                "capacity_reservation_preference": "open",
                "capacity_reservation_target": []
              }
            ],
            "cpu_options": [
              {
                "amd_sev_snp": "",
                "core_count": 1,
                "threads_per_core": 2
              }
            ],
            "credit_specification": [
              {
                "cpu_credits": "unlimited"
              }
            ],
            "disable_api_stop": false,
            "disable_api_termination": false,
            "ebs_block_device": [
              {
                "delete_on_termination": true,
                "device_name": "/dev/sda1",
                "encrypted": false,
                "iops": 3000,
                "kms_key_id": "",
                "snapshot_id": "",
                "tags": {},
                "tags_all": {
                  "hashicorp-learn": "refresh"
                },
                "throughput": 125,
                "volume_id": "vol-0374be9dc5f6c3140",
                "volume_size": 10,
                "volume_type": "gp3"
              }
            ],
            "ebs_optimized": false,
            "enable_primary_ipv6": null,
            "enclave_options": [
              {
                "enabled": false
              }
            ],
            "ephemeral_block_device": [],
            "force_destroy": false,
            "get_password_data": false,
            "hibernation": false,
            "host_id": "",
            "host_resource_group_arn": null,
            "iam_instance_profile": "",
            "id": "i-000e02e5c34e081ee",
            "instance_initiated_shutdown_behavior": "stop",
            "instance_lifecycle": "",
            "instance_market_options": [],
            "instance_state": "running",
            "instance_type": "t3.micro",
            "ipv6_address_count": 0,
            "ipv6_addresses": [],
            "key_name": "private",
            "launch_template": [],
            "maintenance_options": [
              {
                "auto_recovery": "default"
              }
            ],
            "metadata_options": [
              {
                "http_endpoint": "enabled",
                "http_protocol_ipv6": "disabled",
                "http_put_response_hop_limit": 2,
                "http_tokens": "required",
                "instance_metadata_tags": "disabled"
              }
            ],
            "monitoring": false,
            "network_interface": [],
            "outpost_arn": "",
            "password_data": "",
            "placement_group": "",
            "placement_partition_number": 0,
            "primary_network_interface_id": "eni-01eee9a21544eb887",
            "private_dns": "ip-10-0-0-153.us-east-2.compute.internal",
            "private_dns_name_options": [
              {
                "enable_resource_name_dns_a_record": false,
                "enable_resource_name_dns_aaaa_record": false,
                "hostname_type": "ip-name"
              }
            ],
            "private_ip": "10.0.0.153",
            "public_dns": "ec2-18-224-58-241.us-east-2.compute.amazonaws.com",
            "public_ip": "18.224.58.241",
            "region": "us-east-2",
            "root_block_device": [
              {
                "delete_on_termination": true,
                "device_name": "/dev/sda1",
                "encrypted": false,
                "iops": 3000,
                "kms_key_id": "",
                "tags": {},
                "tags_all": {
                  "hashicorp-learn": "refresh"
                },
                "throughput": 125,
                "volume_id": "vol-0374be9dc5f6c3140",
                "volume_size": 10,
                "volume_type": "gp3"
              }
            ],
            "secondary_private_ips": [],
            "security_groups": [],
            "source_dest_check": true,
            "spot_instance_request_id": "",
            "subnet_id": "subnet-01ed2a881f334c22e",
            "tags": {
              "Name": "server-1"
            },
            "tags_all": {
              "Name": "server-1",
              "hashicorp-learn": "refresh"
            },
            "tenancy": "default",
            "timeouts": null,
            "user_data": "#!/bin/bash\nsudo apt-get update\nsudo apt-get install -y openjdk-17-jdk\n\nwget -q -O - https://pkg.jenkins.io/debian/jenkins.io.key | sudo apt-key add - \nsudo sh -c 'echo deb http://pkg.jenkins.io/debian-stable binary/ \u003e /etc/apt/sources.list.d/jenkins.list'\nsudo apt-key adv --keyserver keyserver.ubuntu.com --recv-keys 5BA31D57EF5975CA\nsudo apt-get update -y\nsudo apt-get install -y jenkins\nsudo systemctl start jenkins\nsudo systemctl enable jenkins\n",
            "user_data_base64": null,
            "user_data_replace_on_change": false,
            "volume_tags": null,
            "vpc_security_group_ids": [
              "sg-0475a22fa71f97c7e"
            ]
          },
          "sensitive_attributes": [],
          "identity_schema_version": 0,
          "private": "eyJlMmJmYjczMC1lY2FhLTExZTYtOGY4OC0zNDM2M2JjN2M0YzAiOnsiY3JlYXRlIjo2MDAwMDAwMDAwMDAsImRlbGV0ZSI6MTIwMDAwMDAwMDAwMCwicmVhZCI6OTAwMDAwMDAwMDAwLCJ1cGRhdGUiOjYwMDAwMDAwMDAwMH0sInNjaGVtYV92ZXJzaW9uIjoiMiJ9",
          "dependencies": [
            "aws_key_pair.deployer",
            "aws_security_group.my_security_group",
            "aws_subnet.public_subnet",
            "aws_vpc.my_vpc",
            "data.aws_availability_zones.available",
            "tls_private_key.example"
          ]
        },
        {
          "index_key": 1,
          "schema_version": 2,
          "attributes": {
            "ami": "ami-0d1b5a8c13042c939",
            "arn": "arn:aws:ec2:us-east-2:853463361937:instance/i-0370f286c69422865",
            "associate_public_ip_address": true,
            "availability_zone": "us-east-2a",
            "capacity_reservation_specification": [
              {
                "capacity_reservation_preference": "open",
                "capacity_reservation_target": []
              }
            ],
            "cpu_options": [
              {
                "amd_sev_snp": "",
                "core_count": 1,
                "threads_per_core": 2
              }
            ],
            "credit_specification": [
              {
                "cpu_credits": "unlimited"
              }
            ],
            "disable_api_stop": false,
            "disable_api_termination": false,
            "ebs_block_device": [
              {
                "delete_on_termination": true,
                "device_name": "/dev/sda1",
                "encrypted": false,
                "iops": 3000,
                "kms_key_id": "",
                "snapshot_id": "",
                "tags": {},
                "tags_all": {
                  "hashicorp-learn": "refresh"
                },
                "throughput": 125,
                "volume_id": "vol-08e0bbc7a01cc4301",
                "volume_size": 10,
                "volume_type": "gp3"
              }
            ],
            "ebs_optimized": false,
            "enable_primary_ipv6": null,
            "enclave_options": [
              {
                "enabled": false
              }
            ],
            "ephemeral_block_device": [],
            "force_destroy": false,
            "get_password_data": false,
            "hibernation": false,
            "host_id": "",
            "host_resource_group_arn": null,
            "iam_instance_profile": "",
            "id": "i-0370f286c69422865",
            "instance_initiated_shutdown_behavior": "stop",
            "instance_lifecycle": "",
            "instance_market_options": [],
            "instance_state": "running",
            "instance_type": "t3.micro",
            "ipv6_address_count": 0,
            "ipv6_addresses": [],
            "key_name": "private",
            "launch_template": [],
            "maintenance_options": [
              {
                "auto_recovery": "default"
              }
            ],
            "metadata_options": [
              {
                "http_endpoint": "enabled",
                "http_protocol_ipv6": "disabled",
                "http_put_response_hop_limit": 2,
                "http_tokens": "required",
                "instance_metadata_tags": "disabled"
              }
            ],
            "monitoring": false,
            "network_interface": [],
            "outpost_arn": "",
            "password_data": "",
            "placement_group": "",
            "placement_partition_number": 0,
            "primary_network_interface_id": "eni-076b233330763b0b0",
            "private_dns": "ip-10-0-0-119.us-east-2.compute.internal",
            "private_dns_name_options": [
              {
                "enable_resource_name_dns_a_record": false,
                "enable_resource_name_dns_aaaa_record": false,
                "hostname_type": "ip-name"
              }
            ],
            "private_ip": "10.0.0.119",
            "public_dns": "ec2-18-217-181-119.us-east-2.compute.amazonaws.com",
            "public_ip": "18.217.181.119",
            "region": "us-east-2",
            "root_block_device": [
              {
                "delete_on_termination": true,
                "device_name": "/dev/sda1",
                "encrypted": false,
                "iops": 3000,
                "kms_key_id": "",
                "tags": {},
                "tags_all": {
                  "hashicorp-learn": "refresh"
                },
                "throughput": 125,
                "volume_id": "vol-08e0bbc7a01cc4301",
                "volume_size": 10,
                "volume_type": "gp3"
              }
            ],
            "secondary_private_ips": [],
            "security_groups": [],
            "source_dest_check": true,
            "spot_instance_request_id": "",
            "subnet_id": "subnet-01ed2a881f334c22e",
            "tags": {
              "Name": "server-2"
            },
            "tags_all": {
              "Name": "server-2",
              "hashicorp-learn": "refresh"
            },
            "tenancy": "default",
            "timeouts": null,
            "user_data": "#!/bin/bash\nsudo apt-get update\nsudo apt-get install -y openjdk-17-jdk\n\nwget -q -O - https://pkg.jenkins.io/debian/jenkins.io.key | sudo apt-key add - \nsudo sh -c 'echo deb http://pkg.jenkins.io/debian-stable binary/ \u003e /etc/apt/sources.list.d/jenkins.list'\nsudo apt-key adv --keyserver keyserver.ubuntu.com --recv-keys 5BA31D57EF5975CA\nsudo apt-get update -y\nsudo apt-get install -y jenkins\nsudo systemctl start jenkins\nsudo systemctl enable jenkins\n",
            "user_data_base64": null,
            "user_data_replace_on_change": false,
            "volume_tags": null,
            "vpc_security_group_ids": [
              "sg-0475a22fa71f97c7e"
            ]
          },
          "sensitive_attributes": [],
          "identity_schema_version": 0,
          "private": "eyJlMmJmYjczMC1lY2FhLTExZTYtOGY4OC0zNDM2M2JjN2M0YzAiOnsiY3JlYXRlIjo2MDAwMDAwMDAwMDAsImRlbGV0ZSI6MTIwMDAwMDAwMDAwMCwicmVhZCI6OTAwMDAwMDAwMDAwLCJ1cGRhdGUiOjYwMDAwMDAwMDAwMH0sInNjaGVtYV92ZXJzaW9uIjoiMiJ9",
          "dependencies": [
            "aws_key_pair.deployer",
            "aws_security_group.my_security_group",
            "aws_subnet.public_subnet",
            "aws_vpc.my_vpc",
            "data.aws_availability_zones.available",
            "tls_private_key.example"
          ]
        }
      ]
    },
    {
      "mode": "managed",
      "type": "aws_internet_gateway",
      "name": "my_igw",
      "provider": "provider[\"registry.terraform.io/hashicorp/aws\"]",
      "instances": [
        {
          "schema_version": 0,
          "attributes": {
            "arn": "arn:aws:ec2:us-east-2:853463361937:internet-gateway/igw-049ddea6d5407e18c",
            "id": "igw-049ddea6d5407e18c",
            "owner_id": "853463361937",
            "region": "us-east-2",
            "tags": null,
            "tags_all": {
              "hashicorp-learn": "refresh"
            },
            "timeouts": null,
            "vpc_id": "vpc-02e1e777d2f6514c0"
          },
          "sensitive_attributes": [],
          "identity_schema_version": 0,
          "private": "eyJlMmJmYjczMC1lY2FhLTExZTYtOGY4OC0zNDM2M2JjN2M0YzAiOnsiY3JlYXRlIjoxMjAwMDAwMDAwMDAwLCJkZWxldGUiOjEyMDAwMDAwMDAwMDAsInVwZGF0ZSI6MTIwMDAwMDAwMDAwMH19",
          "dependencies": [
            "aws_vpc.my_vpc"
          ]
        }
      ]
    },
    {
      "mode": "managed",
      "type": "aws_key_pair",
      "name": "deployer",
      "provider": "provider[\"registry.terraform.io/hashicorp/aws\"]",
      "instances": [
        {
          "schema_version": 1,
          "attributes": {
            "arn": "arn:aws:ec2:us-east-2:853463361937:key-pair/private",
            "fingerprint": "dd:41:4c:ef:c2:53:76:0b:14:ba:30:93:bf:75:d1:c1",
            "id": "private",
            "key_name": "private",
            "key_name_prefix": "",
            "key_pair_id": "key-0ec3635dd4f29bca2",
            "key_type": "rsa",
            "public_key": "ssh-rsa AAAAB3NzaC1yc2EAAAADAQABAAACAQDmdZMV7hpnmaAvukFHnd3nOVYMQPyhLZUauQ93kEFZeAeUMv9D0oO+mFAQbFzw19OnC8G+a+OLGdL4oKme4DPQ/ZMdXD+HFR+F5Rlxh6KNR+JtaBqZunk1zBymLojpnjyj728EyNaSjrn3m7FZH8W4Hrq1mSphc616qzpRrm4wrYk7j5E1kEAbDBFX7eqRkpodCekdk+aJkPV9rW1MbnPy7q0KiP1jMzLvNP33KcTPbMAHKOWjXtfWgpU60IC7M2BpzJx6JEqLEdwMf9H9eb3/tuyQNXg0nbFfEwDXET0gfETeyuOGnIYSs1BycQU73Q7zvjgH+ZvK3Ao/Pr307QNFxRQWDi/3i2x6bxthI6ns//lSW8vGjNCeNfHiN4f5THTC+oSnexIFtiLaoU9ikMILVVDtsTqH09QIYKA5tCl/WpMbm2my5eDsyrW9BIfvyEO2aDiGsskUjqPFxpBhDddArPTzXfvM+EQXye5jEZmEBdSVSsR9JmGJpsYKK6X0jM2CtXD7sBbJNlRiKpSVwvm1znv2EPRW1dIfRe7lSiHOI5Yn5DamMNtQq0YPt5+9fSIMIScMVieSpd5G9V7idyiTcnfvt/2K5FgplhUQbeUAwnCXTPreFqAxLNI8NViJVpsfZ/qZd9J3lVpxhfRBwfhdQo0kndyWUJa7YoxOc6DEXQ==",
            "region": "us-east-2",
            "tags": null,
            "tags_all": {
              "hashicorp-learn": "refresh"
            }
          },
          "sensitive_attributes": [],
          "identity_schema_version": 0,
          "private": "eyJzY2hlbWFfdmVyc2lvbiI6IjEifQ==",
          "dependencies": [
            "tls_private_key.example"
          ]
        }
      ]
    },
    {
      "mode": "managed",
      "type": "aws_lb",
      "name": "app_lb",
      "provider": "provider[\"registry.terraform.io/hashicorp/aws\"]",
      "instances": [
        {
          "schema_version": 0,
          "attributes": {
            "access_logs": [
              {
                "bucket": "",
                "enabled": false,
                "prefix": ""
              }
            ],
            "arn": "arn:aws:elasticloadbalancing:us-east-2:853463361937:loadbalancer/app/my-app-lb/bf48e179099c057c",
            "arn_suffix": "app/my-app-lb/bf48e179099c057c",
            "client_keep_alive": 3600,
            "connection_logs": [
              {
                "bucket": "",
                "enabled": false,
                "prefix": ""
              }
            ],
            "customer_owned_ipv4_pool": "",
            "desync_mitigation_mode": "defensive",
            "dns_name": "my-app-lb-2074389698.us-east-2.elb.amazonaws.com",
            "dns_record_client_routing_policy": null,
            "drop_invalid_header_fields": false,
            "enable_cross_zone_load_balancing": true,
            "enable_deletion_protection": false,
            "enable_http2": true,
            "enable_tls_version_and_cipher_suite_headers": false,
            "enable_waf_fail_open": false,
            "enable_xff_client_port": false,
            "enable_zonal_shift": false,
            "enforce_security_group_inbound_rules_on_private_link_traffic": "",
            "id": "arn:aws:elasticloadbalancing:us-east-2:853463361937:loadbalancer/app/my-app-lb/bf48e179099c057c",
            "idle_timeout": 60,
            "internal": false,
            "ip_address_type": "ipv4",
            "ipam_pools": [],
            "load_balancer_type": "application",
            "minimum_load_balancer_capacity": [],
            "name": "my-app-lb",
            "name_prefix": "",
            "preserve_host_header": false,
            "region": "us-east-2",
            "security_groups": [
              "sg-0475a22fa71f97c7e"
            ],
            "subnet_mapping": [
              {
                "allocation_id": "",
                "ipv6_address": "",
                "outpost_id": "",
                "private_ipv4_address": "",
                "subnet_id": "subnet-01ed2a881f334c22e"
              },
              {
                "allocation_id": "",
                "ipv6_address": "",
                "outpost_id": "",
                "private_ipv4_address": "",
                "subnet_id": "subnet-0f8396157e8974a0a"
              }
            ],
            "subnets": [
              "subnet-01ed2a881f334c22e",
              "subnet-0f8396157e8974a0a"
            ],
            "tags": null,
            "tags_all": {
              "hashicorp-learn": "refresh"
            },
            "timeouts": null,
            "vpc_id": "vpc-02e1e777d2f6514c0",
            "xff_header_processing_mode": "append",
            "zone_id": "Z3AADJGX6KTTL2"
          },
          "sensitive_attributes": [],
          "identity_schema_version": 0,
          "identity": {
            "arn": "arn:aws:elasticloadbalancing:us-east-2:853463361937:loadbalancer/app/my-app-lb/bf48e179099c057c"
          },
          "private": "eyJlMmJmYjczMC1lY2FhLTExZTYtOGY4OC0zNDM2M2JjN2M0YzAiOnsiY3JlYXRlIjo2MDAwMDAwMDAwMDAsImRlbGV0ZSI6NjAwMDAwMDAwMDAwLCJ1cGRhdGUiOjYwMDAwMDAwMDAwMH19",
          "dependencies": [
            "aws_security_group.my_security_group",
            "aws_subnet.public_subnet",
            "aws_vpc.my_vpc",
            "data.aws_availability_zones.available"
          ]
        }
      ]
    },
    {
      "mode": "managed",
      "type": "aws_lb_listener",
      "name": "http",
      "provider": "provider[\"registry.terraform.io/hashicorp/aws\"]",
      "instances": [
        {
          "schema_version": 0,
          "attributes": {
            "alpn_policy": null,
            "arn": "arn:aws:elasticloadbalancing:us-east-2:853463361937:listener/app/my-app-lb/bf48e179099c057c/fddca0df906ed668",
            "certificate_arn": null,
            "default_action": [
              {
                "authenticate_cognito": [],
                "authenticate_oidc": [],
                "fixed_response": [],
                "forward": [],
                "order": 1,
                "redirect": [],
                "target_group_arn": "arn:aws:elasticloadbalancing:us-east-2:853463361937:targetgroup/app-tg/eacb186fa7662382",
                "type": "forward"
              }
            ],
            "id": "arn:aws:elasticloadbalancing:us-east-2:853463361937:listener/app/my-app-lb/bf48e179099c057c/fddca0df906ed668",
            "load_balancer_arn": "arn:aws:elasticloadbalancing:us-east-2:853463361937:loadbalancer/app/my-app-lb/bf48e179099c057c",
            "mutual_authentication": [],
            "port": 80,
            "protocol": "HTTP",
            "region": "us-east-2",
            "routing_http_request_x_amzn_mtls_clientcert_header_name": null,
            "routing_http_request_x_amzn_mtls_clientcert_issuer_header_name": null,
            "routing_http_request_x_amzn_mtls_clientcert_leaf_header_name": null,
            "routing_http_request_x_amzn_mtls_clientcert_serial_number_header_name": null,
            "routing_http_request_x_amzn_mtls_clientcert_subject_header_name": null,
            "routing_http_request_x_amzn_mtls_clientcert_validity_header_name": null,
            "routing_http_request_x_amzn_tls_cipher_suite_header_name": null,
            "routing_http_request_x_amzn_tls_version_header_name": null,
            "routing_http_response_access_control_allow_credentials_header_value": "",
            "routing_http_response_access_control_allow_headers_header_value": "",
            "routing_http_response_access_control_allow_methods_header_value": "",
            "routing_http_response_access_control_allow_origin_header_value": "",
            "routing_http_response_access_control_expose_headers_header_value": "",
            "routing_http_response_access_control_max_age_header_value": "",
            "routing_http_response_content_security_policy_header_value": "",
            "routing_http_response_server_enabled": true,
            "routing_http_response_strict_transport_security_header_value": "",
            "routing_http_response_x_content_type_options_header_value": "",
            "routing_http_response_x_frame_options_header_value": "",
            "ssl_policy": "",
            "tags": null,
            "tags_all": {
              "hashicorp-learn": "refresh"
            },
            "tcp_idle_timeout_seconds": null,
            "timeouts": null
          },
          "sensitive_attributes": [],
          "identity_schema_version": 0,
          "identity": {
            "arn": "arn:aws:elasticloadbalancing:us-east-2:853463361937:listener/app/my-app-lb/bf48e179099c057c/fddca0df906ed668"
          },
          "private": "eyJlMmJmYjczMC1lY2FhLTExZTYtOGY4OC0zNDM2M2JjN2M0YzAiOnsiY3JlYXRlIjozMDAwMDAwMDAwMDAsInVwZGF0ZSI6MzAwMDAwMDAwMDAwfX0=",
          "dependencies": [
            "aws_lb.app_lb",
            "aws_lb_target_group.app_tg",
            "aws_security_group.my_security_group",
            "aws_subnet.public_subnet",
            "aws_vpc.my_vpc",
            "data.aws_availability_zones.available"
          ]
        }
      ]
    },
    {
      "mode": "managed",
      "type": "aws_lb_target_group",
      "name": "app_tg",
      "provider": "provider[\"registry.terraform.io/hashicorp/aws\"]",
      "instances": [
        {
          "schema_version": 0,
          "attributes": {
            "arn": "arn:aws:elasticloadbalancing:us-east-2:853463361937:targetgroup/app-tg/eacb186fa7662382",
            "arn_suffix": "targetgroup/app-tg/eacb186fa7662382",
            "connection_termination": null,
            "deregistration_delay": "300",
            "health_check": [
              {
                "enabled": true,
                "healthy_threshold": 2,
                "interval": 30,
                "matcher": "200-399",
                "path": "/",
                "port": "traffic-port",
                "protocol": "HTTP",
                "timeout": 5,
                "unhealthy_threshold": 2
              }
            ],
            "id": "arn:aws:elasticloadbalancing:us-east-2:853463361937:targetgroup/app-tg/eacb186fa7662382",
            "ip_address_type": "ipv4",
            "lambda_multi_value_headers_enabled": false,
            "load_balancer_arns": [],
            "load_balancing_algorithm_type": "round_robin",
            "load_balancing_anomaly_mitigation": "off",
            "load_balancing_cross_zone_enabled": "use_load_balancer_configuration",
            "name": "app-tg",
            "name_prefix": "",
            "port": 80,
            "preserve_client_ip": null,
            "protocol": "HTTP",
            "protocol_version": "HTTP1",
            "proxy_protocol_v2": false,
            "region": "us-east-2",
            "slow_start": 0,
            "stickiness": [
              {
                "cookie_duration": 86400,
                "cookie_name": "",
                "enabled": false,
                "type": "lb_cookie"
              }
            ],
            "tags": null,
            "tags_all": {
              "hashicorp-learn": "refresh"
            },
            "target_failover": [
              {
                "on_deregistration": null,
                "on_unhealthy": null
              }
            ],
            "target_group_health": [
              {
                "dns_failover": [
                  {
                    "minimum_healthy_targets_count": "1",
                    "minimum_healthy_targets_percentage": "off"
                  }
                ],
                "unhealthy_state_routing": [
                  {
                    "minimum_healthy_targets_count": 1,
                    "minimum_healthy_targets_percentage": "off"
                  }
                ]
              }
            ],
            "target_health_state": [
              {
                "enable_unhealthy_connection_termination": null,
                "unhealthy_draining_interval": null
              }
            ],
            "target_type": "instance",
            "vpc_id": "vpc-02e1e777d2f6514c0"
          },
          "sensitive_attributes": [],
          "identity_schema_version": 0,
          "identity": {
            "arn": "arn:aws:elasticloadbalancing:us-east-2:853463361937:targetgroup/app-tg/eacb186fa7662382"
          },
          "private": "bnVsbA==",
          "dependencies": [
            "aws_vpc.my_vpc"
          ]
        }
      ]
    },
    {
      "mode": "managed",
      "type": "aws_lb_target_group_attachment",
      "name": "tg_attachment",
      "provider": "provider[\"registry.terraform.io/hashicorp/aws\"]",
      "instances": [
        {
          "index_key": 0,
          "schema_version": 0,
          "attributes": {
            "availability_zone": null,
            "id": "arn:aws:elasticloadbalancing:us-east-2:853463361937:targetgroup/app-tg/eacb186fa7662382-20250819072416544900000005",
            "port": 80,
            "region": "us-east-2",
            "target_group_arn": "arn:aws:elasticloadbalancing:us-east-2:853463361937:targetgroup/app-tg/eacb186fa7662382",
            "target_id": "i-000e02e5c34e081ee"
          },
          "sensitive_attributes": [],
          "identity_schema_version": 0,
          "private": "bnVsbA==",
          "dependencies": [
            "aws_instance.my_instance",
            "aws_key_pair.deployer",
            "aws_lb_target_group.app_tg",
            "aws_security_group.my_security_group",
            "aws_subnet.public_subnet",
            "aws_vpc.my_vpc",
            "data.aws_availability_zones.available",
            "tls_private_key.example"
          ]
        },
        {
          "index_key": 1,
          "schema_version": 0,
          "attributes": {
            "availability_zone": null,
            "id": "arn:aws:elasticloadbalancing:us-east-2:853463361937:targetgroup/app-tg/eacb186fa7662382-20250819072416149000000004",
            "port": 80,
            "region": "us-east-2",
            "target_group_arn": "arn:aws:elasticloadbalancing:us-east-2:853463361937:targetgroup/app-tg/eacb186fa7662382",
            "target_id": "i-000e02e5c34e081ee"
          },
          "sensitive_attributes": [],
          "identity_schema_version": 0,
          "private": "bnVsbA==",
          "dependencies": [
            "aws_instance.my_instance",
            "aws_key_pair.deployer",
            "aws_lb_target_group.app_tg",
            "aws_security_group.my_security_group",
            "aws_subnet.public_subnet",
            "aws_vpc.my_vpc",
            "data.aws_availability_zones.available",
            "tls_private_key.example"
          ]
        }
      ]
    },
    {
      "mode": "managed",
      "type": "aws_route_table",
      "name": "my_route_table",
      "provider": "provider[\"registry.terraform.io/hashicorp/aws\"]",
      "instances": [
        {
          "schema_version": 0,
          "attributes": {
            "arn": "arn:aws:ec2:us-east-2:853463361937:route-table/rtb-04496d4462ceab757",
            "id": "rtb-04496d4462ceab757",
            "owner_id": "853463361937",
            "propagating_vgws": [],
            "region": "us-east-2",
            "route": [
              {
                "carrier_gateway_id": "",
                "cidr_block": "0.0.0.0/0",
                "core_network_arn": "",
                "destination_prefix_list_id": "",
                "egress_only_gateway_id": "",
                "gateway_id": "igw-049ddea6d5407e18c",
                "ipv6_cidr_block": "",
                "local_gateway_id": "",
                "nat_gateway_id": "",
                "network_interface_id": "",
                "transit_gateway_id": "",
                "vpc_endpoint_id": "",
                "vpc_peering_connection_id": ""
              }
            ],
            "tags": {
              "Name": "My-Route-Table"
            },
            "tags_all": {
              "Name": "My-Route-Table",
              "hashicorp-learn": "refresh"
            },
            "timeouts": null,
            "vpc_id": "vpc-02e1e777d2f6514c0"
          },
          "sensitive_attributes": [],
          "identity_schema_version": 0,
          "private": "eyJlMmJmYjczMC1lY2FhLTExZTYtOGY4OC0zNDM2M2JjN2M0YzAiOnsiY3JlYXRlIjozMDAwMDAwMDAwMDAsImRlbGV0ZSI6MzAwMDAwMDAwMDAwLCJ1cGRhdGUiOjEyMDAwMDAwMDAwMH19",
          "dependencies": [
            "aws_internet_gateway.my_igw",
            "aws_vpc.my_vpc"
          ]
        }
      ]
    },
    {
      "mode": "managed",
      "type": "aws_route_table_association",
      "name": "public_subnet_association",
      "provider": "provider[\"registry.terraform.io/hashicorp/aws\"]",
      "instances": [
        {
          "index_key": 0,
          "schema_version": 0,
          "attributes": {
            "gateway_id": "",
            "id": "rtbassoc-02a5306ecccd04e57",
            "region": "us-east-2",
            "route_table_id": "rtb-04496d4462ceab757",
            "subnet_id": "subnet-01ed2a881f334c22e",
            "timeouts": null
          },
          "sensitive_attributes": [],
          "identity_schema_version": 0,
          "private": "eyJlMmJmYjczMC1lY2FhLTExZTYtOGY4OC0zNDM2M2JjN2M0YzAiOnsiY3JlYXRlIjozMDAwMDAwMDAwMDAsImRlbGV0ZSI6MzAwMDAwMDAwMDAwLCJ1cGRhdGUiOjEyMDAwMDAwMDAwMH19",
          "dependencies": [
            "aws_internet_gateway.my_igw",
            "aws_route_table.my_route_table",
            "aws_subnet.public_subnet",
            "aws_vpc.my_vpc",
            "data.aws_availability_zones.available"
          ]
        },
        {
          "index_key": 1,
          "schema_version": 0,
          "attributes": {
            "gateway_id": "",
            "id": "rtbassoc-00ee6c97083efb0be",
            "region": "us-east-2",
            "route_table_id": "rtb-04496d4462ceab757",
            "subnet_id": "subnet-0f8396157e8974a0a",
            "timeouts": null
          },
          "sensitive_attributes": [],
          "identity_schema_version": 0,
          "private": "eyJlMmJmYjczMC1lY2FhLTExZTYtOGY4OC0zNDM2M2JjN2M0YzAiOnsiY3JlYXRlIjozMDAwMDAwMDAwMDAsImRlbGV0ZSI6MzAwMDAwMDAwMDAwLCJ1cGRhdGUiOjEyMDAwMDAwMDAwMH19",
          "dependencies": [
            "aws_internet_gateway.my_igw",
            "aws_route_table.my_route_table",
            "aws_subnet.public_subnet",
            "aws_vpc.my_vpc",
            "data.aws_availability_zones.available"
          ]
        }
      ]
    },
    {
      "mode": "managed",
      "type": "aws_s3_bucket",
      "name": "my_bucket",
      "provider": "provider[\"registry.terraform.io/hashicorp/aws\"]",
      "instances": [
        {
          "schema_version": 0,
          "attributes": {
            "acceleration_status": "",
            "acl": null,
            "arn": "arn:aws:s3:::sdeepak21june",
            "bucket": "sdeepak21june",
            "bucket_domain_name": "sdeepak21june.s3.amazonaws.com",
            "bucket_prefix": "",
            "bucket_region": "us-east-2",
            "bucket_regional_domain_name": "sdeepak21june.s3.us-east-2.amazonaws.com",
            "cors_rule": [],
            "force_destroy": false,
            "grant": [
              {
                "id": "5a865baf9d967eaa0046fe3e76219c933c8856d9b9db3dea527d666c054e96ec",
                "permissions": [
                  "FULL_CONTROL"
                ],
                "type": "CanonicalUser",
                "uri": ""
              }
            ],
            "hosted_zone_id": "Z2O1EMRO9K5GLX",
            "id": "sdeepak21june",
            "lifecycle_rule": [],
            "logging": [],
            "object_lock_configuration": [],
            "object_lock_enabled": false,
            "policy": "",
            "region": "us-east-2",
            "replication_configuration": [],
            "request_payer": "BucketOwner",
            "server_side_encryption_configuration": [
              {
                "rule": [
                  {
                    "apply_server_side_encryption_by_default": [
                      {
                        "kms_master_key_id": "",
                        "sse_algorithm": "AES256"
                      }
                    ],
                    "bucket_key_enabled": false
                  }
                ]
              }
            ],
            "tags": null,
            "tags_all": {
              "hashicorp-learn": "refresh"
            },
            "timeouts": null,
            "versioning": [
              {
                "enabled": false,
                "mfa_delete": false
              }
            ],
            "website": [],
            "website_domain": null,
            "website_endpoint": null
          },
          "sensitive_attributes": [],
          "identity_schema_version": 0,
          "identity": {
            "account_id": "853463361937",
            "bucket": "sdeepak21june",
            "region": "us-east-2"
          },
          "private": "eyJlMmJmYjczMC1lY2FhLTExZTYtOGY4OC0zNDM2M2JjN2M0YzAiOnsiY3JlYXRlIjoxMjAwMDAwMDAwMDAwLCJkZWxldGUiOjM2MDAwMDAwMDAwMDAsInJlYWQiOjEyMDAwMDAwMDAwMDAsInVwZGF0ZSI6MTIwMDAwMDAwMDAwMH19"
        }
      ]
    },
    {
      "mode": "managed",
      "type": "aws_s3_bucket_public_access_block",
      "name": "my_bucket_public_access_block",
      "provider": "provider[\"registry.terraform.io/hashicorp/aws\"]",
      "instances": [
        {
          "schema_version": 0,
          "attributes": {
            "block_public_acls": false,
            "block_public_policy": false,
            "bucket": "sdeepak21june",
            "id": "sdeepak21june",
            "ignore_public_acls": false,
            "region": "us-east-2",
            "restrict_public_buckets": false,
            "skip_destroy": null
          },
          "sensitive_attributes": [],
          "identity_schema_version": 0,
          "private": "bnVsbA==",
          "dependencies": [
            "aws_s3_bucket.my_bucket"
          ]
        }
      ]
    },
    {
      "mode": "managed",
      "type": "aws_security_group",
      "name": "my_security_group",
      "provider": "provider[\"registry.terraform.io/hashicorp/aws\"]",
      "instances": [
        {
          "schema_version": 1,
          "attributes": {
            "arn": "arn:aws:ec2:us-east-2:853463361937:security-group/sg-0475a22fa71f97c7e",
            "description": "My security group created by Terraform",
            "egress": [
              {
                "cidr_blocks": [
                  "0.0.0.0/0"
                ],
                "description": "",
                "from_port": 0,
                "ipv6_cidr_blocks": [],
                "prefix_list_ids": [],
                "protocol": "-1",
                "security_groups": [],
                "self": false,
                "to_port": 0
              }
            ],
            "id": "sg-0475a22fa71f97c7e",
            "ingress": [
              {
                "cidr_blocks": [
                  "0.0.0.0/0"
                ],
                "description": "ingress rule for my_sql",
                "from_port": 3306,
                "ipv6_cidr_blocks": [],
                "prefix_list_ids": [],
                "protocol": "tcp",
                "security_groups": [],
                "self": false,
                "to_port": 3306
              },
              {
                "cidr_blocks": [
                  "0.0.0.0/0"
                ],
                "description": "ingress rule for port 22",
                "from_port": 22,
                "ipv6_cidr_blocks": [],
                "prefix_list_ids": [],
                "protocol": "tcp",
                "security_groups": [],
                "self": false,
                "to_port": 22
              },
              {
                "cidr_blocks": [
                  "0.0.0.0/0"
                ],
                "description": "ingress rule for port 443",
                "from_port": 443,
                "ipv6_cidr_blocks": [],
                "prefix_list_ids": [],
                "protocol": "tcp",
                "security_groups": [],
                "self": false,
                "to_port": 443
              },
              {
                "cidr_blocks": [
                  "0.0.0.0/0"
                ],
                "description": "ingress rule for port 8080 using jenkins",
                "from_port": 8080,
                "ipv6_cidr_blocks": [],
                "prefix_list_ids": [],
                "protocol": "tcp",
                "security_groups": [],
                "self": false,
                "to_port": 8080
              },
              {
                "cidr_blocks": [
                  "0.0.0.0/0"
                ],
                "description": "port enable for nginx",
                "from_port": 80,
                "ipv6_cidr_blocks": [],
                "prefix_list_ids": [],
                "protocol": "tcp",
                "security_groups": [],
                "self": false,
                "to_port": 80
              }
            ],
            "name": "my-security-group",
            "name_prefix": "",
            "owner_id": "853463361937",
            "region": "us-east-2",
            "revoke_rules_on_delete": false,
            "tags": null,
            "tags_all": {
              "hashicorp-learn": "refresh"
            },
            "timeouts": null,
            "vpc_id": "vpc-02e1e777d2f6514c0"
          },
          "sensitive_attributes": [],
          "identity_schema_version": 0,
          "identity": {
            "account_id": "853463361937",
            "id": "sg-0475a22fa71f97c7e",
            "region": "us-east-2"
          },
          "private": "eyJlMmJmYjczMC1lY2FhLTExZTYtOGY4OC0zNDM2M2JjN2M0YzAiOnsiY3JlYXRlIjo2MDAwMDAwMDAwMDAsImRlbGV0ZSI6OTAwMDAwMDAwMDAwfSwic2NoZW1hX3ZlcnNpb24iOiIxIn0=",
          "dependencies": [
            "aws_vpc.my_vpc"
          ]
        }
      ]
    },
    {
      "mode": "managed",
      "type": "aws_subnet",
      "name": "public_subnet",
      "provider": "provider[\"registry.terraform.io/hashicorp/aws\"]",
      "instances": [
        {
          "index_key": 0,
          "schema_version": 1,
          "attributes": {
            "arn": "arn:aws:ec2:us-east-2:853463361937:subnet/subnet-01ed2a881f334c22e",
            "assign_ipv6_address_on_creation": false,
            "availability_zone": "us-east-2a",
            "availability_zone_id": "use2-az1",
            "cidr_block": "10.0.0.0/24",
            "customer_owned_ipv4_pool": "",
            "enable_dns64": false,
            "enable_lni_at_device_index": 0,
            "enable_resource_name_dns_a_record_on_launch": false,
            "enable_resource_name_dns_aaaa_record_on_launch": false,
            "id": "subnet-01ed2a881f334c22e",
            "ipv6_cidr_block": "",
            "ipv6_cidr_block_association_id": "",
            "ipv6_native": false,
            "map_customer_owned_ip_on_launch": false,
            "map_public_ip_on_launch": true,
            "outpost_arn": "",
            "owner_id": "853463361937",
            "private_dns_hostname_type_on_launch": "ip-name",
            "region": "us-east-2",
            "tags": {
              "Name": "Public-Subnet-1"
            },
            "tags_all": {
              "Name": "Public-Subnet-1",
              "hashicorp-learn": "refresh"
            },
            "timeouts": null,
            "vpc_id": "vpc-02e1e777d2f6514c0"
          },
          "sensitive_attributes": [],
          "identity_schema_version": 0,
          "private": "eyJlMmJmYjczMC1lY2FhLTExZTYtOGY4OC0zNDM2M2JjN2M0YzAiOnsiY3JlYXRlIjo2MDAwMDAwMDAwMDAsImRlbGV0ZSI6MTIwMDAwMDAwMDAwMH0sInNjaGVtYV92ZXJzaW9uIjoiMSJ9",
          "dependencies": [
            "aws_vpc.my_vpc",
            "data.aws_availability_zones.available"
          ]
        },
        {
          "index_key": 1,
          "schema_version": 1,
          "attributes": {
            "arn": "arn:aws:ec2:us-east-2:853463361937:subnet/subnet-0f8396157e8974a0a",
            "assign_ipv6_address_on_creation": false,
            "availability_zone": "us-east-2b",
            "availability_zone_id": "use2-az2",
            "cidr_block": "10.0.1.0/24",
            "customer_owned_ipv4_pool": "",
            "enable_dns64": false,
            "enable_lni_at_device_index": 0,
            "enable_resource_name_dns_a_record_on_launch": false,
            "enable_resource_name_dns_aaaa_record_on_launch": false,
            "id": "subnet-0f8396157e8974a0a",
            "ipv6_cidr_block": "",
            "ipv6_cidr_block_association_id": "",
            "ipv6_native": false,
            "map_customer_owned_ip_on_launch": false,
            "map_public_ip_on_launch": true,
            "outpost_arn": "",
            "owner_id": "853463361937",
            "private_dns_hostname_type_on_launch": "ip-name",
            "region": "us-east-2",
            "tags": {
              "Name": "Public-Subnet-2"
            },
            "tags_all": {
              "Name": "Public-Subnet-2",
              "hashicorp-learn": "refresh"
            },
            "timeouts": null,
            "vpc_id": "vpc-02e1e777d2f6514c0"
          },
          "sensitive_attributes": [],
          "identity_schema_version": 0,
          "private": "eyJlMmJmYjczMC1lY2FhLTExZTYtOGY4OC0zNDM2M2JjN2M0YzAiOnsiY3JlYXRlIjo2MDAwMDAwMDAwMDAsImRlbGV0ZSI6MTIwMDAwMDAwMDAwMH0sInNjaGVtYV92ZXJzaW9uIjoiMSJ9",
          "dependencies": [
            "aws_vpc.my_vpc",
            "data.aws_availability_zones.available"
          ]
        }
      ]
    },
    {
      "mode": "managed",
      "type": "aws_vpc",
      "name": "my_vpc",
      "provider": "provider[\"registry.terraform.io/hashicorp/aws\"]",
      "instances": [
        {
          "schema_version": 1,
          "attributes": {
            "arn": "arn:aws:ec2:us-east-2:853463361937:vpc/vpc-02e1e777d2f6514c0",
            "assign_generated_ipv6_cidr_block": false,
            "cidr_block": "10.0.0.0/16",
            "default_network_acl_id": "acl-0306a69d3a5fade79",
            "default_route_table_id": "rtb-0843328d7c70b9257",
            "default_security_group_id": "sg-054c098d8d90a242d",
            "dhcp_options_id": "dopt-0f27f58cffe5569bb",
            "enable_dns_hostnames": true,
            "enable_dns_support": true,
            "enable_network_address_usage_metrics": false,
            "id": "vpc-02e1e777d2f6514c0",
            "instance_tenancy": "default",
            "ipv4_ipam_pool_id": null,
            "ipv4_netmask_length": null,
            "ipv6_association_id": "",
            "ipv6_cidr_block": "",
            "ipv6_cidr_block_network_border_group": "",
            "ipv6_ipam_pool_id": "",
            "ipv6_netmask_length": 0,
            "main_route_table_id": "rtb-0843328d7c70b9257",
            "owner_id": "853463361937",
            "region": "us-east-2",
            "tags": {
              "Name": "vpc-1"
            },
            "tags_all": {
              "Name": "vpc-1",
              "hashicorp-learn": "refresh"
            }
          },
          "sensitive_attributes": [],
          "identity_schema_version": 0,
          "private": "eyJzY2hlbWFfdmVyc2lvbiI6IjEifQ=="
        }
      ]
    },
    {
      "mode": "managed",
      "type": "null_resource",
      "name": "my_instance",
      "provider": "provider[\"registry.terraform.io/hashicorp/null\"]",
      "instances": [
        {
          "schema_version": 0,
          "attributes": {
            "id": "7688590987739189778",
            "triggers": {
              "id": "igw-049ddea6d5407e18c"
            }
          },
          "sensitive_attributes": [],
          "identity_schema_version": 0,
          "dependencies": [
            "aws_internet_gateway.my_igw",
            "aws_vpc.my_vpc"
          ]
        }
      ]
    },
    {
      "mode": "managed",
      "type": "tls_private_key",
      "name": "example",
      "provider": "provider[\"registry.terraform.io/hashicorp/tls\"]",
      "instances": [
        {
          "schema_version": 1,
          "attributes": {
            "algorithm": "RSA",
            "ecdsa_curve": "P224",
            "id": "81243cf162ee0c8f92725aa1d231e21cc8671995",
            "private_key_openssh": "-----BEGIN OPENSSH PRIVATE KEY-----\nb3BlbnNzaC1rZXktdjEAAAAABG5vbmUAAAAEbm9uZQAAAAAAAAABAAACFwAAAAdz\nc2gtcnNhAAAAAwEAAQAAAgEA5nWTFe4aZ5mgL7pBR53d5zlWDED8oS2VGrkPd5BB\nWXgHlDL/Q9KDvphQEGxc8NfTpwvBvmvjixnS+KCpnuAz0P2THVw/hxUfheUZcYei\njUfibWgambp5Ncwcpi6I6Z48o+9vBMjWko6595uxWR/FuB66tZkqYXOteqs6Ua5u\nMK2JO4+RNZBAGwwRV+3qkZKaHQnpHZPmiZD1fa1tTG5z8u6tCoj9YzMy7zT99ynE\nz2zAByjlo17X1oKVOtCAuzNgacyceiRKixHcDH/R/Xm9/7bskDV4NJ2xXxMA1xE9\nIHxE3srjhpyGErNQcnEFO90O8744B/mbytwKPz699O0DRcUUFg4v94tsem8bYSOp\n7P/5UlvLxozQnjXx4jeH+Ux0wvqEp3sSBbYi2qFPYpDCC1VQ7bE6h9PUCGCgObQp\nf1qTG5tpsuXg7Mq1vQSH78hDtmg4hrLJFI6jxcaQYQ3XQKz08137zPhEF8nuYxGZ\nhAXUlUrEfSZhiabGCiul9IzNgrVw+7AWyTZUYiqUlcL5tc579hD0VtXSH0Xu5Uoh\nziOWJ+Q2pjDbUKtGD7efvX0iDCEnDFYnkqXeRvVe4ncok3J377f9iuRYKZYVEG3l\nAMJwl0z63hagMSzSPDVYiVabH2f6mXfSd5VacYX0QcH4XUKNJJ3cllCWu2KMTnOg\nxF0AAAc40SH0aNEh9GgAAAAHc3NoLXJzYQAAAgEA5nWTFe4aZ5mgL7pBR53d5zlW\nDED8oS2VGrkPd5BBWXgHlDL/Q9KDvphQEGxc8NfTpwvBvmvjixnS+KCpnuAz0P2T\nHVw/hxUfheUZcYeijUfibWgambp5Ncwcpi6I6Z48o+9vBMjWko6595uxWR/FuB66\ntZkqYXOteqs6Ua5uMK2JO4+RNZBAGwwRV+3qkZKaHQnpHZPmiZD1fa1tTG5z8u6t\nCoj9YzMy7zT99ynEz2zAByjlo17X1oKVOtCAuzNgacyceiRKixHcDH/R/Xm9/7bs\nkDV4NJ2xXxMA1xE9IHxE3srjhpyGErNQcnEFO90O8744B/mbytwKPz699O0DRcUU\nFg4v94tsem8bYSOp7P/5UlvLxozQnjXx4jeH+Ux0wvqEp3sSBbYi2qFPYpDCC1VQ\n7bE6h9PUCGCgObQpf1qTG5tpsuXg7Mq1vQSH78hDtmg4hrLJFI6jxcaQYQ3XQKz0\n8137zPhEF8nuYxGZhAXUlUrEfSZhiabGCiul9IzNgrVw+7AWyTZUYiqUlcL5tc57\n9hD0VtXSH0Xu5UohziOWJ+Q2pjDbUKtGD7efvX0iDCEnDFYnkqXeRvVe4ncok3J3\n77f9iuRYKZYVEG3lAMJwl0z63hagMSzSPDVYiVabH2f6mXfSd5VacYX0QcH4XUKN\nJJ3cllCWu2KMTnOgxF0AAAADAQABAAACABn86ODl4HJi/45XmY7tksgao2/EUE4N\n/tdsRlM8StzqTSh9dmL73+wOmaYQd4vtOqqGsoq6TdwyGvlQh3ApZjkgrzCgu2/h\n25PUxEFqLdQdZr+MUsZCd0gFbrb1Xm5sb/gomENY2+GGWMWUTV54gmpYhMN/tH4Y\nIQLz63f/NzZ5YJVSg5R1DNWVTyC0QpRh4iEjgfcvkNAIhGEaEnjg/RBIW+5pM5xh\nJKhBjeC2WWxD84TwgVzNOtevaAv21ogbALn4NIO4M0kVctQHV0hsgcF5VkSOKFz+\nlLGHn2ZL77G0ccER7gW7AYolpbe8s6i5gpB37dzwXTd2CBhzsdC8fXbE55US+qq8\n93BNvRyz1MYDW4YiRtGawzzM+8Pg3RBRkHsi4an/dE3y09t5Ey5YkjdPnubwHzqd\nb8AQwOhanwAJWo9ILKaIMkug/Sxj75+bA+PnLmFTD+p1psMqj7/uxxV6nuOMjFTl\nrLDxIzFED1fI8m0kykj4GrtroEo6y+DY/LKymJNdo15SBqwFAV6Z2BvY7W+nNZxm\nS95HTexKtb7VtICnrE1g8ikf8aYL6pwECNepq8Fy4x7vbw0NoeWtVxB4LxBdCMgu\n51zlOezFRO+Jzw19z3j0VwqEFXp0O4DMnm747ysyF4ZAFzSNV7yjor5H4hHqM7zK\n2wb8hZs71Q89AAABAHD48o7Wnbii8XryR80mZiY3D49eK61IRl0XaKf/n24U5v2O\nLwdIpACtr8uMnuuSjrCPufSBpW/HjKa0s2oeySF7hIc4ik89Y62HAI4zEju+10Yx\nc9WWc1j4hjMk/JlBNzFgL31kSFo3eRfSqdlov6DCRdkZ3UlrAFYUu960rbJt5Dpc\nuY8kSQP5cuSxMRnFNaW3x5kQdz4Y2dcFMqUmG5djQihwNY65zdOk9d2JOFWk1h+8\nXR5gd4KJV5HWC8HpwfXrj+yR+NJHCSBrvS9D3QTOMoImUbD/f92SwEXfJ2cUSnv5\n7hPPtCJR6vH/BG7dP2XvWiqeP2ZFPz1DzQCvI1wAAAEBAPNnV0pDLBCPHDJohlBr\noiPsKVqa6FJyRCu9nyeoG9sZjs/4/rMvhaZ7gdZrulJ2E/IUbVSla5Y10DYoj3ZD\nzauxAyz+GhNgX9litRdftxQBC6eBQkMIFaZda4FeJl0pke/G5JLeROVeP8RkjvBP\nU1lrCHjXWLqMb7Vaq76ZtQnmTZTH3569aby/sSMBe9MARs3vSZr+NKNen6gi0jpI\nG9G5aesSV0eGSbYZloMjqTpK5eCHeJCLSMhf6L6YDb+LdfmVIxSBlpADdz10jljc\nLFlCIkbdloTdIenk0C8LYMLISbTC3OYg4jA1NkaBbVT7olwbihkP7mpTNyhrOFbj\n8ScAAAEBAPJivmBbHvmDbwgCMwsT6/cHXq4jQjx2xsFQWR4LTwFNpZlgeqjWRRxx\nSWc7G7TfX+Ds5x04bFbwTGa1AimY+oqkC4UWsX27nhdRzjCFA7HRhkk+qyPQpXtz\nqvhMdSTZLmuOQiBGmVX2mYaXGtUwJXaWEhhYiLx7/U57zf93e3dNkVEueXAWNS10\nSkag9ZfBuGcYwpuhAJx2gPkQ8N+hY1BTkT9BHYGl38bDoWnyJUgWZpV87ukBFchF\ne+w+uGKa3sECvc8x1EOI4f1+60y75ruOwc1UUaIK9yLfzSotn6RTwV2DjBNrBZtd\nNdM2TZU/olGebEnJAd+Mwx0vN2LNyNsAAAAAAQID\n-----END OPENSSH PRIVATE KEY-----\n",
            "private_key_pem": "-----BEGIN RSA PRIVATE KEY-----\nMIIJKAIBAAKCAgEA5nWTFe4aZ5mgL7pBR53d5zlWDED8oS2VGrkPd5BBWXgHlDL/\nQ9KDvphQEGxc8NfTpwvBvmvjixnS+KCpnuAz0P2THVw/hxUfheUZcYeijUfibWga\nmbp5Ncwcpi6I6Z48o+9vBMjWko6595uxWR/FuB66tZkqYXOteqs6Ua5uMK2JO4+R\nNZBAGwwRV+3qkZKaHQnpHZPmiZD1fa1tTG5z8u6tCoj9YzMy7zT99ynEz2zAByjl\no17X1oKVOtCAuzNgacyceiRKixHcDH/R/Xm9/7bskDV4NJ2xXxMA1xE9IHxE3srj\nhpyGErNQcnEFO90O8744B/mbytwKPz699O0DRcUUFg4v94tsem8bYSOp7P/5UlvL\nxozQnjXx4jeH+Ux0wvqEp3sSBbYi2qFPYpDCC1VQ7bE6h9PUCGCgObQpf1qTG5tp\nsuXg7Mq1vQSH78hDtmg4hrLJFI6jxcaQYQ3XQKz08137zPhEF8nuYxGZhAXUlUrE\nfSZhiabGCiul9IzNgrVw+7AWyTZUYiqUlcL5tc579hD0VtXSH0Xu5UohziOWJ+Q2\npjDbUKtGD7efvX0iDCEnDFYnkqXeRvVe4ncok3J377f9iuRYKZYVEG3lAMJwl0z6\n3hagMSzSPDVYiVabH2f6mXfSd5VacYX0QcH4XUKNJJ3cllCWu2KMTnOgxF0CAwEA\nAQKCAgAZ/Ojg5eByYv+OV5mO7ZLIGqNvxFBODf7XbEZTPErc6k0ofXZi+9/sDpmm\nEHeL7TqqhrKKuk3cMhr5UIdwKWY5IK8woLtv4duT1MRBai3UHWa/jFLGQndIBW62\n9V5ubG/4KJhDWNvhhljFlE1eeIJqWITDf7R+GCEC8+t3/zc2eWCVUoOUdQzVlU8g\ntEKUYeIhI4H3L5DQCIRhGhJ44P0QSFvuaTOcYSSoQY3gtllsQ/OE8IFczTrXr2gL\n9taIGwC5+DSDuDNJFXLUB1dIbIHBeVZEjihc/pSxh59mS++xtHHBEe4FuwGKJaW3\nvLOouYKQd+3c8F03dggYc7HQvH12xOeVEvqqvPdwTb0cs9TGA1uGIkbRmsM8zPvD\n4N0QUZB7IuGp/3RN8tPbeRMuWJI3T57m8B86nW/AEMDoWp8ACVqPSCymiDJLoP0s\nY++fmwPj5y5hUw/qdabDKo+/7scVep7jjIxU5ayw8SMxRA9XyPJtJMpI+Bq7a6BK\nOsvg2PyyspiTXaNeUgasBQFemdgb2O1vpzWcZkveR03sSrW+1bSAp6xNYPIpH/Gm\nC+qcBAjXqavBcuMe728NDaHlrVcQeC8QXQjILudc5TnsxUTvic8Nfc949FcKhBV6\ndDuAzJ5u+O8rMheGQBc0jVe8o6K+R+IR6jO8ytsG/IWbO9UPPQKCAQEA82dXSkMs\nEI8cMmiGUGuiI+wpWproUnJEK72fJ6gb2xmOz/j+sy+FpnuB1mu6UnYT8hRtVKVr\nljXQNiiPdkPNq7EDLP4aE2Bf2WK1F1+3FAELp4FCQwgVpl1rgV4mXSmR78bkkt5E\n5V4/xGSO8E9TWWsIeNdYuoxvtVqrvpm1CeZNlMffnr1pvL+xIwF70wBGze9Jmv40\no16fqCLSOkgb0blp6xJXR4ZJthmWgyOpOkrl4Id4kItIyF/ovpgNv4t1+ZUjFIGW\nkAN3PXSOWNwsWUIiRt2WhN0h6eTQLwtgwshJtMLc5iDiMDU2RoFtVPuiXBuKGQ/u\nalM3KGs4VuPxJwKCAQEA8mK+YFse+YNvCAIzCxPr9wderiNCPHbGwVBZHgtPAU2l\nmWB6qNZFHHFJZzsbtN9f4OznHThsVvBMZrUCKZj6iqQLhRaxfbueF1HOMIUDsdGG\nST6rI9Cle3Oq+Ex1JNkua45CIEaZVfaZhpca1TAldpYSGFiIvHv9TnvN/3d7d02R\nUS55cBY1LXRKRqD1l8G4ZxjCm6EAnHaA+RDw36FjUFORP0EdgaXfxsOhafIlSBZm\nlXzu6QEVyEV77D64YprewQK9zzHUQ4jh/X7rTLvmu47BzVRRogr3It/NKi2fpFPB\nXYOME2sFm1010zZNlT+iUZ5sSckB34zDHS83Ys3I2wKCAQAY0wVYEZnA5pednIN2\nWEPlHgTptLrVDcpeG6zLwp10rxqdo2t2ovYikJ4hXENYfapzGho8c9KRM1PU8jYP\nfcLQK/GC+Td3mnCsHyERDTYC2Eh0AP7dD0oF+akpPIz1G3RC3CobwIeOTRp70TWy\n1KRPjlcC3BO0kvYhrOmvOsX4CIEJF4l7Cx5pnbNXOqOCVZjjD/CV2i9MKi5mW4bN\nYuVTcnGXA/va05tY8ysinNR5mYHwcGCffVUi+oUmSyO70WFq3wcA5GaSsYfLwMNz\n1KDBSbltONRNILCAxlFlOufXdc3unaEh52CqQgMTFcgszq00b6qZ+8H5HhuWB7lr\nQzwpAoIBAQCuxjSwFgRHtlYhWDSmED9daJsExbfFEYBPdDhOSak2L17xMXhAtgAv\neiCLpztbOJZSAYDEuSKlra/pfyuIAx7lSVRlKu/g0aA1AG/E3KTFW2eQ+Pc+Y/xv\nAACP+dGeOFwYggN8cmuuaJpbSim2/3iEAcIae/xcrKsCJJNtWiJU7EGUYAaApALE\nO84zD20HeFAXRutMfNOL/ocREP4ewqhyC0/4ZGN6ULkDAZ0qX8gyKrTdpbA/ouCq\nADBTMQaTU0i7s9ZZyHxeFh2eRB42vmapZ06nV91lErMRGn89opgyTZJoc6pVdh4c\n4SEmo0leDPxmDe3XZnFLWJx4NsuhGvFxAoIBAHD48o7Wnbii8XryR80mZiY3D49e\nK61IRl0XaKf/n24U5v2OLwdIpACtr8uMnuuSjrCPufSBpW/HjKa0s2oeySF7hIc4\nik89Y62HAI4zEju+10Yxc9WWc1j4hjMk/JlBNzFgL31kSFo3eRfSqdlov6DCRdkZ\n3UlrAFYUu960rbJt5DpcuY8kSQP5cuSxMRnFNaW3x5kQdz4Y2dcFMqUmG5djQihw\nNY65zdOk9d2JOFWk1h+8XR5gd4KJV5HWC8HpwfXrj+yR+NJHCSBrvS9D3QTOMoIm\nUbD/f92SwEXfJ2cUSnv57hPPtCJR6vH/BG7dP2XvWiqeP2ZFPz1DzQCvI1w=\n-----END RSA PRIVATE KEY-----\n",
            "private_key_pem_pkcs8": "-----BEGIN PRIVATE KEY-----\nMIIJQgIBADANBgkqhkiG9w0BAQEFAASCCSwwggkoAgEAAoICAQDmdZMV7hpnmaAv\nukFHnd3nOVYMQPyhLZUauQ93kEFZeAeUMv9D0oO+mFAQbFzw19OnC8G+a+OLGdL4\noKme4DPQ/ZMdXD+HFR+F5Rlxh6KNR+JtaBqZunk1zBymLojpnjyj728EyNaSjrn3\nm7FZH8W4Hrq1mSphc616qzpRrm4wrYk7j5E1kEAbDBFX7eqRkpodCekdk+aJkPV9\nrW1MbnPy7q0KiP1jMzLvNP33KcTPbMAHKOWjXtfWgpU60IC7M2BpzJx6JEqLEdwM\nf9H9eb3/tuyQNXg0nbFfEwDXET0gfETeyuOGnIYSs1BycQU73Q7zvjgH+ZvK3Ao/\nPr307QNFxRQWDi/3i2x6bxthI6ns//lSW8vGjNCeNfHiN4f5THTC+oSnexIFtiLa\noU9ikMILVVDtsTqH09QIYKA5tCl/WpMbm2my5eDsyrW9BIfvyEO2aDiGsskUjqPF\nxpBhDddArPTzXfvM+EQXye5jEZmEBdSVSsR9JmGJpsYKK6X0jM2CtXD7sBbJNlRi\nKpSVwvm1znv2EPRW1dIfRe7lSiHOI5Yn5DamMNtQq0YPt5+9fSIMIScMVieSpd5G\n9V7idyiTcnfvt/2K5FgplhUQbeUAwnCXTPreFqAxLNI8NViJVpsfZ/qZd9J3lVpx\nhfRBwfhdQo0kndyWUJa7YoxOc6DEXQIDAQABAoICABn86ODl4HJi/45XmY7tksga\no2/EUE4N/tdsRlM8StzqTSh9dmL73+wOmaYQd4vtOqqGsoq6TdwyGvlQh3ApZjkg\nrzCgu2/h25PUxEFqLdQdZr+MUsZCd0gFbrb1Xm5sb/gomENY2+GGWMWUTV54gmpY\nhMN/tH4YIQLz63f/NzZ5YJVSg5R1DNWVTyC0QpRh4iEjgfcvkNAIhGEaEnjg/RBI\nW+5pM5xhJKhBjeC2WWxD84TwgVzNOtevaAv21ogbALn4NIO4M0kVctQHV0hsgcF5\nVkSOKFz+lLGHn2ZL77G0ccER7gW7AYolpbe8s6i5gpB37dzwXTd2CBhzsdC8fXbE\n55US+qq893BNvRyz1MYDW4YiRtGawzzM+8Pg3RBRkHsi4an/dE3y09t5Ey5YkjdP\nnubwHzqdb8AQwOhanwAJWo9ILKaIMkug/Sxj75+bA+PnLmFTD+p1psMqj7/uxxV6\nnuOMjFTlrLDxIzFED1fI8m0kykj4GrtroEo6y+DY/LKymJNdo15SBqwFAV6Z2BvY\n7W+nNZxmS95HTexKtb7VtICnrE1g8ikf8aYL6pwECNepq8Fy4x7vbw0NoeWtVxB4\nLxBdCMgu51zlOezFRO+Jzw19z3j0VwqEFXp0O4DMnm747ysyF4ZAFzSNV7yjor5H\n4hHqM7zK2wb8hZs71Q89AoIBAQDzZ1dKQywQjxwyaIZQa6Ij7ClamuhSckQrvZ8n\nqBvbGY7P+P6zL4Wme4HWa7pSdhPyFG1UpWuWNdA2KI92Q82rsQMs/hoTYF/ZYrUX\nX7cUAQungUJDCBWmXWuBXiZdKZHvxuSS3kTlXj/EZI7wT1NZawh411i6jG+1Wqu+\nmbUJ5k2Ux9+evWm8v7EjAXvTAEbN70ma/jSjXp+oItI6SBvRuWnrEldHhkm2GZaD\nI6k6SuXgh3iQi0jIX+i+mA2/i3X5lSMUgZaQA3c9dI5Y3CxZQiJG3ZaE3SHp5NAv\nC2DCyEm0wtzmIOIwNTZGgW1U+6JcG4oZD+5qUzcoazhW4/EnAoIBAQDyYr5gWx75\ng28IAjMLE+v3B16uI0I8dsbBUFkeC08BTaWZYHqo1kUccUlnOxu031/g7OcdOGxW\n8ExmtQIpmPqKpAuFFrF9u54XUc4whQOx0YZJPqsj0KV7c6r4THUk2S5rjkIgRplV\n9pmGlxrVMCV2lhIYWIi8e/1Oe83/d3t3TZFRLnlwFjUtdEpGoPWXwbhnGMKboQCc\ndoD5EPDfoWNQU5E/QR2Bpd/Gw6Fp8iVIFmaVfO7pARXIRXvsPrhimt7BAr3PMdRD\niOH9futMu+a7jsHNVFGiCvci380qLZ+kU8Fdg4wTawWbXTXTNk2VP6JRnmxJyQHf\njMMdLzdizcjbAoIBABjTBVgRmcDml52cg3ZYQ+UeBOm0utUNyl4brMvCnXSvGp2j\na3ai9iKQniFcQ1h9qnMaGjxz0pEzU9TyNg99wtAr8YL5N3eacKwfIRENNgLYSHQA\n/t0PSgX5qSk8jPUbdELcKhvAh45NGnvRNbLUpE+OVwLcE7SS9iGs6a86xfgIgQkX\niXsLHmmds1c6o4JVmOMP8JXaL0wqLmZbhs1i5VNycZcD+9rTm1jzKyKc1HmZgfBw\nYJ99VSL6hSZLI7vRYWrfBwDkZpKxh8vAw3PUoMFJuW041E0gsIDGUWU659d1ze6d\noSHnYKpCAxMVyCzOrTRvqpn7wfkeG5YHuWtDPCkCggEBAK7GNLAWBEe2ViFYNKYQ\nP11omwTFt8URgE90OE5JqTYvXvExeEC2AC96IIunO1s4llIBgMS5IqWtr+l/K4gD\nHuVJVGUq7+DRoDUAb8TcpMVbZ5D49z5j/G8AAI/50Z44XBiCA3xya65omltKKbb/\neIQBwhp7/FysqwIkk21aIlTsQZRgBoCkAsQ7zjMPbQd4UBdG60x804v+hxEQ/h7C\nqHILT/hkY3pQuQMBnSpfyDIqtN2lsD+i4KoAMFMxBpNTSLuz1lnIfF4WHZ5EHja+\nZqlnTqdX3WUSsxEafz2imDJNkmhzqlV2HhzhISajSV4M/GYN7ddmcUtYnHg2y6Ea\n8XECggEAcPjyjtaduKLxevJHzSZmJjcPj14rrUhGXRdop/+fbhTm/Y4vB0ikAK2v\ny4ye65KOsI+59IGlb8eMprSzah7JIXuEhziKTz1jrYcAjjMSO77XRjFz1ZZzWPiG\nMyT8mUE3MWAvfWRIWjd5F9Kp2Wi/oMJF2RndSWsAVhS73rStsm3kOly5jyRJA/ly\n5LExGcU1pbfHmRB3PhjZ1wUypSYbl2NCKHA1jrnN06T13Yk4VaTWH7xdHmB3golX\nkdYLwenB9euP7JH40kcJIGu9L0PdBM4ygiZRsP9/3ZLARd8nZxRKe/nuE8+0IlHq\n8f8Ebt0/Ze9aKp4/ZkU/PUPNAK8jXA==\n-----END PRIVATE KEY-----\n",
            "public_key_fingerprint_md5": "cd:b1:63:77:f9:18:ac:a9:04:bc:e0:b2:56:dd:e3:10",
            "public_key_fingerprint_sha256": "SHA256:hFHgkk5VU0UR+YHYStbzCpiau6xQsvjZWXNy3oljCW8",
            "public_key_openssh": "ssh-rsa AAAAB3NzaC1yc2EAAAADAQABAAACAQDmdZMV7hpnmaAvukFHnd3nOVYMQPyhLZUauQ93kEFZeAeUMv9D0oO+mFAQbFzw19OnC8G+a+OLGdL4oKme4DPQ/ZMdXD+HFR+F5Rlxh6KNR+JtaBqZunk1zBymLojpnjyj728EyNaSjrn3m7FZH8W4Hrq1mSphc616qzpRrm4wrYk7j5E1kEAbDBFX7eqRkpodCekdk+aJkPV9rW1MbnPy7q0KiP1jMzLvNP33KcTPbMAHKOWjXtfWgpU60IC7M2BpzJx6JEqLEdwMf9H9eb3/tuyQNXg0nbFfEwDXET0gfETeyuOGnIYSs1BycQU73Q7zvjgH+ZvK3Ao/Pr307QNFxRQWDi/3i2x6bxthI6ns//lSW8vGjNCeNfHiN4f5THTC+oSnexIFtiLaoU9ikMILVVDtsTqH09QIYKA5tCl/WpMbm2my5eDsyrW9BIfvyEO2aDiGsskUjqPFxpBhDddArPTzXfvM+EQXye5jEZmEBdSVSsR9JmGJpsYKK6X0jM2CtXD7sBbJNlRiKpSVwvm1znv2EPRW1dIfRe7lSiHOI5Yn5DamMNtQq0YPt5+9fSIMIScMVieSpd5G9V7idyiTcnfvt/2K5FgplhUQbeUAwnCXTPreFqAxLNI8NViJVpsfZ/qZd9J3lVpxhfRBwfhdQo0kndyWUJa7YoxOc6DEXQ==\n",
            "public_key_pem": "-----BEGIN PUBLIC KEY-----\nMIICIjANBgkqhkiG9w0BAQEFAAOCAg8AMIICCgKCAgEA5nWTFe4aZ5mgL7pBR53d\n5zlWDED8oS2VGrkPd5BBWXgHlDL/Q9KDvphQEGxc8NfTpwvBvmvjixnS+KCpnuAz\n0P2THVw/hxUfheUZcYeijUfibWgambp5Ncwcpi6I6Z48o+9vBMjWko6595uxWR/F\nuB66tZkqYXOteqs6Ua5uMK2JO4+RNZBAGwwRV+3qkZKaHQnpHZPmiZD1fa1tTG5z\n8u6tCoj9YzMy7zT99ynEz2zAByjlo17X1oKVOtCAuzNgacyceiRKixHcDH/R/Xm9\n/7bskDV4NJ2xXxMA1xE9IHxE3srjhpyGErNQcnEFO90O8744B/mbytwKPz699O0D\nRcUUFg4v94tsem8bYSOp7P/5UlvLxozQnjXx4jeH+Ux0wvqEp3sSBbYi2qFPYpDC\nC1VQ7bE6h9PUCGCgObQpf1qTG5tpsuXg7Mq1vQSH78hDtmg4hrLJFI6jxcaQYQ3X\nQKz08137zPhEF8nuYxGZhAXUlUrEfSZhiabGCiul9IzNgrVw+7AWyTZUYiqUlcL5\ntc579hD0VtXSH0Xu5UohziOWJ+Q2pjDbUKtGD7efvX0iDCEnDFYnkqXeRvVe4nco\nk3J377f9iuRYKZYVEG3lAMJwl0z63hagMSzSPDVYiVabH2f6mXfSd5VacYX0QcH4\nXUKNJJ3cllCWu2KMTnOgxF0CAwEAAQ==\n-----END PUBLIC KEY-----\n",
            "rsa_bits": 4096
          },
          "sensitive_attributes": [
            [
              {
                "type": "get_attr",
                "value": "private_key_openssh"
              }
            ],
            [
              {
                "type": "get_attr",
                "value": "private_key_pem"
              }
            ],
            [
              {
                "type": "get_attr",
                "value": "private_key_pem_pkcs8"
              }
            ]
          ],
          "identity_schema_version": 0
        }
      ]
    }
  ],
  "check_results": null
}
