{
  "version": 4,
  "terraform_version": "1.8.5",
  "serial": 1067,
  "lineage": "8047b918-143c-30ca-8822-32d947294593",
  "outputs": {
    "ami": {
      "value": [
        "ami-0f58b397bc5c1f2e8",
        "ami-0f58b397bc5c1f2e8",
        "ami-0f58b397bc5c1f2e8"
      ],
      "type": [
        "tuple",
        [
          "string",
          "string",
          "string"
        ]
      ]
    },
    "ec2_key": {
      "value": [
        "private",
        "private",
        "private"
      ],
      "type": [
        "tuple",
        [
          "string",
          "string",
          "string"
        ]
      ]
    },
    "private_key_pem": {
      "value": "-----BEGIN RSA PRIVATE KEY-----\nMIIJKAIBAAKCAgEAtmyBLgudbUmUdplRmz8ttzOLxkzVhVOUxZ9opXXK7yRBhoMB\nWWLDHGUzV1OECk7A2H9Lfux1TUDBJMgIzminiRN8u8GZ4PkKZLesXAD+DHudqmdo\ndhFwev3bAiLF5msiR+OOAuGEbzYFuiuolMWRChX6AFW/RN5YmDPhyOuGVpTPItff\nXklyDkZAjzf5xfAeczJN2U99Uy57kt0QPESDKonfvbBkQ/wl+xyVNVsm6R2c2lgE\nKklHuH0W82IbiNQGJNcI2yIbFpczpkPZnYHQCrpakPwbbwBa2bEp2aKl/xIun4HZ\niUXvhv8xFZn2WzlSHCCGPdKkYRu8LZE1nJMR9XAvVu2I/47Saab+X+iQ2UwrXg9Q\n6kPU1yIhec9+4g2XHQOOiIjzE3GT01jK/cYZJWu/XZOoSyj1Nh/V9WosOdIOzIjc\npFZ9otZlRkoDSH52CrteSzn4DsfyTkSJzGhCx14cXPyHruGjEFqccizYaDFPWv9N\new4jJoj+LkR9uzP9BvS9nhyBryNE79qxS2LLU0v6+YlYIBooobQq4yFQcok9pDtu\ns60aJ2DpbV5S6SnRMZdtTDNpyIOCXa+hszmuPPIqm5+czD7Q430jSqtDmRQ4vYWF\nFXqAljOPZ7Kyj+ovqeD09h86iYpFBujZMlR2o970nVjPdrUQTSn0HvSIcK0CAwEA\nAQKCAgAfR0l7AKjUhUo8b5treBC5mc/8h04RFzyqCeQigqjyChBmJO5FSkbUBpIg\nBgTc05YDSQhD0f1m6pRzXw0LfyxCt6Gqe86LoYfjrw6Rk+X7c/KbtjFWFTVpET/N\nBPNTx8jP9LdzzQEtJGElA7lbEOkGhrAgAJPUFh+wsSyki6W0EL3XZpY5D3TL98W4\nCMv94WcHL3fjq9p8ObscemT/QGwRDiTb3HPEqGZGwSbgSCnKzLYJRhAow/nVKzWV\nM5wvANOw22H8WMO2QuSrPHUCqbBnNn6y31dA2Bm7u8HGPDokGxT9aoFHJUOlrPnY\nj1aLW6+1fOonjYd70wqX8Y70ss7gMShNAZKLGz4sjiGaK29p5QENNgW85Hy0gCDo\ndyTjzPuFTvPZT73lH3l/5XIIiat9Vo5NNtyILewq1bV6NLFfUsRNQ03zYd2pJl0d\nj8vgoY7GKd0A1XfXNC/0Kdg/YMM2o9ZrvGLrdxUxJq3KMsyKSCDcdLa2jZTx+eRL\n4x4RVF3qpZoRr/drwsoK7qzTKE6bz8VeEwZ0qp2umXcCOaMoJwGR+2nR+lW7gJ4r\nxQZG9/jKK0TyOD4mErBZQLJ5tiSEp1kvi9ATXaKGISWwH1nOgFzJcLiNOhZ6t9h2\n2AhRA0lm0/S8PZed/Rc6VIOQg1PB1UbcGg0/guu1TYkACF9I4QKCAQEAxuWzF8G3\nDA1vL4cYkbHZPS3SMA7mqEV1HpC/U6UYe0JSDsrj/AIJNj4vMYz2GC8nqQxfu3Oa\nWW5pPV404xKZF1v5ioTRzccqOt3PxywL/+NoSu3pwNsWScaOlq942v+0kiAUFZV7\nXtjYri1ykPDF7cSDMQFxJrKOuhYiMnp67GwoxVcYS9E5vi5ztYKeIzQJyoF01Sxw\nraMsB4+mXOu+xv2L1YShG4pR3ovrghwp8Kg921VdLstsewI+Bx7mF/wdBQZHKY9a\nRahTpx9VFriO2NrtKMQkri1/qSC+Yc5aePhTTcLaNcTEsUohnyypA/cw6KTT5r2R\nhP/bGohue4o91QKCAQEA6swQAZ79Sjfq5lGor3q09b/TSqcfPKjxxXm0iVov9M9a\nSfcCiP7fJI+uVooCCUTMtcpB0mzNL7/UM1BF45TU9wiTE5f7ulSrC8rO0NAqB/ve\n0cg8DfRhfnDQv1EyeOeA/dqIIFGXoyAN5QCZq2EyNRKWP9C2232iYfrkjqFwM+ZG\n4P3hAp/s1eKpmf2V6rAvXcV6CG3CfZ9havU7nQR/xE6bjcOtGDWZRBZIQ16AYpsQ\nNfN+iiKCj6IMFmq7/E41QNLLxRdray8siYp1FuzqD146fdVJOQvgVdMi9bzLic+n\nvRoAVqJRKveVK3e0X+o/M3FEg+xFASa+cT05YhzbeQKCAQB4XdgFP4E0NQkdfSdc\nPIIYaRtzZAEowmf/aF+xEg9/wIICW7ye7OiAQB+1X/YqapcY0dk5ittU1eGwdsuQ\nw9eL8GhS8NA7NRWUbFnq0fgtEoUyG0rEIJIbcaMnA+giuG6ho/IjocP4gUiYF/7m\nQh+2JZ+zT4kXfyWq7ewiGkc7vrTpwCx+7Y6BToFNzk8/RKXMPI3k2DEUk9P4e3GV\neEGLETPHsq0BCrNC9/A9XCfxcQ+GJeHviMIMqy24h3V9/F/fg44bU5qw3w5I7EhF\nKMmh6NNvQUxlcDl6s8sjS4sq/DUFsS73LS5PkGpKdu+N69FYaS+nyv8+usvxAbHC\n58VFAoIBAQCPnV21ACCBgw5k7lG1c+K35itBIFPU8KlhVn38/XMT1LivQS0Fyo+G\nd3P1btir/q8QCrSUFwSyTi1nbZQyDdjteQstEutgH2W4AsbZplnvJDo4KrfA+Veg\n1TR5sRqkJUYa/83/pqiPmI2nIuTblMn2+HV6dxlBy+jE8YdXTpuowxNbjy5QQq3E\nba27iQZn1HhEbQOloC00VYZqu7FI63WTB1nSLnvzsOUcZlyxCF6S8bHKrjMaHt2p\nKT8nfwWY3+VmzwjgduC3YNVnE49nBGZuG/6+9PSitgbzt/9MO7xrgN5ipkLKuuHW\n3DUbr05e1JLvzjpQTvYuLBqUfRRaVLhRAoIBAD/Nv/lSv9USSgjhGzFHNHBGhJFh\nGZ9Q49yV32FGCpMUWvjLxTmwqf4bFp8ejeZs6yp7RsdrOtvLntHNBSnF8JtO0h+7\nAPIUG4oiIN6hd+iHBL6bmdonfcwt4vK9dMHGFB4JD5vdtGbSUTm+47IL3Sh0pEDf\nin1n8lgcWdpPcH3Jkfm8rRRTvRTtdVBY/9bq16ax4aghFMyBM9gek+9D/hAK/ou3\nyA8oTlK5kR/GerSIA2Q+qvdeIo0vpAXAucrUJixvEIDXBvG0t1Cj+E4WTvFysfdi\nnMWhCWXHTtUYwfCW5jgwXocG2cRHqPTL4TY0jj1OabiPIf97S17MBYr4BI8=\n-----END RSA PRIVATE KEY-----\n",
      "type": "string",
      "sensitive": true
    },
    "subnet_id": {
      "value": "subnet-07a706da703062f25",
      "type": "string"
    },
    "vpc_id": {
      "value": "vpc-0c344583bb0ebb4ad",
      "type": "string"
    }
  },
  "resources": [
    {
      "mode": "managed",
      "type": "aws_instance",
      "name": "my_instance",
      "provider": "provider[\"registry.terraform.io/hashicorp/aws\"]",
      "instances": [
        {
          "index_key": 0,
          "schema_version": 1,
          "attributes": {
            "ami": "ami-0f58b397bc5c1f2e8",
            "arn": "arn:aws:ec2:ap-south-1:891377338315:instance/i-03af13db801d17e05",
            "associate_public_ip_address": true,
            "availability_zone": "ap-south-1b",
            "capacity_reservation_specification": [
              {
                "capacity_reservation_preference": "open",
                "capacity_reservation_target": []
              }
            ],
            "cpu_core_count": 1,
            "cpu_options": [
              {
                "amd_sev_snp": "",
                "core_count": 1,
                "threads_per_core": 1
              }
            ],
            "cpu_threads_per_core": 1,
            "credit_specification": [
              {
                "cpu_credits": "standard"
              }
            ],
            "disable_api_stop": false,
            "disable_api_termination": false,
            "ebs_block_device": [
              {
                "delete_on_termination": true,
                "device_name": "/dev/sda1",
                "encrypted": false,
                "iops": 3000,
                "kms_key_id": "",
                "snapshot_id": "",
                "tags": {},
                "tags_all": {
                  "hashicorp-learn": "refresh"
                },
                "throughput": 125,
                "volume_id": "vol-01a4e2c712824f810",
                "volume_size": 8,
                "volume_type": "gp3"
              }
            ],
            "ebs_optimized": false,
            "enclave_options": [
              {
                "enabled": false
              }
            ],
            "ephemeral_block_device": [],
            "get_password_data": false,
            "hibernation": false,
            "host_id": "",
            "host_resource_group_arn": null,
            "iam_instance_profile": "",
            "id": "i-03af13db801d17e05",
            "instance_initiated_shutdown_behavior": "stop",
            "instance_lifecycle": "",
            "instance_market_options": [],
            "instance_state": "running",
            "instance_type": "t2.micro",
            "ipv6_address_count": 0,
            "ipv6_addresses": [],
            "key_name": "private",
            "launch_template": [],
            "maintenance_options": [
              {
                "auto_recovery": "default"
              }
            ],
            "metadata_options": [
              {
                "http_endpoint": "enabled",
                "http_protocol_ipv6": "disabled",
                "http_put_response_hop_limit": 2,
                "http_tokens": "required",
                "instance_metadata_tags": "disabled"
              }
            ],
            "monitoring": false,
            "network_interface": [],
            "outpost_arn": "",
            "password_data": "",
            "placement_group": "",
            "placement_partition_number": 0,
            "primary_network_interface_id": "eni-0ec1a8123b460f74c",
            "private_dns": "ip-10-0-1-56.ap-south-1.compute.internal",
            "private_dns_name_options": [
              {
                "enable_resource_name_dns_a_record": false,
                "enable_resource_name_dns_aaaa_record": false,
                "hostname_type": "ip-name"
              }
            ],
            "private_ip": "10.0.1.56",
            "public_dns": "ec2-65-2-80-178.ap-south-1.compute.amazonaws.com",
            "public_ip": "65.2.80.178",
            "root_block_device": [
              {
                "delete_on_termination": true,
                "device_name": "/dev/sda1",
                "encrypted": false,
                "iops": 3000,
                "kms_key_id": "",
                "tags": {},
                "tags_all": {
                  "hashicorp-learn": "refresh"
                },
                "throughput": 125,
                "volume_id": "vol-01a4e2c712824f810",
                "volume_size": 8,
                "volume_type": "gp3"
              }
            ],
            "secondary_private_ips": [],
            "security_groups": [],
            "source_dest_check": true,
            "spot_instance_request_id": "",
            "subnet_id": "subnet-07a706da703062f25",
            "tags": {
              "Name": "linux-server"
            },
            "tags_all": {
              "Name": "linux-server",
              "hashicorp-learn": "refresh"
            },
            "tenancy": "default",
            "timeouts": null,
            "user_data": "f1ebcdc84e85267edb8c9a8d626422bd973ad8d6",
            "user_data_base64": null,
            "user_data_replace_on_change": false,
            "volume_tags": null,
            "vpc_security_group_ids": [
              "sg-0173c57a2d66afaab"
            ]
          },
          "sensitive_attributes": [],
          "private": "eyJlMmJmYjczMC1lY2FhLTExZTYtOGY4OC0zNDM2M2JjN2M0YzAiOnsiY3JlYXRlIjo2MDAwMDAwMDAwMDAsImRlbGV0ZSI6MTIwMDAwMDAwMDAwMCwicmVhZCI6OTAwMDAwMDAwMDAwLCJ1cGRhdGUiOjYwMDAwMDAwMDAwMH0sInNjaGVtYV92ZXJzaW9uIjoiMSJ9",
          "dependencies": [
            "aws_key_pair.deployer",
            "aws_security_group.my_security_group",
            "aws_subnet.public_subnet",
            "aws_vpc.my_vpc",
            "tls_private_key.example"
          ]
        },
        {
          "index_key": 1,
          "schema_version": 1,
          "attributes": {
            "ami": "ami-0f58b397bc5c1f2e8",
            "arn": "arn:aws:ec2:ap-south-1:891377338315:instance/i-0a8fb145c4c8cbfe7",
            "associate_public_ip_address": true,
            "availability_zone": "ap-south-1b",
            "capacity_reservation_specification": [
              {
                "capacity_reservation_preference": "open",
                "capacity_reservation_target": []
              }
            ],
            "cpu_core_count": 1,
            "cpu_options": [
              {
                "amd_sev_snp": "",
                "core_count": 1,
                "threads_per_core": 1
              }
            ],
            "cpu_threads_per_core": 1,
            "credit_specification": [
              {
                "cpu_credits": "standard"
              }
            ],
            "disable_api_stop": false,
            "disable_api_termination": false,
            "ebs_block_device": [
              {
                "delete_on_termination": true,
                "device_name": "/dev/sda1",
                "encrypted": false,
                "iops": 3000,
                "kms_key_id": "",
                "snapshot_id": "",
                "tags": {},
                "tags_all": {
                  "hashicorp-learn": "refresh"
                },
                "throughput": 125,
                "volume_id": "vol-044cb156aa191db48",
                "volume_size": 8,
                "volume_type": "gp3"
              }
            ],
            "ebs_optimized": false,
            "enclave_options": [
              {
                "enabled": false
              }
            ],
            "ephemeral_block_device": [],
            "get_password_data": false,
            "hibernation": false,
            "host_id": "",
            "host_resource_group_arn": null,
            "iam_instance_profile": "",
            "id": "i-0a8fb145c4c8cbfe7",
            "instance_initiated_shutdown_behavior": "stop",
            "instance_lifecycle": "",
            "instance_market_options": [],
            "instance_state": "running",
            "instance_type": "t2.micro",
            "ipv6_address_count": 0,
            "ipv6_addresses": [],
            "key_name": "private",
            "launch_template": [],
            "maintenance_options": [
              {
                "auto_recovery": "default"
              }
            ],
            "metadata_options": [
              {
                "http_endpoint": "enabled",
                "http_protocol_ipv6": "disabled",
                "http_put_response_hop_limit": 2,
                "http_tokens": "required",
                "instance_metadata_tags": "disabled"
              }
            ],
            "monitoring": false,
            "network_interface": [],
            "outpost_arn": "",
            "password_data": "",
            "placement_group": "",
            "placement_partition_number": 0,
            "primary_network_interface_id": "eni-0eb50061833aadc46",
            "private_dns": "ip-10-0-1-12.ap-south-1.compute.internal",
            "private_dns_name_options": [
              {
                "enable_resource_name_dns_a_record": false,
                "enable_resource_name_dns_aaaa_record": false,
                "hostname_type": "ip-name"
              }
            ],
            "private_ip": "10.0.1.12",
            "public_dns": "ec2-3-109-154-132.ap-south-1.compute.amazonaws.com",
            "public_ip": "3.109.154.132",
            "root_block_device": [
              {
                "delete_on_termination": true,
                "device_name": "/dev/sda1",
                "encrypted": false,
                "iops": 3000,
                "kms_key_id": "",
                "tags": {},
                "tags_all": {
                  "hashicorp-learn": "refresh"
                },
                "throughput": 125,
                "volume_id": "vol-044cb156aa191db48",
                "volume_size": 8,
                "volume_type": "gp3"
              }
            ],
            "secondary_private_ips": [],
            "security_groups": [],
            "source_dest_check": true,
            "spot_instance_request_id": "",
            "subnet_id": "subnet-07a706da703062f25",
            "tags": {
              "Name": "linux-server"
            },
            "tags_all": {
              "Name": "linux-server",
              "hashicorp-learn": "refresh"
            },
            "tenancy": "default",
            "timeouts": null,
            "user_data": "f1ebcdc84e85267edb8c9a8d626422bd973ad8d6",
            "user_data_base64": null,
            "user_data_replace_on_change": false,
            "volume_tags": null,
            "vpc_security_group_ids": [
              "sg-0173c57a2d66afaab"
            ]
          },
          "sensitive_attributes": [],
          "private": "eyJlMmJmYjczMC1lY2FhLTExZTYtOGY4OC0zNDM2M2JjN2M0YzAiOnsiY3JlYXRlIjo2MDAwMDAwMDAwMDAsImRlbGV0ZSI6MTIwMDAwMDAwMDAwMCwicmVhZCI6OTAwMDAwMDAwMDAwLCJ1cGRhdGUiOjYwMDAwMDAwMDAwMH0sInNjaGVtYV92ZXJzaW9uIjoiMSJ9",
          "dependencies": [
            "aws_key_pair.deployer",
            "aws_security_group.my_security_group",
            "aws_subnet.public_subnet",
            "aws_vpc.my_vpc",
            "tls_private_key.example"
          ]
        },
        {
          "index_key": 2,
          "schema_version": 1,
          "attributes": {
            "ami": "ami-0f58b397bc5c1f2e8",
            "arn": "arn:aws:ec2:ap-south-1:891377338315:instance/i-047eb6e9f955f4823",
            "associate_public_ip_address": true,
            "availability_zone": "ap-south-1b",
            "capacity_reservation_specification": [
              {
                "capacity_reservation_preference": "open",
                "capacity_reservation_target": []
              }
            ],
            "cpu_core_count": 1,
            "cpu_options": [
              {
                "amd_sev_snp": "",
                "core_count": 1,
                "threads_per_core": 1
              }
            ],
            "cpu_threads_per_core": 1,
            "credit_specification": [
              {
                "cpu_credits": "standard"
              }
            ],
            "disable_api_stop": false,
            "disable_api_termination": false,
            "ebs_block_device": [
              {
                "delete_on_termination": true,
                "device_name": "/dev/sda1",
                "encrypted": false,
                "iops": 3000,
                "kms_key_id": "",
                "snapshot_id": "",
                "tags": {},
                "tags_all": {
                  "hashicorp-learn": "refresh"
                },
                "throughput": 125,
                "volume_id": "vol-0749565cc11f97eef",
                "volume_size": 8,
                "volume_type": "gp3"
              }
            ],
            "ebs_optimized": false,
            "enclave_options": [
              {
                "enabled": false
              }
            ],
            "ephemeral_block_device": [],
            "get_password_data": false,
            "hibernation": false,
            "host_id": "",
            "host_resource_group_arn": null,
            "iam_instance_profile": "",
            "id": "i-047eb6e9f955f4823",
            "instance_initiated_shutdown_behavior": "stop",
            "instance_lifecycle": "",
            "instance_market_options": [],
            "instance_state": "running",
            "instance_type": "t2.micro",
            "ipv6_address_count": 0,
            "ipv6_addresses": [],
            "key_name": "private",
            "launch_template": [],
            "maintenance_options": [
              {
                "auto_recovery": "default"
              }
            ],
            "metadata_options": [
              {
                "http_endpoint": "enabled",
                "http_protocol_ipv6": "disabled",
                "http_put_response_hop_limit": 2,
                "http_tokens": "required",
                "instance_metadata_tags": "disabled"
              }
            ],
            "monitoring": false,
            "network_interface": [],
            "outpost_arn": "",
            "password_data": "",
            "placement_group": "",
            "placement_partition_number": 0,
            "primary_network_interface_id": "eni-0c89faff9ab6e38c6",
            "private_dns": "ip-10-0-1-83.ap-south-1.compute.internal",
            "private_dns_name_options": [
              {
                "enable_resource_name_dns_a_record": false,
                "enable_resource_name_dns_aaaa_record": false,
                "hostname_type": "ip-name"
              }
            ],
            "private_ip": "10.0.1.83",
            "public_dns": "ec2-3-110-43-56.ap-south-1.compute.amazonaws.com",
            "public_ip": "3.110.43.56",
            "root_block_device": [
              {
                "delete_on_termination": true,
                "device_name": "/dev/sda1",
                "encrypted": false,
                "iops": 3000,
                "kms_key_id": "",
                "tags": {},
                "tags_all": {
                  "hashicorp-learn": "refresh"
                },
                "throughput": 125,
                "volume_id": "vol-0749565cc11f97eef",
                "volume_size": 8,
                "volume_type": "gp3"
              }
            ],
            "secondary_private_ips": [],
            "security_groups": [],
            "source_dest_check": true,
            "spot_instance_request_id": "",
            "subnet_id": "subnet-07a706da703062f25",
            "tags": {
              "Name": "linux-server"
            },
            "tags_all": {
              "Name": "linux-server",
              "hashicorp-learn": "refresh"
            },
            "tenancy": "default",
            "timeouts": null,
            "user_data": "f1ebcdc84e85267edb8c9a8d626422bd973ad8d6",
            "user_data_base64": null,
            "user_data_replace_on_change": false,
            "volume_tags": null,
            "vpc_security_group_ids": [
              "sg-0173c57a2d66afaab"
            ]
          },
          "sensitive_attributes": [],
          "private": "eyJlMmJmYjczMC1lY2FhLTExZTYtOGY4OC0zNDM2M2JjN2M0YzAiOnsiY3JlYXRlIjo2MDAwMDAwMDAwMDAsImRlbGV0ZSI6MTIwMDAwMDAwMDAwMCwicmVhZCI6OTAwMDAwMDAwMDAwLCJ1cGRhdGUiOjYwMDAwMDAwMDAwMH0sInNjaGVtYV92ZXJzaW9uIjoiMSJ9",
          "dependencies": [
            "aws_key_pair.deployer",
            "aws_security_group.my_security_group",
            "aws_subnet.public_subnet",
            "aws_vpc.my_vpc",
            "tls_private_key.example"
          ]
        }
      ]
    },
    {
      "mode": "managed",
      "type": "aws_internet_gateway",
      "name": "my_igw",
      "provider": "provider[\"registry.terraform.io/hashicorp/aws\"]",
      "instances": [
        {
          "schema_version": 0,
          "attributes": {
            "arn": "arn:aws:ec2:ap-south-1:891377338315:internet-gateway/igw-082167481bbbae4ea",
            "id": "igw-082167481bbbae4ea",
            "owner_id": "891377338315",
            "tags": null,
            "tags_all": {
              "hashicorp-learn": "refresh"
            },
            "timeouts": null,
            "vpc_id": "vpc-0c344583bb0ebb4ad"
          },
          "sensitive_attributes": [],
          "private": "eyJlMmJmYjczMC1lY2FhLTExZTYtOGY4OC0zNDM2M2JjN2M0YzAiOnsiY3JlYXRlIjoxMjAwMDAwMDAwMDAwLCJkZWxldGUiOjEyMDAwMDAwMDAwMDAsInVwZGF0ZSI6MTIwMDAwMDAwMDAwMH19",
          "dependencies": [
            "aws_vpc.my_vpc"
          ]
        }
      ]
    },
    {
      "mode": "managed",
      "type": "aws_key_pair",
      "name": "deployer",
      "provider": "provider[\"registry.terraform.io/hashicorp/aws\"]",
      "instances": [
        {
          "schema_version": 1,
          "attributes": {
            "arn": "arn:aws:ec2:ap-south-1:891377338315:key-pair/private",
            "fingerprint": "8c:73:13:a9:88:a2:8d:20:6f:ad:a9:ad:26:57:1c:46",
            "id": "private",
            "key_name": "private",
            "key_name_prefix": "",
            "key_pair_id": "key-07024d9ae2acf0754",
            "key_type": "rsa",
            "public_key": "ssh-rsa AAAAB3NzaC1yc2EAAAADAQABAAACAQC2bIEuC51tSZR2mVGbPy23M4vGTNWFU5TFn2ildcrvJEGGgwFZYsMcZTNXU4QKTsDYf0t+7HVNQMEkyAjOaKeJE3y7wZng+Qpkt6xcAP4Me52qZ2h2EXB6/dsCIsXmayJH444C4YRvNgW6K6iUxZEKFfoAVb9E3liYM+HI64ZWlM8i199eSXIORkCPN/nF8B5zMk3ZT31TLnuS3RA8RIMqid+9sGRD/CX7HJU1WybpHZzaWAQqSUe4fRbzYhuI1AYk1wjbIhsWlzOmQ9mdgdAKulqQ/BtvAFrZsSnZoqX/Ei6fgdmJRe+G/zEVmfZbOVIcIIY90qRhG7wtkTWckxH1cC9W7Yj/jtJppv5f6JDZTCteD1DqQ9TXIiF5z37iDZcdA46IiPMTcZPTWMr9xhkla79dk6hLKPU2H9X1aiw50g7MiNykVn2i1mVGSgNIfnYKu15LOfgOx/JORInMaELHXhxc/Ieu4aMQWpxyLNhoMU9a/017DiMmiP4uRH27M/0G9L2eHIGvI0Tv2rFLYstTS/r5iVggGiihtCrjIVByiT2kO26zrRonYOltXlLpKdExl21MM2nIg4Jdr6GzOa488iqbn5zMPtDjfSNKq0OZFDi9hYUVeoCWM49nsrKP6i+p4PT2HzqJikUG6NkyVHaj3vSdWM92tRBNKfQe9IhwrQ==",
            "tags": null,
            "tags_all": {
              "hashicorp-learn": "refresh"
            }
          },
          "sensitive_attributes": [],
          "private": "eyJzY2hlbWFfdmVyc2lvbiI6IjEifQ==",
          "dependencies": [
            "tls_private_key.example"
          ]
        }
      ]
    },
    {
      "mode": "managed",
      "type": "aws_route_table",
      "name": "my_route_table",
      "provider": "provider[\"registry.terraform.io/hashicorp/aws\"]",
      "instances": [
        {
          "schema_version": 0,
          "attributes": {
            "arn": "arn:aws:ec2:ap-south-1:891377338315:route-table/rtb-0ee92e9afc1acb1a8",
            "id": "rtb-0ee92e9afc1acb1a8",
            "owner_id": "891377338315",
            "propagating_vgws": [],
            "route": [
              {
                "carrier_gateway_id": "",
                "cidr_block": "0.0.0.0/0",
                "core_network_arn": "",
                "destination_prefix_list_id": "",
                "egress_only_gateway_id": "",
                "gateway_id": "igw-082167481bbbae4ea",
                "ipv6_cidr_block": "",
                "local_gateway_id": "",
                "nat_gateway_id": "",
                "network_interface_id": "",
                "transit_gateway_id": "",
                "vpc_endpoint_id": "",
                "vpc_peering_connection_id": ""
              }
            ],
            "tags": {
              "Name": "MyRouteTable"
            },
            "tags_all": {
              "Name": "MyRouteTable",
              "hashicorp-learn": "refresh"
            },
            "timeouts": null,
            "vpc_id": "vpc-0c344583bb0ebb4ad"
          },
          "sensitive_attributes": [],
          "private": "eyJlMmJmYjczMC1lY2FhLTExZTYtOGY4OC0zNDM2M2JjN2M0YzAiOnsiY3JlYXRlIjozMDAwMDAwMDAwMDAsImRlbGV0ZSI6MzAwMDAwMDAwMDAwLCJ1cGRhdGUiOjEyMDAwMDAwMDAwMH19",
          "dependencies": [
            "aws_internet_gateway.my_igw",
            "aws_vpc.my_vpc"
          ]
        }
      ]
    },
    {
      "mode": "managed",
      "type": "aws_route_table_association",
      "name": "public_subnet_association",
      "provider": "provider[\"registry.terraform.io/hashicorp/aws\"]",
      "instances": [
        {
          "schema_version": 0,
          "attributes": {
            "gateway_id": "",
            "id": "rtbassoc-0387f0be6599b61d2",
            "route_table_id": "rtb-0ee92e9afc1acb1a8",
            "subnet_id": "subnet-07a706da703062f25",
            "timeouts": null
          },
          "sensitive_attributes": [],
          "private": "eyJlMmJmYjczMC1lY2FhLTExZTYtOGY4OC0zNDM2M2JjN2M0YzAiOnsiY3JlYXRlIjozMDAwMDAwMDAwMDAsImRlbGV0ZSI6MzAwMDAwMDAwMDAwLCJ1cGRhdGUiOjEyMDAwMDAwMDAwMH19",
          "dependencies": [
            "aws_internet_gateway.my_igw",
            "aws_route_table.my_route_table",
            "aws_subnet.public_subnet",
            "aws_vpc.my_vpc"
          ]
        }
      ]
    },
    {
      "mode": "managed",
      "type": "aws_s3_bucket",
      "name": "example_bucket",
      "provider": "provider[\"registry.terraform.io/hashicorp/aws\"]",
      "instances": []
    },
    {
      "mode": "managed",
      "type": "aws_security_group",
      "name": "my_security_group",
      "provider": "provider[\"registry.terraform.io/hashicorp/aws\"]",
      "instances": [
        {
          "schema_version": 1,
          "attributes": {
            "arn": "arn:aws:ec2:ap-south-1:891377338315:security-group/sg-0173c57a2d66afaab",
            "description": "My security group created by Terraform",
            "egress": [
              {
                "cidr_blocks": [
                  "0.0.0.0/0"
                ],
                "description": "",
                "from_port": 0,
                "ipv6_cidr_blocks": [],
                "prefix_list_ids": [],
                "protocol": "-1",
                "security_groups": [],
                "self": false,
                "to_port": 0
              }
            ],
            "id": "sg-0173c57a2d66afaab",
            "ingress": [
              {
                "cidr_blocks": [
                  "0.0.0.0/0"
                ],
                "description": "ingress rule for my_sql",
                "from_port": 3306,
                "ipv6_cidr_blocks": [],
                "prefix_list_ids": [],
                "protocol": "tcp",
                "security_groups": [],
                "self": false,
                "to_port": 3306
              },
              {
                "cidr_blocks": [
                  "0.0.0.0/0"
                ],
                "description": "ingress rule for port 22",
                "from_port": 22,
                "ipv6_cidr_blocks": [],
                "prefix_list_ids": [],
                "protocol": "tcp",
                "security_groups": [],
                "self": false,
                "to_port": 22
              },
              {
                "cidr_blocks": [
                  "0.0.0.0/0"
                ],
                "description": "ingress rule for port 443",
                "from_port": 443,
                "ipv6_cidr_blocks": [],
                "prefix_list_ids": [],
                "protocol": "tcp",
                "security_groups": [],
                "self": false,
                "to_port": 443
              },
              {
                "cidr_blocks": [
                  "0.0.0.0/0"
                ],
                "description": "ingress rule for port 8080 using jenkins",
                "from_port": 8080,
                "ipv6_cidr_blocks": [],
                "prefix_list_ids": [],
                "protocol": "tcp",
                "security_groups": [],
                "self": false,
                "to_port": 8080
              },
              {
                "cidr_blocks": [
                  "0.0.0.0/0"
                ],
                "description": "port enable for nginx",
                "from_port": 80,
                "ipv6_cidr_blocks": [],
                "prefix_list_ids": [],
                "protocol": "tcp",
                "security_groups": [],
                "self": false,
                "to_port": 80
              }
            ],
            "name": "my-security-group",
            "name_prefix": "",
            "owner_id": "891377338315",
            "revoke_rules_on_delete": false,
            "tags": null,
            "tags_all": {
              "hashicorp-learn": "refresh"
            },
            "timeouts": null,
            "vpc_id": "vpc-0c344583bb0ebb4ad"
          },
          "sensitive_attributes": [],
          "private": "eyJlMmJmYjczMC1lY2FhLTExZTYtOGY4OC0zNDM2M2JjN2M0YzAiOnsiY3JlYXRlIjo2MDAwMDAwMDAwMDAsImRlbGV0ZSI6OTAwMDAwMDAwMDAwfSwic2NoZW1hX3ZlcnNpb24iOiIxIn0=",
          "dependencies": [
            "aws_vpc.my_vpc"
          ]
        }
      ]
    },
    {
      "mode": "managed",
      "type": "aws_subnet",
      "name": "public_subnet",
      "provider": "provider[\"registry.terraform.io/hashicorp/aws\"]",
      "instances": [
        {
          "schema_version": 1,
          "attributes": {
            "arn": "arn:aws:ec2:ap-south-1:891377338315:subnet/subnet-07a706da703062f25",
            "assign_ipv6_address_on_creation": false,
            "availability_zone": "ap-south-1b",
            "availability_zone_id": "aps1-az3",
            "cidr_block": "10.0.1.0/24",
            "customer_owned_ipv4_pool": "",
            "enable_dns64": false,
            "enable_lni_at_device_index": 0,
            "enable_resource_name_dns_a_record_on_launch": false,
            "enable_resource_name_dns_aaaa_record_on_launch": false,
            "id": "subnet-07a706da703062f25",
            "ipv6_cidr_block": "",
            "ipv6_cidr_block_association_id": "",
            "ipv6_native": false,
            "map_customer_owned_ip_on_launch": false,
            "map_public_ip_on_launch": true,
            "outpost_arn": "",
            "owner_id": "891377338315",
            "private_dns_hostname_type_on_launch": "ip-name",
            "tags": {
              "Name": "PublicSubnet"
            },
            "tags_all": {
              "Name": "PublicSubnet",
              "hashicorp-learn": "refresh"
            },
            "timeouts": null,
            "vpc_id": "vpc-0c344583bb0ebb4ad"
          },
          "sensitive_attributes": [],
          "private": "eyJlMmJmYjczMC1lY2FhLTExZTYtOGY4OC0zNDM2M2JjN2M0YzAiOnsiY3JlYXRlIjo2MDAwMDAwMDAwMDAsImRlbGV0ZSI6MTIwMDAwMDAwMDAwMH0sInNjaGVtYV92ZXJzaW9uIjoiMSJ9",
          "dependencies": [
            "aws_vpc.my_vpc"
          ]
        }
      ]
    },
    {
      "mode": "managed",
      "type": "aws_vpc",
      "name": "my_vpc",
      "provider": "provider[\"registry.terraform.io/hashicorp/aws\"]",
      "instances": [
        {
          "schema_version": 1,
          "attributes": {
            "arn": "arn:aws:ec2:ap-south-1:891377338315:vpc/vpc-0c344583bb0ebb4ad",
            "assign_generated_ipv6_cidr_block": false,
            "cidr_block": "10.0.0.0/16",
            "default_network_acl_id": "acl-0ae0f4eca6c7ff494",
            "default_route_table_id": "rtb-0366d9a4e969bc4dc",
            "default_security_group_id": "sg-00c2723d0752c31c8",
            "dhcp_options_id": "dopt-02febb49bf0d40f4d",
            "enable_dns_hostnames": true,
            "enable_dns_support": true,
            "enable_network_address_usage_metrics": false,
            "id": "vpc-0c344583bb0ebb4ad",
            "instance_tenancy": "default",
            "ipv4_ipam_pool_id": null,
            "ipv4_netmask_length": null,
            "ipv6_association_id": "",
            "ipv6_cidr_block": "",
            "ipv6_cidr_block_network_border_group": "",
            "ipv6_ipam_pool_id": "",
            "ipv6_netmask_length": 0,
            "main_route_table_id": "rtb-0366d9a4e969bc4dc",
            "owner_id": "891377338315",
            "tags": {
              "Name": "vpc-1"
            },
            "tags_all": {
              "Name": "vpc-1",
              "hashicorp-learn": "refresh"
            }
          },
          "sensitive_attributes": [],
          "private": "eyJzY2hlbWFfdmVyc2lvbiI6IjEifQ=="
        }
      ]
    },
    {
      "mode": "managed",
      "type": "null_resource",
      "name": "my_instance",
      "provider": "provider[\"registry.terraform.io/hashicorp/null\"]",
      "instances": [
        {
          "schema_version": 0,
          "attributes": {
            "id": "8627909243718328823",
            "triggers": {
              "id": "igw-082167481bbbae4ea"
            }
          },
          "sensitive_attributes": [],
          "dependencies": [
            "aws_internet_gateway.my_igw",
            "aws_vpc.my_vpc"
          ]
        }
      ]
    },
    {
      "mode": "managed",
      "type": "tls_private_key",
      "name": "example",
      "provider": "provider[\"registry.terraform.io/hashicorp/tls\"]",
      "instances": [
        {
          "schema_version": 1,
          "attributes": {
            "algorithm": "RSA",
            "ecdsa_curve": "P224",
            "id": "dc7d31e8b73b1696ae4222fc53b3cd56fe8cafae",
            "private_key_openssh": "-----BEGIN OPENSSH PRIVATE KEY-----\nb3BlbnNzaC1rZXktdjEAAAAABG5vbmUAAAAEbm9uZQAAAAAAAAABAAACFwAAAAdz\nc2gtcnNhAAAAAwEAAQAAAgEAtmyBLgudbUmUdplRmz8ttzOLxkzVhVOUxZ9opXXK\n7yRBhoMBWWLDHGUzV1OECk7A2H9Lfux1TUDBJMgIzminiRN8u8GZ4PkKZLesXAD+\nDHudqmdodhFwev3bAiLF5msiR+OOAuGEbzYFuiuolMWRChX6AFW/RN5YmDPhyOuG\nVpTPItffXklyDkZAjzf5xfAeczJN2U99Uy57kt0QPESDKonfvbBkQ/wl+xyVNVsm\n6R2c2lgEKklHuH0W82IbiNQGJNcI2yIbFpczpkPZnYHQCrpakPwbbwBa2bEp2aKl\n/xIun4HZiUXvhv8xFZn2WzlSHCCGPdKkYRu8LZE1nJMR9XAvVu2I/47Saab+X+iQ\n2UwrXg9Q6kPU1yIhec9+4g2XHQOOiIjzE3GT01jK/cYZJWu/XZOoSyj1Nh/V9Wos\nOdIOzIjcpFZ9otZlRkoDSH52CrteSzn4DsfyTkSJzGhCx14cXPyHruGjEFqccizY\naDFPWv9New4jJoj+LkR9uzP9BvS9nhyBryNE79qxS2LLU0v6+YlYIBooobQq4yFQ\ncok9pDtus60aJ2DpbV5S6SnRMZdtTDNpyIOCXa+hszmuPPIqm5+czD7Q430jSqtD\nmRQ4vYWFFXqAljOPZ7Kyj+ovqeD09h86iYpFBujZMlR2o970nVjPdrUQTSn0HvSI\ncK0AAAc4e7r8x3u6/McAAAAHc3NoLXJzYQAAAgEAtmyBLgudbUmUdplRmz8ttzOL\nxkzVhVOUxZ9opXXK7yRBhoMBWWLDHGUzV1OECk7A2H9Lfux1TUDBJMgIzminiRN8\nu8GZ4PkKZLesXAD+DHudqmdodhFwev3bAiLF5msiR+OOAuGEbzYFuiuolMWRChX6\nAFW/RN5YmDPhyOuGVpTPItffXklyDkZAjzf5xfAeczJN2U99Uy57kt0QPESDKonf\nvbBkQ/wl+xyVNVsm6R2c2lgEKklHuH0W82IbiNQGJNcI2yIbFpczpkPZnYHQCrpa\nkPwbbwBa2bEp2aKl/xIun4HZiUXvhv8xFZn2WzlSHCCGPdKkYRu8LZE1nJMR9XAv\nVu2I/47Saab+X+iQ2UwrXg9Q6kPU1yIhec9+4g2XHQOOiIjzE3GT01jK/cYZJWu/\nXZOoSyj1Nh/V9WosOdIOzIjcpFZ9otZlRkoDSH52CrteSzn4DsfyTkSJzGhCx14c\nXPyHruGjEFqccizYaDFPWv9New4jJoj+LkR9uzP9BvS9nhyBryNE79qxS2LLU0v6\n+YlYIBooobQq4yFQcok9pDtus60aJ2DpbV5S6SnRMZdtTDNpyIOCXa+hszmuPPIq\nm5+czD7Q430jSqtDmRQ4vYWFFXqAljOPZ7Kyj+ovqeD09h86iYpFBujZMlR2o970\nnVjPdrUQTSn0HvSIcK0AAAADAQABAAACAB9HSXsAqNSFSjxvm2t4ELmZz/yHThEX\nPKoJ5CKCqPIKEGYk7kVKRtQGkiAGBNzTlgNJCEPR/WbqlHNfDQt/LEK3oap7zouh\nh+OvDpGT5ftz8pu2MVYVNWkRP80E81PHyM/0t3PNAS0kYSUDuVsQ6QaGsCAAk9QW\nH7CxLKSLpbQQvddmljkPdMv3xbgIy/3hZwcvd+Or2nw5uxx6ZP9AbBEOJNvcc8So\nZkbBJuBIKcrMtglGECjD+dUrNZUznC8A07DbYfxYw7ZC5Ks8dQKpsGc2frLfV0DY\nGbu7wcY8OiQbFP1qgUclQ6Ws+diPVotbr7V86ieNh3vTCpfxjvSyzuAxKE0Bkosb\nPiyOIZorb2nlAQ02BbzkfLSAIOh3JOPM+4VO89lPveUfeX/lcgiJq31Wjk023Igt\n7CrVtXo0sV9SxE1DTfNh3akmXR2Py+ChjsYp3QDVd9c0L/Qp2D9gwzaj1mu8Yut3\nFTEmrcoyzIpIINx0traNlPH55EvjHhFUXeqlmhGv92vCygrurNMoTpvPxV4TBnSq\nna6ZdwI5oygnAZH7adH6VbuAnivFBkb3+MorRPI4PiYSsFlAsnm2JISnWS+L0BNd\nooYhJbAfWc6AXMlwuI06Fnq32HbYCFEDSWbT9Lw9l539FzpUg5CDU8HVRtwaDT+C\n67VNiQAIX0jhAAABAD/Nv/lSv9USSgjhGzFHNHBGhJFhGZ9Q49yV32FGCpMUWvjL\nxTmwqf4bFp8ejeZs6yp7RsdrOtvLntHNBSnF8JtO0h+7APIUG4oiIN6hd+iHBL6b\nmdonfcwt4vK9dMHGFB4JD5vdtGbSUTm+47IL3Sh0pEDfin1n8lgcWdpPcH3Jkfm8\nrRRTvRTtdVBY/9bq16ax4aghFMyBM9gek+9D/hAK/ou3yA8oTlK5kR/GerSIA2Q+\nqvdeIo0vpAXAucrUJixvEIDXBvG0t1Cj+E4WTvFysfdinMWhCWXHTtUYwfCW5jgw\nXocG2cRHqPTL4TY0jj1OabiPIf97S17MBYr4BI8AAAEBAMblsxfBtwwNby+HGJGx\n2T0t0jAO5qhFdR6Qv1OlGHtCUg7K4/wCCTY+LzGM9hgvJ6kMX7tzmlluaT1eNOMS\nmRdb+YqE0c3HKjrdz8csC//jaErt6cDbFknGjpaveNr/tJIgFBWVe17Y2K4tcpDw\nxe3EgzEBcSayjroWIjJ6euxsKMVXGEvROb4uc7WCniM0CcqBdNUscK2jLAePplzr\nvsb9i9WEoRuKUd6L64IcKfCoPdtVXS7LbHsCPgce5hf8HQUGRymPWkWoU6cfVRa4\njtja7SjEJK4tf6kgvmHOWnj4U03C2jXExLFKIZ8sqQP3MOik0+a9kYT/2xqIbnuK\nPdUAAAEBAOrMEAGe/Uo36uZRqK96tPW/00qnHzyo8cV5tIlaL/TPWkn3Aoj+3ySP\nrlaKAglEzLXKQdJszS+/1DNQReOU1PcIkxOX+7pUqwvKztDQKgf73tHIPA30YX5w\n0L9RMnjngP3aiCBRl6MgDeUAmathMjUSlj/Qttt9omH65I6hcDPmRuD94QKf7NXi\nqZn9leqwL13Feghtwn2fYWr1O50Ef8ROm43DrRg1mUQWSENegGKbEDXzfooigo+i\nDBZqu/xONUDSy8UXa2svLImKdRbs6g9eOn3VSTkL4FXTIvW8y4nPp70aAFaiUSr3\nlSt3tF/qPzNxRIPsRQEmvnE9OWIc23kAAAAAAQID\n-----END OPENSSH PRIVATE KEY-----\n",
            "private_key_pem": "-----BEGIN RSA PRIVATE KEY-----\nMIIJKAIBAAKCAgEAtmyBLgudbUmUdplRmz8ttzOLxkzVhVOUxZ9opXXK7yRBhoMB\nWWLDHGUzV1OECk7A2H9Lfux1TUDBJMgIzminiRN8u8GZ4PkKZLesXAD+DHudqmdo\ndhFwev3bAiLF5msiR+OOAuGEbzYFuiuolMWRChX6AFW/RN5YmDPhyOuGVpTPItff\nXklyDkZAjzf5xfAeczJN2U99Uy57kt0QPESDKonfvbBkQ/wl+xyVNVsm6R2c2lgE\nKklHuH0W82IbiNQGJNcI2yIbFpczpkPZnYHQCrpakPwbbwBa2bEp2aKl/xIun4HZ\niUXvhv8xFZn2WzlSHCCGPdKkYRu8LZE1nJMR9XAvVu2I/47Saab+X+iQ2UwrXg9Q\n6kPU1yIhec9+4g2XHQOOiIjzE3GT01jK/cYZJWu/XZOoSyj1Nh/V9WosOdIOzIjc\npFZ9otZlRkoDSH52CrteSzn4DsfyTkSJzGhCx14cXPyHruGjEFqccizYaDFPWv9N\new4jJoj+LkR9uzP9BvS9nhyBryNE79qxS2LLU0v6+YlYIBooobQq4yFQcok9pDtu\ns60aJ2DpbV5S6SnRMZdtTDNpyIOCXa+hszmuPPIqm5+czD7Q430jSqtDmRQ4vYWF\nFXqAljOPZ7Kyj+ovqeD09h86iYpFBujZMlR2o970nVjPdrUQTSn0HvSIcK0CAwEA\nAQKCAgAfR0l7AKjUhUo8b5treBC5mc/8h04RFzyqCeQigqjyChBmJO5FSkbUBpIg\nBgTc05YDSQhD0f1m6pRzXw0LfyxCt6Gqe86LoYfjrw6Rk+X7c/KbtjFWFTVpET/N\nBPNTx8jP9LdzzQEtJGElA7lbEOkGhrAgAJPUFh+wsSyki6W0EL3XZpY5D3TL98W4\nCMv94WcHL3fjq9p8ObscemT/QGwRDiTb3HPEqGZGwSbgSCnKzLYJRhAow/nVKzWV\nM5wvANOw22H8WMO2QuSrPHUCqbBnNn6y31dA2Bm7u8HGPDokGxT9aoFHJUOlrPnY\nj1aLW6+1fOonjYd70wqX8Y70ss7gMShNAZKLGz4sjiGaK29p5QENNgW85Hy0gCDo\ndyTjzPuFTvPZT73lH3l/5XIIiat9Vo5NNtyILewq1bV6NLFfUsRNQ03zYd2pJl0d\nj8vgoY7GKd0A1XfXNC/0Kdg/YMM2o9ZrvGLrdxUxJq3KMsyKSCDcdLa2jZTx+eRL\n4x4RVF3qpZoRr/drwsoK7qzTKE6bz8VeEwZ0qp2umXcCOaMoJwGR+2nR+lW7gJ4r\nxQZG9/jKK0TyOD4mErBZQLJ5tiSEp1kvi9ATXaKGISWwH1nOgFzJcLiNOhZ6t9h2\n2AhRA0lm0/S8PZed/Rc6VIOQg1PB1UbcGg0/guu1TYkACF9I4QKCAQEAxuWzF8G3\nDA1vL4cYkbHZPS3SMA7mqEV1HpC/U6UYe0JSDsrj/AIJNj4vMYz2GC8nqQxfu3Oa\nWW5pPV404xKZF1v5ioTRzccqOt3PxywL/+NoSu3pwNsWScaOlq942v+0kiAUFZV7\nXtjYri1ykPDF7cSDMQFxJrKOuhYiMnp67GwoxVcYS9E5vi5ztYKeIzQJyoF01Sxw\nraMsB4+mXOu+xv2L1YShG4pR3ovrghwp8Kg921VdLstsewI+Bx7mF/wdBQZHKY9a\nRahTpx9VFriO2NrtKMQkri1/qSC+Yc5aePhTTcLaNcTEsUohnyypA/cw6KTT5r2R\nhP/bGohue4o91QKCAQEA6swQAZ79Sjfq5lGor3q09b/TSqcfPKjxxXm0iVov9M9a\nSfcCiP7fJI+uVooCCUTMtcpB0mzNL7/UM1BF45TU9wiTE5f7ulSrC8rO0NAqB/ve\n0cg8DfRhfnDQv1EyeOeA/dqIIFGXoyAN5QCZq2EyNRKWP9C2232iYfrkjqFwM+ZG\n4P3hAp/s1eKpmf2V6rAvXcV6CG3CfZ9havU7nQR/xE6bjcOtGDWZRBZIQ16AYpsQ\nNfN+iiKCj6IMFmq7/E41QNLLxRdray8siYp1FuzqD146fdVJOQvgVdMi9bzLic+n\nvRoAVqJRKveVK3e0X+o/M3FEg+xFASa+cT05YhzbeQKCAQB4XdgFP4E0NQkdfSdc\nPIIYaRtzZAEowmf/aF+xEg9/wIICW7ye7OiAQB+1X/YqapcY0dk5ittU1eGwdsuQ\nw9eL8GhS8NA7NRWUbFnq0fgtEoUyG0rEIJIbcaMnA+giuG6ho/IjocP4gUiYF/7m\nQh+2JZ+zT4kXfyWq7ewiGkc7vrTpwCx+7Y6BToFNzk8/RKXMPI3k2DEUk9P4e3GV\neEGLETPHsq0BCrNC9/A9XCfxcQ+GJeHviMIMqy24h3V9/F/fg44bU5qw3w5I7EhF\nKMmh6NNvQUxlcDl6s8sjS4sq/DUFsS73LS5PkGpKdu+N69FYaS+nyv8+usvxAbHC\n58VFAoIBAQCPnV21ACCBgw5k7lG1c+K35itBIFPU8KlhVn38/XMT1LivQS0Fyo+G\nd3P1btir/q8QCrSUFwSyTi1nbZQyDdjteQstEutgH2W4AsbZplnvJDo4KrfA+Veg\n1TR5sRqkJUYa/83/pqiPmI2nIuTblMn2+HV6dxlBy+jE8YdXTpuowxNbjy5QQq3E\nba27iQZn1HhEbQOloC00VYZqu7FI63WTB1nSLnvzsOUcZlyxCF6S8bHKrjMaHt2p\nKT8nfwWY3+VmzwjgduC3YNVnE49nBGZuG/6+9PSitgbzt/9MO7xrgN5ipkLKuuHW\n3DUbr05e1JLvzjpQTvYuLBqUfRRaVLhRAoIBAD/Nv/lSv9USSgjhGzFHNHBGhJFh\nGZ9Q49yV32FGCpMUWvjLxTmwqf4bFp8ejeZs6yp7RsdrOtvLntHNBSnF8JtO0h+7\nAPIUG4oiIN6hd+iHBL6bmdonfcwt4vK9dMHGFB4JD5vdtGbSUTm+47IL3Sh0pEDf\nin1n8lgcWdpPcH3Jkfm8rRRTvRTtdVBY/9bq16ax4aghFMyBM9gek+9D/hAK/ou3\nyA8oTlK5kR/GerSIA2Q+qvdeIo0vpAXAucrUJixvEIDXBvG0t1Cj+E4WTvFysfdi\nnMWhCWXHTtUYwfCW5jgwXocG2cRHqPTL4TY0jj1OabiPIf97S17MBYr4BI8=\n-----END RSA PRIVATE KEY-----\n",
            "private_key_pem_pkcs8": "-----BEGIN PRIVATE KEY-----\nMIIJQgIBADANBgkqhkiG9w0BAQEFAASCCSwwggkoAgEAAoICAQC2bIEuC51tSZR2\nmVGbPy23M4vGTNWFU5TFn2ildcrvJEGGgwFZYsMcZTNXU4QKTsDYf0t+7HVNQMEk\nyAjOaKeJE3y7wZng+Qpkt6xcAP4Me52qZ2h2EXB6/dsCIsXmayJH444C4YRvNgW6\nK6iUxZEKFfoAVb9E3liYM+HI64ZWlM8i199eSXIORkCPN/nF8B5zMk3ZT31TLnuS\n3RA8RIMqid+9sGRD/CX7HJU1WybpHZzaWAQqSUe4fRbzYhuI1AYk1wjbIhsWlzOm\nQ9mdgdAKulqQ/BtvAFrZsSnZoqX/Ei6fgdmJRe+G/zEVmfZbOVIcIIY90qRhG7wt\nkTWckxH1cC9W7Yj/jtJppv5f6JDZTCteD1DqQ9TXIiF5z37iDZcdA46IiPMTcZPT\nWMr9xhkla79dk6hLKPU2H9X1aiw50g7MiNykVn2i1mVGSgNIfnYKu15LOfgOx/JO\nRInMaELHXhxc/Ieu4aMQWpxyLNhoMU9a/017DiMmiP4uRH27M/0G9L2eHIGvI0Tv\n2rFLYstTS/r5iVggGiihtCrjIVByiT2kO26zrRonYOltXlLpKdExl21MM2nIg4Jd\nr6GzOa488iqbn5zMPtDjfSNKq0OZFDi9hYUVeoCWM49nsrKP6i+p4PT2HzqJikUG\n6NkyVHaj3vSdWM92tRBNKfQe9IhwrQIDAQABAoICAB9HSXsAqNSFSjxvm2t4ELmZ\nz/yHThEXPKoJ5CKCqPIKEGYk7kVKRtQGkiAGBNzTlgNJCEPR/WbqlHNfDQt/LEK3\noap7zouhh+OvDpGT5ftz8pu2MVYVNWkRP80E81PHyM/0t3PNAS0kYSUDuVsQ6QaG\nsCAAk9QWH7CxLKSLpbQQvddmljkPdMv3xbgIy/3hZwcvd+Or2nw5uxx6ZP9AbBEO\nJNvcc8SoZkbBJuBIKcrMtglGECjD+dUrNZUznC8A07DbYfxYw7ZC5Ks8dQKpsGc2\nfrLfV0DYGbu7wcY8OiQbFP1qgUclQ6Ws+diPVotbr7V86ieNh3vTCpfxjvSyzuAx\nKE0BkosbPiyOIZorb2nlAQ02BbzkfLSAIOh3JOPM+4VO89lPveUfeX/lcgiJq31W\njk023Igt7CrVtXo0sV9SxE1DTfNh3akmXR2Py+ChjsYp3QDVd9c0L/Qp2D9gwzaj\n1mu8Yut3FTEmrcoyzIpIINx0traNlPH55EvjHhFUXeqlmhGv92vCygrurNMoTpvP\nxV4TBnSqna6ZdwI5oygnAZH7adH6VbuAnivFBkb3+MorRPI4PiYSsFlAsnm2JISn\nWS+L0BNdooYhJbAfWc6AXMlwuI06Fnq32HbYCFEDSWbT9Lw9l539FzpUg5CDU8HV\nRtwaDT+C67VNiQAIX0jhAoIBAQDG5bMXwbcMDW8vhxiRsdk9LdIwDuaoRXUekL9T\npRh7QlIOyuP8Agk2Pi8xjPYYLyepDF+7c5pZbmk9XjTjEpkXW/mKhNHNxyo63c/H\nLAv/42hK7enA2xZJxo6Wr3ja/7SSIBQVlXte2NiuLXKQ8MXtxIMxAXEmso66FiIy\nenrsbCjFVxhL0Tm+LnO1gp4jNAnKgXTVLHCtoywHj6Zc677G/YvVhKEbilHei+uC\nHCnwqD3bVV0uy2x7Aj4HHuYX/B0FBkcpj1pFqFOnH1UWuI7Y2u0oxCSuLX+pIL5h\nzlp4+FNNwto1xMSxSiGfLKkD9zDopNPmvZGE/9saiG57ij3VAoIBAQDqzBABnv1K\nN+rmUaiverT1v9NKpx88qPHFebSJWi/0z1pJ9wKI/t8kj65WigIJRMy1ykHSbM0v\nv9QzUEXjlNT3CJMTl/u6VKsLys7Q0CoH+97RyDwN9GF+cNC/UTJ454D92oggUZej\nIA3lAJmrYTI1EpY/0LbbfaJh+uSOoXAz5kbg/eECn+zV4qmZ/ZXqsC9dxXoIbcJ9\nn2Fq9TudBH/ETpuNw60YNZlEFkhDXoBimxA1836KIoKPogwWarv8TjVA0svFF2tr\nLyyJinUW7OoPXjp91Uk5C+BV0yL1vMuJz6e9GgBWolEq95Urd7Rf6j8zcUSD7EUB\nJr5xPTliHNt5AoIBAHhd2AU/gTQ1CR19J1w8ghhpG3NkASjCZ/9oX7ESD3/AggJb\nvJ7s6IBAH7Vf9ipqlxjR2TmK21TV4bB2y5DD14vwaFLw0Ds1FZRsWerR+C0ShTIb\nSsQgkhtxoycD6CK4bqGj8iOhw/iBSJgX/uZCH7Yln7NPiRd/Jart7CIaRzu+tOnA\nLH7tjoFOgU3OTz9Epcw8jeTYMRST0/h7cZV4QYsRM8eyrQEKs0L38D1cJ/FxD4Yl\n4e+IwgyrLbiHdX38X9+DjhtTmrDfDkjsSEUoyaHo029BTGVwOXqzyyNLiyr8NQWx\nLvctLk+Qakp2743r0VhpL6fK/z66y/EBscLnxUUCggEBAI+dXbUAIIGDDmTuUbVz\n4rfmK0EgU9TwqWFWffz9cxPUuK9BLQXKj4Z3c/Vu2Kv+rxAKtJQXBLJOLWdtlDIN\n2O15Cy0S62AfZbgCxtmmWe8kOjgqt8D5V6DVNHmxGqQlRhr/zf+mqI+Yjaci5NuU\nyfb4dXp3GUHL6MTxh1dOm6jDE1uPLlBCrcRtrbuJBmfUeERtA6WgLTRVhmq7sUjr\ndZMHWdIue/Ow5RxmXLEIXpLxscquMxoe3akpPyd/BZjf5WbPCOB24Ldg1WcTj2cE\nZm4b/r709KK2BvO3/0w7vGuA3mKmQsq64dbcNRuvTl7Uku/OOlBO9i4sGpR9FFpU\nuFECggEAP82/+VK/1RJKCOEbMUc0cEaEkWEZn1Dj3JXfYUYKkxRa+MvFObCp/hsW\nnx6N5mzrKntGx2s628ue0c0FKcXwm07SH7sA8hQbiiIg3qF36IcEvpuZ2id9zC3i\n8r10wcYUHgkPm920ZtJROb7jsgvdKHSkQN+KfWfyWBxZ2k9wfcmR+bytFFO9FO11\nUFj/1urXprHhqCEUzIEz2B6T70P+EAr+i7fIDyhOUrmRH8Z6tIgDZD6q914ijS+k\nBcC5ytQmLG8QgNcG8bS3UKP4ThZO8XKx92KcxaEJZcdO1RjB8JbmODBehwbZxEeo\n9MvhNjSOPU5puI8h/3tLXswFivgEjw==\n-----END PRIVATE KEY-----\n",
            "public_key_fingerprint_md5": "61:05:4f:a8:51:52:93:4b:18:39:f0:e7:c5:55:f3:1d",
            "public_key_fingerprint_sha256": "SHA256:djBBwmPRwZ6m2aTChmX8AB01IK95fNazPpkf5048ySY",
            "public_key_openssh": "ssh-rsa AAAAB3NzaC1yc2EAAAADAQABAAACAQC2bIEuC51tSZR2mVGbPy23M4vGTNWFU5TFn2ildcrvJEGGgwFZYsMcZTNXU4QKTsDYf0t+7HVNQMEkyAjOaKeJE3y7wZng+Qpkt6xcAP4Me52qZ2h2EXB6/dsCIsXmayJH444C4YRvNgW6K6iUxZEKFfoAVb9E3liYM+HI64ZWlM8i199eSXIORkCPN/nF8B5zMk3ZT31TLnuS3RA8RIMqid+9sGRD/CX7HJU1WybpHZzaWAQqSUe4fRbzYhuI1AYk1wjbIhsWlzOmQ9mdgdAKulqQ/BtvAFrZsSnZoqX/Ei6fgdmJRe+G/zEVmfZbOVIcIIY90qRhG7wtkTWckxH1cC9W7Yj/jtJppv5f6JDZTCteD1DqQ9TXIiF5z37iDZcdA46IiPMTcZPTWMr9xhkla79dk6hLKPU2H9X1aiw50g7MiNykVn2i1mVGSgNIfnYKu15LOfgOx/JORInMaELHXhxc/Ieu4aMQWpxyLNhoMU9a/017DiMmiP4uRH27M/0G9L2eHIGvI0Tv2rFLYstTS/r5iVggGiihtCrjIVByiT2kO26zrRonYOltXlLpKdExl21MM2nIg4Jdr6GzOa488iqbn5zMPtDjfSNKq0OZFDi9hYUVeoCWM49nsrKP6i+p4PT2HzqJikUG6NkyVHaj3vSdWM92tRBNKfQe9IhwrQ==\n",
            "public_key_pem": "-----BEGIN PUBLIC KEY-----\nMIICIjANBgkqhkiG9w0BAQEFAAOCAg8AMIICCgKCAgEAtmyBLgudbUmUdplRmz8t\ntzOLxkzVhVOUxZ9opXXK7yRBhoMBWWLDHGUzV1OECk7A2H9Lfux1TUDBJMgIzmin\niRN8u8GZ4PkKZLesXAD+DHudqmdodhFwev3bAiLF5msiR+OOAuGEbzYFuiuolMWR\nChX6AFW/RN5YmDPhyOuGVpTPItffXklyDkZAjzf5xfAeczJN2U99Uy57kt0QPESD\nKonfvbBkQ/wl+xyVNVsm6R2c2lgEKklHuH0W82IbiNQGJNcI2yIbFpczpkPZnYHQ\nCrpakPwbbwBa2bEp2aKl/xIun4HZiUXvhv8xFZn2WzlSHCCGPdKkYRu8LZE1nJMR\n9XAvVu2I/47Saab+X+iQ2UwrXg9Q6kPU1yIhec9+4g2XHQOOiIjzE3GT01jK/cYZ\nJWu/XZOoSyj1Nh/V9WosOdIOzIjcpFZ9otZlRkoDSH52CrteSzn4DsfyTkSJzGhC\nx14cXPyHruGjEFqccizYaDFPWv9New4jJoj+LkR9uzP9BvS9nhyBryNE79qxS2LL\nU0v6+YlYIBooobQq4yFQcok9pDtus60aJ2DpbV5S6SnRMZdtTDNpyIOCXa+hszmu\nPPIqm5+czD7Q430jSqtDmRQ4vYWFFXqAljOPZ7Kyj+ovqeD09h86iYpFBujZMlR2\no970nVjPdrUQTSn0HvSIcK0CAwEAAQ==\n-----END PUBLIC KEY-----\n",
            "rsa_bits": 4096
          },
          "sensitive_attributes": [
            [
              {
                "type": "get_attr",
                "value": "private_key_pem"
              }
            ],
            [
              {
                "type": "get_attr",
                "value": "private_key_pem_pkcs8"
              }
            ],
            [
              {
                "type": "get_attr",
                "value": "private_key_openssh"
              }
            ]
          ]
        }
      ]
    }
  ],
  "check_results": null
}
