{
  "version": 4,
  "terraform_version": "1.8.5",
  "serial": 798,
  "lineage": "8047b918-143c-30ca-8822-32d947294593",
  "outputs": {
    "ami": {
      "value": [
        "ami-04b70fa74e45c3917"
      ],
      "type": [
        "tuple",
        [
          "string"
        ]
      ]
    },
    "ec2_key": {
      "value": [
        "private"
      ],
      "type": [
        "tuple",
        [
          "string"
        ]
      ]
    },
    "instance_id": {
      "value": [
        "i-0a50dd5b3de12ef10"
      ],
      "type": [
        "tuple",
        [
          "string"
        ]
      ]
    },
    "jenkins_url": {
      "value": "http://18.232.66.98:8080",
      "type": "string"
    },
    "private_key_pem": {
      "value": "-----BEGIN RSA PRIVATE KEY-----\nMIIJKQIBAAKCAgEAv7sO2CzasO3QVD7nAcijK80mCpUSP058goLdrqW4+kbjlb/l\nmWpAdJbbmmuFA6c7AHQ/AdmMLUs21uzn5I3PoGA12ayy3NCFEvgUZD7MFGc9Q+gC\nNETz0TIwCSc5M1SGka91zELKlot1TW33hp3m2/2lkVWd4xDoqiROf3Ce4BxxJj8/\nT0DuJgnO/41ZsDEVT7K8nljZeYhpJnLnAHiRgTA17SeObgdG6LkMmYG0jYQFvJVH\nDcnumniho8ouTU9G6pxpPzDwbtF+0fC5djNtjHYL4HHHf63aAP7rQt7cJQRwNImv\n8aYBS4U2A5SBkkUBYqzH0VGW8BRmGCxPPp+L/1uid9dz7hFgyWGo732gaCusLBuP\nCD9esvA90vxYjtsNKJd9IMj3vi8W12i/naN0U9xJNEzcyPBYlA+4P0VvpKn1jo8i\nsh2LMyTpHEc+VzX4UmfiMs8dDAykiYkIjC/AVisgH85upzb99cIpY/dfqG36GhhK\n24u7DpNWUZQ9Qeh+t7BnQG6NVH49n2wJjER9sYIBt6hHbokiWMf20VQzTlH3NEIR\nA92NteIAcHxi0cMRfEPB4DoT2gZAOY4faE7UZotvdo0Jq55PSlnPBdxiI7mRaAVX\n0eex4vRM2TnF2NM0gGcp5CP7AreI+b3NKI61sL7SD38dPgtsbna/J0z3/0ECAwEA\nAQKCAgBXvhtFAwHyBmNYqpC9WDyURwYpwZ7gKeMBNzKMQnsszlRIq9E/LEjjEkbd\nnGb7DQULaCeNiSmFcO5f3XsiNWPXWTBLtaUFOMgtripm1fY/QB/he8PGd+e8zOL+\nzVx4CS6sbUfTep2L17aPAMxOZuTHuISUxkHDMHHJq2PhHoEWvu1pO3iVpHlYHxUE\nDoQFBfFiz8FSFgcwfyTf26WrqYGtRYroRToBUIM67bS+a4VdXhXh/87MmKUBPEN8\n2YHnD2i85Wek65icnnMTUL8PQOnZZgx5YpiR7dXersqrh6HnruhKothKFlZxYT0e\n1k+VyM6hgcDQIi6ZIDy4w05gslM2dluTVZw/pn+P19EFW2gkNteYg9jZKI3wcQ3g\ng9u2JaJZ1PNnzfCH6axJwkPvSKQLMStwLQRgSQXZM+7BGsC9qDbd/10mGLJMCAxI\nt42hUjUAuRWytPGhoqu16dLsRaB2srYRlj38GE78+EKSqeSldwCmr1s5Jn1/CojO\n7m1uEXrHiZy/hMRg3qTmeMwLv5Qqo1AgzbqA42oHjXMFlyAc9YjPMjZm3wyza84K\nQunWYSRyMWFxq8s5DmNG5kXc1rVrX98q55uXBgU39Jzwws5XWlqj0qvEgp9uoYyG\n6Ycy8tA3mZxhYd9mE5mEHYXvQfulULS8sdhdAqXJ9cbMGByyoQKCAQEA7HfpNOWX\nrjRgY5bI8hxFK8Y1UkTegrtqAtQKpp0OUKO/nyzYldgWVYQ3Ity9gclG/UQDTpaq\nmYxIeLdjPkG8s7SmaKI13p/zJzPb5J/fMmYVDIPyun54CrLfJ3MeKac7V5S/dZxT\ndQacmoAUHxJiChvAZpA/SN68fNqcy2WPhd8crDnDZ8N45XYaT7xokYF+LUs6QS3a\nYvPuoQGwjjGHiK4xTcJlBebs3DhfNQ6tKzgK1J/c0j6puu5nX55OIV/7qNgYXt0P\n3jYB2L6hGipwAeDSlyONWQyaN2u8xkXs5i3O7TLpsXgcklP1//21jDGXG/waAR07\nMUdIEer0l6pKVwKCAQEAz5EsxctoUqe/LFxVAlpq+wR+KnKLgkMQH3r6GYmRmbQM\nypYYzGubVb9BTRNpr72XTvNtAwPWQJ8SWhf3DlVfCue99ydTs/SzglCGWC9/mE9d\nIC28ViLKMGZ++RnIOTP43JXsf79kbwrDr41bwbSYb/iXbHjHigZnu97X47WnDywP\nECjEXwwuvfIEjL66CBGff6PzE2w3GDnt8km1AGj9BkhbSgZvIg0xBCFVE86REoh/\nPwd+IxiuVZf5BcQQK0AX8S67VNYaZ7OxTkldl0Yo9OyfJl852ag1rY57hTOb8nZA\nCiYARDUfeqKLxeszTP1yx2tAeyg9nqUlEOZ7gls0JwKCAQBzYNq4BaJpzIKPdR4d\nC/AwOKkBuDq9nQZP1PhRbWZzsEIqP256RpI3LajdaMlKj1QE9W+Lo/Yfr5QY2pog\n4WBaarWbbjJMqsywfxw2xE7aP3bbwXHozxZxWe+KRyAbgM5yoFB+6UTLX+t/cyje\nNFEDz6CkKpPGUW+0l9JTZ/2Me115J0IR2g2eIG8cIrj+7ikLnp4Q+XeKOq1ff/yO\nlNoltaC26TfzlkZR+Wty7vNNmC2oq0vKheq5G+PygsJqhHO9YZsahlBcwwtJn1Hp\n+3TlZbY7KoyoO37vtbDJKYs6kHVbxTDDd/Cw8SihvEAd5IBvliV2D7Y3CCnBHFw1\nuFBHAoIBAQCDxGFr30kGz76o5qSAre2kFKITSEwQEYq2sVb7xz1LGeXU5ZwwiU8/\nC/7kcyJwkibv09CsTU9CDrmTwAryane/cIZD1A9q+jjKzVu7t8uEYT15JA+fjs5U\nE30fnaJhzgB56CMOpe2YIHlBhLdvLLpouqNGFRZ3JMHNnhXnVHYNR6b4VyjyPcWe\nh3kj8CAg5y8d1HKHLfd7xaqsWOYysHOP/XcWcycxsrYfLRnZTRUDcut0k8kbdpuV\ncrh/VIv/KN0KGuSJYrG4i3ZPgHuNgNiXQ2906JbM+d+5oe4ADVc+gJr+1kjtA9xL\n+cxJhJo4kdy/g/KXPGCByczSAb7+be+ZAoIBAQCsEE/6n1XBmYpl/dZFHku4ocJH\nQXlYVpZKTdu6kPgSvhyKYvLXFvESiDdUowmut6S8rgoSffyQpdb997y62glKaGAF\nxKtgXbN3VIBsQKNZHtyYk8pQ8YY/mcS+LDpFxEvxICbaqbh2LtL55+49jipUcOE0\nWmbgOpsC2NuCvKSXSESRG8P4f87jzaYUt7cDSQZK3YD7F57RB31SB47LsX6hDiem\nzSoMx0PweayUhEAMCN7g6DcPM5r+ctFWjVnLyhJGKzOxYbpKY6TVdgtc8RFwM6sJ\nRbgflQP6Svz5nI/csTR+H2TXe3/dFCwU6UgsuScVmyiw8ECm13xYZsPk36wL\n-----END RSA PRIVATE KEY-----\n",
      "type": "string",
      "sensitive": true
    },
    "public_ip": {
      "value": [
        "18.232.66.98"
      ],
      "type": [
        "tuple",
        [
          "string"
        ]
      ]
    },
    "subnet_id": {
      "value": "subnet-0d7e7418973d79b02",
      "type": "string"
    },
    "vpc_id": {
      "value": "vpc-0ab039069980cc814",
      "type": "string"
    }
  },
  "resources": [
    {
      "mode": "managed",
      "type": "aws_instance",
      "name": "my_instance",
      "provider": "provider[\"registry.terraform.io/hashicorp/aws\"]",
      "instances": [
        {
          "index_key": 0,
          "schema_version": 1,
          "attributes": {
            "ami": "ami-04b70fa74e45c3917",
            "arn": "arn:aws:ec2:us-east-1:767397976541:instance/i-0a50dd5b3de12ef10",
            "associate_public_ip_address": true,
            "availability_zone": "us-east-1b",
            "capacity_reservation_specification": [
              {
                "capacity_reservation_preference": "open",
                "capacity_reservation_target": []
              }
            ],
            "cpu_core_count": 2,
            "cpu_options": [
              {
                "amd_sev_snp": "",
                "core_count": 2,
                "threads_per_core": 1
              }
            ],
            "cpu_threads_per_core": 1,
            "credit_specification": [
              {
                "cpu_credits": "standard"
              }
            ],
            "disable_api_stop": false,
            "disable_api_termination": false,
            "ebs_block_device": [
              {
                "delete_on_termination": true,
                "device_name": "/dev/sda1",
                "encrypted": false,
                "iops": 3000,
                "kms_key_id": "",
                "snapshot_id": "",
                "tags": {},
                "tags_all": {
                  "hashicorp-learn": "refresh"
                },
                "throughput": 125,
                "volume_id": "vol-0e5b1a2ff30c6ddbd",
                "volume_size": 8,
                "volume_type": "gp3"
              }
            ],
            "ebs_optimized": false,
            "enclave_options": [
              {
                "enabled": false
              }
            ],
            "ephemeral_block_device": [],
            "get_password_data": false,
            "hibernation": false,
            "host_id": "",
            "host_resource_group_arn": null,
            "iam_instance_profile": "",
            "id": "i-0a50dd5b3de12ef10",
            "instance_initiated_shutdown_behavior": "stop",
            "instance_lifecycle": "",
            "instance_market_options": [],
            "instance_state": "running",
            "instance_type": "t2.large",
            "ipv6_address_count": 0,
            "ipv6_addresses": [],
            "key_name": "private",
            "launch_template": [],
            "maintenance_options": [
              {
                "auto_recovery": "default"
              }
            ],
            "metadata_options": [
              {
                "http_endpoint": "enabled",
                "http_protocol_ipv6": "disabled",
                "http_put_response_hop_limit": 2,
                "http_tokens": "required",
                "instance_metadata_tags": "disabled"
              }
            ],
            "monitoring": false,
            "network_interface": [],
            "outpost_arn": "",
            "password_data": "",
            "placement_group": "",
            "placement_partition_number": 0,
            "primary_network_interface_id": "eni-0d3d33b57b3f309b6",
            "private_dns": "ip-10-0-1-78.ec2.internal",
            "private_dns_name_options": [
              {
                "enable_resource_name_dns_a_record": false,
                "enable_resource_name_dns_aaaa_record": false,
                "hostname_type": "ip-name"
              }
            ],
            "private_ip": "10.0.1.78",
            "public_dns": "ec2-18-232-66-98.compute-1.amazonaws.com",
            "public_ip": "18.232.66.98",
            "root_block_device": [
              {
                "delete_on_termination": true,
                "device_name": "/dev/sda1",
                "encrypted": false,
                "iops": 3000,
                "kms_key_id": "",
                "tags": {},
                "tags_all": {
                  "hashicorp-learn": "refresh"
                },
                "throughput": 125,
                "volume_id": "vol-0e5b1a2ff30c6ddbd",
                "volume_size": 8,
                "volume_type": "gp3"
              }
            ],
            "secondary_private_ips": [],
            "security_groups": [],
            "source_dest_check": true,
            "spot_instance_request_id": "",
            "subnet_id": "subnet-0d7e7418973d79b02",
            "tags": {
              "Name": "linux-server"
            },
            "tags_all": {
              "Name": "linux-server",
              "hashicorp-learn": "refresh"
            },
            "tenancy": "default",
            "timeouts": null,
            "user_data": "f1ebcdc84e85267edb8c9a8d626422bd973ad8d6",
            "user_data_base64": null,
            "user_data_replace_on_change": false,
            "volume_tags": null,
            "vpc_security_group_ids": [
              "sg-071903e4f99697b5b"
            ]
          },
          "sensitive_attributes": [],
          "private": "eyJlMmJmYjczMC1lY2FhLTExZTYtOGY4OC0zNDM2M2JjN2M0YzAiOnsiY3JlYXRlIjo2MDAwMDAwMDAwMDAsImRlbGV0ZSI6MTIwMDAwMDAwMDAwMCwicmVhZCI6OTAwMDAwMDAwMDAwLCJ1cGRhdGUiOjYwMDAwMDAwMDAwMH0sInNjaGVtYV92ZXJzaW9uIjoiMSJ9",
          "dependencies": [
            "aws_key_pair.deployer",
            "aws_security_group.my_security_group",
            "aws_subnet.public_subnet",
            "aws_vpc.my_vpc",
            "tls_private_key.example"
          ]
        }
      ]
    },
    {
      "mode": "managed",
      "type": "aws_internet_gateway",
      "name": "my_igw",
      "provider": "provider[\"registry.terraform.io/hashicorp/aws\"]",
      "instances": [
        {
          "schema_version": 0,
          "attributes": {
            "arn": "arn:aws:ec2:us-east-1:767397976541:internet-gateway/igw-0b6309800c062786b",
            "id": "igw-0b6309800c062786b",
            "owner_id": "767397976541",
            "tags": null,
            "tags_all": {
              "hashicorp-learn": "refresh"
            },
            "timeouts": null,
            "vpc_id": "vpc-0ab039069980cc814"
          },
          "sensitive_attributes": [],
          "private": "eyJlMmJmYjczMC1lY2FhLTExZTYtOGY4OC0zNDM2M2JjN2M0YzAiOnsiY3JlYXRlIjoxMjAwMDAwMDAwMDAwLCJkZWxldGUiOjEyMDAwMDAwMDAwMDAsInVwZGF0ZSI6MTIwMDAwMDAwMDAwMH19",
          "dependencies": [
            "aws_vpc.my_vpc"
          ]
        }
      ]
    },
    {
      "mode": "managed",
      "type": "aws_key_pair",
      "name": "deployer",
      "provider": "provider[\"registry.terraform.io/hashicorp/aws\"]",
      "instances": [
        {
          "schema_version": 1,
          "attributes": {
            "arn": "arn:aws:ec2:us-east-1:767397976541:key-pair/private",
            "fingerprint": "87:de:6f:ad:04:1a:7a:8f:36:59:bd:26:43:b6:21:84",
            "id": "private",
            "key_name": "private",
            "key_name_prefix": "",
            "key_pair_id": "key-0311cdd42ee17916e",
            "key_type": "rsa",
            "public_key": "ssh-rsa AAAAB3NzaC1yc2EAAAADAQABAAACAQC/uw7YLNqw7dBUPucByKMrzSYKlRI/TnyCgt2upbj6RuOVv+WZakB0ltuaa4UDpzsAdD8B2YwtSzbW7Ofkjc+gYDXZrLLc0IUS+BRkPswUZz1D6AI0RPPRMjAJJzkzVIaRr3XMQsqWi3VNbfeGnebb/aWRVZ3jEOiqJE5/cJ7gHHEmPz9PQO4mCc7/jVmwMRVPsryeWNl5iGkmcucAeJGBMDXtJ45uB0bouQyZgbSNhAW8lUcNye6aeKGjyi5NT0bqnGk/MPBu0X7R8Ll2M22Mdgvgccd/rdoA/utC3twlBHA0ia/xpgFLhTYDlIGSRQFirMfRUZbwFGYYLE8+n4v/W6J313PuEWDJYajvfaBoK6wsG48IP16y8D3S/FiO2w0ol30gyPe+LxbXaL+do3RT3Ek0TNzI8FiUD7g/RW+kqfWOjyKyHYszJOkcRz5XNfhSZ+Iyzx0MDKSJiQiML8BWKyAfzm6nNv31wilj91+obfoaGErbi7sOk1ZRlD1B6H63sGdAbo1Ufj2fbAmMRH2xggG3qEduiSJYx/bRVDNOUfc0QhED3Y214gBwfGLRwxF8Q8HgOhPaBkA5jh9oTtRmi292jQmrnk9KWc8F3GIjuZFoBVfR57Hi9EzZOcXY0zSAZynkI/sCt4j5vc0ojrWwvtIPfx0+C2xudr8nTPf/QQ==",
            "tags": null,
            "tags_all": {
              "hashicorp-learn": "refresh"
            }
          },
          "sensitive_attributes": [],
          "private": "eyJzY2hlbWFfdmVyc2lvbiI6IjEifQ==",
          "dependencies": [
            "tls_private_key.example"
          ]
        }
      ]
    },
    {
      "mode": "managed",
      "type": "aws_route_table",
      "name": "my_route_table",
      "provider": "provider[\"registry.terraform.io/hashicorp/aws\"]",
      "instances": [
        {
          "schema_version": 0,
          "attributes": {
            "arn": "arn:aws:ec2:us-east-1:767397976541:route-table/rtb-00b4ae6418ffd64a9",
            "id": "rtb-00b4ae6418ffd64a9",
            "owner_id": "767397976541",
            "propagating_vgws": [],
            "route": [
              {
                "carrier_gateway_id": "",
                "cidr_block": "0.0.0.0/0",
                "core_network_arn": "",
                "destination_prefix_list_id": "",
                "egress_only_gateway_id": "",
                "gateway_id": "igw-0b6309800c062786b",
                "ipv6_cidr_block": "",
                "local_gateway_id": "",
                "nat_gateway_id": "",
                "network_interface_id": "",
                "transit_gateway_id": "",
                "vpc_endpoint_id": "",
                "vpc_peering_connection_id": ""
              }
            ],
            "tags": {
              "Name": "MyRouteTable"
            },
            "tags_all": {
              "Name": "MyRouteTable",
              "hashicorp-learn": "refresh"
            },
            "timeouts": null,
            "vpc_id": "vpc-0ab039069980cc814"
          },
          "sensitive_attributes": [],
          "private": "eyJlMmJmYjczMC1lY2FhLTExZTYtOGY4OC0zNDM2M2JjN2M0YzAiOnsiY3JlYXRlIjozMDAwMDAwMDAwMDAsImRlbGV0ZSI6MzAwMDAwMDAwMDAwLCJ1cGRhdGUiOjEyMDAwMDAwMDAwMH19",
          "dependencies": [
            "aws_internet_gateway.my_igw",
            "aws_vpc.my_vpc"
          ]
        }
      ]
    },
    {
      "mode": "managed",
      "type": "aws_route_table_association",
      "name": "public_subnet_association",
      "provider": "provider[\"registry.terraform.io/hashicorp/aws\"]",
      "instances": [
        {
          "schema_version": 0,
          "attributes": {
            "gateway_id": "",
            "id": "rtbassoc-0bd68dd01b41b5d7d",
            "route_table_id": "rtb-00b4ae6418ffd64a9",
            "subnet_id": "subnet-0d7e7418973d79b02",
            "timeouts": null
          },
          "sensitive_attributes": [],
          "private": "eyJlMmJmYjczMC1lY2FhLTExZTYtOGY4OC0zNDM2M2JjN2M0YzAiOnsiY3JlYXRlIjozMDAwMDAwMDAwMDAsImRlbGV0ZSI6MzAwMDAwMDAwMDAwLCJ1cGRhdGUiOjEyMDAwMDAwMDAwMH19",
          "dependencies": [
            "aws_internet_gateway.my_igw",
            "aws_route_table.my_route_table",
            "aws_subnet.public_subnet",
            "aws_vpc.my_vpc"
          ]
        }
      ]
    },
    {
      "mode": "managed",
      "type": "aws_s3_bucket",
      "name": "example_bucket",
      "provider": "provider[\"registry.terraform.io/hashicorp/aws\"]",
      "instances": [
        {
          "schema_version": 0,
          "attributes": {
            "acceleration_status": "",
            "acl": null,
            "arn": "arn:aws:s3:::ayushjoshi",
            "bucket": "ayushjoshi",
            "bucket_domain_name": "ayushjoshi.s3.amazonaws.com",
            "bucket_prefix": "",
            "bucket_regional_domain_name": "ayushjoshi.s3.us-east-1.amazonaws.com",
            "cors_rule": [],
            "force_destroy": false,
            "grant": [
              {
                "id": "5942a9fe4298337c6234151ab04fbce9d4cd77d982df2795f4ebbbe4fadb1d1b",
                "permissions": [
                  "FULL_CONTROL"
                ],
                "type": "CanonicalUser",
                "uri": ""
              }
            ],
            "hosted_zone_id": "Z3AQBSTGFYJSTF",
            "id": "ayushjoshi",
            "lifecycle_rule": [],
            "logging": [],
            "object_lock_configuration": [],
            "object_lock_enabled": false,
            "policy": "",
            "region": "us-east-1",
            "replication_configuration": [],
            "request_payer": "BucketOwner",
            "server_side_encryption_configuration": [
              {
                "rule": [
                  {
                    "apply_server_side_encryption_by_default": [
                      {
                        "kms_master_key_id": "",
                        "sse_algorithm": "AES256"
                      }
                    ],
                    "bucket_key_enabled": false
                  }
                ]
              }
            ],
            "tags": null,
            "tags_all": {
              "hashicorp-learn": "refresh"
            },
            "timeouts": null,
            "versioning": [
              {
                "enabled": false,
                "mfa_delete": false
              }
            ],
            "website": [],
            "website_domain": null,
            "website_endpoint": null
          },
          "sensitive_attributes": [],
          "private": "eyJlMmJmYjczMC1lY2FhLTExZTYtOGY4OC0zNDM2M2JjN2M0YzAiOnsiY3JlYXRlIjoxMjAwMDAwMDAwMDAwLCJkZWxldGUiOjM2MDAwMDAwMDAwMDAsInJlYWQiOjEyMDAwMDAwMDAwMDAsInVwZGF0ZSI6MTIwMDAwMDAwMDAwMH19"
        }
      ]
    },
    {
      "mode": "managed",
      "type": "aws_s3_bucket_public_access_block",
      "name": "example_bucket_public_access_block",
      "provider": "provider[\"registry.terraform.io/hashicorp/aws\"]",
      "instances": [
        {
          "schema_version": 0,
          "attributes": {
            "block_public_acls": false,
            "block_public_policy": false,
            "bucket": "ayushjoshi",
            "id": "ayushjoshi",
            "ignore_public_acls": false,
            "restrict_public_buckets": false
          },
          "sensitive_attributes": [],
          "private": "bnVsbA==",
          "dependencies": [
            "aws_s3_bucket.example_bucket"
          ]
        }
      ]
    },
    {
      "mode": "managed",
      "type": "aws_security_group",
      "name": "my_security_group",
      "provider": "provider[\"registry.terraform.io/hashicorp/aws\"]",
      "instances": [
        {
          "schema_version": 1,
          "attributes": {
            "arn": "arn:aws:ec2:us-east-1:767397976541:security-group/sg-071903e4f99697b5b",
            "description": "My security group created by Terraform",
            "egress": [
              {
                "cidr_blocks": [
                  "0.0.0.0/0"
                ],
                "description": "",
                "from_port": 0,
                "ipv6_cidr_blocks": [],
                "prefix_list_ids": [],
                "protocol": "-1",
                "security_groups": [],
                "self": false,
                "to_port": 0
              }
            ],
            "id": "sg-071903e4f99697b5b",
            "ingress": [
              {
                "cidr_blocks": [
                  "0.0.0.0/0"
                ],
                "description": "ingress rule for my_sql",
                "from_port": 3306,
                "ipv6_cidr_blocks": [],
                "prefix_list_ids": [],
                "protocol": "tcp",
                "security_groups": [],
                "self": false,
                "to_port": 3306
              },
              {
                "cidr_blocks": [
                  "0.0.0.0/0"
                ],
                "description": "ingress rule for port 22",
                "from_port": 22,
                "ipv6_cidr_blocks": [],
                "prefix_list_ids": [],
                "protocol": "tcp",
                "security_groups": [],
                "self": false,
                "to_port": 22
              },
              {
                "cidr_blocks": [
                  "0.0.0.0/0"
                ],
                "description": "ingress rule for port 443",
                "from_port": 443,
                "ipv6_cidr_blocks": [],
                "prefix_list_ids": [],
                "protocol": "tcp",
                "security_groups": [],
                "self": false,
                "to_port": 443
              },
              {
                "cidr_blocks": [
                  "0.0.0.0/0"
                ],
                "description": "ingress rule for port 8080 using jenkins",
                "from_port": 8080,
                "ipv6_cidr_blocks": [],
                "prefix_list_ids": [],
                "protocol": "tcp",
                "security_groups": [],
                "self": false,
                "to_port": 8080
              }
            ],
            "name": "my-security-group",
            "name_prefix": "",
            "owner_id": "767397976541",
            "revoke_rules_on_delete": false,
            "tags": null,
            "tags_all": {
              "hashicorp-learn": "refresh"
            },
            "timeouts": null,
            "vpc_id": "vpc-0ab039069980cc814"
          },
          "sensitive_attributes": [],
          "private": "eyJlMmJmYjczMC1lY2FhLTExZTYtOGY4OC0zNDM2M2JjN2M0YzAiOnsiY3JlYXRlIjo2MDAwMDAwMDAwMDAsImRlbGV0ZSI6OTAwMDAwMDAwMDAwfSwic2NoZW1hX3ZlcnNpb24iOiIxIn0=",
          "dependencies": [
            "aws_vpc.my_vpc"
          ]
        }
      ]
    },
    {
      "mode": "managed",
      "type": "aws_subnet",
      "name": "public_subnet",
      "provider": "provider[\"registry.terraform.io/hashicorp/aws\"]",
      "instances": [
        {
          "schema_version": 1,
          "attributes": {
            "arn": "arn:aws:ec2:us-east-1:767397976541:subnet/subnet-0d7e7418973d79b02",
            "assign_ipv6_address_on_creation": false,
            "availability_zone": "us-east-1b",
            "availability_zone_id": "use1-az6",
            "cidr_block": "10.0.1.0/24",
            "customer_owned_ipv4_pool": "",
            "enable_dns64": false,
            "enable_lni_at_device_index": 0,
            "enable_resource_name_dns_a_record_on_launch": false,
            "enable_resource_name_dns_aaaa_record_on_launch": false,
            "id": "subnet-0d7e7418973d79b02",
            "ipv6_cidr_block": "",
            "ipv6_cidr_block_association_id": "",
            "ipv6_native": false,
            "map_customer_owned_ip_on_launch": false,
            "map_public_ip_on_launch": true,
            "outpost_arn": "",
            "owner_id": "767397976541",
            "private_dns_hostname_type_on_launch": "ip-name",
            "tags": {
              "Name": "PublicSubnet"
            },
            "tags_all": {
              "Name": "PublicSubnet",
              "hashicorp-learn": "refresh"
            },
            "timeouts": null,
            "vpc_id": "vpc-0ab039069980cc814"
          },
          "sensitive_attributes": [],
          "private": "eyJlMmJmYjczMC1lY2FhLTExZTYtOGY4OC0zNDM2M2JjN2M0YzAiOnsiY3JlYXRlIjo2MDAwMDAwMDAwMDAsImRlbGV0ZSI6MTIwMDAwMDAwMDAwMH0sInNjaGVtYV92ZXJzaW9uIjoiMSJ9",
          "dependencies": [
            "aws_vpc.my_vpc"
          ]
        }
      ]
    },
    {
      "mode": "managed",
      "type": "aws_vpc",
      "name": "my_vpc",
      "provider": "provider[\"registry.terraform.io/hashicorp/aws\"]",
      "instances": [
        {
          "schema_version": 1,
          "attributes": {
            "arn": "arn:aws:ec2:us-east-1:767397976541:vpc/vpc-0ab039069980cc814",
            "assign_generated_ipv6_cidr_block": false,
            "cidr_block": "10.0.0.0/16",
            "default_network_acl_id": "acl-094fb1c74263fd200",
            "default_route_table_id": "rtb-0b70eeba2ead36bff",
            "default_security_group_id": "sg-079c9c012f812b3df",
            "dhcp_options_id": "dopt-001702745a6d90672",
            "enable_dns_hostnames": true,
            "enable_dns_support": true,
            "enable_network_address_usage_metrics": false,
            "id": "vpc-0ab039069980cc814",
            "instance_tenancy": "default",
            "ipv4_ipam_pool_id": null,
            "ipv4_netmask_length": null,
            "ipv6_association_id": "",
            "ipv6_cidr_block": "",
            "ipv6_cidr_block_network_border_group": "",
            "ipv6_ipam_pool_id": "",
            "ipv6_netmask_length": 0,
            "main_route_table_id": "rtb-0b70eeba2ead36bff",
            "owner_id": "767397976541",
            "tags": {
              "Name": "VPC-1"
            },
            "tags_all": {
              "Name": "VPC-1",
              "hashicorp-learn": "refresh"
            }
          },
          "sensitive_attributes": [],
          "private": "eyJzY2hlbWFfdmVyc2lvbiI6IjEifQ=="
        }
      ]
    },
    {
      "mode": "managed",
      "type": "null_resource",
      "name": "empty_bucket",
      "provider": "provider[\"registry.terraform.io/hashicorp/null\"]",
      "instances": [
        {
          "schema_version": 0,
          "attributes": {
            "id": "6525449528371149743",
            "triggers": null
          },
          "sensitive_attributes": [],
          "dependencies": [
            "aws_s3_bucket.example_bucket"
          ]
        }
      ]
    },
    {
      "mode": "managed",
      "type": "null_resource",
      "name": "my_instance",
      "provider": "provider[\"registry.terraform.io/hashicorp/null\"]",
      "instances": [
        {
          "schema_version": 0,
          "attributes": {
            "id": "4404286698868629187",
            "triggers": {
              "id": "igw-0b6309800c062786b"
            }
          },
          "sensitive_attributes": [],
          "dependencies": [
            "aws_internet_gateway.my_igw",
            "aws_vpc.my_vpc"
          ]
        }
      ]
    },
    {
      "mode": "managed",
      "type": "tls_private_key",
      "name": "example",
      "provider": "provider[\"registry.terraform.io/hashicorp/tls\"]",
      "instances": [
        {
          "schema_version": 1,
          "attributes": {
            "algorithm": "RSA",
            "ecdsa_curve": "P224",
            "id": "e454d62f7f5cf3f231fe05557f65e1552c731314",
            "private_key_openssh": "-----BEGIN OPENSSH PRIVATE KEY-----\nb3BlbnNzaC1rZXktdjEAAAAABG5vbmUAAAAEbm9uZQAAAAAAAAABAAACFwAAAAdz\nc2gtcnNhAAAAAwEAAQAAAgEAv7sO2CzasO3QVD7nAcijK80mCpUSP058goLdrqW4\n+kbjlb/lmWpAdJbbmmuFA6c7AHQ/AdmMLUs21uzn5I3PoGA12ayy3NCFEvgUZD7M\nFGc9Q+gCNETz0TIwCSc5M1SGka91zELKlot1TW33hp3m2/2lkVWd4xDoqiROf3Ce\n4BxxJj8/T0DuJgnO/41ZsDEVT7K8nljZeYhpJnLnAHiRgTA17SeObgdG6LkMmYG0\njYQFvJVHDcnumniho8ouTU9G6pxpPzDwbtF+0fC5djNtjHYL4HHHf63aAP7rQt7c\nJQRwNImv8aYBS4U2A5SBkkUBYqzH0VGW8BRmGCxPPp+L/1uid9dz7hFgyWGo732g\naCusLBuPCD9esvA90vxYjtsNKJd9IMj3vi8W12i/naN0U9xJNEzcyPBYlA+4P0Vv\npKn1jo8ish2LMyTpHEc+VzX4UmfiMs8dDAykiYkIjC/AVisgH85upzb99cIpY/df\nqG36GhhK24u7DpNWUZQ9Qeh+t7BnQG6NVH49n2wJjER9sYIBt6hHbokiWMf20VQz\nTlH3NEIRA92NteIAcHxi0cMRfEPB4DoT2gZAOY4faE7UZotvdo0Jq55PSlnPBdxi\nI7mRaAVX0eex4vRM2TnF2NM0gGcp5CP7AreI+b3NKI61sL7SD38dPgtsbna/J0z3\n/0EAAAc4UB+VmlAflZoAAAAHc3NoLXJzYQAAAgEAv7sO2CzasO3QVD7nAcijK80m\nCpUSP058goLdrqW4+kbjlb/lmWpAdJbbmmuFA6c7AHQ/AdmMLUs21uzn5I3PoGA1\n2ayy3NCFEvgUZD7MFGc9Q+gCNETz0TIwCSc5M1SGka91zELKlot1TW33hp3m2/2l\nkVWd4xDoqiROf3Ce4BxxJj8/T0DuJgnO/41ZsDEVT7K8nljZeYhpJnLnAHiRgTA1\n7SeObgdG6LkMmYG0jYQFvJVHDcnumniho8ouTU9G6pxpPzDwbtF+0fC5djNtjHYL\n4HHHf63aAP7rQt7cJQRwNImv8aYBS4U2A5SBkkUBYqzH0VGW8BRmGCxPPp+L/1ui\nd9dz7hFgyWGo732gaCusLBuPCD9esvA90vxYjtsNKJd9IMj3vi8W12i/naN0U9xJ\nNEzcyPBYlA+4P0VvpKn1jo8ish2LMyTpHEc+VzX4UmfiMs8dDAykiYkIjC/AVisg\nH85upzb99cIpY/dfqG36GhhK24u7DpNWUZQ9Qeh+t7BnQG6NVH49n2wJjER9sYIB\nt6hHbokiWMf20VQzTlH3NEIRA92NteIAcHxi0cMRfEPB4DoT2gZAOY4faE7UZotv\ndo0Jq55PSlnPBdxiI7mRaAVX0eex4vRM2TnF2NM0gGcp5CP7AreI+b3NKI61sL7S\nD38dPgtsbna/J0z3/0EAAAADAQABAAACAFe+G0UDAfIGY1iqkL1YPJRHBinBnuAp\n4wE3MoxCeyzOVEir0T8sSOMSRt2cZvsNBQtoJ42JKYVw7l/deyI1Y9dZMEu1pQU4\nyC2uKmbV9j9AH+F7w8Z357zM4v7NXHgJLqxtR9N6nYvXto8AzE5m5Me4hJTGQcMw\nccmrY+EegRa+7Wk7eJWkeVgfFQQOhAUF8WLPwVIWBzB/JN/bpaupga1FiuhFOgFQ\ngzrttL5rhV1eFeH/zsyYpQE8Q3zZgecPaLzlZ6TrmJyecxNQvw9A6dlmDHlimJHt\n1d6uyquHoeeu6Eqi2EoWVnFhPR7WT5XIzqGBwNAiLpkgPLjDTmCyUzZ2W5NVnD+m\nf4/X0QVbaCQ215iD2NkojfBxDeCD27YlolnU82fN8IfprEnCQ+9IpAsxK3AtBGBJ\nBdkz7sEawL2oNt3/XSYYskwIDEi3jaFSNQC5FbK08aGiq7Xp0uxFoHaythGWPfwY\nTvz4QpKp5KV3AKavWzkmfX8KiM7ubW4ReseJnL+ExGDepOZ4zAu/lCqjUCDNuoDj\nageNcwWXIBz1iM8yNmbfDLNrzgpC6dZhJHIxYXGryzkOY0bmRdzWtWtf3yrnm5cG\nBTf0nPDCzldaWqPSq8SCn26hjIbphzLy0DeZnGFh32YTmYQdhe9B+6VQtLyx2F0C\npcn1xswYHLKhAAABAQCsEE/6n1XBmYpl/dZFHku4ocJHQXlYVpZKTdu6kPgSvhyK\nYvLXFvESiDdUowmut6S8rgoSffyQpdb997y62glKaGAFxKtgXbN3VIBsQKNZHtyY\nk8pQ8YY/mcS+LDpFxEvxICbaqbh2LtL55+49jipUcOE0WmbgOpsC2NuCvKSXSESR\nG8P4f87jzaYUt7cDSQZK3YD7F57RB31SB47LsX6hDiemzSoMx0PweayUhEAMCN7g\n6DcPM5r+ctFWjVnLyhJGKzOxYbpKY6TVdgtc8RFwM6sJRbgflQP6Svz5nI/csTR+\nH2TXe3/dFCwU6UgsuScVmyiw8ECm13xYZsPk36wLAAABAQDsd+k05ZeuNGBjlsjy\nHEUrxjVSRN6Cu2oC1AqmnQ5Qo7+fLNiV2BZVhDci3L2ByUb9RANOlqqZjEh4t2M+\nQbyztKZoojXen/MnM9vkn98yZhUMg/K6fngKst8ncx4ppztXlL91nFN1BpyagBQf\nEmIKG8BmkD9I3rx82pzLZY+F3xysOcNnw3jldhpPvGiRgX4tSzpBLdpi8+6hAbCO\nMYeIrjFNwmUF5uzcOF81Dq0rOArUn9zSPqm67mdfnk4hX/uo2Bhe3Q/eNgHYvqEa\nKnAB4NKXI41ZDJo3a7zGRezmLc7tMumxeBySU/X//bWMMZcb/BoBHTsxR0gR6vSX\nqkpXAAABAQDPkSzFy2hSp78sXFUCWmr7BH4qcouCQxAfevoZiZGZtAzKlhjMa5tV\nv0FNE2mvvZdO820DA9ZAnxJaF/cOVV8K5733J1Oz9LOCUIZYL3+YT10gLbxWIsow\nZn75Gcg5M/jclex/v2RvCsOvjVvBtJhv+JdseMeKBme73tfjtacPLA8QKMRfDC69\n8gSMvroIEZ9/o/MTbDcYOe3ySbUAaP0GSFtKBm8iDTEEIVUTzpESiH8/B34jGK5V\nl/kFxBArQBfxLrtU1hpns7FOSV2XRij07J8mXznZqDWtjnuFM5vydkAKJgBENR96\noovF6zNM/XLHa0B7KD2epSUQ5nuCWzQnAAAAAAEC\n-----END OPENSSH PRIVATE KEY-----\n",
            "private_key_pem": "-----BEGIN RSA PRIVATE KEY-----\nMIIJKQIBAAKCAgEAv7sO2CzasO3QVD7nAcijK80mCpUSP058goLdrqW4+kbjlb/l\nmWpAdJbbmmuFA6c7AHQ/AdmMLUs21uzn5I3PoGA12ayy3NCFEvgUZD7MFGc9Q+gC\nNETz0TIwCSc5M1SGka91zELKlot1TW33hp3m2/2lkVWd4xDoqiROf3Ce4BxxJj8/\nT0DuJgnO/41ZsDEVT7K8nljZeYhpJnLnAHiRgTA17SeObgdG6LkMmYG0jYQFvJVH\nDcnumniho8ouTU9G6pxpPzDwbtF+0fC5djNtjHYL4HHHf63aAP7rQt7cJQRwNImv\n8aYBS4U2A5SBkkUBYqzH0VGW8BRmGCxPPp+L/1uid9dz7hFgyWGo732gaCusLBuP\nCD9esvA90vxYjtsNKJd9IMj3vi8W12i/naN0U9xJNEzcyPBYlA+4P0VvpKn1jo8i\nsh2LMyTpHEc+VzX4UmfiMs8dDAykiYkIjC/AVisgH85upzb99cIpY/dfqG36GhhK\n24u7DpNWUZQ9Qeh+t7BnQG6NVH49n2wJjER9sYIBt6hHbokiWMf20VQzTlH3NEIR\nA92NteIAcHxi0cMRfEPB4DoT2gZAOY4faE7UZotvdo0Jq55PSlnPBdxiI7mRaAVX\n0eex4vRM2TnF2NM0gGcp5CP7AreI+b3NKI61sL7SD38dPgtsbna/J0z3/0ECAwEA\nAQKCAgBXvhtFAwHyBmNYqpC9WDyURwYpwZ7gKeMBNzKMQnsszlRIq9E/LEjjEkbd\nnGb7DQULaCeNiSmFcO5f3XsiNWPXWTBLtaUFOMgtripm1fY/QB/he8PGd+e8zOL+\nzVx4CS6sbUfTep2L17aPAMxOZuTHuISUxkHDMHHJq2PhHoEWvu1pO3iVpHlYHxUE\nDoQFBfFiz8FSFgcwfyTf26WrqYGtRYroRToBUIM67bS+a4VdXhXh/87MmKUBPEN8\n2YHnD2i85Wek65icnnMTUL8PQOnZZgx5YpiR7dXersqrh6HnruhKothKFlZxYT0e\n1k+VyM6hgcDQIi6ZIDy4w05gslM2dluTVZw/pn+P19EFW2gkNteYg9jZKI3wcQ3g\ng9u2JaJZ1PNnzfCH6axJwkPvSKQLMStwLQRgSQXZM+7BGsC9qDbd/10mGLJMCAxI\nt42hUjUAuRWytPGhoqu16dLsRaB2srYRlj38GE78+EKSqeSldwCmr1s5Jn1/CojO\n7m1uEXrHiZy/hMRg3qTmeMwLv5Qqo1AgzbqA42oHjXMFlyAc9YjPMjZm3wyza84K\nQunWYSRyMWFxq8s5DmNG5kXc1rVrX98q55uXBgU39Jzwws5XWlqj0qvEgp9uoYyG\n6Ycy8tA3mZxhYd9mE5mEHYXvQfulULS8sdhdAqXJ9cbMGByyoQKCAQEA7HfpNOWX\nrjRgY5bI8hxFK8Y1UkTegrtqAtQKpp0OUKO/nyzYldgWVYQ3Ity9gclG/UQDTpaq\nmYxIeLdjPkG8s7SmaKI13p/zJzPb5J/fMmYVDIPyun54CrLfJ3MeKac7V5S/dZxT\ndQacmoAUHxJiChvAZpA/SN68fNqcy2WPhd8crDnDZ8N45XYaT7xokYF+LUs6QS3a\nYvPuoQGwjjGHiK4xTcJlBebs3DhfNQ6tKzgK1J/c0j6puu5nX55OIV/7qNgYXt0P\n3jYB2L6hGipwAeDSlyONWQyaN2u8xkXs5i3O7TLpsXgcklP1//21jDGXG/waAR07\nMUdIEer0l6pKVwKCAQEAz5EsxctoUqe/LFxVAlpq+wR+KnKLgkMQH3r6GYmRmbQM\nypYYzGubVb9BTRNpr72XTvNtAwPWQJ8SWhf3DlVfCue99ydTs/SzglCGWC9/mE9d\nIC28ViLKMGZ++RnIOTP43JXsf79kbwrDr41bwbSYb/iXbHjHigZnu97X47WnDywP\nECjEXwwuvfIEjL66CBGff6PzE2w3GDnt8km1AGj9BkhbSgZvIg0xBCFVE86REoh/\nPwd+IxiuVZf5BcQQK0AX8S67VNYaZ7OxTkldl0Yo9OyfJl852ag1rY57hTOb8nZA\nCiYARDUfeqKLxeszTP1yx2tAeyg9nqUlEOZ7gls0JwKCAQBzYNq4BaJpzIKPdR4d\nC/AwOKkBuDq9nQZP1PhRbWZzsEIqP256RpI3LajdaMlKj1QE9W+Lo/Yfr5QY2pog\n4WBaarWbbjJMqsywfxw2xE7aP3bbwXHozxZxWe+KRyAbgM5yoFB+6UTLX+t/cyje\nNFEDz6CkKpPGUW+0l9JTZ/2Me115J0IR2g2eIG8cIrj+7ikLnp4Q+XeKOq1ff/yO\nlNoltaC26TfzlkZR+Wty7vNNmC2oq0vKheq5G+PygsJqhHO9YZsahlBcwwtJn1Hp\n+3TlZbY7KoyoO37vtbDJKYs6kHVbxTDDd/Cw8SihvEAd5IBvliV2D7Y3CCnBHFw1\nuFBHAoIBAQCDxGFr30kGz76o5qSAre2kFKITSEwQEYq2sVb7xz1LGeXU5ZwwiU8/\nC/7kcyJwkibv09CsTU9CDrmTwAryane/cIZD1A9q+jjKzVu7t8uEYT15JA+fjs5U\nE30fnaJhzgB56CMOpe2YIHlBhLdvLLpouqNGFRZ3JMHNnhXnVHYNR6b4VyjyPcWe\nh3kj8CAg5y8d1HKHLfd7xaqsWOYysHOP/XcWcycxsrYfLRnZTRUDcut0k8kbdpuV\ncrh/VIv/KN0KGuSJYrG4i3ZPgHuNgNiXQ2906JbM+d+5oe4ADVc+gJr+1kjtA9xL\n+cxJhJo4kdy/g/KXPGCByczSAb7+be+ZAoIBAQCsEE/6n1XBmYpl/dZFHku4ocJH\nQXlYVpZKTdu6kPgSvhyKYvLXFvESiDdUowmut6S8rgoSffyQpdb997y62glKaGAF\nxKtgXbN3VIBsQKNZHtyYk8pQ8YY/mcS+LDpFxEvxICbaqbh2LtL55+49jipUcOE0\nWmbgOpsC2NuCvKSXSESRG8P4f87jzaYUt7cDSQZK3YD7F57RB31SB47LsX6hDiem\nzSoMx0PweayUhEAMCN7g6DcPM5r+ctFWjVnLyhJGKzOxYbpKY6TVdgtc8RFwM6sJ\nRbgflQP6Svz5nI/csTR+H2TXe3/dFCwU6UgsuScVmyiw8ECm13xYZsPk36wL\n-----END RSA PRIVATE KEY-----\n",
            "private_key_pem_pkcs8": "-----BEGIN PRIVATE KEY-----\nMIIJQwIBADANBgkqhkiG9w0BAQEFAASCCS0wggkpAgEAAoICAQC/uw7YLNqw7dBU\nPucByKMrzSYKlRI/TnyCgt2upbj6RuOVv+WZakB0ltuaa4UDpzsAdD8B2YwtSzbW\n7Ofkjc+gYDXZrLLc0IUS+BRkPswUZz1D6AI0RPPRMjAJJzkzVIaRr3XMQsqWi3VN\nbfeGnebb/aWRVZ3jEOiqJE5/cJ7gHHEmPz9PQO4mCc7/jVmwMRVPsryeWNl5iGkm\ncucAeJGBMDXtJ45uB0bouQyZgbSNhAW8lUcNye6aeKGjyi5NT0bqnGk/MPBu0X7R\n8Ll2M22Mdgvgccd/rdoA/utC3twlBHA0ia/xpgFLhTYDlIGSRQFirMfRUZbwFGYY\nLE8+n4v/W6J313PuEWDJYajvfaBoK6wsG48IP16y8D3S/FiO2w0ol30gyPe+LxbX\naL+do3RT3Ek0TNzI8FiUD7g/RW+kqfWOjyKyHYszJOkcRz5XNfhSZ+Iyzx0MDKSJ\niQiML8BWKyAfzm6nNv31wilj91+obfoaGErbi7sOk1ZRlD1B6H63sGdAbo1Ufj2f\nbAmMRH2xggG3qEduiSJYx/bRVDNOUfc0QhED3Y214gBwfGLRwxF8Q8HgOhPaBkA5\njh9oTtRmi292jQmrnk9KWc8F3GIjuZFoBVfR57Hi9EzZOcXY0zSAZynkI/sCt4j5\nvc0ojrWwvtIPfx0+C2xudr8nTPf/QQIDAQABAoICAFe+G0UDAfIGY1iqkL1YPJRH\nBinBnuAp4wE3MoxCeyzOVEir0T8sSOMSRt2cZvsNBQtoJ42JKYVw7l/deyI1Y9dZ\nMEu1pQU4yC2uKmbV9j9AH+F7w8Z357zM4v7NXHgJLqxtR9N6nYvXto8AzE5m5Me4\nhJTGQcMwccmrY+EegRa+7Wk7eJWkeVgfFQQOhAUF8WLPwVIWBzB/JN/bpaupga1F\niuhFOgFQgzrttL5rhV1eFeH/zsyYpQE8Q3zZgecPaLzlZ6TrmJyecxNQvw9A6dlm\nDHlimJHt1d6uyquHoeeu6Eqi2EoWVnFhPR7WT5XIzqGBwNAiLpkgPLjDTmCyUzZ2\nW5NVnD+mf4/X0QVbaCQ215iD2NkojfBxDeCD27YlolnU82fN8IfprEnCQ+9IpAsx\nK3AtBGBJBdkz7sEawL2oNt3/XSYYskwIDEi3jaFSNQC5FbK08aGiq7Xp0uxFoHay\nthGWPfwYTvz4QpKp5KV3AKavWzkmfX8KiM7ubW4ReseJnL+ExGDepOZ4zAu/lCqj\nUCDNuoDjageNcwWXIBz1iM8yNmbfDLNrzgpC6dZhJHIxYXGryzkOY0bmRdzWtWtf\n3yrnm5cGBTf0nPDCzldaWqPSq8SCn26hjIbphzLy0DeZnGFh32YTmYQdhe9B+6VQ\ntLyx2F0Cpcn1xswYHLKhAoIBAQDsd+k05ZeuNGBjlsjyHEUrxjVSRN6Cu2oC1Aqm\nnQ5Qo7+fLNiV2BZVhDci3L2ByUb9RANOlqqZjEh4t2M+QbyztKZoojXen/MnM9vk\nn98yZhUMg/K6fngKst8ncx4ppztXlL91nFN1BpyagBQfEmIKG8BmkD9I3rx82pzL\nZY+F3xysOcNnw3jldhpPvGiRgX4tSzpBLdpi8+6hAbCOMYeIrjFNwmUF5uzcOF81\nDq0rOArUn9zSPqm67mdfnk4hX/uo2Bhe3Q/eNgHYvqEaKnAB4NKXI41ZDJo3a7zG\nRezmLc7tMumxeBySU/X//bWMMZcb/BoBHTsxR0gR6vSXqkpXAoIBAQDPkSzFy2hS\np78sXFUCWmr7BH4qcouCQxAfevoZiZGZtAzKlhjMa5tVv0FNE2mvvZdO820DA9ZA\nnxJaF/cOVV8K5733J1Oz9LOCUIZYL3+YT10gLbxWIsowZn75Gcg5M/jclex/v2Rv\nCsOvjVvBtJhv+JdseMeKBme73tfjtacPLA8QKMRfDC698gSMvroIEZ9/o/MTbDcY\nOe3ySbUAaP0GSFtKBm8iDTEEIVUTzpESiH8/B34jGK5Vl/kFxBArQBfxLrtU1hpn\ns7FOSV2XRij07J8mXznZqDWtjnuFM5vydkAKJgBENR96oovF6zNM/XLHa0B7KD2e\npSUQ5nuCWzQnAoIBAHNg2rgFomnMgo91Hh0L8DA4qQG4Or2dBk/U+FFtZnOwQio/\nbnpGkjctqN1oyUqPVAT1b4uj9h+vlBjamiDhYFpqtZtuMkyqzLB/HDbETto/dtvB\ncejPFnFZ74pHIBuAznKgUH7pRMtf639zKN40UQPPoKQqk8ZRb7SX0lNn/Yx7XXkn\nQhHaDZ4gbxwiuP7uKQuenhD5d4o6rV9//I6U2iW1oLbpN/OWRlH5a3Lu802YLair\nS8qF6rkb4/KCwmqEc71hmxqGUFzDC0mfUen7dOVltjsqjKg7fu+1sMkpizqQdVvF\nMMN38LDxKKG8QB3kgG+WJXYPtjcIKcEcXDW4UEcCggEBAIPEYWvfSQbPvqjmpICt\n7aQUohNITBARiraxVvvHPUsZ5dTlnDCJTz8L/uRzInCSJu/T0KxNT0IOuZPACvJq\nd79whkPUD2r6OMrNW7u3y4RhPXkkD5+OzlQTfR+domHOAHnoIw6l7ZggeUGEt28s\numi6o0YVFnckwc2eFedUdg1HpvhXKPI9xZ6HeSPwICDnLx3Ucoct93vFqqxY5jKw\nc4/9dxZzJzGyth8tGdlNFQNy63STyRt2m5VyuH9Ui/8o3Qoa5IlisbiLdk+Ae42A\n2JdDb3Tolsz537mh7gANVz6Amv7WSO0D3Ev5zEmEmjiR3L+D8pc8YIHJzNIBvv5t\n75kCggEBAKwQT/qfVcGZimX91kUeS7ihwkdBeVhWlkpN27qQ+BK+HIpi8tcW8RKI\nN1SjCa63pLyuChJ9/JCl1v33vLraCUpoYAXEq2Bds3dUgGxAo1ke3JiTylDxhj+Z\nxL4sOkXES/EgJtqpuHYu0vnn7j2OKlRw4TRaZuA6mwLY24K8pJdIRJEbw/h/zuPN\nphS3twNJBkrdgPsXntEHfVIHjsuxfqEOJ6bNKgzHQ/B5rJSEQAwI3uDoNw8zmv5y\n0VaNWcvKEkYrM7FhukpjpNV2C1zxEXAzqwlFuB+VA/pK/Pmcj9yxNH4fZNd7f90U\nLBTpSCy5JxWbKLDwQKbXfFhmw+TfrAs=\n-----END PRIVATE KEY-----\n",
            "public_key_fingerprint_md5": "6f:d8:c7:8b:a6:f4:7c:5c:5b:b6:a3:8a:2a:7e:f9:f0",
            "public_key_fingerprint_sha256": "SHA256:P0lnxZ8WN1DBEC+kzPLDNkGZxWLiWmFX1KzauETNEdA",
            "public_key_openssh": "ssh-rsa AAAAB3NzaC1yc2EAAAADAQABAAACAQC/uw7YLNqw7dBUPucByKMrzSYKlRI/TnyCgt2upbj6RuOVv+WZakB0ltuaa4UDpzsAdD8B2YwtSzbW7Ofkjc+gYDXZrLLc0IUS+BRkPswUZz1D6AI0RPPRMjAJJzkzVIaRr3XMQsqWi3VNbfeGnebb/aWRVZ3jEOiqJE5/cJ7gHHEmPz9PQO4mCc7/jVmwMRVPsryeWNl5iGkmcucAeJGBMDXtJ45uB0bouQyZgbSNhAW8lUcNye6aeKGjyi5NT0bqnGk/MPBu0X7R8Ll2M22Mdgvgccd/rdoA/utC3twlBHA0ia/xpgFLhTYDlIGSRQFirMfRUZbwFGYYLE8+n4v/W6J313PuEWDJYajvfaBoK6wsG48IP16y8D3S/FiO2w0ol30gyPe+LxbXaL+do3RT3Ek0TNzI8FiUD7g/RW+kqfWOjyKyHYszJOkcRz5XNfhSZ+Iyzx0MDKSJiQiML8BWKyAfzm6nNv31wilj91+obfoaGErbi7sOk1ZRlD1B6H63sGdAbo1Ufj2fbAmMRH2xggG3qEduiSJYx/bRVDNOUfc0QhED3Y214gBwfGLRwxF8Q8HgOhPaBkA5jh9oTtRmi292jQmrnk9KWc8F3GIjuZFoBVfR57Hi9EzZOcXY0zSAZynkI/sCt4j5vc0ojrWwvtIPfx0+C2xudr8nTPf/QQ==\n",
            "public_key_pem": "-----BEGIN PUBLIC KEY-----\nMIICIjANBgkqhkiG9w0BAQEFAAOCAg8AMIICCgKCAgEAv7sO2CzasO3QVD7nAcij\nK80mCpUSP058goLdrqW4+kbjlb/lmWpAdJbbmmuFA6c7AHQ/AdmMLUs21uzn5I3P\noGA12ayy3NCFEvgUZD7MFGc9Q+gCNETz0TIwCSc5M1SGka91zELKlot1TW33hp3m\n2/2lkVWd4xDoqiROf3Ce4BxxJj8/T0DuJgnO/41ZsDEVT7K8nljZeYhpJnLnAHiR\ngTA17SeObgdG6LkMmYG0jYQFvJVHDcnumniho8ouTU9G6pxpPzDwbtF+0fC5djNt\njHYL4HHHf63aAP7rQt7cJQRwNImv8aYBS4U2A5SBkkUBYqzH0VGW8BRmGCxPPp+L\n/1uid9dz7hFgyWGo732gaCusLBuPCD9esvA90vxYjtsNKJd9IMj3vi8W12i/naN0\nU9xJNEzcyPBYlA+4P0VvpKn1jo8ish2LMyTpHEc+VzX4UmfiMs8dDAykiYkIjC/A\nVisgH85upzb99cIpY/dfqG36GhhK24u7DpNWUZQ9Qeh+t7BnQG6NVH49n2wJjER9\nsYIBt6hHbokiWMf20VQzTlH3NEIRA92NteIAcHxi0cMRfEPB4DoT2gZAOY4faE7U\nZotvdo0Jq55PSlnPBdxiI7mRaAVX0eex4vRM2TnF2NM0gGcp5CP7AreI+b3NKI61\nsL7SD38dPgtsbna/J0z3/0ECAwEAAQ==\n-----END PUBLIC KEY-----\n",
            "rsa_bits": 4096
          },
          "sensitive_attributes": [
            [
              {
                "type": "get_attr",
                "value": "private_key_openssh"
              }
            ],
            [
              {
                "type": "get_attr",
                "value": "private_key_pem"
              }
            ],
            [
              {
                "type": "get_attr",
                "value": "private_key_pem_pkcs8"
              }
            ]
          ]
        }
      ]
    }
  ],
  "check_results": null
}
