{
  "version": 4,
  "terraform_version": "1.13.0",
  "serial": 1577,
  "lineage": "8047b918-143c-30ca-8822-32d947294593",
  "outputs": {
    "ami": {
      "value": [
        "ami-0d1b5a8c13042c939",
        "ami-0d1b5a8c13042c939"
      ],
      "type": [
        "tuple",
        [
          "string",
          "string"
        ]
      ]
    },
    "aws_lb": {
      "value": "subnet-087b9f0c69da3d971",
      "type": "string"
    },
    "ec2_key": {
      "value": [
        "private",
        "private"
      ],
      "type": [
        "tuple",
        [
          "string",
          "string"
        ]
      ]
    },
    "instance_id": {
      "value": [
        "i-0bd7669bebc5c4e52",
        "i-07af10f6a52f12f9f"
      ],
      "type": [
        "tuple",
        [
          "string",
          "string"
        ]
      ]
    },
    "jenkins_url": {
      "value": "http://3.128.199.146,3.23.88.132:8080",
      "type": "string"
    },
    "private_key_pem": {
      "value": "-----BEGIN RSA PRIVATE KEY-----\nMIIJKgIBAAKCAgEAyd2pQB154jUzZpF+WGErsl9s5c1ukoztK83JHHZp89Or0Ul5\n6VWWtJE2IGynwwAPaSzvF/5mv8c/98+z9ZxOg+Q8ejeeJnDkMudEupBbb7/2YuKc\nua0Wr8pz2MqNiu+MOFykFvRTG24Dtvyv3iyzz1HQ7r50phHmLvhCOnk6aS2ywXeP\nv3QCl5erXk3iWRviWek/pyndcXedxjolmYHF2qZBYdXmxyPdtr+8Qfe2qQBUDAYE\nu105ziShT/u6sjgYiWOrEAJyhY06MI7ZMgj9uL8X+wnoEtXk69HqAkWR71mMoS2T\nusRE4pnpXqcZY75RljVxabZK2UwQi2oFXS41VpFaQV405e5QyQZz5U5mmcnThKUW\nSOVLf5t3oP1P9N6ZRfb091ToGmlfY0x9XlntyP0xrmVjZ6uCOPXeUqR4qrXmwty8\nINe0F4oau/nqHvCLNJUu9366DG94Tfdp/AC95IzbQlbF1sICvZxEnkOMCu6oAZQC\nE0JF3XL/mV+Om0444yfacfGrSOxxyr0Wsg2JFjRAfzR5eEqtRcBK27ZD5CoPuISO\n0lIRdKfdKewCnweHAgcpoaNQa/wKA8OKhezp6BBkUiVKLGgmkt7wmR87Z2Xk86go\nUr2ZZDowXKSZWqKLiywCjHGurgQf9OJRPCrtBUL9+Hx+yF5oO1U3xHd5nQkCAwEA\nAQKCAgABKnUQSDtMeacu1/dFVmZUtOVhnGKfmQ3Dm4AmWG67OEU9Q7HfDZ39s/r+\ni/IaF7V/E4Hb/x2jzOhLK5lr+Teg3mAVCp4wtaUzwA8vDqdgiVjIcGucTOodIMuz\nfFP98e065BoUgdu7BFMkKuhvHY36TAwrXNE6pk7QhaGISevy8I8gO+sKHYboTjlw\npX2Bqz4O6+BwvDapsZmpK+vMq6mzXhNxl7UqAESHCitxrBcTecuCeERtupebX63I\n0vjcj6Ngo8E4qfL0X4DvB9wsRE4G05+1VPTQqwiT7hXuZm111uwPgD5irUCCmIX3\nBHsKju5UskFR7XoYMC7GR1n5lEs9jp+KfGr52ndxnQoAjqLe3n3S/VGnYwBSR8rv\nhhga9ehedalV/3kAwmWDi+8rld4mVedyidr8n93zj8BnxULwbb+M2/AVftAJUkW/\nQmjz7od7dloF9cs8Tzdr86hlDQ2zF9EckmwZxQ4LkDx208t4ga3O4L4TnHohRsPx\nSYtji3N0z9ql0rze+Mp+GJNvalaoMIgvCXCtTElGL5i4egDZa4rdkLGIdKpT+MMD\nAUvvR1p+7nKbY9dAabCNIj2yPVIqCH7wf+Jm/GdfHpx0M5I+JeIq+rm6OWAE7DFk\n96bJ2p1csbkgiu850AmNrvot7ks0ZO00dXVwjaDeNgytw8cNawKCAQEA7RbVzgOj\n4C1foksHwE7fRfLQS3sCM7AqGLcwsAVYOgIXCuD1qccQcl/hcay1DdW8mrY39sUe\nLnBFUCAzwlQi3JvbTWYoANYE0HlJ3u5XXBTPW1DjT9MqtP+Dri101236W1J34Orl\nm3Vd6Tn5Hc4q4ag4Be9vcf1xbxMyrnz3vAwTr//ss6pI1xAUITlHGhXGWbR47ROt\nvYIpgWnvP5BFZHsi1Rf7gYvpSi1rIW+yn9g6lBbzJeHMQGQEuYsODetgPiVJLP+g\nACOSqgsAfpeIQcdALX1iWBMnvZpHXeUYw4CRxu86ZSlmXvSaChD7k+GvDZnFyswg\nmn5D4ba/oqNkEwKCAQEA2feYOv9cz1/kKT0XSisARdxSLo+jlmludWqqcr3kqnRw\n2JonrHss3XMzxVz90Nakhyb1Cy1Ze1Px0bpivn4E2Pf6gYJRgvpjrb+FnQnAfYZL\nowzf47G3063FKOAQfwomt1Bj+EZaN+yo5LwlJC/5pqgpOY8wHuo8vcXQNjEHcQhy\nmQWv7hATlpbiL/cgB1qbI63LsMOks1Vmu2QWPwUsM/icv0rGcqebiakjspqmi66W\nHSZn2KTmHRFRW0Z/ozO5Fj0CU1PEVi9JQ7oZHiQ7CjNv6nbk1EgmBgKHjIig9uhF\nbVADNkXfpZkc8AQec8hAI2akjJEq7pPXCr5awgXF8wKCAQEAwDg5U/Pjk0d2N9B5\nElNf9ggtFGVAncN//dXYJX3P0AgNwoYs5l88WF6gG1eY2wSlCxIdQXcDR0dDCvlw\nvWcVdKLwJEpkuHjMInGTkKjQLxm4HCLyiK99+o0Gp9q21kqWJiAwjSwkx+taHlMg\nRCf44EdQVI+RXWvL4fBAsPMkr1NjSthFgkzXDXY9u8oCeYWZ8PS+7gd8Xx7+o6vN\ni01e1V54GSh+gsN6eudj6hHzUmEu7Q3GSLpOrQ3qPrwcwvBIcVotf8woXrR4nmCZ\nIAmfMSVoRPlZGGs/VxuULO4nK6o7hnxCbe4oz2ek0/B856KcGHzJvefNrzQbuQ4/\nRI8P/QKCAQEAjv0nZ6S4TO56Ljd+fNBi2HGllBf02CqIJQz5jlZWmR/UG7RdTIBt\nuUTm9JWBiKwWuPbskA2LAyXZoJ1mQ9NF+NQNCULlmEgMdiILVC7ekTo1ilxaz/N5\nRatciOkcyUpuhZl+S5RTgRaG4a8vqmKyowr0KGdvyQgfGtuXMMXPPO6uxwX9GO6A\n+yw2bALxhwGAftJ3qpleBauDvnD1SxhonBt/MNqr/vFHTvKfkX50vXOl1K+qNmxO\n7Ui8F2XTO8wlopoZWXK9fVB9/qkp6yUXeiSuSaD/kudV0mF8bMwA1JkhWom/4a3K\n/sbIPghltczrjo26auCcynBABTNFNL020wKCAQEA0HKzypc6yG5NDTdwYfvKc4Yt\nbI+4zq8mru+bAGkKEqW7cY+zsw+ekr6J0G37r+es0ZmNDnyE6GbagjSCEeGLP71H\netuDo5Rlic/c827x3+Bmz2ud0ULDg8CLB2BHRrBpXUJwsPGmXlALTTNoLosLOYZw\nFqzhBas/QL2m0rKZDwG4n46fxMDDFnaWaODpOjWILvbj8knJj8vVXr3cSjKVQWdq\nOnoiRyiofSEyJzB4U8HRxSrDPDCiHfzwVzKdB26DZGWbFgqhMQpcqQS8Cd97+dN0\n8voy8HQblvOtyvI6hzmk33Vfsfq4Eu91d7cC+SyZifB3tnxnNHKOd5VEfbrY3w==\n-----END RSA PRIVATE KEY-----\n",
      "type": "string",
      "sensitive": true
    },
    "public_ip": {
      "value": [
        "3.128.199.146",
        "3.23.88.132"
      ],
      "type": [
        "tuple",
        [
          "string",
          "string"
        ]
      ]
    },
    "subnet_id": {
      "value": "subnet-087b9f0c69da3d971",
      "type": "string"
    },
    "target_id": {
      "value": [
        "i-0bd7669bebc5c4e52",
        "i-07af10f6a52f12f9f"
      ],
      "type": [
        "tuple",
        [
          "string",
          "string"
        ]
      ]
    },
    "vpc_id": {
      "value": "vpc-0f6c6d5db11200139",
      "type": "string"
    }
  },
  "resources": [
    {
      "mode": "data",
      "type": "aws_availability_zones",
      "name": "available",
      "provider": "provider[\"registry.terraform.io/hashicorp/aws\"]",
      "instances": [
        {
          "schema_version": 0,
          "attributes": {
            "all_availability_zones": null,
            "exclude_names": null,
            "exclude_zone_ids": null,
            "filter": null,
            "group_names": [
              "us-east-2-zg-1"
            ],
            "id": "us-east-2",
            "names": [
              "us-east-2a",
              "us-east-2b",
              "us-east-2c"
            ],
            "region": "us-east-2",
            "state": "available",
            "timeouts": null,
            "zone_ids": [
              "use2-az1",
              "use2-az2",
              "use2-az3"
            ]
          },
          "sensitive_attributes": [],
          "identity_schema_version": 0
        }
      ]
    },
    {
      "mode": "managed",
      "type": "aws_instance",
      "name": "my_instance",
      "provider": "provider[\"registry.terraform.io/hashicorp/aws\"]",
      "instances": [
        {
          "index_key": 0,
          "schema_version": 2,
          "attributes": {
            "ami": "ami-0d1b5a8c13042c939",
            "arn": "arn:aws:ec2:us-east-2:853463361937:instance/i-0bd7669bebc5c4e52",
            "associate_public_ip_address": true,
            "availability_zone": "us-east-2a",
            "capacity_reservation_specification": [
              {
                "capacity_reservation_preference": "open",
                "capacity_reservation_target": []
              }
            ],
            "cpu_options": [
              {
                "amd_sev_snp": "",
                "core_count": 1,
                "threads_per_core": 2
              }
            ],
            "credit_specification": [
              {
                "cpu_credits": "unlimited"
              }
            ],
            "disable_api_stop": false,
            "disable_api_termination": false,
            "ebs_block_device": [
              {
                "delete_on_termination": true,
                "device_name": "/dev/sda1",
                "encrypted": false,
                "iops": 3000,
                "kms_key_id": "",
                "snapshot_id": "",
                "tags": {},
                "tags_all": {
                  "hashicorp-learn": "refresh"
                },
                "throughput": 125,
                "volume_id": "vol-0633474a12a532850",
                "volume_size": 10,
                "volume_type": "gp3"
              }
            ],
            "ebs_optimized": false,
            "enable_primary_ipv6": null,
            "enclave_options": [
              {
                "enabled": false
              }
            ],
            "ephemeral_block_device": [],
            "force_destroy": false,
            "get_password_data": false,
            "hibernation": false,
            "host_id": "",
            "host_resource_group_arn": null,
            "iam_instance_profile": "",
            "id": "i-0bd7669bebc5c4e52",
            "instance_initiated_shutdown_behavior": "stop",
            "instance_lifecycle": "",
            "instance_market_options": [],
            "instance_state": "running",
            "instance_type": "t3.micro",
            "ipv6_address_count": 0,
            "ipv6_addresses": [],
            "key_name": "private",
            "launch_template": [],
            "maintenance_options": [
              {
                "auto_recovery": "default"
              }
            ],
            "metadata_options": [
              {
                "http_endpoint": "enabled",
                "http_protocol_ipv6": "disabled",
                "http_put_response_hop_limit": 2,
                "http_tokens": "required",
                "instance_metadata_tags": "disabled"
              }
            ],
            "monitoring": false,
            "network_interface": [],
            "outpost_arn": "",
            "password_data": "",
            "placement_group": "",
            "placement_partition_number": 0,
            "primary_network_interface_id": "eni-0ba49daff9c267af4",
            "private_dns": "ip-10-0-0-50.us-east-2.compute.internal",
            "private_dns_name_options": [
              {
                "enable_resource_name_dns_a_record": false,
                "enable_resource_name_dns_aaaa_record": false,
                "hostname_type": "ip-name"
              }
            ],
            "private_ip": "10.0.0.50",
            "public_dns": "ec2-3-128-199-146.us-east-2.compute.amazonaws.com",
            "public_ip": "3.128.199.146",
            "region": "us-east-2",
            "root_block_device": [
              {
                "delete_on_termination": true,
                "device_name": "/dev/sda1",
                "encrypted": false,
                "iops": 3000,
                "kms_key_id": "",
                "tags": {},
                "tags_all": {
                  "hashicorp-learn": "refresh"
                },
                "throughput": 125,
                "volume_id": "vol-0633474a12a532850",
                "volume_size": 10,
                "volume_type": "gp3"
              }
            ],
            "secondary_private_ips": [],
            "security_groups": [],
            "source_dest_check": true,
            "spot_instance_request_id": "",
            "subnet_id": "subnet-087b9f0c69da3d971",
            "tags": {
              "Name": "server-1"
            },
            "tags_all": {
              "Name": "server-1",
              "hashicorp-learn": "refresh"
            },
            "tenancy": "default",
            "timeouts": null,
            "user_data": "#!/bin/bash\nsudo apt-get update\nsudo apt-get install -y openjdk-17-jdk\n\nwget -q -O - https://pkg.jenkins.io/debian/jenkins.io.key | sudo apt-key add - \nsudo sh -c 'echo deb http://pkg.jenkins.io/debian-stable binary/ \u003e /etc/apt/sources.list.d/jenkins.list'\nsudo apt-key adv --keyserver keyserver.ubuntu.com --recv-keys 5BA31D57EF5975CA\nsudo apt-get update -y\nsudo apt-get install -y jenkins\nsudo systemctl start jenkins\nsudo systemctl enable jenkins\n",
            "user_data_base64": null,
            "user_data_replace_on_change": false,
            "volume_tags": null,
            "vpc_security_group_ids": [
              "sg-076abcdc54bc9d4b6"
            ]
          },
          "sensitive_attributes": [],
          "identity_schema_version": 0,
          "private": "eyJlMmJmYjczMC1lY2FhLTExZTYtOGY4OC0zNDM2M2JjN2M0YzAiOnsiY3JlYXRlIjo2MDAwMDAwMDAwMDAsImRlbGV0ZSI6MTIwMDAwMDAwMDAwMCwicmVhZCI6OTAwMDAwMDAwMDAwLCJ1cGRhdGUiOjYwMDAwMDAwMDAwMH0sInNjaGVtYV92ZXJzaW9uIjoiMiJ9",
          "dependencies": [
            "aws_key_pair.deployer",
            "aws_security_group.my_security_group",
            "aws_subnet.public_subnet",
            "aws_vpc.my_vpc",
            "data.aws_availability_zones.available",
            "tls_private_key.example"
          ]
        },
        {
          "index_key": 1,
          "schema_version": 2,
          "attributes": {
            "ami": "ami-0d1b5a8c13042c939",
            "arn": "arn:aws:ec2:us-east-2:853463361937:instance/i-07af10f6a52f12f9f",
            "associate_public_ip_address": true,
            "availability_zone": "us-east-2b",
            "capacity_reservation_specification": [
              {
                "capacity_reservation_preference": "open",
                "capacity_reservation_target": []
              }
            ],
            "cpu_options": [
              {
                "amd_sev_snp": "",
                "core_count": 1,
                "threads_per_core": 2
              }
            ],
            "credit_specification": [
              {
                "cpu_credits": "unlimited"
              }
            ],
            "disable_api_stop": false,
            "disable_api_termination": false,
            "ebs_block_device": [
              {
                "delete_on_termination": true,
                "device_name": "/dev/sda1",
                "encrypted": false,
                "iops": 3000,
                "kms_key_id": "",
                "snapshot_id": "",
                "tags": {},
                "tags_all": {
                  "hashicorp-learn": "refresh"
                },
                "throughput": 125,
                "volume_id": "vol-051bee6d2a5dd8841",
                "volume_size": 10,
                "volume_type": "gp3"
              }
            ],
            "ebs_optimized": false,
            "enable_primary_ipv6": null,
            "enclave_options": [
              {
                "enabled": false
              }
            ],
            "ephemeral_block_device": [],
            "force_destroy": false,
            "get_password_data": false,
            "hibernation": false,
            "host_id": "",
            "host_resource_group_arn": null,
            "iam_instance_profile": "",
            "id": "i-07af10f6a52f12f9f",
            "instance_initiated_shutdown_behavior": "stop",
            "instance_lifecycle": "",
            "instance_market_options": [],
            "instance_state": "running",
            "instance_type": "t3.micro",
            "ipv6_address_count": 0,
            "ipv6_addresses": [],
            "key_name": "private",
            "launch_template": [],
            "maintenance_options": [
              {
                "auto_recovery": "default"
              }
            ],
            "metadata_options": [
              {
                "http_endpoint": "enabled",
                "http_protocol_ipv6": "disabled",
                "http_put_response_hop_limit": 2,
                "http_tokens": "required",
                "instance_metadata_tags": "disabled"
              }
            ],
            "monitoring": false,
            "network_interface": [],
            "outpost_arn": "",
            "password_data": "",
            "placement_group": "",
            "placement_partition_number": 0,
            "primary_network_interface_id": "eni-04f7c7e60ece17a37",
            "private_dns": "ip-10-0-1-10.us-east-2.compute.internal",
            "private_dns_name_options": [
              {
                "enable_resource_name_dns_a_record": false,
                "enable_resource_name_dns_aaaa_record": false,
                "hostname_type": "ip-name"
              }
            ],
            "private_ip": "10.0.1.10",
            "public_dns": "ec2-3-23-88-132.us-east-2.compute.amazonaws.com",
            "public_ip": "3.23.88.132",
            "region": "us-east-2",
            "root_block_device": [
              {
                "delete_on_termination": true,
                "device_name": "/dev/sda1",
                "encrypted": false,
                "iops": 3000,
                "kms_key_id": "",
                "tags": {},
                "tags_all": {
                  "hashicorp-learn": "refresh"
                },
                "throughput": 125,
                "volume_id": "vol-051bee6d2a5dd8841",
                "volume_size": 10,
                "volume_type": "gp3"
              }
            ],
            "secondary_private_ips": [],
            "security_groups": [],
            "source_dest_check": true,
            "spot_instance_request_id": "",
            "subnet_id": "subnet-0b611817d5641d70c",
            "tags": {
              "Name": "server-2"
            },
            "tags_all": {
              "Name": "server-2",
              "hashicorp-learn": "refresh"
            },
            "tenancy": "default",
            "timeouts": null,
            "user_data": "#!/bin/bash\nsudo apt-get update\nsudo apt-get install -y openjdk-17-jdk\n\nwget -q -O - https://pkg.jenkins.io/debian/jenkins.io.key | sudo apt-key add - \nsudo sh -c 'echo deb http://pkg.jenkins.io/debian-stable binary/ \u003e /etc/apt/sources.list.d/jenkins.list'\nsudo apt-key adv --keyserver keyserver.ubuntu.com --recv-keys 5BA31D57EF5975CA\nsudo apt-get update -y\nsudo apt-get install -y jenkins\nsudo systemctl start jenkins\nsudo systemctl enable jenkins\n",
            "user_data_base64": null,
            "user_data_replace_on_change": false,
            "volume_tags": null,
            "vpc_security_group_ids": [
              "sg-076abcdc54bc9d4b6"
            ]
          },
          "sensitive_attributes": [],
          "identity_schema_version": 0,
          "private": "eyJlMmJmYjczMC1lY2FhLTExZTYtOGY4OC0zNDM2M2JjN2M0YzAiOnsiY3JlYXRlIjo2MDAwMDAwMDAwMDAsImRlbGV0ZSI6MTIwMDAwMDAwMDAwMCwicmVhZCI6OTAwMDAwMDAwMDAwLCJ1cGRhdGUiOjYwMDAwMDAwMDAwMH0sInNjaGVtYV92ZXJzaW9uIjoiMiJ9",
          "dependencies": [
            "aws_key_pair.deployer",
            "aws_security_group.my_security_group",
            "aws_subnet.public_subnet",
            "aws_vpc.my_vpc",
            "data.aws_availability_zones.available",
            "tls_private_key.example"
          ]
        }
      ]
    },
    {
      "mode": "managed",
      "type": "aws_internet_gateway",
      "name": "my_igw",
      "provider": "provider[\"registry.terraform.io/hashicorp/aws\"]",
      "instances": [
        {
          "schema_version": 0,
          "attributes": {
            "arn": "arn:aws:ec2:us-east-2:853463361937:internet-gateway/igw-06c579e8ec7c1e395",
            "id": "igw-06c579e8ec7c1e395",
            "owner_id": "853463361937",
            "region": "us-east-2",
            "tags": null,
            "tags_all": {
              "hashicorp-learn": "refresh"
            },
            "timeouts": null,
            "vpc_id": "vpc-0f6c6d5db11200139"
          },
          "sensitive_attributes": [],
          "identity_schema_version": 0,
          "private": "eyJlMmJmYjczMC1lY2FhLTExZTYtOGY4OC0zNDM2M2JjN2M0YzAiOnsiY3JlYXRlIjoxMjAwMDAwMDAwMDAwLCJkZWxldGUiOjEyMDAwMDAwMDAwMDAsInVwZGF0ZSI6MTIwMDAwMDAwMDAwMH19",
          "dependencies": [
            "aws_vpc.my_vpc"
          ]
        }
      ]
    },
    {
      "mode": "managed",
      "type": "aws_key_pair",
      "name": "deployer",
      "provider": "provider[\"registry.terraform.io/hashicorp/aws\"]",
      "instances": [
        {
          "schema_version": 1,
          "attributes": {
            "arn": "arn:aws:ec2:us-east-2:853463361937:key-pair/private",
            "fingerprint": "b6:61:88:a5:31:18:b1:16:c9:eb:bb:d4:5c:1f:3a:b9",
            "id": "private",
            "key_name": "private",
            "key_name_prefix": "",
            "key_pair_id": "key-0f528194d1d93c5f8",
            "key_type": "rsa",
            "public_key": "ssh-rsa AAAAB3NzaC1yc2EAAAADAQABAAACAQDJ3alAHXniNTNmkX5YYSuyX2zlzW6SjO0rzckcdmnz06vRSXnpVZa0kTYgbKfDAA9pLO8X/ma/xz/3z7P1nE6D5Dx6N54mcOQy50S6kFtvv/Zi4py5rRavynPYyo2K74w4XKQW9FMbbgO2/K/eLLPPUdDuvnSmEeYu+EI6eTppLbLBd4+/dAKXl6teTeJZG+JZ6T+nKd1xd53GOiWZgcXapkFh1ebHI922v7xB97apAFQMBgS7XTnOJKFP+7qyOBiJY6sQAnKFjTowjtkyCP24vxf7CegS1eTr0eoCRZHvWYyhLZO6xETimelepxljvlGWNXFptkrZTBCLagVdLjVWkVpBXjTl7lDJBnPlTmaZydOEpRZI5Ut/m3eg/U/03plF9vT3VOgaaV9jTH1eWe3I/TGuZWNnq4I49d5SpHiqtebC3Lwg17QXihq7+eoe8Is0lS73froMb3hN92n8AL3kjNtCVsXWwgK9nESeQ4wK7qgBlAITQkXdcv+ZX46bTjjjJ9px8atI7HHKvRayDYkWNEB/NHl4Sq1FwErbtkPkKg+4hI7SUhF0p90p7AKfB4cCBymho1Br/AoDw4qF7OnoEGRSJUosaCaS3vCZHztnZeTzqChSvZlkOjBcpJlaoouLLAKMca6uBB/04lE8Ku0FQv34fH7IXmg7VTfEd3mdCQ==",
            "region": "us-east-2",
            "tags": null,
            "tags_all": {
              "hashicorp-learn": "refresh"
            }
          },
          "sensitive_attributes": [],
          "identity_schema_version": 0,
          "private": "eyJzY2hlbWFfdmVyc2lvbiI6IjEifQ==",
          "dependencies": [
            "tls_private_key.example"
          ]
        }
      ]
    },
    {
      "mode": "managed",
      "type": "aws_lb",
      "name": "app_lb",
      "provider": "provider[\"registry.terraform.io/hashicorp/aws\"]",
      "instances": [
        {
          "schema_version": 0,
          "attributes": {
            "access_logs": [
              {
                "bucket": "",
                "enabled": false,
                "prefix": ""
              }
            ],
            "arn": "arn:aws:elasticloadbalancing:us-east-2:853463361937:loadbalancer/app/my-app-lb/8e8ad309e802f7a8",
            "arn_suffix": "app/my-app-lb/8e8ad309e802f7a8",
            "client_keep_alive": 3600,
            "connection_logs": [
              {
                "bucket": "",
                "enabled": false,
                "prefix": ""
              }
            ],
            "customer_owned_ipv4_pool": "",
            "desync_mitigation_mode": "defensive",
            "dns_name": "my-app-lb-1430776579.us-east-2.elb.amazonaws.com",
            "dns_record_client_routing_policy": null,
            "drop_invalid_header_fields": false,
            "enable_cross_zone_load_balancing": true,
            "enable_deletion_protection": false,
            "enable_http2": true,
            "enable_tls_version_and_cipher_suite_headers": false,
            "enable_waf_fail_open": false,
            "enable_xff_client_port": false,
            "enable_zonal_shift": false,
            "enforce_security_group_inbound_rules_on_private_link_traffic": "",
            "id": "arn:aws:elasticloadbalancing:us-east-2:853463361937:loadbalancer/app/my-app-lb/8e8ad309e802f7a8",
            "idle_timeout": 60,
            "internal": false,
            "ip_address_type": "ipv4",
            "ipam_pools": [],
            "load_balancer_type": "application",
            "minimum_load_balancer_capacity": [],
            "name": "my-app-lb",
            "name_prefix": "",
            "preserve_host_header": false,
            "region": "us-east-2",
            "security_groups": [
              "sg-076abcdc54bc9d4b6"
            ],
            "subnet_mapping": [
              {
                "allocation_id": "",
                "ipv6_address": "",
                "outpost_id": "",
                "private_ipv4_address": "",
                "subnet_id": "subnet-087b9f0c69da3d971"
              },
              {
                "allocation_id": "",
                "ipv6_address": "",
                "outpost_id": "",
                "private_ipv4_address": "",
                "subnet_id": "subnet-0b611817d5641d70c"
              }
            ],
            "subnets": [
              "subnet-087b9f0c69da3d971",
              "subnet-0b611817d5641d70c"
            ],
            "tags": null,
            "tags_all": {
              "hashicorp-learn": "refresh"
            },
            "timeouts": null,
            "vpc_id": "vpc-0f6c6d5db11200139",
            "xff_header_processing_mode": "append",
            "zone_id": "Z3AADJGX6KTTL2"
          },
          "sensitive_attributes": [],
          "identity_schema_version": 0,
          "identity": {
            "arn": "arn:aws:elasticloadbalancing:us-east-2:853463361937:loadbalancer/app/my-app-lb/8e8ad309e802f7a8"
          },
          "private": "eyJlMmJmYjczMC1lY2FhLTExZTYtOGY4OC0zNDM2M2JjN2M0YzAiOnsiY3JlYXRlIjo2MDAwMDAwMDAwMDAsImRlbGV0ZSI6NjAwMDAwMDAwMDAwLCJ1cGRhdGUiOjYwMDAwMDAwMDAwMH19",
          "dependencies": [
            "aws_security_group.my_security_group",
            "aws_subnet.public_subnet",
            "aws_vpc.my_vpc",
            "data.aws_availability_zones.available"
          ]
        }
      ]
    },
    {
      "mode": "managed",
      "type": "aws_lb_listener",
      "name": "http",
      "provider": "provider[\"registry.terraform.io/hashicorp/aws\"]",
      "instances": [
        {
          "schema_version": 0,
          "attributes": {
            "alpn_policy": null,
            "arn": "arn:aws:elasticloadbalancing:us-east-2:853463361937:listener/app/my-app-lb/8e8ad309e802f7a8/02258956020b4d2c",
            "certificate_arn": null,
            "default_action": [
              {
                "authenticate_cognito": [],
                "authenticate_oidc": [],
                "fixed_response": [],
                "forward": [],
                "order": 1,
                "redirect": [],
                "target_group_arn": "arn:aws:elasticloadbalancing:us-east-2:853463361937:targetgroup/app-tg/7549748c7a212e6e",
                "type": "forward"
              }
            ],
            "id": "arn:aws:elasticloadbalancing:us-east-2:853463361937:listener/app/my-app-lb/8e8ad309e802f7a8/02258956020b4d2c",
            "load_balancer_arn": "arn:aws:elasticloadbalancing:us-east-2:853463361937:loadbalancer/app/my-app-lb/8e8ad309e802f7a8",
            "mutual_authentication": [],
            "port": 80,
            "protocol": "HTTP",
            "region": "us-east-2",
            "routing_http_request_x_amzn_mtls_clientcert_header_name": null,
            "routing_http_request_x_amzn_mtls_clientcert_issuer_header_name": null,
            "routing_http_request_x_amzn_mtls_clientcert_leaf_header_name": null,
            "routing_http_request_x_amzn_mtls_clientcert_serial_number_header_name": null,
            "routing_http_request_x_amzn_mtls_clientcert_subject_header_name": null,
            "routing_http_request_x_amzn_mtls_clientcert_validity_header_name": null,
            "routing_http_request_x_amzn_tls_cipher_suite_header_name": null,
            "routing_http_request_x_amzn_tls_version_header_name": null,
            "routing_http_response_access_control_allow_credentials_header_value": "",
            "routing_http_response_access_control_allow_headers_header_value": "",
            "routing_http_response_access_control_allow_methods_header_value": "",
            "routing_http_response_access_control_allow_origin_header_value": "",
            "routing_http_response_access_control_expose_headers_header_value": "",
            "routing_http_response_access_control_max_age_header_value": "",
            "routing_http_response_content_security_policy_header_value": "",
            "routing_http_response_server_enabled": true,
            "routing_http_response_strict_transport_security_header_value": "",
            "routing_http_response_x_content_type_options_header_value": "",
            "routing_http_response_x_frame_options_header_value": "",
            "ssl_policy": "",
            "tags": null,
            "tags_all": {
              "hashicorp-learn": "refresh"
            },
            "tcp_idle_timeout_seconds": null,
            "timeouts": null
          },
          "sensitive_attributes": [],
          "identity_schema_version": 0,
          "identity": {
            "arn": "arn:aws:elasticloadbalancing:us-east-2:853463361937:listener/app/my-app-lb/8e8ad309e802f7a8/02258956020b4d2c"
          },
          "private": "eyJlMmJmYjczMC1lY2FhLTExZTYtOGY4OC0zNDM2M2JjN2M0YzAiOnsiY3JlYXRlIjozMDAwMDAwMDAwMDAsInVwZGF0ZSI6MzAwMDAwMDAwMDAwfX0=",
          "dependencies": [
            "aws_lb.app_lb",
            "aws_lb_target_group.app_tg",
            "aws_security_group.my_security_group",
            "aws_subnet.public_subnet",
            "aws_vpc.my_vpc",
            "data.aws_availability_zones.available"
          ]
        }
      ]
    },
    {
      "mode": "managed",
      "type": "aws_lb_target_group",
      "name": "app_tg",
      "provider": "provider[\"registry.terraform.io/hashicorp/aws\"]",
      "instances": [
        {
          "schema_version": 0,
          "attributes": {
            "arn": "arn:aws:elasticloadbalancing:us-east-2:853463361937:targetgroup/app-tg/7549748c7a212e6e",
            "arn_suffix": "targetgroup/app-tg/7549748c7a212e6e",
            "connection_termination": null,
            "deregistration_delay": "300",
            "health_check": [
              {
                "enabled": true,
                "healthy_threshold": 2,
                "interval": 30,
                "matcher": "200-399",
                "path": "/",
                "port": "traffic-port",
                "protocol": "HTTP",
                "timeout": 5,
                "unhealthy_threshold": 2
              }
            ],
            "id": "arn:aws:elasticloadbalancing:us-east-2:853463361937:targetgroup/app-tg/7549748c7a212e6e",
            "ip_address_type": "ipv4",
            "lambda_multi_value_headers_enabled": false,
            "load_balancer_arns": [],
            "load_balancing_algorithm_type": "round_robin",
            "load_balancing_anomaly_mitigation": "off",
            "load_balancing_cross_zone_enabled": "use_load_balancer_configuration",
            "name": "app-tg",
            "name_prefix": "",
            "port": 80,
            "preserve_client_ip": null,
            "protocol": "HTTP",
            "protocol_version": "HTTP1",
            "proxy_protocol_v2": false,
            "region": "us-east-2",
            "slow_start": 0,
            "stickiness": [
              {
                "cookie_duration": 86400,
                "cookie_name": "",
                "enabled": false,
                "type": "lb_cookie"
              }
            ],
            "tags": null,
            "tags_all": {
              "hashicorp-learn": "refresh"
            },
            "target_failover": [
              {
                "on_deregistration": null,
                "on_unhealthy": null
              }
            ],
            "target_group_health": [
              {
                "dns_failover": [
                  {
                    "minimum_healthy_targets_count": "1",
                    "minimum_healthy_targets_percentage": "off"
                  }
                ],
                "unhealthy_state_routing": [
                  {
                    "minimum_healthy_targets_count": 1,
                    "minimum_healthy_targets_percentage": "off"
                  }
                ]
              }
            ],
            "target_health_state": [
              {
                "enable_unhealthy_connection_termination": null,
                "unhealthy_draining_interval": null
              }
            ],
            "target_type": "instance",
            "vpc_id": "vpc-0f6c6d5db11200139"
          },
          "sensitive_attributes": [],
          "identity_schema_version": 0,
          "identity": {
            "arn": "arn:aws:elasticloadbalancing:us-east-2:853463361937:targetgroup/app-tg/7549748c7a212e6e"
          },
          "private": "bnVsbA==",
          "dependencies": [
            "aws_vpc.my_vpc"
          ]
        }
      ]
    },
    {
      "mode": "managed",
      "type": "aws_lb_target_group_attachment",
      "name": "tg_attachment",
      "provider": "provider[\"registry.terraform.io/hashicorp/aws\"]",
      "instances": [
        {
          "index_key": 0,
          "schema_version": 0,
          "attributes": {
            "availability_zone": null,
            "id": "arn:aws:elasticloadbalancing:us-east-2:853463361937:targetgroup/app-tg/7549748c7a212e6e-20250909041707477600000004",
            "port": 80,
            "region": "us-east-2",
            "target_group_arn": "arn:aws:elasticloadbalancing:us-east-2:853463361937:targetgroup/app-tg/7549748c7a212e6e",
            "target_id": "i-0bd7669bebc5c4e52"
          },
          "sensitive_attributes": [],
          "identity_schema_version": 0,
          "private": "bnVsbA==",
          "dependencies": [
            "aws_instance.my_instance",
            "aws_key_pair.deployer",
            "aws_lb_target_group.app_tg",
            "aws_security_group.my_security_group",
            "aws_subnet.public_subnet",
            "aws_vpc.my_vpc",
            "data.aws_availability_zones.available",
            "tls_private_key.example"
          ]
        },
        {
          "index_key": 1,
          "schema_version": 0,
          "attributes": {
            "availability_zone": null,
            "id": "arn:aws:elasticloadbalancing:us-east-2:853463361937:targetgroup/app-tg/7549748c7a212e6e-20250909041707873400000005",
            "port": 80,
            "region": "us-east-2",
            "target_group_arn": "arn:aws:elasticloadbalancing:us-east-2:853463361937:targetgroup/app-tg/7549748c7a212e6e",
            "target_id": "i-0bd7669bebc5c4e52"
          },
          "sensitive_attributes": [],
          "identity_schema_version": 0,
          "private": "bnVsbA==",
          "dependencies": [
            "aws_instance.my_instance",
            "aws_key_pair.deployer",
            "aws_lb_target_group.app_tg",
            "aws_security_group.my_security_group",
            "aws_subnet.public_subnet",
            "aws_vpc.my_vpc",
            "data.aws_availability_zones.available",
            "tls_private_key.example"
          ]
        }
      ]
    },
    {
      "mode": "managed",
      "type": "aws_route_table",
      "name": "my_route_table",
      "provider": "provider[\"registry.terraform.io/hashicorp/aws\"]",
      "instances": [
        {
          "schema_version": 0,
          "attributes": {
            "arn": "arn:aws:ec2:us-east-2:853463361937:route-table/rtb-00b69dc88b47a8f1d",
            "id": "rtb-00b69dc88b47a8f1d",
            "owner_id": "853463361937",
            "propagating_vgws": [],
            "region": "us-east-2",
            "route": [
              {
                "carrier_gateway_id": "",
                "cidr_block": "0.0.0.0/0",
                "core_network_arn": "",
                "destination_prefix_list_id": "",
                "egress_only_gateway_id": "",
                "gateway_id": "igw-06c579e8ec7c1e395",
                "ipv6_cidr_block": "",
                "local_gateway_id": "",
                "nat_gateway_id": "",
                "network_interface_id": "",
                "transit_gateway_id": "",
                "vpc_endpoint_id": "",
                "vpc_peering_connection_id": ""
              }
            ],
            "tags": {
              "Name": "My-Route-Table"
            },
            "tags_all": {
              "Name": "My-Route-Table",
              "hashicorp-learn": "refresh"
            },
            "timeouts": null,
            "vpc_id": "vpc-0f6c6d5db11200139"
          },
          "sensitive_attributes": [],
          "identity_schema_version": 0,
          "private": "eyJlMmJmYjczMC1lY2FhLTExZTYtOGY4OC0zNDM2M2JjN2M0YzAiOnsiY3JlYXRlIjozMDAwMDAwMDAwMDAsImRlbGV0ZSI6MzAwMDAwMDAwMDAwLCJ1cGRhdGUiOjEyMDAwMDAwMDAwMH19",
          "dependencies": [
            "aws_internet_gateway.my_igw",
            "aws_vpc.my_vpc"
          ]
        }
      ]
    },
    {
      "mode": "managed",
      "type": "aws_route_table_association",
      "name": "public_subnet_association",
      "provider": "provider[\"registry.terraform.io/hashicorp/aws\"]",
      "instances": [
        {
          "index_key": 0,
          "schema_version": 0,
          "attributes": {
            "gateway_id": "",
            "id": "rtbassoc-0171698ea3e334056",
            "region": "us-east-2",
            "route_table_id": "rtb-00b69dc88b47a8f1d",
            "subnet_id": "subnet-087b9f0c69da3d971",
            "timeouts": null
          },
          "sensitive_attributes": [],
          "identity_schema_version": 0,
          "private": "eyJlMmJmYjczMC1lY2FhLTExZTYtOGY4OC0zNDM2M2JjN2M0YzAiOnsiY3JlYXRlIjozMDAwMDAwMDAwMDAsImRlbGV0ZSI6MzAwMDAwMDAwMDAwLCJ1cGRhdGUiOjEyMDAwMDAwMDAwMH19",
          "dependencies": [
            "aws_internet_gateway.my_igw",
            "aws_route_table.my_route_table",
            "aws_subnet.public_subnet",
            "aws_vpc.my_vpc",
            "data.aws_availability_zones.available"
          ]
        },
        {
          "index_key": 1,
          "schema_version": 0,
          "attributes": {
            "gateway_id": "",
            "id": "rtbassoc-0e04ef8677108d557",
            "region": "us-east-2",
            "route_table_id": "rtb-00b69dc88b47a8f1d",
            "subnet_id": "subnet-0b611817d5641d70c",
            "timeouts": null
          },
          "sensitive_attributes": [],
          "identity_schema_version": 0,
          "private": "eyJlMmJmYjczMC1lY2FhLTExZTYtOGY4OC0zNDM2M2JjN2M0YzAiOnsiY3JlYXRlIjozMDAwMDAwMDAwMDAsImRlbGV0ZSI6MzAwMDAwMDAwMDAwLCJ1cGRhdGUiOjEyMDAwMDAwMDAwMH19",
          "dependencies": [
            "aws_internet_gateway.my_igw",
            "aws_route_table.my_route_table",
            "aws_subnet.public_subnet",
            "aws_vpc.my_vpc",
            "data.aws_availability_zones.available"
          ]
        }
      ]
    },
    {
      "mode": "managed",
      "type": "aws_s3_bucket",
      "name": "my_bucket",
      "provider": "provider[\"registry.terraform.io/hashicorp/aws\"]",
      "instances": [
        {
          "schema_version": 0,
          "attributes": {
            "acceleration_status": "",
            "acl": null,
            "arn": "arn:aws:s3:::sdeepak21june",
            "bucket": "sdeepak21june",
            "bucket_domain_name": "sdeepak21june.s3.amazonaws.com",
            "bucket_prefix": "",
            "bucket_region": "us-east-2",
            "bucket_regional_domain_name": "sdeepak21june.s3.us-east-2.amazonaws.com",
            "cors_rule": [],
            "force_destroy": false,
            "grant": [
              {
                "id": "5a865baf9d967eaa0046fe3e76219c933c8856d9b9db3dea527d666c054e96ec",
                "permissions": [
                  "FULL_CONTROL"
                ],
                "type": "CanonicalUser",
                "uri": ""
              }
            ],
            "hosted_zone_id": "Z2O1EMRO9K5GLX",
            "id": "sdeepak21june",
            "lifecycle_rule": [],
            "logging": [],
            "object_lock_configuration": [],
            "object_lock_enabled": false,
            "policy": "",
            "region": "us-east-2",
            "replication_configuration": [],
            "request_payer": "BucketOwner",
            "server_side_encryption_configuration": [
              {
                "rule": [
                  {
                    "apply_server_side_encryption_by_default": [
                      {
                        "kms_master_key_id": "",
                        "sse_algorithm": "AES256"
                      }
                    ],
                    "bucket_key_enabled": false
                  }
                ]
              }
            ],
            "tags": null,
            "tags_all": {
              "hashicorp-learn": "refresh"
            },
            "timeouts": null,
            "versioning": [
              {
                "enabled": false,
                "mfa_delete": false
              }
            ],
            "website": [],
            "website_domain": null,
            "website_endpoint": null
          },
          "sensitive_attributes": [],
          "identity_schema_version": 0,
          "identity": {
            "account_id": "853463361937",
            "bucket": "sdeepak21june",
            "region": "us-east-2"
          },
          "private": "eyJlMmJmYjczMC1lY2FhLTExZTYtOGY4OC0zNDM2M2JjN2M0YzAiOnsiY3JlYXRlIjoxMjAwMDAwMDAwMDAwLCJkZWxldGUiOjM2MDAwMDAwMDAwMDAsInJlYWQiOjEyMDAwMDAwMDAwMDAsInVwZGF0ZSI6MTIwMDAwMDAwMDAwMH19"
        }
      ]
    },
    {
      "mode": "managed",
      "type": "aws_s3_bucket_public_access_block",
      "name": "my_bucket_public_access_block",
      "provider": "provider[\"registry.terraform.io/hashicorp/aws\"]",
      "instances": [
        {
          "schema_version": 0,
          "attributes": {
            "block_public_acls": false,
            "block_public_policy": false,
            "bucket": "sdeepak21june",
            "id": "sdeepak21june",
            "ignore_public_acls": false,
            "region": "us-east-2",
            "restrict_public_buckets": false,
            "skip_destroy": null
          },
          "sensitive_attributes": [],
          "identity_schema_version": 0,
          "private": "bnVsbA==",
          "dependencies": [
            "aws_s3_bucket.my_bucket"
          ]
        }
      ]
    },
    {
      "mode": "managed",
      "type": "aws_security_group",
      "name": "my_security_group",
      "provider": "provider[\"registry.terraform.io/hashicorp/aws\"]",
      "instances": [
        {
          "schema_version": 1,
          "attributes": {
            "arn": "arn:aws:ec2:us-east-2:853463361937:security-group/sg-076abcdc54bc9d4b6",
            "description": "My security group created by Terraform",
            "egress": [
              {
                "cidr_blocks": [
                  "0.0.0.0/0"
                ],
                "description": "",
                "from_port": 0,
                "ipv6_cidr_blocks": [],
                "prefix_list_ids": [],
                "protocol": "-1",
                "security_groups": [],
                "self": false,
                "to_port": 0
              }
            ],
            "id": "sg-076abcdc54bc9d4b6",
            "ingress": [
              {
                "cidr_blocks": [
                  "0.0.0.0/0"
                ],
                "description": "ingress rule for my_sql",
                "from_port": 3306,
                "ipv6_cidr_blocks": [],
                "prefix_list_ids": [],
                "protocol": "tcp",
                "security_groups": [],
                "self": false,
                "to_port": 3306
              },
              {
                "cidr_blocks": [
                  "0.0.0.0/0"
                ],
                "description": "ingress rule for port 22",
                "from_port": 22,
                "ipv6_cidr_blocks": [],
                "prefix_list_ids": [],
                "protocol": "tcp",
                "security_groups": [],
                "self": false,
                "to_port": 22
              },
              {
                "cidr_blocks": [
                  "0.0.0.0/0"
                ],
                "description": "ingress rule for port 443",
                "from_port": 443,
                "ipv6_cidr_blocks": [],
                "prefix_list_ids": [],
                "protocol": "tcp",
                "security_groups": [],
                "self": false,
                "to_port": 443
              },
              {
                "cidr_blocks": [
                  "0.0.0.0/0"
                ],
                "description": "ingress rule for port 8080 using jenkins",
                "from_port": 8080,
                "ipv6_cidr_blocks": [],
                "prefix_list_ids": [],
                "protocol": "tcp",
                "security_groups": [],
                "self": false,
                "to_port": 8080
              },
              {
                "cidr_blocks": [
                  "0.0.0.0/0"
                ],
                "description": "port enable for nginx",
                "from_port": 80,
                "ipv6_cidr_blocks": [],
                "prefix_list_ids": [],
                "protocol": "tcp",
                "security_groups": [],
                "self": false,
                "to_port": 80
              }
            ],
            "name": "my-security-group",
            "name_prefix": "",
            "owner_id": "853463361937",
            "region": "us-east-2",
            "revoke_rules_on_delete": false,
            "tags": null,
            "tags_all": {
              "hashicorp-learn": "refresh"
            },
            "timeouts": null,
            "vpc_id": "vpc-0f6c6d5db11200139"
          },
          "sensitive_attributes": [],
          "identity_schema_version": 0,
          "identity": {
            "account_id": "853463361937",
            "id": "sg-076abcdc54bc9d4b6",
            "region": "us-east-2"
          },
          "private": "eyJlMmJmYjczMC1lY2FhLTExZTYtOGY4OC0zNDM2M2JjN2M0YzAiOnsiY3JlYXRlIjo2MDAwMDAwMDAwMDAsImRlbGV0ZSI6OTAwMDAwMDAwMDAwfSwic2NoZW1hX3ZlcnNpb24iOiIxIn0=",
          "dependencies": [
            "aws_vpc.my_vpc"
          ]
        }
      ]
    },
    {
      "mode": "managed",
      "type": "aws_subnet",
      "name": "public_subnet",
      "provider": "provider[\"registry.terraform.io/hashicorp/aws\"]",
      "instances": [
        {
          "index_key": 0,
          "schema_version": 1,
          "attributes": {
            "arn": "arn:aws:ec2:us-east-2:853463361937:subnet/subnet-087b9f0c69da3d971",
            "assign_ipv6_address_on_creation": false,
            "availability_zone": "us-east-2a",
            "availability_zone_id": "use2-az1",
            "cidr_block": "10.0.0.0/24",
            "customer_owned_ipv4_pool": "",
            "enable_dns64": false,
            "enable_lni_at_device_index": 0,
            "enable_resource_name_dns_a_record_on_launch": false,
            "enable_resource_name_dns_aaaa_record_on_launch": false,
            "id": "subnet-087b9f0c69da3d971",
            "ipv6_cidr_block": "",
            "ipv6_cidr_block_association_id": "",
            "ipv6_native": false,
            "map_customer_owned_ip_on_launch": false,
            "map_public_ip_on_launch": true,
            "outpost_arn": "",
            "owner_id": "853463361937",
            "private_dns_hostname_type_on_launch": "ip-name",
            "region": "us-east-2",
            "tags": {
              "Name": "Public-Subnet-1"
            },
            "tags_all": {
              "Name": "Public-Subnet-1",
              "hashicorp-learn": "refresh"
            },
            "timeouts": null,
            "vpc_id": "vpc-0f6c6d5db11200139"
          },
          "sensitive_attributes": [],
          "identity_schema_version": 0,
          "private": "eyJlMmJmYjczMC1lY2FhLTExZTYtOGY4OC0zNDM2M2JjN2M0YzAiOnsiY3JlYXRlIjo2MDAwMDAwMDAwMDAsImRlbGV0ZSI6MTIwMDAwMDAwMDAwMH0sInNjaGVtYV92ZXJzaW9uIjoiMSJ9",
          "dependencies": [
            "aws_vpc.my_vpc",
            "data.aws_availability_zones.available"
          ]
        },
        {
          "index_key": 1,
          "schema_version": 1,
          "attributes": {
            "arn": "arn:aws:ec2:us-east-2:853463361937:subnet/subnet-0b611817d5641d70c",
            "assign_ipv6_address_on_creation": false,
            "availability_zone": "us-east-2b",
            "availability_zone_id": "use2-az2",
            "cidr_block": "10.0.1.0/24",
            "customer_owned_ipv4_pool": "",
            "enable_dns64": false,
            "enable_lni_at_device_index": 0,
            "enable_resource_name_dns_a_record_on_launch": false,
            "enable_resource_name_dns_aaaa_record_on_launch": false,
            "id": "subnet-0b611817d5641d70c",
            "ipv6_cidr_block": "",
            "ipv6_cidr_block_association_id": "",
            "ipv6_native": false,
            "map_customer_owned_ip_on_launch": false,
            "map_public_ip_on_launch": true,
            "outpost_arn": "",
            "owner_id": "853463361937",
            "private_dns_hostname_type_on_launch": "ip-name",
            "region": "us-east-2",
            "tags": {
              "Name": "Public-Subnet-2"
            },
            "tags_all": {
              "Name": "Public-Subnet-2",
              "hashicorp-learn": "refresh"
            },
            "timeouts": null,
            "vpc_id": "vpc-0f6c6d5db11200139"
          },
          "sensitive_attributes": [],
          "identity_schema_version": 0,
          "private": "eyJlMmJmYjczMC1lY2FhLTExZTYtOGY4OC0zNDM2M2JjN2M0YzAiOnsiY3JlYXRlIjo2MDAwMDAwMDAwMDAsImRlbGV0ZSI6MTIwMDAwMDAwMDAwMH0sInNjaGVtYV92ZXJzaW9uIjoiMSJ9",
          "dependencies": [
            "aws_vpc.my_vpc",
            "data.aws_availability_zones.available"
          ]
        }
      ]
    },
    {
      "mode": "managed",
      "type": "aws_vpc",
      "name": "my_vpc",
      "provider": "provider[\"registry.terraform.io/hashicorp/aws\"]",
      "instances": [
        {
          "schema_version": 1,
          "attributes": {
            "arn": "arn:aws:ec2:us-east-2:853463361937:vpc/vpc-0f6c6d5db11200139",
            "assign_generated_ipv6_cidr_block": false,
            "cidr_block": "10.0.0.0/16",
            "default_network_acl_id": "acl-00fda3a89fc3a23c8",
            "default_route_table_id": "rtb-05be60f871dcaa62e",
            "default_security_group_id": "sg-068440bc42c65683d",
            "dhcp_options_id": "dopt-0f27f58cffe5569bb",
            "enable_dns_hostnames": true,
            "enable_dns_support": true,
            "enable_network_address_usage_metrics": false,
            "id": "vpc-0f6c6d5db11200139",
            "instance_tenancy": "default",
            "ipv4_ipam_pool_id": null,
            "ipv4_netmask_length": null,
            "ipv6_association_id": "",
            "ipv6_cidr_block": "",
            "ipv6_cidr_block_network_border_group": "",
            "ipv6_ipam_pool_id": "",
            "ipv6_netmask_length": 0,
            "main_route_table_id": "rtb-05be60f871dcaa62e",
            "owner_id": "853463361937",
            "region": "us-east-2",
            "tags": {
              "Name": "vpc-1"
            },
            "tags_all": {
              "Name": "vpc-1",
              "hashicorp-learn": "refresh"
            }
          },
          "sensitive_attributes": [],
          "identity_schema_version": 0,
          "private": "eyJzY2hlbWFfdmVyc2lvbiI6IjEifQ=="
        }
      ]
    },
    {
      "mode": "managed",
      "type": "null_resource",
      "name": "my_instance",
      "provider": "provider[\"registry.terraform.io/hashicorp/null\"]",
      "instances": [
        {
          "schema_version": 0,
          "attributes": {
            "id": "4305786802313177006",
            "triggers": {
              "id": "igw-06c579e8ec7c1e395"
            }
          },
          "sensitive_attributes": [],
          "identity_schema_version": 0,
          "dependencies": [
            "aws_internet_gateway.my_igw",
            "aws_vpc.my_vpc"
          ]
        }
      ]
    },
    {
      "mode": "managed",
      "type": "tls_private_key",
      "name": "example",
      "provider": "provider[\"registry.terraform.io/hashicorp/tls\"]",
      "instances": [
        {
          "schema_version": 1,
          "attributes": {
            "algorithm": "RSA",
            "ecdsa_curve": "P224",
            "id": "bc7245afce6e0ca975450a3e494d5e1097d7a9fa",
            "private_key_openssh": "-----BEGIN OPENSSH PRIVATE KEY-----\nb3BlbnNzaC1rZXktdjEAAAAABG5vbmUAAAAEbm9uZQAAAAAAAAABAAACFwAAAAdz\nc2gtcnNhAAAAAwEAAQAAAgEAyd2pQB154jUzZpF+WGErsl9s5c1ukoztK83JHHZp\n89Or0Ul56VWWtJE2IGynwwAPaSzvF/5mv8c/98+z9ZxOg+Q8ejeeJnDkMudEupBb\nb7/2YuKcua0Wr8pz2MqNiu+MOFykFvRTG24Dtvyv3iyzz1HQ7r50phHmLvhCOnk6\naS2ywXePv3QCl5erXk3iWRviWek/pyndcXedxjolmYHF2qZBYdXmxyPdtr+8Qfe2\nqQBUDAYEu105ziShT/u6sjgYiWOrEAJyhY06MI7ZMgj9uL8X+wnoEtXk69HqAkWR\n71mMoS2TusRE4pnpXqcZY75RljVxabZK2UwQi2oFXS41VpFaQV405e5QyQZz5U5m\nmcnThKUWSOVLf5t3oP1P9N6ZRfb091ToGmlfY0x9XlntyP0xrmVjZ6uCOPXeUqR4\nqrXmwty8INe0F4oau/nqHvCLNJUu9366DG94Tfdp/AC95IzbQlbF1sICvZxEnkOM\nCu6oAZQCE0JF3XL/mV+Om0444yfacfGrSOxxyr0Wsg2JFjRAfzR5eEqtRcBK27ZD\n5CoPuISO0lIRdKfdKewCnweHAgcpoaNQa/wKA8OKhezp6BBkUiVKLGgmkt7wmR87\nZ2Xk86goUr2ZZDowXKSZWqKLiywCjHGurgQf9OJRPCrtBUL9+Hx+yF5oO1U3xHd5\nnQkAAAc4GRxxDxkccQ8AAAAHc3NoLXJzYQAAAgEAyd2pQB154jUzZpF+WGErsl9s\n5c1ukoztK83JHHZp89Or0Ul56VWWtJE2IGynwwAPaSzvF/5mv8c/98+z9ZxOg+Q8\nejeeJnDkMudEupBbb7/2YuKcua0Wr8pz2MqNiu+MOFykFvRTG24Dtvyv3iyzz1HQ\n7r50phHmLvhCOnk6aS2ywXePv3QCl5erXk3iWRviWek/pyndcXedxjolmYHF2qZB\nYdXmxyPdtr+8Qfe2qQBUDAYEu105ziShT/u6sjgYiWOrEAJyhY06MI7ZMgj9uL8X\n+wnoEtXk69HqAkWR71mMoS2TusRE4pnpXqcZY75RljVxabZK2UwQi2oFXS41VpFa\nQV405e5QyQZz5U5mmcnThKUWSOVLf5t3oP1P9N6ZRfb091ToGmlfY0x9XlntyP0x\nrmVjZ6uCOPXeUqR4qrXmwty8INe0F4oau/nqHvCLNJUu9366DG94Tfdp/AC95Izb\nQlbF1sICvZxEnkOMCu6oAZQCE0JF3XL/mV+Om0444yfacfGrSOxxyr0Wsg2JFjRA\nfzR5eEqtRcBK27ZD5CoPuISO0lIRdKfdKewCnweHAgcpoaNQa/wKA8OKhezp6BBk\nUiVKLGgmkt7wmR87Z2Xk86goUr2ZZDowXKSZWqKLiywCjHGurgQf9OJRPCrtBUL9\n+Hx+yF5oO1U3xHd5nQkAAAADAQABAAACAAEqdRBIO0x5py7X90VWZlS05WGcYp+Z\nDcObgCZYbrs4RT1Dsd8Nnf2z+v6L8hoXtX8Tgdv/HaPM6EsrmWv5N6DeYBUKnjC1\npTPADy8Op2CJWMhwa5xM6h0gy7N8U/3x7TrkGhSB27sEUyQq6G8djfpMDCtc0Tqm\nTtCFoYhJ6/LwjyA76wodhuhOOXClfYGrPg7r4HC8Nqmxmakr68yrqbNeE3GXtSoA\nRIcKK3GsFxN5y4J4RG26l5tfrcjS+NyPo2CjwTip8vRfgO8H3CxETgbTn7VU9NCr\nCJPuFe5mbXXW7A+APmKtQIKYhfcEewqO7lSyQVHtehgwLsZHWfmUSz2On4p8avna\nd3GdCgCOot7efdL9UadjAFJHyu+GGBr16F51qVX/eQDCZYOL7yuV3iZV53KJ2vyf\n3fOPwGfFQvBtv4zb8BV+0AlSRb9CaPPuh3t2WgX1yzxPN2vzqGUNDbMX0RySbBnF\nDguQPHbTy3iBrc7gvhOceiFGw/FJi2OLc3TP2qXSvN74yn4Yk29qVqgwiC8JcK1M\nSUYvmLh6ANlrit2QsYh0qlP4wwMBS+9HWn7ucptj10BpsI0iPbI9UioIfvB/4mb8\nZ18enHQzkj4l4ir6ubo5YATsMWT3psnanVyxuSCK7znQCY2u+i3uSzRk7TR1dXCN\noN42DK3Dxw1rAAABAQDQcrPKlzrIbk0NN3Bh+8pzhi1sj7jOryau75sAaQoSpbtx\nj7OzD56SvonQbfuv56zRmY0OfIToZtqCNIIR4Ys/vUd624OjlGWJz9zzbvHf4GbP\na53RQsODwIsHYEdGsGldQnCw8aZeUAtNM2guiws5hnAWrOEFqz9AvabSspkPAbif\njp/EwMMWdpZo4Ok6NYgu9uPyScmPy9VevdxKMpVBZ2o6eiJHKKh9ITInMHhTwdHF\nKsM8MKId/PBXMp0HboNkZZsWCqExClypBLwJ33v503Ty+jLwdBuW863K8jqHOaTf\ndV+x+rgS73V3twL5LJmJ8He2fGc0co53lUR9utjfAAABAQDtFtXOA6PgLV+iSwfA\nTt9F8tBLewIzsCoYtzCwBVg6AhcK4PWpxxByX+FxrLUN1byatjf2xR4ucEVQIDPC\nVCLcm9tNZigA1gTQeUne7ldcFM9bUONP0yq0/4OuLXTXbfpbUnfg6uWbdV3pOfkd\nzirhqDgF729x/XFvEzKufPe8DBOv/+yzqkjXEBQhOUcaFcZZtHjtE629gimBae8/\nkEVkeyLVF/uBi+lKLWshb7Kf2DqUFvMl4cxAZAS5iw4N62A+JUks/6AAI5KqCwB+\nl4hBx0AtfWJYEye9mkdd5RjDgJHG7zplKWZe9JoKEPuT4a8NmcXKzCCafkPhtr+i\no2QTAAABAQDZ95g6/1zPX+QpPRdKKwBF3FIuj6OWaW51aqpyveSqdHDYmieseyzd\nczPFXP3Q1qSHJvULLVl7U/HRumK+fgTY9/qBglGC+mOtv4WdCcB9hkujDN/jsbfT\nrcUo4BB/Cia3UGP4Rlo37KjkvCUkL/mmqCk5jzAe6jy9xdA2MQdxCHKZBa/uEBOW\nluIv9yAHWpsjrcuww6SzVWa7ZBY/BSwz+Jy/SsZyp5uJqSOymqaLrpYdJmfYpOYd\nEVFbRn+jM7kWPQJTU8RWL0lDuhkeJDsKM2/qduTUSCYGAoeMiKD26EVtUAM2Rd+l\nmRzwBB5zyEAjZqSMkSruk9cKvlrCBcXzAAAAAAEC\n-----END OPENSSH PRIVATE KEY-----\n",
            "private_key_pem": "-----BEGIN RSA PRIVATE KEY-----\nMIIJKgIBAAKCAgEAyd2pQB154jUzZpF+WGErsl9s5c1ukoztK83JHHZp89Or0Ul5\n6VWWtJE2IGynwwAPaSzvF/5mv8c/98+z9ZxOg+Q8ejeeJnDkMudEupBbb7/2YuKc\nua0Wr8pz2MqNiu+MOFykFvRTG24Dtvyv3iyzz1HQ7r50phHmLvhCOnk6aS2ywXeP\nv3QCl5erXk3iWRviWek/pyndcXedxjolmYHF2qZBYdXmxyPdtr+8Qfe2qQBUDAYE\nu105ziShT/u6sjgYiWOrEAJyhY06MI7ZMgj9uL8X+wnoEtXk69HqAkWR71mMoS2T\nusRE4pnpXqcZY75RljVxabZK2UwQi2oFXS41VpFaQV405e5QyQZz5U5mmcnThKUW\nSOVLf5t3oP1P9N6ZRfb091ToGmlfY0x9XlntyP0xrmVjZ6uCOPXeUqR4qrXmwty8\nINe0F4oau/nqHvCLNJUu9366DG94Tfdp/AC95IzbQlbF1sICvZxEnkOMCu6oAZQC\nE0JF3XL/mV+Om0444yfacfGrSOxxyr0Wsg2JFjRAfzR5eEqtRcBK27ZD5CoPuISO\n0lIRdKfdKewCnweHAgcpoaNQa/wKA8OKhezp6BBkUiVKLGgmkt7wmR87Z2Xk86go\nUr2ZZDowXKSZWqKLiywCjHGurgQf9OJRPCrtBUL9+Hx+yF5oO1U3xHd5nQkCAwEA\nAQKCAgABKnUQSDtMeacu1/dFVmZUtOVhnGKfmQ3Dm4AmWG67OEU9Q7HfDZ39s/r+\ni/IaF7V/E4Hb/x2jzOhLK5lr+Teg3mAVCp4wtaUzwA8vDqdgiVjIcGucTOodIMuz\nfFP98e065BoUgdu7BFMkKuhvHY36TAwrXNE6pk7QhaGISevy8I8gO+sKHYboTjlw\npX2Bqz4O6+BwvDapsZmpK+vMq6mzXhNxl7UqAESHCitxrBcTecuCeERtupebX63I\n0vjcj6Ngo8E4qfL0X4DvB9wsRE4G05+1VPTQqwiT7hXuZm111uwPgD5irUCCmIX3\nBHsKju5UskFR7XoYMC7GR1n5lEs9jp+KfGr52ndxnQoAjqLe3n3S/VGnYwBSR8rv\nhhga9ehedalV/3kAwmWDi+8rld4mVedyidr8n93zj8BnxULwbb+M2/AVftAJUkW/\nQmjz7od7dloF9cs8Tzdr86hlDQ2zF9EckmwZxQ4LkDx208t4ga3O4L4TnHohRsPx\nSYtji3N0z9ql0rze+Mp+GJNvalaoMIgvCXCtTElGL5i4egDZa4rdkLGIdKpT+MMD\nAUvvR1p+7nKbY9dAabCNIj2yPVIqCH7wf+Jm/GdfHpx0M5I+JeIq+rm6OWAE7DFk\n96bJ2p1csbkgiu850AmNrvot7ks0ZO00dXVwjaDeNgytw8cNawKCAQEA7RbVzgOj\n4C1foksHwE7fRfLQS3sCM7AqGLcwsAVYOgIXCuD1qccQcl/hcay1DdW8mrY39sUe\nLnBFUCAzwlQi3JvbTWYoANYE0HlJ3u5XXBTPW1DjT9MqtP+Dri101236W1J34Orl\nm3Vd6Tn5Hc4q4ag4Be9vcf1xbxMyrnz3vAwTr//ss6pI1xAUITlHGhXGWbR47ROt\nvYIpgWnvP5BFZHsi1Rf7gYvpSi1rIW+yn9g6lBbzJeHMQGQEuYsODetgPiVJLP+g\nACOSqgsAfpeIQcdALX1iWBMnvZpHXeUYw4CRxu86ZSlmXvSaChD7k+GvDZnFyswg\nmn5D4ba/oqNkEwKCAQEA2feYOv9cz1/kKT0XSisARdxSLo+jlmludWqqcr3kqnRw\n2JonrHss3XMzxVz90Nakhyb1Cy1Ze1Px0bpivn4E2Pf6gYJRgvpjrb+FnQnAfYZL\nowzf47G3063FKOAQfwomt1Bj+EZaN+yo5LwlJC/5pqgpOY8wHuo8vcXQNjEHcQhy\nmQWv7hATlpbiL/cgB1qbI63LsMOks1Vmu2QWPwUsM/icv0rGcqebiakjspqmi66W\nHSZn2KTmHRFRW0Z/ozO5Fj0CU1PEVi9JQ7oZHiQ7CjNv6nbk1EgmBgKHjIig9uhF\nbVADNkXfpZkc8AQec8hAI2akjJEq7pPXCr5awgXF8wKCAQEAwDg5U/Pjk0d2N9B5\nElNf9ggtFGVAncN//dXYJX3P0AgNwoYs5l88WF6gG1eY2wSlCxIdQXcDR0dDCvlw\nvWcVdKLwJEpkuHjMInGTkKjQLxm4HCLyiK99+o0Gp9q21kqWJiAwjSwkx+taHlMg\nRCf44EdQVI+RXWvL4fBAsPMkr1NjSthFgkzXDXY9u8oCeYWZ8PS+7gd8Xx7+o6vN\ni01e1V54GSh+gsN6eudj6hHzUmEu7Q3GSLpOrQ3qPrwcwvBIcVotf8woXrR4nmCZ\nIAmfMSVoRPlZGGs/VxuULO4nK6o7hnxCbe4oz2ek0/B856KcGHzJvefNrzQbuQ4/\nRI8P/QKCAQEAjv0nZ6S4TO56Ljd+fNBi2HGllBf02CqIJQz5jlZWmR/UG7RdTIBt\nuUTm9JWBiKwWuPbskA2LAyXZoJ1mQ9NF+NQNCULlmEgMdiILVC7ekTo1ilxaz/N5\nRatciOkcyUpuhZl+S5RTgRaG4a8vqmKyowr0KGdvyQgfGtuXMMXPPO6uxwX9GO6A\n+yw2bALxhwGAftJ3qpleBauDvnD1SxhonBt/MNqr/vFHTvKfkX50vXOl1K+qNmxO\n7Ui8F2XTO8wlopoZWXK9fVB9/qkp6yUXeiSuSaD/kudV0mF8bMwA1JkhWom/4a3K\n/sbIPghltczrjo26auCcynBABTNFNL020wKCAQEA0HKzypc6yG5NDTdwYfvKc4Yt\nbI+4zq8mru+bAGkKEqW7cY+zsw+ekr6J0G37r+es0ZmNDnyE6GbagjSCEeGLP71H\netuDo5Rlic/c827x3+Bmz2ud0ULDg8CLB2BHRrBpXUJwsPGmXlALTTNoLosLOYZw\nFqzhBas/QL2m0rKZDwG4n46fxMDDFnaWaODpOjWILvbj8knJj8vVXr3cSjKVQWdq\nOnoiRyiofSEyJzB4U8HRxSrDPDCiHfzwVzKdB26DZGWbFgqhMQpcqQS8Cd97+dN0\n8voy8HQblvOtyvI6hzmk33Vfsfq4Eu91d7cC+SyZifB3tnxnNHKOd5VEfbrY3w==\n-----END RSA PRIVATE KEY-----\n",
            "private_key_pem_pkcs8": "-----BEGIN PRIVATE KEY-----\nMIIJRAIBADANBgkqhkiG9w0BAQEFAASCCS4wggkqAgEAAoICAQDJ3alAHXniNTNm\nkX5YYSuyX2zlzW6SjO0rzckcdmnz06vRSXnpVZa0kTYgbKfDAA9pLO8X/ma/xz/3\nz7P1nE6D5Dx6N54mcOQy50S6kFtvv/Zi4py5rRavynPYyo2K74w4XKQW9FMbbgO2\n/K/eLLPPUdDuvnSmEeYu+EI6eTppLbLBd4+/dAKXl6teTeJZG+JZ6T+nKd1xd53G\nOiWZgcXapkFh1ebHI922v7xB97apAFQMBgS7XTnOJKFP+7qyOBiJY6sQAnKFjTow\njtkyCP24vxf7CegS1eTr0eoCRZHvWYyhLZO6xETimelepxljvlGWNXFptkrZTBCL\nagVdLjVWkVpBXjTl7lDJBnPlTmaZydOEpRZI5Ut/m3eg/U/03plF9vT3VOgaaV9j\nTH1eWe3I/TGuZWNnq4I49d5SpHiqtebC3Lwg17QXihq7+eoe8Is0lS73froMb3hN\n92n8AL3kjNtCVsXWwgK9nESeQ4wK7qgBlAITQkXdcv+ZX46bTjjjJ9px8atI7HHK\nvRayDYkWNEB/NHl4Sq1FwErbtkPkKg+4hI7SUhF0p90p7AKfB4cCBymho1Br/AoD\nw4qF7OnoEGRSJUosaCaS3vCZHztnZeTzqChSvZlkOjBcpJlaoouLLAKMca6uBB/0\n4lE8Ku0FQv34fH7IXmg7VTfEd3mdCQIDAQABAoICAAEqdRBIO0x5py7X90VWZlS0\n5WGcYp+ZDcObgCZYbrs4RT1Dsd8Nnf2z+v6L8hoXtX8Tgdv/HaPM6EsrmWv5N6De\nYBUKnjC1pTPADy8Op2CJWMhwa5xM6h0gy7N8U/3x7TrkGhSB27sEUyQq6G8djfpM\nDCtc0TqmTtCFoYhJ6/LwjyA76wodhuhOOXClfYGrPg7r4HC8Nqmxmakr68yrqbNe\nE3GXtSoARIcKK3GsFxN5y4J4RG26l5tfrcjS+NyPo2CjwTip8vRfgO8H3CxETgbT\nn7VU9NCrCJPuFe5mbXXW7A+APmKtQIKYhfcEewqO7lSyQVHtehgwLsZHWfmUSz2O\nn4p8avnad3GdCgCOot7efdL9UadjAFJHyu+GGBr16F51qVX/eQDCZYOL7yuV3iZV\n53KJ2vyf3fOPwGfFQvBtv4zb8BV+0AlSRb9CaPPuh3t2WgX1yzxPN2vzqGUNDbMX\n0RySbBnFDguQPHbTy3iBrc7gvhOceiFGw/FJi2OLc3TP2qXSvN74yn4Yk29qVqgw\niC8JcK1MSUYvmLh6ANlrit2QsYh0qlP4wwMBS+9HWn7ucptj10BpsI0iPbI9UioI\nfvB/4mb8Z18enHQzkj4l4ir6ubo5YATsMWT3psnanVyxuSCK7znQCY2u+i3uSzRk\n7TR1dXCNoN42DK3Dxw1rAoIBAQDtFtXOA6PgLV+iSwfATt9F8tBLewIzsCoYtzCw\nBVg6AhcK4PWpxxByX+FxrLUN1byatjf2xR4ucEVQIDPCVCLcm9tNZigA1gTQeUne\n7ldcFM9bUONP0yq0/4OuLXTXbfpbUnfg6uWbdV3pOfkdzirhqDgF729x/XFvEzKu\nfPe8DBOv/+yzqkjXEBQhOUcaFcZZtHjtE629gimBae8/kEVkeyLVF/uBi+lKLWsh\nb7Kf2DqUFvMl4cxAZAS5iw4N62A+JUks/6AAI5KqCwB+l4hBx0AtfWJYEye9mkdd\n5RjDgJHG7zplKWZe9JoKEPuT4a8NmcXKzCCafkPhtr+io2QTAoIBAQDZ95g6/1zP\nX+QpPRdKKwBF3FIuj6OWaW51aqpyveSqdHDYmieseyzdczPFXP3Q1qSHJvULLVl7\nU/HRumK+fgTY9/qBglGC+mOtv4WdCcB9hkujDN/jsbfTrcUo4BB/Cia3UGP4Rlo3\n7KjkvCUkL/mmqCk5jzAe6jy9xdA2MQdxCHKZBa/uEBOWluIv9yAHWpsjrcuww6Sz\nVWa7ZBY/BSwz+Jy/SsZyp5uJqSOymqaLrpYdJmfYpOYdEVFbRn+jM7kWPQJTU8RW\nL0lDuhkeJDsKM2/qduTUSCYGAoeMiKD26EVtUAM2Rd+lmRzwBB5zyEAjZqSMkSru\nk9cKvlrCBcXzAoIBAQDAODlT8+OTR3Y30HkSU1/2CC0UZUCdw3/91dglfc/QCA3C\nhizmXzxYXqAbV5jbBKULEh1BdwNHR0MK+XC9ZxV0ovAkSmS4eMwicZOQqNAvGbgc\nIvKIr336jQan2rbWSpYmIDCNLCTH61oeUyBEJ/jgR1BUj5Fda8vh8ECw8ySvU2NK\n2EWCTNcNdj27ygJ5hZnw9L7uB3xfHv6jq82LTV7VXngZKH6Cw3p652PqEfNSYS7t\nDcZIuk6tDeo+vBzC8EhxWi1/zChetHieYJkgCZ8xJWhE+VkYaz9XG5Qs7icrqjuG\nfEJt7ijPZ6TT8HznopwYfMm9582vNBu5Dj9Ejw/9AoIBAQCO/SdnpLhM7nouN358\n0GLYcaWUF/TYKoglDPmOVlaZH9QbtF1MgG25ROb0lYGIrBa49uyQDYsDJdmgnWZD\n00X41A0JQuWYSAx2IgtULt6ROjWKXFrP83lFq1yI6RzJSm6FmX5LlFOBFobhry+q\nYrKjCvQoZ2/JCB8a25cwxc887q7HBf0Y7oD7LDZsAvGHAYB+0neqmV4Fq4O+cPVL\nGGicG38w2qv+8UdO8p+RfnS9c6XUr6o2bE7tSLwXZdM7zCWimhlZcr19UH3+qSnr\nJRd6JK5JoP+S51XSYXxszADUmSFaib/hrcr+xsg+CGW1zOuOjbpq4JzKcEAFM0U0\nvTbTAoIBAQDQcrPKlzrIbk0NN3Bh+8pzhi1sj7jOryau75sAaQoSpbtxj7OzD56S\nvonQbfuv56zRmY0OfIToZtqCNIIR4Ys/vUd624OjlGWJz9zzbvHf4GbPa53RQsOD\nwIsHYEdGsGldQnCw8aZeUAtNM2guiws5hnAWrOEFqz9AvabSspkPAbifjp/EwMMW\ndpZo4Ok6NYgu9uPyScmPy9VevdxKMpVBZ2o6eiJHKKh9ITInMHhTwdHFKsM8MKId\n/PBXMp0HboNkZZsWCqExClypBLwJ33v503Ty+jLwdBuW863K8jqHOaTfdV+x+rgS\n73V3twL5LJmJ8He2fGc0co53lUR9utjf\n-----END PRIVATE KEY-----\n",
            "public_key_fingerprint_md5": "cf:fd:50:a4:3d:17:1b:58:18:4d:fc:c1:f8:98:01:6f",
            "public_key_fingerprint_sha256": "SHA256:EpLeunxJV25e+zMQHvGmT9o0O4MwAickwkF0Qabcj4c",
            "public_key_openssh": "ssh-rsa AAAAB3NzaC1yc2EAAAADAQABAAACAQDJ3alAHXniNTNmkX5YYSuyX2zlzW6SjO0rzckcdmnz06vRSXnpVZa0kTYgbKfDAA9pLO8X/ma/xz/3z7P1nE6D5Dx6N54mcOQy50S6kFtvv/Zi4py5rRavynPYyo2K74w4XKQW9FMbbgO2/K/eLLPPUdDuvnSmEeYu+EI6eTppLbLBd4+/dAKXl6teTeJZG+JZ6T+nKd1xd53GOiWZgcXapkFh1ebHI922v7xB97apAFQMBgS7XTnOJKFP+7qyOBiJY6sQAnKFjTowjtkyCP24vxf7CegS1eTr0eoCRZHvWYyhLZO6xETimelepxljvlGWNXFptkrZTBCLagVdLjVWkVpBXjTl7lDJBnPlTmaZydOEpRZI5Ut/m3eg/U/03plF9vT3VOgaaV9jTH1eWe3I/TGuZWNnq4I49d5SpHiqtebC3Lwg17QXihq7+eoe8Is0lS73froMb3hN92n8AL3kjNtCVsXWwgK9nESeQ4wK7qgBlAITQkXdcv+ZX46bTjjjJ9px8atI7HHKvRayDYkWNEB/NHl4Sq1FwErbtkPkKg+4hI7SUhF0p90p7AKfB4cCBymho1Br/AoDw4qF7OnoEGRSJUosaCaS3vCZHztnZeTzqChSvZlkOjBcpJlaoouLLAKMca6uBB/04lE8Ku0FQv34fH7IXmg7VTfEd3mdCQ==\n",
            "public_key_pem": "-----BEGIN PUBLIC KEY-----\nMIICIjANBgkqhkiG9w0BAQEFAAOCAg8AMIICCgKCAgEAyd2pQB154jUzZpF+WGEr\nsl9s5c1ukoztK83JHHZp89Or0Ul56VWWtJE2IGynwwAPaSzvF/5mv8c/98+z9ZxO\ng+Q8ejeeJnDkMudEupBbb7/2YuKcua0Wr8pz2MqNiu+MOFykFvRTG24Dtvyv3iyz\nz1HQ7r50phHmLvhCOnk6aS2ywXePv3QCl5erXk3iWRviWek/pyndcXedxjolmYHF\n2qZBYdXmxyPdtr+8Qfe2qQBUDAYEu105ziShT/u6sjgYiWOrEAJyhY06MI7ZMgj9\nuL8X+wnoEtXk69HqAkWR71mMoS2TusRE4pnpXqcZY75RljVxabZK2UwQi2oFXS41\nVpFaQV405e5QyQZz5U5mmcnThKUWSOVLf5t3oP1P9N6ZRfb091ToGmlfY0x9Xlnt\nyP0xrmVjZ6uCOPXeUqR4qrXmwty8INe0F4oau/nqHvCLNJUu9366DG94Tfdp/AC9\n5IzbQlbF1sICvZxEnkOMCu6oAZQCE0JF3XL/mV+Om0444yfacfGrSOxxyr0Wsg2J\nFjRAfzR5eEqtRcBK27ZD5CoPuISO0lIRdKfdKewCnweHAgcpoaNQa/wKA8OKhezp\n6BBkUiVKLGgmkt7wmR87Z2Xk86goUr2ZZDowXKSZWqKLiywCjHGurgQf9OJRPCrt\nBUL9+Hx+yF5oO1U3xHd5nQkCAwEAAQ==\n-----END PUBLIC KEY-----\n",
            "rsa_bits": 4096
          },
          "sensitive_attributes": [
            [
              {
                "type": "get_attr",
                "value": "private_key_openssh"
              }
            ],
            [
              {
                "type": "get_attr",
                "value": "private_key_pem"
              }
            ],
            [
              {
                "type": "get_attr",
                "value": "private_key_pem_pkcs8"
              }
            ]
          ],
          "identity_schema_version": 0
        }
      ]
    }
  ],
  "check_results": null
}
