{
  "version": 4,
  "terraform_version": "1.8.5",
  "serial": 265,
  "lineage": "8047b918-143c-30ca-8822-32d947294593",
  "outputs": {
    "ami": {
      "value": "ami-0cf2b4e024cdb6960",
      "type": "string"
    },
    "ec2_key": {
      "value": "keypair",
      "type": "string"
    },
    "instance_id": {
      "value": {
        "ami": "ami-0cf2b4e024cdb6960",
        "arn": "arn:aws:ec2:us-west-2:767397976541:instance/i-08298e74fbd3acc0d",
        "associate_public_ip_address": true,
        "availability_zone": "us-west-2a",
        "capacity_reservation_specification": [
          {
            "capacity_reservation_preference": "open",
            "capacity_reservation_target": []
          }
        ],
        "cpu_core_count": 1,
        "cpu_options": [
          {
            "amd_sev_snp": "",
            "core_count": 1,
            "threads_per_core": 1
          }
        ],
        "cpu_threads_per_core": 1,
        "credit_specification": [
          {
            "cpu_credits": "standard"
          }
        ],
        "disable_api_stop": false,
        "disable_api_termination": false,
        "ebs_block_device": [
          {
            "delete_on_termination": true,
            "device_name": "/dev/sda1",
            "encrypted": false,
            "iops": 3000,
            "kms_key_id": "",
            "snapshot_id": "",
            "tags": {},
            "tags_all": {
              "hashicorp-learn": "refresh"
            },
            "throughput": 125,
            "volume_id": "vol-0f59336e120259997",
            "volume_size": 8,
            "volume_type": "gp3"
          }
        ],
        "ebs_optimized": false,
        "enclave_options": [
          {
            "enabled": false
          }
        ],
        "ephemeral_block_device": [],
        "get_password_data": false,
        "hibernation": false,
        "host_id": "",
        "host_resource_group_arn": null,
        "iam_instance_profile": "",
        "id": "i-08298e74fbd3acc0d",
        "instance_initiated_shutdown_behavior": "stop",
        "instance_lifecycle": "",
        "instance_market_options": [],
        "instance_state": "running",
        "instance_type": "t2.nano",
        "ipv6_address_count": 0,
        "ipv6_addresses": [],
        "key_name": "keypair",
        "launch_template": [],
        "maintenance_options": [
          {
            "auto_recovery": "default"
          }
        ],
        "metadata_options": [
          {
            "http_endpoint": "enabled",
            "http_protocol_ipv6": "disabled",
            "http_put_response_hop_limit": 2,
            "http_tokens": "required",
            "instance_metadata_tags": "disabled"
          }
        ],
        "monitoring": false,
        "network_interface": [],
        "outpost_arn": "",
        "password_data": "",
        "placement_group": "",
        "placement_partition_number": 0,
        "primary_network_interface_id": "eni-08e05bd1cbb1b4fe4",
        "private_dns": "ip-10-0-1-245.us-west-2.compute.internal",
        "private_dns_name_options": [
          {
            "enable_resource_name_dns_a_record": false,
            "enable_resource_name_dns_aaaa_record": false,
            "hostname_type": "ip-name"
          }
        ],
        "private_ip": "10.0.1.245",
        "public_dns": "ec2-54-212-236-203.us-west-2.compute.amazonaws.com",
        "public_ip": "54.212.236.203",
        "root_block_device": [
          {
            "delete_on_termination": true,
            "device_name": "/dev/sda1",
            "encrypted": false,
            "iops": 3000,
            "kms_key_id": "",
            "tags": {},
            "tags_all": {
              "hashicorp-learn": "refresh"
            },
            "throughput": 125,
            "volume_id": "vol-0f59336e120259997",
            "volume_size": 8,
            "volume_type": "gp3"
          }
        ],
        "secondary_private_ips": [],
        "security_groups": [],
        "source_dest_check": true,
        "spot_instance_request_id": "",
        "subnet_id": "subnet-05c062f3121f395fd",
        "tags": {
          "Name": "helm"
        },
        "tags_all": {
          "Name": "helm",
          "hashicorp-learn": "refresh"
        },
        "tenancy": "default",
        "timeouts": null,
        "user_data": "f1ebcdc84e85267edb8c9a8d626422bd973ad8d6",
        "user_data_base64": null,
        "user_data_replace_on_change": false,
        "volume_tags": null,
        "vpc_security_group_ids": [
          "sg-013ce26c67bd245d8"
        ]
      },
      "type": [
        "object",
        {
          "ami": "string",
          "arn": "string",
          "associate_public_ip_address": "bool",
          "availability_zone": "string",
          "capacity_reservation_specification": [
            "list",
            [
              "object",
              {
                "capacity_reservation_preference": "string",
                "capacity_reservation_target": [
                  "list",
                  [
                    "object",
                    {
                      "capacity_reservation_id": "string",
                      "capacity_reservation_resource_group_arn": "string"
                    }
                  ]
                ]
              }
            ]
          ],
          "cpu_core_count": "number",
          "cpu_options": [
            "list",
            [
              "object",
              {
                "amd_sev_snp": "string",
                "core_count": "number",
                "threads_per_core": "number"
              }
            ]
          ],
          "cpu_threads_per_core": "number",
          "credit_specification": [
            "list",
            [
              "object",
              {
                "cpu_credits": "string"
              }
            ]
          ],
          "disable_api_stop": "bool",
          "disable_api_termination": "bool",
          "ebs_block_device": [
            "set",
            [
              "object",
              {
                "delete_on_termination": "bool",
                "device_name": "string",
                "encrypted": "bool",
                "iops": "number",
                "kms_key_id": "string",
                "snapshot_id": "string",
                "tags": [
                  "map",
                  "string"
                ],
                "tags_all": [
                  "map",
                  "string"
                ],
                "throughput": "number",
                "volume_id": "string",
                "volume_size": "number",
                "volume_type": "string"
              }
            ]
          ],
          "ebs_optimized": "bool",
          "enclave_options": [
            "list",
            [
              "object",
              {
                "enabled": "bool"
              }
            ]
          ],
          "ephemeral_block_device": [
            "set",
            [
              "object",
              {
                "device_name": "string",
                "no_device": "bool",
                "virtual_name": "string"
              }
            ]
          ],
          "get_password_data": "bool",
          "hibernation": "bool",
          "host_id": "string",
          "host_resource_group_arn": "string",
          "iam_instance_profile": "string",
          "id": "string",
          "instance_initiated_shutdown_behavior": "string",
          "instance_lifecycle": "string",
          "instance_market_options": [
            "list",
            [
              "object",
              {
                "market_type": "string",
                "spot_options": [
                  "list",
                  [
                    "object",
                    {
                      "instance_interruption_behavior": "string",
                      "max_price": "string",
                      "spot_instance_type": "string",
                      "valid_until": "string"
                    }
                  ]
                ]
              }
            ]
          ],
          "instance_state": "string",
          "instance_type": "string",
          "ipv6_address_count": "number",
          "ipv6_addresses": [
            "list",
            "string"
          ],
          "key_name": "string",
          "launch_template": [
            "list",
            [
              "object",
              {
                "id": "string",
                "name": "string",
                "version": "string"
              }
            ]
          ],
          "maintenance_options": [
            "list",
            [
              "object",
              {
                "auto_recovery": "string"
              }
            ]
          ],
          "metadata_options": [
            "list",
            [
              "object",
              {
                "http_endpoint": "string",
                "http_protocol_ipv6": "string",
                "http_put_response_hop_limit": "number",
                "http_tokens": "string",
                "instance_metadata_tags": "string"
              }
            ]
          ],
          "monitoring": "bool",
          "network_interface": [
            "set",
            [
              "object",
              {
                "delete_on_termination": "bool",
                "device_index": "number",
                "network_card_index": "number",
                "network_interface_id": "string"
              }
            ]
          ],
          "outpost_arn": "string",
          "password_data": "string",
          "placement_group": "string",
          "placement_partition_number": "number",
          "primary_network_interface_id": "string",
          "private_dns": "string",
          "private_dns_name_options": [
            "list",
            [
              "object",
              {
                "enable_resource_name_dns_a_record": "bool",
                "enable_resource_name_dns_aaaa_record": "bool",
                "hostname_type": "string"
              }
            ]
          ],
          "private_ip": "string",
          "public_dns": "string",
          "public_ip": "string",
          "root_block_device": [
            "list",
            [
              "object",
              {
                "delete_on_termination": "bool",
                "device_name": "string",
                "encrypted": "bool",
                "iops": "number",
                "kms_key_id": "string",
                "tags": [
                  "map",
                  "string"
                ],
                "tags_all": [
                  "map",
                  "string"
                ],
                "throughput": "number",
                "volume_id": "string",
                "volume_size": "number",
                "volume_type": "string"
              }
            ]
          ],
          "secondary_private_ips": [
            "set",
            "string"
          ],
          "security_groups": [
            "set",
            "string"
          ],
          "source_dest_check": "bool",
          "spot_instance_request_id": "string",
          "subnet_id": "string",
          "tags": [
            "map",
            "string"
          ],
          "tags_all": [
            "map",
            "string"
          ],
          "tenancy": "string",
          "timeouts": [
            "object",
            {
              "create": "string",
              "delete": "string",
              "read": "string",
              "update": "string"
            }
          ],
          "user_data": "string",
          "user_data_base64": "string",
          "user_data_replace_on_change": "bool",
          "volume_tags": [
            "map",
            "string"
          ],
          "vpc_security_group_ids": [
            "set",
            "string"
          ]
        }
      ]
    },
    "jenkins_url": {
      "value": "http://54.212.236.203:8080",
      "type": "string"
    },
    "private_key_pem": {
      "value": "-----BEGIN RSA PRIVATE KEY-----\nMIIJKAIBAAKCAgEAzwTFCDp1PwTvMrR4r6JJGCxL9xsJAdWfnHZUG7pPCBHlwUau\n8wdfY1QFBpVyJN4QsXvaWgWJ9H+ftOYXCJdV+ikLd0Qhd7Mcff0gh5+LAepb5Z3I\nwF+I1jUqNO2o+XQz3aZX6914Pa/NOb/po0B7fsbNpsM/3YBPYbaTqaAeFu6kGvYK\nqSXQZVu2n8olnuFOfnEH5/ZDOVeZYA1dwkGDPevv15f8vluKahghcPGjt0ot10Gf\nccTdpsx9shcWS5OJuU/xphrjUYxdku5Q/Zvw+MjkkEDG5Bs8uJjSqgegSAjhFB38\nb9xbG0TWycbN4e+Nj5avbwS9AWVW1Cn6WgCt41yjeIxoBfoKXX+ie1yssI2lZj7c\nzAX0Zbnomg8CMHnG1P5mgOgfF0zHFb2xtxlwTEJXCB1Eqd0NgYAzzoPSirEU7okX\nNi7Cj5605UZs7IoM7TahAdw/ofW8VkK8ix5eGXTKUC8FhwKHJkuiZgNyrTVgbf6N\nVaVJ0LkVS6jQo/s1CPEJEb2bImoC/WfQY6BH+qigtxsYx0/JsaaBAURy9S6CF5YX\n/3NvH00D0BeLydEWWxIqLazPXqKtQ/VlshgBy6xC+vE/QVsVdXWqDgdAUEqNOBAc\neJdeKH9325un5cgSE8+07yRYRtSw+UPzBKqsDJ/Eb64fBeFT5wnBOLtZkVECAwEA\nAQKCAgA+YU2N4S+bQb1iJgeHxPsJka+CUl8wclKaLv3BLS7LW7lDuCzXho0zvQmW\npkmy2kdlc9Cj969OQXa6Z+rg59k8fEm8ModzLkGTpUa8F1MnzJrMYfMwJJlzEqoZ\nMNQN9vn5/DnaFO46iFLq5+1bB/8ugHFPot4HvLYu13k/T8RBXL+OcD1eIsrc//nT\nxHH5oiKo7x5Ww1oWWVMaImzyMBOAASxQZrf+FE9tEMBi7C1M+ck+Z8PH4G556Hyn\nwVUyiM6jTHegedGtrQI1WCKHiQnfrYlR/nLwIVT2uvYfzhR6IFLSYQbEHj5FxUSD\noKhBQJIDhoBuj5r0ZLj5TXzmyfWbVnMNFl91ozHYY1eCOcFuqXWdp96eY7yzxqh/\nAB2W0h4eveoQg3im2aXJTpFOiIT5LP3iOwwo+4YETop1Vaj84Trgr9NLOL0V1DXs\niSUhyV6AyK9vSBnd2srLBcmbNDTCFAyyTu8pj02Yx7pbUzoCcW3cxy1+bpXkTN0Q\n8NI4z2jFQbRXfHZlZhtPRsys8yMXaBvwsAwnDpGWXZmAZ9WSWw1rAMHjv/3a5F+j\nl+40NmSA9Fbt31wH1KCAn0f0gP3b9KPywr1e1F2SAo/AfAsoQsVBndolz5h+7KOq\nnX+p19Q48XkeVqJ2D9e9GpkkMfWLWMAJmGGYCC/pPKZv/JUFUQKCAQEA4KJCQbdr\nA9AioL8KlZLCGlfjJxG6xQoCaZJOm692Sl5zgjdUCGraBcDl3ZzWL4KNbNIHN12t\nhlKvc8GAYPlmkHftp4cF72vBHR3RDvKjGtZCY+sj0ZchrQTLeVC80FA93KBWc9kj\noBZd9b2TcTsPax4j/ZU3NqCq0WxW5ysxkGdFMKQ+GGHfPoXgDdjIKMw3D+xEYx4U\nt+XlxXSkEQ5LMk+QcVrn2HT352Ck0tG4yscHsSvEKgaFh8coMsGTH7hNNVkNXME9\nC9TKKGaGkfjwjvz+Xqwm4Lst+mPf5y9K3gRUKQPR9hiORilhmeEullSluQvAdXVl\n1wU58/NC1KpcqwKCAQEA6+zW94KPNWQ8kQGMCUVGgwLAQrlocLxzwnZ5YnaSXZjM\n+gWb+cVssYXPyVX9+tbbLCB4TeOdZj80TbGr7/MwwDiXKz9B+xiZ6P0rJeC2COcz\nNTqcw6f1DJxLrHqSPDeR88C8B8soItPSRjGGoyfvXNgrIzb/AhNbsWdWlEkTMXw+\nF+bOwsF0/pMVIZpuGPRKRSAwZfz9pEZA+XkTFcJi8B5Ujuw4Z3dKXoArHlUAoZnz\nfbjZHxkGGvJHHM586nalX7yQaqUYCw9t9SRgrKmvGFx4f8QroWYR8V26dVYHCPu+\n2fK1/uV8sCi9ifF+0mnLABXwMCtOFsC8Ks8yX/TR8wKCAQAIW0DnvPEINUf0fubf\n5ZO+8yIKJAi0p8irMLwn4oEeByF46KIBpifyKtjiQ6FcJxknwTBviNaZtp28SqiB\n8wUzvqJipw07eOC4OpG6YqBasTnLCcZNV7fy/cir/KrpfPKwMG7G5H8Ex5A7QhAo\nGDBcpcRk/JYPPC7el48sDllLq+vRAWsl8Q4i/0v0d+oKSn6J4xowLcBLjwvbKpmn\n4MY/WuJetSkGzmMigl/fT9n2AS1yE9S6U3/IK0p9iOH2Ph7xKxzqJG4m8IWMtzOu\nXnpkd1jnILRZi90MAYckzIeWdsbCt9eptgQk7AkrdksLYJ7BoYRJWlKtiw462wPT\ncXr9AoIBAQDaq8Lz1od2LVoV7SEm1pbsh3g8YC11kLaa38TShqRTLHWQp/JSJ7L/\nN8/IBXRLMyoiVFYtm3MgeiS4fp2m4fmlsM4sv40gd0TwtvdvPEB9MA4+n/z9PIfd\nEGDzlQhF2BvnmhSuBJdG8J5NgUoRn8o0fAg/s5HZEqhCXk3ZU4H+s/G5payuxzDx\nZNKJOuIhLwxH1fYGEd/mi1dd4+LUoD+j3/jwH/KHtAGyZYmRq6fSISeWt+ZG9KK8\nByPyh1Ew4JeXjOcucac/WSXJudYBM6WfJtZpViI6jqjC1uUkLICIyw2yZUxa3coc\nXSaQ3M13qacGhU8C1qCiZjICW9mNJxYRAoIBAE29+m2CKAKq38CchdEHrd+sPBGy\nzbOHKRxmk6PrH8w6jp/7Jj5Yhj7dwP+l2JFQO4Wa97hj71mTvEL/uLfvEanAz9XT\nGQ6GYxlp+sHJ+wLXD6bhbQ/ALrxQk9xvNUqA/i2TCjdpLmiDi785QShqsZTh+Abh\ndMuWvxZb4d//fNYmiNF2+MqYDG8UVZZojAB/MpVpDOTAwJ8n2qid9+t2V5jTuej/\ny4dfUz/ztasR0or+9wXFTzbeuZO1EwEdv6hRaJs5Bd6HGEtGaBC2Bfl3IGtON2Wh\n3tunU+uRFgbO103KHxtIBFtfniyg/8kqKjB22TVN4w2zskk5ZzdFTzADw4U=\n-----END RSA PRIVATE KEY-----\n",
      "type": "string",
      "sensitive": true
    },
    "public_ip": {
      "value": "54.212.236.203",
      "type": "string"
    },
    "subnet_id": {
      "value": "subnet-05c062f3121f395fd",
      "type": "string"
    },
    "vpc_id": {
      "value": "vpc-01cd68d3ed809b1d4",
      "type": "string"
    }
  },
  "resources": [
    {
      "mode": "managed",
      "type": "aws_instance",
      "name": "my_instance",
      "provider": "provider[\"registry.terraform.io/hashicorp/aws\"]",
      "instances": [
        {
          "schema_version": 1,
          "attributes": {
            "ami": "ami-0cf2b4e024cdb6960",
            "arn": "arn:aws:ec2:us-west-2:767397976541:instance/i-08298e74fbd3acc0d",
            "associate_public_ip_address": true,
            "availability_zone": "us-west-2a",
            "capacity_reservation_specification": [
              {
                "capacity_reservation_preference": "open",
                "capacity_reservation_target": []
              }
            ],
            "cpu_core_count": 1,
            "cpu_options": [
              {
                "amd_sev_snp": "",
                "core_count": 1,
                "threads_per_core": 1
              }
            ],
            "cpu_threads_per_core": 1,
            "credit_specification": [
              {
                "cpu_credits": "standard"
              }
            ],
            "disable_api_stop": false,
            "disable_api_termination": false,
            "ebs_block_device": [
              {
                "delete_on_termination": true,
                "device_name": "/dev/sda1",
                "encrypted": false,
                "iops": 3000,
                "kms_key_id": "",
                "snapshot_id": "",
                "tags": {},
                "tags_all": {
                  "hashicorp-learn": "refresh"
                },
                "throughput": 125,
                "volume_id": "vol-0f59336e120259997",
                "volume_size": 8,
                "volume_type": "gp3"
              }
            ],
            "ebs_optimized": false,
            "enclave_options": [
              {
                "enabled": false
              }
            ],
            "ephemeral_block_device": [],
            "get_password_data": false,
            "hibernation": false,
            "host_id": "",
            "host_resource_group_arn": null,
            "iam_instance_profile": "",
            "id": "i-08298e74fbd3acc0d",
            "instance_initiated_shutdown_behavior": "stop",
            "instance_lifecycle": "",
            "instance_market_options": [],
            "instance_state": "running",
            "instance_type": "t2.nano",
            "ipv6_address_count": 0,
            "ipv6_addresses": [],
            "key_name": "keypair",
            "launch_template": [],
            "maintenance_options": [
              {
                "auto_recovery": "default"
              }
            ],
            "metadata_options": [
              {
                "http_endpoint": "enabled",
                "http_protocol_ipv6": "disabled",
                "http_put_response_hop_limit": 2,
                "http_tokens": "required",
                "instance_metadata_tags": "disabled"
              }
            ],
            "monitoring": false,
            "network_interface": [],
            "outpost_arn": "",
            "password_data": "",
            "placement_group": "",
            "placement_partition_number": 0,
            "primary_network_interface_id": "eni-08e05bd1cbb1b4fe4",
            "private_dns": "ip-10-0-1-245.us-west-2.compute.internal",
            "private_dns_name_options": [
              {
                "enable_resource_name_dns_a_record": false,
                "enable_resource_name_dns_aaaa_record": false,
                "hostname_type": "ip-name"
              }
            ],
            "private_ip": "10.0.1.245",
            "public_dns": "ec2-54-212-236-203.us-west-2.compute.amazonaws.com",
            "public_ip": "54.212.236.203",
            "root_block_device": [
              {
                "delete_on_termination": true,
                "device_name": "/dev/sda1",
                "encrypted": false,
                "iops": 3000,
                "kms_key_id": "",
                "tags": {},
                "tags_all": {
                  "hashicorp-learn": "refresh"
                },
                "throughput": 125,
                "volume_id": "vol-0f59336e120259997",
                "volume_size": 8,
                "volume_type": "gp3"
              }
            ],
            "secondary_private_ips": [],
            "security_groups": [],
            "source_dest_check": true,
            "spot_instance_request_id": "",
            "subnet_id": "subnet-05c062f3121f395fd",
            "tags": {
              "Name": "helm"
            },
            "tags_all": {
              "Name": "helm",
              "hashicorp-learn": "refresh"
            },
            "tenancy": "default",
            "timeouts": null,
            "user_data": "f1ebcdc84e85267edb8c9a8d626422bd973ad8d6",
            "user_data_base64": null,
            "user_data_replace_on_change": false,
            "volume_tags": null,
            "vpc_security_group_ids": [
              "sg-013ce26c67bd245d8"
            ]
          },
          "sensitive_attributes": [],
          "private": "eyJlMmJmYjczMC1lY2FhLTExZTYtOGY4OC0zNDM2M2JjN2M0YzAiOnsiY3JlYXRlIjo2MDAwMDAwMDAwMDAsImRlbGV0ZSI6MTIwMDAwMDAwMDAwMCwicmVhZCI6OTAwMDAwMDAwMDAwLCJ1cGRhdGUiOjYwMDAwMDAwMDAwMH0sInNjaGVtYV92ZXJzaW9uIjoiMSJ9",
          "dependencies": [
            "aws_key_pair.deployer",
            "aws_security_group.my_security_group",
            "aws_subnet.public_subnet",
            "aws_vpc.my_vpc",
            "tls_private_key.example"
          ]
        }
      ]
    },
    {
      "mode": "managed",
      "type": "aws_internet_gateway",
      "name": "my_igw",
      "provider": "provider[\"registry.terraform.io/hashicorp/aws\"]",
      "instances": [
        {
          "schema_version": 0,
          "attributes": {
            "arn": "arn:aws:ec2:us-west-2:767397976541:internet-gateway/igw-005f18991a78ca92e",
            "id": "igw-005f18991a78ca92e",
            "owner_id": "767397976541",
            "tags": null,
            "tags_all": {
              "hashicorp-learn": "refresh"
            },
            "timeouts": null,
            "vpc_id": "vpc-01cd68d3ed809b1d4"
          },
          "sensitive_attributes": [],
          "private": "eyJlMmJmYjczMC1lY2FhLTExZTYtOGY4OC0zNDM2M2JjN2M0YzAiOnsiY3JlYXRlIjoxMjAwMDAwMDAwMDAwLCJkZWxldGUiOjEyMDAwMDAwMDAwMDAsInVwZGF0ZSI6MTIwMDAwMDAwMDAwMH19",
          "dependencies": [
            "aws_vpc.my_vpc"
          ]
        }
      ]
    },
    {
      "mode": "managed",
      "type": "aws_key_pair",
      "name": "deployer",
      "provider": "provider[\"registry.terraform.io/hashicorp/aws\"]",
      "instances": [
        {
          "schema_version": 1,
          "attributes": {
            "arn": "arn:aws:ec2:us-west-2:767397976541:key-pair/keypair",
            "fingerprint": "d9:ce:5d:77:1e:c5:1f:f3:d2:59:8e:75:5a:7b:de:32",
            "id": "keypair",
            "key_name": "keypair",
            "key_name_prefix": "",
            "key_pair_id": "key-0622baa1f5d9fc7a5",
            "key_type": "rsa",
            "public_key": "ssh-rsa AAAAB3NzaC1yc2EAAAADAQABAAACAQDPBMUIOnU/BO8ytHivokkYLEv3GwkB1Z+cdlQbuk8IEeXBRq7zB19jVAUGlXIk3hCxe9paBYn0f5+05hcIl1X6KQt3RCF3sxx9/SCHn4sB6lvlncjAX4jWNSo07aj5dDPdplfr3Xg9r805v+mjQHt+xs2mwz/dgE9htpOpoB4W7qQa9gqpJdBlW7afyiWe4U5+cQfn9kM5V5lgDV3CQYM96+/Xl/y+W4pqGCFw8aO3Si3XQZ9xxN2mzH2yFxZLk4m5T/GmGuNRjF2S7lD9m/D4yOSQQMbkGzy4mNKqB6BICOEUHfxv3FsbRNbJxs3h742Plq9vBL0BZVbUKfpaAK3jXKN4jGgF+gpdf6J7XKywjaVmPtzMBfRlueiaDwIwecbU/maA6B8XTMcVvbG3GXBMQlcIHUSp3Q2BgDPOg9KKsRTuiRc2LsKPnrTlRmzsigztNqEB3D+h9bxWQryLHl4ZdMpQLwWHAocmS6JmA3KtNWBt/o1VpUnQuRVLqNCj+zUI8QkRvZsiagL9Z9BjoEf6qKC3GxjHT8mxpoEBRHL1LoIXlhf/c28fTQPQF4vJ0RZbEiotrM9eoq1D9WWyGAHLrEL68T9BWxV1daoOB0BQSo04EBx4l14of3fbm6flyBITz7TvJFhG1LD5Q/MEqqwMn8Rvrh8F4VPnCcE4u1mRUQ==",
            "tags": null,
            "tags_all": {
              "hashicorp-learn": "refresh"
            }
          },
          "sensitive_attributes": [],
          "private": "eyJzY2hlbWFfdmVyc2lvbiI6IjEifQ==",
          "dependencies": [
            "tls_private_key.example"
          ]
        }
      ]
    },
    {
      "mode": "managed",
      "type": "aws_route_table",
      "name": "my_route_table",
      "provider": "provider[\"registry.terraform.io/hashicorp/aws\"]",
      "instances": [
        {
          "schema_version": 0,
          "attributes": {
            "arn": "arn:aws:ec2:us-west-2:767397976541:route-table/rtb-0ec2215011cb54ff0",
            "id": "rtb-0ec2215011cb54ff0",
            "owner_id": "767397976541",
            "propagating_vgws": [],
            "route": [
              {
                "carrier_gateway_id": "",
                "cidr_block": "0.0.0.0/0",
                "core_network_arn": "",
                "destination_prefix_list_id": "",
                "egress_only_gateway_id": "",
                "gateway_id": "igw-005f18991a78ca92e",
                "ipv6_cidr_block": "",
                "local_gateway_id": "",
                "nat_gateway_id": "",
                "network_interface_id": "",
                "transit_gateway_id": "",
                "vpc_endpoint_id": "",
                "vpc_peering_connection_id": ""
              }
            ],
            "tags": {
              "Name": "MyRouteTable"
            },
            "tags_all": {
              "Name": "MyRouteTable",
              "hashicorp-learn": "refresh"
            },
            "timeouts": null,
            "vpc_id": "vpc-01cd68d3ed809b1d4"
          },
          "sensitive_attributes": [],
          "private": "eyJlMmJmYjczMC1lY2FhLTExZTYtOGY4OC0zNDM2M2JjN2M0YzAiOnsiY3JlYXRlIjozMDAwMDAwMDAwMDAsImRlbGV0ZSI6MzAwMDAwMDAwMDAwLCJ1cGRhdGUiOjEyMDAwMDAwMDAwMH19",
          "dependencies": [
            "aws_internet_gateway.my_igw",
            "aws_vpc.my_vpc"
          ]
        }
      ]
    },
    {
      "mode": "managed",
      "type": "aws_route_table_association",
      "name": "public_subnet_association",
      "provider": "provider[\"registry.terraform.io/hashicorp/aws\"]",
      "instances": [
        {
          "schema_version": 0,
          "attributes": {
            "gateway_id": "",
            "id": "rtbassoc-07f87ed6fe06c2b95",
            "route_table_id": "rtb-0ec2215011cb54ff0",
            "subnet_id": "subnet-05c062f3121f395fd",
            "timeouts": null
          },
          "sensitive_attributes": [],
          "private": "eyJlMmJmYjczMC1lY2FhLTExZTYtOGY4OC0zNDM2M2JjN2M0YzAiOnsiY3JlYXRlIjozMDAwMDAwMDAwMDAsImRlbGV0ZSI6MzAwMDAwMDAwMDAwLCJ1cGRhdGUiOjEyMDAwMDAwMDAwMH19",
          "dependencies": [
            "aws_internet_gateway.my_igw",
            "aws_route_table.my_route_table",
            "aws_subnet.public_subnet",
            "aws_vpc.my_vpc"
          ]
        }
      ]
    },
    {
      "mode": "managed",
      "type": "aws_s3_bucket",
      "name": "example_bucket",
      "provider": "provider[\"registry.terraform.io/hashicorp/aws\"]",
      "instances": [
        {
          "schema_version": 0,
          "attributes": {
            "acceleration_status": "",
            "acl": null,
            "arn": "arn:aws:s3:::ayushjoshi",
            "bucket": "ayushjoshi",
            "bucket_domain_name": "ayushjoshi.s3.amazonaws.com",
            "bucket_prefix": "",
            "bucket_regional_domain_name": "ayushjoshi.s3.us-west-2.amazonaws.com",
            "cors_rule": [],
            "force_destroy": false,
            "grant": [
              {
                "id": "5942a9fe4298337c6234151ab04fbce9d4cd77d982df2795f4ebbbe4fadb1d1b",
                "permissions": [
                  "FULL_CONTROL"
                ],
                "type": "CanonicalUser",
                "uri": ""
              }
            ],
            "hosted_zone_id": "Z3BJ6K6RIION7M",
            "id": "ayushjoshi",
            "lifecycle_rule": [],
            "logging": [],
            "object_lock_configuration": [],
            "object_lock_enabled": false,
            "policy": "",
            "region": "us-west-2",
            "replication_configuration": [],
            "request_payer": "BucketOwner",
            "server_side_encryption_configuration": [
              {
                "rule": [
                  {
                    "apply_server_side_encryption_by_default": [
                      {
                        "kms_master_key_id": "",
                        "sse_algorithm": "AES256"
                      }
                    ],
                    "bucket_key_enabled": false
                  }
                ]
              }
            ],
            "tags": null,
            "tags_all": {
              "hashicorp-learn": "refresh"
            },
            "timeouts": null,
            "versioning": [
              {
                "enabled": false,
                "mfa_delete": false
              }
            ],
            "website": [],
            "website_domain": null,
            "website_endpoint": null
          },
          "sensitive_attributes": [],
          "private": "eyJlMmJmYjczMC1lY2FhLTExZTYtOGY4OC0zNDM2M2JjN2M0YzAiOnsiY3JlYXRlIjoxMjAwMDAwMDAwMDAwLCJkZWxldGUiOjM2MDAwMDAwMDAwMDAsInJlYWQiOjEyMDAwMDAwMDAwMDAsInVwZGF0ZSI6MTIwMDAwMDAwMDAwMH19"
        }
      ]
    },
    {
      "mode": "managed",
      "type": "aws_s3_bucket_public_access_block",
      "name": "example_bucket_public_access_block",
      "provider": "provider[\"registry.terraform.io/hashicorp/aws\"]",
      "instances": [
        {
          "schema_version": 0,
          "attributes": {
            "block_public_acls": false,
            "block_public_policy": false,
            "bucket": "ayushjoshi",
            "id": "ayushjoshi",
            "ignore_public_acls": false,
            "restrict_public_buckets": false
          },
          "sensitive_attributes": [],
          "private": "bnVsbA==",
          "dependencies": [
            "aws_s3_bucket.example_bucket"
          ]
        }
      ]
    },
    {
      "mode": "managed",
      "type": "aws_security_group",
      "name": "my_security_group",
      "provider": "provider[\"registry.terraform.io/hashicorp/aws\"]",
      "instances": [
        {
          "schema_version": 1,
          "attributes": {
            "arn": "arn:aws:ec2:us-west-2:767397976541:security-group/sg-013ce26c67bd245d8",
            "description": "My security group created by Terraform",
            "egress": [
              {
                "cidr_blocks": [
                  "0.0.0.0/0"
                ],
                "description": "",
                "from_port": 0,
                "ipv6_cidr_blocks": [],
                "prefix_list_ids": [],
                "protocol": "-1",
                "security_groups": [],
                "self": false,
                "to_port": 0
              }
            ],
            "id": "sg-013ce26c67bd245d8",
            "ingress": [
              {
                "cidr_blocks": [
                  "0.0.0.0/0"
                ],
                "description": "ingress rule for my_sql",
                "from_port": 3306,
                "ipv6_cidr_blocks": [],
                "prefix_list_ids": [],
                "protocol": "tcp",
                "security_groups": [],
                "self": false,
                "to_port": 3306
              },
              {
                "cidr_blocks": [
                  "0.0.0.0/0"
                ],
                "description": "ingress rule for port 22",
                "from_port": 22,
                "ipv6_cidr_blocks": [],
                "prefix_list_ids": [],
                "protocol": "tcp",
                "security_groups": [],
                "self": false,
                "to_port": 22
              },
              {
                "cidr_blocks": [
                  "0.0.0.0/0"
                ],
                "description": "ingress rule for port 443",
                "from_port": 443,
                "ipv6_cidr_blocks": [],
                "prefix_list_ids": [],
                "protocol": "tcp",
                "security_groups": [],
                "self": false,
                "to_port": 443
              },
              {
                "cidr_blocks": [
                  "0.0.0.0/0"
                ],
                "description": "ingress rule for port 8080 using jenkins",
                "from_port": 8080,
                "ipv6_cidr_blocks": [],
                "prefix_list_ids": [],
                "protocol": "tcp",
                "security_groups": [],
                "self": false,
                "to_port": 8080
              }
            ],
            "name": "my-security-group",
            "name_prefix": "",
            "owner_id": "767397976541",
            "revoke_rules_on_delete": false,
            "tags": null,
            "tags_all": {
              "hashicorp-learn": "refresh"
            },
            "timeouts": null,
            "vpc_id": "vpc-01cd68d3ed809b1d4"
          },
          "sensitive_attributes": [],
          "private": "eyJlMmJmYjczMC1lY2FhLTExZTYtOGY4OC0zNDM2M2JjN2M0YzAiOnsiY3JlYXRlIjo2MDAwMDAwMDAwMDAsImRlbGV0ZSI6OTAwMDAwMDAwMDAwfSwic2NoZW1hX3ZlcnNpb24iOiIxIn0=",
          "dependencies": [
            "aws_vpc.my_vpc"
          ]
        }
      ]
    },
    {
      "mode": "managed",
      "type": "aws_subnet",
      "name": "public_subnet",
      "provider": "provider[\"registry.terraform.io/hashicorp/aws\"]",
      "instances": [
        {
          "schema_version": 1,
          "attributes": {
            "arn": "arn:aws:ec2:us-west-2:767397976541:subnet/subnet-05c062f3121f395fd",
            "assign_ipv6_address_on_creation": false,
            "availability_zone": "us-west-2a",
            "availability_zone_id": "usw2-az2",
            "cidr_block": "10.0.1.0/24",
            "customer_owned_ipv4_pool": "",
            "enable_dns64": false,
            "enable_lni_at_device_index": 0,
            "enable_resource_name_dns_a_record_on_launch": false,
            "enable_resource_name_dns_aaaa_record_on_launch": false,
            "id": "subnet-05c062f3121f395fd",
            "ipv6_cidr_block": "",
            "ipv6_cidr_block_association_id": "",
            "ipv6_native": false,
            "map_customer_owned_ip_on_launch": false,
            "map_public_ip_on_launch": true,
            "outpost_arn": "",
            "owner_id": "767397976541",
            "private_dns_hostname_type_on_launch": "ip-name",
            "tags": {
              "Name": "PublicSubnet"
            },
            "tags_all": {
              "Name": "PublicSubnet",
              "hashicorp-learn": "refresh"
            },
            "timeouts": null,
            "vpc_id": "vpc-01cd68d3ed809b1d4"
          },
          "sensitive_attributes": [],
          "private": "eyJlMmJmYjczMC1lY2FhLTExZTYtOGY4OC0zNDM2M2JjN2M0YzAiOnsiY3JlYXRlIjo2MDAwMDAwMDAwMDAsImRlbGV0ZSI6MTIwMDAwMDAwMDAwMH0sInNjaGVtYV92ZXJzaW9uIjoiMSJ9",
          "dependencies": [
            "aws_vpc.my_vpc"
          ]
        }
      ]
    },
    {
      "mode": "managed",
      "type": "aws_vpc",
      "name": "my_vpc",
      "provider": "provider[\"registry.terraform.io/hashicorp/aws\"]",
      "instances": [
        {
          "schema_version": 1,
          "attributes": {
            "arn": "arn:aws:ec2:us-west-2:767397976541:vpc/vpc-01cd68d3ed809b1d4",
            "assign_generated_ipv6_cidr_block": false,
            "cidr_block": "10.0.0.0/16",
            "default_network_acl_id": "acl-07a78f601e2c569e4",
            "default_route_table_id": "rtb-00f51ea16c852e2e3",
            "default_security_group_id": "sg-06a797e4d4cd2a741",
            "dhcp_options_id": "dopt-0c558f17bf3f825f9",
            "enable_dns_hostnames": true,
            "enable_dns_support": true,
            "enable_network_address_usage_metrics": false,
            "id": "vpc-01cd68d3ed809b1d4",
            "instance_tenancy": "default",
            "ipv4_ipam_pool_id": null,
            "ipv4_netmask_length": null,
            "ipv6_association_id": "",
            "ipv6_cidr_block": "",
            "ipv6_cidr_block_network_border_group": "",
            "ipv6_ipam_pool_id": "",
            "ipv6_netmask_length": 0,
            "main_route_table_id": "rtb-00f51ea16c852e2e3",
            "owner_id": "767397976541",
            "tags": {
              "Name": "my-VPC"
            },
            "tags_all": {
              "Name": "my-VPC",
              "hashicorp-learn": "refresh"
            }
          },
          "sensitive_attributes": [],
          "private": "eyJzY2hlbWFfdmVyc2lvbiI6IjEifQ=="
        }
      ]
    },
    {
      "mode": "managed",
      "type": "null_resource",
      "name": "empty_bucket",
      "provider": "provider[\"registry.terraform.io/hashicorp/null\"]",
      "instances": [
        {
          "schema_version": 0,
          "attributes": {
            "id": "90860567552248053",
            "triggers": null
          },
          "sensitive_attributes": [],
          "dependencies": [
            "aws_s3_bucket.example_bucket"
          ]
        }
      ]
    },
    {
      "mode": "managed",
      "type": "null_resource",
      "name": "my_instance",
      "provider": "provider[\"registry.terraform.io/hashicorp/null\"]",
      "instances": [
        {
          "schema_version": 0,
          "attributes": {
            "id": "691264315595061911",
            "triggers": {
              "id": "igw-005f18991a78ca92e"
            }
          },
          "sensitive_attributes": [],
          "dependencies": [
            "aws_internet_gateway.my_igw",
            "aws_vpc.my_vpc"
          ]
        }
      ]
    },
    {
      "mode": "managed",
      "type": "tls_private_key",
      "name": "example",
      "provider": "provider[\"registry.terraform.io/hashicorp/tls\"]",
      "instances": [
        {
          "schema_version": 1,
          "attributes": {
            "algorithm": "RSA",
            "ecdsa_curve": "P224",
            "id": "04ec0f89683e1ccc0f3bb15636b2078242b54404",
            "private_key_openssh": "-----BEGIN OPENSSH PRIVATE KEY-----\nb3BlbnNzaC1rZXktdjEAAAAABG5vbmUAAAAEbm9uZQAAAAAAAAABAAACFwAAAAdz\nc2gtcnNhAAAAAwEAAQAAAgEAzwTFCDp1PwTvMrR4r6JJGCxL9xsJAdWfnHZUG7pP\nCBHlwUau8wdfY1QFBpVyJN4QsXvaWgWJ9H+ftOYXCJdV+ikLd0Qhd7Mcff0gh5+L\nAepb5Z3IwF+I1jUqNO2o+XQz3aZX6914Pa/NOb/po0B7fsbNpsM/3YBPYbaTqaAe\nFu6kGvYKqSXQZVu2n8olnuFOfnEH5/ZDOVeZYA1dwkGDPevv15f8vluKahghcPGj\nt0ot10GfccTdpsx9shcWS5OJuU/xphrjUYxdku5Q/Zvw+MjkkEDG5Bs8uJjSqgeg\nSAjhFB38b9xbG0TWycbN4e+Nj5avbwS9AWVW1Cn6WgCt41yjeIxoBfoKXX+ie1ys\nsI2lZj7czAX0Zbnomg8CMHnG1P5mgOgfF0zHFb2xtxlwTEJXCB1Eqd0NgYAzzoPS\nirEU7okXNi7Cj5605UZs7IoM7TahAdw/ofW8VkK8ix5eGXTKUC8FhwKHJkuiZgNy\nrTVgbf6NVaVJ0LkVS6jQo/s1CPEJEb2bImoC/WfQY6BH+qigtxsYx0/JsaaBAURy\n9S6CF5YX/3NvH00D0BeLydEWWxIqLazPXqKtQ/VlshgBy6xC+vE/QVsVdXWqDgdA\nUEqNOBAceJdeKH9325un5cgSE8+07yRYRtSw+UPzBKqsDJ/Eb64fBeFT5wnBOLtZ\nkVEAAAc4oRPWx6ET1scAAAAHc3NoLXJzYQAAAgEAzwTFCDp1PwTvMrR4r6JJGCxL\n9xsJAdWfnHZUG7pPCBHlwUau8wdfY1QFBpVyJN4QsXvaWgWJ9H+ftOYXCJdV+ikL\nd0Qhd7Mcff0gh5+LAepb5Z3IwF+I1jUqNO2o+XQz3aZX6914Pa/NOb/po0B7fsbN\npsM/3YBPYbaTqaAeFu6kGvYKqSXQZVu2n8olnuFOfnEH5/ZDOVeZYA1dwkGDPevv\n15f8vluKahghcPGjt0ot10GfccTdpsx9shcWS5OJuU/xphrjUYxdku5Q/Zvw+Mjk\nkEDG5Bs8uJjSqgegSAjhFB38b9xbG0TWycbN4e+Nj5avbwS9AWVW1Cn6WgCt41yj\neIxoBfoKXX+ie1yssI2lZj7czAX0Zbnomg8CMHnG1P5mgOgfF0zHFb2xtxlwTEJX\nCB1Eqd0NgYAzzoPSirEU7okXNi7Cj5605UZs7IoM7TahAdw/ofW8VkK8ix5eGXTK\nUC8FhwKHJkuiZgNyrTVgbf6NVaVJ0LkVS6jQo/s1CPEJEb2bImoC/WfQY6BH+qig\ntxsYx0/JsaaBAURy9S6CF5YX/3NvH00D0BeLydEWWxIqLazPXqKtQ/VlshgBy6xC\n+vE/QVsVdXWqDgdAUEqNOBAceJdeKH9325un5cgSE8+07yRYRtSw+UPzBKqsDJ/E\nb64fBeFT5wnBOLtZkVEAAAADAQABAAACAD5hTY3hL5tBvWImB4fE+wmRr4JSXzBy\nUpou/cEtLstbuUO4LNeGjTO9CZamSbLaR2Vz0KP3r05Bdrpn6uDn2Tx8Sbwyh3Mu\nQZOlRrwXUyfMmsxh8zAkmXMSqhkw1A32+fn8OdoU7jqIUurn7VsH/y6AcU+i3ge8\nti7XeT9PxEFcv45wPV4iytz/+dPEcfmiIqjvHlbDWhZZUxoibPIwE4ABLFBmt/4U\nT20QwGLsLUz5yT5nw8fgbnnofKfBVTKIzqNMd6B50a2tAjVYIoeJCd+tiVH+cvAh\nVPa69h/OFHogUtJhBsQePkXFRIOgqEFAkgOGgG6PmvRkuPlNfObJ9ZtWcw0WX3Wj\nMdhjV4I5wW6pdZ2n3p5jvLPGqH8AHZbSHh696hCDeKbZpclOkU6IhPks/eI7DCj7\nhgROinVVqPzhOuCv00s4vRXUNeyJJSHJXoDIr29IGd3ayssFyZs0NMIUDLJO7ymP\nTZjHultTOgJxbdzHLX5uleRM3RDw0jjPaMVBtFd8dmVmG09GzKzzIxdoG/CwDCcO\nkZZdmYBn1ZJbDWsAweO//drkX6OX7jQ2ZID0Vu3fXAfUoICfR/SA/dv0o/LCvV7U\nXZICj8B8CyhCxUGd2iXPmH7so6qdf6nX1DjxeR5WonYP170amSQx9YtYwAmYYZgI\nL+k8pm/8lQVRAAABAE29+m2CKAKq38CchdEHrd+sPBGyzbOHKRxmk6PrH8w6jp/7\nJj5Yhj7dwP+l2JFQO4Wa97hj71mTvEL/uLfvEanAz9XTGQ6GYxlp+sHJ+wLXD6bh\nbQ/ALrxQk9xvNUqA/i2TCjdpLmiDi785QShqsZTh+AbhdMuWvxZb4d//fNYmiNF2\n+MqYDG8UVZZojAB/MpVpDOTAwJ8n2qid9+t2V5jTuej/y4dfUz/ztasR0or+9wXF\nTzbeuZO1EwEdv6hRaJs5Bd6HGEtGaBC2Bfl3IGtON2Wh3tunU+uRFgbO103KHxtI\nBFtfniyg/8kqKjB22TVN4w2zskk5ZzdFTzADw4UAAAEBAOCiQkG3awPQIqC/CpWS\nwhpX4ycRusUKAmmSTpuvdkpec4I3VAhq2gXA5d2c1i+CjWzSBzddrYZSr3PBgGD5\nZpB37aeHBe9rwR0d0Q7yoxrWQmPrI9GXIa0Ey3lQvNBQPdygVnPZI6AWXfW9k3E7\nD2seI/2VNzagqtFsVucrMZBnRTCkPhhh3z6F4A3YyCjMNw/sRGMeFLfl5cV0pBEO\nSzJPkHFa59h09+dgpNLRuMrHB7ErxCoGhYfHKDLBkx+4TTVZDVzBPQvUyihmhpH4\n8I78/l6sJuC7Lfpj3+cvSt4EVCkD0fYYjkYpYZnhLpZUpbkLwHV1ZdcFOfPzQtSq\nXKsAAAEBAOvs1veCjzVkPJEBjAlFRoMCwEK5aHC8c8J2eWJ2kl2YzPoFm/nFbLGF\nz8lV/frW2ywgeE3jnWY/NE2xq+/zMMA4lys/QfsYmej9KyXgtgjnMzU6nMOn9Qyc\nS6x6kjw3kfPAvAfLKCLT0kYxhqMn71zYKyM2/wITW7FnVpRJEzF8PhfmzsLBdP6T\nFSGabhj0SkUgMGX8/aRGQPl5ExXCYvAeVI7sOGd3Sl6AKx5VAKGZ83242R8ZBhry\nRxzOfOp2pV+8kGqlGAsPbfUkYKyprxhceH/EK6FmEfFdunVWBwj7vtnytf7lfLAo\nvYnxftJpywAV8DArThbAvCrPMl/00fMAAAAAAQID\n-----END OPENSSH PRIVATE KEY-----\n",
            "private_key_pem": "-----BEGIN RSA PRIVATE KEY-----\nMIIJKAIBAAKCAgEAzwTFCDp1PwTvMrR4r6JJGCxL9xsJAdWfnHZUG7pPCBHlwUau\n8wdfY1QFBpVyJN4QsXvaWgWJ9H+ftOYXCJdV+ikLd0Qhd7Mcff0gh5+LAepb5Z3I\nwF+I1jUqNO2o+XQz3aZX6914Pa/NOb/po0B7fsbNpsM/3YBPYbaTqaAeFu6kGvYK\nqSXQZVu2n8olnuFOfnEH5/ZDOVeZYA1dwkGDPevv15f8vluKahghcPGjt0ot10Gf\nccTdpsx9shcWS5OJuU/xphrjUYxdku5Q/Zvw+MjkkEDG5Bs8uJjSqgegSAjhFB38\nb9xbG0TWycbN4e+Nj5avbwS9AWVW1Cn6WgCt41yjeIxoBfoKXX+ie1yssI2lZj7c\nzAX0Zbnomg8CMHnG1P5mgOgfF0zHFb2xtxlwTEJXCB1Eqd0NgYAzzoPSirEU7okX\nNi7Cj5605UZs7IoM7TahAdw/ofW8VkK8ix5eGXTKUC8FhwKHJkuiZgNyrTVgbf6N\nVaVJ0LkVS6jQo/s1CPEJEb2bImoC/WfQY6BH+qigtxsYx0/JsaaBAURy9S6CF5YX\n/3NvH00D0BeLydEWWxIqLazPXqKtQ/VlshgBy6xC+vE/QVsVdXWqDgdAUEqNOBAc\neJdeKH9325un5cgSE8+07yRYRtSw+UPzBKqsDJ/Eb64fBeFT5wnBOLtZkVECAwEA\nAQKCAgA+YU2N4S+bQb1iJgeHxPsJka+CUl8wclKaLv3BLS7LW7lDuCzXho0zvQmW\npkmy2kdlc9Cj969OQXa6Z+rg59k8fEm8ModzLkGTpUa8F1MnzJrMYfMwJJlzEqoZ\nMNQN9vn5/DnaFO46iFLq5+1bB/8ugHFPot4HvLYu13k/T8RBXL+OcD1eIsrc//nT\nxHH5oiKo7x5Ww1oWWVMaImzyMBOAASxQZrf+FE9tEMBi7C1M+ck+Z8PH4G556Hyn\nwVUyiM6jTHegedGtrQI1WCKHiQnfrYlR/nLwIVT2uvYfzhR6IFLSYQbEHj5FxUSD\noKhBQJIDhoBuj5r0ZLj5TXzmyfWbVnMNFl91ozHYY1eCOcFuqXWdp96eY7yzxqh/\nAB2W0h4eveoQg3im2aXJTpFOiIT5LP3iOwwo+4YETop1Vaj84Trgr9NLOL0V1DXs\niSUhyV6AyK9vSBnd2srLBcmbNDTCFAyyTu8pj02Yx7pbUzoCcW3cxy1+bpXkTN0Q\n8NI4z2jFQbRXfHZlZhtPRsys8yMXaBvwsAwnDpGWXZmAZ9WSWw1rAMHjv/3a5F+j\nl+40NmSA9Fbt31wH1KCAn0f0gP3b9KPywr1e1F2SAo/AfAsoQsVBndolz5h+7KOq\nnX+p19Q48XkeVqJ2D9e9GpkkMfWLWMAJmGGYCC/pPKZv/JUFUQKCAQEA4KJCQbdr\nA9AioL8KlZLCGlfjJxG6xQoCaZJOm692Sl5zgjdUCGraBcDl3ZzWL4KNbNIHN12t\nhlKvc8GAYPlmkHftp4cF72vBHR3RDvKjGtZCY+sj0ZchrQTLeVC80FA93KBWc9kj\noBZd9b2TcTsPax4j/ZU3NqCq0WxW5ysxkGdFMKQ+GGHfPoXgDdjIKMw3D+xEYx4U\nt+XlxXSkEQ5LMk+QcVrn2HT352Ck0tG4yscHsSvEKgaFh8coMsGTH7hNNVkNXME9\nC9TKKGaGkfjwjvz+Xqwm4Lst+mPf5y9K3gRUKQPR9hiORilhmeEullSluQvAdXVl\n1wU58/NC1KpcqwKCAQEA6+zW94KPNWQ8kQGMCUVGgwLAQrlocLxzwnZ5YnaSXZjM\n+gWb+cVssYXPyVX9+tbbLCB4TeOdZj80TbGr7/MwwDiXKz9B+xiZ6P0rJeC2COcz\nNTqcw6f1DJxLrHqSPDeR88C8B8soItPSRjGGoyfvXNgrIzb/AhNbsWdWlEkTMXw+\nF+bOwsF0/pMVIZpuGPRKRSAwZfz9pEZA+XkTFcJi8B5Ujuw4Z3dKXoArHlUAoZnz\nfbjZHxkGGvJHHM586nalX7yQaqUYCw9t9SRgrKmvGFx4f8QroWYR8V26dVYHCPu+\n2fK1/uV8sCi9ifF+0mnLABXwMCtOFsC8Ks8yX/TR8wKCAQAIW0DnvPEINUf0fubf\n5ZO+8yIKJAi0p8irMLwn4oEeByF46KIBpifyKtjiQ6FcJxknwTBviNaZtp28SqiB\n8wUzvqJipw07eOC4OpG6YqBasTnLCcZNV7fy/cir/KrpfPKwMG7G5H8Ex5A7QhAo\nGDBcpcRk/JYPPC7el48sDllLq+vRAWsl8Q4i/0v0d+oKSn6J4xowLcBLjwvbKpmn\n4MY/WuJetSkGzmMigl/fT9n2AS1yE9S6U3/IK0p9iOH2Ph7xKxzqJG4m8IWMtzOu\nXnpkd1jnILRZi90MAYckzIeWdsbCt9eptgQk7AkrdksLYJ7BoYRJWlKtiw462wPT\ncXr9AoIBAQDaq8Lz1od2LVoV7SEm1pbsh3g8YC11kLaa38TShqRTLHWQp/JSJ7L/\nN8/IBXRLMyoiVFYtm3MgeiS4fp2m4fmlsM4sv40gd0TwtvdvPEB9MA4+n/z9PIfd\nEGDzlQhF2BvnmhSuBJdG8J5NgUoRn8o0fAg/s5HZEqhCXk3ZU4H+s/G5payuxzDx\nZNKJOuIhLwxH1fYGEd/mi1dd4+LUoD+j3/jwH/KHtAGyZYmRq6fSISeWt+ZG9KK8\nByPyh1Ew4JeXjOcucac/WSXJudYBM6WfJtZpViI6jqjC1uUkLICIyw2yZUxa3coc\nXSaQ3M13qacGhU8C1qCiZjICW9mNJxYRAoIBAE29+m2CKAKq38CchdEHrd+sPBGy\nzbOHKRxmk6PrH8w6jp/7Jj5Yhj7dwP+l2JFQO4Wa97hj71mTvEL/uLfvEanAz9XT\nGQ6GYxlp+sHJ+wLXD6bhbQ/ALrxQk9xvNUqA/i2TCjdpLmiDi785QShqsZTh+Abh\ndMuWvxZb4d//fNYmiNF2+MqYDG8UVZZojAB/MpVpDOTAwJ8n2qid9+t2V5jTuej/\ny4dfUz/ztasR0or+9wXFTzbeuZO1EwEdv6hRaJs5Bd6HGEtGaBC2Bfl3IGtON2Wh\n3tunU+uRFgbO103KHxtIBFtfniyg/8kqKjB22TVN4w2zskk5ZzdFTzADw4U=\n-----END RSA PRIVATE KEY-----\n",
            "private_key_pem_pkcs8": "-----BEGIN PRIVATE KEY-----\nMIIJQgIBADANBgkqhkiG9w0BAQEFAASCCSwwggkoAgEAAoICAQDPBMUIOnU/BO8y\ntHivokkYLEv3GwkB1Z+cdlQbuk8IEeXBRq7zB19jVAUGlXIk3hCxe9paBYn0f5+0\n5hcIl1X6KQt3RCF3sxx9/SCHn4sB6lvlncjAX4jWNSo07aj5dDPdplfr3Xg9r805\nv+mjQHt+xs2mwz/dgE9htpOpoB4W7qQa9gqpJdBlW7afyiWe4U5+cQfn9kM5V5lg\nDV3CQYM96+/Xl/y+W4pqGCFw8aO3Si3XQZ9xxN2mzH2yFxZLk4m5T/GmGuNRjF2S\n7lD9m/D4yOSQQMbkGzy4mNKqB6BICOEUHfxv3FsbRNbJxs3h742Plq9vBL0BZVbU\nKfpaAK3jXKN4jGgF+gpdf6J7XKywjaVmPtzMBfRlueiaDwIwecbU/maA6B8XTMcV\nvbG3GXBMQlcIHUSp3Q2BgDPOg9KKsRTuiRc2LsKPnrTlRmzsigztNqEB3D+h9bxW\nQryLHl4ZdMpQLwWHAocmS6JmA3KtNWBt/o1VpUnQuRVLqNCj+zUI8QkRvZsiagL9\nZ9BjoEf6qKC3GxjHT8mxpoEBRHL1LoIXlhf/c28fTQPQF4vJ0RZbEiotrM9eoq1D\n9WWyGAHLrEL68T9BWxV1daoOB0BQSo04EBx4l14of3fbm6flyBITz7TvJFhG1LD5\nQ/MEqqwMn8Rvrh8F4VPnCcE4u1mRUQIDAQABAoICAD5hTY3hL5tBvWImB4fE+wmR\nr4JSXzByUpou/cEtLstbuUO4LNeGjTO9CZamSbLaR2Vz0KP3r05Bdrpn6uDn2Tx8\nSbwyh3MuQZOlRrwXUyfMmsxh8zAkmXMSqhkw1A32+fn8OdoU7jqIUurn7VsH/y6A\ncU+i3ge8ti7XeT9PxEFcv45wPV4iytz/+dPEcfmiIqjvHlbDWhZZUxoibPIwE4AB\nLFBmt/4UT20QwGLsLUz5yT5nw8fgbnnofKfBVTKIzqNMd6B50a2tAjVYIoeJCd+t\niVH+cvAhVPa69h/OFHogUtJhBsQePkXFRIOgqEFAkgOGgG6PmvRkuPlNfObJ9ZtW\ncw0WX3WjMdhjV4I5wW6pdZ2n3p5jvLPGqH8AHZbSHh696hCDeKbZpclOkU6IhPks\n/eI7DCj7hgROinVVqPzhOuCv00s4vRXUNeyJJSHJXoDIr29IGd3ayssFyZs0NMIU\nDLJO7ymPTZjHultTOgJxbdzHLX5uleRM3RDw0jjPaMVBtFd8dmVmG09GzKzzIxdo\nG/CwDCcOkZZdmYBn1ZJbDWsAweO//drkX6OX7jQ2ZID0Vu3fXAfUoICfR/SA/dv0\no/LCvV7UXZICj8B8CyhCxUGd2iXPmH7so6qdf6nX1DjxeR5WonYP170amSQx9YtY\nwAmYYZgIL+k8pm/8lQVRAoIBAQDgokJBt2sD0CKgvwqVksIaV+MnEbrFCgJpkk6b\nr3ZKXnOCN1QIatoFwOXdnNYvgo1s0gc3Xa2GUq9zwYBg+WaQd+2nhwXva8EdHdEO\n8qMa1kJj6yPRlyGtBMt5ULzQUD3coFZz2SOgFl31vZNxOw9rHiP9lTc2oKrRbFbn\nKzGQZ0UwpD4YYd8+heAN2MgozDcP7ERjHhS35eXFdKQRDksyT5BxWufYdPfnYKTS\n0bjKxwexK8QqBoWHxygywZMfuE01WQ1cwT0L1MooZoaR+PCO/P5erCbguy36Y9/n\nL0reBFQpA9H2GI5GKWGZ4S6WVKW5C8B1dWXXBTnz80LUqlyrAoIBAQDr7Nb3go81\nZDyRAYwJRUaDAsBCuWhwvHPCdnlidpJdmMz6BZv5xWyxhc/JVf361tssIHhN451m\nPzRNsavv8zDAOJcrP0H7GJno/Ssl4LYI5zM1OpzDp/UMnEusepI8N5HzwLwHyygi\n09JGMYajJ+9c2CsjNv8CE1uxZ1aUSRMxfD4X5s7CwXT+kxUhmm4Y9EpFIDBl/P2k\nRkD5eRMVwmLwHlSO7Dhnd0pegCseVQChmfN9uNkfGQYa8kccznzqdqVfvJBqpRgL\nD231JGCsqa8YXHh/xCuhZhHxXbp1VgcI+77Z8rX+5XywKL2J8X7SacsAFfAwK04W\nwLwqzzJf9NHzAoIBAAhbQOe88Qg1R/R+5t/lk77zIgokCLSnyKswvCfigR4HIXjo\nogGmJ/Iq2OJDoVwnGSfBMG+I1pm2nbxKqIHzBTO+omKnDTt44Lg6kbpioFqxOcsJ\nxk1Xt/L9yKv8qul88rAwbsbkfwTHkDtCECgYMFylxGT8lg88Lt6XjywOWUur69EB\nayXxDiL/S/R36gpKfonjGjAtwEuPC9sqmafgxj9a4l61KQbOYyKCX99P2fYBLXIT\n1LpTf8grSn2I4fY+HvErHOokbibwhYy3M65eemR3WOcgtFmL3QwBhyTMh5Z2xsK3\n16m2BCTsCSt2SwtgnsGhhElaUq2LDjrbA9Nxev0CggEBANqrwvPWh3YtWhXtISbW\nluyHeDxgLXWQtprfxNKGpFMsdZCn8lInsv83z8gFdEszKiJUVi2bcyB6JLh+nabh\n+aWwziy/jSB3RPC29288QH0wDj6f/P08h90QYPOVCEXYG+eaFK4El0bwnk2BShGf\nyjR8CD+zkdkSqEJeTdlTgf6z8bmlrK7HMPFk0ok64iEvDEfV9gYR3+aLV13j4tSg\nP6Pf+PAf8oe0AbJliZGrp9IhJ5a35kb0orwHI/KHUTDgl5eM5y5xpz9ZJcm51gEz\npZ8m1mlWIjqOqMLW5SQsgIjLDbJlTFrdyhxdJpDczXeppwaFTwLWoKJmMgJb2Y0n\nFhECggEATb36bYIoAqrfwJyF0Qet36w8EbLNs4cpHGaTo+sfzDqOn/smPliGPt3A\n/6XYkVA7hZr3uGPvWZO8Qv+4t+8RqcDP1dMZDoZjGWn6wcn7AtcPpuFtD8AuvFCT\n3G81SoD+LZMKN2kuaIOLvzlBKGqxlOH4BuF0y5a/Flvh3/981iaI0Xb4ypgMbxRV\nlmiMAH8ylWkM5MDAnyfaqJ3363ZXmNO56P/Lh19TP/O1qxHSiv73BcVPNt65k7UT\nAR2/qFFomzkF3ocYS0ZoELYF+Xcga043ZaHe26dT65EWBs7XTcofG0gEW1+eLKD/\nySoqMHbZNU3jDbOySTlnN0VPMAPDhQ==\n-----END PRIVATE KEY-----\n",
            "public_key_fingerprint_md5": "15:e7:17:5e:53:e8:ea:f8:1d:47:bb:d1:fd:13:29:87",
            "public_key_fingerprint_sha256": "SHA256:HtgZJg2EYZQEtQpoYJgKeKXxb09avjh2ORFqQClEEEk",
            "public_key_openssh": "ssh-rsa AAAAB3NzaC1yc2EAAAADAQABAAACAQDPBMUIOnU/BO8ytHivokkYLEv3GwkB1Z+cdlQbuk8IEeXBRq7zB19jVAUGlXIk3hCxe9paBYn0f5+05hcIl1X6KQt3RCF3sxx9/SCHn4sB6lvlncjAX4jWNSo07aj5dDPdplfr3Xg9r805v+mjQHt+xs2mwz/dgE9htpOpoB4W7qQa9gqpJdBlW7afyiWe4U5+cQfn9kM5V5lgDV3CQYM96+/Xl/y+W4pqGCFw8aO3Si3XQZ9xxN2mzH2yFxZLk4m5T/GmGuNRjF2S7lD9m/D4yOSQQMbkGzy4mNKqB6BICOEUHfxv3FsbRNbJxs3h742Plq9vBL0BZVbUKfpaAK3jXKN4jGgF+gpdf6J7XKywjaVmPtzMBfRlueiaDwIwecbU/maA6B8XTMcVvbG3GXBMQlcIHUSp3Q2BgDPOg9KKsRTuiRc2LsKPnrTlRmzsigztNqEB3D+h9bxWQryLHl4ZdMpQLwWHAocmS6JmA3KtNWBt/o1VpUnQuRVLqNCj+zUI8QkRvZsiagL9Z9BjoEf6qKC3GxjHT8mxpoEBRHL1LoIXlhf/c28fTQPQF4vJ0RZbEiotrM9eoq1D9WWyGAHLrEL68T9BWxV1daoOB0BQSo04EBx4l14of3fbm6flyBITz7TvJFhG1LD5Q/MEqqwMn8Rvrh8F4VPnCcE4u1mRUQ==\n",
            "public_key_pem": "-----BEGIN PUBLIC KEY-----\nMIICIjANBgkqhkiG9w0BAQEFAAOCAg8AMIICCgKCAgEAzwTFCDp1PwTvMrR4r6JJ\nGCxL9xsJAdWfnHZUG7pPCBHlwUau8wdfY1QFBpVyJN4QsXvaWgWJ9H+ftOYXCJdV\n+ikLd0Qhd7Mcff0gh5+LAepb5Z3IwF+I1jUqNO2o+XQz3aZX6914Pa/NOb/po0B7\nfsbNpsM/3YBPYbaTqaAeFu6kGvYKqSXQZVu2n8olnuFOfnEH5/ZDOVeZYA1dwkGD\nPevv15f8vluKahghcPGjt0ot10GfccTdpsx9shcWS5OJuU/xphrjUYxdku5Q/Zvw\n+MjkkEDG5Bs8uJjSqgegSAjhFB38b9xbG0TWycbN4e+Nj5avbwS9AWVW1Cn6WgCt\n41yjeIxoBfoKXX+ie1yssI2lZj7czAX0Zbnomg8CMHnG1P5mgOgfF0zHFb2xtxlw\nTEJXCB1Eqd0NgYAzzoPSirEU7okXNi7Cj5605UZs7IoM7TahAdw/ofW8VkK8ix5e\nGXTKUC8FhwKHJkuiZgNyrTVgbf6NVaVJ0LkVS6jQo/s1CPEJEb2bImoC/WfQY6BH\n+qigtxsYx0/JsaaBAURy9S6CF5YX/3NvH00D0BeLydEWWxIqLazPXqKtQ/VlshgB\ny6xC+vE/QVsVdXWqDgdAUEqNOBAceJdeKH9325un5cgSE8+07yRYRtSw+UPzBKqs\nDJ/Eb64fBeFT5wnBOLtZkVECAwEAAQ==\n-----END PUBLIC KEY-----\n",
            "rsa_bits": 4096
          },
          "sensitive_attributes": [
            [
              {
                "type": "get_attr",
                "value": "private_key_pem_pkcs8"
              }
            ],
            [
              {
                "type": "get_attr",
                "value": "private_key_openssh"
              }
            ],
            [
              {
                "type": "get_attr",
                "value": "private_key_pem"
              }
            ]
          ]
        }
      ]
    }
  ],
  "check_results": null
}
