{
  "version": 4,
  "terraform_version": "1.8.5",
  "serial": 1157,
  "lineage": "8047b918-143c-30ca-8822-32d947294593",
  "outputs": {
    "ami": {
      "value": [
        "ami-053a617c6207ecc7b",
        "ami-053a617c6207ecc7b",
        "ami-053a617c6207ecc7b"
      ],
      "type": [
        "tuple",
        [
          "string",
          "string",
          "string"
        ]
      ]
    },
    "ec2_key": {
      "value": [
        "private",
        "private",
        "private"
      ],
      "type": [
        "tuple",
        [
          "string",
          "string",
          "string"
        ]
      ]
    },
    "instance_id": {
      "value": [
        "i-09ef8d71859ae984b",
        "i-04feba808c6d17b46",
        "i-08d138ee0ea49785e"
      ],
      "type": [
        "tuple",
        [
          "string",
          "string",
          "string"
        ]
      ]
    },
    "jenkins_url": {
      "value": "http://13.42.53.238,18.130.190.15,13.41.163.24:8080",
      "type": "string"
    },
    "private_key_pem": {
      "value": "-----BEGIN RSA PRIVATE KEY-----\nMIIJKAIBAAKCAgEAz2TLhRKwlr8t3CgSFkEuObx8rSShTnA6txs6Fp3XhA9px+Us\nJLY158lAnjq2nD61crD6N/NFSdw4aWpTzl2YJB9RUgzBS8VZxvFNa6jG0c1cGTgI\nxRNBCUEUf+bpJ3v2ZnV/FXj3e3UQcU4AUPNDuArYKVROVAGLTWr8J4G/JcdH+p8v\nFV4bBIm2xJ6KKXuPdh6Bjl5E6swEGBFN07MD38KgB3x8WX5ZwysqwclJZ8Y5H8/t\nI0u3xISn1JW/N8ArJNpEbzkM8RRXqJggQIxZL0JolLLOszX2XDECxl4lP0e6EXj/\ntcJE4d9UaL+qxHxEZcXot5qT5OFhz5kV+gPyhWugqGwVpuvj20qQBSn2STMxscP+\nUxERdsf4kHRSunhS6DgMgy2rqt6HAGIjCCwmdN0ei3lKIV9OYYiYP8Wrtr+bxt4N\nABh3JNuV/Ik6zzpiUrqCd7ePMj7GwbZ1noB3hlgyGIKebK3FXFbcdfOHBALqJS/O\njyGMIoUUnfvq6kZBoNQaON/3CxXQ/4NTCmX6deGcR0hlg/rUuHiw4FiUGFbg/s7g\ncZLRrUHWMfqYYz0v5badLgQULz7haeRVbMDtrBYo3i4LmrsV7Hj713clNe1jf2S4\nFMhbGkLnOPvN8LDQPCIW96z8R5FgvzSZakOs9Xcxq834IadXyIc8relTrp8CAwEA\nAQKCAgBzMSf9nNjqkft16efJ5qA3P2L8hHj36UwjggLspvUai7kUZ0zygyZDvLug\nZzogZJBByNziEMPud1v56S3tVHz5q09uxFjkrhPkdQisgI0V4PuDomT0mXIpIrWx\nKN9dp/O/CwnwMkU7lFTyqgFw9P0rDxLrOcFb1ZO7B25QvzcdU6e+I4ZyVteo2Jjk\ncq6IxfF0CROqsN+UjobDm3Df4fGH6kEah2FGD/Dpf2N7SUL1WdtGuSWc0iSbCZdy\nc05HN/x+tqEGKejvSn45zW00jP/ISRlvZjV6wsE4iZxh8866bCuEIvHc0a+SyYnH\nuJWwFtmisZ9Fw5zbpve95+iV+nVL96boDJG9U9sdDV3o1xQybo3+nUU0Oi3wZkr1\niAEkymn0LHkZl0Smoo2VFlho4Q8d8WXo73wdrVx/R7Lsfe23t4NTnCL2To9/C/IA\nUz1w5W/s3CbCXNYA5wpXDfJmZotWASsbmYZ1mRI8yQEfe77UiwrRRZ7PR2F8jGUR\nGqmWwA+rf9/UKBX9cmxXETP7lry6ZscWdlOBaQfmJqM8NRR1VActo1qB3gyVq3VL\nEQ5rVqaVBuQj61TeIicnUiBIVZJDtRerysJWcKPg6mtD7ndLWN/if7imanJplaHS\noLASClBQAmjeUXW/vDY3bP+VXGdKHQFNu1UpERWsTKF+eWDM0QKCAQEA2yDr9Zaa\nC7lGWQXH+up+YupFKBE+LwTf2c1ksE+9l9x006+Zh/rsy5+HvFtFZZiU4pxrfCDk\n/4in0Pi92+xom0/T6Vg7bve31otu8RGFhyJ0Xc0MfX+/veZSBk3NAfdasLBqk5aN\nR9/JBUATU2v6YudECeTRiHpqtI4NKxlivD/FUqUPckOXb0L1ImQPZWbhQn/ee8xA\nca7u93aRxGqjo4DUHz2Jp1BcwMTdpt7FRB/VTZ9p3yHX73gNvjOka6NOGjAAOf7X\nDVigjYyTEMvX+v2RfIjEf29dNIuxYPRMT6a8gRP+R+49nbGEs3IoX7CYBV12Da4w\n5Tzo7ECI4wztuQKCAQEA8kpjPeQXRBIhJw155AjDue7RMKDbW/faVn2DDLgBfIPE\nReGHfPumNANRCh0IGfS1R2mn1MkajNZPrsnZt+Ipg3MmG+jpwZ1RYoNznRX7YlMZ\n5N91CIhw4rU566gZyM+REgYvgEc5Fx3m5s/Tmc8fsd1rtGkZCzLe+xye10ikANDk\nLijAImoDBJA9BJCRI8723aZl0knWZ4ddlxNsgEEnR85Jy5rLrCL8YLlm57nzrkp1\noSdhZNHeEnMP1Zht4ryJA+qgXw9EQk/DpL1rgQBwWbcK7xqhFzp9xJEagkefXpe4\nj6tuoPdw8nfZFcNIssl3F1I9NyhT+ZE34O8yUT5rFwKCAQEAhqqQ2HkZaqMOTJ90\n6ws5aOi4X4tZP+Qq/dtwSbp3teBSG9YK8LqQ1ALSlDszRuCifzHKDJraoQAGwjJb\n29BJ6UkB3qHOxL+QR1WhdJ1kBkxyX0MorefYmof1WNJvbwnovjVtCg63/LfW/lcG\niXoOgsHF2p649rrk4Nl71kTfnPlD9yphd8N6SXJI3D3KCHNVdFzJCiPYZwUu7v37\nT06KCm2d7yUOd7i3h/B0l5zIdrlpiS6zDeHqpsyNBZsPLOdLlGRzfzDSUO1qnhMK\nPoRH04QJ6RLUT8zM5wICnKcGTt0Vc+4pk2MikssJ1o4NqeEJTCLH7lhizD7GloqC\nlabYYQKCAQASjiXZiI1LlkPZtMt/7jfnFmYI3ljOS0X6V7RglfrvKTwvydzRcohA\n9XwQVTbYnggABxRmVFxnKsaBcU3uKjDZs0jY3FaCkGS6Maz5+8P7vLd/8qkI1UIn\n6o8cAAyxd0v54GVk4o95uL2FMadX4SfhPD7SWzYiyGuROZjkjdiZg2XmLxK/z/SZ\nNd6madfjsSbwxJyJpUP5O8GsHz2w+MxkUGUQZbNxZGCFm81Is9H4qBUoGVb5HKVw\nLkWpKvpHYf7wQNi1TvsARRGLnUINaBYymLUKqLRrjfwxwJcSISAQY3gr8IoRY8HP\nn+QNKZ54qrsnGxI7FiiQNVHdNRRaanhTAoIBADzhGjFlO6yceVUcAPAoGfUvgtDG\nzKwZbfzFWK11Hy9KxNhTXf1+E8HC/MFm/dIkgvQbS6Ltec5qXzHaOZgRGFV8E2Ih\nyBPW9VRuNBgWmXHE5M0qsRQfk9qLxt6lLfXu/RI0ujuJCYv2CGhai6Lv7vUfdztj\n95ckVH47xYm7hCimdN4wiX27hnnas/b5JPshov0QnX+aKBWSeYi2R4BqZfRkd7kZ\nGlIW2t9DmgD1swQh6tTIF7lBoxy4x7wHjzBtOpDDYxgU/bfiaR9riSZuh4pFXEoE\nCpQJnj8g+lRaqHSKTNZx2k688iGH1UAqXhslHmU9PUyhSUA7WuO94URGVew=\n-----END RSA PRIVATE KEY-----\n",
      "type": "string",
      "sensitive": true
    },
    "public_ip": {
      "value": [
        "13.42.53.238",
        "18.130.190.15",
        "13.41.163.24"
      ],
      "type": [
        "tuple",
        [
          "string",
          "string",
          "string"
        ]
      ]
    },
    "subnet_id": {
      "value": "subnet-00fd000225080dfe1",
      "type": "string"
    },
    "vpc_id": {
      "value": "vpc-009f2690b22f8f691",
      "type": "string"
    }
  },
  "resources": [
    {
      "mode": "managed",
      "type": "aws_instance",
      "name": "my_instance",
      "provider": "provider[\"registry.terraform.io/hashicorp/aws\"]",
      "instances": [
        {
          "index_key": 0,
          "schema_version": 1,
          "attributes": {
            "ami": "ami-053a617c6207ecc7b",
            "arn": "arn:aws:ec2:eu-west-2:975050182993:instance/i-09ef8d71859ae984b",
            "associate_public_ip_address": true,
            "availability_zone": "eu-west-2b",
            "capacity_reservation_specification": [
              {
                "capacity_reservation_preference": "open",
                "capacity_reservation_target": []
              }
            ],
            "cpu_core_count": 1,
            "cpu_options": [
              {
                "amd_sev_snp": "",
                "core_count": 1,
                "threads_per_core": 1
              }
            ],
            "cpu_threads_per_core": 1,
            "credit_specification": [
              {
                "cpu_credits": "standard"
              }
            ],
            "disable_api_stop": false,
            "disable_api_termination": false,
            "ebs_block_device": [
              {
                "delete_on_termination": true,
                "device_name": "/dev/sda1",
                "encrypted": false,
                "iops": 3000,
                "kms_key_id": "",
                "snapshot_id": "",
                "tags": {},
                "tags_all": {
                  "hashicorp-learn": "refresh"
                },
                "throughput": 125,
                "volume_id": "vol-043fbea1ee279274c",
                "volume_size": 8,
                "volume_type": "gp3"
              }
            ],
            "ebs_optimized": false,
            "enclave_options": [
              {
                "enabled": false
              }
            ],
            "ephemeral_block_device": [],
            "get_password_data": false,
            "hibernation": false,
            "host_id": "",
            "host_resource_group_arn": null,
            "iam_instance_profile": "",
            "id": "i-09ef8d71859ae984b",
            "instance_initiated_shutdown_behavior": "stop",
            "instance_lifecycle": "",
            "instance_market_options": [],
            "instance_state": "running",
            "instance_type": "t2.micro",
            "ipv6_address_count": 0,
            "ipv6_addresses": [],
            "key_name": "private",
            "launch_template": [],
            "maintenance_options": [
              {
                "auto_recovery": "default"
              }
            ],
            "metadata_options": [
              {
                "http_endpoint": "enabled",
                "http_protocol_ipv6": "disabled",
                "http_put_response_hop_limit": 2,
                "http_tokens": "required",
                "instance_metadata_tags": "disabled"
              }
            ],
            "monitoring": false,
            "network_interface": [],
            "outpost_arn": "",
            "password_data": "",
            "placement_group": "",
            "placement_partition_number": 0,
            "primary_network_interface_id": "eni-0a21af2ba9d4098e7",
            "private_dns": "ip-10-0-1-10.eu-west-2.compute.internal",
            "private_dns_name_options": [
              {
                "enable_resource_name_dns_a_record": false,
                "enable_resource_name_dns_aaaa_record": false,
                "hostname_type": "ip-name"
              }
            ],
            "private_ip": "10.0.1.10",
            "public_dns": "ec2-13-42-53-238.eu-west-2.compute.amazonaws.com",
            "public_ip": "13.42.53.238",
            "root_block_device": [
              {
                "delete_on_termination": true,
                "device_name": "/dev/sda1",
                "encrypted": false,
                "iops": 3000,
                "kms_key_id": "",
                "tags": {},
                "tags_all": {
                  "hashicorp-learn": "refresh"
                },
                "throughput": 125,
                "volume_id": "vol-043fbea1ee279274c",
                "volume_size": 8,
                "volume_type": "gp3"
              }
            ],
            "secondary_private_ips": [],
            "security_groups": [],
            "source_dest_check": true,
            "spot_instance_request_id": "",
            "subnet_id": "subnet-00fd000225080dfe1",
            "tags": {
              "Name": "linux-server"
            },
            "tags_all": {
              "Name": "linux-server",
              "hashicorp-learn": "refresh"
            },
            "tenancy": "default",
            "timeouts": null,
            "user_data": "f1ebcdc84e85267edb8c9a8d626422bd973ad8d6",
            "user_data_base64": null,
            "user_data_replace_on_change": false,
            "volume_tags": null,
            "vpc_security_group_ids": [
              "sg-0d25f525a6afe6dae"
            ]
          },
          "sensitive_attributes": [],
          "private": "eyJlMmJmYjczMC1lY2FhLTExZTYtOGY4OC0zNDM2M2JjN2M0YzAiOnsiY3JlYXRlIjo2MDAwMDAwMDAwMDAsImRlbGV0ZSI6MTIwMDAwMDAwMDAwMCwicmVhZCI6OTAwMDAwMDAwMDAwLCJ1cGRhdGUiOjYwMDAwMDAwMDAwMH0sInNjaGVtYV92ZXJzaW9uIjoiMSJ9",
          "dependencies": [
            "aws_key_pair.deployer",
            "aws_security_group.my_security_group",
            "aws_subnet.public_subnet",
            "aws_vpc.my_vpc",
            "tls_private_key.example"
          ]
        },
        {
          "index_key": 1,
          "schema_version": 1,
          "attributes": {
            "ami": "ami-053a617c6207ecc7b",
            "arn": "arn:aws:ec2:eu-west-2:975050182993:instance/i-04feba808c6d17b46",
            "associate_public_ip_address": true,
            "availability_zone": "eu-west-2b",
            "capacity_reservation_specification": [
              {
                "capacity_reservation_preference": "open",
                "capacity_reservation_target": []
              }
            ],
            "cpu_core_count": 1,
            "cpu_options": [
              {
                "amd_sev_snp": "",
                "core_count": 1,
                "threads_per_core": 1
              }
            ],
            "cpu_threads_per_core": 1,
            "credit_specification": [
              {
                "cpu_credits": "standard"
              }
            ],
            "disable_api_stop": false,
            "disable_api_termination": false,
            "ebs_block_device": [
              {
                "delete_on_termination": true,
                "device_name": "/dev/sda1",
                "encrypted": false,
                "iops": 3000,
                "kms_key_id": "",
                "snapshot_id": "",
                "tags": {},
                "tags_all": {
                  "hashicorp-learn": "refresh"
                },
                "throughput": 125,
                "volume_id": "vol-023b42e9e8e67c179",
                "volume_size": 8,
                "volume_type": "gp3"
              }
            ],
            "ebs_optimized": false,
            "enclave_options": [
              {
                "enabled": false
              }
            ],
            "ephemeral_block_device": [],
            "get_password_data": false,
            "hibernation": false,
            "host_id": "",
            "host_resource_group_arn": null,
            "iam_instance_profile": "",
            "id": "i-04feba808c6d17b46",
            "instance_initiated_shutdown_behavior": "stop",
            "instance_lifecycle": "",
            "instance_market_options": [],
            "instance_state": "running",
            "instance_type": "t2.micro",
            "ipv6_address_count": 0,
            "ipv6_addresses": [],
            "key_name": "private",
            "launch_template": [],
            "maintenance_options": [
              {
                "auto_recovery": "default"
              }
            ],
            "metadata_options": [
              {
                "http_endpoint": "enabled",
                "http_protocol_ipv6": "disabled",
                "http_put_response_hop_limit": 2,
                "http_tokens": "required",
                "instance_metadata_tags": "disabled"
              }
            ],
            "monitoring": false,
            "network_interface": [],
            "outpost_arn": "",
            "password_data": "",
            "placement_group": "",
            "placement_partition_number": 0,
            "primary_network_interface_id": "eni-02d71294b8a78d777",
            "private_dns": "ip-10-0-1-58.eu-west-2.compute.internal",
            "private_dns_name_options": [
              {
                "enable_resource_name_dns_a_record": false,
                "enable_resource_name_dns_aaaa_record": false,
                "hostname_type": "ip-name"
              }
            ],
            "private_ip": "10.0.1.58",
            "public_dns": "ec2-18-130-190-15.eu-west-2.compute.amazonaws.com",
            "public_ip": "18.130.190.15",
            "root_block_device": [
              {
                "delete_on_termination": true,
                "device_name": "/dev/sda1",
                "encrypted": false,
                "iops": 3000,
                "kms_key_id": "",
                "tags": {},
                "tags_all": {
                  "hashicorp-learn": "refresh"
                },
                "throughput": 125,
                "volume_id": "vol-023b42e9e8e67c179",
                "volume_size": 8,
                "volume_type": "gp3"
              }
            ],
            "secondary_private_ips": [],
            "security_groups": [],
            "source_dest_check": true,
            "spot_instance_request_id": "",
            "subnet_id": "subnet-00fd000225080dfe1",
            "tags": {
              "Name": "linux-server"
            },
            "tags_all": {
              "Name": "linux-server",
              "hashicorp-learn": "refresh"
            },
            "tenancy": "default",
            "timeouts": null,
            "user_data": "f1ebcdc84e85267edb8c9a8d626422bd973ad8d6",
            "user_data_base64": null,
            "user_data_replace_on_change": false,
            "volume_tags": null,
            "vpc_security_group_ids": [
              "sg-0d25f525a6afe6dae"
            ]
          },
          "sensitive_attributes": [],
          "private": "eyJlMmJmYjczMC1lY2FhLTExZTYtOGY4OC0zNDM2M2JjN2M0YzAiOnsiY3JlYXRlIjo2MDAwMDAwMDAwMDAsImRlbGV0ZSI6MTIwMDAwMDAwMDAwMCwicmVhZCI6OTAwMDAwMDAwMDAwLCJ1cGRhdGUiOjYwMDAwMDAwMDAwMH0sInNjaGVtYV92ZXJzaW9uIjoiMSJ9",
          "dependencies": [
            "aws_key_pair.deployer",
            "aws_security_group.my_security_group",
            "aws_subnet.public_subnet",
            "aws_vpc.my_vpc",
            "tls_private_key.example"
          ]
        },
        {
          "index_key": 2,
          "schema_version": 1,
          "attributes": {
            "ami": "ami-053a617c6207ecc7b",
            "arn": "arn:aws:ec2:eu-west-2:975050182993:instance/i-08d138ee0ea49785e",
            "associate_public_ip_address": true,
            "availability_zone": "eu-west-2b",
            "capacity_reservation_specification": [
              {
                "capacity_reservation_preference": "open",
                "capacity_reservation_target": []
              }
            ],
            "cpu_core_count": 1,
            "cpu_options": [
              {
                "amd_sev_snp": "",
                "core_count": 1,
                "threads_per_core": 1
              }
            ],
            "cpu_threads_per_core": 1,
            "credit_specification": [
              {
                "cpu_credits": "standard"
              }
            ],
            "disable_api_stop": false,
            "disable_api_termination": false,
            "ebs_block_device": [
              {
                "delete_on_termination": true,
                "device_name": "/dev/sda1",
                "encrypted": false,
                "iops": 3000,
                "kms_key_id": "",
                "snapshot_id": "",
                "tags": {},
                "tags_all": {
                  "hashicorp-learn": "refresh"
                },
                "throughput": 125,
                "volume_id": "vol-09f80dbbe441c9318",
                "volume_size": 8,
                "volume_type": "gp3"
              }
            ],
            "ebs_optimized": false,
            "enclave_options": [
              {
                "enabled": false
              }
            ],
            "ephemeral_block_device": [],
            "get_password_data": false,
            "hibernation": false,
            "host_id": "",
            "host_resource_group_arn": null,
            "iam_instance_profile": "",
            "id": "i-08d138ee0ea49785e",
            "instance_initiated_shutdown_behavior": "stop",
            "instance_lifecycle": "",
            "instance_market_options": [],
            "instance_state": "running",
            "instance_type": "t2.micro",
            "ipv6_address_count": 0,
            "ipv6_addresses": [],
            "key_name": "private",
            "launch_template": [],
            "maintenance_options": [
              {
                "auto_recovery": "default"
              }
            ],
            "metadata_options": [
              {
                "http_endpoint": "enabled",
                "http_protocol_ipv6": "disabled",
                "http_put_response_hop_limit": 2,
                "http_tokens": "required",
                "instance_metadata_tags": "disabled"
              }
            ],
            "monitoring": false,
            "network_interface": [],
            "outpost_arn": "",
            "password_data": "",
            "placement_group": "",
            "placement_partition_number": 0,
            "primary_network_interface_id": "eni-0b7ce52026b1e316a",
            "private_dns": "ip-10-0-1-209.eu-west-2.compute.internal",
            "private_dns_name_options": [
              {
                "enable_resource_name_dns_a_record": false,
                "enable_resource_name_dns_aaaa_record": false,
                "hostname_type": "ip-name"
              }
            ],
            "private_ip": "10.0.1.209",
            "public_dns": "ec2-13-41-163-24.eu-west-2.compute.amazonaws.com",
            "public_ip": "13.41.163.24",
            "root_block_device": [
              {
                "delete_on_termination": true,
                "device_name": "/dev/sda1",
                "encrypted": false,
                "iops": 3000,
                "kms_key_id": "",
                "tags": {},
                "tags_all": {
                  "hashicorp-learn": "refresh"
                },
                "throughput": 125,
                "volume_id": "vol-09f80dbbe441c9318",
                "volume_size": 8,
                "volume_type": "gp3"
              }
            ],
            "secondary_private_ips": [],
            "security_groups": [],
            "source_dest_check": true,
            "spot_instance_request_id": "",
            "subnet_id": "subnet-00fd000225080dfe1",
            "tags": {
              "Name": "linux-server"
            },
            "tags_all": {
              "Name": "linux-server",
              "hashicorp-learn": "refresh"
            },
            "tenancy": "default",
            "timeouts": null,
            "user_data": "f1ebcdc84e85267edb8c9a8d626422bd973ad8d6",
            "user_data_base64": null,
            "user_data_replace_on_change": false,
            "volume_tags": null,
            "vpc_security_group_ids": [
              "sg-0d25f525a6afe6dae"
            ]
          },
          "sensitive_attributes": [],
          "private": "eyJlMmJmYjczMC1lY2FhLTExZTYtOGY4OC0zNDM2M2JjN2M0YzAiOnsiY3JlYXRlIjo2MDAwMDAwMDAwMDAsImRlbGV0ZSI6MTIwMDAwMDAwMDAwMCwicmVhZCI6OTAwMDAwMDAwMDAwLCJ1cGRhdGUiOjYwMDAwMDAwMDAwMH0sInNjaGVtYV92ZXJzaW9uIjoiMSJ9",
          "dependencies": [
            "aws_key_pair.deployer",
            "aws_security_group.my_security_group",
            "aws_subnet.public_subnet",
            "aws_vpc.my_vpc",
            "tls_private_key.example"
          ]
        }
      ]
    },
    {
      "mode": "managed",
      "type": "aws_internet_gateway",
      "name": "my_igw",
      "provider": "provider[\"registry.terraform.io/hashicorp/aws\"]",
      "instances": [
        {
          "schema_version": 0,
          "attributes": {
            "arn": "arn:aws:ec2:eu-west-2:975050182993:internet-gateway/igw-0b06a7659fe442ef9",
            "id": "igw-0b06a7659fe442ef9",
            "owner_id": "975050182993",
            "tags": null,
            "tags_all": {
              "hashicorp-learn": "refresh"
            },
            "timeouts": null,
            "vpc_id": "vpc-009f2690b22f8f691"
          },
          "sensitive_attributes": [],
          "private": "eyJlMmJmYjczMC1lY2FhLTExZTYtOGY4OC0zNDM2M2JjN2M0YzAiOnsiY3JlYXRlIjoxMjAwMDAwMDAwMDAwLCJkZWxldGUiOjEyMDAwMDAwMDAwMDAsInVwZGF0ZSI6MTIwMDAwMDAwMDAwMH19",
          "dependencies": [
            "aws_vpc.my_vpc"
          ]
        }
      ]
    },
    {
      "mode": "managed",
      "type": "aws_key_pair",
      "name": "deployer",
      "provider": "provider[\"registry.terraform.io/hashicorp/aws\"]",
      "instances": [
        {
          "schema_version": 1,
          "attributes": {
            "arn": "arn:aws:ec2:eu-west-2:975050182993:key-pair/private",
            "fingerprint": "dc:f8:b4:42:06:16:de:f2:b2:0a:dc:f5:ca:83:90:97",
            "id": "private",
            "key_name": "private",
            "key_name_prefix": "",
            "key_pair_id": "key-0e5d5167eb32bc812",
            "key_type": "rsa",
            "public_key": "ssh-rsa AAAAB3NzaC1yc2EAAAADAQABAAACAQDPZMuFErCWvy3cKBIWQS45vHytJKFOcDq3GzoWndeED2nH5SwktjXnyUCeOracPrVysPo380VJ3DhpalPOXZgkH1FSDMFLxVnG8U1rqMbRzVwZOAjFE0EJQRR/5ukne/ZmdX8VePd7dRBxTgBQ80O4CtgpVE5UAYtNavwngb8lx0f6ny8VXhsEibbEnoope492HoGOXkTqzAQYEU3TswPfwqAHfHxZflnDKyrByUlnxjkfz+0jS7fEhKfUlb83wCsk2kRvOQzxFFeomCBAjFkvQmiUss6zNfZcMQLGXiU/R7oReP+1wkTh31Rov6rEfERlxei3mpPk4WHPmRX6A/KFa6CobBWm6+PbSpAFKfZJMzGxw/5TERF2x/iQdFK6eFLoOAyDLauq3ocAYiMILCZ03R6LeUohX05hiJg/xau2v5vG3g0AGHck25X8iTrPOmJSuoJ3t48yPsbBtnWegHeGWDIYgp5srcVcVtx184cEAuolL86PIYwihRSd++rqRkGg1Bo43/cLFdD/g1MKZfp14ZxHSGWD+tS4eLDgWJQYVuD+zuBxktGtQdYx+phjPS/ltp0uBBQvPuFp5FVswO2sFijeLguauxXsePvXdyU17WN/ZLgUyFsaQuc4+83wsNA8Ihb3rPxHkWC/NJlqQ6z1dzGrzfghp1fIhzyt6VOunw==",
            "tags": null,
            "tags_all": {
              "hashicorp-learn": "refresh"
            }
          },
          "sensitive_attributes": [],
          "private": "eyJzY2hlbWFfdmVyc2lvbiI6IjEifQ==",
          "dependencies": [
            "tls_private_key.example"
          ]
        }
      ]
    },
    {
      "mode": "managed",
      "type": "aws_route_table",
      "name": "my_route_table",
      "provider": "provider[\"registry.terraform.io/hashicorp/aws\"]",
      "instances": [
        {
          "schema_version": 0,
          "attributes": {
            "arn": "arn:aws:ec2:eu-west-2:975050182993:route-table/rtb-0c86e466a3f432f7f",
            "id": "rtb-0c86e466a3f432f7f",
            "owner_id": "975050182993",
            "propagating_vgws": [],
            "route": [
              {
                "carrier_gateway_id": "",
                "cidr_block": "0.0.0.0/0",
                "core_network_arn": "",
                "destination_prefix_list_id": "",
                "egress_only_gateway_id": "",
                "gateway_id": "igw-0b06a7659fe442ef9",
                "ipv6_cidr_block": "",
                "local_gateway_id": "",
                "nat_gateway_id": "",
                "network_interface_id": "",
                "transit_gateway_id": "",
                "vpc_endpoint_id": "",
                "vpc_peering_connection_id": ""
              }
            ],
            "tags": {
              "Name": "MyRouteTable"
            },
            "tags_all": {
              "Name": "MyRouteTable",
              "hashicorp-learn": "refresh"
            },
            "timeouts": null,
            "vpc_id": "vpc-009f2690b22f8f691"
          },
          "sensitive_attributes": [],
          "private": "eyJlMmJmYjczMC1lY2FhLTExZTYtOGY4OC0zNDM2M2JjN2M0YzAiOnsiY3JlYXRlIjozMDAwMDAwMDAwMDAsImRlbGV0ZSI6MzAwMDAwMDAwMDAwLCJ1cGRhdGUiOjEyMDAwMDAwMDAwMH19",
          "dependencies": [
            "aws_internet_gateway.my_igw",
            "aws_vpc.my_vpc"
          ]
        }
      ]
    },
    {
      "mode": "managed",
      "type": "aws_route_table_association",
      "name": "public_subnet_association",
      "provider": "provider[\"registry.terraform.io/hashicorp/aws\"]",
      "instances": [
        {
          "schema_version": 0,
          "attributes": {
            "gateway_id": "",
            "id": "rtbassoc-05d4a92eb555638af",
            "route_table_id": "rtb-0c86e466a3f432f7f",
            "subnet_id": "subnet-00fd000225080dfe1",
            "timeouts": null
          },
          "sensitive_attributes": [],
          "private": "eyJlMmJmYjczMC1lY2FhLTExZTYtOGY4OC0zNDM2M2JjN2M0YzAiOnsiY3JlYXRlIjozMDAwMDAwMDAwMDAsImRlbGV0ZSI6MzAwMDAwMDAwMDAwLCJ1cGRhdGUiOjEyMDAwMDAwMDAwMH19",
          "dependencies": [
            "aws_internet_gateway.my_igw",
            "aws_route_table.my_route_table",
            "aws_subnet.public_subnet",
            "aws_vpc.my_vpc"
          ]
        }
      ]
    },
    {
      "mode": "managed",
      "type": "aws_security_group",
      "name": "my_security_group",
      "provider": "provider[\"registry.terraform.io/hashicorp/aws\"]",
      "instances": [
        {
          "schema_version": 1,
          "attributes": {
            "arn": "arn:aws:ec2:eu-west-2:975050182993:security-group/sg-0d25f525a6afe6dae",
            "description": "My security group created by Terraform",
            "egress": [
              {
                "cidr_blocks": [
                  "0.0.0.0/0"
                ],
                "description": "",
                "from_port": 0,
                "ipv6_cidr_blocks": [],
                "prefix_list_ids": [],
                "protocol": "-1",
                "security_groups": [],
                "self": false,
                "to_port": 0
              }
            ],
            "id": "sg-0d25f525a6afe6dae",
            "ingress": [
              {
                "cidr_blocks": [
                  "0.0.0.0/0"
                ],
                "description": "ingress rule for my_sql",
                "from_port": 3306,
                "ipv6_cidr_blocks": [],
                "prefix_list_ids": [],
                "protocol": "tcp",
                "security_groups": [],
                "self": false,
                "to_port": 3306
              },
              {
                "cidr_blocks": [
                  "0.0.0.0/0"
                ],
                "description": "ingress rule for port 22",
                "from_port": 22,
                "ipv6_cidr_blocks": [],
                "prefix_list_ids": [],
                "protocol": "tcp",
                "security_groups": [],
                "self": false,
                "to_port": 22
              },
              {
                "cidr_blocks": [
                  "0.0.0.0/0"
                ],
                "description": "ingress rule for port 443",
                "from_port": 443,
                "ipv6_cidr_blocks": [],
                "prefix_list_ids": [],
                "protocol": "tcp",
                "security_groups": [],
                "self": false,
                "to_port": 443
              },
              {
                "cidr_blocks": [
                  "0.0.0.0/0"
                ],
                "description": "ingress rule for port 8080 using jenkins",
                "from_port": 8080,
                "ipv6_cidr_blocks": [],
                "prefix_list_ids": [],
                "protocol": "tcp",
                "security_groups": [],
                "self": false,
                "to_port": 8080
              },
              {
                "cidr_blocks": [
                  "0.0.0.0/0"
                ],
                "description": "port enable for nginx",
                "from_port": 80,
                "ipv6_cidr_blocks": [],
                "prefix_list_ids": [],
                "protocol": "tcp",
                "security_groups": [],
                "self": false,
                "to_port": 80
              }
            ],
            "name": "my-security-group",
            "name_prefix": "",
            "owner_id": "975050182993",
            "revoke_rules_on_delete": false,
            "tags": null,
            "tags_all": {
              "hashicorp-learn": "refresh"
            },
            "timeouts": null,
            "vpc_id": "vpc-009f2690b22f8f691"
          },
          "sensitive_attributes": [],
          "private": "eyJlMmJmYjczMC1lY2FhLTExZTYtOGY4OC0zNDM2M2JjN2M0YzAiOnsiY3JlYXRlIjo2MDAwMDAwMDAwMDAsImRlbGV0ZSI6OTAwMDAwMDAwMDAwfSwic2NoZW1hX3ZlcnNpb24iOiIxIn0=",
          "dependencies": [
            "aws_vpc.my_vpc"
          ]
        }
      ]
    },
    {
      "mode": "managed",
      "type": "aws_subnet",
      "name": "public_subnet",
      "provider": "provider[\"registry.terraform.io/hashicorp/aws\"]",
      "instances": [
        {
          "schema_version": 1,
          "attributes": {
            "arn": "arn:aws:ec2:eu-west-2:975050182993:subnet/subnet-00fd000225080dfe1",
            "assign_ipv6_address_on_creation": false,
            "availability_zone": "eu-west-2b",
            "availability_zone_id": "euw2-az3",
            "cidr_block": "10.0.1.0/24",
            "customer_owned_ipv4_pool": "",
            "enable_dns64": false,
            "enable_lni_at_device_index": 0,
            "enable_resource_name_dns_a_record_on_launch": false,
            "enable_resource_name_dns_aaaa_record_on_launch": false,
            "id": "subnet-00fd000225080dfe1",
            "ipv6_cidr_block": "",
            "ipv6_cidr_block_association_id": "",
            "ipv6_native": false,
            "map_customer_owned_ip_on_launch": false,
            "map_public_ip_on_launch": true,
            "outpost_arn": "",
            "owner_id": "975050182993",
            "private_dns_hostname_type_on_launch": "ip-name",
            "tags": {
              "Name": "PublicSubnet"
            },
            "tags_all": {
              "Name": "PublicSubnet",
              "hashicorp-learn": "refresh"
            },
            "timeouts": null,
            "vpc_id": "vpc-009f2690b22f8f691"
          },
          "sensitive_attributes": [],
          "private": "eyJlMmJmYjczMC1lY2FhLTExZTYtOGY4OC0zNDM2M2JjN2M0YzAiOnsiY3JlYXRlIjo2MDAwMDAwMDAwMDAsImRlbGV0ZSI6MTIwMDAwMDAwMDAwMH0sInNjaGVtYV92ZXJzaW9uIjoiMSJ9",
          "dependencies": [
            "aws_vpc.my_vpc"
          ]
        }
      ]
    },
    {
      "mode": "managed",
      "type": "aws_vpc",
      "name": "my_vpc",
      "provider": "provider[\"registry.terraform.io/hashicorp/aws\"]",
      "instances": [
        {
          "schema_version": 1,
          "attributes": {
            "arn": "arn:aws:ec2:eu-west-2:975050182993:vpc/vpc-009f2690b22f8f691",
            "assign_generated_ipv6_cidr_block": false,
            "cidr_block": "10.0.0.0/16",
            "default_network_acl_id": "acl-0c71d2ef63cb9f478",
            "default_route_table_id": "rtb-082a0c2702d29a8dd",
            "default_security_group_id": "sg-07ae945877dff8e24",
            "dhcp_options_id": "dopt-08c1eb934127221fc",
            "enable_dns_hostnames": true,
            "enable_dns_support": true,
            "enable_network_address_usage_metrics": false,
            "id": "vpc-009f2690b22f8f691",
            "instance_tenancy": "default",
            "ipv4_ipam_pool_id": null,
            "ipv4_netmask_length": null,
            "ipv6_association_id": "",
            "ipv6_cidr_block": "",
            "ipv6_cidr_block_network_border_group": "",
            "ipv6_ipam_pool_id": "",
            "ipv6_netmask_length": 0,
            "main_route_table_id": "rtb-082a0c2702d29a8dd",
            "owner_id": "975050182993",
            "tags": {
              "Name": "vpc-1"
            },
            "tags_all": {
              "Name": "vpc-1",
              "hashicorp-learn": "refresh"
            }
          },
          "sensitive_attributes": [],
          "private": "eyJzY2hlbWFfdmVyc2lvbiI6IjEifQ=="
        }
      ]
    },
    {
      "mode": "managed",
      "type": "null_resource",
      "name": "my_instance",
      "provider": "provider[\"registry.terraform.io/hashicorp/null\"]",
      "instances": [
        {
          "schema_version": 0,
          "attributes": {
            "id": "7502824333035207689",
            "triggers": {
              "id": "igw-0b06a7659fe442ef9"
            }
          },
          "sensitive_attributes": [],
          "dependencies": [
            "aws_internet_gateway.my_igw",
            "aws_vpc.my_vpc"
          ]
        }
      ]
    },
    {
      "mode": "managed",
      "type": "tls_private_key",
      "name": "example",
      "provider": "provider[\"registry.terraform.io/hashicorp/tls\"]",
      "instances": [
        {
          "schema_version": 1,
          "attributes": {
            "algorithm": "RSA",
            "ecdsa_curve": "P224",
            "id": "f95d742a1defc3548a26c376543afb47ccfac4b1",
            "private_key_openssh": "-----BEGIN OPENSSH PRIVATE KEY-----\nb3BlbnNzaC1rZXktdjEAAAAABG5vbmUAAAAEbm9uZQAAAAAAAAABAAACFwAAAAdz\nc2gtcnNhAAAAAwEAAQAAAgEAz2TLhRKwlr8t3CgSFkEuObx8rSShTnA6txs6Fp3X\nhA9px+UsJLY158lAnjq2nD61crD6N/NFSdw4aWpTzl2YJB9RUgzBS8VZxvFNa6jG\n0c1cGTgIxRNBCUEUf+bpJ3v2ZnV/FXj3e3UQcU4AUPNDuArYKVROVAGLTWr8J4G/\nJcdH+p8vFV4bBIm2xJ6KKXuPdh6Bjl5E6swEGBFN07MD38KgB3x8WX5ZwysqwclJ\nZ8Y5H8/tI0u3xISn1JW/N8ArJNpEbzkM8RRXqJggQIxZL0JolLLOszX2XDECxl4l\nP0e6EXj/tcJE4d9UaL+qxHxEZcXot5qT5OFhz5kV+gPyhWugqGwVpuvj20qQBSn2\nSTMxscP+UxERdsf4kHRSunhS6DgMgy2rqt6HAGIjCCwmdN0ei3lKIV9OYYiYP8Wr\ntr+bxt4NABh3JNuV/Ik6zzpiUrqCd7ePMj7GwbZ1noB3hlgyGIKebK3FXFbcdfOH\nBALqJS/OjyGMIoUUnfvq6kZBoNQaON/3CxXQ/4NTCmX6deGcR0hlg/rUuHiw4FiU\nGFbg/s7gcZLRrUHWMfqYYz0v5badLgQULz7haeRVbMDtrBYo3i4LmrsV7Hj713cl\nNe1jf2S4FMhbGkLnOPvN8LDQPCIW96z8R5FgvzSZakOs9Xcxq834IadXyIc8relT\nrp8AAAc4g/+NjIP/jYwAAAAHc3NoLXJzYQAAAgEAz2TLhRKwlr8t3CgSFkEuObx8\nrSShTnA6txs6Fp3XhA9px+UsJLY158lAnjq2nD61crD6N/NFSdw4aWpTzl2YJB9R\nUgzBS8VZxvFNa6jG0c1cGTgIxRNBCUEUf+bpJ3v2ZnV/FXj3e3UQcU4AUPNDuArY\nKVROVAGLTWr8J4G/JcdH+p8vFV4bBIm2xJ6KKXuPdh6Bjl5E6swEGBFN07MD38Kg\nB3x8WX5ZwysqwclJZ8Y5H8/tI0u3xISn1JW/N8ArJNpEbzkM8RRXqJggQIxZL0Jo\nlLLOszX2XDECxl4lP0e6EXj/tcJE4d9UaL+qxHxEZcXot5qT5OFhz5kV+gPyhWug\nqGwVpuvj20qQBSn2STMxscP+UxERdsf4kHRSunhS6DgMgy2rqt6HAGIjCCwmdN0e\ni3lKIV9OYYiYP8Wrtr+bxt4NABh3JNuV/Ik6zzpiUrqCd7ePMj7GwbZ1noB3hlgy\nGIKebK3FXFbcdfOHBALqJS/OjyGMIoUUnfvq6kZBoNQaON/3CxXQ/4NTCmX6deGc\nR0hlg/rUuHiw4FiUGFbg/s7gcZLRrUHWMfqYYz0v5badLgQULz7haeRVbMDtrBYo\n3i4LmrsV7Hj713clNe1jf2S4FMhbGkLnOPvN8LDQPCIW96z8R5FgvzSZakOs9Xcx\nq834IadXyIc8relTrp8AAAADAQABAAACAHMxJ/2c2OqR+3Xp58nmoDc/YvyEePfp\nTCOCAuym9RqLuRRnTPKDJkO8u6BnOiBkkEHI3OIQw+53W/npLe1UfPmrT27EWOSu\nE+R1CKyAjRXg+4OiZPSZcikitbEo312n878LCfAyRTuUVPKqAXD0/SsPEus5wVvV\nk7sHblC/Nx1Tp74jhnJW16jYmORyrojF8XQJE6qw35SOhsObcN/h8YfqQRqHYUYP\n8Ol/Y3tJQvVZ20a5JZzSJJsJl3JzTkc3/H62oQYp6O9KfjnNbTSM/8hJGW9mNXrC\nwTiJnGHzzrpsK4Qi8dzRr5LJice4lbAW2aKxn0XDnNum973n6JX6dUv3pugMkb1T\n2x0NXejXFDJujf6dRTQ6LfBmSvWIASTKafQseRmXRKaijZUWWGjhDx3xZejvfB2t\nXH9Hsux97be3g1OcIvZOj38L8gBTPXDlb+zcJsJc1gDnClcN8mZmi1YBKxuZhnWZ\nEjzJAR97vtSLCtFFns9HYXyMZREaqZbAD6t/39QoFf1ybFcRM/uWvLpmxxZ2U4Fp\nB+Ymozw1FHVUBy2jWoHeDJWrdUsRDmtWppUG5CPrVN4iJydSIEhVkkO1F6vKwlZw\no+Dqa0Pud0tY3+J/uKZqcmmVodKgsBIKUFACaN5Rdb+8Njds/5VcZ0odAU27VSkR\nFaxMoX55YMzRAAABADzhGjFlO6yceVUcAPAoGfUvgtDGzKwZbfzFWK11Hy9KxNhT\nXf1+E8HC/MFm/dIkgvQbS6Ltec5qXzHaOZgRGFV8E2IhyBPW9VRuNBgWmXHE5M0q\nsRQfk9qLxt6lLfXu/RI0ujuJCYv2CGhai6Lv7vUfdztj95ckVH47xYm7hCimdN4w\niX27hnnas/b5JPshov0QnX+aKBWSeYi2R4BqZfRkd7kZGlIW2t9DmgD1swQh6tTI\nF7lBoxy4x7wHjzBtOpDDYxgU/bfiaR9riSZuh4pFXEoECpQJnj8g+lRaqHSKTNZx\n2k688iGH1UAqXhslHmU9PUyhSUA7WuO94URGVewAAAEBANsg6/WWmgu5RlkFx/rq\nfmLqRSgRPi8E39nNZLBPvZfcdNOvmYf67Mufh7xbRWWYlOKca3wg5P+Ip9D4vdvs\naJtP0+lYO273t9aLbvERhYcidF3NDH1/v73mUgZNzQH3WrCwapOWjUffyQVAE1Nr\n+mLnRAnk0Yh6arSODSsZYrw/xVKlD3JDl29C9SJkD2Vm4UJ/3nvMQHGu7vd2kcRq\no6OA1B89iadQXMDE3abexUQf1U2fad8h1+94Db4zpGujThowADn+1w1YoI2MkxDL\n1/r9kXyIxH9vXTSLsWD0TE+mvIET/kfuPZ2xhLNyKF+wmAVddg2uMOU86OxAiOMM\n7bkAAAEBAPJKYz3kF0QSIScNeeQIw7nu0TCg21v32lZ9gwy4AXyDxEXhh3z7pjQD\nUQodCBn0tUdpp9TJGozWT67J2bfiKYNzJhvo6cGdUWKDc50V+2JTGeTfdQiIcOK1\nOeuoGcjPkRIGL4BHORcd5ubP05nPH7Hda7RpGQsy3vscntdIpADQ5C4owCJqAwSQ\nPQSQkSPO9t2mZdJJ1meHXZcTbIBBJ0fOScuay6wi/GC5Zue5865KdaEnYWTR3hJz\nD9WYbeK8iQPqoF8PREJPw6S9a4EAcFm3Cu8aoRc6fcSRGoJHn16XuI+rbqD3cPJ3\n2RXDSLLJdxdSPTcoU/mRN+DvMlE+axcAAAAAAQID\n-----END OPENSSH PRIVATE KEY-----\n",
            "private_key_pem": "-----BEGIN RSA PRIVATE KEY-----\nMIIJKAIBAAKCAgEAz2TLhRKwlr8t3CgSFkEuObx8rSShTnA6txs6Fp3XhA9px+Us\nJLY158lAnjq2nD61crD6N/NFSdw4aWpTzl2YJB9RUgzBS8VZxvFNa6jG0c1cGTgI\nxRNBCUEUf+bpJ3v2ZnV/FXj3e3UQcU4AUPNDuArYKVROVAGLTWr8J4G/JcdH+p8v\nFV4bBIm2xJ6KKXuPdh6Bjl5E6swEGBFN07MD38KgB3x8WX5ZwysqwclJZ8Y5H8/t\nI0u3xISn1JW/N8ArJNpEbzkM8RRXqJggQIxZL0JolLLOszX2XDECxl4lP0e6EXj/\ntcJE4d9UaL+qxHxEZcXot5qT5OFhz5kV+gPyhWugqGwVpuvj20qQBSn2STMxscP+\nUxERdsf4kHRSunhS6DgMgy2rqt6HAGIjCCwmdN0ei3lKIV9OYYiYP8Wrtr+bxt4N\nABh3JNuV/Ik6zzpiUrqCd7ePMj7GwbZ1noB3hlgyGIKebK3FXFbcdfOHBALqJS/O\njyGMIoUUnfvq6kZBoNQaON/3CxXQ/4NTCmX6deGcR0hlg/rUuHiw4FiUGFbg/s7g\ncZLRrUHWMfqYYz0v5badLgQULz7haeRVbMDtrBYo3i4LmrsV7Hj713clNe1jf2S4\nFMhbGkLnOPvN8LDQPCIW96z8R5FgvzSZakOs9Xcxq834IadXyIc8relTrp8CAwEA\nAQKCAgBzMSf9nNjqkft16efJ5qA3P2L8hHj36UwjggLspvUai7kUZ0zygyZDvLug\nZzogZJBByNziEMPud1v56S3tVHz5q09uxFjkrhPkdQisgI0V4PuDomT0mXIpIrWx\nKN9dp/O/CwnwMkU7lFTyqgFw9P0rDxLrOcFb1ZO7B25QvzcdU6e+I4ZyVteo2Jjk\ncq6IxfF0CROqsN+UjobDm3Df4fGH6kEah2FGD/Dpf2N7SUL1WdtGuSWc0iSbCZdy\nc05HN/x+tqEGKejvSn45zW00jP/ISRlvZjV6wsE4iZxh8866bCuEIvHc0a+SyYnH\nuJWwFtmisZ9Fw5zbpve95+iV+nVL96boDJG9U9sdDV3o1xQybo3+nUU0Oi3wZkr1\niAEkymn0LHkZl0Smoo2VFlho4Q8d8WXo73wdrVx/R7Lsfe23t4NTnCL2To9/C/IA\nUz1w5W/s3CbCXNYA5wpXDfJmZotWASsbmYZ1mRI8yQEfe77UiwrRRZ7PR2F8jGUR\nGqmWwA+rf9/UKBX9cmxXETP7lry6ZscWdlOBaQfmJqM8NRR1VActo1qB3gyVq3VL\nEQ5rVqaVBuQj61TeIicnUiBIVZJDtRerysJWcKPg6mtD7ndLWN/if7imanJplaHS\noLASClBQAmjeUXW/vDY3bP+VXGdKHQFNu1UpERWsTKF+eWDM0QKCAQEA2yDr9Zaa\nC7lGWQXH+up+YupFKBE+LwTf2c1ksE+9l9x006+Zh/rsy5+HvFtFZZiU4pxrfCDk\n/4in0Pi92+xom0/T6Vg7bve31otu8RGFhyJ0Xc0MfX+/veZSBk3NAfdasLBqk5aN\nR9/JBUATU2v6YudECeTRiHpqtI4NKxlivD/FUqUPckOXb0L1ImQPZWbhQn/ee8xA\nca7u93aRxGqjo4DUHz2Jp1BcwMTdpt7FRB/VTZ9p3yHX73gNvjOka6NOGjAAOf7X\nDVigjYyTEMvX+v2RfIjEf29dNIuxYPRMT6a8gRP+R+49nbGEs3IoX7CYBV12Da4w\n5Tzo7ECI4wztuQKCAQEA8kpjPeQXRBIhJw155AjDue7RMKDbW/faVn2DDLgBfIPE\nReGHfPumNANRCh0IGfS1R2mn1MkajNZPrsnZt+Ipg3MmG+jpwZ1RYoNznRX7YlMZ\n5N91CIhw4rU566gZyM+REgYvgEc5Fx3m5s/Tmc8fsd1rtGkZCzLe+xye10ikANDk\nLijAImoDBJA9BJCRI8723aZl0knWZ4ddlxNsgEEnR85Jy5rLrCL8YLlm57nzrkp1\noSdhZNHeEnMP1Zht4ryJA+qgXw9EQk/DpL1rgQBwWbcK7xqhFzp9xJEagkefXpe4\nj6tuoPdw8nfZFcNIssl3F1I9NyhT+ZE34O8yUT5rFwKCAQEAhqqQ2HkZaqMOTJ90\n6ws5aOi4X4tZP+Qq/dtwSbp3teBSG9YK8LqQ1ALSlDszRuCifzHKDJraoQAGwjJb\n29BJ6UkB3qHOxL+QR1WhdJ1kBkxyX0MorefYmof1WNJvbwnovjVtCg63/LfW/lcG\niXoOgsHF2p649rrk4Nl71kTfnPlD9yphd8N6SXJI3D3KCHNVdFzJCiPYZwUu7v37\nT06KCm2d7yUOd7i3h/B0l5zIdrlpiS6zDeHqpsyNBZsPLOdLlGRzfzDSUO1qnhMK\nPoRH04QJ6RLUT8zM5wICnKcGTt0Vc+4pk2MikssJ1o4NqeEJTCLH7lhizD7GloqC\nlabYYQKCAQASjiXZiI1LlkPZtMt/7jfnFmYI3ljOS0X6V7RglfrvKTwvydzRcohA\n9XwQVTbYnggABxRmVFxnKsaBcU3uKjDZs0jY3FaCkGS6Maz5+8P7vLd/8qkI1UIn\n6o8cAAyxd0v54GVk4o95uL2FMadX4SfhPD7SWzYiyGuROZjkjdiZg2XmLxK/z/SZ\nNd6madfjsSbwxJyJpUP5O8GsHz2w+MxkUGUQZbNxZGCFm81Is9H4qBUoGVb5HKVw\nLkWpKvpHYf7wQNi1TvsARRGLnUINaBYymLUKqLRrjfwxwJcSISAQY3gr8IoRY8HP\nn+QNKZ54qrsnGxI7FiiQNVHdNRRaanhTAoIBADzhGjFlO6yceVUcAPAoGfUvgtDG\nzKwZbfzFWK11Hy9KxNhTXf1+E8HC/MFm/dIkgvQbS6Ltec5qXzHaOZgRGFV8E2Ih\nyBPW9VRuNBgWmXHE5M0qsRQfk9qLxt6lLfXu/RI0ujuJCYv2CGhai6Lv7vUfdztj\n95ckVH47xYm7hCimdN4wiX27hnnas/b5JPshov0QnX+aKBWSeYi2R4BqZfRkd7kZ\nGlIW2t9DmgD1swQh6tTIF7lBoxy4x7wHjzBtOpDDYxgU/bfiaR9riSZuh4pFXEoE\nCpQJnj8g+lRaqHSKTNZx2k688iGH1UAqXhslHmU9PUyhSUA7WuO94URGVew=\n-----END RSA PRIVATE KEY-----\n",
            "private_key_pem_pkcs8": "-----BEGIN PRIVATE KEY-----\nMIIJQgIBADANBgkqhkiG9w0BAQEFAASCCSwwggkoAgEAAoICAQDPZMuFErCWvy3c\nKBIWQS45vHytJKFOcDq3GzoWndeED2nH5SwktjXnyUCeOracPrVysPo380VJ3Dhp\nalPOXZgkH1FSDMFLxVnG8U1rqMbRzVwZOAjFE0EJQRR/5ukne/ZmdX8VePd7dRBx\nTgBQ80O4CtgpVE5UAYtNavwngb8lx0f6ny8VXhsEibbEnoope492HoGOXkTqzAQY\nEU3TswPfwqAHfHxZflnDKyrByUlnxjkfz+0jS7fEhKfUlb83wCsk2kRvOQzxFFeo\nmCBAjFkvQmiUss6zNfZcMQLGXiU/R7oReP+1wkTh31Rov6rEfERlxei3mpPk4WHP\nmRX6A/KFa6CobBWm6+PbSpAFKfZJMzGxw/5TERF2x/iQdFK6eFLoOAyDLauq3ocA\nYiMILCZ03R6LeUohX05hiJg/xau2v5vG3g0AGHck25X8iTrPOmJSuoJ3t48yPsbB\ntnWegHeGWDIYgp5srcVcVtx184cEAuolL86PIYwihRSd++rqRkGg1Bo43/cLFdD/\ng1MKZfp14ZxHSGWD+tS4eLDgWJQYVuD+zuBxktGtQdYx+phjPS/ltp0uBBQvPuFp\n5FVswO2sFijeLguauxXsePvXdyU17WN/ZLgUyFsaQuc4+83wsNA8Ihb3rPxHkWC/\nNJlqQ6z1dzGrzfghp1fIhzyt6VOunwIDAQABAoICAHMxJ/2c2OqR+3Xp58nmoDc/\nYvyEePfpTCOCAuym9RqLuRRnTPKDJkO8u6BnOiBkkEHI3OIQw+53W/npLe1UfPmr\nT27EWOSuE+R1CKyAjRXg+4OiZPSZcikitbEo312n878LCfAyRTuUVPKqAXD0/SsP\nEus5wVvVk7sHblC/Nx1Tp74jhnJW16jYmORyrojF8XQJE6qw35SOhsObcN/h8Yfq\nQRqHYUYP8Ol/Y3tJQvVZ20a5JZzSJJsJl3JzTkc3/H62oQYp6O9KfjnNbTSM/8hJ\nGW9mNXrCwTiJnGHzzrpsK4Qi8dzRr5LJice4lbAW2aKxn0XDnNum973n6JX6dUv3\npugMkb1T2x0NXejXFDJujf6dRTQ6LfBmSvWIASTKafQseRmXRKaijZUWWGjhDx3x\nZejvfB2tXH9Hsux97be3g1OcIvZOj38L8gBTPXDlb+zcJsJc1gDnClcN8mZmi1YB\nKxuZhnWZEjzJAR97vtSLCtFFns9HYXyMZREaqZbAD6t/39QoFf1ybFcRM/uWvLpm\nxxZ2U4FpB+Ymozw1FHVUBy2jWoHeDJWrdUsRDmtWppUG5CPrVN4iJydSIEhVkkO1\nF6vKwlZwo+Dqa0Pud0tY3+J/uKZqcmmVodKgsBIKUFACaN5Rdb+8Njds/5VcZ0od\nAU27VSkRFaxMoX55YMzRAoIBAQDbIOv1lpoLuUZZBcf66n5i6kUoET4vBN/ZzWSw\nT72X3HTTr5mH+uzLn4e8W0VlmJTinGt8IOT/iKfQ+L3b7GibT9PpWDtu97fWi27x\nEYWHInRdzQx9f7+95lIGTc0B91qwsGqTlo1H38kFQBNTa/pi50QJ5NGIemq0jg0r\nGWK8P8VSpQ9yQ5dvQvUiZA9lZuFCf957zEBxru73dpHEaqOjgNQfPYmnUFzAxN2m\n3sVEH9VNn2nfIdfveA2+M6Rro04aMAA5/tcNWKCNjJMQy9f6/ZF8iMR/b100i7Fg\n9ExPpryBE/5H7j2dsYSzcihfsJgFXXYNrjDlPOjsQIjjDO25AoIBAQDySmM95BdE\nEiEnDXnkCMO57tEwoNtb99pWfYMMuAF8g8RF4Yd8+6Y0A1EKHQgZ9LVHaafUyRqM\n1k+uydm34imDcyYb6OnBnVFig3OdFftiUxnk33UIiHDitTnrqBnIz5ESBi+ARzkX\nHebmz9OZzx+x3Wu0aRkLMt77HJ7XSKQA0OQuKMAiagMEkD0EkJEjzvbdpmXSSdZn\nh12XE2yAQSdHzknLmsusIvxguWbnufOuSnWhJ2Fk0d4Scw/VmG3ivIkD6qBfD0RC\nT8OkvWuBAHBZtwrvGqEXOn3EkRqCR59el7iPq26g93Dyd9kVw0iyyXcXUj03KFP5\nkTfg7zJRPmsXAoIBAQCGqpDYeRlqow5Mn3TrCzlo6Lhfi1k/5Cr923BJune14FIb\n1grwupDUAtKUOzNG4KJ/McoMmtqhAAbCMlvb0EnpSQHeoc7Ev5BHVaF0nWQGTHJf\nQyit59iah/VY0m9vCei+NW0KDrf8t9b+VwaJeg6CwcXanrj2uuTg2XvWRN+c+UP3\nKmF3w3pJckjcPcoIc1V0XMkKI9hnBS7u/ftPTooKbZ3vJQ53uLeH8HSXnMh2uWmJ\nLrMN4eqmzI0Fmw8s50uUZHN/MNJQ7WqeEwo+hEfThAnpEtRPzMznAgKcpwZO3RVz\n7imTYyKSywnWjg2p4QlMIsfuWGLMPsaWioKVpthhAoIBABKOJdmIjUuWQ9m0y3/u\nN+cWZgjeWM5LRfpXtGCV+u8pPC/J3NFyiED1fBBVNtieCAAHFGZUXGcqxoFxTe4q\nMNmzSNjcVoKQZLoxrPn7w/u8t3/yqQjVQifqjxwADLF3S/ngZWTij3m4vYUxp1fh\nJ+E8PtJbNiLIa5E5mOSN2JmDZeYvEr/P9Jk13qZp1+OxJvDEnImlQ/k7wawfPbD4\nzGRQZRBls3FkYIWbzUiz0fioFSgZVvkcpXAuRakq+kdh/vBA2LVO+wBFEYudQg1o\nFjKYtQqotGuN/DHAlxIhIBBjeCvwihFjwc+f5A0pnniquycbEjsWKJA1Ud01FFpq\neFMCggEAPOEaMWU7rJx5VRwA8CgZ9S+C0MbMrBlt/MVYrXUfL0rE2FNd/X4TwcL8\nwWb90iSC9BtLou15zmpfMdo5mBEYVXwTYiHIE9b1VG40GBaZccTkzSqxFB+T2ovG\n3qUt9e79EjS6O4kJi/YIaFqLou/u9R93O2P3lyRUfjvFibuEKKZ03jCJfbuGedqz\n9vkk+yGi/RCdf5ooFZJ5iLZHgGpl9GR3uRkaUhba30OaAPWzBCHq1MgXuUGjHLjH\nvAePMG06kMNjGBT9t+JpH2uJJm6HikVcSgQKlAmePyD6VFqodIpM1nHaTrzyIYfV\nQCpeGyUeZT09TKFJQDta473hREZV7A==\n-----END PRIVATE KEY-----\n",
            "public_key_fingerprint_md5": "31:7b:1c:77:c9:9e:51:2c:89:ec:b9:d5:eb:6f:76:a1",
            "public_key_fingerprint_sha256": "SHA256:BaHFM+xdnHXpexVBt1yliuPEBuFZNzcDcF6B/ygwY/Q",
            "public_key_openssh": "ssh-rsa AAAAB3NzaC1yc2EAAAADAQABAAACAQDPZMuFErCWvy3cKBIWQS45vHytJKFOcDq3GzoWndeED2nH5SwktjXnyUCeOracPrVysPo380VJ3DhpalPOXZgkH1FSDMFLxVnG8U1rqMbRzVwZOAjFE0EJQRR/5ukne/ZmdX8VePd7dRBxTgBQ80O4CtgpVE5UAYtNavwngb8lx0f6ny8VXhsEibbEnoope492HoGOXkTqzAQYEU3TswPfwqAHfHxZflnDKyrByUlnxjkfz+0jS7fEhKfUlb83wCsk2kRvOQzxFFeomCBAjFkvQmiUss6zNfZcMQLGXiU/R7oReP+1wkTh31Rov6rEfERlxei3mpPk4WHPmRX6A/KFa6CobBWm6+PbSpAFKfZJMzGxw/5TERF2x/iQdFK6eFLoOAyDLauq3ocAYiMILCZ03R6LeUohX05hiJg/xau2v5vG3g0AGHck25X8iTrPOmJSuoJ3t48yPsbBtnWegHeGWDIYgp5srcVcVtx184cEAuolL86PIYwihRSd++rqRkGg1Bo43/cLFdD/g1MKZfp14ZxHSGWD+tS4eLDgWJQYVuD+zuBxktGtQdYx+phjPS/ltp0uBBQvPuFp5FVswO2sFijeLguauxXsePvXdyU17WN/ZLgUyFsaQuc4+83wsNA8Ihb3rPxHkWC/NJlqQ6z1dzGrzfghp1fIhzyt6VOunw==\n",
            "public_key_pem": "-----BEGIN PUBLIC KEY-----\nMIICIjANBgkqhkiG9w0BAQEFAAOCAg8AMIICCgKCAgEAz2TLhRKwlr8t3CgSFkEu\nObx8rSShTnA6txs6Fp3XhA9px+UsJLY158lAnjq2nD61crD6N/NFSdw4aWpTzl2Y\nJB9RUgzBS8VZxvFNa6jG0c1cGTgIxRNBCUEUf+bpJ3v2ZnV/FXj3e3UQcU4AUPND\nuArYKVROVAGLTWr8J4G/JcdH+p8vFV4bBIm2xJ6KKXuPdh6Bjl5E6swEGBFN07MD\n38KgB3x8WX5ZwysqwclJZ8Y5H8/tI0u3xISn1JW/N8ArJNpEbzkM8RRXqJggQIxZ\nL0JolLLOszX2XDECxl4lP0e6EXj/tcJE4d9UaL+qxHxEZcXot5qT5OFhz5kV+gPy\nhWugqGwVpuvj20qQBSn2STMxscP+UxERdsf4kHRSunhS6DgMgy2rqt6HAGIjCCwm\ndN0ei3lKIV9OYYiYP8Wrtr+bxt4NABh3JNuV/Ik6zzpiUrqCd7ePMj7GwbZ1noB3\nhlgyGIKebK3FXFbcdfOHBALqJS/OjyGMIoUUnfvq6kZBoNQaON/3CxXQ/4NTCmX6\ndeGcR0hlg/rUuHiw4FiUGFbg/s7gcZLRrUHWMfqYYz0v5badLgQULz7haeRVbMDt\nrBYo3i4LmrsV7Hj713clNe1jf2S4FMhbGkLnOPvN8LDQPCIW96z8R5FgvzSZakOs\n9Xcxq834IadXyIc8relTrp8CAwEAAQ==\n-----END PUBLIC KEY-----\n",
            "rsa_bits": 4096
          },
          "sensitive_attributes": [
            [
              {
                "type": "get_attr",
                "value": "private_key_openssh"
              }
            ],
            [
              {
                "type": "get_attr",
                "value": "private_key_pem_pkcs8"
              }
            ],
            [
              {
                "type": "get_attr",
                "value": "private_key_pem"
              }
            ]
          ]
        }
      ]
    }
  ],
  "check_results": null
}
