{
  "version": 4,
  "terraform_version": "1.13.0",
  "serial": 1368,
  "lineage": "8047b918-143c-30ca-8822-32d947294593",
  "outputs": {
    "ami": {
      "value": [
        "ami-0d1b5a8c13042c939",
        "ami-0d1b5a8c13042c939"
      ],
      "type": [
        "tuple",
        [
          "string",
          "string"
        ]
      ]
    },
    "aws_lb": {
      "value": "subnet-0a76f51b485018b12",
      "type": "string"
    },
    "ec2_key": {
      "value": [
        "private",
        "private"
      ],
      "type": [
        "tuple",
        [
          "string",
          "string"
        ]
      ]
    },
    "instance_id": {
      "value": [
        "i-0825f921075a2560f",
        "i-03c16a8983f5bbc0a"
      ],
      "type": [
        "tuple",
        [
          "string",
          "string"
        ]
      ]
    },
    "jenkins_url": {
      "value": "http://18.119.19.161,3.16.41.129:8080",
      "type": "string"
    },
    "private_key_pem": {
      "value": "-----BEGIN RSA PRIVATE KEY-----\nMIIJKAIBAAKCAgEAxsER324khzHfbsqDZNIXkfmg18JNxVf+5x96rpadqLEB1RmM\nxNis2Bo3fzvMkF555lG5C+woUja+nxw+svm1nXeEcPsXSbzdFDIl2oYTU1TZKiX9\nIQN2drGChOGzClf8x0z4jdI8NaVpX9pJOJKCL6eLJqNgKU8wxOBMsxtiAsCQOIBi\n0pcPF/9Tu2bUaYaMfIs0scL+pwwBSMNF77yR1EZsdxBt4lqCV4JMZx/0BUxy6GgH\neUIAn0GB/yrGmT4b7Zvtm25FBJvz3fkW5iawBXqAkDpaFJKPWLcyO7Sm9UGK5yd4\nwADC5A18O9I7iPbnytfmY+IQ8R29u9G2+D/LOV078Co0fbuOo/VE8Wz6SC6zZLz3\nie27hJtvCHajk6ZX9j/riHxO958OVIt8KdkLoWrJgvpiwd27I9Tz5cB3epkvRzRt\nQSatM3IDqgottbwk+iu0KP9ydCrbF7j9eS0QDtXZ+lrGF09AUycSJ6P2AvPuVH5Y\n9phSwctSSq6m6LQQ79h3D13QvAKwcQ/BYSHs1HkoOz5+PFud/g0eZOk7dd4vAaHq\n1Iw3wuj59fuWlZwurOQOB88kf7e8IhLc9dtGpZ04U5smm9ltBLuOGsOPQ+07VMc+\nRKCRVAVSgpTysEAbO6UzW5uEq8GqAzxt+1WfFIb174Q2p+1Hh+SOkXqHA80CAwEA\nAQKCAgBI0RJlu9opJ+X2lr5V0Tzub7j0Y00P6IHMlnVhgm/njlYgBzjSI5oLoGtF\ns5hqKhrZ/YXgrthE6qai73uvIZpewxtkMzHgg4+xpv/EVEu/Q34+mWVoU3by3Gz3\nlyL7vqmvMO19NBF4DA6TngsmbVLB982czc1cxRUWhCDFm9ooLPmJocvS4KIYhiRc\nq7tVoARXWr7nA4w9kkHkMRqtzvXUgiqZ4oyHmeZX/jZUr9m8mToeGILoc3x73Emu\nvTK+kQk1X+PJBrjFjAdoAyrXDkR99VglvyMil2FqPM/sHO7wOt+TeZwdKAo++AvU\ndNz3/JGGeNwBKyFO3TkWlypEQEcJK2OGb28zT2YhFS0vX91vgzKF8L/PqQcjVfXW\nM/5ggIeQ6ySCtauVtdy3RCSjI00ARtLTSGt1XPd2dpg8yhQtCO6hYdY/3Jv/gnS9\n8a7dqF+iQSXMK3Dbg64GCrrLW0xLf0Cv9SdWT5tYY+WSwT/z5qjntDodpx69omTp\nQ4jX53TXTluH3Ba9qHJhDzhNf6Aec6SeW3bP7esruIo605I1AW8UOQzXOCsM+H+4\nlvKdx0AdOoxv6IRHg5k/kLap/LPFxOvnF9Ktj0r46BOUP8c1FYwC7vlyREsC29+P\ndP3GQBjist4dMUB3h9gsPsufBU2fCwNVsNQuIwiDkJ2sCWAdpwKCAQEA3MYpwjpv\nbLvZ06uQZrgJolGVgZs4wIwYGzuLlf6JiGO0fQqkdlVHbRHLZc2VKjTxEQ0/MFFm\n94E8JPJwx9LnWSEgkv5jUV+dhyLLYz0XETrdWqJE8Tr3oCaypawcaNjDQ0R/k27o\nIY2NteZagDJxgE4ZUoZG1J9AgnT4iQnudSNZz1HZQRGNlDvvKYiG4FFqnGqwcKqF\n+rqyqeme+N1Zcm1+w1h3YrXRWt45J42ZEadZbYwgfZ9sx7pXbzD30b/BmdohgzGl\nIks3qHHC8KEiwHScwUUg8tELLpjreEaOizCafwwXx3TWH0hlbqeDWb7h7t8SACVq\ntfcDgBSzjuGQEwKCAQEA5nd431z0OkMq0lnX9WNfWpsrawBHQHxR1Cg/kUagpkRg\nhjOn9P+QddsxvHyA8sEMrLd4mddKyNU5eESXaVcxywRHpVV+gtbc6o+p5bbod6t4\n0OuJRtZGssRIv8hkXLaG7W1yZmi+t2AGA4+PCRHEWy9x0V+yuzciqG11dGjaBaTT\nZhUapqn/qRyZYZ1qC3gyNC3BIv5GuTizckhhzbSBIJqX3epT8H1aI152/YeICJTO\n8BWgRyub2X8osdFgYovprDAxvqIRYvy3bMicYzFgVXo4HIeqm+/xKpZ6Drf8OHEI\nEmzjHr9azgIQBrN8qPSzyhsnkol8TQVPykTb7nhYnwKCAQB0ePso5AlK1SQLPtT0\nzB0RDHeSo+Bh/Mbu/xAaNuo6EVf0K/wuDbmb+ipTcA1E8h9H/rQaeqeW5hBj8Z+8\nXDD/XbHAuwKMuKPz2lBw75bO2T5UhY1XsuNXE3NmYhGu4sTJJUck8fr3UKW1lGyk\ne3hT12AWoI6Xt9ihurIwIhQyqk7ESIsUf/0wehon0EZP68QR91tUZTI/3+VILN9Y\nrfZ1nvykdHSvl/p2NQz0KAjcPmy4lZfCjqwmBtH/8FadysuJroHFpBhZqlMXw8Sz\njF84J41XjW/fipeaosR/dMHY/vBTHH8jFCmu4VPZ9/gdDc5GZlspxpOwojuvg7xj\nIe8PAoIBAHMXRq2E5hISaNgTNd29emjtBImy4eI6M0MXtmb+NkvR6cIbGc0nsySo\nCfZu1pZkAche90McWKRilwiQeGyKtrsDsCPIxhzg4AHjLJ0i8oSQhQ0QEsXlS/kK\nPKpJkJUcMdVvyqmJtXQt59LvZibJUJ2Y2+YLPF5x8kTaJMW1dutKnKdl8qE4VAxH\n0/EDg2mm5KtaDhFDml31CugPbYgklDeL/Ds+Qhze/JydGB8UB8MBTTZoFlp0VKgQ\n8Gmcfd24sUDj8HOay8P7ID6bED4Y8lq9ZjgZKAInmPADpYCkMLie+cD5z5ITTW2D\nai1uhNp7GS3c0a5EKmbsOCRyrsIwJ1ECggEBAKY3mnx3JaHnAnwL2xXjkwAyBtKn\n/mpswA/R05R4QHtdu9zspIrd5Z2gzATq3CsEoqbyf/LtJzCsel85Tc3Mlmdkq+zw\no3acAS4pKx/brz/9zmdjr9h5/ik4iS/USmKw7IWO+45dfg71WIUhCM5xmsHvc7+w\nsmWhmDVuZtlnLzONHULqWk87iX6EYkc/9zBTtMmicUl42luZqLB4taPoXPgugOPe\nSgCpFYTjbOM/nw+YbhnMwWwAaQbyuIQH9XP8aq66tCOsRe44mzMZZgMoiBfzvqsA\ntbW2rAmc1QSmNslZ6MYnrFHZ9t1KUlYCthP6haosZAoZ+BcRmg9LIe6Ufcs=\n-----END RSA PRIVATE KEY-----\n",
      "type": "string",
      "sensitive": true
    },
    "public_ip": {
      "value": [
        "18.119.19.161",
        "3.16.41.129"
      ],
      "type": [
        "tuple",
        [
          "string",
          "string"
        ]
      ]
    },
    "subnet_id": {
      "value": "subnet-0a76f51b485018b12",
      "type": "string"
    },
    "target_id": {
      "value": [
        "i-0825f921075a2560f",
        "i-03c16a8983f5bbc0a"
      ],
      "type": [
        "tuple",
        [
          "string",
          "string"
        ]
      ]
    },
    "vpc_id": {
      "value": "vpc-0f7b617e1793fed6b",
      "type": "string"
    }
  },
  "resources": [
    {
      "mode": "data",
      "type": "aws_availability_zones",
      "name": "available",
      "provider": "provider[\"registry.terraform.io/hashicorp/aws\"]",
      "instances": [
        {
          "schema_version": 0,
          "attributes": {
            "all_availability_zones": null,
            "exclude_names": null,
            "exclude_zone_ids": null,
            "filter": null,
            "group_names": [
              "us-east-2-zg-1"
            ],
            "id": "us-east-2",
            "names": [
              "us-east-2a",
              "us-east-2b",
              "us-east-2c"
            ],
            "region": "us-east-2",
            "state": "available",
            "timeouts": null,
            "zone_ids": [
              "use2-az1",
              "use2-az2",
              "use2-az3"
            ]
          },
          "sensitive_attributes": [],
          "identity_schema_version": 0
        }
      ]
    },
    {
      "mode": "managed",
      "type": "aws_instance",
      "name": "my_instance",
      "provider": "provider[\"registry.terraform.io/hashicorp/aws\"]",
      "instances": [
        {
          "index_key": 0,
          "schema_version": 2,
          "attributes": {
            "ami": "ami-0d1b5a8c13042c939",
            "arn": "arn:aws:ec2:us-east-2:853463361937:instance/i-0825f921075a2560f",
            "associate_public_ip_address": true,
            "availability_zone": "us-east-2a",
            "capacity_reservation_specification": [
              {
                "capacity_reservation_preference": "open",
                "capacity_reservation_target": []
              }
            ],
            "cpu_options": [
              {
                "amd_sev_snp": "",
                "core_count": 1,
                "threads_per_core": 2
              }
            ],
            "credit_specification": [
              {
                "cpu_credits": "unlimited"
              }
            ],
            "disable_api_stop": false,
            "disable_api_termination": false,
            "ebs_block_device": [
              {
                "delete_on_termination": true,
                "device_name": "/dev/sda1",
                "encrypted": false,
                "iops": 3000,
                "kms_key_id": "",
                "snapshot_id": "",
                "tags": {},
                "tags_all": {
                  "hashicorp-learn": "refresh"
                },
                "throughput": 125,
                "volume_id": "vol-0958b987e14a7e282",
                "volume_size": 10,
                "volume_type": "gp3"
              }
            ],
            "ebs_optimized": false,
            "enable_primary_ipv6": null,
            "enclave_options": [
              {
                "enabled": false
              }
            ],
            "ephemeral_block_device": [],
            "force_destroy": false,
            "get_password_data": false,
            "hibernation": false,
            "host_id": "",
            "host_resource_group_arn": null,
            "iam_instance_profile": "",
            "id": "i-0825f921075a2560f",
            "instance_initiated_shutdown_behavior": "stop",
            "instance_lifecycle": "",
            "instance_market_options": [],
            "instance_state": "running",
            "instance_type": "t3.micro",
            "ipv6_address_count": 0,
            "ipv6_addresses": [],
            "key_name": "private",
            "launch_template": [],
            "maintenance_options": [
              {
                "auto_recovery": "default"
              }
            ],
            "metadata_options": [
              {
                "http_endpoint": "enabled",
                "http_protocol_ipv6": "disabled",
                "http_put_response_hop_limit": 2,
                "http_tokens": "required",
                "instance_metadata_tags": "disabled"
              }
            ],
            "monitoring": false,
            "network_interface": [],
            "outpost_arn": "",
            "password_data": "",
            "placement_group": "",
            "placement_partition_number": 0,
            "primary_network_interface_id": "eni-0b760c3a9fc25f3f1",
            "private_dns": "ip-10-0-0-26.us-east-2.compute.internal",
            "private_dns_name_options": [
              {
                "enable_resource_name_dns_a_record": false,
                "enable_resource_name_dns_aaaa_record": false,
                "hostname_type": "ip-name"
              }
            ],
            "private_ip": "10.0.0.26",
            "public_dns": "ec2-18-119-19-161.us-east-2.compute.amazonaws.com",
            "public_ip": "18.119.19.161",
            "region": "us-east-2",
            "root_block_device": [
              {
                "delete_on_termination": true,
                "device_name": "/dev/sda1",
                "encrypted": false,
                "iops": 3000,
                "kms_key_id": "",
                "tags": {},
                "tags_all": {
                  "hashicorp-learn": "refresh"
                },
                "throughput": 125,
                "volume_id": "vol-0958b987e14a7e282",
                "volume_size": 10,
                "volume_type": "gp3"
              }
            ],
            "secondary_private_ips": [],
            "security_groups": [],
            "source_dest_check": true,
            "spot_instance_request_id": "",
            "subnet_id": "subnet-0a76f51b485018b12",
            "tags": {
              "Name": "server-1"
            },
            "tags_all": {
              "Name": "server-1",
              "hashicorp-learn": "refresh"
            },
            "tenancy": "default",
            "timeouts": null,
            "user_data": "#!/bin/bash\nsudo apt-get update\nsudo apt-get install -y openjdk-17-jdk\n\nwget -q -O - https://pkg.jenkins.io/debian/jenkins.io.key | sudo apt-key add - \nsudo sh -c 'echo deb http://pkg.jenkins.io/debian-stable binary/ \u003e /etc/apt/sources.list.d/jenkins.list'\nsudo apt-key adv --keyserver keyserver.ubuntu.com --recv-keys 5BA31D57EF5975CA\nsudo apt-get update -y\nsudo apt-get install -y jenkins\nsudo systemctl start jenkins\nsudo systemctl enable jenkins\n",
            "user_data_base64": null,
            "user_data_replace_on_change": false,
            "volume_tags": null,
            "vpc_security_group_ids": [
              "sg-0a25aaad47e4eda21"
            ]
          },
          "sensitive_attributes": [],
          "identity_schema_version": 0,
          "private": "eyJlMmJmYjczMC1lY2FhLTExZTYtOGY4OC0zNDM2M2JjN2M0YzAiOnsiY3JlYXRlIjo2MDAwMDAwMDAwMDAsImRlbGV0ZSI6MTIwMDAwMDAwMDAwMCwicmVhZCI6OTAwMDAwMDAwMDAwLCJ1cGRhdGUiOjYwMDAwMDAwMDAwMH0sInNjaGVtYV92ZXJzaW9uIjoiMiJ9",
          "dependencies": [
            "aws_key_pair.deployer",
            "aws_security_group.my_security_group",
            "aws_subnet.public_subnet",
            "aws_vpc.my_vpc",
            "data.aws_availability_zones.available",
            "tls_private_key.example"
          ]
        },
        {
          "index_key": 1,
          "schema_version": 2,
          "attributes": {
            "ami": "ami-0d1b5a8c13042c939",
            "arn": "arn:aws:ec2:us-east-2:853463361937:instance/i-03c16a8983f5bbc0a",
            "associate_public_ip_address": true,
            "availability_zone": "us-east-2b",
            "capacity_reservation_specification": [
              {
                "capacity_reservation_preference": "open",
                "capacity_reservation_target": []
              }
            ],
            "cpu_options": [
              {
                "amd_sev_snp": "",
                "core_count": 1,
                "threads_per_core": 2
              }
            ],
            "credit_specification": [
              {
                "cpu_credits": "unlimited"
              }
            ],
            "disable_api_stop": false,
            "disable_api_termination": false,
            "ebs_block_device": [
              {
                "delete_on_termination": true,
                "device_name": "/dev/sda1",
                "encrypted": false,
                "iops": 3000,
                "kms_key_id": "",
                "snapshot_id": "",
                "tags": {},
                "tags_all": {
                  "hashicorp-learn": "refresh"
                },
                "throughput": 125,
                "volume_id": "vol-0590ef85820a4e8b8",
                "volume_size": 10,
                "volume_type": "gp3"
              }
            ],
            "ebs_optimized": false,
            "enable_primary_ipv6": null,
            "enclave_options": [
              {
                "enabled": false
              }
            ],
            "ephemeral_block_device": [],
            "force_destroy": false,
            "get_password_data": false,
            "hibernation": false,
            "host_id": "",
            "host_resource_group_arn": null,
            "iam_instance_profile": "",
            "id": "i-03c16a8983f5bbc0a",
            "instance_initiated_shutdown_behavior": "stop",
            "instance_lifecycle": "",
            "instance_market_options": [],
            "instance_state": "running",
            "instance_type": "t3.micro",
            "ipv6_address_count": 0,
            "ipv6_addresses": [],
            "key_name": "private",
            "launch_template": [],
            "maintenance_options": [
              {
                "auto_recovery": "default"
              }
            ],
            "metadata_options": [
              {
                "http_endpoint": "enabled",
                "http_protocol_ipv6": "disabled",
                "http_put_response_hop_limit": 2,
                "http_tokens": "required",
                "instance_metadata_tags": "disabled"
              }
            ],
            "monitoring": false,
            "network_interface": [],
            "outpost_arn": "",
            "password_data": "",
            "placement_group": "",
            "placement_partition_number": 0,
            "primary_network_interface_id": "eni-0edd95ec151270fc1",
            "private_dns": "ip-10-0-1-28.us-east-2.compute.internal",
            "private_dns_name_options": [
              {
                "enable_resource_name_dns_a_record": false,
                "enable_resource_name_dns_aaaa_record": false,
                "hostname_type": "ip-name"
              }
            ],
            "private_ip": "10.0.1.28",
            "public_dns": "ec2-3-16-41-129.us-east-2.compute.amazonaws.com",
            "public_ip": "3.16.41.129",
            "region": "us-east-2",
            "root_block_device": [
              {
                "delete_on_termination": true,
                "device_name": "/dev/sda1",
                "encrypted": false,
                "iops": 3000,
                "kms_key_id": "",
                "tags": {},
                "tags_all": {
                  "hashicorp-learn": "refresh"
                },
                "throughput": 125,
                "volume_id": "vol-0590ef85820a4e8b8",
                "volume_size": 10,
                "volume_type": "gp3"
              }
            ],
            "secondary_private_ips": [],
            "security_groups": [],
            "source_dest_check": true,
            "spot_instance_request_id": "",
            "subnet_id": "subnet-03c41af136ef25a0f",
            "tags": {
              "Name": "server-2"
            },
            "tags_all": {
              "Name": "server-2",
              "hashicorp-learn": "refresh"
            },
            "tenancy": "default",
            "timeouts": null,
            "user_data": "#!/bin/bash\nsudo apt-get update\nsudo apt-get install -y openjdk-17-jdk\n\nwget -q -O - https://pkg.jenkins.io/debian/jenkins.io.key | sudo apt-key add - \nsudo sh -c 'echo deb http://pkg.jenkins.io/debian-stable binary/ \u003e /etc/apt/sources.list.d/jenkins.list'\nsudo apt-key adv --keyserver keyserver.ubuntu.com --recv-keys 5BA31D57EF5975CA\nsudo apt-get update -y\nsudo apt-get install -y jenkins\nsudo systemctl start jenkins\nsudo systemctl enable jenkins\n",
            "user_data_base64": null,
            "user_data_replace_on_change": false,
            "volume_tags": null,
            "vpc_security_group_ids": [
              "sg-0a25aaad47e4eda21"
            ]
          },
          "sensitive_attributes": [],
          "identity_schema_version": 0,
          "private": "eyJlMmJmYjczMC1lY2FhLTExZTYtOGY4OC0zNDM2M2JjN2M0YzAiOnsiY3JlYXRlIjo2MDAwMDAwMDAwMDAsImRlbGV0ZSI6MTIwMDAwMDAwMDAwMCwicmVhZCI6OTAwMDAwMDAwMDAwLCJ1cGRhdGUiOjYwMDAwMDAwMDAwMH0sInNjaGVtYV92ZXJzaW9uIjoiMiJ9",
          "dependencies": [
            "aws_key_pair.deployer",
            "aws_security_group.my_security_group",
            "aws_subnet.public_subnet",
            "aws_vpc.my_vpc",
            "data.aws_availability_zones.available",
            "tls_private_key.example"
          ]
        }
      ]
    },
    {
      "mode": "managed",
      "type": "aws_internet_gateway",
      "name": "my_igw",
      "provider": "provider[\"registry.terraform.io/hashicorp/aws\"]",
      "instances": [
        {
          "schema_version": 0,
          "attributes": {
            "arn": "arn:aws:ec2:us-east-2:853463361937:internet-gateway/igw-0473a9ea5d2da8793",
            "id": "igw-0473a9ea5d2da8793",
            "owner_id": "853463361937",
            "region": "us-east-2",
            "tags": null,
            "tags_all": {
              "hashicorp-learn": "refresh"
            },
            "timeouts": null,
            "vpc_id": "vpc-0f7b617e1793fed6b"
          },
          "sensitive_attributes": [],
          "identity_schema_version": 0,
          "private": "eyJlMmJmYjczMC1lY2FhLTExZTYtOGY4OC0zNDM2M2JjN2M0YzAiOnsiY3JlYXRlIjoxMjAwMDAwMDAwMDAwLCJkZWxldGUiOjEyMDAwMDAwMDAwMDAsInVwZGF0ZSI6MTIwMDAwMDAwMDAwMH19",
          "dependencies": [
            "aws_vpc.my_vpc"
          ]
        }
      ]
    },
    {
      "mode": "managed",
      "type": "aws_key_pair",
      "name": "deployer",
      "provider": "provider[\"registry.terraform.io/hashicorp/aws\"]",
      "instances": [
        {
          "schema_version": 1,
          "attributes": {
            "arn": "arn:aws:ec2:us-east-2:853463361937:key-pair/private",
            "fingerprint": "dd:bb:5d:31:bf:39:4c:5f:07:38:9f:f3:44:ae:48:b8",
            "id": "private",
            "key_name": "private",
            "key_name_prefix": "",
            "key_pair_id": "key-03971d1c1aa6605f5",
            "key_type": "rsa",
            "public_key": "ssh-rsa AAAAB3NzaC1yc2EAAAADAQABAAACAQDGwRHfbiSHMd9uyoNk0heR+aDXwk3FV/7nH3qulp2osQHVGYzE2KzYGjd/O8yQXnnmUbkL7ChSNr6fHD6y+bWdd4Rw+xdJvN0UMiXahhNTVNkqJf0hA3Z2sYKE4bMKV/zHTPiN0jw1pWlf2kk4koIvp4smo2ApTzDE4EyzG2ICwJA4gGLSlw8X/1O7ZtRphox8izSxwv6nDAFIw0XvvJHURmx3EG3iWoJXgkxnH/QFTHLoaAd5QgCfQYH/KsaZPhvtm+2bbkUEm/Pd+RbmJrAFeoCQOloUko9YtzI7tKb1QYrnJ3jAAMLkDXw70juI9ufK1+Zj4hDxHb270bb4P8s5XTvwKjR9u46j9UTxbPpILrNkvPeJ7buEm28IdqOTplf2P+uIfE73nw5Ui3wp2QuhasmC+mLB3bsj1PPlwHd6mS9HNG1BJq0zcgOqCi21vCT6K7Qo/3J0KtsXuP15LRAO1dn6WsYXT0BTJxIno/YC8+5Uflj2mFLBy1JKrqbotBDv2HcPXdC8ArBxD8FhIezUeSg7Pn48W53+DR5k6Tt13i8BoerUjDfC6Pn1+5aVnC6s5A4HzyR/t7wiEtz120alnThTmyab2W0Eu44aw49D7TtUxz5EoJFUBVKClPKwQBs7pTNbm4SrwaoDPG37VZ8UhvXvhDan7UeH5I6ReocDzQ==",
            "region": "us-east-2",
            "tags": null,
            "tags_all": {
              "hashicorp-learn": "refresh"
            }
          },
          "sensitive_attributes": [],
          "identity_schema_version": 0,
          "private": "eyJzY2hlbWFfdmVyc2lvbiI6IjEifQ==",
          "dependencies": [
            "tls_private_key.example"
          ]
        }
      ]
    },
    {
      "mode": "managed",
      "type": "aws_lb",
      "name": "app_lb",
      "provider": "provider[\"registry.terraform.io/hashicorp/aws\"]",
      "instances": [
        {
          "schema_version": 0,
          "attributes": {
            "access_logs": [
              {
                "bucket": "",
                "enabled": false,
                "prefix": ""
              }
            ],
            "arn": "arn:aws:elasticloadbalancing:us-east-2:853463361937:loadbalancer/app/my-app-lb/4dcfb3344d9a718a",
            "arn_suffix": "app/my-app-lb/4dcfb3344d9a718a",
            "client_keep_alive": 3600,
            "connection_logs": [
              {
                "bucket": "",
                "enabled": false,
                "prefix": ""
              }
            ],
            "customer_owned_ipv4_pool": "",
            "desync_mitigation_mode": "defensive",
            "dns_name": "my-app-lb-1742059093.us-east-2.elb.amazonaws.com",
            "dns_record_client_routing_policy": null,
            "drop_invalid_header_fields": false,
            "enable_cross_zone_load_balancing": true,
            "enable_deletion_protection": false,
            "enable_http2": true,
            "enable_tls_version_and_cipher_suite_headers": false,
            "enable_waf_fail_open": false,
            "enable_xff_client_port": false,
            "enable_zonal_shift": false,
            "enforce_security_group_inbound_rules_on_private_link_traffic": "",
            "id": "arn:aws:elasticloadbalancing:us-east-2:853463361937:loadbalancer/app/my-app-lb/4dcfb3344d9a718a",
            "idle_timeout": 60,
            "internal": false,
            "ip_address_type": "ipv4",
            "ipam_pools": [],
            "load_balancer_type": "application",
            "minimum_load_balancer_capacity": [],
            "name": "my-app-lb",
            "name_prefix": "",
            "preserve_host_header": false,
            "region": "us-east-2",
            "security_groups": [
              "sg-0a25aaad47e4eda21"
            ],
            "subnet_mapping": [
              {
                "allocation_id": "",
                "ipv6_address": "",
                "outpost_id": "",
                "private_ipv4_address": "",
                "subnet_id": "subnet-03c41af136ef25a0f"
              },
              {
                "allocation_id": "",
                "ipv6_address": "",
                "outpost_id": "",
                "private_ipv4_address": "",
                "subnet_id": "subnet-0a76f51b485018b12"
              }
            ],
            "subnets": [
              "subnet-03c41af136ef25a0f",
              "subnet-0a76f51b485018b12"
            ],
            "tags": null,
            "tags_all": {
              "hashicorp-learn": "refresh"
            },
            "timeouts": null,
            "vpc_id": "vpc-0f7b617e1793fed6b",
            "xff_header_processing_mode": "append",
            "zone_id": "Z3AADJGX6KTTL2"
          },
          "sensitive_attributes": [],
          "identity_schema_version": 0,
          "identity": {
            "arn": "arn:aws:elasticloadbalancing:us-east-2:853463361937:loadbalancer/app/my-app-lb/4dcfb3344d9a718a"
          },
          "private": "eyJlMmJmYjczMC1lY2FhLTExZTYtOGY4OC0zNDM2M2JjN2M0YzAiOnsiY3JlYXRlIjo2MDAwMDAwMDAwMDAsImRlbGV0ZSI6NjAwMDAwMDAwMDAwLCJ1cGRhdGUiOjYwMDAwMDAwMDAwMH19",
          "dependencies": [
            "aws_security_group.my_security_group",
            "aws_subnet.public_subnet",
            "aws_vpc.my_vpc",
            "data.aws_availability_zones.available"
          ]
        }
      ]
    },
    {
      "mode": "managed",
      "type": "aws_lb_listener",
      "name": "http",
      "provider": "provider[\"registry.terraform.io/hashicorp/aws\"]",
      "instances": [
        {
          "schema_version": 0,
          "attributes": {
            "alpn_policy": null,
            "arn": "arn:aws:elasticloadbalancing:us-east-2:853463361937:listener/app/my-app-lb/4dcfb3344d9a718a/8581a649e6d650b9",
            "certificate_arn": null,
            "default_action": [
              {
                "authenticate_cognito": [],
                "authenticate_oidc": [],
                "fixed_response": [],
                "forward": [],
                "order": 1,
                "redirect": [],
                "target_group_arn": "arn:aws:elasticloadbalancing:us-east-2:853463361937:targetgroup/app-tg/f029fc3ee2866f9c",
                "type": "forward"
              }
            ],
            "id": "arn:aws:elasticloadbalancing:us-east-2:853463361937:listener/app/my-app-lb/4dcfb3344d9a718a/8581a649e6d650b9",
            "load_balancer_arn": "arn:aws:elasticloadbalancing:us-east-2:853463361937:loadbalancer/app/my-app-lb/4dcfb3344d9a718a",
            "mutual_authentication": [],
            "port": 80,
            "protocol": "HTTP",
            "region": "us-east-2",
            "routing_http_request_x_amzn_mtls_clientcert_header_name": null,
            "routing_http_request_x_amzn_mtls_clientcert_issuer_header_name": null,
            "routing_http_request_x_amzn_mtls_clientcert_leaf_header_name": null,
            "routing_http_request_x_amzn_mtls_clientcert_serial_number_header_name": null,
            "routing_http_request_x_amzn_mtls_clientcert_subject_header_name": null,
            "routing_http_request_x_amzn_mtls_clientcert_validity_header_name": null,
            "routing_http_request_x_amzn_tls_cipher_suite_header_name": null,
            "routing_http_request_x_amzn_tls_version_header_name": null,
            "routing_http_response_access_control_allow_credentials_header_value": "",
            "routing_http_response_access_control_allow_headers_header_value": "",
            "routing_http_response_access_control_allow_methods_header_value": "",
            "routing_http_response_access_control_allow_origin_header_value": "",
            "routing_http_response_access_control_expose_headers_header_value": "",
            "routing_http_response_access_control_max_age_header_value": "",
            "routing_http_response_content_security_policy_header_value": "",
            "routing_http_response_server_enabled": true,
            "routing_http_response_strict_transport_security_header_value": "",
            "routing_http_response_x_content_type_options_header_value": "",
            "routing_http_response_x_frame_options_header_value": "",
            "ssl_policy": "",
            "tags": null,
            "tags_all": {
              "hashicorp-learn": "refresh"
            },
            "tcp_idle_timeout_seconds": null,
            "timeouts": null
          },
          "sensitive_attributes": [],
          "identity_schema_version": 0,
          "identity": {
            "arn": "arn:aws:elasticloadbalancing:us-east-2:853463361937:listener/app/my-app-lb/4dcfb3344d9a718a/8581a649e6d650b9"
          },
          "private": "eyJlMmJmYjczMC1lY2FhLTExZTYtOGY4OC0zNDM2M2JjN2M0YzAiOnsiY3JlYXRlIjozMDAwMDAwMDAwMDAsInVwZGF0ZSI6MzAwMDAwMDAwMDAwfX0=",
          "dependencies": [
            "aws_lb.app_lb",
            "aws_lb_target_group.app_tg",
            "aws_security_group.my_security_group",
            "aws_subnet.public_subnet",
            "aws_vpc.my_vpc",
            "data.aws_availability_zones.available"
          ]
        }
      ]
    },
    {
      "mode": "managed",
      "type": "aws_lb_target_group",
      "name": "app_tg",
      "provider": "provider[\"registry.terraform.io/hashicorp/aws\"]",
      "instances": [
        {
          "schema_version": 0,
          "attributes": {
            "arn": "arn:aws:elasticloadbalancing:us-east-2:853463361937:targetgroup/app-tg/f029fc3ee2866f9c",
            "arn_suffix": "targetgroup/app-tg/f029fc3ee2866f9c",
            "connection_termination": null,
            "deregistration_delay": "300",
            "health_check": [
              {
                "enabled": true,
                "healthy_threshold": 2,
                "interval": 30,
                "matcher": "200-399",
                "path": "/",
                "port": "traffic-port",
                "protocol": "HTTP",
                "timeout": 5,
                "unhealthy_threshold": 2
              }
            ],
            "id": "arn:aws:elasticloadbalancing:us-east-2:853463361937:targetgroup/app-tg/f029fc3ee2866f9c",
            "ip_address_type": "ipv4",
            "lambda_multi_value_headers_enabled": false,
            "load_balancer_arns": [],
            "load_balancing_algorithm_type": "round_robin",
            "load_balancing_anomaly_mitigation": "off",
            "load_balancing_cross_zone_enabled": "use_load_balancer_configuration",
            "name": "app-tg",
            "name_prefix": "",
            "port": 80,
            "preserve_client_ip": null,
            "protocol": "HTTP",
            "protocol_version": "HTTP1",
            "proxy_protocol_v2": false,
            "region": "us-east-2",
            "slow_start": 0,
            "stickiness": [
              {
                "cookie_duration": 86400,
                "cookie_name": "",
                "enabled": false,
                "type": "lb_cookie"
              }
            ],
            "tags": null,
            "tags_all": {
              "hashicorp-learn": "refresh"
            },
            "target_failover": [
              {
                "on_deregistration": null,
                "on_unhealthy": null
              }
            ],
            "target_group_health": [
              {
                "dns_failover": [
                  {
                    "minimum_healthy_targets_count": "1",
                    "minimum_healthy_targets_percentage": "off"
                  }
                ],
                "unhealthy_state_routing": [
                  {
                    "minimum_healthy_targets_count": 1,
                    "minimum_healthy_targets_percentage": "off"
                  }
                ]
              }
            ],
            "target_health_state": [
              {
                "enable_unhealthy_connection_termination": null,
                "unhealthy_draining_interval": null
              }
            ],
            "target_type": "instance",
            "vpc_id": "vpc-0f7b617e1793fed6b"
          },
          "sensitive_attributes": [],
          "identity_schema_version": 0,
          "identity": {
            "arn": "arn:aws:elasticloadbalancing:us-east-2:853463361937:targetgroup/app-tg/f029fc3ee2866f9c"
          },
          "private": "bnVsbA==",
          "dependencies": [
            "aws_vpc.my_vpc"
          ]
        }
      ]
    },
    {
      "mode": "managed",
      "type": "aws_lb_target_group_attachment",
      "name": "tg_attachment",
      "provider": "provider[\"registry.terraform.io/hashicorp/aws\"]",
      "instances": [
        {
          "index_key": 0,
          "schema_version": 0,
          "attributes": {
            "availability_zone": null,
            "id": "arn:aws:elasticloadbalancing:us-east-2:853463361937:targetgroup/app-tg/f029fc3ee2866f9c-20250905081440292700000005",
            "port": 80,
            "region": "us-east-2",
            "target_group_arn": "arn:aws:elasticloadbalancing:us-east-2:853463361937:targetgroup/app-tg/f029fc3ee2866f9c",
            "target_id": "i-0825f921075a2560f"
          },
          "sensitive_attributes": [],
          "identity_schema_version": 0,
          "private": "bnVsbA==",
          "dependencies": [
            "aws_instance.my_instance",
            "aws_key_pair.deployer",
            "aws_lb_target_group.app_tg",
            "aws_security_group.my_security_group",
            "aws_subnet.public_subnet",
            "aws_vpc.my_vpc",
            "data.aws_availability_zones.available",
            "tls_private_key.example"
          ]
        },
        {
          "index_key": 1,
          "schema_version": 0,
          "attributes": {
            "availability_zone": null,
            "id": "arn:aws:elasticloadbalancing:us-east-2:853463361937:targetgroup/app-tg/f029fc3ee2866f9c-20250905081439890000000004",
            "port": 80,
            "region": "us-east-2",
            "target_group_arn": "arn:aws:elasticloadbalancing:us-east-2:853463361937:targetgroup/app-tg/f029fc3ee2866f9c",
            "target_id": "i-0825f921075a2560f"
          },
          "sensitive_attributes": [],
          "identity_schema_version": 0,
          "private": "bnVsbA==",
          "dependencies": [
            "aws_instance.my_instance",
            "aws_key_pair.deployer",
            "aws_lb_target_group.app_tg",
            "aws_security_group.my_security_group",
            "aws_subnet.public_subnet",
            "aws_vpc.my_vpc",
            "data.aws_availability_zones.available",
            "tls_private_key.example"
          ]
        }
      ]
    },
    {
      "mode": "managed",
      "type": "aws_route_table",
      "name": "my_route_table",
      "provider": "provider[\"registry.terraform.io/hashicorp/aws\"]",
      "instances": [
        {
          "schema_version": 0,
          "attributes": {
            "arn": "arn:aws:ec2:us-east-2:853463361937:route-table/rtb-0b31bddfacd31f0a2",
            "id": "rtb-0b31bddfacd31f0a2",
            "owner_id": "853463361937",
            "propagating_vgws": [],
            "region": "us-east-2",
            "route": [
              {
                "carrier_gateway_id": "",
                "cidr_block": "0.0.0.0/0",
                "core_network_arn": "",
                "destination_prefix_list_id": "",
                "egress_only_gateway_id": "",
                "gateway_id": "igw-0473a9ea5d2da8793",
                "ipv6_cidr_block": "",
                "local_gateway_id": "",
                "nat_gateway_id": "",
                "network_interface_id": "",
                "transit_gateway_id": "",
                "vpc_endpoint_id": "",
                "vpc_peering_connection_id": ""
              }
            ],
            "tags": {
              "Name": "My-Route-Table"
            },
            "tags_all": {
              "Name": "My-Route-Table",
              "hashicorp-learn": "refresh"
            },
            "timeouts": null,
            "vpc_id": "vpc-0f7b617e1793fed6b"
          },
          "sensitive_attributes": [],
          "identity_schema_version": 0,
          "private": "eyJlMmJmYjczMC1lY2FhLTExZTYtOGY4OC0zNDM2M2JjN2M0YzAiOnsiY3JlYXRlIjozMDAwMDAwMDAwMDAsImRlbGV0ZSI6MzAwMDAwMDAwMDAwLCJ1cGRhdGUiOjEyMDAwMDAwMDAwMH19",
          "dependencies": [
            "aws_internet_gateway.my_igw",
            "aws_vpc.my_vpc"
          ]
        }
      ]
    },
    {
      "mode": "managed",
      "type": "aws_route_table_association",
      "name": "public_subnet_association",
      "provider": "provider[\"registry.terraform.io/hashicorp/aws\"]",
      "instances": [
        {
          "index_key": 0,
          "schema_version": 0,
          "attributes": {
            "gateway_id": "",
            "id": "rtbassoc-0c7785a4d8df839bd",
            "region": "us-east-2",
            "route_table_id": "rtb-0b31bddfacd31f0a2",
            "subnet_id": "subnet-0a76f51b485018b12",
            "timeouts": null
          },
          "sensitive_attributes": [],
          "identity_schema_version": 0,
          "private": "eyJlMmJmYjczMC1lY2FhLTExZTYtOGY4OC0zNDM2M2JjN2M0YzAiOnsiY3JlYXRlIjozMDAwMDAwMDAwMDAsImRlbGV0ZSI6MzAwMDAwMDAwMDAwLCJ1cGRhdGUiOjEyMDAwMDAwMDAwMH19",
          "dependencies": [
            "aws_internet_gateway.my_igw",
            "aws_route_table.my_route_table",
            "aws_subnet.public_subnet",
            "aws_vpc.my_vpc",
            "data.aws_availability_zones.available"
          ]
        },
        {
          "index_key": 1,
          "schema_version": 0,
          "attributes": {
            "gateway_id": "",
            "id": "rtbassoc-0dc652b16e2b1aedf",
            "region": "us-east-2",
            "route_table_id": "rtb-0b31bddfacd31f0a2",
            "subnet_id": "subnet-03c41af136ef25a0f",
            "timeouts": null
          },
          "sensitive_attributes": [],
          "identity_schema_version": 0,
          "private": "eyJlMmJmYjczMC1lY2FhLTExZTYtOGY4OC0zNDM2M2JjN2M0YzAiOnsiY3JlYXRlIjozMDAwMDAwMDAwMDAsImRlbGV0ZSI6MzAwMDAwMDAwMDAwLCJ1cGRhdGUiOjEyMDAwMDAwMDAwMH19",
          "dependencies": [
            "aws_internet_gateway.my_igw",
            "aws_route_table.my_route_table",
            "aws_subnet.public_subnet",
            "aws_vpc.my_vpc",
            "data.aws_availability_zones.available"
          ]
        }
      ]
    },
    {
      "mode": "managed",
      "type": "aws_s3_bucket",
      "name": "my_bucket",
      "provider": "provider[\"registry.terraform.io/hashicorp/aws\"]",
      "instances": [
        {
          "schema_version": 0,
          "attributes": {
            "acceleration_status": "",
            "acl": null,
            "arn": "arn:aws:s3:::sdeepak21june",
            "bucket": "sdeepak21june",
            "bucket_domain_name": "sdeepak21june.s3.amazonaws.com",
            "bucket_prefix": "",
            "bucket_region": "us-east-2",
            "bucket_regional_domain_name": "sdeepak21june.s3.us-east-2.amazonaws.com",
            "cors_rule": [],
            "force_destroy": false,
            "grant": [
              {
                "id": "5a865baf9d967eaa0046fe3e76219c933c8856d9b9db3dea527d666c054e96ec",
                "permissions": [
                  "FULL_CONTROL"
                ],
                "type": "CanonicalUser",
                "uri": ""
              }
            ],
            "hosted_zone_id": "Z2O1EMRO9K5GLX",
            "id": "sdeepak21june",
            "lifecycle_rule": [],
            "logging": [],
            "object_lock_configuration": [],
            "object_lock_enabled": false,
            "policy": "",
            "region": "us-east-2",
            "replication_configuration": [],
            "request_payer": "BucketOwner",
            "server_side_encryption_configuration": [
              {
                "rule": [
                  {
                    "apply_server_side_encryption_by_default": [
                      {
                        "kms_master_key_id": "",
                        "sse_algorithm": "AES256"
                      }
                    ],
                    "bucket_key_enabled": false
                  }
                ]
              }
            ],
            "tags": null,
            "tags_all": {
              "hashicorp-learn": "refresh"
            },
            "timeouts": null,
            "versioning": [
              {
                "enabled": false,
                "mfa_delete": false
              }
            ],
            "website": [],
            "website_domain": null,
            "website_endpoint": null
          },
          "sensitive_attributes": [],
          "identity_schema_version": 0,
          "identity": {
            "account_id": "853463361937",
            "bucket": "sdeepak21june",
            "region": "us-east-2"
          },
          "private": "eyJlMmJmYjczMC1lY2FhLTExZTYtOGY4OC0zNDM2M2JjN2M0YzAiOnsiY3JlYXRlIjoxMjAwMDAwMDAwMDAwLCJkZWxldGUiOjM2MDAwMDAwMDAwMDAsInJlYWQiOjEyMDAwMDAwMDAwMDAsInVwZGF0ZSI6MTIwMDAwMDAwMDAwMH19"
        }
      ]
    },
    {
      "mode": "managed",
      "type": "aws_s3_bucket_public_access_block",
      "name": "my_bucket_public_access_block",
      "provider": "provider[\"registry.terraform.io/hashicorp/aws\"]",
      "instances": [
        {
          "schema_version": 0,
          "attributes": {
            "block_public_acls": false,
            "block_public_policy": false,
            "bucket": "sdeepak21june",
            "id": "sdeepak21june",
            "ignore_public_acls": false,
            "region": "us-east-2",
            "restrict_public_buckets": false,
            "skip_destroy": null
          },
          "sensitive_attributes": [],
          "identity_schema_version": 0,
          "private": "bnVsbA==",
          "dependencies": [
            "aws_s3_bucket.my_bucket"
          ]
        }
      ]
    },
    {
      "mode": "managed",
      "type": "aws_security_group",
      "name": "my_security_group",
      "provider": "provider[\"registry.terraform.io/hashicorp/aws\"]",
      "instances": [
        {
          "schema_version": 1,
          "attributes": {
            "arn": "arn:aws:ec2:us-east-2:853463361937:security-group/sg-0a25aaad47e4eda21",
            "description": "My security group created by Terraform",
            "egress": [
              {
                "cidr_blocks": [
                  "0.0.0.0/0"
                ],
                "description": "",
                "from_port": 0,
                "ipv6_cidr_blocks": [],
                "prefix_list_ids": [],
                "protocol": "-1",
                "security_groups": [],
                "self": false,
                "to_port": 0
              }
            ],
            "id": "sg-0a25aaad47e4eda21",
            "ingress": [
              {
                "cidr_blocks": [
                  "0.0.0.0/0"
                ],
                "description": "ingress rule for my_sql",
                "from_port": 3306,
                "ipv6_cidr_blocks": [],
                "prefix_list_ids": [],
                "protocol": "tcp",
                "security_groups": [],
                "self": false,
                "to_port": 3306
              },
              {
                "cidr_blocks": [
                  "0.0.0.0/0"
                ],
                "description": "ingress rule for port 22",
                "from_port": 22,
                "ipv6_cidr_blocks": [],
                "prefix_list_ids": [],
                "protocol": "tcp",
                "security_groups": [],
                "self": false,
                "to_port": 22
              },
              {
                "cidr_blocks": [
                  "0.0.0.0/0"
                ],
                "description": "ingress rule for port 443",
                "from_port": 443,
                "ipv6_cidr_blocks": [],
                "prefix_list_ids": [],
                "protocol": "tcp",
                "security_groups": [],
                "self": false,
                "to_port": 443
              },
              {
                "cidr_blocks": [
                  "0.0.0.0/0"
                ],
                "description": "ingress rule for port 8080 using jenkins",
                "from_port": 8080,
                "ipv6_cidr_blocks": [],
                "prefix_list_ids": [],
                "protocol": "tcp",
                "security_groups": [],
                "self": false,
                "to_port": 8080
              },
              {
                "cidr_blocks": [
                  "0.0.0.0/0"
                ],
                "description": "port enable for nginx",
                "from_port": 80,
                "ipv6_cidr_blocks": [],
                "prefix_list_ids": [],
                "protocol": "tcp",
                "security_groups": [],
                "self": false,
                "to_port": 80
              }
            ],
            "name": "my-security-group",
            "name_prefix": "",
            "owner_id": "853463361937",
            "region": "us-east-2",
            "revoke_rules_on_delete": false,
            "tags": null,
            "tags_all": {
              "hashicorp-learn": "refresh"
            },
            "timeouts": null,
            "vpc_id": "vpc-0f7b617e1793fed6b"
          },
          "sensitive_attributes": [],
          "identity_schema_version": 0,
          "identity": {
            "account_id": "853463361937",
            "id": "sg-0a25aaad47e4eda21",
            "region": "us-east-2"
          },
          "private": "eyJlMmJmYjczMC1lY2FhLTExZTYtOGY4OC0zNDM2M2JjN2M0YzAiOnsiY3JlYXRlIjo2MDAwMDAwMDAwMDAsImRlbGV0ZSI6OTAwMDAwMDAwMDAwfSwic2NoZW1hX3ZlcnNpb24iOiIxIn0=",
          "dependencies": [
            "aws_vpc.my_vpc"
          ]
        }
      ]
    },
    {
      "mode": "managed",
      "type": "aws_subnet",
      "name": "public_subnet",
      "provider": "provider[\"registry.terraform.io/hashicorp/aws\"]",
      "instances": [
        {
          "index_key": 0,
          "schema_version": 1,
          "attributes": {
            "arn": "arn:aws:ec2:us-east-2:853463361937:subnet/subnet-0a76f51b485018b12",
            "assign_ipv6_address_on_creation": false,
            "availability_zone": "us-east-2a",
            "availability_zone_id": "use2-az1",
            "cidr_block": "10.0.0.0/24",
            "customer_owned_ipv4_pool": "",
            "enable_dns64": false,
            "enable_lni_at_device_index": 0,
            "enable_resource_name_dns_a_record_on_launch": false,
            "enable_resource_name_dns_aaaa_record_on_launch": false,
            "id": "subnet-0a76f51b485018b12",
            "ipv6_cidr_block": "",
            "ipv6_cidr_block_association_id": "",
            "ipv6_native": false,
            "map_customer_owned_ip_on_launch": false,
            "map_public_ip_on_launch": true,
            "outpost_arn": "",
            "owner_id": "853463361937",
            "private_dns_hostname_type_on_launch": "ip-name",
            "region": "us-east-2",
            "tags": {
              "Name": "Public-Subnet-1"
            },
            "tags_all": {
              "Name": "Public-Subnet-1",
              "hashicorp-learn": "refresh"
            },
            "timeouts": null,
            "vpc_id": "vpc-0f7b617e1793fed6b"
          },
          "sensitive_attributes": [],
          "identity_schema_version": 0,
          "private": "eyJlMmJmYjczMC1lY2FhLTExZTYtOGY4OC0zNDM2M2JjN2M0YzAiOnsiY3JlYXRlIjo2MDAwMDAwMDAwMDAsImRlbGV0ZSI6MTIwMDAwMDAwMDAwMH0sInNjaGVtYV92ZXJzaW9uIjoiMSJ9",
          "dependencies": [
            "aws_vpc.my_vpc",
            "data.aws_availability_zones.available"
          ]
        },
        {
          "index_key": 1,
          "schema_version": 1,
          "attributes": {
            "arn": "arn:aws:ec2:us-east-2:853463361937:subnet/subnet-03c41af136ef25a0f",
            "assign_ipv6_address_on_creation": false,
            "availability_zone": "us-east-2b",
            "availability_zone_id": "use2-az2",
            "cidr_block": "10.0.1.0/24",
            "customer_owned_ipv4_pool": "",
            "enable_dns64": false,
            "enable_lni_at_device_index": 0,
            "enable_resource_name_dns_a_record_on_launch": false,
            "enable_resource_name_dns_aaaa_record_on_launch": false,
            "id": "subnet-03c41af136ef25a0f",
            "ipv6_cidr_block": "",
            "ipv6_cidr_block_association_id": "",
            "ipv6_native": false,
            "map_customer_owned_ip_on_launch": false,
            "map_public_ip_on_launch": true,
            "outpost_arn": "",
            "owner_id": "853463361937",
            "private_dns_hostname_type_on_launch": "ip-name",
            "region": "us-east-2",
            "tags": {
              "Name": "Public-Subnet-2"
            },
            "tags_all": {
              "Name": "Public-Subnet-2",
              "hashicorp-learn": "refresh"
            },
            "timeouts": null,
            "vpc_id": "vpc-0f7b617e1793fed6b"
          },
          "sensitive_attributes": [],
          "identity_schema_version": 0,
          "private": "eyJlMmJmYjczMC1lY2FhLTExZTYtOGY4OC0zNDM2M2JjN2M0YzAiOnsiY3JlYXRlIjo2MDAwMDAwMDAwMDAsImRlbGV0ZSI6MTIwMDAwMDAwMDAwMH0sInNjaGVtYV92ZXJzaW9uIjoiMSJ9",
          "dependencies": [
            "aws_vpc.my_vpc",
            "data.aws_availability_zones.available"
          ]
        }
      ]
    },
    {
      "mode": "managed",
      "type": "aws_vpc",
      "name": "my_vpc",
      "provider": "provider[\"registry.terraform.io/hashicorp/aws\"]",
      "instances": [
        {
          "schema_version": 1,
          "attributes": {
            "arn": "arn:aws:ec2:us-east-2:853463361937:vpc/vpc-0f7b617e1793fed6b",
            "assign_generated_ipv6_cidr_block": false,
            "cidr_block": "10.0.0.0/16",
            "default_network_acl_id": "acl-0d7d6c889989913b4",
            "default_route_table_id": "rtb-0a096745421f96a9a",
            "default_security_group_id": "sg-0c75dd0e528bca4d8",
            "dhcp_options_id": "dopt-0f27f58cffe5569bb",
            "enable_dns_hostnames": true,
            "enable_dns_support": true,
            "enable_network_address_usage_metrics": false,
            "id": "vpc-0f7b617e1793fed6b",
            "instance_tenancy": "default",
            "ipv4_ipam_pool_id": null,
            "ipv4_netmask_length": null,
            "ipv6_association_id": "",
            "ipv6_cidr_block": "",
            "ipv6_cidr_block_network_border_group": "",
            "ipv6_ipam_pool_id": "",
            "ipv6_netmask_length": 0,
            "main_route_table_id": "rtb-0a096745421f96a9a",
            "owner_id": "853463361937",
            "region": "us-east-2",
            "tags": {
              "Name": "vpc-1"
            },
            "tags_all": {
              "Name": "vpc-1",
              "hashicorp-learn": "refresh"
            }
          },
          "sensitive_attributes": [],
          "identity_schema_version": 0,
          "private": "eyJzY2hlbWFfdmVyc2lvbiI6IjEifQ=="
        }
      ]
    },
    {
      "mode": "managed",
      "type": "null_resource",
      "name": "my_instance",
      "provider": "provider[\"registry.terraform.io/hashicorp/null\"]",
      "instances": [
        {
          "schema_version": 0,
          "attributes": {
            "id": "5142651995127805609",
            "triggers": {
              "id": "igw-0473a9ea5d2da8793"
            }
          },
          "sensitive_attributes": [],
          "identity_schema_version": 0,
          "dependencies": [
            "aws_internet_gateway.my_igw",
            "aws_vpc.my_vpc"
          ]
        }
      ]
    },
    {
      "mode": "managed",
      "type": "tls_private_key",
      "name": "example",
      "provider": "provider[\"registry.terraform.io/hashicorp/tls\"]",
      "instances": [
        {
          "schema_version": 1,
          "attributes": {
            "algorithm": "RSA",
            "ecdsa_curve": "P224",
            "id": "391f2a40e1990170daa08aa06b678190c0acb376",
            "private_key_openssh": "-----BEGIN OPENSSH PRIVATE KEY-----\nb3BlbnNzaC1rZXktdjEAAAAABG5vbmUAAAAEbm9uZQAAAAAAAAABAAACFwAAAAdz\nc2gtcnNhAAAAAwEAAQAAAgEAxsER324khzHfbsqDZNIXkfmg18JNxVf+5x96rpad\nqLEB1RmMxNis2Bo3fzvMkF555lG5C+woUja+nxw+svm1nXeEcPsXSbzdFDIl2oYT\nU1TZKiX9IQN2drGChOGzClf8x0z4jdI8NaVpX9pJOJKCL6eLJqNgKU8wxOBMsxti\nAsCQOIBi0pcPF/9Tu2bUaYaMfIs0scL+pwwBSMNF77yR1EZsdxBt4lqCV4JMZx/0\nBUxy6GgHeUIAn0GB/yrGmT4b7Zvtm25FBJvz3fkW5iawBXqAkDpaFJKPWLcyO7Sm\n9UGK5yd4wADC5A18O9I7iPbnytfmY+IQ8R29u9G2+D/LOV078Co0fbuOo/VE8Wz6\nSC6zZLz3ie27hJtvCHajk6ZX9j/riHxO958OVIt8KdkLoWrJgvpiwd27I9Tz5cB3\nepkvRzRtQSatM3IDqgottbwk+iu0KP9ydCrbF7j9eS0QDtXZ+lrGF09AUycSJ6P2\nAvPuVH5Y9phSwctSSq6m6LQQ79h3D13QvAKwcQ/BYSHs1HkoOz5+PFud/g0eZOk7\ndd4vAaHq1Iw3wuj59fuWlZwurOQOB88kf7e8IhLc9dtGpZ04U5smm9ltBLuOGsOP\nQ+07VMc+RKCRVAVSgpTysEAbO6UzW5uEq8GqAzxt+1WfFIb174Q2p+1Hh+SOkXqH\nA80AAAc4JkCoLiZAqC4AAAAHc3NoLXJzYQAAAgEAxsER324khzHfbsqDZNIXkfmg\n18JNxVf+5x96rpadqLEB1RmMxNis2Bo3fzvMkF555lG5C+woUja+nxw+svm1nXeE\ncPsXSbzdFDIl2oYTU1TZKiX9IQN2drGChOGzClf8x0z4jdI8NaVpX9pJOJKCL6eL\nJqNgKU8wxOBMsxtiAsCQOIBi0pcPF/9Tu2bUaYaMfIs0scL+pwwBSMNF77yR1EZs\ndxBt4lqCV4JMZx/0BUxy6GgHeUIAn0GB/yrGmT4b7Zvtm25FBJvz3fkW5iawBXqA\nkDpaFJKPWLcyO7Sm9UGK5yd4wADC5A18O9I7iPbnytfmY+IQ8R29u9G2+D/LOV07\n8Co0fbuOo/VE8Wz6SC6zZLz3ie27hJtvCHajk6ZX9j/riHxO958OVIt8KdkLoWrJ\ngvpiwd27I9Tz5cB3epkvRzRtQSatM3IDqgottbwk+iu0KP9ydCrbF7j9eS0QDtXZ\n+lrGF09AUycSJ6P2AvPuVH5Y9phSwctSSq6m6LQQ79h3D13QvAKwcQ/BYSHs1Hko\nOz5+PFud/g0eZOk7dd4vAaHq1Iw3wuj59fuWlZwurOQOB88kf7e8IhLc9dtGpZ04\nU5smm9ltBLuOGsOPQ+07VMc+RKCRVAVSgpTysEAbO6UzW5uEq8GqAzxt+1WfFIb1\n74Q2p+1Hh+SOkXqHA80AAAADAQABAAACAEjREmW72ikn5faWvlXRPO5vuPRjTQ/o\ngcyWdWGCb+eOViAHONIjmguga0WzmGoqGtn9heCu2ETqpqLve68hml7DG2QzMeCD\nj7Gm/8RUS79Dfj6ZZWhTdvLcbPeXIvu+qa8w7X00EXgMDpOeCyZtUsH3zZzNzVzF\nFRaEIMWb2igs+Ymhy9LgohiGJFyru1WgBFdavucDjD2SQeQxGq3O9dSCKpnijIeZ\n5lf+NlSv2byZOh4YguhzfHvcSa69Mr6RCTVf48kGuMWMB2gDKtcORH31WCW/IyKX\nYWo8z+wc7vA635N5nB0oCj74C9R03Pf8kYZ43AErIU7dORaXKkRARwkrY4ZvbzNP\nZiEVLS9f3W+DMoXwv8+pByNV9dYz/mCAh5DrJIK1q5W13LdEJKMjTQBG0tNIa3Vc\n93Z2mDzKFC0I7qFh1j/cm/+CdL3xrt2oX6JBJcwrcNuDrgYKustbTEt/QK/1J1ZP\nm1hj5ZLBP/PmqOe0Oh2nHr2iZOlDiNfndNdOW4fcFr2ocmEPOE1/oB5zpJ5bds/t\n6yu4ijrTkjUBbxQ5DNc4Kwz4f7iW8p3HQB06jG/ohEeDmT+Qtqn8s8XE6+cX0q2P\nSvjoE5Q/xzUVjALu+XJESwLb3490/cZAGOKy3h0xQHeH2Cw+y58FTZ8LA1Ww1C4j\nCIOQnawJYB2nAAABAQCmN5p8dyWh5wJ8C9sV45MAMgbSp/5qbMAP0dOUeEB7Xbvc\n7KSK3eWdoMwE6twrBKKm8n/y7ScwrHpfOU3NzJZnZKvs8KN2nAEuKSsf268//c5n\nY6/Yef4pOIkv1EpisOyFjvuOXX4O9ViFIQjOcZrB73O/sLJloZg1bmbZZy8zjR1C\n6lpPO4l+hGJHP/cwU7TJonFJeNpbmaiweLWj6Fz4LoDj3koAqRWE42zjP58PmG4Z\nzMFsAGkG8riEB/Vz/GquurQjrEXuOJszGWYDKIgX876rALW1tqwJnNUEpjbJWejG\nJ6xR2fbdSlJWArYT+oWqLGQKGfgXEZoPSyHulH3LAAABAQDcxinCOm9su9nTq5Bm\nuAmiUZWBmzjAjBgbO4uV/omIY7R9CqR2VUdtEctlzZUqNPERDT8wUWb3gTwk8nDH\n0udZISCS/mNRX52HIstjPRcROt1aokTxOvegJrKlrBxo2MNDRH+TbughjY215lqA\nMnGAThlShkbUn0CCdPiJCe51I1nPUdlBEY2UO+8piIbgUWqcarBwqoX6urKp6Z74\n3VlybX7DWHditdFa3jknjZkRp1ltjCB9n2zHuldvMPfRv8GZ2iGDMaUiSzeoccLw\noSLAdJzBRSDy0QsumOt4Ro6LMJp/DBfHdNYfSGVup4NZvuHu3xIAJWq19wOAFLOO\n4ZATAAABAQDmd3jfXPQ6QyrSWdf1Y19amytrAEdAfFHUKD+RRqCmRGCGM6f0/5B1\n2zG8fIDywQyst3iZ10rI1Tl4RJdpVzHLBEelVX6C1tzqj6nltuh3q3jQ64lG1kay\nxEi/yGRctobtbXJmaL63YAYDj48JEcRbL3HRX7K7NyKobXV0aNoFpNNmFRqmqf+p\nHJlhnWoLeDI0LcEi/ka5OLNySGHNtIEgmpfd6lPwfVojXnb9h4gIlM7wFaBHK5vZ\nfyix0WBii+msMDG+ohFi/LdsyJxjMWBVejgch6qb7/EqlnoOt/w4cQgSbOMev1rO\nAhAGs3yo9LPKGyeSiXxNBU/KRNvueFifAAAAAAEC\n-----END OPENSSH PRIVATE KEY-----\n",
            "private_key_pem": "-----BEGIN RSA PRIVATE KEY-----\nMIIJKAIBAAKCAgEAxsER324khzHfbsqDZNIXkfmg18JNxVf+5x96rpadqLEB1RmM\nxNis2Bo3fzvMkF555lG5C+woUja+nxw+svm1nXeEcPsXSbzdFDIl2oYTU1TZKiX9\nIQN2drGChOGzClf8x0z4jdI8NaVpX9pJOJKCL6eLJqNgKU8wxOBMsxtiAsCQOIBi\n0pcPF/9Tu2bUaYaMfIs0scL+pwwBSMNF77yR1EZsdxBt4lqCV4JMZx/0BUxy6GgH\neUIAn0GB/yrGmT4b7Zvtm25FBJvz3fkW5iawBXqAkDpaFJKPWLcyO7Sm9UGK5yd4\nwADC5A18O9I7iPbnytfmY+IQ8R29u9G2+D/LOV078Co0fbuOo/VE8Wz6SC6zZLz3\nie27hJtvCHajk6ZX9j/riHxO958OVIt8KdkLoWrJgvpiwd27I9Tz5cB3epkvRzRt\nQSatM3IDqgottbwk+iu0KP9ydCrbF7j9eS0QDtXZ+lrGF09AUycSJ6P2AvPuVH5Y\n9phSwctSSq6m6LQQ79h3D13QvAKwcQ/BYSHs1HkoOz5+PFud/g0eZOk7dd4vAaHq\n1Iw3wuj59fuWlZwurOQOB88kf7e8IhLc9dtGpZ04U5smm9ltBLuOGsOPQ+07VMc+\nRKCRVAVSgpTysEAbO6UzW5uEq8GqAzxt+1WfFIb174Q2p+1Hh+SOkXqHA80CAwEA\nAQKCAgBI0RJlu9opJ+X2lr5V0Tzub7j0Y00P6IHMlnVhgm/njlYgBzjSI5oLoGtF\ns5hqKhrZ/YXgrthE6qai73uvIZpewxtkMzHgg4+xpv/EVEu/Q34+mWVoU3by3Gz3\nlyL7vqmvMO19NBF4DA6TngsmbVLB982czc1cxRUWhCDFm9ooLPmJocvS4KIYhiRc\nq7tVoARXWr7nA4w9kkHkMRqtzvXUgiqZ4oyHmeZX/jZUr9m8mToeGILoc3x73Emu\nvTK+kQk1X+PJBrjFjAdoAyrXDkR99VglvyMil2FqPM/sHO7wOt+TeZwdKAo++AvU\ndNz3/JGGeNwBKyFO3TkWlypEQEcJK2OGb28zT2YhFS0vX91vgzKF8L/PqQcjVfXW\nM/5ggIeQ6ySCtauVtdy3RCSjI00ARtLTSGt1XPd2dpg8yhQtCO6hYdY/3Jv/gnS9\n8a7dqF+iQSXMK3Dbg64GCrrLW0xLf0Cv9SdWT5tYY+WSwT/z5qjntDodpx69omTp\nQ4jX53TXTluH3Ba9qHJhDzhNf6Aec6SeW3bP7esruIo605I1AW8UOQzXOCsM+H+4\nlvKdx0AdOoxv6IRHg5k/kLap/LPFxOvnF9Ktj0r46BOUP8c1FYwC7vlyREsC29+P\ndP3GQBjist4dMUB3h9gsPsufBU2fCwNVsNQuIwiDkJ2sCWAdpwKCAQEA3MYpwjpv\nbLvZ06uQZrgJolGVgZs4wIwYGzuLlf6JiGO0fQqkdlVHbRHLZc2VKjTxEQ0/MFFm\n94E8JPJwx9LnWSEgkv5jUV+dhyLLYz0XETrdWqJE8Tr3oCaypawcaNjDQ0R/k27o\nIY2NteZagDJxgE4ZUoZG1J9AgnT4iQnudSNZz1HZQRGNlDvvKYiG4FFqnGqwcKqF\n+rqyqeme+N1Zcm1+w1h3YrXRWt45J42ZEadZbYwgfZ9sx7pXbzD30b/BmdohgzGl\nIks3qHHC8KEiwHScwUUg8tELLpjreEaOizCafwwXx3TWH0hlbqeDWb7h7t8SACVq\ntfcDgBSzjuGQEwKCAQEA5nd431z0OkMq0lnX9WNfWpsrawBHQHxR1Cg/kUagpkRg\nhjOn9P+QddsxvHyA8sEMrLd4mddKyNU5eESXaVcxywRHpVV+gtbc6o+p5bbod6t4\n0OuJRtZGssRIv8hkXLaG7W1yZmi+t2AGA4+PCRHEWy9x0V+yuzciqG11dGjaBaTT\nZhUapqn/qRyZYZ1qC3gyNC3BIv5GuTizckhhzbSBIJqX3epT8H1aI152/YeICJTO\n8BWgRyub2X8osdFgYovprDAxvqIRYvy3bMicYzFgVXo4HIeqm+/xKpZ6Drf8OHEI\nEmzjHr9azgIQBrN8qPSzyhsnkol8TQVPykTb7nhYnwKCAQB0ePso5AlK1SQLPtT0\nzB0RDHeSo+Bh/Mbu/xAaNuo6EVf0K/wuDbmb+ipTcA1E8h9H/rQaeqeW5hBj8Z+8\nXDD/XbHAuwKMuKPz2lBw75bO2T5UhY1XsuNXE3NmYhGu4sTJJUck8fr3UKW1lGyk\ne3hT12AWoI6Xt9ihurIwIhQyqk7ESIsUf/0wehon0EZP68QR91tUZTI/3+VILN9Y\nrfZ1nvykdHSvl/p2NQz0KAjcPmy4lZfCjqwmBtH/8FadysuJroHFpBhZqlMXw8Sz\njF84J41XjW/fipeaosR/dMHY/vBTHH8jFCmu4VPZ9/gdDc5GZlspxpOwojuvg7xj\nIe8PAoIBAHMXRq2E5hISaNgTNd29emjtBImy4eI6M0MXtmb+NkvR6cIbGc0nsySo\nCfZu1pZkAche90McWKRilwiQeGyKtrsDsCPIxhzg4AHjLJ0i8oSQhQ0QEsXlS/kK\nPKpJkJUcMdVvyqmJtXQt59LvZibJUJ2Y2+YLPF5x8kTaJMW1dutKnKdl8qE4VAxH\n0/EDg2mm5KtaDhFDml31CugPbYgklDeL/Ds+Qhze/JydGB8UB8MBTTZoFlp0VKgQ\n8Gmcfd24sUDj8HOay8P7ID6bED4Y8lq9ZjgZKAInmPADpYCkMLie+cD5z5ITTW2D\nai1uhNp7GS3c0a5EKmbsOCRyrsIwJ1ECggEBAKY3mnx3JaHnAnwL2xXjkwAyBtKn\n/mpswA/R05R4QHtdu9zspIrd5Z2gzATq3CsEoqbyf/LtJzCsel85Tc3Mlmdkq+zw\no3acAS4pKx/brz/9zmdjr9h5/ik4iS/USmKw7IWO+45dfg71WIUhCM5xmsHvc7+w\nsmWhmDVuZtlnLzONHULqWk87iX6EYkc/9zBTtMmicUl42luZqLB4taPoXPgugOPe\nSgCpFYTjbOM/nw+YbhnMwWwAaQbyuIQH9XP8aq66tCOsRe44mzMZZgMoiBfzvqsA\ntbW2rAmc1QSmNslZ6MYnrFHZ9t1KUlYCthP6haosZAoZ+BcRmg9LIe6Ufcs=\n-----END RSA PRIVATE KEY-----\n",
            "private_key_pem_pkcs8": "-----BEGIN PRIVATE KEY-----\nMIIJQgIBADANBgkqhkiG9w0BAQEFAASCCSwwggkoAgEAAoICAQDGwRHfbiSHMd9u\nyoNk0heR+aDXwk3FV/7nH3qulp2osQHVGYzE2KzYGjd/O8yQXnnmUbkL7ChSNr6f\nHD6y+bWdd4Rw+xdJvN0UMiXahhNTVNkqJf0hA3Z2sYKE4bMKV/zHTPiN0jw1pWlf\n2kk4koIvp4smo2ApTzDE4EyzG2ICwJA4gGLSlw8X/1O7ZtRphox8izSxwv6nDAFI\nw0XvvJHURmx3EG3iWoJXgkxnH/QFTHLoaAd5QgCfQYH/KsaZPhvtm+2bbkUEm/Pd\n+RbmJrAFeoCQOloUko9YtzI7tKb1QYrnJ3jAAMLkDXw70juI9ufK1+Zj4hDxHb27\n0bb4P8s5XTvwKjR9u46j9UTxbPpILrNkvPeJ7buEm28IdqOTplf2P+uIfE73nw5U\ni3wp2QuhasmC+mLB3bsj1PPlwHd6mS9HNG1BJq0zcgOqCi21vCT6K7Qo/3J0KtsX\nuP15LRAO1dn6WsYXT0BTJxIno/YC8+5Uflj2mFLBy1JKrqbotBDv2HcPXdC8ArBx\nD8FhIezUeSg7Pn48W53+DR5k6Tt13i8BoerUjDfC6Pn1+5aVnC6s5A4HzyR/t7wi\nEtz120alnThTmyab2W0Eu44aw49D7TtUxz5EoJFUBVKClPKwQBs7pTNbm4SrwaoD\nPG37VZ8UhvXvhDan7UeH5I6ReocDzQIDAQABAoICAEjREmW72ikn5faWvlXRPO5v\nuPRjTQ/ogcyWdWGCb+eOViAHONIjmguga0WzmGoqGtn9heCu2ETqpqLve68hml7D\nG2QzMeCDj7Gm/8RUS79Dfj6ZZWhTdvLcbPeXIvu+qa8w7X00EXgMDpOeCyZtUsH3\nzZzNzVzFFRaEIMWb2igs+Ymhy9LgohiGJFyru1WgBFdavucDjD2SQeQxGq3O9dSC\nKpnijIeZ5lf+NlSv2byZOh4YguhzfHvcSa69Mr6RCTVf48kGuMWMB2gDKtcORH31\nWCW/IyKXYWo8z+wc7vA635N5nB0oCj74C9R03Pf8kYZ43AErIU7dORaXKkRARwkr\nY4ZvbzNPZiEVLS9f3W+DMoXwv8+pByNV9dYz/mCAh5DrJIK1q5W13LdEJKMjTQBG\n0tNIa3Vc93Z2mDzKFC0I7qFh1j/cm/+CdL3xrt2oX6JBJcwrcNuDrgYKustbTEt/\nQK/1J1ZPm1hj5ZLBP/PmqOe0Oh2nHr2iZOlDiNfndNdOW4fcFr2ocmEPOE1/oB5z\npJ5bds/t6yu4ijrTkjUBbxQ5DNc4Kwz4f7iW8p3HQB06jG/ohEeDmT+Qtqn8s8XE\n6+cX0q2PSvjoE5Q/xzUVjALu+XJESwLb3490/cZAGOKy3h0xQHeH2Cw+y58FTZ8L\nA1Ww1C4jCIOQnawJYB2nAoIBAQDcxinCOm9su9nTq5BmuAmiUZWBmzjAjBgbO4uV\n/omIY7R9CqR2VUdtEctlzZUqNPERDT8wUWb3gTwk8nDH0udZISCS/mNRX52HIstj\nPRcROt1aokTxOvegJrKlrBxo2MNDRH+TbughjY215lqAMnGAThlShkbUn0CCdPiJ\nCe51I1nPUdlBEY2UO+8piIbgUWqcarBwqoX6urKp6Z743VlybX7DWHditdFa3jkn\njZkRp1ltjCB9n2zHuldvMPfRv8GZ2iGDMaUiSzeoccLwoSLAdJzBRSDy0QsumOt4\nRo6LMJp/DBfHdNYfSGVup4NZvuHu3xIAJWq19wOAFLOO4ZATAoIBAQDmd3jfXPQ6\nQyrSWdf1Y19amytrAEdAfFHUKD+RRqCmRGCGM6f0/5B12zG8fIDywQyst3iZ10rI\n1Tl4RJdpVzHLBEelVX6C1tzqj6nltuh3q3jQ64lG1kayxEi/yGRctobtbXJmaL63\nYAYDj48JEcRbL3HRX7K7NyKobXV0aNoFpNNmFRqmqf+pHJlhnWoLeDI0LcEi/ka5\nOLNySGHNtIEgmpfd6lPwfVojXnb9h4gIlM7wFaBHK5vZfyix0WBii+msMDG+ohFi\n/LdsyJxjMWBVejgch6qb7/EqlnoOt/w4cQgSbOMev1rOAhAGs3yo9LPKGyeSiXxN\nBU/KRNvueFifAoIBAHR4+yjkCUrVJAs+1PTMHREMd5Kj4GH8xu7/EBo26joRV/Qr\n/C4NuZv6KlNwDUTyH0f+tBp6p5bmEGPxn7xcMP9dscC7Aoy4o/PaUHDvls7ZPlSF\njVey41cTc2ZiEa7ixMklRyTx+vdQpbWUbKR7eFPXYBagjpe32KG6sjAiFDKqTsRI\nixR//TB6GifQRk/rxBH3W1RlMj/f5Ugs31it9nWe/KR0dK+X+nY1DPQoCNw+bLiV\nl8KOrCYG0f/wVp3Ky4mugcWkGFmqUxfDxLOMXzgnjVeNb9+Kl5qixH90wdj+8FMc\nfyMUKa7hU9n3+B0NzkZmWynGk7CiO6+DvGMh7w8CggEAcxdGrYTmEhJo2BM13b16\naO0EibLh4jozQxe2Zv42S9HpwhsZzSezJKgJ9m7WlmQByF73QxxYpGKXCJB4bIq2\nuwOwI8jGHODgAeMsnSLyhJCFDRASxeVL+Qo8qkmQlRwx1W/KqYm1dC3n0u9mJslQ\nnZjb5gs8XnHyRNokxbV260qcp2XyoThUDEfT8QODaabkq1oOEUOaXfUK6A9tiCSU\nN4v8Oz5CHN78nJ0YHxQHwwFNNmgWWnRUqBDwaZx93bixQOPwc5rLw/sgPpsQPhjy\nWr1mOBkoAieY8AOlgKQwuJ75wPnPkhNNbYNqLW6E2nsZLdzRrkQqZuw4JHKuwjAn\nUQKCAQEApjeafHcloecCfAvbFeOTADIG0qf+amzAD9HTlHhAe1273Oykit3lnaDM\nBOrcKwSipvJ/8u0nMKx6XzlNzcyWZ2Sr7PCjdpwBLikrH9uvP/3OZ2Ov2Hn+KTiJ\nL9RKYrDshY77jl1+DvVYhSEIznGawe9zv7CyZaGYNW5m2WcvM40dQupaTzuJfoRi\nRz/3MFO0yaJxSXjaW5mosHi1o+hc+C6A495KAKkVhONs4z+fD5huGczBbABpBvK4\nhAf1c/xqrrq0I6xF7jibMxlmAyiIF/O+qwC1tbasCZzVBKY2yVnoxiesUdn23UpS\nVgK2E/qFqixkChn4FxGaD0sh7pR9yw==\n-----END PRIVATE KEY-----\n",
            "public_key_fingerprint_md5": "d5:73:49:e9:52:67:dd:2c:bb:8a:61:7c:f6:b8:31:01",
            "public_key_fingerprint_sha256": "SHA256:E7eeeSpmX1cdiskla9AmP2cfM8y6z86VrIUC3Bi4G3I",
            "public_key_openssh": "ssh-rsa AAAAB3NzaC1yc2EAAAADAQABAAACAQDGwRHfbiSHMd9uyoNk0heR+aDXwk3FV/7nH3qulp2osQHVGYzE2KzYGjd/O8yQXnnmUbkL7ChSNr6fHD6y+bWdd4Rw+xdJvN0UMiXahhNTVNkqJf0hA3Z2sYKE4bMKV/zHTPiN0jw1pWlf2kk4koIvp4smo2ApTzDE4EyzG2ICwJA4gGLSlw8X/1O7ZtRphox8izSxwv6nDAFIw0XvvJHURmx3EG3iWoJXgkxnH/QFTHLoaAd5QgCfQYH/KsaZPhvtm+2bbkUEm/Pd+RbmJrAFeoCQOloUko9YtzI7tKb1QYrnJ3jAAMLkDXw70juI9ufK1+Zj4hDxHb270bb4P8s5XTvwKjR9u46j9UTxbPpILrNkvPeJ7buEm28IdqOTplf2P+uIfE73nw5Ui3wp2QuhasmC+mLB3bsj1PPlwHd6mS9HNG1BJq0zcgOqCi21vCT6K7Qo/3J0KtsXuP15LRAO1dn6WsYXT0BTJxIno/YC8+5Uflj2mFLBy1JKrqbotBDv2HcPXdC8ArBxD8FhIezUeSg7Pn48W53+DR5k6Tt13i8BoerUjDfC6Pn1+5aVnC6s5A4HzyR/t7wiEtz120alnThTmyab2W0Eu44aw49D7TtUxz5EoJFUBVKClPKwQBs7pTNbm4SrwaoDPG37VZ8UhvXvhDan7UeH5I6ReocDzQ==\n",
            "public_key_pem": "-----BEGIN PUBLIC KEY-----\nMIICIjANBgkqhkiG9w0BAQEFAAOCAg8AMIICCgKCAgEAxsER324khzHfbsqDZNIX\nkfmg18JNxVf+5x96rpadqLEB1RmMxNis2Bo3fzvMkF555lG5C+woUja+nxw+svm1\nnXeEcPsXSbzdFDIl2oYTU1TZKiX9IQN2drGChOGzClf8x0z4jdI8NaVpX9pJOJKC\nL6eLJqNgKU8wxOBMsxtiAsCQOIBi0pcPF/9Tu2bUaYaMfIs0scL+pwwBSMNF77yR\n1EZsdxBt4lqCV4JMZx/0BUxy6GgHeUIAn0GB/yrGmT4b7Zvtm25FBJvz3fkW5iaw\nBXqAkDpaFJKPWLcyO7Sm9UGK5yd4wADC5A18O9I7iPbnytfmY+IQ8R29u9G2+D/L\nOV078Co0fbuOo/VE8Wz6SC6zZLz3ie27hJtvCHajk6ZX9j/riHxO958OVIt8KdkL\noWrJgvpiwd27I9Tz5cB3epkvRzRtQSatM3IDqgottbwk+iu0KP9ydCrbF7j9eS0Q\nDtXZ+lrGF09AUycSJ6P2AvPuVH5Y9phSwctSSq6m6LQQ79h3D13QvAKwcQ/BYSHs\n1HkoOz5+PFud/g0eZOk7dd4vAaHq1Iw3wuj59fuWlZwurOQOB88kf7e8IhLc9dtG\npZ04U5smm9ltBLuOGsOPQ+07VMc+RKCRVAVSgpTysEAbO6UzW5uEq8GqAzxt+1Wf\nFIb174Q2p+1Hh+SOkXqHA80CAwEAAQ==\n-----END PUBLIC KEY-----\n",
            "rsa_bits": 4096
          },
          "sensitive_attributes": [
            [
              {
                "type": "get_attr",
                "value": "private_key_openssh"
              }
            ],
            [
              {
                "type": "get_attr",
                "value": "private_key_pem"
              }
            ],
            [
              {
                "type": "get_attr",
                "value": "private_key_pem_pkcs8"
              }
            ]
          ],
          "identity_schema_version": 0
        }
      ]
    }
  ],
  "check_results": null
}
