{
  "version": 4,
  "terraform_version": "1.12.0",
  "serial": 1486,
  "lineage": "8047b918-143c-30ca-8822-32d947294593",
  "outputs": {
    "ami": {
      "value": [
        "ami-017fafe0a29b431d4"
      ],
      "type": [
        "tuple",
        [
          "string"
        ]
      ]
    },
    "ec2_key": {
      "value": [
        "private"
      ],
      "type": [
        "tuple",
        [
          "string"
        ]
      ]
    },
    "instance_id": {
      "value": [
        "i-085d729bbe1dee45f"
      ],
      "type": [
        "tuple",
        [
          "string"
        ]
      ]
    },
    "jenkins_url": {
      "value": "http://13.40.29.226:8080",
      "type": "string"
    },
    "private_key_pem": {
      "value": "-----BEGIN RSA PRIVATE KEY-----\nMIIJKgIBAAKCAgEA7+5zO0b80bIGjo3ou4lmq5VN9lLiB3LAHGKQaYJurvC9WpCV\nOCvTGKi3yLq6jy5Z9EGrn26e9N7MsrIsADoxZv+AeV0YZPIjZTGqUC5WeDmL4KHV\nCTCYIpMgCx8nswnE0JcpgFQiaL5MrI6cDxfVSNfGCq5gc5elfAwyLIj42fxJApQI\n1PBkD7cWSdJtrtXMOqVlrqZFxbgyzqDlQo9Q9t0RpsFeouaQ7gU9UkMzKhpiE+Fy\nhDWuDAY9qrscD6+/NNDrLYjzGVVeX4bhIZFHc2P1ij8UHOMMGeF8VYCjhvdETbha\n3oc2ebll33OY1TRKUhMp3XI3OkN1E+m+ib4RU0YWgvKJXwcFJar1p0Qz0PshjvY1\nrTlCjNPbLcLqlKZPqlCEzACYviw0bHTCbOYh3Pq9e4jTophWfkHgSxC5O+0mzSIw\ngi0TB69WKOBRPe3LwrQi+/14WNgdb0MNbH8LO8F6zduBiNpFdArvqy8cwiZnV2Pq\nQhWbDIP4TWMVRMU9O7TLQ9shIaVUlRU8kNrITebR27AEFOCbao7Gjb6VunjrpBYh\nCF1/yRGoPnSfVbtQIXqtQHQtqOBCRmQUlGdi1A1WrzG7TihWyAfjlJG+ldHlUW0M\nkADPOq4vDL+vG7ZfKZ0Q5C6hb81Ug4Bv0HgnpSnBI4RLAzKCUF6vwRl0m2kCAwEA\nAQKCAgEA2xQOkcS62rpEdGwtYvgOEIQvAMkjbAuiUQjKthyL9h8JtyUnq3eQtAZy\ncc3WxSBcsMQ58kTuzcaWgGBh/v8j1tlbtPWFbb8PBLp5ueblu7dH+p+qR07gy0kt\nzBnxhPBZjuFH2s538M46cqFw6/MmI/Ip+dzJYyLHzuHP+oxDNb+/5qPHALBTnWne\n5x9GWYsMhUw68WMPeH89nSCa1dDI6/Blyq7sO7BuC3grSu7jTAF1JpQHnaLqPj6A\nlmFtOQGPhKly5EwVNT+XAYDGFoFyDXHrZQU91zaV+RfEEMp6BqXG73RzPJeX7UOV\nOphxp9OsPQ8UfghpV0D7KWiYO2uaonsy3wrdhRjriVH/Sop+GZnnDqk6aTTwIHjC\n5VduqXjxny7WVRBnvKuTK1haguU+8XcCbNMduTH5WE3pX1PM1UcfAw0WAlvtWxok\ncUP4RDapXIOKBnLrcRPmCsk2Hvf2Mp5bTI2Jawll/NYvHXH5bIDK2LNOdHUcwce5\nrPeA9O71wbOa2KLozFT07cb30hC0s1R9y+3nry9JCcbpxd7mja1ZdQc4b0iMKwVB\nJ06DJb/8bnMKmaCFL+e8TLCNRoZ609zi5OVyuQjfxEf1Ox06Pr5YvlpOU91Quz5b\nM7TDJ4r5K9cuSsONjpd9Hq6FfKbjTXnYJG5r+5fZfZ7J7ZXRoUUCggEBAP4Vu7Fi\nE02oY0YWUfhUOTnsOmJMTIc8P9YoeIJrUb/xx10SCkSSEKcI3bJcR4akGFn+OuQX\n9GdUb6Cj1USz2z3FcejhTlloUtBhRjHjuGADrrgEN+MDczxkenzv1GNtoM4I+Nsq\nufkgZKBDHfM03n4B2Rl8xb7v/Y7SOtOi8HUi5eWoD7rJyiMgpe/a6r0o2blL71Km\neZ73rev1uX/okAzFbJ8RMrgUAb5ISANOl+M5oqr9eJKedFvdGhi9L2s/wQmIUvgw\nTk4VEt8NuekI2vo56lFz17lhG9wCSb1p9e+pTgBGDd1BMaVOjhZr7x+nozvlA15I\n8bVZSrHj+PxSZ2MCggEBAPG9aEVoX3lGb4onD2c9x/wjp9FlENYgEL6OtUsW5UO+\nCLt6GSb+f3mGrwn4enJJBYM5nNhQoFhHHaLOvb1JcLyBBGFGNDMEJHBqOIa63gGS\nYlQOd4XmLsceN8QurgPihXxgFlcIb9pcGIG4R3912B+VnDXfB3lRsP9tQ5pEGFgd\n7QbFRlWlw+FJ946YrCQjpwv3R7BDHd9eXmeVnSdzB4o/rX8fuI0ycCfAVcrOFOjR\ngIvOrqYfIemXKxEwzWHPkPGCltT7SDiTHPU4FMCZ2sD7MFYYaLFMtPCmQbx/GJlz\nSMxm04VOJW7+B+EoJf9cBhC6K33HMcIz3FF+FlerKcMCggEAL67OcYSRUNKYBtAr\ng+nyb19YuZfOCNcSt9MSgo83YUkze9Dl4mZy/5XXXSCaP7dN5p2iWanxMO8Un9X/\nMQx7yYTjUqvtszOzzu1iafxtXn9ya5BHGLBOEPheUFIFzr8FHYVrhl3nVsxwde8C\nkODMHGOmZXUX+zQ4pnPnnE4IyELLWCUJBqnV6G+5FGFGCke/TFnmyOD7FA0xM4YC\n0PFJD0yBjPyCQy9mAFq6QPyf3oGzeFlnJkTcW10MB7aBTqRBStOtlmwiVd74kqmV\nyRjjV3BE/BI8WsrRmqFHS2e2QsrIG58J/Qq+EWLDoYuR7aPdK2FYF3qi+cCPFwFM\nebXRNwKCAQEAycNHgx6xCPyT3d/qCEZVYwmzaJ6M5drPfuyHPgv3AIpcqXUoBxbE\n+H5EG/NK55YwxqzQTu9EVUnN33Pkg1cHhB2+tR2uNaJQc48EbNcMso0mCngkpBpR\nkpmS++fmD5IBzaQ5IR0Gll7liWdwLV8DKqFpRsFGcKiRLS9aDCinlOwtR8hhgtye\n16svttGQY31qUB9ssx3hkewmqRgDmch1U5sASKkGFLszRspOEL3eT8+EFaxEspwr\nZtZn+Kod0XQ3yosvLsYoKigHNFhBYdtH7Gf6mPE4eDrIjk6FcTk3I+RHr2pnQszN\ni4z0sKUcybxZx55K7GjUC/3S9iVhqnxOlwKCAQEA+UcpI0318nrrgacD/G3jgIE6\n1zOA5aiYI/XuqykGRTVUJAqvpSA5tlpaF9Cl/0oTicCvMDilvhs4+Ef6R+QhZiyk\n3EQJh1MHZU6tl8Z17MvJDpo6ujMFQrQMrF9MELQ1pFm3neE3veu/ujXh//77agQU\nnSeM/IZszjGhTHqZaA0Z6iETdBh8/Giwdr3WF6cuMotIrGojekvBu16/eKZho7T2\nrdAGxJdrRY9uTG6kNsgq4sgF34xv9NwUtIkuEwaHAvTgpp9eIIC37bASqSMp237q\nmWR+4tAB6Mu4f55petj6gNzsgxMzjq+bZzDywepyMV5JcPGJOD9cAjn6QeY7NQ==\n-----END RSA PRIVATE KEY-----\n",
      "type": "string",
      "sensitive": true
    },
    "public_ip": {
      "value": [
        "13.40.29.226"
      ],
      "type": [
        "tuple",
        [
          "string"
        ]
      ]
    },
    "subnet_id": {
      "value": "subnet-099ea6416f49084b2",
      "type": "string"
    },
    "vpc_id": {
      "value": "vpc-07fbd66a535f18d28",
      "type": "string"
    }
  },
  "resources": [
    {
      "mode": "managed",
      "type": "aws_instance",
      "name": "my_instance",
      "provider": "provider[\"registry.terraform.io/hashicorp/aws\"]",
      "instances": [
        {
          "index_key": 0,
          "schema_version": 1,
          "attributes": {
            "ami": "ami-017fafe0a29b431d4",
            "arn": "arn:aws:ec2:eu-west-2:011528279681:instance/i-085d729bbe1dee45f",
            "associate_public_ip_address": true,
            "availability_zone": "eu-west-2a",
            "capacity_reservation_specification": [
              {
                "capacity_reservation_preference": "open",
                "capacity_reservation_target": []
              }
            ],
            "cpu_core_count": 8,
            "cpu_options": [
              {
                "amd_sev_snp": "",
                "core_count": 8,
                "threads_per_core": 2
              }
            ],
            "cpu_threads_per_core": 2,
            "credit_specification": [],
            "disable_api_stop": false,
            "disable_api_termination": false,
            "ebs_block_device": [
              {
                "delete_on_termination": true,
                "device_name": "/dev/sda1",
                "encrypted": false,
                "iops": 3000,
                "kms_key_id": "",
                "snapshot_id": "",
                "tags": {},
                "tags_all": {
                  "hashicorp-learn": "refresh"
                },
                "throughput": 125,
                "volume_id": "vol-0139ba703444cc2ed",
                "volume_size": 30,
                "volume_type": "gp3"
              }
            ],
            "ebs_optimized": false,
            "enclave_options": [
              {
                "enabled": false
              }
            ],
            "ephemeral_block_device": [],
            "get_password_data": false,
            "hibernation": false,
            "host_id": "",
            "host_resource_group_arn": null,
            "iam_instance_profile": "",
            "id": "i-085d729bbe1dee45f",
            "instance_initiated_shutdown_behavior": "stop",
            "instance_lifecycle": "",
            "instance_market_options": [],
            "instance_state": "running",
            "instance_type": "c5.4xlarge",
            "ipv6_address_count": 0,
            "ipv6_addresses": [],
            "key_name": "private",
            "launch_template": [],
            "maintenance_options": [
              {
                "auto_recovery": "default"
              }
            ],
            "metadata_options": [
              {
                "http_endpoint": "enabled",
                "http_protocol_ipv6": "disabled",
                "http_put_response_hop_limit": 2,
                "http_tokens": "required",
                "instance_metadata_tags": "disabled"
              }
            ],
            "monitoring": false,
            "network_interface": [],
            "outpost_arn": "",
            "password_data": "",
            "placement_group": "",
            "placement_partition_number": 0,
            "primary_network_interface_id": "eni-0949d33345171bfaa",
            "private_dns": "ip-10-0-1-128.eu-west-2.compute.internal",
            "private_dns_name_options": [
              {
                "enable_resource_name_dns_a_record": false,
                "enable_resource_name_dns_aaaa_record": false,
                "hostname_type": "ip-name"
              }
            ],
            "private_ip": "10.0.1.128",
            "public_dns": "ec2-13-40-29-226.eu-west-2.compute.amazonaws.com",
            "public_ip": "13.40.29.226",
            "root_block_device": [
              {
                "delete_on_termination": true,
                "device_name": "/dev/sda1",
                "encrypted": false,
                "iops": 3000,
                "kms_key_id": "",
                "tags": {},
                "tags_all": {
                  "hashicorp-learn": "refresh"
                },
                "throughput": 125,
                "volume_id": "vol-0139ba703444cc2ed",
                "volume_size": 30,
                "volume_type": "gp3"
              }
            ],
            "secondary_private_ips": [],
            "security_groups": [],
            "source_dest_check": true,
            "spot_instance_request_id": "",
            "subnet_id": "subnet-099ea6416f49084b2",
            "tags": {
              "Name": "win-server"
            },
            "tags_all": {
              "Name": "win-server",
              "hashicorp-learn": "refresh"
            },
            "tenancy": "default",
            "timeouts": null,
            "user_data": "e3e0ab49cb024f2f882c7b496192597453f89c01",
            "user_data_base64": null,
            "user_data_replace_on_change": false,
            "volume_tags": null,
            "vpc_security_group_ids": [
              "sg-04f12b7a1027f28a3"
            ]
          },
          "sensitive_attributes": [],
          "identity_schema_version": 0,
          "private": "eyJlMmJmYjczMC1lY2FhLTExZTYtOGY4OC0zNDM2M2JjN2M0YzAiOnsiY3JlYXRlIjo2MDAwMDAwMDAwMDAsImRlbGV0ZSI6MTIwMDAwMDAwMDAwMCwicmVhZCI6OTAwMDAwMDAwMDAwLCJ1cGRhdGUiOjYwMDAwMDAwMDAwMH0sInNjaGVtYV92ZXJzaW9uIjoiMSJ9",
          "dependencies": [
            "aws_key_pair.deployer",
            "aws_security_group.my_security_group",
            "aws_subnet.public_subnet",
            "aws_vpc.my_vpc",
            "tls_private_key.example"
          ]
        }
      ]
    },
    {
      "mode": "managed",
      "type": "aws_internet_gateway",
      "name": "my_igw",
      "provider": "provider[\"registry.terraform.io/hashicorp/aws\"]",
      "instances": [
        {
          "schema_version": 0,
          "attributes": {
            "arn": "arn:aws:ec2:eu-west-2:011528279681:internet-gateway/igw-020e752e2e73d5ad0",
            "id": "igw-020e752e2e73d5ad0",
            "owner_id": "011528279681",
            "tags": null,
            "tags_all": {
              "hashicorp-learn": "refresh"
            },
            "timeouts": null,
            "vpc_id": "vpc-07fbd66a535f18d28"
          },
          "sensitive_attributes": [],
          "identity_schema_version": 0,
          "private": "eyJlMmJmYjczMC1lY2FhLTExZTYtOGY4OC0zNDM2M2JjN2M0YzAiOnsiY3JlYXRlIjoxMjAwMDAwMDAwMDAwLCJkZWxldGUiOjEyMDAwMDAwMDAwMDAsInVwZGF0ZSI6MTIwMDAwMDAwMDAwMH19",
          "dependencies": [
            "aws_vpc.my_vpc"
          ]
        }
      ]
    },
    {
      "mode": "managed",
      "type": "aws_key_pair",
      "name": "deployer",
      "provider": "provider[\"registry.terraform.io/hashicorp/aws\"]",
      "instances": [
        {
          "schema_version": 1,
          "attributes": {
            "arn": "arn:aws:ec2:eu-west-2:011528279681:key-pair/private",
            "fingerprint": "b3:68:46:bb:db:53:6c:0d:a5:9b:0e:f0:fb:10:37:e7",
            "id": "private",
            "key_name": "private",
            "key_name_prefix": "",
            "key_pair_id": "key-05755aadf4d446796",
            "key_type": "rsa",
            "public_key": "ssh-rsa AAAAB3NzaC1yc2EAAAADAQABAAACAQDv7nM7RvzRsgaOjei7iWarlU32UuIHcsAcYpBpgm6u8L1akJU4K9MYqLfIurqPLln0Qaufbp703syysiwAOjFm/4B5XRhk8iNlMapQLlZ4OYvgodUJMJgikyALHyezCcTQlymAVCJovkysjpwPF9VI18YKrmBzl6V8DDIsiPjZ/EkClAjU8GQPtxZJ0m2u1cw6pWWupkXFuDLOoOVCj1D23RGmwV6i5pDuBT1SQzMqGmIT4XKENa4MBj2quxwPr7800OstiPMZVV5fhuEhkUdzY/WKPxQc4wwZ4XxVgKOG90RNuFrehzZ5uWXfc5jVNEpSEyndcjc6Q3UT6b6JvhFTRhaC8olfBwUlqvWnRDPQ+yGO9jWtOUKM09stwuqUpk+qUITMAJi+LDRsdMJs5iHc+r17iNOimFZ+QeBLELk77SbNIjCCLRMHr1Yo4FE97cvCtCL7/XhY2B1vQw1sfws7wXrN24GI2kV0Cu+rLxzCJmdXY+pCFZsMg/hNYxVExT07tMtD2yEhpVSVFTyQ2shN5tHbsAQU4JtqjsaNvpW6eOukFiEIXX/JEag+dJ9Vu1Aheq1AdC2o4EJGZBSUZ2LUDVavMbtOKFbIB+OUkb6V0eVRbQyQAM86ri8Mv68btl8pnRDkLqFvzVSDgG/QeCelKcEjhEsDMoJQXq/BGXSbaQ==",
            "tags": null,
            "tags_all": {
              "hashicorp-learn": "refresh"
            }
          },
          "sensitive_attributes": [],
          "identity_schema_version": 0,
          "private": "eyJzY2hlbWFfdmVyc2lvbiI6IjEifQ==",
          "dependencies": [
            "tls_private_key.example"
          ]
        }
      ]
    },
    {
      "mode": "managed",
      "type": "aws_route_table",
      "name": "my_route_table",
      "provider": "provider[\"registry.terraform.io/hashicorp/aws\"]",
      "instances": [
        {
          "schema_version": 0,
          "attributes": {
            "arn": "arn:aws:ec2:eu-west-2:011528279681:route-table/rtb-0ac88de42048da1df",
            "id": "rtb-0ac88de42048da1df",
            "owner_id": "011528279681",
            "propagating_vgws": [],
            "route": [
              {
                "carrier_gateway_id": "",
                "cidr_block": "0.0.0.0/0",
                "core_network_arn": "",
                "destination_prefix_list_id": "",
                "egress_only_gateway_id": "",
                "gateway_id": "igw-020e752e2e73d5ad0",
                "ipv6_cidr_block": "",
                "local_gateway_id": "",
                "nat_gateway_id": "",
                "network_interface_id": "",
                "transit_gateway_id": "",
                "vpc_endpoint_id": "",
                "vpc_peering_connection_id": ""
              }
            ],
            "tags": {
              "Name": "MyRouteTable"
            },
            "tags_all": {
              "Name": "MyRouteTable",
              "hashicorp-learn": "refresh"
            },
            "timeouts": null,
            "vpc_id": "vpc-07fbd66a535f18d28"
          },
          "sensitive_attributes": [],
          "identity_schema_version": 0,
          "private": "eyJlMmJmYjczMC1lY2FhLTExZTYtOGY4OC0zNDM2M2JjN2M0YzAiOnsiY3JlYXRlIjozMDAwMDAwMDAwMDAsImRlbGV0ZSI6MzAwMDAwMDAwMDAwLCJ1cGRhdGUiOjEyMDAwMDAwMDAwMH19",
          "dependencies": [
            "aws_internet_gateway.my_igw",
            "aws_vpc.my_vpc"
          ]
        }
      ]
    },
    {
      "mode": "managed",
      "type": "aws_route_table_association",
      "name": "public_subnet_association",
      "provider": "provider[\"registry.terraform.io/hashicorp/aws\"]",
      "instances": [
        {
          "schema_version": 0,
          "attributes": {
            "gateway_id": "",
            "id": "rtbassoc-00dd75d4f28085a57",
            "route_table_id": "rtb-0ac88de42048da1df",
            "subnet_id": "subnet-099ea6416f49084b2",
            "timeouts": null
          },
          "sensitive_attributes": [],
          "identity_schema_version": 0,
          "private": "eyJlMmJmYjczMC1lY2FhLTExZTYtOGY4OC0zNDM2M2JjN2M0YzAiOnsiY3JlYXRlIjozMDAwMDAwMDAwMDAsImRlbGV0ZSI6MzAwMDAwMDAwMDAwLCJ1cGRhdGUiOjEyMDAwMDAwMDAwMH19",
          "dependencies": [
            "aws_internet_gateway.my_igw",
            "aws_route_table.my_route_table",
            "aws_subnet.public_subnet",
            "aws_vpc.my_vpc"
          ]
        }
      ]
    },
    {
      "mode": "managed",
      "type": "aws_s3_bucket",
      "name": "my_bucket",
      "provider": "provider[\"registry.terraform.io/hashicorp/aws\"]",
      "instances": [
        {
          "schema_version": 0,
          "attributes": {
            "acceleration_status": "",
            "acl": null,
            "arn": "arn:aws:s3:::sdeepak21june",
            "bucket": "sdeepak21june",
            "bucket_domain_name": "sdeepak21june.s3.amazonaws.com",
            "bucket_prefix": "",
            "bucket_regional_domain_name": "sdeepak21june.s3.eu-west-2.amazonaws.com",
            "cors_rule": [],
            "force_destroy": false,
            "grant": [
              {
                "id": "8a66fa119948524c3f0b095fbbca0e59ea759847ae1be191069130023405bcf1",
                "permissions": [
                  "FULL_CONTROL"
                ],
                "type": "CanonicalUser",
                "uri": ""
              }
            ],
            "hosted_zone_id": "Z3GKZC51ZF0DB4",
            "id": "sdeepak21june",
            "lifecycle_rule": [],
            "logging": [],
            "object_lock_configuration": [],
            "object_lock_enabled": false,
            "policy": "",
            "region": "eu-west-2",
            "replication_configuration": [],
            "request_payer": "BucketOwner",
            "server_side_encryption_configuration": [
              {
                "rule": [
                  {
                    "apply_server_side_encryption_by_default": [
                      {
                        "kms_master_key_id": "",
                        "sse_algorithm": "AES256"
                      }
                    ],
                    "bucket_key_enabled": false
                  }
                ]
              }
            ],
            "tags": null,
            "tags_all": {
              "hashicorp-learn": "refresh"
            },
            "timeouts": null,
            "versioning": [
              {
                "enabled": false,
                "mfa_delete": false
              }
            ],
            "website": [],
            "website_domain": null,
            "website_endpoint": null
          },
          "sensitive_attributes": [],
          "identity_schema_version": 0,
          "private": "eyJlMmJmYjczMC1lY2FhLTExZTYtOGY4OC0zNDM2M2JjN2M0YzAiOnsiY3JlYXRlIjoxMjAwMDAwMDAwMDAwLCJkZWxldGUiOjM2MDAwMDAwMDAwMDAsInJlYWQiOjEyMDAwMDAwMDAwMDAsInVwZGF0ZSI6MTIwMDAwMDAwMDAwMH19"
        }
      ]
    },
    {
      "mode": "managed",
      "type": "aws_s3_bucket_public_access_block",
      "name": "my_bucket_public_access_block",
      "provider": "provider[\"registry.terraform.io/hashicorp/aws\"]",
      "instances": [
        {
          "schema_version": 0,
          "attributes": {
            "block_public_acls": false,
            "block_public_policy": false,
            "bucket": "sdeepak21june",
            "id": "sdeepak21june",
            "ignore_public_acls": false,
            "restrict_public_buckets": false
          },
          "sensitive_attributes": [],
          "identity_schema_version": 0,
          "private": "bnVsbA==",
          "dependencies": [
            "aws_s3_bucket.my_bucket"
          ]
        }
      ]
    },
    {
      "mode": "managed",
      "type": "aws_security_group",
      "name": "my_security_group",
      "provider": "provider[\"registry.terraform.io/hashicorp/aws\"]",
      "instances": [
        {
          "schema_version": 1,
          "attributes": {
            "arn": "arn:aws:ec2:eu-west-2:011528279681:security-group/sg-04f12b7a1027f28a3",
            "description": "My security group created by Terraform",
            "egress": [
              {
                "cidr_blocks": [
                  "0.0.0.0/0"
                ],
                "description": "",
                "from_port": 0,
                "ipv6_cidr_blocks": [],
                "prefix_list_ids": [],
                "protocol": "-1",
                "security_groups": [],
                "self": false,
                "to_port": 0
              }
            ],
            "id": "sg-04f12b7a1027f28a3",
            "ingress": [
              {
                "cidr_blocks": [
                  "0.0.0.0/0"
                ],
                "description": "ingress rule for my_sql",
                "from_port": 3306,
                "ipv6_cidr_blocks": [],
                "prefix_list_ids": [],
                "protocol": "tcp",
                "security_groups": [],
                "self": false,
                "to_port": 3306
              },
              {
                "cidr_blocks": [
                  "0.0.0.0/0"
                ],
                "description": "ingress rule for port 22",
                "from_port": 22,
                "ipv6_cidr_blocks": [],
                "prefix_list_ids": [],
                "protocol": "tcp",
                "security_groups": [],
                "self": false,
                "to_port": 22
              },
              {
                "cidr_blocks": [
                  "0.0.0.0/0"
                ],
                "description": "ingress rule for port 443",
                "from_port": 443,
                "ipv6_cidr_blocks": [],
                "prefix_list_ids": [],
                "protocol": "tcp",
                "security_groups": [],
                "self": false,
                "to_port": 443
              },
              {
                "cidr_blocks": [
                  "0.0.0.0/0"
                ],
                "description": "ingress rule for port 8080 using jenkins",
                "from_port": 8080,
                "ipv6_cidr_blocks": [],
                "prefix_list_ids": [],
                "protocol": "tcp",
                "security_groups": [],
                "self": false,
                "to_port": 8080
              },
              {
                "cidr_blocks": [
                  "0.0.0.0/0"
                ],
                "description": "port enable for nginx",
                "from_port": 3389,
                "ipv6_cidr_blocks": [],
                "prefix_list_ids": [],
                "protocol": "tcp",
                "security_groups": [],
                "self": false,
                "to_port": 3389
              },
              {
                "cidr_blocks": [
                  "0.0.0.0/0"
                ],
                "description": "port enable for nginx",
                "from_port": 80,
                "ipv6_cidr_blocks": [],
                "prefix_list_ids": [],
                "protocol": "tcp",
                "security_groups": [],
                "self": false,
                "to_port": 80
              }
            ],
            "name": "my-security-group",
            "name_prefix": "",
            "owner_id": "011528279681",
            "revoke_rules_on_delete": false,
            "tags": null,
            "tags_all": {
              "hashicorp-learn": "refresh"
            },
            "timeouts": null,
            "vpc_id": "vpc-07fbd66a535f18d28"
          },
          "sensitive_attributes": [],
          "identity_schema_version": 0,
          "private": "eyJlMmJmYjczMC1lY2FhLTExZTYtOGY4OC0zNDM2M2JjN2M0YzAiOnsiY3JlYXRlIjo2MDAwMDAwMDAwMDAsImRlbGV0ZSI6OTAwMDAwMDAwMDAwfSwic2NoZW1hX3ZlcnNpb24iOiIxIn0=",
          "dependencies": [
            "aws_vpc.my_vpc"
          ]
        }
      ]
    },
    {
      "mode": "managed",
      "type": "aws_subnet",
      "name": "public_subnet",
      "provider": "provider[\"registry.terraform.io/hashicorp/aws\"]",
      "instances": [
        {
          "schema_version": 1,
          "attributes": {
            "arn": "arn:aws:ec2:eu-west-2:011528279681:subnet/subnet-099ea6416f49084b2",
            "assign_ipv6_address_on_creation": false,
            "availability_zone": "eu-west-2a",
            "availability_zone_id": "euw2-az2",
            "cidr_block": "10.0.1.0/24",
            "customer_owned_ipv4_pool": "",
            "enable_dns64": false,
            "enable_lni_at_device_index": 0,
            "enable_resource_name_dns_a_record_on_launch": false,
            "enable_resource_name_dns_aaaa_record_on_launch": false,
            "id": "subnet-099ea6416f49084b2",
            "ipv6_cidr_block": "",
            "ipv6_cidr_block_association_id": "",
            "ipv6_native": false,
            "map_customer_owned_ip_on_launch": false,
            "map_public_ip_on_launch": true,
            "outpost_arn": "",
            "owner_id": "011528279681",
            "private_dns_hostname_type_on_launch": "ip-name",
            "tags": {
              "Name": "PublicSubnet"
            },
            "tags_all": {
              "Name": "PublicSubnet",
              "hashicorp-learn": "refresh"
            },
            "timeouts": null,
            "vpc_id": "vpc-07fbd66a535f18d28"
          },
          "sensitive_attributes": [],
          "identity_schema_version": 0,
          "private": "eyJlMmJmYjczMC1lY2FhLTExZTYtOGY4OC0zNDM2M2JjN2M0YzAiOnsiY3JlYXRlIjo2MDAwMDAwMDAwMDAsImRlbGV0ZSI6MTIwMDAwMDAwMDAwMH0sInNjaGVtYV92ZXJzaW9uIjoiMSJ9",
          "dependencies": [
            "aws_vpc.my_vpc"
          ]
        }
      ]
    },
    {
      "mode": "managed",
      "type": "aws_vpc",
      "name": "my_vpc",
      "provider": "provider[\"registry.terraform.io/hashicorp/aws\"]",
      "instances": [
        {
          "schema_version": 1,
          "attributes": {
            "arn": "arn:aws:ec2:eu-west-2:011528279681:vpc/vpc-07fbd66a535f18d28",
            "assign_generated_ipv6_cidr_block": false,
            "cidr_block": "10.0.0.0/16",
            "default_network_acl_id": "acl-0c5d242d5dff6b59b",
            "default_route_table_id": "rtb-05985434c30f727d7",
            "default_security_group_id": "sg-005602f2b4cf273f0",
            "dhcp_options_id": "dopt-044e0f5f6789a1e8f",
            "enable_dns_hostnames": true,
            "enable_dns_support": true,
            "enable_network_address_usage_metrics": false,
            "id": "vpc-07fbd66a535f18d28",
            "instance_tenancy": "default",
            "ipv4_ipam_pool_id": null,
            "ipv4_netmask_length": null,
            "ipv6_association_id": "",
            "ipv6_cidr_block": "",
            "ipv6_cidr_block_network_border_group": "",
            "ipv6_ipam_pool_id": "",
            "ipv6_netmask_length": 0,
            "main_route_table_id": "rtb-05985434c30f727d7",
            "owner_id": "011528279681",
            "tags": {
              "Name": "vpc-1"
            },
            "tags_all": {
              "Name": "vpc-1",
              "hashicorp-learn": "refresh"
            }
          },
          "sensitive_attributes": [],
          "identity_schema_version": 0,
          "private": "eyJzY2hlbWFfdmVyc2lvbiI6IjEifQ=="
        }
      ]
    },
    {
      "mode": "managed",
      "type": "null_resource",
      "name": "my_instance",
      "provider": "provider[\"registry.terraform.io/hashicorp/null\"]",
      "instances": [
        {
          "schema_version": 0,
          "attributes": {
            "id": "8526645368763035738",
            "triggers": {
              "id": "igw-020e752e2e73d5ad0"
            }
          },
          "sensitive_attributes": [],
          "identity_schema_version": 0,
          "dependencies": [
            "aws_internet_gateway.my_igw",
            "aws_vpc.my_vpc"
          ]
        }
      ]
    },
    {
      "mode": "managed",
      "type": "tls_private_key",
      "name": "example",
      "provider": "provider[\"registry.terraform.io/hashicorp/tls\"]",
      "instances": [
        {
          "schema_version": 1,
          "attributes": {
            "algorithm": "RSA",
            "ecdsa_curve": "P224",
            "id": "e3153d8e04d07285fd5b25df95f9d93495b3d092",
            "private_key_openssh": "-----BEGIN OPENSSH PRIVATE KEY-----\nb3BlbnNzaC1rZXktdjEAAAAABG5vbmUAAAAEbm9uZQAAAAAAAAABAAACFwAAAAdz\nc2gtcnNhAAAAAwEAAQAAAgEA7+5zO0b80bIGjo3ou4lmq5VN9lLiB3LAHGKQaYJu\nrvC9WpCVOCvTGKi3yLq6jy5Z9EGrn26e9N7MsrIsADoxZv+AeV0YZPIjZTGqUC5W\neDmL4KHVCTCYIpMgCx8nswnE0JcpgFQiaL5MrI6cDxfVSNfGCq5gc5elfAwyLIj4\n2fxJApQI1PBkD7cWSdJtrtXMOqVlrqZFxbgyzqDlQo9Q9t0RpsFeouaQ7gU9UkMz\nKhpiE+FyhDWuDAY9qrscD6+/NNDrLYjzGVVeX4bhIZFHc2P1ij8UHOMMGeF8VYCj\nhvdETbha3oc2ebll33OY1TRKUhMp3XI3OkN1E+m+ib4RU0YWgvKJXwcFJar1p0Qz\n0PshjvY1rTlCjNPbLcLqlKZPqlCEzACYviw0bHTCbOYh3Pq9e4jTophWfkHgSxC5\nO+0mzSIwgi0TB69WKOBRPe3LwrQi+/14WNgdb0MNbH8LO8F6zduBiNpFdArvqy8c\nwiZnV2PqQhWbDIP4TWMVRMU9O7TLQ9shIaVUlRU8kNrITebR27AEFOCbao7Gjb6V\nunjrpBYhCF1/yRGoPnSfVbtQIXqtQHQtqOBCRmQUlGdi1A1WrzG7TihWyAfjlJG+\nldHlUW0MkADPOq4vDL+vG7ZfKZ0Q5C6hb81Ug4Bv0HgnpSnBI4RLAzKCUF6vwRl0\nm2kAAAc4efphf3n6YX8AAAAHc3NoLXJzYQAAAgEA7+5zO0b80bIGjo3ou4lmq5VN\n9lLiB3LAHGKQaYJurvC9WpCVOCvTGKi3yLq6jy5Z9EGrn26e9N7MsrIsADoxZv+A\neV0YZPIjZTGqUC5WeDmL4KHVCTCYIpMgCx8nswnE0JcpgFQiaL5MrI6cDxfVSNfG\nCq5gc5elfAwyLIj42fxJApQI1PBkD7cWSdJtrtXMOqVlrqZFxbgyzqDlQo9Q9t0R\npsFeouaQ7gU9UkMzKhpiE+FyhDWuDAY9qrscD6+/NNDrLYjzGVVeX4bhIZFHc2P1\nij8UHOMMGeF8VYCjhvdETbha3oc2ebll33OY1TRKUhMp3XI3OkN1E+m+ib4RU0YW\ngvKJXwcFJar1p0Qz0PshjvY1rTlCjNPbLcLqlKZPqlCEzACYviw0bHTCbOYh3Pq9\ne4jTophWfkHgSxC5O+0mzSIwgi0TB69WKOBRPe3LwrQi+/14WNgdb0MNbH8LO8F6\nzduBiNpFdArvqy8cwiZnV2PqQhWbDIP4TWMVRMU9O7TLQ9shIaVUlRU8kNrITebR\n27AEFOCbao7Gjb6VunjrpBYhCF1/yRGoPnSfVbtQIXqtQHQtqOBCRmQUlGdi1A1W\nrzG7TihWyAfjlJG+ldHlUW0MkADPOq4vDL+vG7ZfKZ0Q5C6hb81Ug4Bv0HgnpSnB\nI4RLAzKCUF6vwRl0m2kAAAADAQABAAACAQDbFA6RxLraukR0bC1i+A4QhC8AySNs\nC6JRCMq2HIv2Hwm3JSerd5C0BnJxzdbFIFywxDnyRO7NxpaAYGH+/yPW2Vu09YVt\nvw8Eunm55uW7t0f6n6pHTuDLSS3MGfGE8FmO4UfaznfwzjpyoXDr8yYj8in53Mlj\nIsfO4c/6jEM1v7/mo8cAsFOdad7nH0ZZiwyFTDrxYw94fz2dIJrV0Mjr8GXKruw7\nsG4LeCtK7uNMAXUmlAedouo+PoCWYW05AY+EqXLkTBU1P5cBgMYWgXINcetlBT3X\nNpX5F8QQynoGpcbvdHM8l5ftQ5U6mHGn06w9DxR+CGlXQPspaJg7a5qiezLfCt2F\nGOuJUf9Kin4ZmecOqTppNPAgeMLlV26pePGfLtZVEGe8q5MrWFqC5T7xdwJs0x25\nMflYTelfU8zVRx8DDRYCW+1bGiRxQ/hENqlcg4oGcutxE+YKyTYe9/YynltMjYlr\nCWX81i8dcflsgMrYs050dRzBx7ms94D07vXBs5rYoujMVPTtxvfSELSzVH3L7eev\nL0kJxunF3uaNrVl1BzhvSIwrBUEnToMlv/xucwqZoIUv57xMsI1GhnrT3OLk5XK5\nCN/ER/U7HTo+vli+Wk5T3VC7PlsztMMnivkr1y5Kw42Ol30eroV8puNNedgkbmv7\nl9l9nsntldGhRQAAAQEA+UcpI0318nrrgacD/G3jgIE61zOA5aiYI/XuqykGRTVU\nJAqvpSA5tlpaF9Cl/0oTicCvMDilvhs4+Ef6R+QhZiyk3EQJh1MHZU6tl8Z17MvJ\nDpo6ujMFQrQMrF9MELQ1pFm3neE3veu/ujXh//77agQUnSeM/IZszjGhTHqZaA0Z\n6iETdBh8/Giwdr3WF6cuMotIrGojekvBu16/eKZho7T2rdAGxJdrRY9uTG6kNsgq\n4sgF34xv9NwUtIkuEwaHAvTgpp9eIIC37bASqSMp237qmWR+4tAB6Mu4f55petj6\ngNzsgxMzjq+bZzDywepyMV5JcPGJOD9cAjn6QeY7NQAAAQEA/hW7sWITTahjRhZR\n+FQ5Oew6YkxMhzw/1ih4gmtRv/HHXRIKRJIQpwjdslxHhqQYWf465Bf0Z1RvoKPV\nRLPbPcVx6OFOWWhS0GFGMeO4YAOuuAQ34wNzPGR6fO/UY22gzgj42yq5+SBkoEMd\n8zTefgHZGXzFvu/9jtI606LwdSLl5agPusnKIyCl79rqvSjZuUvvUqZ5nvet6/W5\nf+iQDMVsnxEyuBQBvkhIA06X4zmiqv14kp50W90aGL0vaz/BCYhS+DBOThUS3w25\n6Qja+jnqUXPXuWEb3AJJvWn176lOAEYN3UExpU6OFmvvH6ejO+UDXkjxtVlKseP4\n/FJnYwAAAQEA8b1oRWhfeUZviicPZz3H/COn0WUQ1iAQvo61SxblQ74Iu3oZJv5/\neYavCfh6ckkFgzmc2FCgWEcdos69vUlwvIEEYUY0MwQkcGo4hrreAZJiVA53heYu\nxx43xC6uA+KFfGAWVwhv2lwYgbhHf3XYH5WcNd8HeVGw/21DmkQYWB3tBsVGVaXD\n4Un3jpisJCOnC/dHsEMd315eZ5WdJ3MHij+tfx+4jTJwJ8BVys4U6NGAi86uph8h\n6ZcrETDNYc+Q8YKW1PtIOJMc9TgUwJnawPswVhhosUy08KZBvH8YmXNIzGbThU4l\nbv4H4Sgl/1wGELorfccxwjPcUX4WV6spwwAAAAAB\n-----END OPENSSH PRIVATE KEY-----\n",
            "private_key_pem": "-----BEGIN RSA PRIVATE KEY-----\nMIIJKgIBAAKCAgEA7+5zO0b80bIGjo3ou4lmq5VN9lLiB3LAHGKQaYJurvC9WpCV\nOCvTGKi3yLq6jy5Z9EGrn26e9N7MsrIsADoxZv+AeV0YZPIjZTGqUC5WeDmL4KHV\nCTCYIpMgCx8nswnE0JcpgFQiaL5MrI6cDxfVSNfGCq5gc5elfAwyLIj42fxJApQI\n1PBkD7cWSdJtrtXMOqVlrqZFxbgyzqDlQo9Q9t0RpsFeouaQ7gU9UkMzKhpiE+Fy\nhDWuDAY9qrscD6+/NNDrLYjzGVVeX4bhIZFHc2P1ij8UHOMMGeF8VYCjhvdETbha\n3oc2ebll33OY1TRKUhMp3XI3OkN1E+m+ib4RU0YWgvKJXwcFJar1p0Qz0PshjvY1\nrTlCjNPbLcLqlKZPqlCEzACYviw0bHTCbOYh3Pq9e4jTophWfkHgSxC5O+0mzSIw\ngi0TB69WKOBRPe3LwrQi+/14WNgdb0MNbH8LO8F6zduBiNpFdArvqy8cwiZnV2Pq\nQhWbDIP4TWMVRMU9O7TLQ9shIaVUlRU8kNrITebR27AEFOCbao7Gjb6VunjrpBYh\nCF1/yRGoPnSfVbtQIXqtQHQtqOBCRmQUlGdi1A1WrzG7TihWyAfjlJG+ldHlUW0M\nkADPOq4vDL+vG7ZfKZ0Q5C6hb81Ug4Bv0HgnpSnBI4RLAzKCUF6vwRl0m2kCAwEA\nAQKCAgEA2xQOkcS62rpEdGwtYvgOEIQvAMkjbAuiUQjKthyL9h8JtyUnq3eQtAZy\ncc3WxSBcsMQ58kTuzcaWgGBh/v8j1tlbtPWFbb8PBLp5ueblu7dH+p+qR07gy0kt\nzBnxhPBZjuFH2s538M46cqFw6/MmI/Ip+dzJYyLHzuHP+oxDNb+/5qPHALBTnWne\n5x9GWYsMhUw68WMPeH89nSCa1dDI6/Blyq7sO7BuC3grSu7jTAF1JpQHnaLqPj6A\nlmFtOQGPhKly5EwVNT+XAYDGFoFyDXHrZQU91zaV+RfEEMp6BqXG73RzPJeX7UOV\nOphxp9OsPQ8UfghpV0D7KWiYO2uaonsy3wrdhRjriVH/Sop+GZnnDqk6aTTwIHjC\n5VduqXjxny7WVRBnvKuTK1haguU+8XcCbNMduTH5WE3pX1PM1UcfAw0WAlvtWxok\ncUP4RDapXIOKBnLrcRPmCsk2Hvf2Mp5bTI2Jawll/NYvHXH5bIDK2LNOdHUcwce5\nrPeA9O71wbOa2KLozFT07cb30hC0s1R9y+3nry9JCcbpxd7mja1ZdQc4b0iMKwVB\nJ06DJb/8bnMKmaCFL+e8TLCNRoZ609zi5OVyuQjfxEf1Ox06Pr5YvlpOU91Quz5b\nM7TDJ4r5K9cuSsONjpd9Hq6FfKbjTXnYJG5r+5fZfZ7J7ZXRoUUCggEBAP4Vu7Fi\nE02oY0YWUfhUOTnsOmJMTIc8P9YoeIJrUb/xx10SCkSSEKcI3bJcR4akGFn+OuQX\n9GdUb6Cj1USz2z3FcejhTlloUtBhRjHjuGADrrgEN+MDczxkenzv1GNtoM4I+Nsq\nufkgZKBDHfM03n4B2Rl8xb7v/Y7SOtOi8HUi5eWoD7rJyiMgpe/a6r0o2blL71Km\neZ73rev1uX/okAzFbJ8RMrgUAb5ISANOl+M5oqr9eJKedFvdGhi9L2s/wQmIUvgw\nTk4VEt8NuekI2vo56lFz17lhG9wCSb1p9e+pTgBGDd1BMaVOjhZr7x+nozvlA15I\n8bVZSrHj+PxSZ2MCggEBAPG9aEVoX3lGb4onD2c9x/wjp9FlENYgEL6OtUsW5UO+\nCLt6GSb+f3mGrwn4enJJBYM5nNhQoFhHHaLOvb1JcLyBBGFGNDMEJHBqOIa63gGS\nYlQOd4XmLsceN8QurgPihXxgFlcIb9pcGIG4R3912B+VnDXfB3lRsP9tQ5pEGFgd\n7QbFRlWlw+FJ946YrCQjpwv3R7BDHd9eXmeVnSdzB4o/rX8fuI0ycCfAVcrOFOjR\ngIvOrqYfIemXKxEwzWHPkPGCltT7SDiTHPU4FMCZ2sD7MFYYaLFMtPCmQbx/GJlz\nSMxm04VOJW7+B+EoJf9cBhC6K33HMcIz3FF+FlerKcMCggEAL67OcYSRUNKYBtAr\ng+nyb19YuZfOCNcSt9MSgo83YUkze9Dl4mZy/5XXXSCaP7dN5p2iWanxMO8Un9X/\nMQx7yYTjUqvtszOzzu1iafxtXn9ya5BHGLBOEPheUFIFzr8FHYVrhl3nVsxwde8C\nkODMHGOmZXUX+zQ4pnPnnE4IyELLWCUJBqnV6G+5FGFGCke/TFnmyOD7FA0xM4YC\n0PFJD0yBjPyCQy9mAFq6QPyf3oGzeFlnJkTcW10MB7aBTqRBStOtlmwiVd74kqmV\nyRjjV3BE/BI8WsrRmqFHS2e2QsrIG58J/Qq+EWLDoYuR7aPdK2FYF3qi+cCPFwFM\nebXRNwKCAQEAycNHgx6xCPyT3d/qCEZVYwmzaJ6M5drPfuyHPgv3AIpcqXUoBxbE\n+H5EG/NK55YwxqzQTu9EVUnN33Pkg1cHhB2+tR2uNaJQc48EbNcMso0mCngkpBpR\nkpmS++fmD5IBzaQ5IR0Gll7liWdwLV8DKqFpRsFGcKiRLS9aDCinlOwtR8hhgtye\n16svttGQY31qUB9ssx3hkewmqRgDmch1U5sASKkGFLszRspOEL3eT8+EFaxEspwr\nZtZn+Kod0XQ3yosvLsYoKigHNFhBYdtH7Gf6mPE4eDrIjk6FcTk3I+RHr2pnQszN\ni4z0sKUcybxZx55K7GjUC/3S9iVhqnxOlwKCAQEA+UcpI0318nrrgacD/G3jgIE6\n1zOA5aiYI/XuqykGRTVUJAqvpSA5tlpaF9Cl/0oTicCvMDilvhs4+Ef6R+QhZiyk\n3EQJh1MHZU6tl8Z17MvJDpo6ujMFQrQMrF9MELQ1pFm3neE3veu/ujXh//77agQU\nnSeM/IZszjGhTHqZaA0Z6iETdBh8/Giwdr3WF6cuMotIrGojekvBu16/eKZho7T2\nrdAGxJdrRY9uTG6kNsgq4sgF34xv9NwUtIkuEwaHAvTgpp9eIIC37bASqSMp237q\nmWR+4tAB6Mu4f55petj6gNzsgxMzjq+bZzDywepyMV5JcPGJOD9cAjn6QeY7NQ==\n-----END RSA PRIVATE KEY-----\n",
            "private_key_pem_pkcs8": "-----BEGIN PRIVATE KEY-----\nMIIJRAIBADANBgkqhkiG9w0BAQEFAASCCS4wggkqAgEAAoICAQDv7nM7RvzRsgaO\njei7iWarlU32UuIHcsAcYpBpgm6u8L1akJU4K9MYqLfIurqPLln0Qaufbp703syy\nsiwAOjFm/4B5XRhk8iNlMapQLlZ4OYvgodUJMJgikyALHyezCcTQlymAVCJovkys\njpwPF9VI18YKrmBzl6V8DDIsiPjZ/EkClAjU8GQPtxZJ0m2u1cw6pWWupkXFuDLO\noOVCj1D23RGmwV6i5pDuBT1SQzMqGmIT4XKENa4MBj2quxwPr7800OstiPMZVV5f\nhuEhkUdzY/WKPxQc4wwZ4XxVgKOG90RNuFrehzZ5uWXfc5jVNEpSEyndcjc6Q3UT\n6b6JvhFTRhaC8olfBwUlqvWnRDPQ+yGO9jWtOUKM09stwuqUpk+qUITMAJi+LDRs\ndMJs5iHc+r17iNOimFZ+QeBLELk77SbNIjCCLRMHr1Yo4FE97cvCtCL7/XhY2B1v\nQw1sfws7wXrN24GI2kV0Cu+rLxzCJmdXY+pCFZsMg/hNYxVExT07tMtD2yEhpVSV\nFTyQ2shN5tHbsAQU4JtqjsaNvpW6eOukFiEIXX/JEag+dJ9Vu1Aheq1AdC2o4EJG\nZBSUZ2LUDVavMbtOKFbIB+OUkb6V0eVRbQyQAM86ri8Mv68btl8pnRDkLqFvzVSD\ngG/QeCelKcEjhEsDMoJQXq/BGXSbaQIDAQABAoICAQDbFA6RxLraukR0bC1i+A4Q\nhC8AySNsC6JRCMq2HIv2Hwm3JSerd5C0BnJxzdbFIFywxDnyRO7NxpaAYGH+/yPW\n2Vu09YVtvw8Eunm55uW7t0f6n6pHTuDLSS3MGfGE8FmO4UfaznfwzjpyoXDr8yYj\n8in53MljIsfO4c/6jEM1v7/mo8cAsFOdad7nH0ZZiwyFTDrxYw94fz2dIJrV0Mjr\n8GXKruw7sG4LeCtK7uNMAXUmlAedouo+PoCWYW05AY+EqXLkTBU1P5cBgMYWgXIN\ncetlBT3XNpX5F8QQynoGpcbvdHM8l5ftQ5U6mHGn06w9DxR+CGlXQPspaJg7a5qi\nezLfCt2FGOuJUf9Kin4ZmecOqTppNPAgeMLlV26pePGfLtZVEGe8q5MrWFqC5T7x\ndwJs0x25MflYTelfU8zVRx8DDRYCW+1bGiRxQ/hENqlcg4oGcutxE+YKyTYe9/Yy\nnltMjYlrCWX81i8dcflsgMrYs050dRzBx7ms94D07vXBs5rYoujMVPTtxvfSELSz\nVH3L7eevL0kJxunF3uaNrVl1BzhvSIwrBUEnToMlv/xucwqZoIUv57xMsI1GhnrT\n3OLk5XK5CN/ER/U7HTo+vli+Wk5T3VC7PlsztMMnivkr1y5Kw42Ol30eroV8puNN\nedgkbmv7l9l9nsntldGhRQKCAQEA/hW7sWITTahjRhZR+FQ5Oew6YkxMhzw/1ih4\ngmtRv/HHXRIKRJIQpwjdslxHhqQYWf465Bf0Z1RvoKPVRLPbPcVx6OFOWWhS0GFG\nMeO4YAOuuAQ34wNzPGR6fO/UY22gzgj42yq5+SBkoEMd8zTefgHZGXzFvu/9jtI6\n06LwdSLl5agPusnKIyCl79rqvSjZuUvvUqZ5nvet6/W5f+iQDMVsnxEyuBQBvkhI\nA06X4zmiqv14kp50W90aGL0vaz/BCYhS+DBOThUS3w256Qja+jnqUXPXuWEb3AJJ\nvWn176lOAEYN3UExpU6OFmvvH6ejO+UDXkjxtVlKseP4/FJnYwKCAQEA8b1oRWhf\neUZviicPZz3H/COn0WUQ1iAQvo61SxblQ74Iu3oZJv5/eYavCfh6ckkFgzmc2FCg\nWEcdos69vUlwvIEEYUY0MwQkcGo4hrreAZJiVA53heYuxx43xC6uA+KFfGAWVwhv\n2lwYgbhHf3XYH5WcNd8HeVGw/21DmkQYWB3tBsVGVaXD4Un3jpisJCOnC/dHsEMd\n315eZ5WdJ3MHij+tfx+4jTJwJ8BVys4U6NGAi86uph8h6ZcrETDNYc+Q8YKW1PtI\nOJMc9TgUwJnawPswVhhosUy08KZBvH8YmXNIzGbThU4lbv4H4Sgl/1wGELorfccx\nwjPcUX4WV6spwwKCAQAvrs5xhJFQ0pgG0CuD6fJvX1i5l84I1xK30xKCjzdhSTN7\n0OXiZnL/ldddIJo/t03mnaJZqfEw7xSf1f8xDHvJhONSq+2zM7PO7WJp/G1ef3Jr\nkEcYsE4Q+F5QUgXOvwUdhWuGXedWzHB17wKQ4MwcY6ZldRf7NDimc+ecTgjIQstY\nJQkGqdXob7kUYUYKR79MWebI4PsUDTEzhgLQ8UkPTIGM/IJDL2YAWrpA/J/egbN4\nWWcmRNxbXQwHtoFOpEFK062WbCJV3viSqZXJGONXcET8EjxaytGaoUdLZ7ZCysgb\nnwn9Cr4RYsOhi5Hto90rYVgXeqL5wI8XAUx5tdE3AoIBAQDJw0eDHrEI/JPd3+oI\nRlVjCbNonozl2s9+7Ic+C/cAilypdSgHFsT4fkQb80rnljDGrNBO70RVSc3fc+SD\nVweEHb61Ha41olBzjwRs1wyyjSYKeCSkGlGSmZL75+YPkgHNpDkhHQaWXuWJZ3At\nXwMqoWlGwUZwqJEtL1oMKKeU7C1HyGGC3J7Xqy+20ZBjfWpQH2yzHeGR7CapGAOZ\nyHVTmwBIqQYUuzNGyk4Qvd5Pz4QVrESynCtm1mf4qh3RdDfKiy8uxigqKAc0WEFh\n20fsZ/qY8Th4OsiOToVxOTcj5EevamdCzM2LjPSwpRzJvFnHnkrsaNQL/dL2JWGq\nfE6XAoIBAQD5RykjTfXyeuuBpwP8beOAgTrXM4DlqJgj9e6rKQZFNVQkCq+lIDm2\nWloX0KX/ShOJwK8wOKW+Gzj4R/pH5CFmLKTcRAmHUwdlTq2XxnXsy8kOmjq6MwVC\ntAysX0wQtDWkWbed4Te967+6NeH//vtqBBSdJ4z8hmzOMaFMeploDRnqIRN0GHz8\naLB2vdYXpy4yi0isaiN6S8G7Xr94pmGjtPat0AbEl2tFj25MbqQ2yCriyAXfjG/0\n3BS0iS4TBocC9OCmn14ggLftsBKpIynbfuqZZH7i0AHoy7h/nml62PqA3OyDEzOO\nr5tnMPLB6nIxXklw8Yk4P1wCOfpB5js1\n-----END PRIVATE KEY-----\n",
            "public_key_fingerprint_md5": "17:38:2e:3e:c7:7b:68:f0:95:6b:2b:d7:23:cc:ca:f5",
            "public_key_fingerprint_sha256": "SHA256:1xFDKTnnDpTm5UEiK8xL59d/KtmM1gHnU863jDWueCI",
            "public_key_openssh": "ssh-rsa AAAAB3NzaC1yc2EAAAADAQABAAACAQDv7nM7RvzRsgaOjei7iWarlU32UuIHcsAcYpBpgm6u8L1akJU4K9MYqLfIurqPLln0Qaufbp703syysiwAOjFm/4B5XRhk8iNlMapQLlZ4OYvgodUJMJgikyALHyezCcTQlymAVCJovkysjpwPF9VI18YKrmBzl6V8DDIsiPjZ/EkClAjU8GQPtxZJ0m2u1cw6pWWupkXFuDLOoOVCj1D23RGmwV6i5pDuBT1SQzMqGmIT4XKENa4MBj2quxwPr7800OstiPMZVV5fhuEhkUdzY/WKPxQc4wwZ4XxVgKOG90RNuFrehzZ5uWXfc5jVNEpSEyndcjc6Q3UT6b6JvhFTRhaC8olfBwUlqvWnRDPQ+yGO9jWtOUKM09stwuqUpk+qUITMAJi+LDRsdMJs5iHc+r17iNOimFZ+QeBLELk77SbNIjCCLRMHr1Yo4FE97cvCtCL7/XhY2B1vQw1sfws7wXrN24GI2kV0Cu+rLxzCJmdXY+pCFZsMg/hNYxVExT07tMtD2yEhpVSVFTyQ2shN5tHbsAQU4JtqjsaNvpW6eOukFiEIXX/JEag+dJ9Vu1Aheq1AdC2o4EJGZBSUZ2LUDVavMbtOKFbIB+OUkb6V0eVRbQyQAM86ri8Mv68btl8pnRDkLqFvzVSDgG/QeCelKcEjhEsDMoJQXq/BGXSbaQ==\n",
            "public_key_pem": "-----BEGIN PUBLIC KEY-----\nMIICIjANBgkqhkiG9w0BAQEFAAOCAg8AMIICCgKCAgEA7+5zO0b80bIGjo3ou4lm\nq5VN9lLiB3LAHGKQaYJurvC9WpCVOCvTGKi3yLq6jy5Z9EGrn26e9N7MsrIsADox\nZv+AeV0YZPIjZTGqUC5WeDmL4KHVCTCYIpMgCx8nswnE0JcpgFQiaL5MrI6cDxfV\nSNfGCq5gc5elfAwyLIj42fxJApQI1PBkD7cWSdJtrtXMOqVlrqZFxbgyzqDlQo9Q\n9t0RpsFeouaQ7gU9UkMzKhpiE+FyhDWuDAY9qrscD6+/NNDrLYjzGVVeX4bhIZFH\nc2P1ij8UHOMMGeF8VYCjhvdETbha3oc2ebll33OY1TRKUhMp3XI3OkN1E+m+ib4R\nU0YWgvKJXwcFJar1p0Qz0PshjvY1rTlCjNPbLcLqlKZPqlCEzACYviw0bHTCbOYh\n3Pq9e4jTophWfkHgSxC5O+0mzSIwgi0TB69WKOBRPe3LwrQi+/14WNgdb0MNbH8L\nO8F6zduBiNpFdArvqy8cwiZnV2PqQhWbDIP4TWMVRMU9O7TLQ9shIaVUlRU8kNrI\nTebR27AEFOCbao7Gjb6VunjrpBYhCF1/yRGoPnSfVbtQIXqtQHQtqOBCRmQUlGdi\n1A1WrzG7TihWyAfjlJG+ldHlUW0MkADPOq4vDL+vG7ZfKZ0Q5C6hb81Ug4Bv0Hgn\npSnBI4RLAzKCUF6vwRl0m2kCAwEAAQ==\n-----END PUBLIC KEY-----\n",
            "rsa_bits": 4096
          },
          "sensitive_attributes": [
            [
              {
                "type": "get_attr",
                "value": "private_key_openssh"
              }
            ],
            [
              {
                "type": "get_attr",
                "value": "private_key_pem"
              }
            ],
            [
              {
                "type": "get_attr",
                "value": "private_key_pem_pkcs8"
              }
            ]
          ],
          "identity_schema_version": 0
        }
      ]
    }
  ],
  "check_results": null
}
