{
  "version": 4,
  "terraform_version": "1.12.0",
  "serial": 55,
  "lineage": "ce55a528-a3fb-2b6d-dcf7-e4145a3621ec",
  "outputs": {
    "ami": {
      "value": [
        "ami-044415bb13eee2391"
      ],
      "type": [
        "tuple",
        [
          "string"
        ]
      ]
    },
    "ec2_key": {
      "value": [
        "private"
      ],
      "type": [
        "tuple",
        [
          "string"
        ]
      ]
    },
    "instance_id": {
      "value": [
        "i-08b15b4ef6113569e"
      ],
      "type": [
        "tuple",
        [
          "string"
        ]
      ]
    },
    "jenkins_url": {
      "value": "http://35.176.91.100:8080",
      "type": "string"
    },
    "private_key_pem": {
      "value": "-----BEGIN RSA PRIVATE KEY-----\nMIIJKAIBAAKCAgEAsc/HfcsQFkatj6xCgZRyIkhV5gvy80hnyWgMMCZ9U/4imx9R\n0vGXWMHPy2yiTqFiX12aXp99qFtqgyzwi4fVnsZHbtkAJnDZgCfSslSUaEU44LTK\ncdAzZrbbLUrar/QQ8MY+NFWF/Aa8prsr53xWCEpoWdApgdQNzN+U2mCkTB7GctPE\n3WtHgLcUt2HbVYtGCghZofo5vULJ/wtO9PTHrqTSOVN1I1ipsUYaeSszK5fsmkk3\nQH+mSI7t5tjLr0kllYPowB3vrhBapRk+gVFVZTyW9UYS7gNbnZwPFYVDzF23flRZ\n6c6faUnGbTaqRgxyt5cpnzLQvoFIX6RLdh05Qs55ZC1u2YAGoy+bMUvCKLTxo0/E\nRSo9+koFH2eLkYUxjPN23p5eOLc3NcjQn22uR03GrqdLbQwpXOgCkm/HCheSOTs/\n+bjUc4mF3miizIeB7JD5AWdvqmA6g6Xxp5pI4YlXTYhUC39t/lioVazqRNw1p2RH\nTusjV66eWOxI2MR/n3gS4ityWG0S7RxTJZojnjPY/W8hry0eaf3X2kguRWb+3RYm\nc/npsU+ELdWf7sPZILxCaX+D9UweMR7tUsqZRq+qwwavddbWhUnwCRT84KVqg7k3\nyMG9V3Vuv6fRY8E+9tDySZN6EKqLDCIG1AWXAgXZLLDzHrBJukQaHuGh2UkCAwEA\nAQKCAgEAmVbK/dNRQzSeVmlCTUb8Ck6BLUser+jAADNnV1rJ99YQd9/Ri21mjFdP\nYGmFqvOHxyAMkQ9PqRF00DzAEEQK18q8LX6bn4rwNpGhJMLF3QndHAMtFmtq+Gg2\nqV+FKfn7ZfhACpe6XPZeWBbPrOhPtQSd6t4V/W0mnYgucQiohzB/COVRP3VVi03X\nYrHUGXhq5RoAWixVAL8JPZW9+IbjcNuYo3EyclHyvPrst5OmpDB3DTKYoFm0x5vi\n05IgTUByVfcUkCEA4gYedYRIn/LJBu3ybQCKMJHavxem9nMfXa1wIVSS2Yujc4P4\nx5Q90PzJLUQB09VZqQAKrtgbb3eSOXYM/SotPsfgSmgPgArmkrJucBvbQKxFvjkW\n8P8RJq7cgtgYt+Rr+i8PpIJuGad4e0QXGlmuWzaVx7aNtZcqlrzJ4t40NZuwA8Ym\no13Fixl4TTuez3XlJp00Wb8A80kACPQO68ZLXMbnPg74zK+b8W8aKUmJHOdENkom\nMdubGXQWPtlyP84fmmwNbYpWtEb27kRLEBUOfB01erpoUE3D7lqVMHBqNVxNJIHX\nWaxTuRaQP/I7cjL0OIV4mY/BICUkT/fdqc+2Kfsm8CECvcJdrKk4FLy3eerxgT76\nCfZf3TgUErToGri51riinU0hRwD+MN3w2rBIsbG194J7q50QZxECggEBAOofq2aV\nldGIIrkjNatOP0ZOp/XC4AtjvR/BVIyCtN1S4jueeQu4PUaOkAi24OTpTsFvZP0E\nNlcub2CvYmS83wjktH7+CHCOipLbf+a60me0cx83XWuuVE6bTfC6gl9KDwZGVsJT\n+j/uzD3r3kbAt0GEibDCFWLjo+mrkjOhLyzFFgriOVGEqF+0T00cF8Tv4DjdTfYa\nLkGtgGNyV1JYNQ3tmSwYKfDMJHI2wGUbn6tgEAKrTK/CtfvkryaUUvlgxgPNc4/G\nfz+j24R61u1FCnWPQrSzHnGQEgfvrIMDqDaJI35InbaiqD/8h4dfiuawODSb3NRc\nXD15XmhmyR7O6GUCggEBAMJtGl75Sx+LOWVn88CjLPWnmFZl8zB619RUC1R9rVyt\naJ+0V1ObGEQu7gGkKg0QrOtTQkmSg7FGZhwgEgMqnBU/WKlvy+5+TlzWi0tcanHm\nZvWZfoeG9M6znIPMefBdNL2d2DvcMCE1D0xFzRxtLO23iF/88LsIyF910V8PNrBw\nZX1v9bHGscCciudlxQem6AqWDrGWhnhINtjZwZq9eNkmFnrDz1EsutcPsOxRf5oW\nEFjJRFgbmzrJEtR5fHGaZDvQCkS6AGse4Y7ohVYgZL9zaIfFk4XXfROKo591DJcl\nsboURLJv7UkivsiZZbE4fCuPqp7wbYaIZ6tdPqpulRUCggEARmtAIprbdSp9RzJP\n8jaW0Y7W9hSnTsWxHNwJkjm+LNPBOC1yOxQvWgmHSRe4jSGfjo7y0SdzMMXGuk4G\nSkaEzyf7IjdGUpSNGZ7r2XpXztl3xuvgLYNB2GLeDooKrJ6Z5klBzzFzE8e/puBK\n+vz8Ibi7sW6vAA94PdBdKSpSBiVBfASPOPWtrxuMvqS0gYek6XWm/V7iit6kv0Sk\n/x+I1aehaqHZ+5NrYu8U71RfsiwypJrhdfwawKkIBZKXYmq5JGunVpddrsaaQD6y\nZqtdef6dEbzOa1nqEnkEamOvNLgK9PDifwxtjtFl8lHKdZiLT0eSJE2jcNoQi1Zf\nJ+UUAQKCAQBNr15cGGvl3LFATXrdu9VZCnAaBX5YHp1iX3pvdg/w+fDV7y79Xvkh\nNUcwLLIIqmMNXCUeVIZ+LMzb7AyGa14WN0tr2Bm534ncGnVp1TFK9W6qL3yZFll2\nxdmB6A/I9NT/9rPRpzcr7ZGBPlqoQw8ypKS/BcgCU44MZn0T6HZHpYFHz5ZyRBv+\nBA6UStuhJRWONUsFtklggio4Fzn+ZDqHOWq9/sM1ghPdno1ov1+m5638a978/XrW\n0ETP1QLeOXxXUdbogxFru9kQSuQL98GJpclchptdXS7CwiCCtDglpJAQ88xHJ+W9\n1T451OEHILSsiyj3fMWmfZY+qHFDlA/JAoIBAEjMBoEWU199hQ5Y9VXCP/4NWlhm\n9IhiHNADGhKMMvKWpTpp8PTYBZLMzFcIoh7GrG6d2wFekP41LuqfyUw6goVFa+mO\nNImwqSWzbi/pF/sW+7fA6e5m9BYbVkHKbd0MPumcHU0CA7LN2WdUrjTRYtXxZ3mG\nF5FcFjwsm15LOQfOF/g9ENtqCtjUz+OiEo9Fq+vuBilAl1JVqUE7/fVW9tmazlhU\nx79gdGkKxVeeCKsy72LD0QMPFNDkhSdOtfmknHKwnfGti5mB6yfAJA/XG4ZV04tE\nawQrL5P3g1YhX+m1EbPJ0k6N/bnP3iBNc2ik3kvjkE5694aiffMb8et6I5k=\n-----END RSA PRIVATE KEY-----\n",
      "type": "string",
      "sensitive": true
    },
    "public_ip": {
      "value": [
        "35.176.91.100"
      ],
      "type": [
        "tuple",
        [
          "string"
        ]
      ]
    },
    "subnet_id": {
      "value": "subnet-05786acbbb4108020",
      "type": "string"
    },
    "vpc_id": {
      "value": "vpc-0d87e1165d3664301",
      "type": "string"
    }
  },
  "resources": [
    {
      "mode": "managed",
      "type": "aws_instance",
      "name": "my_instance",
      "provider": "provider[\"registry.terraform.io/hashicorp/aws\"]",
      "instances": [
        {
          "index_key": 0,
          "schema_version": 1,
          "attributes": {
            "ami": "ami-044415bb13eee2391",
            "arn": "arn:aws:ec2:eu-west-2:011528279681:instance/i-08b15b4ef6113569e",
            "associate_public_ip_address": true,
            "availability_zone": "eu-west-2a",
            "capacity_reservation_specification": [
              {
                "capacity_reservation_preference": "open",
                "capacity_reservation_target": []
              }
            ],
            "cpu_core_count": 1,
            "cpu_options": [
              {
                "amd_sev_snp": "",
                "core_count": 1,
                "threads_per_core": 1
              }
            ],
            "cpu_threads_per_core": 1,
            "credit_specification": [
              {
                "cpu_credits": "standard"
              }
            ],
            "disable_api_stop": false,
            "disable_api_termination": false,
            "ebs_block_device": [
              {
                "delete_on_termination": true,
                "device_name": "/dev/sda1",
                "encrypted": false,
                "iops": 3000,
                "kms_key_id": "",
                "snapshot_id": "",
                "tags": {},
                "tags_all": {
                  "hashicorp-learn": "refresh"
                },
                "throughput": 125,
                "volume_id": "vol-019ae96c62de6ccb5",
                "volume_size": 10,
                "volume_type": "gp3"
              }
            ],
            "ebs_optimized": false,
            "enclave_options": [
              {
                "enabled": false
              }
            ],
            "ephemeral_block_device": [],
            "get_password_data": false,
            "hibernation": false,
            "host_id": "",
            "host_resource_group_arn": null,
            "iam_instance_profile": "",
            "id": "i-08b15b4ef6113569e",
            "instance_initiated_shutdown_behavior": "stop",
            "instance_lifecycle": "",
            "instance_market_options": [],
            "instance_state": "running",
            "instance_type": "t2.micro",
            "ipv6_address_count": 0,
            "ipv6_addresses": [],
            "key_name": "private",
            "launch_template": [],
            "maintenance_options": [
              {
                "auto_recovery": "default"
              }
            ],
            "metadata_options": [
              {
                "http_endpoint": "enabled",
                "http_protocol_ipv6": "disabled",
                "http_put_response_hop_limit": 2,
                "http_tokens": "required",
                "instance_metadata_tags": "disabled"
              }
            ],
            "monitoring": false,
            "network_interface": [],
            "outpost_arn": "",
            "password_data": "",
            "placement_group": "",
            "placement_partition_number": 0,
            "primary_network_interface_id": "eni-024a196dbf36f1e50",
            "private_dns": "ip-10-0-1-114.eu-west-2.compute.internal",
            "private_dns_name_options": [
              {
                "enable_resource_name_dns_a_record": false,
                "enable_resource_name_dns_aaaa_record": false,
                "hostname_type": "ip-name"
              }
            ],
            "private_ip": "10.0.1.114",
            "public_dns": "ec2-35-176-91-100.eu-west-2.compute.amazonaws.com",
            "public_ip": "35.176.91.100",
            "root_block_device": [
              {
                "delete_on_termination": true,
                "device_name": "/dev/sda1",
                "encrypted": false,
                "iops": 3000,
                "kms_key_id": "",
                "tags": {},
                "tags_all": {
                  "hashicorp-learn": "refresh"
                },
                "throughput": 125,
                "volume_id": "vol-019ae96c62de6ccb5",
                "volume_size": 10,
                "volume_type": "gp3"
              }
            ],
            "secondary_private_ips": [],
            "security_groups": [],
            "source_dest_check": true,
            "spot_instance_request_id": "",
            "subnet_id": "subnet-05786acbbb4108020",
            "tags": {
              "Name": "linux_machine"
            },
            "tags_all": {
              "Name": "linux_machine",
              "hashicorp-learn": "refresh"
            },
            "tenancy": "default",
            "timeouts": null,
            "user_data": "e3e0ab49cb024f2f882c7b496192597453f89c01",
            "user_data_base64": null,
            "user_data_replace_on_change": false,
            "volume_tags": null,
            "vpc_security_group_ids": [
              "sg-080c01c667d41e43e"
            ]
          },
          "sensitive_attributes": [],
          "identity_schema_version": 0,
          "private": "eyJlMmJmYjczMC1lY2FhLTExZTYtOGY4OC0zNDM2M2JjN2M0YzAiOnsiY3JlYXRlIjo2MDAwMDAwMDAwMDAsImRlbGV0ZSI6MTIwMDAwMDAwMDAwMCwicmVhZCI6OTAwMDAwMDAwMDAwLCJ1cGRhdGUiOjYwMDAwMDAwMDAwMH0sInNjaGVtYV92ZXJzaW9uIjoiMSJ9",
          "dependencies": [
            "aws_key_pair.deployer",
            "aws_security_group.my_security_group",
            "aws_subnet.public_subnet",
            "aws_vpc.my_vpc",
            "tls_private_key.example"
          ]
        }
      ]
    },
    {
      "mode": "managed",
      "type": "aws_internet_gateway",
      "name": "my_igw",
      "provider": "provider[\"registry.terraform.io/hashicorp/aws\"]",
      "instances": [
        {
          "schema_version": 0,
          "attributes": {
            "arn": "arn:aws:ec2:eu-west-2:011528279681:internet-gateway/igw-02543ff5fc778ad73",
            "id": "igw-02543ff5fc778ad73",
            "owner_id": "011528279681",
            "tags": null,
            "tags_all": {
              "hashicorp-learn": "refresh"
            },
            "timeouts": null,
            "vpc_id": "vpc-0d87e1165d3664301"
          },
          "sensitive_attributes": [],
          "identity_schema_version": 0,
          "private": "eyJlMmJmYjczMC1lY2FhLTExZTYtOGY4OC0zNDM2M2JjN2M0YzAiOnsiY3JlYXRlIjoxMjAwMDAwMDAwMDAwLCJkZWxldGUiOjEyMDAwMDAwMDAwMDAsInVwZGF0ZSI6MTIwMDAwMDAwMDAwMH19",
          "dependencies": [
            "aws_vpc.my_vpc"
          ]
        }
      ]
    },
    {
      "mode": "managed",
      "type": "aws_key_pair",
      "name": "deployer",
      "provider": "provider[\"registry.terraform.io/hashicorp/aws\"]",
      "instances": [
        {
          "schema_version": 1,
          "attributes": {
            "arn": "arn:aws:ec2:eu-west-2:011528279681:key-pair/private",
            "fingerprint": "e0:eb:92:70:9b:a6:7c:54:8e:0e:b5:0b:69:b1:60:44",
            "id": "private",
            "key_name": "private",
            "key_name_prefix": "",
            "key_pair_id": "key-0a190a740e7ef8bfe",
            "key_type": "rsa",
            "public_key": "ssh-rsa AAAAB3NzaC1yc2EAAAADAQABAAACAQCxz8d9yxAWRq2PrEKBlHIiSFXmC/LzSGfJaAwwJn1T/iKbH1HS8ZdYwc/LbKJOoWJfXZpen32oW2qDLPCLh9Wexkdu2QAmcNmAJ9KyVJRoRTjgtMpx0DNmttstStqv9BDwxj40VYX8BrymuyvnfFYISmhZ0CmB1A3M35TaYKRMHsZy08Tda0eAtxS3YdtVi0YKCFmh+jm9Qsn/C0709MeupNI5U3UjWKmxRhp5KzMrl+yaSTdAf6ZIju3m2MuvSSWVg+jAHe+uEFqlGT6BUVVlPJb1RhLuA1udnA8VhUPMXbd+VFnpzp9pScZtNqpGDHK3lymfMtC+gUhfpEt2HTlCznlkLW7ZgAajL5sxS8IotPGjT8RFKj36SgUfZ4uRhTGM83benl44tzc1yNCfba5HTcaup0ttDClc6AKSb8cKF5I5Oz/5uNRziYXeaKLMh4HskPkBZ2+qYDqDpfGnmkjhiVdNiFQLf23+WKhVrOpE3DWnZEdO6yNXrp5Y7EjYxH+feBLiK3JYbRLtHFMlmiOeM9j9byGvLR5p/dfaSC5FZv7dFiZz+emxT4Qt1Z/uw9kgvEJpf4P1TB4xHu1SyplGr6rDBq911taFSfAJFPzgpWqDuTfIwb1XdW6/p9FjwT720PJJk3oQqosMIgbUBZcCBdkssPMesEm6RBoe4aHZSQ==",
            "tags": null,
            "tags_all": {
              "hashicorp-learn": "refresh"
            }
          },
          "sensitive_attributes": [],
          "identity_schema_version": 0,
          "private": "eyJzY2hlbWFfdmVyc2lvbiI6IjEifQ==",
          "dependencies": [
            "tls_private_key.example"
          ]
        }
      ]
    },
    {
      "mode": "managed",
      "type": "aws_route_table",
      "name": "my_route_table",
      "provider": "provider[\"registry.terraform.io/hashicorp/aws\"]",
      "instances": [
        {
          "schema_version": 0,
          "attributes": {
            "arn": "arn:aws:ec2:eu-west-2:011528279681:route-table/rtb-09afee299cbb24218",
            "id": "rtb-09afee299cbb24218",
            "owner_id": "011528279681",
            "propagating_vgws": [],
            "route": [
              {
                "carrier_gateway_id": "",
                "cidr_block": "0.0.0.0/0",
                "core_network_arn": "",
                "destination_prefix_list_id": "",
                "egress_only_gateway_id": "",
                "gateway_id": "igw-02543ff5fc778ad73",
                "ipv6_cidr_block": "",
                "local_gateway_id": "",
                "nat_gateway_id": "",
                "network_interface_id": "",
                "transit_gateway_id": "",
                "vpc_endpoint_id": "",
                "vpc_peering_connection_id": ""
              }
            ],
            "tags": {
              "Name": "MyRouteTable"
            },
            "tags_all": {
              "Name": "MyRouteTable",
              "hashicorp-learn": "refresh"
            },
            "timeouts": null,
            "vpc_id": "vpc-0d87e1165d3664301"
          },
          "sensitive_attributes": [],
          "identity_schema_version": 0,
          "private": "eyJlMmJmYjczMC1lY2FhLTExZTYtOGY4OC0zNDM2M2JjN2M0YzAiOnsiY3JlYXRlIjozMDAwMDAwMDAwMDAsImRlbGV0ZSI6MzAwMDAwMDAwMDAwLCJ1cGRhdGUiOjEyMDAwMDAwMDAwMH19",
          "dependencies": [
            "aws_internet_gateway.my_igw",
            "aws_vpc.my_vpc"
          ]
        }
      ]
    },
    {
      "mode": "managed",
      "type": "aws_route_table_association",
      "name": "public_subnet_association",
      "provider": "provider[\"registry.terraform.io/hashicorp/aws\"]",
      "instances": [
        {
          "schema_version": 0,
          "attributes": {
            "gateway_id": "",
            "id": "rtbassoc-021a791620a74a96a",
            "route_table_id": "rtb-09afee299cbb24218",
            "subnet_id": "subnet-05786acbbb4108020",
            "timeouts": null
          },
          "sensitive_attributes": [],
          "identity_schema_version": 0,
          "private": "eyJlMmJmYjczMC1lY2FhLTExZTYtOGY4OC0zNDM2M2JjN2M0YzAiOnsiY3JlYXRlIjozMDAwMDAwMDAwMDAsImRlbGV0ZSI6MzAwMDAwMDAwMDAwLCJ1cGRhdGUiOjEyMDAwMDAwMDAwMH19",
          "dependencies": [
            "aws_internet_gateway.my_igw",
            "aws_route_table.my_route_table",
            "aws_subnet.public_subnet",
            "aws_vpc.my_vpc"
          ]
        }
      ]
    },
    {
      "mode": "managed",
      "type": "aws_s3_bucket",
      "name": "my_bucket",
      "provider": "provider[\"registry.terraform.io/hashicorp/aws\"]",
      "instances": [
        {
          "schema_version": 0,
          "attributes": {
            "acceleration_status": "",
            "acl": null,
            "arn": "arn:aws:s3:::sdeepak21june",
            "bucket": "sdeepak21june",
            "bucket_domain_name": "sdeepak21june.s3.amazonaws.com",
            "bucket_prefix": "",
            "bucket_regional_domain_name": "sdeepak21june.s3.eu-west-2.amazonaws.com",
            "cors_rule": [],
            "force_destroy": false,
            "grant": [
              {
                "id": "8a66fa119948524c3f0b095fbbca0e59ea759847ae1be191069130023405bcf1",
                "permissions": [
                  "FULL_CONTROL"
                ],
                "type": "CanonicalUser",
                "uri": ""
              }
            ],
            "hosted_zone_id": "Z3GKZC51ZF0DB4",
            "id": "sdeepak21june",
            "lifecycle_rule": [],
            "logging": [],
            "object_lock_configuration": [],
            "object_lock_enabled": false,
            "policy": "",
            "region": "eu-west-2",
            "replication_configuration": [],
            "request_payer": "BucketOwner",
            "server_side_encryption_configuration": [
              {
                "rule": [
                  {
                    "apply_server_side_encryption_by_default": [
                      {
                        "kms_master_key_id": "",
                        "sse_algorithm": "AES256"
                      }
                    ],
                    "bucket_key_enabled": false
                  }
                ]
              }
            ],
            "tags": null,
            "tags_all": {
              "hashicorp-learn": "refresh"
            },
            "timeouts": null,
            "versioning": [
              {
                "enabled": false,
                "mfa_delete": false
              }
            ],
            "website": [],
            "website_domain": null,
            "website_endpoint": null
          },
          "sensitive_attributes": [],
          "identity_schema_version": 0,
          "private": "eyJlMmJmYjczMC1lY2FhLTExZTYtOGY4OC0zNDM2M2JjN2M0YzAiOnsiY3JlYXRlIjoxMjAwMDAwMDAwMDAwLCJkZWxldGUiOjM2MDAwMDAwMDAwMDAsInJlYWQiOjEyMDAwMDAwMDAwMDAsInVwZGF0ZSI6MTIwMDAwMDAwMDAwMH19"
        }
      ]
    },
    {
      "mode": "managed",
      "type": "aws_s3_bucket_public_access_block",
      "name": "my_bucket_public_access_block",
      "provider": "provider[\"registry.terraform.io/hashicorp/aws\"]",
      "instances": [
        {
          "schema_version": 0,
          "attributes": {
            "block_public_acls": false,
            "block_public_policy": false,
            "bucket": "sdeepak21june",
            "id": "sdeepak21june",
            "ignore_public_acls": false,
            "restrict_public_buckets": false
          },
          "sensitive_attributes": [],
          "identity_schema_version": 0,
          "private": "bnVsbA==",
          "dependencies": [
            "aws_s3_bucket.my_bucket"
          ]
        }
      ]
    },
    {
      "mode": "managed",
      "type": "aws_security_group",
      "name": "my_security_group",
      "provider": "provider[\"registry.terraform.io/hashicorp/aws\"]",
      "instances": [
        {
          "schema_version": 1,
          "attributes": {
            "arn": "arn:aws:ec2:eu-west-2:011528279681:security-group/sg-080c01c667d41e43e",
            "description": "My security group created by Terraform",
            "egress": [
              {
                "cidr_blocks": [
                  "0.0.0.0/0"
                ],
                "description": "",
                "from_port": 0,
                "ipv6_cidr_blocks": [],
                "prefix_list_ids": [],
                "protocol": "-1",
                "security_groups": [],
                "self": false,
                "to_port": 0
              }
            ],
            "id": "sg-080c01c667d41e43e",
            "ingress": [
              {
                "cidr_blocks": [
                  "0.0.0.0/0"
                ],
                "description": "ingress rule for my_sql",
                "from_port": 3306,
                "ipv6_cidr_blocks": [],
                "prefix_list_ids": [],
                "protocol": "tcp",
                "security_groups": [],
                "self": false,
                "to_port": 3306
              },
              {
                "cidr_blocks": [
                  "0.0.0.0/0"
                ],
                "description": "ingress rule for port 22",
                "from_port": 22,
                "ipv6_cidr_blocks": [],
                "prefix_list_ids": [],
                "protocol": "tcp",
                "security_groups": [],
                "self": false,
                "to_port": 22
              },
              {
                "cidr_blocks": [
                  "0.0.0.0/0"
                ],
                "description": "ingress rule for port 443",
                "from_port": 443,
                "ipv6_cidr_blocks": [],
                "prefix_list_ids": [],
                "protocol": "tcp",
                "security_groups": [],
                "self": false,
                "to_port": 443
              },
              {
                "cidr_blocks": [
                  "0.0.0.0/0"
                ],
                "description": "ingress rule for port 8080 using jenkins",
                "from_port": 8080,
                "ipv6_cidr_blocks": [],
                "prefix_list_ids": [],
                "protocol": "tcp",
                "security_groups": [],
                "self": false,
                "to_port": 8080
              },
              {
                "cidr_blocks": [
                  "0.0.0.0/0"
                ],
                "description": "port enable for nginx",
                "from_port": 80,
                "ipv6_cidr_blocks": [],
                "prefix_list_ids": [],
                "protocol": "tcp",
                "security_groups": [],
                "self": false,
                "to_port": 80
              }
            ],
            "name": "my-security-group",
            "name_prefix": "",
            "owner_id": "011528279681",
            "revoke_rules_on_delete": false,
            "tags": null,
            "tags_all": {
              "hashicorp-learn": "refresh"
            },
            "timeouts": null,
            "vpc_id": "vpc-0d87e1165d3664301"
          },
          "sensitive_attributes": [],
          "identity_schema_version": 0,
          "private": "eyJlMmJmYjczMC1lY2FhLTExZTYtOGY4OC0zNDM2M2JjN2M0YzAiOnsiY3JlYXRlIjo2MDAwMDAwMDAwMDAsImRlbGV0ZSI6OTAwMDAwMDAwMDAwfSwic2NoZW1hX3ZlcnNpb24iOiIxIn0=",
          "dependencies": [
            "aws_vpc.my_vpc"
          ]
        }
      ]
    },
    {
      "mode": "managed",
      "type": "aws_subnet",
      "name": "public_subnet",
      "provider": "provider[\"registry.terraform.io/hashicorp/aws\"]",
      "instances": [
        {
          "schema_version": 1,
          "attributes": {
            "arn": "arn:aws:ec2:eu-west-2:011528279681:subnet/subnet-05786acbbb4108020",
            "assign_ipv6_address_on_creation": false,
            "availability_zone": "eu-west-2a",
            "availability_zone_id": "euw2-az2",
            "cidr_block": "10.0.1.0/24",
            "customer_owned_ipv4_pool": "",
            "enable_dns64": false,
            "enable_lni_at_device_index": 0,
            "enable_resource_name_dns_a_record_on_launch": false,
            "enable_resource_name_dns_aaaa_record_on_launch": false,
            "id": "subnet-05786acbbb4108020",
            "ipv6_cidr_block": "",
            "ipv6_cidr_block_association_id": "",
            "ipv6_native": false,
            "map_customer_owned_ip_on_launch": false,
            "map_public_ip_on_launch": true,
            "outpost_arn": "",
            "owner_id": "011528279681",
            "private_dns_hostname_type_on_launch": "ip-name",
            "tags": {
              "Name": "PublicSubnet"
            },
            "tags_all": {
              "Name": "PublicSubnet",
              "hashicorp-learn": "refresh"
            },
            "timeouts": null,
            "vpc_id": "vpc-0d87e1165d3664301"
          },
          "sensitive_attributes": [],
          "identity_schema_version": 0,
          "private": "eyJlMmJmYjczMC1lY2FhLTExZTYtOGY4OC0zNDM2M2JjN2M0YzAiOnsiY3JlYXRlIjo2MDAwMDAwMDAwMDAsImRlbGV0ZSI6MTIwMDAwMDAwMDAwMH0sInNjaGVtYV92ZXJzaW9uIjoiMSJ9",
          "dependencies": [
            "aws_vpc.my_vpc"
          ]
        }
      ]
    },
    {
      "mode": "managed",
      "type": "aws_vpc",
      "name": "my_vpc",
      "provider": "provider[\"registry.terraform.io/hashicorp/aws\"]",
      "instances": [
        {
          "schema_version": 1,
          "attributes": {
            "arn": "arn:aws:ec2:eu-west-2:011528279681:vpc/vpc-0d87e1165d3664301",
            "assign_generated_ipv6_cidr_block": false,
            "cidr_block": "10.0.0.0/16",
            "default_network_acl_id": "acl-0d49cebd1f2222e57",
            "default_route_table_id": "rtb-061e40eeb469d3f75",
            "default_security_group_id": "sg-0fc90c6b0d51fc544",
            "dhcp_options_id": "dopt-044e0f5f6789a1e8f",
            "enable_dns_hostnames": true,
            "enable_dns_support": true,
            "enable_network_address_usage_metrics": false,
            "id": "vpc-0d87e1165d3664301",
            "instance_tenancy": "default",
            "ipv4_ipam_pool_id": null,
            "ipv4_netmask_length": null,
            "ipv6_association_id": "",
            "ipv6_cidr_block": "",
            "ipv6_cidr_block_network_border_group": "",
            "ipv6_ipam_pool_id": "",
            "ipv6_netmask_length": 0,
            "main_route_table_id": "rtb-061e40eeb469d3f75",
            "owner_id": "011528279681",
            "tags": {
              "Name": "vpc-1"
            },
            "tags_all": {
              "Name": "vpc-1",
              "hashicorp-learn": "refresh"
            }
          },
          "sensitive_attributes": [],
          "identity_schema_version": 0,
          "private": "eyJzY2hlbWFfdmVyc2lvbiI6IjEifQ=="
        }
      ]
    },
    {
      "mode": "managed",
      "type": "null_resource",
      "name": "my_instance",
      "provider": "provider[\"registry.terraform.io/hashicorp/null\"]",
      "instances": [
        {
          "schema_version": 0,
          "attributes": {
            "id": "8468466505500459077",
            "triggers": {
              "id": "igw-02543ff5fc778ad73"
            }
          },
          "sensitive_attributes": [],
          "identity_schema_version": 0,
          "dependencies": [
            "aws_internet_gateway.my_igw",
            "aws_vpc.my_vpc"
          ]
        }
      ]
    },
    {
      "mode": "managed",
      "type": "tls_private_key",
      "name": "example",
      "provider": "provider[\"registry.terraform.io/hashicorp/tls\"]",
      "instances": [
        {
          "schema_version": 1,
          "attributes": {
            "algorithm": "RSA",
            "ecdsa_curve": "P224",
            "id": "45fb2d0ce531c37c285311ba56e9523bb43f809c",
            "private_key_openssh": "-----BEGIN OPENSSH PRIVATE KEY-----\nb3BlbnNzaC1rZXktdjEAAAAABG5vbmUAAAAEbm9uZQAAAAAAAAABAAACFwAAAAdz\nc2gtcnNhAAAAAwEAAQAAAgEAsc/HfcsQFkatj6xCgZRyIkhV5gvy80hnyWgMMCZ9\nU/4imx9R0vGXWMHPy2yiTqFiX12aXp99qFtqgyzwi4fVnsZHbtkAJnDZgCfSslSU\naEU44LTKcdAzZrbbLUrar/QQ8MY+NFWF/Aa8prsr53xWCEpoWdApgdQNzN+U2mCk\nTB7GctPE3WtHgLcUt2HbVYtGCghZofo5vULJ/wtO9PTHrqTSOVN1I1ipsUYaeSsz\nK5fsmkk3QH+mSI7t5tjLr0kllYPowB3vrhBapRk+gVFVZTyW9UYS7gNbnZwPFYVD\nzF23flRZ6c6faUnGbTaqRgxyt5cpnzLQvoFIX6RLdh05Qs55ZC1u2YAGoy+bMUvC\nKLTxo0/ERSo9+koFH2eLkYUxjPN23p5eOLc3NcjQn22uR03GrqdLbQwpXOgCkm/H\nCheSOTs/+bjUc4mF3miizIeB7JD5AWdvqmA6g6Xxp5pI4YlXTYhUC39t/lioVazq\nRNw1p2RHTusjV66eWOxI2MR/n3gS4ityWG0S7RxTJZojnjPY/W8hry0eaf3X2kgu\nRWb+3RYmc/npsU+ELdWf7sPZILxCaX+D9UweMR7tUsqZRq+qwwavddbWhUnwCRT8\n4KVqg7k3yMG9V3Vuv6fRY8E+9tDySZN6EKqLDCIG1AWXAgXZLLDzHrBJukQaHuGh\n2UkAAAc4Np2y3zadst8AAAAHc3NoLXJzYQAAAgEAsc/HfcsQFkatj6xCgZRyIkhV\n5gvy80hnyWgMMCZ9U/4imx9R0vGXWMHPy2yiTqFiX12aXp99qFtqgyzwi4fVnsZH\nbtkAJnDZgCfSslSUaEU44LTKcdAzZrbbLUrar/QQ8MY+NFWF/Aa8prsr53xWCEpo\nWdApgdQNzN+U2mCkTB7GctPE3WtHgLcUt2HbVYtGCghZofo5vULJ/wtO9PTHrqTS\nOVN1I1ipsUYaeSszK5fsmkk3QH+mSI7t5tjLr0kllYPowB3vrhBapRk+gVFVZTyW\n9UYS7gNbnZwPFYVDzF23flRZ6c6faUnGbTaqRgxyt5cpnzLQvoFIX6RLdh05Qs55\nZC1u2YAGoy+bMUvCKLTxo0/ERSo9+koFH2eLkYUxjPN23p5eOLc3NcjQn22uR03G\nrqdLbQwpXOgCkm/HCheSOTs/+bjUc4mF3miizIeB7JD5AWdvqmA6g6Xxp5pI4YlX\nTYhUC39t/lioVazqRNw1p2RHTusjV66eWOxI2MR/n3gS4ityWG0S7RxTJZojnjPY\n/W8hry0eaf3X2kguRWb+3RYmc/npsU+ELdWf7sPZILxCaX+D9UweMR7tUsqZRq+q\nwwavddbWhUnwCRT84KVqg7k3yMG9V3Vuv6fRY8E+9tDySZN6EKqLDCIG1AWXAgXZ\nLLDzHrBJukQaHuGh2UkAAAADAQABAAACAQCZVsr901FDNJ5WaUJNRvwKToEtSx6v\n6MAAM2dXWsn31hB339GLbWaMV09gaYWq84fHIAyRD0+pEXTQPMAQRArXyrwtfpuf\nivA2kaEkwsXdCd0cAy0Wa2r4aDapX4Up+ftl+EAKl7pc9l5YFs+s6E+1BJ3q3hX9\nbSadiC5xCKiHMH8I5VE/dVWLTddisdQZeGrlGgBaLFUAvwk9lb34huNw25ijcTJy\nUfK8+uy3k6akMHcNMpigWbTHm+LTkiBNQHJV9xSQIQDiBh51hEif8skG7fJtAIow\nkdq/F6b2cx9drXAhVJLZi6Nzg/jHlD3Q/MktRAHT1VmpAAqu2Btvd5I5dgz9Ki0+\nx+BKaA+ACuaSsm5wG9tArEW+ORbw/xEmrtyC2Bi35Gv6Lw+kgm4Zp3h7RBcaWa5b\nNpXHto21lyqWvMni3jQ1m7ADxiajXcWLGXhNO57PdeUmnTRZvwDzSQAI9A7rxktc\nxuc+DvjMr5vxbxopSYkc50Q2SiYx25sZdBY+2XI/zh+abA1tila0RvbuREsQFQ58\nHTV6umhQTcPuWpUwcGo1XE0kgddZrFO5FpA/8jtyMvQ4hXiZj8EgJSRP992pz7Yp\n+ybwIQK9wl2sqTgUvLd56vGBPvoJ9l/dOBQStOgauLnWuKKdTSFHAP4w3fDasEix\nsbX3gnurnRBnEQAAAQBIzAaBFlNffYUOWPVVwj/+DVpYZvSIYhzQAxoSjDLylqU6\nafD02AWSzMxXCKIexqxundsBXpD+NS7qn8lMOoKFRWvpjjSJsKkls24v6Rf7Fvu3\nwOnuZvQWG1ZBym3dDD7pnB1NAgOyzdlnVK400WLV8Wd5hheRXBY8LJteSzkHzhf4\nPRDbagrY1M/johKPRavr7gYpQJdSValBO/31VvbZms5YVMe/YHRpCsVXngirMu9i\nw9EDDxTQ5IUnTrX5pJxysJ3xrYuZgesnwCQP1xuGVdOLRGsEKy+T94NWIV/ptRGz\nydJOjf25z94gTXNopN5L45BOeveGon3zG/HreiOZAAABAQDqH6tmlZXRiCK5IzWr\nTj9GTqf1wuALY70fwVSMgrTdUuI7nnkLuD1GjpAItuDk6U7Bb2T9BDZXLm9gr2Jk\nvN8I5LR+/ghwjoqS23/mutJntHMfN11rrlROm03wuoJfSg8GRlbCU/o/7sw9695G\nwLdBhImwwhVi46Ppq5IzoS8sxRYK4jlRhKhftE9NHBfE7+A43U32Gi5BrYBjcldS\nWDUN7ZksGCnwzCRyNsBlG5+rYBACq0yvwrX75K8mlFL5YMYDzXOPxn8/o9uEetbt\nRQp1j0K0sx5xkBIH76yDA6g2iSN+SJ22oqg//IeHX4rmsDg0m9zUXFw9eV5oZske\nzuhlAAABAQDCbRpe+UsfizllZ/PAoyz1p5hWZfMwetfUVAtUfa1crWiftFdTmxhE\nLu4BpCoNEKzrU0JJkoOxRmYcIBIDKpwVP1ipb8vufk5c1otLXGpx5mb1mX6HhvTO\ns5yDzHnwXTS9ndg73DAhNQ9MRc0cbSztt4hf/PC7CMhfddFfDzawcGV9b/WxxrHA\nnIrnZcUHpugKlg6xloZ4SDbY2cGavXjZJhZ6w89RLLrXD7DsUX+aFhBYyURYG5s6\nyRLUeXxxmmQ70ApEugBrHuGO6IVWIGS/c2iHxZOF130TiqOfdQyXJbG6FESyb+1J\nIr7ImWWxOHwrj6qe8G2GiGerXT6qbpUVAAAAAAEC\n-----END OPENSSH PRIVATE KEY-----\n",
            "private_key_pem": "-----BEGIN RSA PRIVATE KEY-----\nMIIJKAIBAAKCAgEAsc/HfcsQFkatj6xCgZRyIkhV5gvy80hnyWgMMCZ9U/4imx9R\n0vGXWMHPy2yiTqFiX12aXp99qFtqgyzwi4fVnsZHbtkAJnDZgCfSslSUaEU44LTK\ncdAzZrbbLUrar/QQ8MY+NFWF/Aa8prsr53xWCEpoWdApgdQNzN+U2mCkTB7GctPE\n3WtHgLcUt2HbVYtGCghZofo5vULJ/wtO9PTHrqTSOVN1I1ipsUYaeSszK5fsmkk3\nQH+mSI7t5tjLr0kllYPowB3vrhBapRk+gVFVZTyW9UYS7gNbnZwPFYVDzF23flRZ\n6c6faUnGbTaqRgxyt5cpnzLQvoFIX6RLdh05Qs55ZC1u2YAGoy+bMUvCKLTxo0/E\nRSo9+koFH2eLkYUxjPN23p5eOLc3NcjQn22uR03GrqdLbQwpXOgCkm/HCheSOTs/\n+bjUc4mF3miizIeB7JD5AWdvqmA6g6Xxp5pI4YlXTYhUC39t/lioVazqRNw1p2RH\nTusjV66eWOxI2MR/n3gS4ityWG0S7RxTJZojnjPY/W8hry0eaf3X2kguRWb+3RYm\nc/npsU+ELdWf7sPZILxCaX+D9UweMR7tUsqZRq+qwwavddbWhUnwCRT84KVqg7k3\nyMG9V3Vuv6fRY8E+9tDySZN6EKqLDCIG1AWXAgXZLLDzHrBJukQaHuGh2UkCAwEA\nAQKCAgEAmVbK/dNRQzSeVmlCTUb8Ck6BLUser+jAADNnV1rJ99YQd9/Ri21mjFdP\nYGmFqvOHxyAMkQ9PqRF00DzAEEQK18q8LX6bn4rwNpGhJMLF3QndHAMtFmtq+Gg2\nqV+FKfn7ZfhACpe6XPZeWBbPrOhPtQSd6t4V/W0mnYgucQiohzB/COVRP3VVi03X\nYrHUGXhq5RoAWixVAL8JPZW9+IbjcNuYo3EyclHyvPrst5OmpDB3DTKYoFm0x5vi\n05IgTUByVfcUkCEA4gYedYRIn/LJBu3ybQCKMJHavxem9nMfXa1wIVSS2Yujc4P4\nx5Q90PzJLUQB09VZqQAKrtgbb3eSOXYM/SotPsfgSmgPgArmkrJucBvbQKxFvjkW\n8P8RJq7cgtgYt+Rr+i8PpIJuGad4e0QXGlmuWzaVx7aNtZcqlrzJ4t40NZuwA8Ym\no13Fixl4TTuez3XlJp00Wb8A80kACPQO68ZLXMbnPg74zK+b8W8aKUmJHOdENkom\nMdubGXQWPtlyP84fmmwNbYpWtEb27kRLEBUOfB01erpoUE3D7lqVMHBqNVxNJIHX\nWaxTuRaQP/I7cjL0OIV4mY/BICUkT/fdqc+2Kfsm8CECvcJdrKk4FLy3eerxgT76\nCfZf3TgUErToGri51riinU0hRwD+MN3w2rBIsbG194J7q50QZxECggEBAOofq2aV\nldGIIrkjNatOP0ZOp/XC4AtjvR/BVIyCtN1S4jueeQu4PUaOkAi24OTpTsFvZP0E\nNlcub2CvYmS83wjktH7+CHCOipLbf+a60me0cx83XWuuVE6bTfC6gl9KDwZGVsJT\n+j/uzD3r3kbAt0GEibDCFWLjo+mrkjOhLyzFFgriOVGEqF+0T00cF8Tv4DjdTfYa\nLkGtgGNyV1JYNQ3tmSwYKfDMJHI2wGUbn6tgEAKrTK/CtfvkryaUUvlgxgPNc4/G\nfz+j24R61u1FCnWPQrSzHnGQEgfvrIMDqDaJI35InbaiqD/8h4dfiuawODSb3NRc\nXD15XmhmyR7O6GUCggEBAMJtGl75Sx+LOWVn88CjLPWnmFZl8zB619RUC1R9rVyt\naJ+0V1ObGEQu7gGkKg0QrOtTQkmSg7FGZhwgEgMqnBU/WKlvy+5+TlzWi0tcanHm\nZvWZfoeG9M6znIPMefBdNL2d2DvcMCE1D0xFzRxtLO23iF/88LsIyF910V8PNrBw\nZX1v9bHGscCciudlxQem6AqWDrGWhnhINtjZwZq9eNkmFnrDz1EsutcPsOxRf5oW\nEFjJRFgbmzrJEtR5fHGaZDvQCkS6AGse4Y7ohVYgZL9zaIfFk4XXfROKo591DJcl\nsboURLJv7UkivsiZZbE4fCuPqp7wbYaIZ6tdPqpulRUCggEARmtAIprbdSp9RzJP\n8jaW0Y7W9hSnTsWxHNwJkjm+LNPBOC1yOxQvWgmHSRe4jSGfjo7y0SdzMMXGuk4G\nSkaEzyf7IjdGUpSNGZ7r2XpXztl3xuvgLYNB2GLeDooKrJ6Z5klBzzFzE8e/puBK\n+vz8Ibi7sW6vAA94PdBdKSpSBiVBfASPOPWtrxuMvqS0gYek6XWm/V7iit6kv0Sk\n/x+I1aehaqHZ+5NrYu8U71RfsiwypJrhdfwawKkIBZKXYmq5JGunVpddrsaaQD6y\nZqtdef6dEbzOa1nqEnkEamOvNLgK9PDifwxtjtFl8lHKdZiLT0eSJE2jcNoQi1Zf\nJ+UUAQKCAQBNr15cGGvl3LFATXrdu9VZCnAaBX5YHp1iX3pvdg/w+fDV7y79Xvkh\nNUcwLLIIqmMNXCUeVIZ+LMzb7AyGa14WN0tr2Bm534ncGnVp1TFK9W6qL3yZFll2\nxdmB6A/I9NT/9rPRpzcr7ZGBPlqoQw8ypKS/BcgCU44MZn0T6HZHpYFHz5ZyRBv+\nBA6UStuhJRWONUsFtklggio4Fzn+ZDqHOWq9/sM1ghPdno1ov1+m5638a978/XrW\n0ETP1QLeOXxXUdbogxFru9kQSuQL98GJpclchptdXS7CwiCCtDglpJAQ88xHJ+W9\n1T451OEHILSsiyj3fMWmfZY+qHFDlA/JAoIBAEjMBoEWU199hQ5Y9VXCP/4NWlhm\n9IhiHNADGhKMMvKWpTpp8PTYBZLMzFcIoh7GrG6d2wFekP41LuqfyUw6goVFa+mO\nNImwqSWzbi/pF/sW+7fA6e5m9BYbVkHKbd0MPumcHU0CA7LN2WdUrjTRYtXxZ3mG\nF5FcFjwsm15LOQfOF/g9ENtqCtjUz+OiEo9Fq+vuBilAl1JVqUE7/fVW9tmazlhU\nx79gdGkKxVeeCKsy72LD0QMPFNDkhSdOtfmknHKwnfGti5mB6yfAJA/XG4ZV04tE\nawQrL5P3g1YhX+m1EbPJ0k6N/bnP3iBNc2ik3kvjkE5694aiffMb8et6I5k=\n-----END RSA PRIVATE KEY-----\n",
            "private_key_pem_pkcs8": "-----BEGIN PRIVATE KEY-----\nMIIJQgIBADANBgkqhkiG9w0BAQEFAASCCSwwggkoAgEAAoICAQCxz8d9yxAWRq2P\nrEKBlHIiSFXmC/LzSGfJaAwwJn1T/iKbH1HS8ZdYwc/LbKJOoWJfXZpen32oW2qD\nLPCLh9Wexkdu2QAmcNmAJ9KyVJRoRTjgtMpx0DNmttstStqv9BDwxj40VYX8Brym\nuyvnfFYISmhZ0CmB1A3M35TaYKRMHsZy08Tda0eAtxS3YdtVi0YKCFmh+jm9Qsn/\nC0709MeupNI5U3UjWKmxRhp5KzMrl+yaSTdAf6ZIju3m2MuvSSWVg+jAHe+uEFql\nGT6BUVVlPJb1RhLuA1udnA8VhUPMXbd+VFnpzp9pScZtNqpGDHK3lymfMtC+gUhf\npEt2HTlCznlkLW7ZgAajL5sxS8IotPGjT8RFKj36SgUfZ4uRhTGM83benl44tzc1\nyNCfba5HTcaup0ttDClc6AKSb8cKF5I5Oz/5uNRziYXeaKLMh4HskPkBZ2+qYDqD\npfGnmkjhiVdNiFQLf23+WKhVrOpE3DWnZEdO6yNXrp5Y7EjYxH+feBLiK3JYbRLt\nHFMlmiOeM9j9byGvLR5p/dfaSC5FZv7dFiZz+emxT4Qt1Z/uw9kgvEJpf4P1TB4x\nHu1SyplGr6rDBq911taFSfAJFPzgpWqDuTfIwb1XdW6/p9FjwT720PJJk3oQqosM\nIgbUBZcCBdkssPMesEm6RBoe4aHZSQIDAQABAoICAQCZVsr901FDNJ5WaUJNRvwK\nToEtSx6v6MAAM2dXWsn31hB339GLbWaMV09gaYWq84fHIAyRD0+pEXTQPMAQRArX\nyrwtfpufivA2kaEkwsXdCd0cAy0Wa2r4aDapX4Up+ftl+EAKl7pc9l5YFs+s6E+1\nBJ3q3hX9bSadiC5xCKiHMH8I5VE/dVWLTddisdQZeGrlGgBaLFUAvwk9lb34huNw\n25ijcTJyUfK8+uy3k6akMHcNMpigWbTHm+LTkiBNQHJV9xSQIQDiBh51hEif8skG\n7fJtAIowkdq/F6b2cx9drXAhVJLZi6Nzg/jHlD3Q/MktRAHT1VmpAAqu2Btvd5I5\ndgz9Ki0+x+BKaA+ACuaSsm5wG9tArEW+ORbw/xEmrtyC2Bi35Gv6Lw+kgm4Zp3h7\nRBcaWa5bNpXHto21lyqWvMni3jQ1m7ADxiajXcWLGXhNO57PdeUmnTRZvwDzSQAI\n9A7rxktcxuc+DvjMr5vxbxopSYkc50Q2SiYx25sZdBY+2XI/zh+abA1tila0Rvbu\nREsQFQ58HTV6umhQTcPuWpUwcGo1XE0kgddZrFO5FpA/8jtyMvQ4hXiZj8EgJSRP\n992pz7Yp+ybwIQK9wl2sqTgUvLd56vGBPvoJ9l/dOBQStOgauLnWuKKdTSFHAP4w\n3fDasEixsbX3gnurnRBnEQKCAQEA6h+rZpWV0YgiuSM1q04/Rk6n9cLgC2O9H8FU\njIK03VLiO555C7g9Ro6QCLbg5OlOwW9k/QQ2Vy5vYK9iZLzfCOS0fv4IcI6Kktt/\n5rrSZ7RzHzdda65UTptN8LqCX0oPBkZWwlP6P+7MPeveRsC3QYSJsMIVYuOj6auS\nM6EvLMUWCuI5UYSoX7RPTRwXxO/gON1N9houQa2AY3JXUlg1De2ZLBgp8MwkcjbA\nZRufq2AQAqtMr8K1++SvJpRS+WDGA81zj8Z/P6PbhHrW7UUKdY9CtLMecZASB++s\ngwOoNokjfkidtqKoP/yHh1+K5rA4NJvc1FxcPXleaGbJHs7oZQKCAQEAwm0aXvlL\nH4s5ZWfzwKMs9aeYVmXzMHrX1FQLVH2tXK1on7RXU5sYRC7uAaQqDRCs61NCSZKD\nsUZmHCASAyqcFT9YqW/L7n5OXNaLS1xqceZm9Zl+h4b0zrOcg8x58F00vZ3YO9ww\nITUPTEXNHG0s7beIX/zwuwjIX3XRXw82sHBlfW/1scaxwJyK52XFB6boCpYOsZaG\neEg22NnBmr142SYWesPPUSy61w+w7FF/mhYQWMlEWBubOskS1Hl8cZpkO9AKRLoA\nax7hjuiFViBkv3Noh8WThdd9E4qjn3UMlyWxuhREsm/tSSK+yJllsTh8K4+qnvBt\nhohnq10+qm6VFQKCAQBGa0Aimtt1Kn1HMk/yNpbRjtb2FKdOxbEc3AmSOb4s08E4\nLXI7FC9aCYdJF7iNIZ+OjvLRJ3Mwxca6TgZKRoTPJ/siN0ZSlI0ZnuvZelfO2XfG\n6+Atg0HYYt4OigqsnpnmSUHPMXMTx7+m4Er6/PwhuLuxbq8AD3g90F0pKlIGJUF8\nBI849a2vG4y+pLSBh6Tpdab9XuKK3qS/RKT/H4jVp6Fqodn7k2ti7xTvVF+yLDKk\nmuF1/BrAqQgFkpdiarkka6dWl12uxppAPrJmq115/p0RvM5rWeoSeQRqY680uAr0\n8OJ/DG2O0WXyUcp1mItPR5IkTaNw2hCLVl8n5RQBAoIBAE2vXlwYa+XcsUBNet27\n1VkKcBoFflgenWJfem92D/D58NXvLv1e+SE1RzAssgiqYw1cJR5Uhn4szNvsDIZr\nXhY3S2vYGbnfidwadWnVMUr1bqovfJkWWXbF2YHoD8j01P/2s9GnNyvtkYE+WqhD\nDzKkpL8FyAJTjgxmfRPodkelgUfPlnJEG/4EDpRK26ElFY41SwW2SWCCKjgXOf5k\nOoc5ar3+wzWCE92ejWi/X6bnrfxr3vz9etbQRM/VAt45fFdR1uiDEWu72RBK5Av3\nwYmlyVyGm11dLsLCIIK0OCWkkBDzzEcn5b3VPjnU4QcgtKyLKPd8xaZ9lj6ocUOU\nD8kCggEASMwGgRZTX32FDlj1VcI//g1aWGb0iGIc0AMaEowy8palOmnw9NgFkszM\nVwiiHsasbp3bAV6Q/jUu6p/JTDqChUVr6Y40ibCpJbNuL+kX+xb7t8Dp7mb0FhtW\nQcpt3Qw+6ZwdTQIDss3ZZ1SuNNFi1fFneYYXkVwWPCybXks5B84X+D0Q22oK2NTP\n46ISj0Wr6+4GKUCXUlWpQTv99Vb22ZrOWFTHv2B0aQrFV54IqzLvYsPRAw8U0OSF\nJ061+aSccrCd8a2LmYHrJ8AkD9cbhlXTi0RrBCsvk/eDViFf6bURs8nSTo39uc/e\nIE1zaKTeS+OQTnr3hqJ98xvx63ojmQ==\n-----END PRIVATE KEY-----\n",
            "public_key_fingerprint_md5": "d1:8e:9b:e1:c9:44:a6:cb:38:75:0f:b1:0d:e7:b1:36",
            "public_key_fingerprint_sha256": "SHA256:IrtngNJdhcC9hqJd4SCSa+JWdcxfq2kY4+hpstThLEY",
            "public_key_openssh": "ssh-rsa AAAAB3NzaC1yc2EAAAADAQABAAACAQCxz8d9yxAWRq2PrEKBlHIiSFXmC/LzSGfJaAwwJn1T/iKbH1HS8ZdYwc/LbKJOoWJfXZpen32oW2qDLPCLh9Wexkdu2QAmcNmAJ9KyVJRoRTjgtMpx0DNmttstStqv9BDwxj40VYX8BrymuyvnfFYISmhZ0CmB1A3M35TaYKRMHsZy08Tda0eAtxS3YdtVi0YKCFmh+jm9Qsn/C0709MeupNI5U3UjWKmxRhp5KzMrl+yaSTdAf6ZIju3m2MuvSSWVg+jAHe+uEFqlGT6BUVVlPJb1RhLuA1udnA8VhUPMXbd+VFnpzp9pScZtNqpGDHK3lymfMtC+gUhfpEt2HTlCznlkLW7ZgAajL5sxS8IotPGjT8RFKj36SgUfZ4uRhTGM83benl44tzc1yNCfba5HTcaup0ttDClc6AKSb8cKF5I5Oz/5uNRziYXeaKLMh4HskPkBZ2+qYDqDpfGnmkjhiVdNiFQLf23+WKhVrOpE3DWnZEdO6yNXrp5Y7EjYxH+feBLiK3JYbRLtHFMlmiOeM9j9byGvLR5p/dfaSC5FZv7dFiZz+emxT4Qt1Z/uw9kgvEJpf4P1TB4xHu1SyplGr6rDBq911taFSfAJFPzgpWqDuTfIwb1XdW6/p9FjwT720PJJk3oQqosMIgbUBZcCBdkssPMesEm6RBoe4aHZSQ==\n",
            "public_key_pem": "-----BEGIN PUBLIC KEY-----\nMIICIjANBgkqhkiG9w0BAQEFAAOCAg8AMIICCgKCAgEAsc/HfcsQFkatj6xCgZRy\nIkhV5gvy80hnyWgMMCZ9U/4imx9R0vGXWMHPy2yiTqFiX12aXp99qFtqgyzwi4fV\nnsZHbtkAJnDZgCfSslSUaEU44LTKcdAzZrbbLUrar/QQ8MY+NFWF/Aa8prsr53xW\nCEpoWdApgdQNzN+U2mCkTB7GctPE3WtHgLcUt2HbVYtGCghZofo5vULJ/wtO9PTH\nrqTSOVN1I1ipsUYaeSszK5fsmkk3QH+mSI7t5tjLr0kllYPowB3vrhBapRk+gVFV\nZTyW9UYS7gNbnZwPFYVDzF23flRZ6c6faUnGbTaqRgxyt5cpnzLQvoFIX6RLdh05\nQs55ZC1u2YAGoy+bMUvCKLTxo0/ERSo9+koFH2eLkYUxjPN23p5eOLc3NcjQn22u\nR03GrqdLbQwpXOgCkm/HCheSOTs/+bjUc4mF3miizIeB7JD5AWdvqmA6g6Xxp5pI\n4YlXTYhUC39t/lioVazqRNw1p2RHTusjV66eWOxI2MR/n3gS4ityWG0S7RxTJZoj\nnjPY/W8hry0eaf3X2kguRWb+3RYmc/npsU+ELdWf7sPZILxCaX+D9UweMR7tUsqZ\nRq+qwwavddbWhUnwCRT84KVqg7k3yMG9V3Vuv6fRY8E+9tDySZN6EKqLDCIG1AWX\nAgXZLLDzHrBJukQaHuGh2UkCAwEAAQ==\n-----END PUBLIC KEY-----\n",
            "rsa_bits": 4096
          },
          "sensitive_attributes": [
            [
              {
                "type": "get_attr",
                "value": "private_key_openssh"
              }
            ],
            [
              {
                "type": "get_attr",
                "value": "private_key_pem"
              }
            ],
            [
              {
                "type": "get_attr",
                "value": "private_key_pem_pkcs8"
              }
            ]
          ],
          "identity_schema_version": 0
        }
      ]
    }
  ],
  "check_results": null
}
