{
  "version": 4,
  "terraform_version": "1.12.2",
  "serial": 619,
  "lineage": "ce55a528-a3fb-2b6d-dcf7-e4145a3621ec",
  "outputs": {
    "ami": {
      "value": [
        "ami-0d1b5a8c13042c939"
      ],
      "type": [
        "tuple",
        [
          "string"
        ]
      ]
    },
    "aws_lb": {
      "value": "subnet-02ba68bf4ed6b5aa4",
      "type": "string"
    },
    "ec2_key": {
      "value": [
        "private"
      ],
      "type": [
        "tuple",
        [
          "string"
        ]
      ]
    },
    "instance_id": {
      "value": [
        "i-026e0c248db185a57"
      ],
      "type": [
        "tuple",
        [
          "string"
        ]
      ]
    },
    "jenkins_url": {
      "value": "http://18.118.198.223:8080",
      "type": "string"
    },
    "private_key_pem": {
      "value": "-----BEGIN RSA PRIVATE KEY-----\nMIIJKAIBAAKCAgEAvLyxQQm4jyBEEwpBUDv0edC6lexNVfsVY8VndtZzqUnEhdIC\nDAQ3ev64zgXeqVtVEfzEg3PLgAOiU29ICMNwl2nB3DvMzKEOwklb2o6jDtfTDXND\nbHpvWxaSyNF5oLQF0ksPtI8jNndg9z55GEPtKWK0YJNTc/KyNzAVpADToc7C+P6m\n8ARaj6zKM9bJTM8vaM1yRMBkjaC76rqWMPHT5bqEIMHY2d9MN2m2Brc0fzzOFU3z\nxsWruUzW5D+tuobKYIqQ7JTarUwOCOMhhg16BUQVBr3nU5DiIv+ikWnlCrzMvh1N\nK/Ie6R3R6pJO0RO/7HmbCluPSUEZg7UrJ+fsw1crzrLrnEYzfuQIORelnZYtf285\nRmc3L9wdWtgjvy4uVBjTattzI/r0Qdwb7Jy4F5w5974TUHaqr6vbW/KFRj8Ce3La\n0iQMtTYs6ueQEeqqrF7H5Jdz0i1yTJzi63yasJKvjDz/U9dNU+7OCoweg8QPUNCU\nDJmhlgh8O+ujHAy7nOYfxSBR1/znS2rJ6HQ5ig5j9AtyozbQDORGIP1+uxJQd2oY\nrHaCm+A4UNQfSYYngfXRvN6Qh1MBO4i0JMnSzcQkMOXZi7BAEr4PVa97MeNDH2QZ\nt+gchsU1RyUknMfS8Wq18H+HTPeWM6fc2XFMY8cxHYfymSqAnZM+y4ewTqUCAwEA\nAQKCAgAzU+GkvV8K1YyN3QkcJ+H5yvEjWqtBidIsWwAjSnkT/fLLLezOlcr80Q8z\nQFdomWUOSj6rPS+HtfVMWYQulfAlzWYiXcT5lYdtAQRQ8N+ZZsqH6uPYOYfVLtNm\nd8lrEepPYYh440CBTH/7XWsTVU3HJofFh+t3KfabmaEZA/yKEa/mhWKi/ZwfXK90\n36HJGMNc7hp4ZhYyihbw5CN6Vhn5bPsH6Y/u2JJis4YEV4iYXdHx60wzr4hfEW2T\nj1nQ011wWd7F6El8PaXHdvWj/kBD9Fr/hV/G0y0ctYbhovneLLBFt7RIEkWjwi9X\nasiyhXt5dSzb6UCTfHfS4M9GwAUcNvKlYfKUbGE/6/qyRcFPen94i1eW1qqlEOzx\n4gRzl4XD3a/Orf+KfESfh5jQ5kgMVDUFY/0mWHYaKmQfvSHFoG22idWQF/66APY1\n2kbu5XDYajSdyR2aSgy0sNim4XcJ434DDqX+6LfHQFa9+0ztfdK39yXu+tTbEP/Y\nO4BMLX4zzyGfjDqZOMd1VO9/JsZrGt0F7Qx589exAY8mY95Afxi0MJ51FUW/b7Gr\nqPRVDFrWLhG/2oihF5Eja+BMbN6ABNvBN7rL+brhOZUA94UgM3KZQCfPMzV+d/OE\nhLEmxmIKJK8QctNaJ721LQEil947wfVymhNwN7yVOT53cif0tQKCAQEA6Qa9lYVT\nFg/NT6r5GaA6Gf1+kZWglFDEnqHw5V6hoN7tG6l6zdPnJPSAARCFe4gE2kdXpOZA\n2PFcOdy1lqF6z1bD/xH5BoRG79dqBSR0Fqz9ve7/EIHpR3NH38oEKSt+3OdSkv/S\nadjT5j80ta9q6NqK7uryaEKoCnpMIG5O9M57p9CCkqQSkPLCYo4bvI+GYaf1fDU0\nas5qLwXfvIYDiWes2sbGiHg/FpzkVhXLHzN6O6NBRGJ13sfeit4HNNAYhMT2s45n\nrLwnQ/NdHkScGkjIIWCy/8JUsm2Xu4KucytNCCTdyOryVuRBn6BEUKqqBEDstMsx\nGuiXztNnebWOXwKCAQEAz1gnJ3u1+jzwt9Ga0gDGS0uF7nxVFUfzXm6EqjcftPZq\nQd5z04/N6N7/QZvrvv/5wvK7USSGOIbjB51g7Bsj++zToCMyALjvqlCjDFJZRBKg\nSve4gGO/riauBLzAZjVj+X4wJV12nbEr/bpdyYXEACGv3Tzxj97SyjbVgPCFmFvh\n1plk+G0K/i4LhMC/I9scQs1OLNgvSpxuy3u/xFSfnVh95bxOlf6wa2yjDNa4CGoi\nHUMCYosXYh9v9ylRmqgP0YJUnkcfhlb911qEFh30rR2bhPOo+y/tthQT5Xqj5DwU\nucOoyMw6S1IVusFzSX+PcacHkMBFyYRyGVc6nxZ5ewKCAQEAmFzq6u/g0qUEZlnx\nRBsqwkGoV0KRW0iwNtTF8QN+BPSd7h9Th29NTDF93LRTwuC944cQPGa88dxmpAK2\nzMXKyfT+dDHpNKSayUl9Ld2W9hioVF8HcWCwCiLLVPz+2XhyG7g4mpsglkrKylp7\neWw4KAZ1HyCJ3TfwLeGnEvFtOM4ltiU0qvMSnKnOBajLY/AoOoQak9sp6cgLT7G0\nh8zMVTRvpiCgQSz2ey+ccNkRFdaPzpzBGRiT31WqIfxok9SYo38xm1e6XAwuVFS0\nhwzvUJRUHtbeUzJaNMxJkLYyoGUomfGY/jz4tW3Lprag1GmyftOAsfnFosWANSCv\nILpgWwKCAQBKAcz36tApYVcKRWZdTql4dpx3Yyl7TxMuwYPYvZQzo0CKAjyVZt64\nH+A8KssagYNEch8p9z9xLbQbI7FUlNtjMETZA7b1Sw1AXUfVPg9enMdZ+tGAAhqI\nroWuazDBSo1EoCXPMG0GHBb3mW2gYH51DZEYBoiyMXZLdwb93tvQZftV/apsgX9K\n+mRiHeobgjm0HlOo7gDzQKLLPoBUM2BFaTCGr4/dOer+bOhFzN4jIr7KcwCG696M\nx2vPbJAUA6ihv0M0u24lJSe1ljlPK6IJqGe6LL5D6feO5du0LPISpN9A7vVvtnWY\nLNRUtHfR5BXvGw84O2itZPjU0q252uvBAoIBAFCRnWirY2C0qL3aePbFQgID4EXx\n7IvIvLd3Tkj0XtSX90DpGloZk/tjGTRaWY7jbLvUrgebvgtiwx3GoS28FzeaqWB8\n2LqSQw++T/mvZ49snIc8pdKVuTl3Yqi4GfeoFoVlVkQU/v5L6Yat5pXobv+FgbHp\nXvS8hSQ3F93LQKA3+ltAXulAohzfkOf8RiWPuS8cdLKfoGcAOtvXL4SPfrR5Ir2Z\nDH/UZ/rQomhE3wttdwUg2FlP3pgvtYu8M8giq7ojAqWsia7QempjZ6VEkZwAoInA\n3aa+y3pOi55wKnNopVDmJuGxau8kUFYEUPQ5x5Rtuq7JaXALvOmP4Pt+weU=\n-----END RSA PRIVATE KEY-----\n",
      "type": "string",
      "sensitive": true
    },
    "public_ip": {
      "value": [
        "18.118.198.223"
      ],
      "type": [
        "tuple",
        [
          "string"
        ]
      ]
    },
    "subnet_id": {
      "value": "subnet-02ba68bf4ed6b5aa4",
      "type": "string"
    },
    "vpc_id": {
      "value": "vpc-01ec68264108c2c0c",
      "type": "string"
    }
  },
  "resources": [
    {
      "mode": "data",
      "type": "aws_availability_zones",
      "name": "available",
      "provider": "provider[\"registry.terraform.io/hashicorp/aws\"]",
      "instances": [
        {
          "schema_version": 0,
          "attributes": {
            "all_availability_zones": null,
            "exclude_names": null,
            "exclude_zone_ids": null,
            "filter": null,
            "group_names": [
              "us-east-2-zg-1"
            ],
            "id": "us-east-2",
            "names": [
              "us-east-2a",
              "us-east-2b",
              "us-east-2c"
            ],
            "state": "available",
            "timeouts": null,
            "zone_ids": [
              "use2-az1",
              "use2-az2",
              "use2-az3"
            ]
          },
          "sensitive_attributes": [],
          "identity_schema_version": 0
        }
      ]
    },
    {
      "mode": "managed",
      "type": "aws_instance",
      "name": "my_instance",
      "provider": "provider[\"registry.terraform.io/hashicorp/aws\"]",
      "instances": [
        {
          "index_key": 0,
          "schema_version": 1,
          "attributes": {
            "ami": "ami-0d1b5a8c13042c939",
            "arn": "arn:aws:ec2:us-east-2:011528279681:instance/i-026e0c248db185a57",
            "associate_public_ip_address": true,
            "availability_zone": "us-east-2a",
            "capacity_reservation_specification": [
              {
                "capacity_reservation_preference": "open",
                "capacity_reservation_target": []
              }
            ],
            "cpu_core_count": 1,
            "cpu_options": [
              {
                "amd_sev_snp": "",
                "core_count": 1,
                "threads_per_core": 1
              }
            ],
            "cpu_threads_per_core": 1,
            "credit_specification": [
              {
                "cpu_credits": "standard"
              }
            ],
            "disable_api_stop": false,
            "disable_api_termination": false,
            "ebs_block_device": [
              {
                "delete_on_termination": true,
                "device_name": "/dev/sda1",
                "encrypted": false,
                "iops": 3000,
                "kms_key_id": "",
                "snapshot_id": "",
                "tags": {},
                "tags_all": {
                  "hashicorp-learn": "refresh"
                },
                "throughput": 125,
                "volume_id": "vol-0a6e19ddcb13a382b",
                "volume_size": 10,
                "volume_type": "gp3"
              }
            ],
            "ebs_optimized": false,
            "enclave_options": [
              {
                "enabled": false
              }
            ],
            "ephemeral_block_device": [],
            "get_password_data": false,
            "hibernation": false,
            "host_id": "",
            "host_resource_group_arn": null,
            "iam_instance_profile": "",
            "id": "i-026e0c248db185a57",
            "instance_initiated_shutdown_behavior": "stop",
            "instance_lifecycle": "",
            "instance_market_options": [],
            "instance_state": "running",
            "instance_type": "t2.micro",
            "ipv6_address_count": 0,
            "ipv6_addresses": [],
            "key_name": "private",
            "launch_template": [],
            "maintenance_options": [
              {
                "auto_recovery": "default"
              }
            ],
            "metadata_options": [
              {
                "http_endpoint": "enabled",
                "http_protocol_ipv6": "disabled",
                "http_put_response_hop_limit": 2,
                "http_tokens": "required",
                "instance_metadata_tags": "disabled"
              }
            ],
            "monitoring": false,
            "network_interface": [],
            "outpost_arn": "",
            "password_data": "",
            "placement_group": "",
            "placement_partition_number": 0,
            "primary_network_interface_id": "eni-02a6c9ba19f4cd2b1",
            "private_dns": "ip-10-0-0-156.us-east-2.compute.internal",
            "private_dns_name_options": [
              {
                "enable_resource_name_dns_a_record": false,
                "enable_resource_name_dns_aaaa_record": false,
                "hostname_type": "ip-name"
              }
            ],
            "private_ip": "10.0.0.156",
            "public_dns": "ec2-18-118-198-223.us-east-2.compute.amazonaws.com",
            "public_ip": "18.118.198.223",
            "root_block_device": [
              {
                "delete_on_termination": true,
                "device_name": "/dev/sda1",
                "encrypted": false,
                "iops": 3000,
                "kms_key_id": "",
                "tags": {},
                "tags_all": {
                  "hashicorp-learn": "refresh"
                },
                "throughput": 125,
                "volume_id": "vol-0a6e19ddcb13a382b",
                "volume_size": 10,
                "volume_type": "gp3"
              }
            ],
            "secondary_private_ips": [],
            "security_groups": [],
            "source_dest_check": true,
            "spot_instance_request_id": "",
            "subnet_id": "subnet-02ba68bf4ed6b5aa4",
            "tags": {
              "Name": "linux_machine"
            },
            "tags_all": {
              "Name": "linux_machine",
              "hashicorp-learn": "refresh"
            },
            "tenancy": "default",
            "timeouts": null,
            "user_data": "cd3af943274efa6d89c7c21b6f12e5f8fbe24301",
            "user_data_base64": null,
            "user_data_replace_on_change": false,
            "volume_tags": null,
            "vpc_security_group_ids": [
              "sg-07cbab95ff741e112"
            ]
          },
          "sensitive_attributes": [],
          "identity_schema_version": 0,
          "private": "eyJlMmJmYjczMC1lY2FhLTExZTYtOGY4OC0zNDM2M2JjN2M0YzAiOnsiY3JlYXRlIjo2MDAwMDAwMDAwMDAsImRlbGV0ZSI6MTIwMDAwMDAwMDAwMCwicmVhZCI6OTAwMDAwMDAwMDAwLCJ1cGRhdGUiOjYwMDAwMDAwMDAwMH0sInNjaGVtYV92ZXJzaW9uIjoiMSJ9",
          "dependencies": [
            "aws_key_pair.deployer",
            "aws_security_group.my_security_group",
            "aws_subnet.public_subnet",
            "aws_vpc.my_vpc",
            "data.aws_availability_zones.available",
            "tls_private_key.example"
          ]
        }
      ]
    },
    {
      "mode": "managed",
      "type": "aws_internet_gateway",
      "name": "my_igw",
      "provider": "provider[\"registry.terraform.io/hashicorp/aws\"]",
      "instances": [
        {
          "schema_version": 0,
          "attributes": {
            "arn": "arn:aws:ec2:us-east-2:011528279681:internet-gateway/igw-0a4515ac713a912f2",
            "id": "igw-0a4515ac713a912f2",
            "owner_id": "011528279681",
            "tags": null,
            "tags_all": {
              "hashicorp-learn": "refresh"
            },
            "timeouts": null,
            "vpc_id": "vpc-01ec68264108c2c0c"
          },
          "sensitive_attributes": [],
          "identity_schema_version": 0,
          "private": "eyJlMmJmYjczMC1lY2FhLTExZTYtOGY4OC0zNDM2M2JjN2M0YzAiOnsiY3JlYXRlIjoxMjAwMDAwMDAwMDAwLCJkZWxldGUiOjEyMDAwMDAwMDAwMDAsInVwZGF0ZSI6MTIwMDAwMDAwMDAwMH19",
          "dependencies": [
            "aws_vpc.my_vpc"
          ]
        }
      ]
    },
    {
      "mode": "managed",
      "type": "aws_key_pair",
      "name": "deployer",
      "provider": "provider[\"registry.terraform.io/hashicorp/aws\"]",
      "instances": [
        {
          "schema_version": 1,
          "attributes": {
            "arn": "arn:aws:ec2:us-east-2:011528279681:key-pair/private",
            "fingerprint": "2d:68:6c:29:cd:af:9b:d6:a6:00:cf:0f:ba:98:a5:5b",
            "id": "private",
            "key_name": "private",
            "key_name_prefix": "",
            "key_pair_id": "key-07cf543036b1ddf43",
            "key_type": "rsa",
            "public_key": "ssh-rsa AAAAB3NzaC1yc2EAAAADAQABAAACAQC8vLFBCbiPIEQTCkFQO/R50LqV7E1V+xVjxWd21nOpScSF0gIMBDd6/rjOBd6pW1UR/MSDc8uAA6JTb0gIw3CXacHcO8zMoQ7CSVvajqMO19MNc0Nsem9bFpLI0XmgtAXSSw+0jyM2d2D3PnkYQ+0pYrRgk1Nz8rI3MBWkANOhzsL4/qbwBFqPrMoz1slMzy9ozXJEwGSNoLvqupYw8dPluoQgwdjZ30w3abYGtzR/PM4VTfPGxau5TNbkP626hspgipDslNqtTA4I4yGGDXoFRBUGvedTkOIi/6KRaeUKvMy+HU0r8h7pHdHqkk7RE7/seZsKW49JQRmDtSsn5+zDVyvOsuucRjN+5Ag5F6Wdli1/bzlGZzcv3B1a2CO/Li5UGNNq23Mj+vRB3BvsnLgXnDn3vhNQdqqvq9tb8oVGPwJ7ctrSJAy1Nizq55AR6qqsXsfkl3PSLXJMnOLrfJqwkq+MPP9T101T7s4KjB6DxA9Q0JQMmaGWCHw766McDLuc5h/FIFHX/OdLasnodDmKDmP0C3KjNtAM5EYg/X67ElB3ahisdoKb4DhQ1B9JhieB9dG83pCHUwE7iLQkydLNxCQw5dmLsEASvg9Vr3sx40MfZBm36ByGxTVHJSScx9LxarXwf4dM95Yzp9zZcUxjxzEdh/KZKoCdkz7Lh7BOpQ==",
            "tags": null,
            "tags_all": {
              "hashicorp-learn": "refresh"
            }
          },
          "sensitive_attributes": [],
          "identity_schema_version": 0,
          "private": "eyJzY2hlbWFfdmVyc2lvbiI6IjEifQ==",
          "dependencies": [
            "tls_private_key.example"
          ]
        }
      ]
    },
    {
      "mode": "managed",
      "type": "aws_lb",
      "name": "app_lb",
      "provider": "provider[\"registry.terraform.io/hashicorp/aws\"]",
      "instances": [
        {
          "schema_version": 0,
          "attributes": {
            "access_logs": [
              {
                "bucket": "",
                "enabled": false,
                "prefix": ""
              }
            ],
            "arn": "arn:aws:elasticloadbalancing:us-east-2:011528279681:loadbalancer/app/my-app-lb/26165ab62b93e92a",
            "arn_suffix": "app/my-app-lb/26165ab62b93e92a",
            "client_keep_alive": 3600,
            "connection_logs": [
              {
                "bucket": "",
                "enabled": false,
                "prefix": ""
              }
            ],
            "customer_owned_ipv4_pool": "",
            "desync_mitigation_mode": "defensive",
            "dns_name": "my-app-lb-1666358106.us-east-2.elb.amazonaws.com",
            "dns_record_client_routing_policy": null,
            "drop_invalid_header_fields": false,
            "enable_cross_zone_load_balancing": true,
            "enable_deletion_protection": false,
            "enable_http2": true,
            "enable_tls_version_and_cipher_suite_headers": false,
            "enable_waf_fail_open": false,
            "enable_xff_client_port": false,
            "enforce_security_group_inbound_rules_on_private_link_traffic": "",
            "id": "arn:aws:elasticloadbalancing:us-east-2:011528279681:loadbalancer/app/my-app-lb/26165ab62b93e92a",
            "idle_timeout": 60,
            "internal": false,
            "ip_address_type": "ipv4",
            "load_balancer_type": "application",
            "name": "my-app-lb",
            "name_prefix": "",
            "preserve_host_header": false,
            "security_groups": [
              "sg-07cbab95ff741e112"
            ],
            "subnet_mapping": [
              {
                "allocation_id": "",
                "ipv6_address": "",
                "outpost_id": "",
                "private_ipv4_address": "",
                "subnet_id": "subnet-02ba68bf4ed6b5aa4"
              },
              {
                "allocation_id": "",
                "ipv6_address": "",
                "outpost_id": "",
                "private_ipv4_address": "",
                "subnet_id": "subnet-0377790913bafe87f"
              }
            ],
            "subnets": [
              "subnet-02ba68bf4ed6b5aa4",
              "subnet-0377790913bafe87f"
            ],
            "tags": null,
            "tags_all": {
              "hashicorp-learn": "refresh"
            },
            "timeouts": null,
            "vpc_id": "vpc-01ec68264108c2c0c",
            "xff_header_processing_mode": "append",
            "zone_id": "Z3AADJGX6KTTL2"
          },
          "sensitive_attributes": [],
          "identity_schema_version": 0,
          "private": "eyJlMmJmYjczMC1lY2FhLTExZTYtOGY4OC0zNDM2M2JjN2M0YzAiOnsiY3JlYXRlIjo2MDAwMDAwMDAwMDAsImRlbGV0ZSI6NjAwMDAwMDAwMDAwLCJ1cGRhdGUiOjYwMDAwMDAwMDAwMH19",
          "dependencies": [
            "aws_security_group.my_security_group",
            "aws_subnet.public_subnet",
            "aws_vpc.my_vpc",
            "data.aws_availability_zones.available"
          ]
        }
      ]
    },
    {
      "mode": "managed",
      "type": "aws_lb_listener",
      "name": "http",
      "provider": "provider[\"registry.terraform.io/hashicorp/aws\"]",
      "instances": [
        {
          "schema_version": 0,
          "attributes": {
            "alpn_policy": null,
            "arn": "arn:aws:elasticloadbalancing:us-east-2:011528279681:listener/app/my-app-lb/26165ab62b93e92a/ed22c574ac4e6512",
            "certificate_arn": null,
            "default_action": [
              {
                "authenticate_cognito": [],
                "authenticate_oidc": [],
                "fixed_response": [],
                "forward": [],
                "order": 1,
                "redirect": [],
                "target_group_arn": "arn:aws:elasticloadbalancing:us-east-2:011528279681:targetgroup/app-tg/7034c2a29420ffb0",
                "type": "forward"
              }
            ],
            "id": "arn:aws:elasticloadbalancing:us-east-2:011528279681:listener/app/my-app-lb/26165ab62b93e92a/ed22c574ac4e6512",
            "load_balancer_arn": "arn:aws:elasticloadbalancing:us-east-2:011528279681:loadbalancer/app/my-app-lb/26165ab62b93e92a",
            "mutual_authentication": [],
            "port": 80,
            "protocol": "HTTP",
            "ssl_policy": "",
            "tags": null,
            "tags_all": {
              "hashicorp-learn": "refresh"
            },
            "timeouts": null
          },
          "sensitive_attributes": [],
          "identity_schema_version": 0,
          "private": "eyJlMmJmYjczMC1lY2FhLTExZTYtOGY4OC0zNDM2M2JjN2M0YzAiOnsiY3JlYXRlIjozMDAwMDAwMDAwMDAsInVwZGF0ZSI6MzAwMDAwMDAwMDAwfX0=",
          "dependencies": [
            "aws_lb.app_lb",
            "aws_lb_target_group.app_tg",
            "aws_security_group.my_security_group",
            "aws_subnet.public_subnet",
            "aws_vpc.my_vpc",
            "data.aws_availability_zones.available"
          ]
        }
      ]
    },
    {
      "mode": "managed",
      "type": "aws_lb_target_group",
      "name": "app_tg",
      "provider": "provider[\"registry.terraform.io/hashicorp/aws\"]",
      "instances": [
        {
          "schema_version": 0,
          "attributes": {
            "arn": "arn:aws:elasticloadbalancing:us-east-2:011528279681:targetgroup/app-tg/7034c2a29420ffb0",
            "arn_suffix": "targetgroup/app-tg/7034c2a29420ffb0",
            "connection_termination": null,
            "deregistration_delay": "300",
            "health_check": [
              {
                "enabled": true,
                "healthy_threshold": 2,
                "interval": 30,
                "matcher": "200-399",
                "path": "/",
                "port": "traffic-port",
                "protocol": "HTTP",
                "timeout": 5,
                "unhealthy_threshold": 2
              }
            ],
            "id": "arn:aws:elasticloadbalancing:us-east-2:011528279681:targetgroup/app-tg/7034c2a29420ffb0",
            "ip_address_type": "ipv4",
            "lambda_multi_value_headers_enabled": false,
            "load_balancer_arns": [],
            "load_balancing_algorithm_type": "round_robin",
            "load_balancing_anomaly_mitigation": "off",
            "load_balancing_cross_zone_enabled": "use_load_balancer_configuration",
            "name": "app-tg",
            "name_prefix": "",
            "port": 80,
            "preserve_client_ip": null,
            "protocol": "HTTP",
            "protocol_version": "HTTP1",
            "proxy_protocol_v2": false,
            "slow_start": 0,
            "stickiness": [
              {
                "cookie_duration": 86400,
                "cookie_name": "",
                "enabled": false,
                "type": "lb_cookie"
              }
            ],
            "tags": null,
            "tags_all": {
              "hashicorp-learn": "refresh"
            },
            "target_failover": [
              {
                "on_deregistration": null,
                "on_unhealthy": null
              }
            ],
            "target_health_state": [
              {
                "enable_unhealthy_connection_termination": null
              }
            ],
            "target_type": "instance",
            "vpc_id": "vpc-01ec68264108c2c0c"
          },
          "sensitive_attributes": [],
          "identity_schema_version": 0,
          "private": "bnVsbA==",
          "dependencies": [
            "aws_vpc.my_vpc"
          ]
        }
      ]
    },
    {
      "mode": "managed",
      "type": "aws_lb_target_group_attachment",
      "name": "tg_attachment",
      "provider": "provider[\"registry.terraform.io/hashicorp/aws\"]",
      "instances": [
        {
          "schema_version": 0,
          "attributes": {
            "availability_zone": null,
            "id": "arn:aws:elasticloadbalancing:us-east-2:011528279681:targetgroup/app-tg/7034c2a29420ffb0-20250812144139664300000003",
            "port": 80,
            "target_group_arn": "arn:aws:elasticloadbalancing:us-east-2:011528279681:targetgroup/app-tg/7034c2a29420ffb0",
            "target_id": "i-026e0c248db185a57"
          },
          "sensitive_attributes": [],
          "identity_schema_version": 0,
          "private": "bnVsbA==",
          "dependencies": [
            "aws_instance.my_instance",
            "aws_key_pair.deployer",
            "aws_lb_target_group.app_tg",
            "aws_security_group.my_security_group",
            "aws_subnet.public_subnet",
            "aws_vpc.my_vpc",
            "data.aws_availability_zones.available",
            "tls_private_key.example"
          ]
        }
      ]
    },
    {
      "mode": "managed",
      "type": "aws_route_table",
      "name": "my_route_table",
      "provider": "provider[\"registry.terraform.io/hashicorp/aws\"]",
      "instances": [
        {
          "schema_version": 0,
          "attributes": {
            "arn": "arn:aws:ec2:us-east-2:011528279681:route-table/rtb-03cd1280c6870441f",
            "id": "rtb-03cd1280c6870441f",
            "owner_id": "011528279681",
            "propagating_vgws": [],
            "route": [
              {
                "carrier_gateway_id": "",
                "cidr_block": "0.0.0.0/0",
                "core_network_arn": "",
                "destination_prefix_list_id": "",
                "egress_only_gateway_id": "",
                "gateway_id": "igw-0a4515ac713a912f2",
                "ipv6_cidr_block": "",
                "local_gateway_id": "",
                "nat_gateway_id": "",
                "network_interface_id": "",
                "transit_gateway_id": "",
                "vpc_endpoint_id": "",
                "vpc_peering_connection_id": ""
              }
            ],
            "tags": {
              "Name": "MyRouteTable"
            },
            "tags_all": {
              "Name": "MyRouteTable",
              "hashicorp-learn": "refresh"
            },
            "timeouts": null,
            "vpc_id": "vpc-01ec68264108c2c0c"
          },
          "sensitive_attributes": [],
          "identity_schema_version": 0,
          "private": "eyJlMmJmYjczMC1lY2FhLTExZTYtOGY4OC0zNDM2M2JjN2M0YzAiOnsiY3JlYXRlIjozMDAwMDAwMDAwMDAsImRlbGV0ZSI6MzAwMDAwMDAwMDAwLCJ1cGRhdGUiOjEyMDAwMDAwMDAwMH19",
          "dependencies": [
            "aws_internet_gateway.my_igw",
            "aws_vpc.my_vpc"
          ]
        }
      ]
    },
    {
      "mode": "managed",
      "type": "aws_route_table_association",
      "name": "public_subnet_association",
      "provider": "provider[\"registry.terraform.io/hashicorp/aws\"]",
      "instances": [
        {
          "index_key": 0,
          "schema_version": 0,
          "attributes": {
            "gateway_id": "",
            "id": "rtbassoc-0e962275e019c4169",
            "route_table_id": "rtb-03cd1280c6870441f",
            "subnet_id": "subnet-02ba68bf4ed6b5aa4",
            "timeouts": null
          },
          "sensitive_attributes": [],
          "identity_schema_version": 0,
          "private": "eyJlMmJmYjczMC1lY2FhLTExZTYtOGY4OC0zNDM2M2JjN2M0YzAiOnsiY3JlYXRlIjozMDAwMDAwMDAwMDAsImRlbGV0ZSI6MzAwMDAwMDAwMDAwLCJ1cGRhdGUiOjEyMDAwMDAwMDAwMH19",
          "dependencies": [
            "aws_internet_gateway.my_igw",
            "aws_route_table.my_route_table",
            "aws_subnet.public_subnet",
            "aws_vpc.my_vpc",
            "data.aws_availability_zones.available"
          ]
        },
        {
          "index_key": 1,
          "schema_version": 0,
          "attributes": {
            "gateway_id": "",
            "id": "rtbassoc-0e962275e019c4169",
            "route_table_id": "rtb-03cd1280c6870441f",
            "subnet_id": "subnet-02ba68bf4ed6b5aa4",
            "timeouts": null
          },
          "sensitive_attributes": [],
          "identity_schema_version": 0,
          "private": "eyJlMmJmYjczMC1lY2FhLTExZTYtOGY4OC0zNDM2M2JjN2M0YzAiOnsiY3JlYXRlIjozMDAwMDAwMDAwMDAsImRlbGV0ZSI6MzAwMDAwMDAwMDAwLCJ1cGRhdGUiOjEyMDAwMDAwMDAwMH19",
          "dependencies": [
            "aws_internet_gateway.my_igw",
            "aws_route_table.my_route_table",
            "aws_subnet.public_subnet",
            "aws_vpc.my_vpc",
            "data.aws_availability_zones.available"
          ]
        }
      ]
    },
    {
      "mode": "managed",
      "type": "aws_s3_bucket",
      "name": "my_bucket",
      "provider": "provider[\"registry.terraform.io/hashicorp/aws\"]",
      "instances": [
        {
          "schema_version": 0,
          "attributes": {
            "acceleration_status": "",
            "acl": null,
            "arn": "arn:aws:s3:::sdeepak21june",
            "bucket": "sdeepak21june",
            "bucket_domain_name": "sdeepak21june.s3.amazonaws.com",
            "bucket_prefix": "",
            "bucket_regional_domain_name": "sdeepak21june.s3.us-east-2.amazonaws.com",
            "cors_rule": [],
            "force_destroy": false,
            "grant": [
              {
                "id": "8a66fa119948524c3f0b095fbbca0e59ea759847ae1be191069130023405bcf1",
                "permissions": [
                  "FULL_CONTROL"
                ],
                "type": "CanonicalUser",
                "uri": ""
              }
            ],
            "hosted_zone_id": "Z2O1EMRO9K5GLX",
            "id": "sdeepak21june",
            "lifecycle_rule": [],
            "logging": [],
            "object_lock_configuration": [],
            "object_lock_enabled": false,
            "policy": "",
            "region": "us-east-2",
            "replication_configuration": [],
            "request_payer": "BucketOwner",
            "server_side_encryption_configuration": [
              {
                "rule": [
                  {
                    "apply_server_side_encryption_by_default": [
                      {
                        "kms_master_key_id": "",
                        "sse_algorithm": "AES256"
                      }
                    ],
                    "bucket_key_enabled": false
                  }
                ]
              }
            ],
            "tags": null,
            "tags_all": {
              "hashicorp-learn": "refresh"
            },
            "timeouts": null,
            "versioning": [
              {
                "enabled": false,
                "mfa_delete": false
              }
            ],
            "website": [],
            "website_domain": null,
            "website_endpoint": null
          },
          "sensitive_attributes": [],
          "identity_schema_version": 0,
          "private": "eyJlMmJmYjczMC1lY2FhLTExZTYtOGY4OC0zNDM2M2JjN2M0YzAiOnsiY3JlYXRlIjoxMjAwMDAwMDAwMDAwLCJkZWxldGUiOjM2MDAwMDAwMDAwMDAsInJlYWQiOjEyMDAwMDAwMDAwMDAsInVwZGF0ZSI6MTIwMDAwMDAwMDAwMH19"
        }
      ]
    },
    {
      "mode": "managed",
      "type": "aws_s3_bucket_public_access_block",
      "name": "my_bucket_public_access_block",
      "provider": "provider[\"registry.terraform.io/hashicorp/aws\"]",
      "instances": [
        {
          "schema_version": 0,
          "attributes": {
            "block_public_acls": false,
            "block_public_policy": false,
            "bucket": "sdeepak21june",
            "id": "sdeepak21june",
            "ignore_public_acls": false,
            "restrict_public_buckets": false
          },
          "sensitive_attributes": [],
          "identity_schema_version": 0,
          "private": "bnVsbA==",
          "dependencies": [
            "aws_s3_bucket.my_bucket"
          ]
        }
      ]
    },
    {
      "mode": "managed",
      "type": "aws_security_group",
      "name": "my_security_group",
      "provider": "provider[\"registry.terraform.io/hashicorp/aws\"]",
      "instances": [
        {
          "schema_version": 1,
          "attributes": {
            "arn": "arn:aws:ec2:us-east-2:011528279681:security-group/sg-07cbab95ff741e112",
            "description": "My security group created by Terraform",
            "egress": [
              {
                "cidr_blocks": [
                  "0.0.0.0/0"
                ],
                "description": "",
                "from_port": 0,
                "ipv6_cidr_blocks": [],
                "prefix_list_ids": [],
                "protocol": "-1",
                "security_groups": [],
                "self": false,
                "to_port": 0
              }
            ],
            "id": "sg-07cbab95ff741e112",
            "ingress": [
              {
                "cidr_blocks": [
                  "0.0.0.0/0"
                ],
                "description": "ingress rule for my_sql",
                "from_port": 3306,
                "ipv6_cidr_blocks": [],
                "prefix_list_ids": [],
                "protocol": "tcp",
                "security_groups": [],
                "self": false,
                "to_port": 3306
              },
              {
                "cidr_blocks": [
                  "0.0.0.0/0"
                ],
                "description": "ingress rule for port 22",
                "from_port": 22,
                "ipv6_cidr_blocks": [],
                "prefix_list_ids": [],
                "protocol": "tcp",
                "security_groups": [],
                "self": false,
                "to_port": 22
              },
              {
                "cidr_blocks": [
                  "0.0.0.0/0"
                ],
                "description": "ingress rule for port 443",
                "from_port": 443,
                "ipv6_cidr_blocks": [],
                "prefix_list_ids": [],
                "protocol": "tcp",
                "security_groups": [],
                "self": false,
                "to_port": 443
              },
              {
                "cidr_blocks": [
                  "0.0.0.0/0"
                ],
                "description": "ingress rule for port 8080 using jenkins",
                "from_port": 8080,
                "ipv6_cidr_blocks": [],
                "prefix_list_ids": [],
                "protocol": "tcp",
                "security_groups": [],
                "self": false,
                "to_port": 8080
              },
              {
                "cidr_blocks": [
                  "0.0.0.0/0"
                ],
                "description": "port enable for nginx",
                "from_port": 80,
                "ipv6_cidr_blocks": [],
                "prefix_list_ids": [],
                "protocol": "tcp",
                "security_groups": [],
                "self": false,
                "to_port": 80
              }
            ],
            "name": "my-security-group",
            "name_prefix": "",
            "owner_id": "011528279681",
            "revoke_rules_on_delete": false,
            "tags": null,
            "tags_all": {
              "hashicorp-learn": "refresh"
            },
            "timeouts": null,
            "vpc_id": "vpc-01ec68264108c2c0c"
          },
          "sensitive_attributes": [],
          "identity_schema_version": 0,
          "private": "eyJlMmJmYjczMC1lY2FhLTExZTYtOGY4OC0zNDM2M2JjN2M0YzAiOnsiY3JlYXRlIjo2MDAwMDAwMDAwMDAsImRlbGV0ZSI6OTAwMDAwMDAwMDAwfSwic2NoZW1hX3ZlcnNpb24iOiIxIn0=",
          "dependencies": [
            "aws_vpc.my_vpc"
          ]
        }
      ]
    },
    {
      "mode": "managed",
      "type": "aws_subnet",
      "name": "public_subnet",
      "provider": "provider[\"registry.terraform.io/hashicorp/aws\"]",
      "instances": [
        {
          "index_key": 0,
          "schema_version": 1,
          "attributes": {
            "arn": "arn:aws:ec2:us-east-2:011528279681:subnet/subnet-02ba68bf4ed6b5aa4",
            "assign_ipv6_address_on_creation": false,
            "availability_zone": "us-east-2a",
            "availability_zone_id": "use2-az1",
            "cidr_block": "10.0.0.0/24",
            "customer_owned_ipv4_pool": "",
            "enable_dns64": false,
            "enable_lni_at_device_index": 0,
            "enable_resource_name_dns_a_record_on_launch": false,
            "enable_resource_name_dns_aaaa_record_on_launch": false,
            "id": "subnet-02ba68bf4ed6b5aa4",
            "ipv6_cidr_block": "",
            "ipv6_cidr_block_association_id": "",
            "ipv6_native": false,
            "map_customer_owned_ip_on_launch": false,
            "map_public_ip_on_launch": true,
            "outpost_arn": "",
            "owner_id": "011528279681",
            "private_dns_hostname_type_on_launch": "ip-name",
            "tags": {
              "Name": "PublicSubnet-1"
            },
            "tags_all": {
              "Name": "PublicSubnet-1",
              "hashicorp-learn": "refresh"
            },
            "timeouts": null,
            "vpc_id": "vpc-01ec68264108c2c0c"
          },
          "sensitive_attributes": [],
          "identity_schema_version": 0,
          "private": "eyJlMmJmYjczMC1lY2FhLTExZTYtOGY4OC0zNDM2M2JjN2M0YzAiOnsiY3JlYXRlIjo2MDAwMDAwMDAwMDAsImRlbGV0ZSI6MTIwMDAwMDAwMDAwMH0sInNjaGVtYV92ZXJzaW9uIjoiMSJ9",
          "dependencies": [
            "aws_vpc.my_vpc",
            "data.aws_availability_zones.available"
          ]
        },
        {
          "index_key": 1,
          "schema_version": 1,
          "attributes": {
            "arn": "arn:aws:ec2:us-east-2:011528279681:subnet/subnet-0377790913bafe87f",
            "assign_ipv6_address_on_creation": false,
            "availability_zone": "us-east-2b",
            "availability_zone_id": "use2-az2",
            "cidr_block": "10.0.1.0/24",
            "customer_owned_ipv4_pool": "",
            "enable_dns64": false,
            "enable_lni_at_device_index": 0,
            "enable_resource_name_dns_a_record_on_launch": false,
            "enable_resource_name_dns_aaaa_record_on_launch": false,
            "id": "subnet-0377790913bafe87f",
            "ipv6_cidr_block": "",
            "ipv6_cidr_block_association_id": "",
            "ipv6_native": false,
            "map_customer_owned_ip_on_launch": false,
            "map_public_ip_on_launch": true,
            "outpost_arn": "",
            "owner_id": "011528279681",
            "private_dns_hostname_type_on_launch": "ip-name",
            "tags": {
              "Name": "PublicSubnet-2"
            },
            "tags_all": {
              "Name": "PublicSubnet-2",
              "hashicorp-learn": "refresh"
            },
            "timeouts": null,
            "vpc_id": "vpc-01ec68264108c2c0c"
          },
          "sensitive_attributes": [],
          "identity_schema_version": 0,
          "private": "eyJlMmJmYjczMC1lY2FhLTExZTYtOGY4OC0zNDM2M2JjN2M0YzAiOnsiY3JlYXRlIjo2MDAwMDAwMDAwMDAsImRlbGV0ZSI6MTIwMDAwMDAwMDAwMH0sInNjaGVtYV92ZXJzaW9uIjoiMSJ9",
          "dependencies": [
            "aws_vpc.my_vpc",
            "data.aws_availability_zones.available"
          ]
        }
      ]
    },
    {
      "mode": "managed",
      "type": "aws_vpc",
      "name": "my_vpc",
      "provider": "provider[\"registry.terraform.io/hashicorp/aws\"]",
      "instances": [
        {
          "schema_version": 1,
          "attributes": {
            "arn": "arn:aws:ec2:us-east-2:011528279681:vpc/vpc-01ec68264108c2c0c",
            "assign_generated_ipv6_cidr_block": false,
            "cidr_block": "10.0.0.0/16",
            "default_network_acl_id": "acl-0dda9054d7e16bde1",
            "default_route_table_id": "rtb-0309b1a22a5efaaab",
            "default_security_group_id": "sg-0e4c3cea88230b2b6",
            "dhcp_options_id": "dopt-09251da8fe9a6d6e9",
            "enable_dns_hostnames": true,
            "enable_dns_support": true,
            "enable_network_address_usage_metrics": false,
            "id": "vpc-01ec68264108c2c0c",
            "instance_tenancy": "default",
            "ipv4_ipam_pool_id": null,
            "ipv4_netmask_length": null,
            "ipv6_association_id": "",
            "ipv6_cidr_block": "",
            "ipv6_cidr_block_network_border_group": "",
            "ipv6_ipam_pool_id": "",
            "ipv6_netmask_length": 0,
            "main_route_table_id": "rtb-0309b1a22a5efaaab",
            "owner_id": "011528279681",
            "tags": {
              "Name": "vpc-1"
            },
            "tags_all": {
              "Name": "vpc-1",
              "hashicorp-learn": "refresh"
            }
          },
          "sensitive_attributes": [],
          "identity_schema_version": 0,
          "private": "eyJzY2hlbWFfdmVyc2lvbiI6IjEifQ=="
        }
      ]
    },
    {
      "mode": "managed",
      "type": "null_resource",
      "name": "my_instance",
      "provider": "provider[\"registry.terraform.io/hashicorp/null\"]",
      "instances": [
        {
          "schema_version": 0,
          "attributes": {
            "id": "8436674592697723591",
            "triggers": {
              "id": "igw-0a4515ac713a912f2"
            }
          },
          "sensitive_attributes": [],
          "identity_schema_version": 0,
          "dependencies": [
            "aws_internet_gateway.my_igw",
            "aws_vpc.my_vpc"
          ]
        }
      ]
    },
    {
      "mode": "managed",
      "type": "tls_private_key",
      "name": "example",
      "provider": "provider[\"registry.terraform.io/hashicorp/tls\"]",
      "instances": [
        {
          "schema_version": 1,
          "attributes": {
            "algorithm": "RSA",
            "ecdsa_curve": "P224",
            "id": "60ec576d51e2598b98a26e1088507209b07afad8",
            "private_key_openssh": "-----BEGIN OPENSSH PRIVATE KEY-----\nb3BlbnNzaC1rZXktdjEAAAAABG5vbmUAAAAEbm9uZQAAAAAAAAABAAACFwAAAAdz\nc2gtcnNhAAAAAwEAAQAAAgEAvLyxQQm4jyBEEwpBUDv0edC6lexNVfsVY8VndtZz\nqUnEhdICDAQ3ev64zgXeqVtVEfzEg3PLgAOiU29ICMNwl2nB3DvMzKEOwklb2o6j\nDtfTDXNDbHpvWxaSyNF5oLQF0ksPtI8jNndg9z55GEPtKWK0YJNTc/KyNzAVpADT\noc7C+P6m8ARaj6zKM9bJTM8vaM1yRMBkjaC76rqWMPHT5bqEIMHY2d9MN2m2Brc0\nfzzOFU3zxsWruUzW5D+tuobKYIqQ7JTarUwOCOMhhg16BUQVBr3nU5DiIv+ikWnl\nCrzMvh1NK/Ie6R3R6pJO0RO/7HmbCluPSUEZg7UrJ+fsw1crzrLrnEYzfuQIORel\nnZYtf285Rmc3L9wdWtgjvy4uVBjTattzI/r0Qdwb7Jy4F5w5974TUHaqr6vbW/KF\nRj8Ce3La0iQMtTYs6ueQEeqqrF7H5Jdz0i1yTJzi63yasJKvjDz/U9dNU+7OCowe\ng8QPUNCUDJmhlgh8O+ujHAy7nOYfxSBR1/znS2rJ6HQ5ig5j9AtyozbQDORGIP1+\nuxJQd2oYrHaCm+A4UNQfSYYngfXRvN6Qh1MBO4i0JMnSzcQkMOXZi7BAEr4PVa97\nMeNDH2QZt+gchsU1RyUknMfS8Wq18H+HTPeWM6fc2XFMY8cxHYfymSqAnZM+y4ew\nTqUAAAc4RlSSUkZUklIAAAAHc3NoLXJzYQAAAgEAvLyxQQm4jyBEEwpBUDv0edC6\nlexNVfsVY8VndtZzqUnEhdICDAQ3ev64zgXeqVtVEfzEg3PLgAOiU29ICMNwl2nB\n3DvMzKEOwklb2o6jDtfTDXNDbHpvWxaSyNF5oLQF0ksPtI8jNndg9z55GEPtKWK0\nYJNTc/KyNzAVpADToc7C+P6m8ARaj6zKM9bJTM8vaM1yRMBkjaC76rqWMPHT5bqE\nIMHY2d9MN2m2Brc0fzzOFU3zxsWruUzW5D+tuobKYIqQ7JTarUwOCOMhhg16BUQV\nBr3nU5DiIv+ikWnlCrzMvh1NK/Ie6R3R6pJO0RO/7HmbCluPSUEZg7UrJ+fsw1cr\nzrLrnEYzfuQIORelnZYtf285Rmc3L9wdWtgjvy4uVBjTattzI/r0Qdwb7Jy4F5w5\n974TUHaqr6vbW/KFRj8Ce3La0iQMtTYs6ueQEeqqrF7H5Jdz0i1yTJzi63yasJKv\njDz/U9dNU+7OCoweg8QPUNCUDJmhlgh8O+ujHAy7nOYfxSBR1/znS2rJ6HQ5ig5j\n9AtyozbQDORGIP1+uxJQd2oYrHaCm+A4UNQfSYYngfXRvN6Qh1MBO4i0JMnSzcQk\nMOXZi7BAEr4PVa97MeNDH2QZt+gchsU1RyUknMfS8Wq18H+HTPeWM6fc2XFMY8cx\nHYfymSqAnZM+y4ewTqUAAAADAQABAAACADNT4aS9XwrVjI3dCRwn4fnK8SNaq0GJ\n0ixbACNKeRP98sst7M6VyvzRDzNAV2iZZQ5KPqs9L4e19UxZhC6V8CXNZiJdxPmV\nh20BBFDw35lmyofq49g5h9Uu02Z3yWsR6k9hiHjjQIFMf/tdaxNVTccmh8WH63cp\n9puZoRkD/IoRr+aFYqL9nB9cr3TfockYw1zuGnhmFjKKFvDkI3pWGfls+wfpj+7Y\nkmKzhgRXiJhd0fHrTDOviF8RbZOPWdDTXXBZ3sXoSXw9pcd29aP+QEP0Wv+FX8bT\nLRy1huGi+d4ssEW3tEgSRaPCL1dqyLKFe3l1LNvpQJN8d9Lgz0bABRw28qVh8pRs\nYT/r+rJFwU96f3iLV5bWqqUQ7PHiBHOXhcPdr86t/4p8RJ+HmNDmSAxUNQVj/SZY\ndhoqZB+9IcWgbbaJ1ZAX/roA9jXaRu7lcNhqNJ3JHZpKDLSw2KbhdwnjfgMOpf7o\nt8dAVr37TO190rf3Je761NsQ/9g7gEwtfjPPIZ+MOpk4x3VU738mxmsa3QXtDHnz\n17EBjyZj3kB/GLQwnnUVRb9vsauo9FUMWtYuEb/aiKEXkSNr4Exs3oAE28E3usv5\nuuE5lQD3hSAzcplAJ88zNX5384SEsSbGYgokrxBy01onvbUtASKX3jvB9XKaE3A3\nvJU5PndyJ/S1AAABAFCRnWirY2C0qL3aePbFQgID4EXx7IvIvLd3Tkj0XtSX90Dp\nGloZk/tjGTRaWY7jbLvUrgebvgtiwx3GoS28FzeaqWB82LqSQw++T/mvZ49snIc8\npdKVuTl3Yqi4GfeoFoVlVkQU/v5L6Yat5pXobv+FgbHpXvS8hSQ3F93LQKA3+ltA\nXulAohzfkOf8RiWPuS8cdLKfoGcAOtvXL4SPfrR5Ir2ZDH/UZ/rQomhE3wttdwUg\n2FlP3pgvtYu8M8giq7ojAqWsia7QempjZ6VEkZwAoInA3aa+y3pOi55wKnNopVDm\nJuGxau8kUFYEUPQ5x5Rtuq7JaXALvOmP4Pt+weUAAAEBAOkGvZWFUxYPzU+q+Rmg\nOhn9fpGVoJRQxJ6h8OVeoaDe7Rupes3T5yT0gAEQhXuIBNpHV6TmQNjxXDnctZah\nes9Ww/8R+QaERu/XagUkdBas/b3u/xCB6UdzR9/KBCkrftznUpL/0mnY0+Y/NLWv\naujaiu7q8mhCqAp6TCBuTvTOe6fQgpKkEpDywmKOG7yPhmGn9Xw1NGrOai8F37yG\nA4lnrNrGxoh4Pxac5FYVyx8zejujQURidd7H3oreBzTQGITE9rOOZ6y8J0PzXR5E\nnBpIyCFgsv/CVLJtl7uCrnMrTQgk3cjq8lbkQZ+gRFCqqgRA7LTLMRrol87TZ3m1\njl8AAAEBAM9YJyd7tfo88LfRmtIAxktLhe58VRVH815uhKo3H7T2akHec9OPzeje\n/0Gb677/+cLyu1EkhjiG4wedYOwbI/vs06AjMgC476pQowxSWUQSoEr3uIBjv64m\nrgS8wGY1Y/l+MCVddp2xK/26XcmFxAAhr9088Y/e0so21YDwhZhb4daZZPhtCv4u\nC4TAvyPbHELNTizYL0qcbst7v8RUn51YfeW8TpX+sGtsowzWuAhqIh1DAmKLF2If\nb/cpUZqoD9GCVJ5HH4ZW/ddahBYd9K0dm4TzqPsv7bYUE+V6o+Q8FLnDqMjMOktS\nFbrBc0l/j3GnB5DARcmEchlXOp8WeXsAAAAAAQID\n-----END OPENSSH PRIVATE KEY-----\n",
            "private_key_pem": "-----BEGIN RSA PRIVATE KEY-----\nMIIJKAIBAAKCAgEAvLyxQQm4jyBEEwpBUDv0edC6lexNVfsVY8VndtZzqUnEhdIC\nDAQ3ev64zgXeqVtVEfzEg3PLgAOiU29ICMNwl2nB3DvMzKEOwklb2o6jDtfTDXND\nbHpvWxaSyNF5oLQF0ksPtI8jNndg9z55GEPtKWK0YJNTc/KyNzAVpADToc7C+P6m\n8ARaj6zKM9bJTM8vaM1yRMBkjaC76rqWMPHT5bqEIMHY2d9MN2m2Brc0fzzOFU3z\nxsWruUzW5D+tuobKYIqQ7JTarUwOCOMhhg16BUQVBr3nU5DiIv+ikWnlCrzMvh1N\nK/Ie6R3R6pJO0RO/7HmbCluPSUEZg7UrJ+fsw1crzrLrnEYzfuQIORelnZYtf285\nRmc3L9wdWtgjvy4uVBjTattzI/r0Qdwb7Jy4F5w5974TUHaqr6vbW/KFRj8Ce3La\n0iQMtTYs6ueQEeqqrF7H5Jdz0i1yTJzi63yasJKvjDz/U9dNU+7OCoweg8QPUNCU\nDJmhlgh8O+ujHAy7nOYfxSBR1/znS2rJ6HQ5ig5j9AtyozbQDORGIP1+uxJQd2oY\nrHaCm+A4UNQfSYYngfXRvN6Qh1MBO4i0JMnSzcQkMOXZi7BAEr4PVa97MeNDH2QZ\nt+gchsU1RyUknMfS8Wq18H+HTPeWM6fc2XFMY8cxHYfymSqAnZM+y4ewTqUCAwEA\nAQKCAgAzU+GkvV8K1YyN3QkcJ+H5yvEjWqtBidIsWwAjSnkT/fLLLezOlcr80Q8z\nQFdomWUOSj6rPS+HtfVMWYQulfAlzWYiXcT5lYdtAQRQ8N+ZZsqH6uPYOYfVLtNm\nd8lrEepPYYh440CBTH/7XWsTVU3HJofFh+t3KfabmaEZA/yKEa/mhWKi/ZwfXK90\n36HJGMNc7hp4ZhYyihbw5CN6Vhn5bPsH6Y/u2JJis4YEV4iYXdHx60wzr4hfEW2T\nj1nQ011wWd7F6El8PaXHdvWj/kBD9Fr/hV/G0y0ctYbhovneLLBFt7RIEkWjwi9X\nasiyhXt5dSzb6UCTfHfS4M9GwAUcNvKlYfKUbGE/6/qyRcFPen94i1eW1qqlEOzx\n4gRzl4XD3a/Orf+KfESfh5jQ5kgMVDUFY/0mWHYaKmQfvSHFoG22idWQF/66APY1\n2kbu5XDYajSdyR2aSgy0sNim4XcJ434DDqX+6LfHQFa9+0ztfdK39yXu+tTbEP/Y\nO4BMLX4zzyGfjDqZOMd1VO9/JsZrGt0F7Qx589exAY8mY95Afxi0MJ51FUW/b7Gr\nqPRVDFrWLhG/2oihF5Eja+BMbN6ABNvBN7rL+brhOZUA94UgM3KZQCfPMzV+d/OE\nhLEmxmIKJK8QctNaJ721LQEil947wfVymhNwN7yVOT53cif0tQKCAQEA6Qa9lYVT\nFg/NT6r5GaA6Gf1+kZWglFDEnqHw5V6hoN7tG6l6zdPnJPSAARCFe4gE2kdXpOZA\n2PFcOdy1lqF6z1bD/xH5BoRG79dqBSR0Fqz9ve7/EIHpR3NH38oEKSt+3OdSkv/S\nadjT5j80ta9q6NqK7uryaEKoCnpMIG5O9M57p9CCkqQSkPLCYo4bvI+GYaf1fDU0\nas5qLwXfvIYDiWes2sbGiHg/FpzkVhXLHzN6O6NBRGJ13sfeit4HNNAYhMT2s45n\nrLwnQ/NdHkScGkjIIWCy/8JUsm2Xu4KucytNCCTdyOryVuRBn6BEUKqqBEDstMsx\nGuiXztNnebWOXwKCAQEAz1gnJ3u1+jzwt9Ga0gDGS0uF7nxVFUfzXm6EqjcftPZq\nQd5z04/N6N7/QZvrvv/5wvK7USSGOIbjB51g7Bsj++zToCMyALjvqlCjDFJZRBKg\nSve4gGO/riauBLzAZjVj+X4wJV12nbEr/bpdyYXEACGv3Tzxj97SyjbVgPCFmFvh\n1plk+G0K/i4LhMC/I9scQs1OLNgvSpxuy3u/xFSfnVh95bxOlf6wa2yjDNa4CGoi\nHUMCYosXYh9v9ylRmqgP0YJUnkcfhlb911qEFh30rR2bhPOo+y/tthQT5Xqj5DwU\nucOoyMw6S1IVusFzSX+PcacHkMBFyYRyGVc6nxZ5ewKCAQEAmFzq6u/g0qUEZlnx\nRBsqwkGoV0KRW0iwNtTF8QN+BPSd7h9Th29NTDF93LRTwuC944cQPGa88dxmpAK2\nzMXKyfT+dDHpNKSayUl9Ld2W9hioVF8HcWCwCiLLVPz+2XhyG7g4mpsglkrKylp7\neWw4KAZ1HyCJ3TfwLeGnEvFtOM4ltiU0qvMSnKnOBajLY/AoOoQak9sp6cgLT7G0\nh8zMVTRvpiCgQSz2ey+ccNkRFdaPzpzBGRiT31WqIfxok9SYo38xm1e6XAwuVFS0\nhwzvUJRUHtbeUzJaNMxJkLYyoGUomfGY/jz4tW3Lprag1GmyftOAsfnFosWANSCv\nILpgWwKCAQBKAcz36tApYVcKRWZdTql4dpx3Yyl7TxMuwYPYvZQzo0CKAjyVZt64\nH+A8KssagYNEch8p9z9xLbQbI7FUlNtjMETZA7b1Sw1AXUfVPg9enMdZ+tGAAhqI\nroWuazDBSo1EoCXPMG0GHBb3mW2gYH51DZEYBoiyMXZLdwb93tvQZftV/apsgX9K\n+mRiHeobgjm0HlOo7gDzQKLLPoBUM2BFaTCGr4/dOer+bOhFzN4jIr7KcwCG696M\nx2vPbJAUA6ihv0M0u24lJSe1ljlPK6IJqGe6LL5D6feO5du0LPISpN9A7vVvtnWY\nLNRUtHfR5BXvGw84O2itZPjU0q252uvBAoIBAFCRnWirY2C0qL3aePbFQgID4EXx\n7IvIvLd3Tkj0XtSX90DpGloZk/tjGTRaWY7jbLvUrgebvgtiwx3GoS28FzeaqWB8\n2LqSQw++T/mvZ49snIc8pdKVuTl3Yqi4GfeoFoVlVkQU/v5L6Yat5pXobv+FgbHp\nXvS8hSQ3F93LQKA3+ltAXulAohzfkOf8RiWPuS8cdLKfoGcAOtvXL4SPfrR5Ir2Z\nDH/UZ/rQomhE3wttdwUg2FlP3pgvtYu8M8giq7ojAqWsia7QempjZ6VEkZwAoInA\n3aa+y3pOi55wKnNopVDmJuGxau8kUFYEUPQ5x5Rtuq7JaXALvOmP4Pt+weU=\n-----END RSA PRIVATE KEY-----\n",
            "private_key_pem_pkcs8": "-----BEGIN PRIVATE KEY-----\nMIIJQgIBADANBgkqhkiG9w0BAQEFAASCCSwwggkoAgEAAoICAQC8vLFBCbiPIEQT\nCkFQO/R50LqV7E1V+xVjxWd21nOpScSF0gIMBDd6/rjOBd6pW1UR/MSDc8uAA6JT\nb0gIw3CXacHcO8zMoQ7CSVvajqMO19MNc0Nsem9bFpLI0XmgtAXSSw+0jyM2d2D3\nPnkYQ+0pYrRgk1Nz8rI3MBWkANOhzsL4/qbwBFqPrMoz1slMzy9ozXJEwGSNoLvq\nupYw8dPluoQgwdjZ30w3abYGtzR/PM4VTfPGxau5TNbkP626hspgipDslNqtTA4I\n4yGGDXoFRBUGvedTkOIi/6KRaeUKvMy+HU0r8h7pHdHqkk7RE7/seZsKW49JQRmD\ntSsn5+zDVyvOsuucRjN+5Ag5F6Wdli1/bzlGZzcv3B1a2CO/Li5UGNNq23Mj+vRB\n3BvsnLgXnDn3vhNQdqqvq9tb8oVGPwJ7ctrSJAy1Nizq55AR6qqsXsfkl3PSLXJM\nnOLrfJqwkq+MPP9T101T7s4KjB6DxA9Q0JQMmaGWCHw766McDLuc5h/FIFHX/OdL\nasnodDmKDmP0C3KjNtAM5EYg/X67ElB3ahisdoKb4DhQ1B9JhieB9dG83pCHUwE7\niLQkydLNxCQw5dmLsEASvg9Vr3sx40MfZBm36ByGxTVHJSScx9LxarXwf4dM95Yz\np9zZcUxjxzEdh/KZKoCdkz7Lh7BOpQIDAQABAoICADNT4aS9XwrVjI3dCRwn4fnK\n8SNaq0GJ0ixbACNKeRP98sst7M6VyvzRDzNAV2iZZQ5KPqs9L4e19UxZhC6V8CXN\nZiJdxPmVh20BBFDw35lmyofq49g5h9Uu02Z3yWsR6k9hiHjjQIFMf/tdaxNVTccm\nh8WH63cp9puZoRkD/IoRr+aFYqL9nB9cr3TfockYw1zuGnhmFjKKFvDkI3pWGfls\n+wfpj+7YkmKzhgRXiJhd0fHrTDOviF8RbZOPWdDTXXBZ3sXoSXw9pcd29aP+QEP0\nWv+FX8bTLRy1huGi+d4ssEW3tEgSRaPCL1dqyLKFe3l1LNvpQJN8d9Lgz0bABRw2\n8qVh8pRsYT/r+rJFwU96f3iLV5bWqqUQ7PHiBHOXhcPdr86t/4p8RJ+HmNDmSAxU\nNQVj/SZYdhoqZB+9IcWgbbaJ1ZAX/roA9jXaRu7lcNhqNJ3JHZpKDLSw2Kbhdwnj\nfgMOpf7ot8dAVr37TO190rf3Je761NsQ/9g7gEwtfjPPIZ+MOpk4x3VU738mxmsa\n3QXtDHnz17EBjyZj3kB/GLQwnnUVRb9vsauo9FUMWtYuEb/aiKEXkSNr4Exs3oAE\n28E3usv5uuE5lQD3hSAzcplAJ88zNX5384SEsSbGYgokrxBy01onvbUtASKX3jvB\n9XKaE3A3vJU5PndyJ/S1AoIBAQDpBr2VhVMWD81PqvkZoDoZ/X6RlaCUUMSeofDl\nXqGg3u0bqXrN0+ck9IABEIV7iATaR1ek5kDY8Vw53LWWoXrPVsP/EfkGhEbv12oF\nJHQWrP297v8QgelHc0ffygQpK37c51KS/9Jp2NPmPzS1r2ro2oru6vJoQqgKekwg\nbk70znun0IKSpBKQ8sJijhu8j4Zhp/V8NTRqzmovBd+8hgOJZ6zaxsaIeD8WnORW\nFcsfM3o7o0FEYnXex96K3gc00BiExPazjmesvCdD810eRJwaSMghYLL/wlSybZe7\ngq5zK00IJN3I6vJW5EGfoERQqqoEQOy0yzEa6JfO02d5tY5fAoIBAQDPWCcne7X6\nPPC30ZrSAMZLS4XufFUVR/NeboSqNx+09mpB3nPTj83o3v9Bm+u+//nC8rtRJIY4\nhuMHnWDsGyP77NOgIzIAuO+qUKMMUllEEqBK97iAY7+uJq4EvMBmNWP5fjAlXXad\nsSv9ul3JhcQAIa/dPPGP3tLKNtWA8IWYW+HWmWT4bQr+LguEwL8j2xxCzU4s2C9K\nnG7Le7/EVJ+dWH3lvE6V/rBrbKMM1rgIaiIdQwJiixdiH2/3KVGaqA/RglSeRx+G\nVv3XWoQWHfStHZuE86j7L+22FBPleqPkPBS5w6jIzDpLUhW6wXNJf49xpweQwEXJ\nhHIZVzqfFnl7AoIBAQCYXOrq7+DSpQRmWfFEGyrCQahXQpFbSLA21MXxA34E9J3u\nH1OHb01MMX3ctFPC4L3jhxA8Zrzx3GakArbMxcrJ9P50Mek0pJrJSX0t3Zb2GKhU\nXwdxYLAKIstU/P7ZeHIbuDiamyCWSsrKWnt5bDgoBnUfIIndN/At4acS8W04ziW2\nJTSq8xKcqc4FqMtj8Cg6hBqT2ynpyAtPsbSHzMxVNG+mIKBBLPZ7L5xw2REV1o/O\nnMEZGJPfVaoh/GiT1JijfzGbV7pcDC5UVLSHDO9QlFQe1t5TMlo0zEmQtjKgZSiZ\n8Zj+PPi1bcumtqDUabJ+04Cx+cWixYA1IK8gumBbAoIBAEoBzPfq0ClhVwpFZl1O\nqXh2nHdjKXtPEy7Bg9i9lDOjQIoCPJVm3rgf4DwqyxqBg0RyHyn3P3EttBsjsVSU\n22MwRNkDtvVLDUBdR9U+D16cx1n60YACGoiuha5rMMFKjUSgJc8wbQYcFveZbaBg\nfnUNkRgGiLIxdkt3Bv3e29Bl+1X9qmyBf0r6ZGId6huCObQeU6juAPNAoss+gFQz\nYEVpMIavj9056v5s6EXM3iMivspzAIbr3ozHa89skBQDqKG/QzS7biUlJ7WWOU8r\nogmoZ7osvkPp947l27Qs8hKk30Du9W+2dZgs1FS0d9HkFe8bDzg7aK1k+NTSrbna\n68ECggEAUJGdaKtjYLSovdp49sVCAgPgRfHsi8i8t3dOSPRe1Jf3QOkaWhmT+2MZ\nNFpZjuNsu9SuB5u+C2LDHcahLbwXN5qpYHzYupJDD75P+a9nj2ychzyl0pW5OXdi\nqLgZ96gWhWVWRBT+/kvphq3mlehu/4WBsele9LyFJDcX3ctAoDf6W0Be6UCiHN+Q\n5/xGJY+5Lxx0sp+gZwA629cvhI9+tHkivZkMf9Rn+tCiaETfC213BSDYWU/emC+1\ni7wzyCKruiMCpayJrtB6amNnpUSRnACgicDdpr7Lek6LnnAqc2ilUOYm4bFq7yRQ\nVgRQ9DnHlG26rslpcAu86Y/g+37B5Q==\n-----END PRIVATE KEY-----\n",
            "public_key_fingerprint_md5": "09:35:ce:d5:8b:ef:0e:1e:2e:b0:83:5b:c1:a0:05:1b",
            "public_key_fingerprint_sha256": "SHA256:kGR6VUkX1eUSc/fL+kqD3qqKMbOYWBPfTrVZEhFD3mM",
            "public_key_openssh": "ssh-rsa AAAAB3NzaC1yc2EAAAADAQABAAACAQC8vLFBCbiPIEQTCkFQO/R50LqV7E1V+xVjxWd21nOpScSF0gIMBDd6/rjOBd6pW1UR/MSDc8uAA6JTb0gIw3CXacHcO8zMoQ7CSVvajqMO19MNc0Nsem9bFpLI0XmgtAXSSw+0jyM2d2D3PnkYQ+0pYrRgk1Nz8rI3MBWkANOhzsL4/qbwBFqPrMoz1slMzy9ozXJEwGSNoLvqupYw8dPluoQgwdjZ30w3abYGtzR/PM4VTfPGxau5TNbkP626hspgipDslNqtTA4I4yGGDXoFRBUGvedTkOIi/6KRaeUKvMy+HU0r8h7pHdHqkk7RE7/seZsKW49JQRmDtSsn5+zDVyvOsuucRjN+5Ag5F6Wdli1/bzlGZzcv3B1a2CO/Li5UGNNq23Mj+vRB3BvsnLgXnDn3vhNQdqqvq9tb8oVGPwJ7ctrSJAy1Nizq55AR6qqsXsfkl3PSLXJMnOLrfJqwkq+MPP9T101T7s4KjB6DxA9Q0JQMmaGWCHw766McDLuc5h/FIFHX/OdLasnodDmKDmP0C3KjNtAM5EYg/X67ElB3ahisdoKb4DhQ1B9JhieB9dG83pCHUwE7iLQkydLNxCQw5dmLsEASvg9Vr3sx40MfZBm36ByGxTVHJSScx9LxarXwf4dM95Yzp9zZcUxjxzEdh/KZKoCdkz7Lh7BOpQ==\n",
            "public_key_pem": "-----BEGIN PUBLIC KEY-----\nMIICIjANBgkqhkiG9w0BAQEFAAOCAg8AMIICCgKCAgEAvLyxQQm4jyBEEwpBUDv0\nedC6lexNVfsVY8VndtZzqUnEhdICDAQ3ev64zgXeqVtVEfzEg3PLgAOiU29ICMNw\nl2nB3DvMzKEOwklb2o6jDtfTDXNDbHpvWxaSyNF5oLQF0ksPtI8jNndg9z55GEPt\nKWK0YJNTc/KyNzAVpADToc7C+P6m8ARaj6zKM9bJTM8vaM1yRMBkjaC76rqWMPHT\n5bqEIMHY2d9MN2m2Brc0fzzOFU3zxsWruUzW5D+tuobKYIqQ7JTarUwOCOMhhg16\nBUQVBr3nU5DiIv+ikWnlCrzMvh1NK/Ie6R3R6pJO0RO/7HmbCluPSUEZg7UrJ+fs\nw1crzrLrnEYzfuQIORelnZYtf285Rmc3L9wdWtgjvy4uVBjTattzI/r0Qdwb7Jy4\nF5w5974TUHaqr6vbW/KFRj8Ce3La0iQMtTYs6ueQEeqqrF7H5Jdz0i1yTJzi63ya\nsJKvjDz/U9dNU+7OCoweg8QPUNCUDJmhlgh8O+ujHAy7nOYfxSBR1/znS2rJ6HQ5\nig5j9AtyozbQDORGIP1+uxJQd2oYrHaCm+A4UNQfSYYngfXRvN6Qh1MBO4i0JMnS\nzcQkMOXZi7BAEr4PVa97MeNDH2QZt+gchsU1RyUknMfS8Wq18H+HTPeWM6fc2XFM\nY8cxHYfymSqAnZM+y4ewTqUCAwEAAQ==\n-----END PUBLIC KEY-----\n",
            "rsa_bits": 4096
          },
          "sensitive_attributes": [
            [
              {
                "type": "get_attr",
                "value": "private_key_openssh"
              }
            ],
            [
              {
                "type": "get_attr",
                "value": "private_key_pem"
              }
            ],
            [
              {
                "type": "get_attr",
                "value": "private_key_pem_pkcs8"
              }
            ]
          ],
          "identity_schema_version": 0
        }
      ]
    }
  ],
  "check_results": null
}
