{
  "version": 4,
  "terraform_version": "1.12.0",
  "serial": 1514,
  "lineage": "8047b918-143c-30ca-8822-32d947294593",
  "outputs": {
    "ami": {
      "value": [
        "ami-017fafe0a29b431d4"
      ],
      "type": [
        "tuple",
        [
          "string"
        ]
      ]
    },
    "ec2_key": {
      "value": [
        "private"
      ],
      "type": [
        "tuple",
        [
          "string"
        ]
      ]
    },
    "instance_id": {
      "value": [
        "i-0c92314282b5dd319"
      ],
      "type": [
        "tuple",
        [
          "string"
        ]
      ]
    },
    "jenkins_url": {
      "value": "http://13.43.219.139:8080",
      "type": "string"
    },
    "private_key_pem": {
      "value": "-----BEGIN RSA PRIVATE KEY-----\nMIIJKQIBAAKCAgEAxhwYVB7S32wHbos+4/+LLkbpze7b4TyTeWrq/iy/EnWpoYcz\nWEmisn8ee2z8ilQY1goVC4LNk6TxPvk4+pSa5GmEW/zyPC3/oNeQxKOgLDtzNrW/\ngek0L7VAkcNElILL2djRFOU93XbLep77Z6obX8l/LGTqhBNGLhAioGlLd0aDlIrn\nnQgC3h/Po5RN1rufJY1kMKHjCpUARnmF1kB6FFTHEKuoxJyN1txhqFj80vIznY8y\nCXUGq6UXsmiNg3ccXmHiui9NUtHP62WG/vmnNJx2Z+aG8pLeacIrlF6DrSNDRTKj\noHHWIGJWgRBHTneIEliNkcw5SCvoqkvL2QvaGjI+FyAop78YB/f+9EZBqEWXuPYN\nH2zl01TFycZOZ2FfZxA4g6BrlGISU5oPeZ/hMh8DUO2NfMUY9a7uE/DeggxuOIRn\nqBOWB9D/FWIexRaxS1KuYa9lwCfnzm0ry5vFXd4LJiS6rLz/pL9SilqQKMLPWI6W\ne1fFpALZdRqEZANmAx8hMnCMhegoTpNnLR3MZBGYT6r12pHt5SIHPsSfNRYRiKl0\nNo4LG6L5TGqxPS/jFXZ55wCZviLq50oiMnLUG2xXQGYvKbn2n8WJishwpxFVI5pW\nymh/Ut7dmsVHzTieHrsX4vKrV1NkwbVW981iE6S6jF5MgKt/sswEND3DJeECAwEA\nAQKCAgEAjYovG5K2KGg/WwxjT3QZFWQW0UnRkLe9yabI4/ZGQUMNgdldprtdYVgP\nCDHSsGXrJKkpZgL7K3xR3CMlQWqAy6ZTqYEr9DENDPZWeRdKba+/3hu2CnP6FAfU\nbQ/s5IoaaLdOkjZCoAKq2B3UErlnO2Vz1dz37Ir0vh5LDv6Lq1kW0z72wauimN5z\ndDSV9FAyIRtGtLREyR+xhah3JZ8FWZdEbjWmq2oKsLLdlvCVGYVvuSdAoZ8Zt/KI\n3q9yQ7YK76fR3CHFheFfQphT/cGSY7VRp2P9kDu8aiUPC78HJuElw7+tRglu6c44\nbZeayoX+EtVvt/YICvdMELd8mcKs/H5bYrIlY9LUtggu6sRmD4a+Hj2WSxnG2/pE\naLltfrl7Tf9NBi/t+eZZxJHCLUKCvme00Cirg/Ools9XkP2B9r2xqAqUs5k1vOix\nfPMDTrKmlhmZq38SPJKPkrBGgP7a+Dds4OX3KLfYqvkA2W4cm5rN+VGm4Ispf67r\nLUxG2EPMKaXwucbQL80sIHEMBnrEf8zAJD+xeKoieyLuyteyX20gVXBdImGnO/M9\n/shCRUqLlq8EClDIfzCsnqWrAL7QiuyaOG7K3g/JZgs+peRl+kTF4H90A5eiZ7fx\ntl8IaFAaAdFNIIEq6SIghimsrJoIVfMHgwGuYjj9UuHWLB68uAECggEBAOmfwgrd\nU28mykuXnxcnVxA7LY8yS6kR3Xn/B8SzP3Do+GU5t+q7V8Giu+0TVFJTJMqGWbm6\n+y3B5u4OYEs+CzM5VSYcT1in7+6yvoQbz8Vh/QXwWNHowkrN2PiZ6JKhr72tZT+L\nyFPruS6xANXH7Kq+T9HNPiajcQGckNDeS05fi+rBJPzsAemTBT/u8vEmjbJblhL3\nBzpL57UhyPhSVkkmWGMgzIvRMQEVXdk6pj4GMee9YvId1oSfWBG2wETN9uBRhWPM\nGwTr6vJU9w8Rp+OMWJk2kcGksGeUSdsIrpB4Y3t9tffxfbJhogTu71JC9SYO7GeW\nPwP77lMYlJMIa0ECggEBANkVj0OrExiPZag4qzTRMlcws5mGEsPxaLwhJ+XJaMyX\nQuuEFTEaZfKQQrhsk8MzzVvn/Z5XBYjyaUQ+D899rebNRX7z1wRDLoh2EYbl6VxT\nNgBrL8XJ3X9u4e6eGBV6v4Qc6IuxRmcRtPVY0B0rVp6cT1nXbQVAhE2CQstu4j4s\nMDGGTzocNOgVz4iInZmlXpt3ZUgpeCSON+Wd66PCImhXfTrhIswHryqWKHSk8HEO\nm7DWi1h4SRWwEgKKWHIboY2CO+GdHHAOoJ0vBuI3/oNgLD7o/q7QiM+e7EGStBVg\n+JzjJm7tg/Aul+64Hjn0uwCnwPVamJbkDfVyEThFMqECggEBAJyM3W6CWUKGb9Cv\nzX+qcQEDZsgqH+Evg4YYi5AXvU9gDfNm9gNpfqjW768x4LM529GKrd1zmpVS9fhX\n0dcZwE+W/6QGHHWAM5t0U44bROMzgmXUZPBkVK3jupz8JYj8p9Mmuk4W0SrLLtBG\n9BRNYB4aYUppilhB9Zvq2m/cRgJCrHOm8a46SB3I0x/AczN9bj4yeSJEPqel7aLG\n/PDJ2+AwvdHPTMH0cC4Vr0m9r2CorhBoLEGqFPHSBSX5nGV+zwwKFKSHRSPLIyk4\nHkYOwr4MceJZWtq0DTGbgNIxwyg0RBWga6u2O1Cpc/RyWBR7oeLa5TeUyq1UyKMO\nOaE9ZwECggEAHehXfYYjMl4HLl7oT3WGzvZZuAv9p9sph8m1mnXeJ1mrkZD37nTp\nmLqBRrFGxjzrzP6wNVFd5Nko4Yr/WKHDBKpBKdVkSSUMUyaZEZG5Tcv1A6fAxCok\nhvr6y4oiXUs0+XmWHDDHN0n8OVUMDwi6fU2hrQn97hxOXfNVSnuzVcd2uEv9vE7I\nhzUCC5huxg0/dIHFhWSZNcgWMV9JaJ1FakSrbyI3Tg689kwLtM5IhfryPjHAruab\ngw5n3Mu8lbPy1PEdWN7xXQrW2/DvrNj0CpuEXQJynBkE0D3f5MTWZJ+ggNTWpa+5\nXqy8p9nb6DYsUVHLRsI9hYRT2/3kG3GFIQKCAQAUSdRQEPaqMZUSf6DILELCC0JX\nw2bYHzdrG6aM0K1wso+O1hDpIZt3yRL17K4Y7qq+8FgKc+qjvxGl9UBkeyT9vPEP\nK2JaGZUdbvPiV3MJOI32rdu+NN/DlKmzD8/Ngh9Iw9u7V4v7MRtamAAzk5G+ZR+k\nKtWP88HbgDqIj8vAuLd3ClRm5qEzH1RFWyQVSECekKURYGwyeLhx83te3PpOX69F\noQiaTZ7pWAmiyDIJZgyJMKlbVTeUvSi2tjoBaYVXLWpEHateosiBQpv3gHiYyehD\nrpRHMoedQpaUdLZK6U5A5bW7Sk6QNfAp3PypSoTbE427PZhKX20UJAsf8fRr\n-----END RSA PRIVATE KEY-----\n",
      "type": "string",
      "sensitive": true
    },
    "public_ip": {
      "value": [
        "13.43.219.139"
      ],
      "type": [
        "tuple",
        [
          "string"
        ]
      ]
    },
    "subnet_id": {
      "value": "subnet-0dd06219e8a9c5c96",
      "type": "string"
    },
    "vpc_id": {
      "value": "vpc-05e0b683500439985",
      "type": "string"
    }
  },
  "resources": [
    {
      "mode": "managed",
      "type": "aws_instance",
      "name": "my_instance",
      "provider": "provider[\"registry.terraform.io/hashicorp/aws\"]",
      "instances": [
        {
          "index_key": 0,
          "schema_version": 1,
          "attributes": {
            "ami": "ami-017fafe0a29b431d4",
            "arn": "arn:aws:ec2:eu-west-2:011528279681:instance/i-0c92314282b5dd319",
            "associate_public_ip_address": true,
            "availability_zone": "eu-west-2a",
            "capacity_reservation_specification": [
              {
                "capacity_reservation_preference": "open",
                "capacity_reservation_target": []
              }
            ],
            "cpu_core_count": 8,
            "cpu_options": [
              {
                "amd_sev_snp": "",
                "core_count": 8,
                "threads_per_core": 2
              }
            ],
            "cpu_threads_per_core": 2,
            "credit_specification": [],
            "disable_api_stop": false,
            "disable_api_termination": false,
            "ebs_block_device": [
              {
                "delete_on_termination": true,
                "device_name": "/dev/sda1",
                "encrypted": false,
                "iops": 3000,
                "kms_key_id": "",
                "snapshot_id": "",
                "tags": {},
                "tags_all": {
                  "hashicorp-learn": "refresh"
                },
                "throughput": 125,
                "volume_id": "vol-0ae65364a3e37e4ef",
                "volume_size": 30,
                "volume_type": "gp3"
              }
            ],
            "ebs_optimized": false,
            "enclave_options": [
              {
                "enabled": false
              }
            ],
            "ephemeral_block_device": [],
            "get_password_data": false,
            "hibernation": false,
            "host_id": "",
            "host_resource_group_arn": null,
            "iam_instance_profile": "",
            "id": "i-0c92314282b5dd319",
            "instance_initiated_shutdown_behavior": "stop",
            "instance_lifecycle": "",
            "instance_market_options": [],
            "instance_state": "running",
            "instance_type": "c5.4xlarge",
            "ipv6_address_count": 0,
            "ipv6_addresses": [],
            "key_name": "private",
            "launch_template": [],
            "maintenance_options": [
              {
                "auto_recovery": "default"
              }
            ],
            "metadata_options": [
              {
                "http_endpoint": "enabled",
                "http_protocol_ipv6": "disabled",
                "http_put_response_hop_limit": 2,
                "http_tokens": "required",
                "instance_metadata_tags": "disabled"
              }
            ],
            "monitoring": false,
            "network_interface": [],
            "outpost_arn": "",
            "password_data": "",
            "placement_group": "",
            "placement_partition_number": 0,
            "primary_network_interface_id": "eni-019043a663d544917",
            "private_dns": "ip-10-0-1-85.eu-west-2.compute.internal",
            "private_dns_name_options": [
              {
                "enable_resource_name_dns_a_record": false,
                "enable_resource_name_dns_aaaa_record": false,
                "hostname_type": "ip-name"
              }
            ],
            "private_ip": "10.0.1.85",
            "public_dns": "ec2-13-43-219-139.eu-west-2.compute.amazonaws.com",
            "public_ip": "13.43.219.139",
            "root_block_device": [
              {
                "delete_on_termination": true,
                "device_name": "/dev/sda1",
                "encrypted": false,
                "iops": 3000,
                "kms_key_id": "",
                "tags": {},
                "tags_all": {
                  "hashicorp-learn": "refresh"
                },
                "throughput": 125,
                "volume_id": "vol-0ae65364a3e37e4ef",
                "volume_size": 30,
                "volume_type": "gp3"
              }
            ],
            "secondary_private_ips": [],
            "security_groups": [],
            "source_dest_check": true,
            "spot_instance_request_id": "",
            "subnet_id": "subnet-0dd06219e8a9c5c96",
            "tags": {
              "Name": "win-server"
            },
            "tags_all": {
              "Name": "win-server",
              "hashicorp-learn": "refresh"
            },
            "tenancy": "default",
            "timeouts": null,
            "user_data": "e3e0ab49cb024f2f882c7b496192597453f89c01",
            "user_data_base64": null,
            "user_data_replace_on_change": false,
            "volume_tags": null,
            "vpc_security_group_ids": [
              "sg-01adc19f502de28b1"
            ]
          },
          "sensitive_attributes": [],
          "identity_schema_version": 0,
          "private": "eyJlMmJmYjczMC1lY2FhLTExZTYtOGY4OC0zNDM2M2JjN2M0YzAiOnsiY3JlYXRlIjo2MDAwMDAwMDAwMDAsImRlbGV0ZSI6MTIwMDAwMDAwMDAwMCwicmVhZCI6OTAwMDAwMDAwMDAwLCJ1cGRhdGUiOjYwMDAwMDAwMDAwMH0sInNjaGVtYV92ZXJzaW9uIjoiMSJ9",
          "dependencies": [
            "aws_key_pair.deployer",
            "aws_security_group.my_security_group",
            "aws_subnet.public_subnet",
            "aws_vpc.my_vpc",
            "tls_private_key.example"
          ]
        }
      ]
    },
    {
      "mode": "managed",
      "type": "aws_internet_gateway",
      "name": "my_igw",
      "provider": "provider[\"registry.terraform.io/hashicorp/aws\"]",
      "instances": [
        {
          "schema_version": 0,
          "attributes": {
            "arn": "arn:aws:ec2:eu-west-2:011528279681:internet-gateway/igw-025b1fbf648f3656e",
            "id": "igw-025b1fbf648f3656e",
            "owner_id": "011528279681",
            "tags": null,
            "tags_all": {
              "hashicorp-learn": "refresh"
            },
            "timeouts": null,
            "vpc_id": "vpc-05e0b683500439985"
          },
          "sensitive_attributes": [],
          "identity_schema_version": 0,
          "private": "eyJlMmJmYjczMC1lY2FhLTExZTYtOGY4OC0zNDM2M2JjN2M0YzAiOnsiY3JlYXRlIjoxMjAwMDAwMDAwMDAwLCJkZWxldGUiOjEyMDAwMDAwMDAwMDAsInVwZGF0ZSI6MTIwMDAwMDAwMDAwMH19",
          "dependencies": [
            "aws_vpc.my_vpc"
          ]
        }
      ]
    },
    {
      "mode": "managed",
      "type": "aws_key_pair",
      "name": "deployer",
      "provider": "provider[\"registry.terraform.io/hashicorp/aws\"]",
      "instances": [
        {
          "schema_version": 1,
          "attributes": {
            "arn": "arn:aws:ec2:eu-west-2:011528279681:key-pair/private",
            "fingerprint": "5c:32:43:81:0d:17:89:0d:8d:8b:19:04:16:c7:62:53",
            "id": "private",
            "key_name": "private",
            "key_name_prefix": "",
            "key_pair_id": "key-094df843d47d72f20",
            "key_type": "rsa",
            "public_key": "ssh-rsa AAAAB3NzaC1yc2EAAAADAQABAAACAQDGHBhUHtLfbAduiz7j/4suRunN7tvhPJN5aur+LL8SdamhhzNYSaKyfx57bPyKVBjWChULgs2TpPE++Tj6lJrkaYRb/PI8Lf+g15DEo6AsO3M2tb+B6TQvtUCRw0SUgsvZ2NEU5T3ddst6nvtnqhtfyX8sZOqEE0YuECKgaUt3RoOUiuedCALeH8+jlE3Wu58ljWQwoeMKlQBGeYXWQHoUVMcQq6jEnI3W3GGoWPzS8jOdjzIJdQarpReyaI2DdxxeYeK6L01S0c/rZYb++ac0nHZn5obykt5pwiuUXoOtI0NFMqOgcdYgYlaBEEdOd4gSWI2RzDlIK+iqS8vZC9oaMj4XICinvxgH9/70RkGoRZe49g0fbOXTVMXJxk5nYV9nEDiDoGuUYhJTmg95n+EyHwNQ7Y18xRj1ru4T8N6CDG44hGeoE5YH0P8VYh7FFrFLUq5hr2XAJ+fObSvLm8Vd3gsmJLqsvP+kv1KKWpAows9YjpZ7V8WkAtl1GoRkA2YDHyEycIyF6ChOk2ctHcxkEZhPqvXake3lIgc+xJ81FhGIqXQ2jgsbovlMarE9L+MVdnnnAJm+IurnSiIyctQbbFdAZi8pufafxYmKyHCnEVUjmlbKaH9S3t2axUfNOJ4euxfi8qtXU2TBtVb3zWITpLqMXkyAq3+yzAQ0PcMl4Q==",
            "tags": null,
            "tags_all": {
              "hashicorp-learn": "refresh"
            }
          },
          "sensitive_attributes": [],
          "identity_schema_version": 0,
          "private": "eyJzY2hlbWFfdmVyc2lvbiI6IjEifQ==",
          "dependencies": [
            "tls_private_key.example"
          ]
        }
      ]
    },
    {
      "mode": "managed",
      "type": "aws_route_table",
      "name": "my_route_table",
      "provider": "provider[\"registry.terraform.io/hashicorp/aws\"]",
      "instances": [
        {
          "schema_version": 0,
          "attributes": {
            "arn": "arn:aws:ec2:eu-west-2:011528279681:route-table/rtb-01b7dfc94bc044286",
            "id": "rtb-01b7dfc94bc044286",
            "owner_id": "011528279681",
            "propagating_vgws": [],
            "route": [
              {
                "carrier_gateway_id": "",
                "cidr_block": "0.0.0.0/0",
                "core_network_arn": "",
                "destination_prefix_list_id": "",
                "egress_only_gateway_id": "",
                "gateway_id": "igw-025b1fbf648f3656e",
                "ipv6_cidr_block": "",
                "local_gateway_id": "",
                "nat_gateway_id": "",
                "network_interface_id": "",
                "transit_gateway_id": "",
                "vpc_endpoint_id": "",
                "vpc_peering_connection_id": ""
              }
            ],
            "tags": {
              "Name": "MyRouteTable"
            },
            "tags_all": {
              "Name": "MyRouteTable",
              "hashicorp-learn": "refresh"
            },
            "timeouts": null,
            "vpc_id": "vpc-05e0b683500439985"
          },
          "sensitive_attributes": [],
          "identity_schema_version": 0,
          "private": "eyJlMmJmYjczMC1lY2FhLTExZTYtOGY4OC0zNDM2M2JjN2M0YzAiOnsiY3JlYXRlIjozMDAwMDAwMDAwMDAsImRlbGV0ZSI6MzAwMDAwMDAwMDAwLCJ1cGRhdGUiOjEyMDAwMDAwMDAwMH19",
          "dependencies": [
            "aws_internet_gateway.my_igw",
            "aws_vpc.my_vpc"
          ]
        }
      ]
    },
    {
      "mode": "managed",
      "type": "aws_route_table_association",
      "name": "public_subnet_association",
      "provider": "provider[\"registry.terraform.io/hashicorp/aws\"]",
      "instances": [
        {
          "schema_version": 0,
          "attributes": {
            "gateway_id": "",
            "id": "rtbassoc-03313e8847b00fa02",
            "route_table_id": "rtb-01b7dfc94bc044286",
            "subnet_id": "subnet-0dd06219e8a9c5c96",
            "timeouts": null
          },
          "sensitive_attributes": [],
          "identity_schema_version": 0,
          "private": "eyJlMmJmYjczMC1lY2FhLTExZTYtOGY4OC0zNDM2M2JjN2M0YzAiOnsiY3JlYXRlIjozMDAwMDAwMDAwMDAsImRlbGV0ZSI6MzAwMDAwMDAwMDAwLCJ1cGRhdGUiOjEyMDAwMDAwMDAwMH19",
          "dependencies": [
            "aws_internet_gateway.my_igw",
            "aws_route_table.my_route_table",
            "aws_subnet.public_subnet",
            "aws_vpc.my_vpc"
          ]
        }
      ]
    },
    {
      "mode": "managed",
      "type": "aws_s3_bucket",
      "name": "my_bucket",
      "provider": "provider[\"registry.terraform.io/hashicorp/aws\"]",
      "instances": [
        {
          "schema_version": 0,
          "attributes": {
            "acceleration_status": "",
            "acl": null,
            "arn": "arn:aws:s3:::sdeepak21june",
            "bucket": "sdeepak21june",
            "bucket_domain_name": "sdeepak21june.s3.amazonaws.com",
            "bucket_prefix": "",
            "bucket_regional_domain_name": "sdeepak21june.s3.eu-west-2.amazonaws.com",
            "cors_rule": [],
            "force_destroy": false,
            "grant": [
              {
                "id": "8a66fa119948524c3f0b095fbbca0e59ea759847ae1be191069130023405bcf1",
                "permissions": [
                  "FULL_CONTROL"
                ],
                "type": "CanonicalUser",
                "uri": ""
              }
            ],
            "hosted_zone_id": "Z3GKZC51ZF0DB4",
            "id": "sdeepak21june",
            "lifecycle_rule": [],
            "logging": [],
            "object_lock_configuration": [],
            "object_lock_enabled": false,
            "policy": "",
            "region": "eu-west-2",
            "replication_configuration": [],
            "request_payer": "BucketOwner",
            "server_side_encryption_configuration": [
              {
                "rule": [
                  {
                    "apply_server_side_encryption_by_default": [
                      {
                        "kms_master_key_id": "",
                        "sse_algorithm": "AES256"
                      }
                    ],
                    "bucket_key_enabled": false
                  }
                ]
              }
            ],
            "tags": null,
            "tags_all": {
              "hashicorp-learn": "refresh"
            },
            "timeouts": null,
            "versioning": [
              {
                "enabled": false,
                "mfa_delete": false
              }
            ],
            "website": [],
            "website_domain": null,
            "website_endpoint": null
          },
          "sensitive_attributes": [],
          "identity_schema_version": 0,
          "private": "eyJlMmJmYjczMC1lY2FhLTExZTYtOGY4OC0zNDM2M2JjN2M0YzAiOnsiY3JlYXRlIjoxMjAwMDAwMDAwMDAwLCJkZWxldGUiOjM2MDAwMDAwMDAwMDAsInJlYWQiOjEyMDAwMDAwMDAwMDAsInVwZGF0ZSI6MTIwMDAwMDAwMDAwMH19"
        }
      ]
    },
    {
      "mode": "managed",
      "type": "aws_s3_bucket_public_access_block",
      "name": "my_bucket_public_access_block",
      "provider": "provider[\"registry.terraform.io/hashicorp/aws\"]",
      "instances": [
        {
          "schema_version": 0,
          "attributes": {
            "block_public_acls": false,
            "block_public_policy": false,
            "bucket": "sdeepak21june",
            "id": "sdeepak21june",
            "ignore_public_acls": false,
            "restrict_public_buckets": false
          },
          "sensitive_attributes": [],
          "identity_schema_version": 0,
          "private": "bnVsbA==",
          "dependencies": [
            "aws_s3_bucket.my_bucket"
          ]
        }
      ]
    },
    {
      "mode": "managed",
      "type": "aws_security_group",
      "name": "my_security_group",
      "provider": "provider[\"registry.terraform.io/hashicorp/aws\"]",
      "instances": [
        {
          "schema_version": 1,
          "attributes": {
            "arn": "arn:aws:ec2:eu-west-2:011528279681:security-group/sg-01adc19f502de28b1",
            "description": "My security group created by Terraform",
            "egress": [
              {
                "cidr_blocks": [
                  "0.0.0.0/0"
                ],
                "description": "",
                "from_port": 0,
                "ipv6_cidr_blocks": [],
                "prefix_list_ids": [],
                "protocol": "-1",
                "security_groups": [],
                "self": false,
                "to_port": 0
              }
            ],
            "id": "sg-01adc19f502de28b1",
            "ingress": [
              {
                "cidr_blocks": [
                  "0.0.0.0/0"
                ],
                "description": "ingress rule for my_sql",
                "from_port": 3306,
                "ipv6_cidr_blocks": [],
                "prefix_list_ids": [],
                "protocol": "tcp",
                "security_groups": [],
                "self": false,
                "to_port": 3306
              },
              {
                "cidr_blocks": [
                  "0.0.0.0/0"
                ],
                "description": "ingress rule for port 22",
                "from_port": 22,
                "ipv6_cidr_blocks": [],
                "prefix_list_ids": [],
                "protocol": "tcp",
                "security_groups": [],
                "self": false,
                "to_port": 22
              },
              {
                "cidr_blocks": [
                  "0.0.0.0/0"
                ],
                "description": "ingress rule for port 443",
                "from_port": 443,
                "ipv6_cidr_blocks": [],
                "prefix_list_ids": [],
                "protocol": "tcp",
                "security_groups": [],
                "self": false,
                "to_port": 443
              },
              {
                "cidr_blocks": [
                  "0.0.0.0/0"
                ],
                "description": "ingress rule for port 8080 using jenkins",
                "from_port": 8080,
                "ipv6_cidr_blocks": [],
                "prefix_list_ids": [],
                "protocol": "tcp",
                "security_groups": [],
                "self": false,
                "to_port": 8080
              },
              {
                "cidr_blocks": [
                  "0.0.0.0/0"
                ],
                "description": "port enable for nginx",
                "from_port": 80,
                "ipv6_cidr_blocks": [],
                "prefix_list_ids": [],
                "protocol": "tcp",
                "security_groups": [],
                "self": false,
                "to_port": 80
              }
            ],
            "name": "my-security-group",
            "name_prefix": "",
            "owner_id": "011528279681",
            "revoke_rules_on_delete": false,
            "tags": null,
            "tags_all": {
              "hashicorp-learn": "refresh"
            },
            "timeouts": null,
            "vpc_id": "vpc-05e0b683500439985"
          },
          "sensitive_attributes": [],
          "identity_schema_version": 0,
          "private": "eyJlMmJmYjczMC1lY2FhLTExZTYtOGY4OC0zNDM2M2JjN2M0YzAiOnsiY3JlYXRlIjo2MDAwMDAwMDAwMDAsImRlbGV0ZSI6OTAwMDAwMDAwMDAwfSwic2NoZW1hX3ZlcnNpb24iOiIxIn0=",
          "dependencies": [
            "aws_vpc.my_vpc"
          ]
        }
      ]
    },
    {
      "mode": "managed",
      "type": "aws_subnet",
      "name": "public_subnet",
      "provider": "provider[\"registry.terraform.io/hashicorp/aws\"]",
      "instances": [
        {
          "schema_version": 1,
          "attributes": {
            "arn": "arn:aws:ec2:eu-west-2:011528279681:subnet/subnet-0dd06219e8a9c5c96",
            "assign_ipv6_address_on_creation": false,
            "availability_zone": "eu-west-2a",
            "availability_zone_id": "euw2-az2",
            "cidr_block": "10.0.1.0/24",
            "customer_owned_ipv4_pool": "",
            "enable_dns64": false,
            "enable_lni_at_device_index": 0,
            "enable_resource_name_dns_a_record_on_launch": false,
            "enable_resource_name_dns_aaaa_record_on_launch": false,
            "id": "subnet-0dd06219e8a9c5c96",
            "ipv6_cidr_block": "",
            "ipv6_cidr_block_association_id": "",
            "ipv6_native": false,
            "map_customer_owned_ip_on_launch": false,
            "map_public_ip_on_launch": true,
            "outpost_arn": "",
            "owner_id": "011528279681",
            "private_dns_hostname_type_on_launch": "ip-name",
            "tags": {
              "Name": "PublicSubnet"
            },
            "tags_all": {
              "Name": "PublicSubnet",
              "hashicorp-learn": "refresh"
            },
            "timeouts": null,
            "vpc_id": "vpc-05e0b683500439985"
          },
          "sensitive_attributes": [],
          "identity_schema_version": 0,
          "private": "eyJlMmJmYjczMC1lY2FhLTExZTYtOGY4OC0zNDM2M2JjN2M0YzAiOnsiY3JlYXRlIjo2MDAwMDAwMDAwMDAsImRlbGV0ZSI6MTIwMDAwMDAwMDAwMH0sInNjaGVtYV92ZXJzaW9uIjoiMSJ9",
          "dependencies": [
            "aws_vpc.my_vpc"
          ]
        }
      ]
    },
    {
      "mode": "managed",
      "type": "aws_vpc",
      "name": "my_vpc",
      "provider": "provider[\"registry.terraform.io/hashicorp/aws\"]",
      "instances": [
        {
          "schema_version": 1,
          "attributes": {
            "arn": "arn:aws:ec2:eu-west-2:011528279681:vpc/vpc-05e0b683500439985",
            "assign_generated_ipv6_cidr_block": false,
            "cidr_block": "10.0.0.0/16",
            "default_network_acl_id": "acl-0ce9288d5060e0f02",
            "default_route_table_id": "rtb-06e916b152f36587e",
            "default_security_group_id": "sg-0c54f9508cd921c29",
            "dhcp_options_id": "dopt-044e0f5f6789a1e8f",
            "enable_dns_hostnames": true,
            "enable_dns_support": true,
            "enable_network_address_usage_metrics": false,
            "id": "vpc-05e0b683500439985",
            "instance_tenancy": "default",
            "ipv4_ipam_pool_id": null,
            "ipv4_netmask_length": null,
            "ipv6_association_id": "",
            "ipv6_cidr_block": "",
            "ipv6_cidr_block_network_border_group": "",
            "ipv6_ipam_pool_id": "",
            "ipv6_netmask_length": 0,
            "main_route_table_id": "rtb-06e916b152f36587e",
            "owner_id": "011528279681",
            "tags": {
              "Name": "vpc-1"
            },
            "tags_all": {
              "Name": "vpc-1",
              "hashicorp-learn": "refresh"
            }
          },
          "sensitive_attributes": [],
          "identity_schema_version": 0,
          "private": "eyJzY2hlbWFfdmVyc2lvbiI6IjEifQ=="
        }
      ]
    },
    {
      "mode": "managed",
      "type": "null_resource",
      "name": "my_instance",
      "provider": "provider[\"registry.terraform.io/hashicorp/null\"]",
      "instances": [
        {
          "schema_version": 0,
          "attributes": {
            "id": "5887238498383890247",
            "triggers": {
              "id": "igw-025b1fbf648f3656e"
            }
          },
          "sensitive_attributes": [],
          "identity_schema_version": 0,
          "dependencies": [
            "aws_internet_gateway.my_igw",
            "aws_vpc.my_vpc"
          ]
        }
      ]
    },
    {
      "mode": "managed",
      "type": "tls_private_key",
      "name": "example",
      "provider": "provider[\"registry.terraform.io/hashicorp/tls\"]",
      "instances": [
        {
          "schema_version": 1,
          "attributes": {
            "algorithm": "RSA",
            "ecdsa_curve": "P224",
            "id": "24ce3e00c76ab5acc5d5eb899fda0095788b9f3c",
            "private_key_openssh": "-----BEGIN OPENSSH PRIVATE KEY-----\nb3BlbnNzaC1rZXktdjEAAAAABG5vbmUAAAAEbm9uZQAAAAAAAAABAAACFwAAAAdz\nc2gtcnNhAAAAAwEAAQAAAgEAxhwYVB7S32wHbos+4/+LLkbpze7b4TyTeWrq/iy/\nEnWpoYczWEmisn8ee2z8ilQY1goVC4LNk6TxPvk4+pSa5GmEW/zyPC3/oNeQxKOg\nLDtzNrW/gek0L7VAkcNElILL2djRFOU93XbLep77Z6obX8l/LGTqhBNGLhAioGlL\nd0aDlIrnnQgC3h/Po5RN1rufJY1kMKHjCpUARnmF1kB6FFTHEKuoxJyN1txhqFj8\n0vIznY8yCXUGq6UXsmiNg3ccXmHiui9NUtHP62WG/vmnNJx2Z+aG8pLeacIrlF6D\nrSNDRTKjoHHWIGJWgRBHTneIEliNkcw5SCvoqkvL2QvaGjI+FyAop78YB/f+9EZB\nqEWXuPYNH2zl01TFycZOZ2FfZxA4g6BrlGISU5oPeZ/hMh8DUO2NfMUY9a7uE/De\nggxuOIRnqBOWB9D/FWIexRaxS1KuYa9lwCfnzm0ry5vFXd4LJiS6rLz/pL9SilqQ\nKMLPWI6We1fFpALZdRqEZANmAx8hMnCMhegoTpNnLR3MZBGYT6r12pHt5SIHPsSf\nNRYRiKl0No4LG6L5TGqxPS/jFXZ55wCZviLq50oiMnLUG2xXQGYvKbn2n8WJishw\npxFVI5pWymh/Ut7dmsVHzTieHrsX4vKrV1NkwbVW981iE6S6jF5MgKt/sswEND3D\nJeEAAAc4KCh74igoe+IAAAAHc3NoLXJzYQAAAgEAxhwYVB7S32wHbos+4/+LLkbp\nze7b4TyTeWrq/iy/EnWpoYczWEmisn8ee2z8ilQY1goVC4LNk6TxPvk4+pSa5GmE\nW/zyPC3/oNeQxKOgLDtzNrW/gek0L7VAkcNElILL2djRFOU93XbLep77Z6obX8l/\nLGTqhBNGLhAioGlLd0aDlIrnnQgC3h/Po5RN1rufJY1kMKHjCpUARnmF1kB6FFTH\nEKuoxJyN1txhqFj80vIznY8yCXUGq6UXsmiNg3ccXmHiui9NUtHP62WG/vmnNJx2\nZ+aG8pLeacIrlF6DrSNDRTKjoHHWIGJWgRBHTneIEliNkcw5SCvoqkvL2QvaGjI+\nFyAop78YB/f+9EZBqEWXuPYNH2zl01TFycZOZ2FfZxA4g6BrlGISU5oPeZ/hMh8D\nUO2NfMUY9a7uE/DeggxuOIRnqBOWB9D/FWIexRaxS1KuYa9lwCfnzm0ry5vFXd4L\nJiS6rLz/pL9SilqQKMLPWI6We1fFpALZdRqEZANmAx8hMnCMhegoTpNnLR3MZBGY\nT6r12pHt5SIHPsSfNRYRiKl0No4LG6L5TGqxPS/jFXZ55wCZviLq50oiMnLUG2xX\nQGYvKbn2n8WJishwpxFVI5pWymh/Ut7dmsVHzTieHrsX4vKrV1NkwbVW981iE6S6\njF5MgKt/sswEND3DJeEAAAADAQABAAACAQCNii8bkrYoaD9bDGNPdBkVZBbRSdGQ\nt73Jpsjj9kZBQw2B2V2mu11hWA8IMdKwZeskqSlmAvsrfFHcIyVBaoDLplOpgSv0\nMQ0M9lZ5F0ptr7/eG7YKc/oUB9RtD+zkihpot06SNkKgAqrYHdQSuWc7ZXPV3Pfs\nivS+HksO/ourWRbTPvbBq6KY3nN0NJX0UDIhG0a0tETJH7GFqHclnwVZl0RuNaar\nagqwst2W8JUZhW+5J0Chnxm38ojer3JDtgrvp9HcIcWF4V9CmFP9wZJjtVGnY/2Q\nO7xqJQ8Lvwcm4SXDv61GCW7pzjhtl5rKhf4S1W+39ggK90wQt3yZwqz8fltisiVj\n0tS2CC7qxGYPhr4ePZZLGcbb+kRouW1+uXtN/00GL+355lnEkcItQoK+Z7TQKKuD\n86iWz1eQ/YH2vbGoCpSzmTW86LF88wNOsqaWGZmrfxI8ko+SsEaA/tr4N2zg5fco\nt9iq+QDZbhybms35Uabgiyl/rustTEbYQ8wppfC5xtAvzSwgcQwGesR/zMAkP7F4\nqiJ7Iu7K17JfbSBVcF0iYac78z3+yEJFSouWrwQKUMh/MKyepasAvtCK7Jo4bsre\nD8lmCz6l5GX6RMXgf3QDl6Jnt/G2XwhoUBoB0U0ggSrpIiCGKaysmghV8weDAa5i\nOP1S4dYsHry4AQAAAQAUSdRQEPaqMZUSf6DILELCC0JXw2bYHzdrG6aM0K1wso+O\n1hDpIZt3yRL17K4Y7qq+8FgKc+qjvxGl9UBkeyT9vPEPK2JaGZUdbvPiV3MJOI32\nrdu+NN/DlKmzD8/Ngh9Iw9u7V4v7MRtamAAzk5G+ZR+kKtWP88HbgDqIj8vAuLd3\nClRm5qEzH1RFWyQVSECekKURYGwyeLhx83te3PpOX69FoQiaTZ7pWAmiyDIJZgyJ\nMKlbVTeUvSi2tjoBaYVXLWpEHateosiBQpv3gHiYyehDrpRHMoedQpaUdLZK6U5A\n5bW7Sk6QNfAp3PypSoTbE427PZhKX20UJAsf8fRrAAABAQDpn8IK3VNvJspLl58X\nJ1cQOy2PMkupEd15/wfEsz9w6PhlObfqu1fBorvtE1RSUyTKhlm5uvstwebuDmBL\nPgszOVUmHE9Yp+/usr6EG8/FYf0F8FjR6MJKzdj4meiSoa+9rWU/i8hT67kusQDV\nx+yqvk/RzT4mo3EBnJDQ3ktOX4vqwST87AHpkwU/7vLxJo2yW5YS9wc6S+e1Icj4\nUlZJJlhjIMyL0TEBFV3ZOqY+BjHnvWLyHdaEn1gRtsBEzfbgUYVjzBsE6+ryVPcP\nEafjjFiZNpHBpLBnlEnbCK6QeGN7fbX38X2yYaIE7u9SQvUmDuxnlj8D++5TGJST\nCGtBAAABAQDZFY9DqxMYj2WoOKs00TJXMLOZhhLD8Wi8ISflyWjMl0LrhBUxGmXy\nkEK4bJPDM81b5/2eVwWI8mlEPg/Pfa3mzUV+89cEQy6IdhGG5elcUzYAay/Fyd1/\nbuHunhgVer+EHOiLsUZnEbT1WNAdK1aenE9Z120FQIRNgkLLbuI+LDAxhk86HDTo\nFc+IiJ2ZpV6bd2VIKXgkjjflneujwiJoV3064SLMB68qlih0pPBxDpuw1otYeEkV\nsBICilhyG6GNgjvhnRxwDqCdLwbiN/6DYCw+6P6u0IjPnuxBkrQVYPic4yZu7YPw\nLpfuuB459LsAp8D1WpiW5A31chE4RTKhAAAAAAEC\n-----END OPENSSH PRIVATE KEY-----\n",
            "private_key_pem": "-----BEGIN RSA PRIVATE KEY-----\nMIIJKQIBAAKCAgEAxhwYVB7S32wHbos+4/+LLkbpze7b4TyTeWrq/iy/EnWpoYcz\nWEmisn8ee2z8ilQY1goVC4LNk6TxPvk4+pSa5GmEW/zyPC3/oNeQxKOgLDtzNrW/\ngek0L7VAkcNElILL2djRFOU93XbLep77Z6obX8l/LGTqhBNGLhAioGlLd0aDlIrn\nnQgC3h/Po5RN1rufJY1kMKHjCpUARnmF1kB6FFTHEKuoxJyN1txhqFj80vIznY8y\nCXUGq6UXsmiNg3ccXmHiui9NUtHP62WG/vmnNJx2Z+aG8pLeacIrlF6DrSNDRTKj\noHHWIGJWgRBHTneIEliNkcw5SCvoqkvL2QvaGjI+FyAop78YB/f+9EZBqEWXuPYN\nH2zl01TFycZOZ2FfZxA4g6BrlGISU5oPeZ/hMh8DUO2NfMUY9a7uE/DeggxuOIRn\nqBOWB9D/FWIexRaxS1KuYa9lwCfnzm0ry5vFXd4LJiS6rLz/pL9SilqQKMLPWI6W\ne1fFpALZdRqEZANmAx8hMnCMhegoTpNnLR3MZBGYT6r12pHt5SIHPsSfNRYRiKl0\nNo4LG6L5TGqxPS/jFXZ55wCZviLq50oiMnLUG2xXQGYvKbn2n8WJishwpxFVI5pW\nymh/Ut7dmsVHzTieHrsX4vKrV1NkwbVW981iE6S6jF5MgKt/sswEND3DJeECAwEA\nAQKCAgEAjYovG5K2KGg/WwxjT3QZFWQW0UnRkLe9yabI4/ZGQUMNgdldprtdYVgP\nCDHSsGXrJKkpZgL7K3xR3CMlQWqAy6ZTqYEr9DENDPZWeRdKba+/3hu2CnP6FAfU\nbQ/s5IoaaLdOkjZCoAKq2B3UErlnO2Vz1dz37Ir0vh5LDv6Lq1kW0z72wauimN5z\ndDSV9FAyIRtGtLREyR+xhah3JZ8FWZdEbjWmq2oKsLLdlvCVGYVvuSdAoZ8Zt/KI\n3q9yQ7YK76fR3CHFheFfQphT/cGSY7VRp2P9kDu8aiUPC78HJuElw7+tRglu6c44\nbZeayoX+EtVvt/YICvdMELd8mcKs/H5bYrIlY9LUtggu6sRmD4a+Hj2WSxnG2/pE\naLltfrl7Tf9NBi/t+eZZxJHCLUKCvme00Cirg/Ools9XkP2B9r2xqAqUs5k1vOix\nfPMDTrKmlhmZq38SPJKPkrBGgP7a+Dds4OX3KLfYqvkA2W4cm5rN+VGm4Ispf67r\nLUxG2EPMKaXwucbQL80sIHEMBnrEf8zAJD+xeKoieyLuyteyX20gVXBdImGnO/M9\n/shCRUqLlq8EClDIfzCsnqWrAL7QiuyaOG7K3g/JZgs+peRl+kTF4H90A5eiZ7fx\ntl8IaFAaAdFNIIEq6SIghimsrJoIVfMHgwGuYjj9UuHWLB68uAECggEBAOmfwgrd\nU28mykuXnxcnVxA7LY8yS6kR3Xn/B8SzP3Do+GU5t+q7V8Giu+0TVFJTJMqGWbm6\n+y3B5u4OYEs+CzM5VSYcT1in7+6yvoQbz8Vh/QXwWNHowkrN2PiZ6JKhr72tZT+L\nyFPruS6xANXH7Kq+T9HNPiajcQGckNDeS05fi+rBJPzsAemTBT/u8vEmjbJblhL3\nBzpL57UhyPhSVkkmWGMgzIvRMQEVXdk6pj4GMee9YvId1oSfWBG2wETN9uBRhWPM\nGwTr6vJU9w8Rp+OMWJk2kcGksGeUSdsIrpB4Y3t9tffxfbJhogTu71JC9SYO7GeW\nPwP77lMYlJMIa0ECggEBANkVj0OrExiPZag4qzTRMlcws5mGEsPxaLwhJ+XJaMyX\nQuuEFTEaZfKQQrhsk8MzzVvn/Z5XBYjyaUQ+D899rebNRX7z1wRDLoh2EYbl6VxT\nNgBrL8XJ3X9u4e6eGBV6v4Qc6IuxRmcRtPVY0B0rVp6cT1nXbQVAhE2CQstu4j4s\nMDGGTzocNOgVz4iInZmlXpt3ZUgpeCSON+Wd66PCImhXfTrhIswHryqWKHSk8HEO\nm7DWi1h4SRWwEgKKWHIboY2CO+GdHHAOoJ0vBuI3/oNgLD7o/q7QiM+e7EGStBVg\n+JzjJm7tg/Aul+64Hjn0uwCnwPVamJbkDfVyEThFMqECggEBAJyM3W6CWUKGb9Cv\nzX+qcQEDZsgqH+Evg4YYi5AXvU9gDfNm9gNpfqjW768x4LM529GKrd1zmpVS9fhX\n0dcZwE+W/6QGHHWAM5t0U44bROMzgmXUZPBkVK3jupz8JYj8p9Mmuk4W0SrLLtBG\n9BRNYB4aYUppilhB9Zvq2m/cRgJCrHOm8a46SB3I0x/AczN9bj4yeSJEPqel7aLG\n/PDJ2+AwvdHPTMH0cC4Vr0m9r2CorhBoLEGqFPHSBSX5nGV+zwwKFKSHRSPLIyk4\nHkYOwr4MceJZWtq0DTGbgNIxwyg0RBWga6u2O1Cpc/RyWBR7oeLa5TeUyq1UyKMO\nOaE9ZwECggEAHehXfYYjMl4HLl7oT3WGzvZZuAv9p9sph8m1mnXeJ1mrkZD37nTp\nmLqBRrFGxjzrzP6wNVFd5Nko4Yr/WKHDBKpBKdVkSSUMUyaZEZG5Tcv1A6fAxCok\nhvr6y4oiXUs0+XmWHDDHN0n8OVUMDwi6fU2hrQn97hxOXfNVSnuzVcd2uEv9vE7I\nhzUCC5huxg0/dIHFhWSZNcgWMV9JaJ1FakSrbyI3Tg689kwLtM5IhfryPjHAruab\ngw5n3Mu8lbPy1PEdWN7xXQrW2/DvrNj0CpuEXQJynBkE0D3f5MTWZJ+ggNTWpa+5\nXqy8p9nb6DYsUVHLRsI9hYRT2/3kG3GFIQKCAQAUSdRQEPaqMZUSf6DILELCC0JX\nw2bYHzdrG6aM0K1wso+O1hDpIZt3yRL17K4Y7qq+8FgKc+qjvxGl9UBkeyT9vPEP\nK2JaGZUdbvPiV3MJOI32rdu+NN/DlKmzD8/Ngh9Iw9u7V4v7MRtamAAzk5G+ZR+k\nKtWP88HbgDqIj8vAuLd3ClRm5qEzH1RFWyQVSECekKURYGwyeLhx83te3PpOX69F\noQiaTZ7pWAmiyDIJZgyJMKlbVTeUvSi2tjoBaYVXLWpEHateosiBQpv3gHiYyehD\nrpRHMoedQpaUdLZK6U5A5bW7Sk6QNfAp3PypSoTbE427PZhKX20UJAsf8fRr\n-----END RSA PRIVATE KEY-----\n",
            "private_key_pem_pkcs8": "-----BEGIN PRIVATE KEY-----\nMIIJQwIBADANBgkqhkiG9w0BAQEFAASCCS0wggkpAgEAAoICAQDGHBhUHtLfbAdu\niz7j/4suRunN7tvhPJN5aur+LL8SdamhhzNYSaKyfx57bPyKVBjWChULgs2TpPE+\n+Tj6lJrkaYRb/PI8Lf+g15DEo6AsO3M2tb+B6TQvtUCRw0SUgsvZ2NEU5T3ddst6\nnvtnqhtfyX8sZOqEE0YuECKgaUt3RoOUiuedCALeH8+jlE3Wu58ljWQwoeMKlQBG\neYXWQHoUVMcQq6jEnI3W3GGoWPzS8jOdjzIJdQarpReyaI2DdxxeYeK6L01S0c/r\nZYb++ac0nHZn5obykt5pwiuUXoOtI0NFMqOgcdYgYlaBEEdOd4gSWI2RzDlIK+iq\nS8vZC9oaMj4XICinvxgH9/70RkGoRZe49g0fbOXTVMXJxk5nYV9nEDiDoGuUYhJT\nmg95n+EyHwNQ7Y18xRj1ru4T8N6CDG44hGeoE5YH0P8VYh7FFrFLUq5hr2XAJ+fO\nbSvLm8Vd3gsmJLqsvP+kv1KKWpAows9YjpZ7V8WkAtl1GoRkA2YDHyEycIyF6ChO\nk2ctHcxkEZhPqvXake3lIgc+xJ81FhGIqXQ2jgsbovlMarE9L+MVdnnnAJm+Iurn\nSiIyctQbbFdAZi8pufafxYmKyHCnEVUjmlbKaH9S3t2axUfNOJ4euxfi8qtXU2TB\ntVb3zWITpLqMXkyAq3+yzAQ0PcMl4QIDAQABAoICAQCNii8bkrYoaD9bDGNPdBkV\nZBbRSdGQt73Jpsjj9kZBQw2B2V2mu11hWA8IMdKwZeskqSlmAvsrfFHcIyVBaoDL\nplOpgSv0MQ0M9lZ5F0ptr7/eG7YKc/oUB9RtD+zkihpot06SNkKgAqrYHdQSuWc7\nZXPV3PfsivS+HksO/ourWRbTPvbBq6KY3nN0NJX0UDIhG0a0tETJH7GFqHclnwVZ\nl0RuNaaragqwst2W8JUZhW+5J0Chnxm38ojer3JDtgrvp9HcIcWF4V9CmFP9wZJj\ntVGnY/2QO7xqJQ8Lvwcm4SXDv61GCW7pzjhtl5rKhf4S1W+39ggK90wQt3yZwqz8\nfltisiVj0tS2CC7qxGYPhr4ePZZLGcbb+kRouW1+uXtN/00GL+355lnEkcItQoK+\nZ7TQKKuD86iWz1eQ/YH2vbGoCpSzmTW86LF88wNOsqaWGZmrfxI8ko+SsEaA/tr4\nN2zg5fcot9iq+QDZbhybms35Uabgiyl/rustTEbYQ8wppfC5xtAvzSwgcQwGesR/\nzMAkP7F4qiJ7Iu7K17JfbSBVcF0iYac78z3+yEJFSouWrwQKUMh/MKyepasAvtCK\n7Jo4bsreD8lmCz6l5GX6RMXgf3QDl6Jnt/G2XwhoUBoB0U0ggSrpIiCGKaysmghV\n8weDAa5iOP1S4dYsHry4AQKCAQEA6Z/CCt1TbybKS5efFydXEDstjzJLqRHdef8H\nxLM/cOj4ZTm36rtXwaK77RNUUlMkyoZZubr7LcHm7g5gSz4LMzlVJhxPWKfv7rK+\nhBvPxWH9BfBY0ejCSs3Y+JnokqGvva1lP4vIU+u5LrEA1cfsqr5P0c0+JqNxAZyQ\n0N5LTl+L6sEk/OwB6ZMFP+7y8SaNsluWEvcHOkvntSHI+FJWSSZYYyDMi9ExARVd\n2TqmPgYx571i8h3WhJ9YEbbARM324FGFY8wbBOvq8lT3DxGn44xYmTaRwaSwZ5RJ\n2wiukHhje3219/F9smGiBO7vUkL1Jg7sZ5Y/A/vuUxiUkwhrQQKCAQEA2RWPQ6sT\nGI9lqDirNNEyVzCzmYYSw/FovCEn5clozJdC64QVMRpl8pBCuGyTwzPNW+f9nlcF\niPJpRD4Pz32t5s1FfvPXBEMuiHYRhuXpXFM2AGsvxcndf27h7p4YFXq/hBzoi7FG\nZxG09VjQHStWnpxPWddtBUCETYJCy27iPiwwMYZPOhw06BXPiIidmaVem3dlSCl4\nJI435Z3ro8IiaFd9OuEizAevKpYodKTwcQ6bsNaLWHhJFbASAopYchuhjYI74Z0c\ncA6gnS8G4jf+g2AsPuj+rtCIz57sQZK0FWD4nOMmbu2D8C6X7rgeOfS7AKfA9VqY\nluQN9XIROEUyoQKCAQEAnIzdboJZQoZv0K/Nf6pxAQNmyCof4S+DhhiLkBe9T2AN\n82b2A2l+qNbvrzHgsznb0Yqt3XOalVL1+FfR1xnAT5b/pAYcdYAzm3RTjhtE4zOC\nZdRk8GRUreO6nPwliPyn0ya6ThbRKssu0Eb0FE1gHhphSmmKWEH1m+rab9xGAkKs\nc6bxrjpIHcjTH8BzM31uPjJ5IkQ+p6Xtosb88Mnb4DC90c9MwfRwLhWvSb2vYKiu\nEGgsQaoU8dIFJfmcZX7PDAoUpIdFI8sjKTgeRg7Cvgxx4lla2rQNMZuA0jHDKDRE\nFaBrq7Y7UKlz9HJYFHuh4trlN5TKrVTIow45oT1nAQKCAQAd6Fd9hiMyXgcuXuhP\ndYbO9lm4C/2n2ymHybWadd4nWauRkPfudOmYuoFGsUbGPOvM/rA1UV3k2Sjhiv9Y\nocMEqkEp1WRJJQxTJpkRkblNy/UDp8DEKiSG+vrLiiJdSzT5eZYcMMc3Sfw5VQwP\nCLp9TaGtCf3uHE5d81VKe7NVx3a4S/28TsiHNQILmG7GDT90gcWFZJk1yBYxX0lo\nnUVqRKtvIjdODrz2TAu0zkiF+vI+McCu5puDDmfcy7yVs/LU8R1Y3vFdCtbb8O+s\n2PQKm4RdAnKcGQTQPd/kxNZkn6CA1Nalr7lerLyn2dvoNixRUctGwj2FhFPb/eQb\ncYUhAoIBABRJ1FAQ9qoxlRJ/oMgsQsILQlfDZtgfN2sbpozQrXCyj47WEOkhm3fJ\nEvXsrhjuqr7wWApz6qO/EaX1QGR7JP288Q8rYloZlR1u8+JXcwk4jfat274038OU\nqbMPz82CH0jD27tXi/sxG1qYADOTkb5lH6Qq1Y/zwduAOoiPy8C4t3cKVGbmoTMf\nVEVbJBVIQJ6QpRFgbDJ4uHHze17c+k5fr0WhCJpNnulYCaLIMglmDIkwqVtVN5S9\nKLa2OgFphVctakQdq16iyIFCm/eAeJjJ6EOulEcyh51ClpR0tkrpTkDltbtKTpA1\n8Cnc/KlKhNsTjbs9mEpfbRQkCx/x9Gs=\n-----END PRIVATE KEY-----\n",
            "public_key_fingerprint_md5": "bf:32:3b:1a:44:a6:bf:c3:03:29:2f:d3:1b:53:2d:d5",
            "public_key_fingerprint_sha256": "SHA256:+rnbZKU15Cxw9LOIPOWCmyF7xHRPvxmA6L3qd4OTvl0",
            "public_key_openssh": "ssh-rsa AAAAB3NzaC1yc2EAAAADAQABAAACAQDGHBhUHtLfbAduiz7j/4suRunN7tvhPJN5aur+LL8SdamhhzNYSaKyfx57bPyKVBjWChULgs2TpPE++Tj6lJrkaYRb/PI8Lf+g15DEo6AsO3M2tb+B6TQvtUCRw0SUgsvZ2NEU5T3ddst6nvtnqhtfyX8sZOqEE0YuECKgaUt3RoOUiuedCALeH8+jlE3Wu58ljWQwoeMKlQBGeYXWQHoUVMcQq6jEnI3W3GGoWPzS8jOdjzIJdQarpReyaI2DdxxeYeK6L01S0c/rZYb++ac0nHZn5obykt5pwiuUXoOtI0NFMqOgcdYgYlaBEEdOd4gSWI2RzDlIK+iqS8vZC9oaMj4XICinvxgH9/70RkGoRZe49g0fbOXTVMXJxk5nYV9nEDiDoGuUYhJTmg95n+EyHwNQ7Y18xRj1ru4T8N6CDG44hGeoE5YH0P8VYh7FFrFLUq5hr2XAJ+fObSvLm8Vd3gsmJLqsvP+kv1KKWpAows9YjpZ7V8WkAtl1GoRkA2YDHyEycIyF6ChOk2ctHcxkEZhPqvXake3lIgc+xJ81FhGIqXQ2jgsbovlMarE9L+MVdnnnAJm+IurnSiIyctQbbFdAZi8pufafxYmKyHCnEVUjmlbKaH9S3t2axUfNOJ4euxfi8qtXU2TBtVb3zWITpLqMXkyAq3+yzAQ0PcMl4Q==\n",
            "public_key_pem": "-----BEGIN PUBLIC KEY-----\nMIICIjANBgkqhkiG9w0BAQEFAAOCAg8AMIICCgKCAgEAxhwYVB7S32wHbos+4/+L\nLkbpze7b4TyTeWrq/iy/EnWpoYczWEmisn8ee2z8ilQY1goVC4LNk6TxPvk4+pSa\n5GmEW/zyPC3/oNeQxKOgLDtzNrW/gek0L7VAkcNElILL2djRFOU93XbLep77Z6ob\nX8l/LGTqhBNGLhAioGlLd0aDlIrnnQgC3h/Po5RN1rufJY1kMKHjCpUARnmF1kB6\nFFTHEKuoxJyN1txhqFj80vIznY8yCXUGq6UXsmiNg3ccXmHiui9NUtHP62WG/vmn\nNJx2Z+aG8pLeacIrlF6DrSNDRTKjoHHWIGJWgRBHTneIEliNkcw5SCvoqkvL2Qva\nGjI+FyAop78YB/f+9EZBqEWXuPYNH2zl01TFycZOZ2FfZxA4g6BrlGISU5oPeZ/h\nMh8DUO2NfMUY9a7uE/DeggxuOIRnqBOWB9D/FWIexRaxS1KuYa9lwCfnzm0ry5vF\nXd4LJiS6rLz/pL9SilqQKMLPWI6We1fFpALZdRqEZANmAx8hMnCMhegoTpNnLR3M\nZBGYT6r12pHt5SIHPsSfNRYRiKl0No4LG6L5TGqxPS/jFXZ55wCZviLq50oiMnLU\nG2xXQGYvKbn2n8WJishwpxFVI5pWymh/Ut7dmsVHzTieHrsX4vKrV1NkwbVW981i\nE6S6jF5MgKt/sswEND3DJeECAwEAAQ==\n-----END PUBLIC KEY-----\n",
            "rsa_bits": 4096
          },
          "sensitive_attributes": [
            [
              {
                "type": "get_attr",
                "value": "private_key_openssh"
              }
            ],
            [
              {
                "type": "get_attr",
                "value": "private_key_pem"
              }
            ],
            [
              {
                "type": "get_attr",
                "value": "private_key_pem_pkcs8"
              }
            ]
          ],
          "identity_schema_version": 0
        }
      ]
    }
  ],
  "check_results": null
}
